{"format_version":"1.2","terraform_version":"1.10.5","variables":{"aws_account_id":{"value":"881490090314"},"aws_region":{"value":"us-east-1"},"project_name":{"value":"astro"},"tags":{"value":{"Environment":"dev","Owner":"ariff.azman","Project":"astro","Terraform":"true"}},"zone_name":{"value":"astro.opariffazman.com"}},"planned_values":{"outputs":{"private_subnets":{"sensitive":false},"public_subnets":{"sensitive":false},"route53_nameservers":{"sensitive":false},"vpc_id":{"sensitive":false}},"root_module":{"resources":[{"address":"aws_cloudwatch_metric_alarm.cpu_alarm","mode":"managed","type":"aws_cloudwatch_metric_alarm","name":"cpu_alarm","provider_name":"registry.terraform.io/hashicorp/aws","schema_version":1,"values":{"actions_enabled":true,"alarm_description":"This metric monitors EC2 CPU utilization","alarm_name":"astro-high-cpu","comparison_operator":"GreaterThanThreshold","datapoints_to_alarm":null,"evaluation_periods":2,"extended_statistic":null,"insufficient_data_actions":null,"metric_name":"CPUUtilization","metric_query":[],"namespace":"AWS/EC2","ok_actions":null,"period":300,"statistic":"Average","tags":null,"threshold":80,"threshold_metric_id":null,"treat_missing_data":"missing","unit":null},"sensitive_values":{"alarm_actions":[],"dimensions":{},"metric_query":[],"tags_all":{}}},{"address":"aws_sns_topic.sns","mode":"managed","type":"aws_sns_topic","name":"sns","provider_name":"registry.terraform.io/hashicorp/aws","schema_version":0,"values":{"application_failure_feedback_role_arn":null,"application_success_feedback_role_arn":null,"application_success_feedback_sample_rate":null,"archive_policy":null,"content_based_deduplication":false,"delivery_policy":null,"display_name":null,"fifo_topic":false,"firehose_failure_feedback_role_arn":null,"firehose_success_feedback_role_arn":null,"firehose_success_feedback_sample_rate":null,"http_failure_feedback_role_arn":null,"http_success_feedback_role_arn":null,"http_success_feedback_sample_rate":null,"kms_master_key_id":null,"lambda_failure_feedback_role_arn":null,"lambda_success_feedback_role_arn":null,"lambda_success_feedback_sample_rate":null,"name":"astro-sns-topic","sqs_failure_feedback_role_arn":null,"sqs_success_feedback_role_arn":null,"sqs_success_feedback_sample_rate":null,"tags":null},"sensitive_values":{"tags_all":{}}},{"address":"helm_release.calico","mode":"managed","type":"helm_release","name":"calico","provider_name":"registry.terraform.io/hashicorp/helm","schema_version":1,"values":{"atomic":false,"chart":"calico","cleanup_on_fail":false,"create_namespace":false,"dependency_update":false,"description":null,"devel":null,"disable_crd_hooks":false,"disable_openapi_validation":false,"disable_webhooks":false,"force_update":false,"keyring":null,"lint":false,"max_history":0,"name":"calico","namespace":"kube-system","pass_credentials":false,"postrender":[],"recreate_pods":false,"render_subchart_notes":true,"replace":false,"repository":"https://docs.projectcalico.org/charts","repository_ca_file":null,"repository_cert_file":null,"repository_key_file":null,"repository_password":null,"repository_username":null,"reset_values":false,"reuse_values":false,"set":[],"set_list":[],"set_sensitive":[],"skip_crds":false,"status":"deployed","timeout":300,"upgrade_install":null,"values":["{\"installation\":{\"kubernetesProvider\":\"EKS\"}}"],"verify":false,"wait":true,"wait_for_jobs":false},"sensitive_values":{"metadata":[],"postrender":[],"repository_password":true,"set":[],"set_list":[],"set_sensitive":[],"values":[false]}}],"child_modules":[{"resources":[{"address":"module.app_alb.aws_lb.this[0]","mode":"managed","type":"aws_lb","name":"this","index":0,"provider_name":"registry.terraform.io/hashicorp/aws","schema_version":0,"values":{"access_logs":[],"client_keep_alive":3600,"connection_logs":[],"customer_owned_ipv4_pool":null,"desync_mitigation_mode":"defensive","dns_record_client_routing_policy":null,"drop_invalid_header_fields":true,"enable_cross_zone_load_balancing":null,"enable_deletion_protection":false,"enable_http2":true,"enable_tls_version_and_cipher_suite_headers":false,"enable_waf_fail_open":false,"enable_xff_client_port":false,"enable_zonal_shift":null,"idle_timeout":60,"load_balancer_type":"application","name":"astro-app-alb","preserve_host_header":false,"tags":{"Environment":"dev","Owner":"ariff.azman","Project":"astro","Terraform":"true","terraform-aws-modules":"alb"},"tags_all":{"Environment":"dev","Owner":"ariff.azman","Project":"astro","Terraform":"true","terraform-aws-modules":"alb"},"timeouts":{"create":null,"delete":null,"update":null},"xff_header_processing_mode":"append"},"sensitive_values":{"access_logs":[],"connection_logs":[],"security_groups":[],"subnet_mapping":[],"subnets":[],"tags":{},"tags_all":{},"timeouts":{}}},{"address":"module.app_alb.aws_lb_target_group.this[\"app-asg\"]","mode":"managed","type":"aws_lb_target_group","name":"this","index":"app-asg","provider_name":"registry.terraform.io/hashicorp/aws","schema_version":0,"values":{"deregistration_delay":"300","health_check":[{"enabled":true,"healthy_threshold":3,"interval":30,"path":"/health","port":"traffic-port","protocol":"HTTP","timeout":6,"unhealthy_threshold":3}],"lambda_multi_value_headers_enabled":false,"name":"astro-app-tg","port":80,"protocol":"HTTP","proxy_protocol_v2":false,"slow_start":0,"tags":{"Environment":"dev","Owner":"ariff.azman","Project":"astro","Terraform":"true","terraform-aws-modules":"alb"},"tags_all":{"Environment":"dev","Owner":"ariff.azman","Project":"astro","Terraform":"true","terraform-aws-modules":"alb"},"target_type":"instance"},"sensitive_values":{"health_check":[{}],"load_balancer_arns":[],"stickiness":[],"tags":{},"tags_all":{},"target_failover":[],"target_group_health":[],"target_health_state":[]}},{"address":"module.app_alb.aws_security_group.this[0]","mode":"managed","type":"aws_security_group","name":"this","index":0,"provider_name":"registry.terraform.io/hashicorp/aws","schema_version":1,"values":{"description":"Security group for astro-app-alb application load balancer","name_prefix":"astro-app-alb-","revoke_rules_on_delete":false,"tags":{"Environment":"dev","Owner":"ariff.azman","Project":"astro","Terraform":"true","terraform-aws-modules":"alb"},"tags_all":{"Environment":"dev","Owner":"ariff.azman","Project":"astro","Terraform":"true","terraform-aws-modules":"alb"},"timeouts":null},"sensitive_values":{"egress":[],"ingress":[],"tags":{},"tags_all":{}}}],"address":"module.app_alb"},{"resources":[{"address":"module.app_asg.aws_autoscaling_group.this[0]","mode":"managed","type":"aws_autoscaling_group","name":"this","index":0,"provider_name":"registry.terraform.io/hashicorp/aws","schema_version":1,"values":{"capacity_rebalance":null,"context":null,"default_instance_warmup":null,"desired_capacity":1,"desired_capacity_type":null,"enabled_metrics":null,"force_delete":false,"force_delete_warm_pool":false,"health_check_grace_period":300,"health_check_type":"ELB","ignore_failed_scaling_activities":false,"initial_lifecycle_hook":[],"instance_maintenance_policy":[],"instance_refresh":[{"preferences":[{"alarm_specification":[],"auto_rollback":null,"checkpoint_delay":null,"checkpoint_percentages":null,"instance_warmup":null,"max_healthy_percentage":100,"min_healthy_percentage":50,"scale_in_protected_instances":"Ignore","skip_matching":false,"standby_instances":"Ignore"}],"strategy":"Rolling","triggers":null}],"launch_configuration":null,"launch_template":[{}],"max_instance_lifetime":null,"max_size":1,"metrics_granularity":"1Minute","min_elb_capacity":null,"min_size":0,"name_prefix":"astro-app-asg-","placement_group":null,"protect_from_scale_in":false,"suspended_processes":null,"tag":[{"key":"Environment","propagate_at_launch":true,"value":"dev"},{"key":"Name","propagate_at_launch":true,"value":"astro-app-asg"},{"key":"Owner","propagate_at_launch":true,"value":"ariff.azman"},{"key":"Project","propagate_at_launch":true,"value":"astro"},{"key":"Terraform","propagate_at_launch":true,"value":"true"}],"termination_policies":[],"timeouts":{"delete":null,"update":null},"wait_for_capacity_timeout":"0","wait_for_elb_capacity":null,"warm_pool":[]},"sensitive_values":{"availability_zone_distribution":[],"availability_zones":[],"initial_lifecycle_hook":[],"instance_maintenance_policy":[],"instance_refresh":[{"preferences":[{"alarm_specification":[]}]}],"launch_template":[{}],"load_balancers":[],"mixed_instances_policy":[],"tag":[{},{},{},{},{}],"target_group_arns":[],"termination_policies":[],"timeouts":{},"traffic_source":[],"vpc_zone_identifier":[],"warm_pool":[]}},{"address":"module.app_asg.aws_autoscaling_traffic_source_attachment.this[\"app-alb\"]","mode":"managed","type":"aws_autoscaling_traffic_source_attachment","name":"this","index":"app-alb","provider_name":"registry.terraform.io/hashicorp/aws","schema_version":0,"values":{"timeouts":null,"traffic_source":[{"type":"elbv2"}]},"sensitive_values":{"traffic_source":[{}]}},{"address":"module.app_asg.aws_launch_template.this[0]","mode":"managed","type":"aws_launch_template","name":"this","index":0,"provider_name":"registry.terraform.io/hashicorp/aws","schema_version":0,"values":{"block_device_mappings":[],"capacity_reservation_specification":[],"cpu_options":[],"credit_specification":[],"description":null,"disable_api_stop":null,"disable_api_termination":null,"ebs_optimized":null,"elastic_gpu_specifications":[],"elastic_inference_accelerator":[],"enclave_options":[],"hibernation_options":[],"iam_instance_profile":[],"image_id":"ami-0f9575d3d509bae0c","instance_initiated_shutdown_behavior":null,"instance_market_options":[],"instance_requirements":[],"instance_type":"t2.micro","kernel_id":null,"key_name":null,"license_specification":[],"maintenance_options":[],"monitoring":[{"enabled":true}],"name_prefix":"astro-app-launch-template-","network_interfaces":[],"placement":[],"private_dns_name_options":[],"ram_disk_id":null,"security_group_names":null,"tag_specifications":[],"tags":{"Environment":"dev","Owner":"ariff.azman","Project":"astro","Terraform":"true"},"tags_all":{"Environment":"dev","Owner":"ariff.azman","Project":"astro","Terraform":"true"},"update_default_version":null,"user_data":"IyEvYmluL2Jhc2gKYXB0LWdldCB1cGRhdGUKYXB0LWdldCBpbnN0YWxsIC15IG5naW54IGRvY2tlci5pbyBhd3Nsb2dzCgojIENvbmZpZ3VyZSBDbG91ZFdhdGNoIExvZ3MKY2F0ID4vZXRjL2F3c2xvZ3MvYXdzbG9ncy5jb25mIDw8RU9GCltnZW5lcmFsXQpzdGF0ZV9maWxlID0gL3Zhci9saWIvYXdzbG9ncy9hZ2VudC1zdGF0ZQoKWy92YXIvbG9nL3N5c2xvZ10KZmlsZSA9IC92YXIvbG9nL3N5c2xvZwpsb2dfZ3JvdXBfbmFtZSA9IC9lYzIvYXBwbGljYXRpb24vc3lzbG9nCmxvZ19zdHJlYW1fbmFtZSA9IHtpbnN0YW5jZV9pZH0KZGF0ZXRpbWVfZm9ybWF0ID0gJWIgJWQgJUg6JU06JVMKClsvdmFyL2xvZy9uZ2lueC9hY2Nlc3MubG9nXQpmaWxlID0gL3Zhci9sb2cvbmdpbngvYWNjZXNzLmxvZwpsb2dfZ3JvdXBfbmFtZSA9IC9lYzIvYXBwbGljYXRpb24vbmdpbngtYWNjZXNzCmxvZ19zdHJlYW1fbmFtZSA9IHtpbnN0YW5jZV9pZH0KZGF0ZXRpbWVfZm9ybWF0ID0gJWQvJWIvJVk6JUg6JU06JVMgJXoKRU9GCgpzeXN0ZW1jdGwgZW5hYmxlIGF3c2xvZ3NkLnNlcnZpY2UKc3lzdGVtY3RsIHN0YXJ0IGF3c2xvZ3NkCnN5c3RlbWN0bCBlbmFibGUgZG9ja2VyCnN5c3RlbWN0bCBzdGFydCBkb2NrZXIKCmRvY2tlciBwdWxsIG5naW54OmxhdGVzdApkb2NrZXIgcnVuIC1kIC1wIDgwODA6ODAgbmdpbng6bGF0ZXN0CgplY2hvICJPSyIgPi92YXIvd3d3L2h0bWwvaGVhbHRoLmh0bWwK","vpc_security_group_ids":null},"sensitive_values":{"block_device_mappings":[],"capacity_reservation_specification":[],"cpu_options":[],"credit_specification":[],"elastic_gpu_specifications":[],"elastic_inference_accelerator":[],"enclave_options":[],"hibernation_options":[],"iam_instance_profile":[],"instance_market_options":[],"instance_requirements":[],"license_specification":[],"maintenance_options":[],"metadata_options":[],"monitoring":[{}],"network_interfaces":[],"placement":[],"private_dns_name_options":[],"tag_specifications":[],"tags":{},"tags_all":{}}}],"address":"module.app_asg"},{"resources":[{"address":"module.app_iam_role.aws_iam_role.this[0]","mode":"managed","type":"aws_iam_role","name":"this","index":0,"provider_name":"registry.terraform.io/hashicorp/aws","schema_version":0,"values":{"assume_role_policy":"{\"Statement\":[{\"Action\":[\"sts:TagSession\",\"sts:AssumeRole\"],\"Condition\":{\"Bool\":{\"aws:MultiFactorAuthPresent\":\"true\"},\"NumericLessThan\":{\"aws:MultiFactorAuthAge\":\"86400\"}},\"Effect\":\"Allow\",\"Principal\":{\"AWS\":[],\"Service\":\"ec2.amazonaws.com\"}}],\"Version\":\"2012-10-17\"}","description":"","force_detach_policies":false,"max_session_duration":3600,"name":"astro-app-role","path":"/","permissions_boundary":"","tags":null},"sensitive_values":{"inline_policy":[],"managed_policy_arns":[],"tags_all":{}}},{"address":"module.app_iam_role.aws_iam_role_policy_attachment.custom[0]","mode":"managed","type":"aws_iam_role_policy_attachment","name":"custom","index":0,"provider_name":"registry.terraform.io/hashicorp/aws","schema_version":0,"values":{"policy_arn":"arn:aws:iam::aws:policy/AmazonRDSFullAccess","role":"astro-app-role"},"sensitive_values":{}},{"address":"module.app_iam_role.aws_iam_role_policy_attachment.custom[1]","mode":"managed","type":"aws_iam_role_policy_attachment","name":"custom","index":1,"provider_name":"registry.terraform.io/hashicorp/aws","schema_version":0,"values":{"policy_arn":"arn:aws:iam::aws:policy/CloudWatchFullAccess","role":"astro-app-role"},"sensitive_values":{}},{"address":"module.app_iam_role.aws_iam_role_policy_attachment.custom[2]","mode":"managed","type":"aws_iam_role_policy_attachment","name":"custom","index":2,"provider_name":"registry.terraform.io/hashicorp/aws","schema_version":0,"values":{"policy_arn":"arn:aws:iam::aws:policy/AmazonS3ReadOnlyAccess","role":"astro-app-role"},"sensitive_values":{}}],"address":"module.app_iam_role"},{"resources":[{"address":"module.app_security_group.aws_security_group.this_name_prefix[0]","mode":"managed","type":"aws_security_group","name":"this_name_prefix","index":0,"provider_name":"registry.terraform.io/hashicorp/aws","schema_version":1,"values":{"description":"Security group for application","name_prefix":"astro-app-sg-","revoke_rules_on_delete":false,"tags":{"Environment":"dev","Name":"astro-app-sg","Owner":"ariff.azman","Project":"astro","Terraform":"true"},"tags_all":{"Environment":"dev","Name":"astro-app-sg","Owner":"ariff.azman","Project":"astro","Terraform":"true"},"timeouts":{"create":"10m","delete":"15m"}},"sensitive_values":{"egress":[],"ingress":[],"tags":{},"tags_all":{},"timeouts":{}}},{"address":"module.app_security_group.aws_security_group_rule.egress_with_cidr_blocks[0]","mode":"managed","type":"aws_security_group_rule","name":"egress_with_cidr_blocks","index":0,"provider_name":"registry.terraform.io/hashicorp/aws","schema_version":2,"values":{"cidr_blocks":["0.0.0.0/0"],"description":"Egress Rule","from_port":0,"ipv6_cidr_blocks":null,"prefix_list_ids":null,"protocol":"-1","self":false,"timeouts":null,"to_port":0,"type":"egress"},"sensitive_values":{"cidr_blocks":[false]}},{"address":"module.app_security_group.aws_security_group_rule.ingress_with_source_security_group_id[0]","mode":"managed","type":"aws_security_group_rule","name":"ingress_with_source_security_group_id","index":0,"provider_name":"registry.terraform.io/hashicorp/aws","schema_version":2,"values":{"cidr_blocks":null,"description":"Application port","from_port":8080,"ipv6_cidr_blocks":null,"prefix_list_ids":[],"protocol":"tcp","self":false,"timeouts":null,"to_port":8080,"type":"ingress"},"sensitive_values":{"prefix_list_ids":[]}}],"address":"module.app_security_group"},{"resources":[{"address":"module.db_security_group.aws_security_group.this_name_prefix[0]","mode":"managed","type":"aws_security_group","name":"this_name_prefix","index":0,"provider_name":"registry.terraform.io/hashicorp/aws","schema_version":1,"values":{"description":"Security group for database","name_prefix":"astro-database-sg-","revoke_rules_on_delete":false,"tags":{"Environment":"dev","Name":"astro-database-sg","Owner":"ariff.azman","Project":"astro","Terraform":"true"},"tags_all":{"Environment":"dev","Name":"astro-database-sg","Owner":"ariff.azman","Project":"astro","Terraform":"true"},"timeouts":{"create":"10m","delete":"15m"}},"sensitive_values":{"egress":[],"ingress":[],"tags":{},"tags_all":{},"timeouts":{}}},{"address":"module.db_security_group.aws_security_group_rule.ingress_with_source_security_group_id[0]","mode":"managed","type":"aws_security_group_rule","name":"ingress_with_source_security_group_id","index":0,"provider_name":"registry.terraform.io/hashicorp/aws","schema_version":2,"values":{"cidr_blocks":null,"description":"MySQL","from_port":3306,"ipv6_cidr_blocks":null,"prefix_list_ids":[],"protocol":"tcp","self":false,"timeouts":null,"to_port":3306,"type":"ingress"},"sensitive_values":{"prefix_list_ids":[]}}],"address":"module.db_security_group"},{"resources":[{"address":"module.eks.aws_cloudwatch_log_group.this[0]","mode":"managed","type":"aws_cloudwatch_log_group","name":"this","index":0,"provider_name":"registry.terraform.io/hashicorp/aws","schema_version":0,"values":{"kms_key_id":null,"name":"/aws/eks/astro/cluster","retention_in_days":90,"skip_destroy":false,"tags":{"Name":"/aws/eks/astro/cluster"},"tags_all":{"Name":"/aws/eks/astro/cluster"}},"sensitive_values":{"tags":{},"tags_all":{}}},{"address":"module.eks.aws_eks_addon.before_compute[\"vpc-cni\"]","mode":"managed","type":"aws_eks_addon","name":"before_compute","index":"vpc-cni","provider_name":"registry.terraform.io/hashicorp/aws","schema_version":0,"values":{"addon_name":"vpc-cni","configuration_values":"{\"init\":{\"env\":{\"DISABLE_TCP_EARLY_DEMUX\":\"true\"}}}","pod_identity_association":[],"preserve":true,"resolve_conflicts":null,"resolve_conflicts_on_create":"OVERWRITE","resolve_conflicts_on_update":"OVERWRITE","service_account_role_arn":null,"tags":null,"timeouts":{"create":null,"delete":null,"update":null}},"sensitive_values":{"pod_identity_association":[],"tags_all":{},"timeouts":{}}},{"address":"module.eks.aws_eks_cluster.this[0]","mode":"managed","type":"aws_eks_cluster","name":"this","index":0,"provider_name":"registry.terraform.io/hashicorp/aws","schema_version":1,"values":{"access_config":[{"authentication_mode":"API_AND_CONFIG_MAP","bootstrap_cluster_creator_admin_permissions":false}],"bootstrap_self_managed_addons":true,"compute_config":[],"enabled_cluster_log_types":["api","audit","authenticator"],"encryption_config":[{"provider":[{}],"resources":["secrets"]}],"kubernetes_network_config":[{"ip_family":"ipv4"}],"name":"astro","outpost_config":[],"remote_network_config":[],"storage_config":[],"tags":{"terraform-aws-modules":"eks"},"tags_all":{"terraform-aws-modules":"eks"},"timeouts":{"create":null,"delete":null,"update":null},"version":"1.32","vpc_config":[{"endpoint_private_access":true,"endpoint_public_access":false,"public_access_cidrs":["0.0.0.0/0"]}],"zonal_shift_config":[]},"sensitive_values":{"access_config":[{}],"certificate_authority":[],"compute_config":[],"enabled_cluster_log_types":[false,false,false],"encryption_config":[{"provider":[{}],"resources":[false]}],"identity":[],"kubernetes_network_config":[{"elastic_load_balancing":[]}],"outpost_config":[],"remote_network_config":[],"storage_config":[],"tags":{},"tags_all":{},"timeouts":{},"upgrade_policy":[],"vpc_config":[{"public_access_cidrs":[false],"security_group_ids":[],"subnet_ids":[]}],"zonal_shift_config":[]}},{"address":"module.eks.aws_iam_openid_connect_provider.oidc_provider[0]","mode":"managed","type":"aws_iam_openid_connect_provider","name":"oidc_provider","index":0,"provider_name":"registry.terraform.io/hashicorp/aws","schema_version":0,"values":{"client_id_list":["sts.amazonaws.com"],"tags":{"Name":"astro-eks-irsa"},"tags_all":{"Name":"astro-eks-irsa"}},"sensitive_values":{"client_id_list":[false],"tags":{},"tags_all":{},"thumbprint_list":[]}},{"address":"module.eks.aws_iam_policy.cluster_encryption[0]","mode":"managed","type":"aws_iam_policy","name":"cluster_encryption","index":0,"provider_name":"registry.terraform.io/hashicorp/aws","schema_version":0,"values":{"description":"Cluster encryption policy to allow cluster role to utilize CMK provided","name_prefix":"astro-cluster-ClusterEncryption","path":"/","tags":null},"sensitive_values":{"tags_all":{}}},{"address":"module.eks.aws_iam_policy.custom[0]","mode":"managed","type":"aws_iam_policy","name":"custom","index":0,"provider_name":"registry.terraform.io/hashicorp/aws","schema_version":0,"values":{"description":null,"name_prefix":"astro-cluster-","path":"/","policy":"{\"Statement\":[{\"Action\":[\"ec2:RunInstances\",\"ec2:CreateLaunchTemplate\",\"ec2:CreateFleet\"],\"Condition\":{\"StringEquals\":{\"aws:RequestTag/eks:eks-cluster-name\":\"${aws:PrincipalTag/eks:eks-cluster-name}\"},\"StringLike\":{\"aws:RequestTag/eks:kubernetes-node-class-name\":\"*\",\"aws:RequestTag/eks:kubernetes-node-pool-name\":\"*\"}},\"Effect\":\"Allow\",\"Resource\":\"*\",\"Sid\":\"Compute\"},{\"Action\":[\"ec2:CreateVolume\",\"ec2:CreateSnapshot\"],\"Condition\":{\"StringEquals\":{\"aws:RequestTag/eks:eks-cluster-name\":\"${aws:PrincipalTag/eks:eks-cluster-name}\"}},\"Effect\":\"Allow\",\"Resource\":[\"arn:aws:ec2:*:*:volume/*\",\"arn:aws:ec2:*:*:snapshot/*\"],\"Sid\":\"Storage\"},{\"Action\":\"ec2:CreateNetworkInterface\",\"Condition\":{\"StringEquals\":{\"aws:RequestTag/eks:eks-cluster-name\":\"${aws:PrincipalTag/eks:eks-cluster-name}\",\"aws:RequestTag/eks:kubernetes-cni-node-name\":\"*\"}},\"Effect\":\"Allow\",\"Resource\":\"*\",\"Sid\":\"Networking\"},{\"Action\":[\"elasticloadbalancing:CreateTargetGroup\",\"elasticloadbalancing:CreateRule\",\"elasticloadbalancing:CreateLoadBalancer\",\"elasticloadbalancing:CreateListener\",\"ec2:CreateSecurityGroup\"],\"Condition\":{\"StringEquals\":{\"aws:RequestTag/eks:eks-cluster-name\":\"${aws:PrincipalTag/eks:eks-cluster-name}\"}},\"Effect\":\"Allow\",\"Resource\":\"*\",\"Sid\":\"LoadBalancer\"},{\"Action\":\"shield:CreateProtection\",\"Condition\":{\"StringEquals\":{\"aws:RequestTag/eks:eks-cluster-name\":\"${aws:PrincipalTag/eks:eks-cluster-name}\"}},\"Effect\":\"Allow\",\"Resource\":\"*\",\"Sid\":\"ShieldProtection\"},{\"Action\":\"shield:TagResource\",\"Condition\":{\"StringEquals\":{\"aws:RequestTag/eks:eks-cluster-name\":\"${aws:PrincipalTag/eks:eks-cluster-name}\"}},\"Effect\":\"Allow\",\"Resource\":\"arn:aws:shield::*:protection/*\",\"Sid\":\"ShieldTagResource\"}],\"Version\":\"2012-10-17\"}","tags":null},"sensitive_values":{"tags_all":{}}},{"address":"module.eks.aws_iam_role.this[0]","mode":"managed","type":"aws_iam_role","name":"this","index":0,"provider_name":"registry.terraform.io/hashicorp/aws","schema_version":0,"values":{"assume_role_policy":"{\"Statement\":[{\"Action\":[\"sts:TagSession\",\"sts:AssumeRole\"],\"Effect\":\"Allow\",\"Principal\":{\"Service\":\"eks.amazonaws.com\"},\"Sid\":\"EKSClusterAssumeRole\"}],\"Version\":\"2012-10-17\"}","description":null,"force_detach_policies":true,"max_session_duration":3600,"name_prefix":"astro-cluster-","path":"/","permissions_boundary":null,"tags":null},"sensitive_values":{"inline_policy":[],"managed_policy_arns":[],"tags_all":{}}},{"address":"module.eks.aws_iam_role_policy_attachment.cluster_encryption[0]","mode":"managed","type":"aws_iam_role_policy_attachment","name":"cluster_encryption","index":0,"provider_name":"registry.terraform.io/hashicorp/aws","schema_version":0,"sensitive_values":{}},{"address":"module.eks.aws_iam_role_policy_attachment.custom[0]","mode":"managed","type":"aws_iam_role_policy_attachment","name":"custom","index":0,"provider_name":"registry.terraform.io/hashicorp/aws","schema_version":0,"sensitive_values":{}},{"address":"module.eks.aws_iam_role_policy_attachment.this[\"AmazonEKSClusterPolicy\"]","mode":"managed","type":"aws_iam_role_policy_attachment","name":"this","index":"AmazonEKSClusterPolicy","provider_name":"registry.terraform.io/hashicorp/aws","schema_version":0,"values":{"policy_arn":"arn:aws:iam::aws:policy/AmazonEKSClusterPolicy"},"sensitive_values":{}},{"address":"module.eks.aws_iam_role_policy_attachment.this[\"AmazonEKSVPCResourceController\"]","mode":"managed","type":"aws_iam_role_policy_attachment","name":"this","index":"AmazonEKSVPCResourceController","provider_name":"registry.terraform.io/hashicorp/aws","schema_version":0,"values":{"policy_arn":"arn:aws:iam::aws:policy/AmazonEKSVPCResourceController"},"sensitive_values":{}},{"address":"module.eks.aws_security_group.cluster[0]","mode":"managed","type":"aws_security_group","name":"cluster","index":0,"provider_name":"registry.terraform.io/hashicorp/aws","schema_version":1,"values":{"description":"EKS cluster security group","name_prefix":"astro-cluster-","revoke_rules_on_delete":false,"tags":{"Name":"astro-cluster"},"tags_all":{"Name":"astro-cluster"},"timeouts":null},"sensitive_values":{"egress":[],"ingress":[],"tags":{},"tags_all":{}}},{"address":"module.eks.aws_security_group.node[0]","mode":"managed","type":"aws_security_group","name":"node","index":0,"provider_name":"registry.terraform.io/hashicorp/aws","schema_version":1,"values":{"description":"EKS node shared security group","name_prefix":"astro-node-","revoke_rules_on_delete":false,"tags":{"Name":"astro-node","kubernetes.io/cluster/astro":"owned"},"tags_all":{"Name":"astro-node","kubernetes.io/cluster/astro":"owned"},"timeouts":null},"sensitive_values":{"egress":[],"ingress":[],"tags":{},"tags_all":{}}},{"address":"module.eks.aws_security_group_rule.cluster[\"ingress_nodes_443\"]","mode":"managed","type":"aws_security_group_rule","name":"cluster","index":"ingress_nodes_443","provider_name":"registry.terraform.io/hashicorp/aws","schema_version":2,"values":{"cidr_blocks":null,"description":"Node groups to cluster API","from_port":443,"ipv6_cidr_blocks":null,"prefix_list_ids":null,"protocol":"tcp","self":false,"timeouts":null,"to_port":443,"type":"ingress"},"sensitive_values":{}},{"address":"module.eks.aws_security_group_rule.node[\"egress_all\"]","mode":"managed","type":"aws_security_group_rule","name":"node","index":"egress_all","provider_name":"registry.terraform.io/hashicorp/aws","schema_version":2,"values":{"cidr_blocks":["0.0.0.0/0"],"description":"Allow all egress","from_port":0,"ipv6_cidr_blocks":null,"prefix_list_ids":[],"protocol":"-1","self":false,"timeouts":null,"to_port":0,"type":"egress"},"sensitive_values":{"cidr_blocks":[false],"prefix_list_ids":[]}},{"address":"module.eks.aws_security_group_rule.node[\"ingress_cluster_443\"]","mode":"managed","type":"aws_security_group_rule","name":"node","index":"ingress_cluster_443","provider_name":"registry.terraform.io/hashicorp/aws","schema_version":2,"values":{"cidr_blocks":null,"description":"Cluster API to node groups","from_port":443,"ipv6_cidr_blocks":null,"prefix_list_ids":[],"protocol":"tcp","self":false,"timeouts":null,"to_port":443,"type":"ingress"},"sensitive_values":{"prefix_list_ids":[]}},{"address":"module.eks.aws_security_group_rule.node[\"ingress_cluster_4443_webhook\"]","mode":"managed","type":"aws_security_group_rule","name":"node","index":"ingress_cluster_4443_webhook","provider_name":"registry.terraform.io/hashicorp/aws","schema_version":2,"values":{"cidr_blocks":null,"description":"Cluster API to node 4443/tcp webhook","from_port":4443,"ipv6_cidr_blocks":null,"prefix_list_ids":[],"protocol":"tcp","self":false,"timeouts":null,"to_port":4443,"type":"ingress"},"sensitive_values":{"prefix_list_ids":[]}},{"address":"module.eks.aws_security_group_rule.node[\"ingress_cluster_6443_webhook\"]","mode":"managed","type":"aws_security_group_rule","name":"node","index":"ingress_cluster_6443_webhook","provider_name":"registry.terraform.io/hashicorp/aws","schema_version":2,"values":{"cidr_blocks":null,"description":"Cluster API to node 6443/tcp webhook","from_port":6443,"ipv6_cidr_blocks":null,"prefix_list_ids":[],"protocol":"tcp","self":false,"timeouts":null,"to_port":6443,"type":"ingress"},"sensitive_values":{"prefix_list_ids":[]}},{"address":"module.eks.aws_security_group_rule.node[\"ingress_cluster_8443_webhook\"]","mode":"managed","type":"aws_security_group_rule","name":"node","index":"ingress_cluster_8443_webhook","provider_name":"registry.terraform.io/hashicorp/aws","schema_version":2,"values":{"cidr_blocks":null,"description":"Cluster API to node 8443/tcp webhook","from_port":8443,"ipv6_cidr_blocks":null,"prefix_list_ids":[],"protocol":"tcp","self":false,"timeouts":null,"to_port":8443,"type":"ingress"},"sensitive_values":{"prefix_list_ids":[]}},{"address":"module.eks.aws_security_group_rule.node[\"ingress_cluster_9443_webhook\"]","mode":"managed","type":"aws_security_group_rule","name":"node","index":"ingress_cluster_9443_webhook","provider_name":"registry.terraform.io/hashicorp/aws","schema_version":2,"values":{"cidr_blocks":null,"description":"Cluster API to node 9443/tcp webhook","from_port":9443,"ipv6_cidr_blocks":null,"prefix_list_ids":[],"protocol":"tcp","self":false,"timeouts":null,"to_port":9443,"type":"ingress"},"sensitive_values":{"prefix_list_ids":[]}},{"address":"module.eks.aws_security_group_rule.node[\"ingress_cluster_kubelet\"]","mode":"managed","type":"aws_security_group_rule","name":"node","index":"ingress_cluster_kubelet","provider_name":"registry.terraform.io/hashicorp/aws","schema_version":2,"values":{"cidr_blocks":null,"description":"Cluster API to node kubelets","from_port":10250,"ipv6_cidr_blocks":null,"prefix_list_ids":[],"protocol":"tcp","self":false,"timeouts":null,"to_port":10250,"type":"ingress"},"sensitive_values":{"prefix_list_ids":[]}},{"address":"module.eks.aws_security_group_rule.node[\"ingress_nodes_ephemeral\"]","mode":"managed","type":"aws_security_group_rule","name":"node","index":"ingress_nodes_ephemeral","provider_name":"registry.terraform.io/hashicorp/aws","schema_version":2,"values":{"cidr_blocks":null,"description":"Node to node ingress on ephemeral ports","from_port":1025,"ipv6_cidr_blocks":null,"prefix_list_ids":[],"protocol":"tcp","self":true,"timeouts":null,"to_port":65535,"type":"ingress"},"sensitive_values":{"prefix_list_ids":[]}},{"address":"module.eks.aws_security_group_rule.node[\"ingress_self_coredns_tcp\"]","mode":"managed","type":"aws_security_group_rule","name":"node","index":"ingress_self_coredns_tcp","provider_name":"registry.terraform.io/hashicorp/aws","schema_version":2,"values":{"cidr_blocks":null,"description":"Node to node CoreDNS","from_port":53,"ipv6_cidr_blocks":null,"prefix_list_ids":[],"protocol":"tcp","self":true,"timeouts":null,"to_port":53,"type":"ingress"},"sensitive_values":{"prefix_list_ids":[]}},{"address":"module.eks.aws_security_group_rule.node[\"ingress_self_coredns_udp\"]","mode":"managed","type":"aws_security_group_rule","name":"node","index":"ingress_self_coredns_udp","provider_name":"registry.terraform.io/hashicorp/aws","schema_version":2,"values":{"cidr_blocks":null,"description":"Node to node CoreDNS UDP","from_port":53,"ipv6_cidr_blocks":null,"prefix_list_ids":[],"protocol":"udp","self":true,"timeouts":null,"to_port":53,"type":"ingress"},"sensitive_values":{"prefix_list_ids":[]}},{"address":"module.eks.data.aws_eks_addon_version.this[\"vpc-cni\"]","mode":"data","type":"aws_eks_addon_version","name":"this","index":"vpc-cni","provider_name":"registry.terraform.io/hashicorp/aws","schema_version":0,"values":{"addon_name":"vpc-cni","kubernetes_version":"1.32","most_recent":true},"sensitive_values":{}},{"address":"module.eks.data.tls_certificate.this[0]","mode":"data","type":"tls_certificate","name":"this","index":0,"provider_name":"registry.terraform.io/hashicorp/tls","schema_version":0,"values":{"content":null,"verify_chain":null},"sensitive_values":{"certificates":[]}},{"address":"module.eks.time_sleep.this[0]","mode":"managed","type":"time_sleep","name":"this","index":0,"provider_name":"registry.terraform.io/hashicorp/time","schema_version":0,"values":{"create_duration":"30s","destroy_duration":null,"triggers":{"cluster_version":"1.32"}},"sensitive_values":{"triggers":{}}}],"address":"module.eks","child_modules":[{"resources":[{"address":"module.eks.module.eks_managed_node_group[\"spot\"].aws_eks_node_group.this[0]","mode":"managed","type":"aws_eks_node_group","name":"this","index":0,"provider_name":"registry.terraform.io/hashicorp/aws","schema_version":0,"values":{"capacity_type":"SPOT","force_update_version":null,"instance_types":["t2.micro"],"labels":null,"launch_template":[{}],"node_group_name_prefix":"astro-spot-","remote_access":[],"scaling_config":[{"desired_size":1,"max_size":2,"min_size":1}],"tags":{"Name":"astro-spot"},"tags_all":{"Name":"astro-spot"},"taint":[],"timeouts":{"create":null,"delete":null,"update":null},"update_config":[{"max_unavailable":null,"max_unavailable_percentage":33}],"version":"1.32"},"sensitive_values":{"instance_types":[false],"launch_template":[{}],"node_repair_config":[],"remote_access":[],"resources":[],"scaling_config":[{}],"subnet_ids":[],"tags":{},"tags_all":{},"taint":[],"timeouts":{},"update_config":[{}]}},{"address":"module.eks.module.eks_managed_node_group[\"spot\"].aws_iam_role.this[0]","mode":"managed","type":"aws_iam_role","name":"this","index":0,"provider_name":"registry.terraform.io/hashicorp/aws","schema_version":0,"values":{"assume_role_policy":"{\"Statement\":[{\"Action\":\"sts:AssumeRole\",\"Effect\":\"Allow\",\"Principal\":{\"Service\":\"ec2.amazonaws.com\"},\"Sid\":\"EKSNodeAssumeRole\"}],\"Version\":\"2012-10-17\"}","description":"EKS managed node group IAM role","force_detach_policies":true,"max_session_duration":3600,"name_prefix":"astro-spot-eks-node-group-","path":"/","permissions_boundary":null,"tags":null},"sensitive_values":{"inline_policy":[],"managed_policy_arns":[],"tags_all":{}}},{"address":"module.eks.module.eks_managed_node_group[\"spot\"].aws_iam_role_policy_attachment.this[\"AmazonEC2ContainerRegistryReadOnly\"]","mode":"managed","type":"aws_iam_role_policy_attachment","name":"this","index":"AmazonEC2ContainerRegistryReadOnly","provider_name":"registry.terraform.io/hashicorp/aws","schema_version":0,"values":{"policy_arn":"arn:aws:iam::aws:policy/AmazonEC2ContainerRegistryReadOnly"},"sensitive_values":{}},{"address":"module.eks.module.eks_managed_node_group[\"spot\"].aws_iam_role_policy_attachment.this[\"AmazonEKSWorkerNodePolicy\"]","mode":"managed","type":"aws_iam_role_policy_attachment","name":"this","index":"AmazonEKSWorkerNodePolicy","provider_name":"registry.terraform.io/hashicorp/aws","schema_version":0,"values":{"policy_arn":"arn:aws:iam::aws:policy/AmazonEKSWorkerNodePolicy"},"sensitive_values":{}},{"address":"module.eks.module.eks_managed_node_group[\"spot\"].aws_iam_role_policy_attachment.this[\"AmazonEKS_CNI_Policy\"]","mode":"managed","type":"aws_iam_role_policy_attachment","name":"this","index":"AmazonEKS_CNI_Policy","provider_name":"registry.terraform.io/hashicorp/aws","schema_version":0,"values":{"policy_arn":"arn:aws:iam::aws:policy/AmazonEKS_CNI_Policy"},"sensitive_values":{}},{"address":"module.eks.module.eks_managed_node_group[\"spot\"].aws_launch_template.this[0]","mode":"managed","type":"aws_launch_template","name":"this","index":0,"provider_name":"registry.terraform.io/hashicorp/aws","schema_version":0,"values":{"block_device_mappings":[],"capacity_reservation_specification":[],"cpu_options":[],"credit_specification":[],"description":"Custom launch template for astro-spot EKS managed node group","disable_api_stop":null,"disable_api_termination":null,"ebs_optimized":null,"elastic_gpu_specifications":[],"elastic_inference_accelerator":[],"enclave_options":[],"hibernation_options":[],"iam_instance_profile":[],"image_id":"","instance_initiated_shutdown_behavior":null,"instance_market_options":[],"instance_requirements":[],"instance_type":null,"kernel_id":null,"key_name":null,"license_specification":[],"maintenance_options":[],"metadata_options":[{"http_endpoint":"enabled","http_put_response_hop_limit":2,"http_tokens":"required"}],"monitoring":[{"enabled":true}],"name_prefix":"spot-","network_interfaces":[],"placement":[],"private_dns_name_options":[],"ram_disk_id":null,"security_group_names":null,"tag_specifications":[{"resource_type":"instance","tags":{"Name":"astro-spot"}},{"resource_type":"network-interface","tags":{"Name":"astro-spot"}},{"resource_type":"volume","tags":{"Name":"astro-spot"}}],"tags":null,"update_default_version":true,"user_data":""},"sensitive_values":{"block_device_mappings":[],"capacity_reservation_specification":[],"cpu_options":[],"credit_specification":[],"elastic_gpu_specifications":[],"elastic_inference_accelerator":[],"enclave_options":[],"hibernation_options":[],"iam_instance_profile":[],"instance_market_options":[],"instance_requirements":[],"license_specification":[],"maintenance_options":[],"metadata_options":[{}],"monitoring":[{}],"network_interfaces":[],"placement":[],"private_dns_name_options":[],"tag_specifications":[{"tags":{}},{"tags":{}},{"tags":{}}],"tags_all":{},"vpc_security_group_ids":[]}}],"address":"module.eks.module.eks_managed_node_group[\"spot\"]","child_modules":[{"resources":[{"address":"module.eks.module.eks_managed_node_group[\"spot\"].module.user_data.null_resource.validate_cluster_service_cidr","mode":"managed","type":"null_resource","name":"validate_cluster_service_cidr","provider_name":"registry.terraform.io/hashicorp/null","schema_version":0,"values":{"triggers":null},"sensitive_values":{}}],"address":"module.eks.module.eks_managed_node_group[\"spot\"].module.user_data"}]},{"resources":[{"address":"module.eks.module.eks_managed_node_group[\"ondemand\"].aws_eks_node_group.this[0]","mode":"managed","type":"aws_eks_node_group","name":"this","index":0,"provider_name":"registry.terraform.io/hashicorp/aws","schema_version":0,"values":{"capacity_type":"ON_DEMAND","force_update_version":null,"instance_types":["t2.micro"],"labels":null,"launch_template":[{}],"node_group_name_prefix":"astro-ondemand-","remote_access":[],"scaling_config":[{"desired_size":1,"max_size":2,"min_size":1}],"tags":{"Name":"astro-ondemand"},"tags_all":{"Name":"astro-ondemand"},"taint":[],"timeouts":{"create":null,"delete":null,"update":null},"update_config":[{"max_unavailable":null,"max_unavailable_percentage":33}],"version":"1.32"},"sensitive_values":{"instance_types":[false],"launch_template":[{}],"node_repair_config":[],"remote_access":[],"resources":[],"scaling_config":[{}],"subnet_ids":[],"tags":{},"tags_all":{},"taint":[],"timeouts":{},"update_config":[{}]}},{"address":"module.eks.module.eks_managed_node_group[\"ondemand\"].aws_iam_role.this[0]","mode":"managed","type":"aws_iam_role","name":"this","index":0,"provider_name":"registry.terraform.io/hashicorp/aws","schema_version":0,"values":{"assume_role_policy":"{\"Statement\":[{\"Action\":\"sts:AssumeRole\",\"Effect\":\"Allow\",\"Principal\":{\"Service\":\"ec2.amazonaws.com\"},\"Sid\":\"EKSNodeAssumeRole\"}],\"Version\":\"2012-10-17\"}","description":"EKS managed node group IAM role","force_detach_policies":true,"max_session_duration":3600,"name_prefix":"astro-ondemand-eks-node-group-","path":"/","permissions_boundary":null,"tags":null},"sensitive_values":{"inline_policy":[],"managed_policy_arns":[],"tags_all":{}}},{"address":"module.eks.module.eks_managed_node_group[\"ondemand\"].aws_iam_role_policy_attachment.this[\"AmazonEC2ContainerRegistryReadOnly\"]","mode":"managed","type":"aws_iam_role_policy_attachment","name":"this","index":"AmazonEC2ContainerRegistryReadOnly","provider_name":"registry.terraform.io/hashicorp/aws","schema_version":0,"values":{"policy_arn":"arn:aws:iam::aws:policy/AmazonEC2ContainerRegistryReadOnly"},"sensitive_values":{}},{"address":"module.eks.module.eks_managed_node_group[\"ondemand\"].aws_iam_role_policy_attachment.this[\"AmazonEKSWorkerNodePolicy\"]","mode":"managed","type":"aws_iam_role_policy_attachment","name":"this","index":"AmazonEKSWorkerNodePolicy","provider_name":"registry.terraform.io/hashicorp/aws","schema_version":0,"values":{"policy_arn":"arn:aws:iam::aws:policy/AmazonEKSWorkerNodePolicy"},"sensitive_values":{}},{"address":"module.eks.module.eks_managed_node_group[\"ondemand\"].aws_iam_role_policy_attachment.this[\"AmazonEKS_CNI_Policy\"]","mode":"managed","type":"aws_iam_role_policy_attachment","name":"this","index":"AmazonEKS_CNI_Policy","provider_name":"registry.terraform.io/hashicorp/aws","schema_version":0,"values":{"policy_arn":"arn:aws:iam::aws:policy/AmazonEKS_CNI_Policy"},"sensitive_values":{}},{"address":"module.eks.module.eks_managed_node_group[\"ondemand\"].aws_launch_template.this[0]","mode":"managed","type":"aws_launch_template","name":"this","index":0,"provider_name":"registry.terraform.io/hashicorp/aws","schema_version":0,"values":{"block_device_mappings":[],"capacity_reservation_specification":[],"cpu_options":[],"credit_specification":[],"description":"Custom launch template for astro-ondemand EKS managed node group","disable_api_stop":null,"disable_api_termination":null,"ebs_optimized":null,"elastic_gpu_specifications":[],"elastic_inference_accelerator":[],"enclave_options":[],"hibernation_options":[],"iam_instance_profile":[],"image_id":"","instance_initiated_shutdown_behavior":null,"instance_market_options":[],"instance_requirements":[],"instance_type":null,"kernel_id":null,"key_name":null,"license_specification":[],"maintenance_options":[],"metadata_options":[{"http_endpoint":"enabled","http_put_response_hop_limit":2,"http_tokens":"required"}],"monitoring":[{"enabled":true}],"name_prefix":"ondemand-","network_interfaces":[],"placement":[],"private_dns_name_options":[],"ram_disk_id":null,"security_group_names":null,"tag_specifications":[{"resource_type":"instance","tags":{"Name":"astro-ondemand"}},{"resource_type":"network-interface","tags":{"Name":"astro-ondemand"}},{"resource_type":"volume","tags":{"Name":"astro-ondemand"}}],"tags":null,"update_default_version":true,"user_data":""},"sensitive_values":{"block_device_mappings":[],"capacity_reservation_specification":[],"cpu_options":[],"credit_specification":[],"elastic_gpu_specifications":[],"elastic_inference_accelerator":[],"enclave_options":[],"hibernation_options":[],"iam_instance_profile":[],"instance_market_options":[],"instance_requirements":[],"license_specification":[],"maintenance_options":[],"metadata_options":[{}],"monitoring":[{}],"network_interfaces":[],"placement":[],"private_dns_name_options":[],"tag_specifications":[{"tags":{}},{"tags":{}},{"tags":{}}],"tags_all":{},"vpc_security_group_ids":[]}}],"address":"module.eks.module.eks_managed_node_group[\"ondemand\"]","child_modules":[{"resources":[{"address":"module.eks.module.eks_managed_node_group[\"ondemand\"].module.user_data.null_resource.validate_cluster_service_cidr","mode":"managed","type":"null_resource","name":"validate_cluster_service_cidr","provider_name":"registry.terraform.io/hashicorp/null","schema_version":0,"values":{"triggers":null},"sensitive_values":{}}],"address":"module.eks.module.eks_managed_node_group[\"ondemand\"].module.user_data"}]},{"resources":[{"address":"module.eks.module.kms.aws_kms_alias.this[\"cluster\"]","mode":"managed","type":"aws_kms_alias","name":"this","index":"cluster","provider_name":"registry.terraform.io/hashicorp/aws","schema_version":0,"values":{"name":"alias/eks/astro"},"sensitive_values":{}},{"address":"module.eks.module.kms.aws_kms_key.this[0]","mode":"managed","type":"aws_kms_key","name":"this","index":0,"provider_name":"registry.terraform.io/hashicorp/aws","schema_version":0,"values":{"bypass_policy_lockout_safety_check":false,"custom_key_store_id":null,"customer_master_key_spec":"SYMMETRIC_DEFAULT","deletion_window_in_days":null,"description":"astro cluster encryption key","enable_key_rotation":true,"is_enabled":true,"key_usage":"ENCRYPT_DECRYPT","multi_region":false,"tags":{"terraform-aws-modules":"eks"},"tags_all":{"terraform-aws-modules":"eks"},"timeouts":null,"xks_key_id":null},"sensitive_values":{"tags":{},"tags_all":{}}},{"address":"module.eks.module.kms.data.aws_iam_policy_document.this[0]","mode":"data","type":"aws_iam_policy_document","name":"this","index":0,"provider_name":"registry.terraform.io/hashicorp/aws","schema_version":0,"values":{"override_json":null,"override_policy_documents":[],"policy_id":null,"source_json":null,"source_policy_documents":[],"statement":[{"actions":["kms:*"],"condition":[],"effect":null,"not_actions":null,"not_principals":[],"not_resources":null,"principals":[{"identifiers":["arn:aws:iam::881490090314:root"],"type":"AWS"}],"resources":["*"],"sid":"Default"},{"actions":["kms:CancelKeyDeletion","kms:Create*","kms:Delete*","kms:Describe*","kms:Disable*","kms:Enable*","kms:Get*","kms:ImportKeyMaterial","kms:List*","kms:Put*","kms:ReplicateKey","kms:Revoke*","kms:ScheduleKeyDeletion","kms:TagResource","kms:UntagResource","kms:Update*"],"condition":[],"effect":null,"not_actions":null,"not_principals":[],"not_resources":null,"principals":[{"identifiers":["arn:aws:iam::881490090314:user/terraform"],"type":"AWS"}],"resources":["*"],"sid":"KeyAdministration"},{"actions":["kms:Decrypt","kms:DescribeKey","kms:Encrypt","kms:GenerateDataKey*","kms:ReEncrypt*"],"condition":[],"effect":null,"not_actions":null,"not_principals":[],"not_resources":null,"principals":[{"identifiers":[null],"type":"AWS"}],"resources":["*"],"sid":"KeyUsage"}],"version":null},"sensitive_values":{"override_policy_documents":[],"source_policy_documents":[],"statement":[{"actions":[false],"condition":[],"not_principals":[],"principals":[{"identifiers":[false]}],"resources":[false]},{"actions":[false,false,false,false,false,false,false,false,false,false,false,false,false,false,false,false],"condition":[],"not_principals":[],"principals":[{"identifiers":[false]}],"resources":[false]},{"actions":[false,false,false,false,false],"condition":[],"not_principals":[],"principals":[{"identifiers":[false]}],"resources":[false]}]}}],"address":"module.eks.module.kms"}]},{"address":"module.rds","child_modules":[{"resources":[{"address":"module.rds.module.db_option_group.aws_db_option_group.this[0]","mode":"managed","type":"aws_db_option_group","name":"this","index":0,"provider_name":"registry.terraform.io/hashicorp/aws","schema_version":0,"values":{"engine_name":"mysql","major_engine_version":"5.7","name_prefix":"astrodb-","option":[],"option_group_description":"astrodb option group","skip_destroy":false,"tags":{"Environment":"dev","Name":"astrodb","Owner":"ariff.azman","Project":"astro","Terraform":"true"},"tags_all":{"Environment":"dev","Name":"astrodb","Owner":"ariff.azman","Project":"astro","Terraform":"true"},"timeouts":{"delete":null}},"sensitive_values":{"option":[],"tags":{},"tags_all":{},"timeouts":{}}}],"address":"module.rds.module.db_option_group"},{"resources":[{"address":"module.rds.module.db_parameter_group.aws_db_parameter_group.this[0]","mode":"managed","type":"aws_db_parameter_group","name":"this","index":0,"provider_name":"registry.terraform.io/hashicorp/aws","schema_version":0,"values":{"description":"astrodb parameter group","family":"mysql5.7","name_prefix":"astrodb-","parameter":[{"apply_method":"immediate","name":"character_set_client","value":"utf8mb4"},{"apply_method":"immediate","name":"character_set_server","value":"utf8mb4"}],"skip_destroy":false,"tags":{"Environment":"dev","Name":"astrodb","Owner":"ariff.azman","Project":"astro","Terraform":"true"},"tags_all":{"Environment":"dev","Name":"astrodb","Owner":"ariff.azman","Project":"astro","Terraform":"true"}},"sensitive_values":{"parameter":[{},{}],"tags":{},"tags_all":{}}}],"address":"module.rds.module.db_parameter_group"},{"resources":[{"address":"module.rds.module.db_instance.aws_db_instance.this[0]","mode":"managed","type":"aws_db_instance","name":"this","index":0,"provider_name":"registry.terraform.io/hashicorp/aws","schema_version":2,"values":{"allocated_storage":5,"allow_major_version_upgrade":false,"apply_immediately":false,"auto_minor_version_upgrade":true,"blue_green_update":[],"copy_tags_to_snapshot":false,"custom_iam_instance_profile":null,"customer_owned_ip_enabled":null,"db_name":"astrodb","db_subnet_group_name":"astro-vpc","dedicated_log_volume":false,"delete_automated_backups":true,"deletion_protection":false,"domain":null,"domain_auth_secret_arn":null,"domain_dns_ips":null,"domain_iam_role_name":null,"domain_ou":null,"enabled_cloudwatch_logs_exports":null,"engine":"mysql","engine_version":"5.7","final_snapshot_identifier":null,"iam_database_authentication_enabled":true,"identifier":"astrodb","instance_class":"db.t3.micro","manage_master_user_password":true,"max_allocated_storage":0,"monitoring_interval":0,"multi_az":false,"password":null,"password_wo":null,"password_wo_version":null,"performance_insights_enabled":false,"port":3306,"publicly_accessible":false,"replicate_source_db":null,"restore_to_point_in_time":[],"s3_import":[],"skip_final_snapshot":true,"storage_encrypted":true,"tags":{"Environment":"dev","Owner":"ariff.azman","Project":"astro","Terraform":"true"},"tags_all":{"Environment":"dev","Owner":"ariff.azman","Project":"astro","Terraform":"true"},"timeouts":{"create":null,"delete":null,"update":null},"upgrade_storage_config":null,"username":"admin"},"sensitive_values":{"blue_green_update":[],"listener_endpoint":[],"master_user_secret":[],"password":true,"password_wo":true,"replicas":[],"restore_to_point_in_time":[],"s3_import":[],"tags":{},"tags_all":{},"timeouts":{},"vpc_security_group_ids":[]}}],"address":"module.rds.module.db_instance"}]},{"resources":[{"address":"module.route53_records.aws_route53_record.this[\"app A\"]","mode":"managed","type":"aws_route53_record","name":"this","index":"app A","provider_name":"registry.terraform.io/hashicorp/aws","schema_version":2,"values":{"alias":[{"evaluate_target_health":false}],"allow_overwrite":false,"cidr_routing_policy":[],"failover_routing_policy":[],"geolocation_routing_policy":[],"geoproximity_routing_policy":[],"health_check_id":null,"latency_routing_policy":[],"multivalue_answer_routing_policy":null,"name":"app.astro.opariffazman.com","records":null,"set_identifier":null,"ttl":null,"type":"A","weighted_routing_policy":[]},"sensitive_values":{"alias":[{}],"cidr_routing_policy":[],"failover_routing_policy":[],"geolocation_routing_policy":[],"geoproximity_routing_policy":[],"latency_routing_policy":[],"weighted_routing_policy":[]}},{"address":"module.route53_records.aws_route53_record.this[\"db CNAME\"]","mode":"managed","type":"aws_route53_record","name":"this","index":"db CNAME","provider_name":"registry.terraform.io/hashicorp/aws","schema_version":2,"values":{"alias":[],"allow_overwrite":false,"cidr_routing_policy":[],"failover_routing_policy":[],"geolocation_routing_policy":[],"geoproximity_routing_policy":[],"health_check_id":null,"latency_routing_policy":[],"multivalue_answer_routing_policy":null,"name":"db.astro.opariffazman.com","set_identifier":null,"ttl":null,"type":"CNAME","weighted_routing_policy":[]},"sensitive_values":{"alias":[],"cidr_routing_policy":[],"failover_routing_policy":[],"geolocation_routing_policy":[],"geoproximity_routing_policy":[],"latency_routing_policy":[],"records":[],"weighted_routing_policy":[]}},{"address":"module.route53_records.data.aws_route53_zone.this[0]","mode":"data","type":"aws_route53_zone","name":"this","index":0,"provider_name":"registry.terraform.io/hashicorp/aws","schema_version":0,"values":{"name":"astro.opariffazman.com","private_zone":false},"sensitive_values":{"name_servers":[],"tags":{}}}],"address":"module.route53_records"},{"resources":[{"address":"module.route53_zones.aws_route53_zone.this[\"astro.opariffazman.com\"]","mode":"managed","type":"aws_route53_zone","name":"this","index":"astro.opariffazman.com","provider_name":"registry.terraform.io/hashicorp/aws","schema_version":0,"values":{"comment":"Private hosted zone for astro applications","delegation_set_id":null,"force_destroy":false,"name":"astro.opariffazman.com","tags":{"Environment":"dev","Owner":"ariff.azman","Project":"astro","Terraform":"true"},"tags_all":{"Environment":"dev","Owner":"ariff.azman","Project":"astro","Terraform":"true"}},"sensitive_values":{"name_servers":[],"tags":{},"tags_all":{},"vpc":[]}}],"address":"module.route53_zones"},{"resources":[{"address":"module.vpc.aws_db_subnet_group.database[0]","mode":"managed","type":"aws_db_subnet_group","name":"database","index":0,"provider_name":"registry.terraform.io/hashicorp/aws","schema_version":0,"values":{"description":"Database subnet group for astro-vpc","name":"astro-vpc","tags":{"Environment":"dev","Name":"astro-vpc","Owner":"ariff.azman","Project":"astro","Terraform":"true"},"tags_all":{"Environment":"dev","Name":"astro-vpc","Owner":"ariff.azman","Project":"astro","Terraform":"true"}},"sensitive_values":{"subnet_ids":[],"supported_network_types":[],"tags":{},"tags_all":{}}},{"address":"module.vpc.aws_default_network_acl.this[0]","mode":"managed","type":"aws_default_network_acl","name":"this","index":0,"provider_name":"registry.terraform.io/hashicorp/aws","schema_version":0,"values":{"egress":[{"action":"allow","cidr_block":"","from_port":0,"icmp_code":null,"icmp_type":null,"ipv6_cidr_block":"::/0","protocol":"-1","rule_no":101,"to_port":0},{"action":"allow","cidr_block":"0.0.0.0/0","from_port":0,"icmp_code":null,"icmp_type":null,"ipv6_cidr_block":"","protocol":"-1","rule_no":100,"to_port":0}],"ingress":[{"action":"allow","cidr_block":"","from_port":0,"icmp_code":null,"icmp_type":null,"ipv6_cidr_block":"::/0","protocol":"-1","rule_no":101,"to_port":0},{"action":"allow","cidr_block":"0.0.0.0/0","from_port":0,"icmp_code":null,"icmp_type":null,"ipv6_cidr_block":"","protocol":"-1","rule_no":100,"to_port":0}],"subnet_ids":null,"tags":{"Environment":"dev","Name":"astro-vpc-default","Owner":"ariff.azman","Project":"astro","Terraform":"true"},"tags_all":{"Environment":"dev","Name":"astro-vpc-default","Owner":"ariff.azman","Project":"astro","Terraform":"true"}},"sensitive_values":{"egress":[{},{}],"ingress":[{},{}],"tags":{},"tags_all":{}}},{"address":"module.vpc.aws_default_route_table.default[0]","mode":"managed","type":"aws_default_route_table","name":"default","index":0,"provider_name":"registry.terraform.io/hashicorp/aws","schema_version":0,"values":{"propagating_vgws":null,"tags":{"Environment":"dev","Name":"astro-vpc-default","Owner":"ariff.azman","Project":"astro","Terraform":"true"},"tags_all":{"Environment":"dev","Name":"astro-vpc-default","Owner":"ariff.azman","Project":"astro","Terraform":"true"},"timeouts":{"create":"5m","update":"5m"}},"sensitive_values":{"route":[],"tags":{},"tags_all":{},"timeouts":{}}},{"address":"module.vpc.aws_default_security_group.this[0]","mode":"managed","type":"aws_default_security_group","name":"this","index":0,"provider_name":"registry.terraform.io/hashicorp/aws","schema_version":1,"values":{"revoke_rules_on_delete":false,"tags":{"Environment":"dev","Name":"astro-vpc-default","Owner":"ariff.azman","Project":"astro","Terraform":"true"},"tags_all":{"Environment":"dev","Name":"astro-vpc-default","Owner":"ariff.azman","Project":"astro","Terraform":"true"}},"sensitive_values":{"egress":[],"ingress":[],"tags":{},"tags_all":{}}},{"address":"module.vpc.aws_eip.nat[0]","mode":"managed","type":"aws_eip","name":"nat","index":0,"provider_name":"registry.terraform.io/hashicorp/aws","schema_version":0,"values":{"address":null,"associate_with_private_ip":null,"customer_owned_ipv4_pool":null,"domain":"vpc","tags":{"Environment":"dev","Name":"astro-vpc-us-east-1a","Owner":"ariff.azman","Project":"astro","Terraform":"true"},"tags_all":{"Environment":"dev","Name":"astro-vpc-us-east-1a","Owner":"ariff.azman","Project":"astro","Terraform":"true"},"timeouts":null},"sensitive_values":{"tags":{},"tags_all":{}}},{"address":"module.vpc.aws_internet_gateway.this[0]","mode":"managed","type":"aws_internet_gateway","name":"this","index":0,"provider_name":"registry.terraform.io/hashicorp/aws","schema_version":0,"values":{"tags":{"Environment":"dev","Name":"astro-vpc","Owner":"ariff.azman","Project":"astro","Terraform":"true"},"tags_all":{"Environment":"dev","Name":"astro-vpc","Owner":"ariff.azman","Project":"astro","Terraform":"true"},"timeouts":null},"sensitive_values":{"tags":{},"tags_all":{}}},{"address":"module.vpc.aws_nat_gateway.this[0]","mode":"managed","type":"aws_nat_gateway","name":"this","index":0,"provider_name":"registry.terraform.io/hashicorp/aws","schema_version":0,"values":{"connectivity_type":"public","secondary_allocation_ids":null,"tags":{"Environment":"dev","Name":"astro-vpc-us-east-1a","Owner":"ariff.azman","Project":"astro","Terraform":"true"},"tags_all":{"Environment":"dev","Name":"astro-vpc-us-east-1a","Owner":"ariff.azman","Project":"astro","Terraform":"true"},"timeouts":null},"sensitive_values":{"secondary_private_ip_addresses":[],"tags":{},"tags_all":{}}},{"address":"module.vpc.aws_route.private_nat_gateway[0]","mode":"managed","type":"aws_route","name":"private_nat_gateway","index":0,"provider_name":"registry.terraform.io/hashicorp/aws","schema_version":0,"values":{"carrier_gateway_id":null,"core_network_arn":null,"destination_cidr_block":"0.0.0.0/0","destination_ipv6_cidr_block":null,"destination_prefix_list_id":null,"egress_only_gateway_id":null,"gateway_id":null,"local_gateway_id":null,"timeouts":{"create":"5m","delete":null,"update":null},"transit_gateway_id":null,"vpc_endpoint_id":null,"vpc_peering_connection_id":null},"sensitive_values":{"timeouts":{}}},{"address":"module.vpc.aws_route.public_internet_gateway[0]","mode":"managed","type":"aws_route","name":"public_internet_gateway","index":0,"provider_name":"registry.terraform.io/hashicorp/aws","schema_version":0,"values":{"carrier_gateway_id":null,"core_network_arn":null,"destination_cidr_block":"0.0.0.0/0","destination_ipv6_cidr_block":null,"destination_prefix_list_id":null,"egress_only_gateway_id":null,"local_gateway_id":null,"nat_gateway_id":null,"timeouts":{"create":"5m","delete":null,"update":null},"transit_gateway_id":null,"vpc_endpoint_id":null,"vpc_peering_connection_id":null},"sensitive_values":{"timeouts":{}}},{"address":"module.vpc.aws_route_table.private[0]","mode":"managed","type":"aws_route_table","name":"private","index":0,"provider_name":"registry.terraform.io/hashicorp/aws","schema_version":0,"values":{"tags":{"Environment":"dev","Name":"astro-vpc-private","Owner":"ariff.azman","Project":"astro","Terraform":"true"},"tags_all":{"Environment":"dev","Name":"astro-vpc-private","Owner":"ariff.azman","Project":"astro","Terraform":"true"},"timeouts":null},"sensitive_values":{"propagating_vgws":[],"route":[],"tags":{},"tags_all":{}}},{"address":"module.vpc.aws_route_table.public[0]","mode":"managed","type":"aws_route_table","name":"public","index":0,"provider_name":"registry.terraform.io/hashicorp/aws","schema_version":0,"values":{"tags":{"Environment":"dev","Name":"astro-vpc-public","Owner":"ariff.azman","Project":"astro","Terraform":"true"},"tags_all":{"Environment":"dev","Name":"astro-vpc-public","Owner":"ariff.azman","Project":"astro","Terraform":"true"},"timeouts":null},"sensitive_values":{"propagating_vgws":[],"route":[],"tags":{},"tags_all":{}}},{"address":"module.vpc.aws_route_table_association.database[0]","mode":"managed","type":"aws_route_table_association","name":"database","index":0,"provider_name":"registry.terraform.io/hashicorp/aws","schema_version":0,"values":{"gateway_id":null,"timeouts":null},"sensitive_values":{}},{"address":"module.vpc.aws_route_table_association.database[1]","mode":"managed","type":"aws_route_table_association","name":"database","index":1,"provider_name":"registry.terraform.io/hashicorp/aws","schema_version":0,"values":{"gateway_id":null,"timeouts":null},"sensitive_values":{}},{"address":"module.vpc.aws_route_table_association.private[0]","mode":"managed","type":"aws_route_table_association","name":"private","index":0,"provider_name":"registry.terraform.io/hashicorp/aws","schema_version":0,"values":{"gateway_id":null,"timeouts":null},"sensitive_values":{}},{"address":"module.vpc.aws_route_table_association.private[1]","mode":"managed","type":"aws_route_table_association","name":"private","index":1,"provider_name":"registry.terraform.io/hashicorp/aws","schema_version":0,"values":{"gateway_id":null,"timeouts":null},"sensitive_values":{}},{"address":"module.vpc.aws_route_table_association.public[0]","mode":"managed","type":"aws_route_table_association","name":"public","index":0,"provider_name":"registry.terraform.io/hashicorp/aws","schema_version":0,"values":{"gateway_id":null,"timeouts":null},"sensitive_values":{}},{"address":"module.vpc.aws_route_table_association.public[1]","mode":"managed","type":"aws_route_table_association","name":"public","index":1,"provider_name":"registry.terraform.io/hashicorp/aws","schema_version":0,"values":{"gateway_id":null,"timeouts":null},"sensitive_values":{}},{"address":"module.vpc.aws_subnet.database[0]","mode":"managed","type":"aws_subnet","name":"database","index":0,"provider_name":"registry.terraform.io/hashicorp/aws","schema_version":1,"values":{"assign_ipv6_address_on_creation":false,"availability_zone":"us-east-1a","cidr_block":"10.0.201.0/24","customer_owned_ipv4_pool":null,"enable_dns64":false,"enable_lni_at_device_index":null,"enable_resource_name_dns_a_record_on_launch":false,"enable_resource_name_dns_aaaa_record_on_launch":false,"ipv6_cidr_block":null,"ipv6_native":false,"map_customer_owned_ip_on_launch":null,"map_public_ip_on_launch":false,"outpost_arn":null,"tags":{"Environment":"dev","Name":"astro-vpc-db-us-east-1a","Owner":"ariff.azman","Project":"astro","Terraform":"true"},"tags_all":{"Environment":"dev","Name":"astro-vpc-db-us-east-1a","Owner":"ariff.azman","Project":"astro","Terraform":"true"},"timeouts":null},"sensitive_values":{"tags":{},"tags_all":{}}},{"address":"module.vpc.aws_subnet.database[1]","mode":"managed","type":"aws_subnet","name":"database","index":1,"provider_name":"registry.terraform.io/hashicorp/aws","schema_version":1,"values":{"assign_ipv6_address_on_creation":false,"availability_zone":"us-east-1b","cidr_block":"10.0.202.0/24","customer_owned_ipv4_pool":null,"enable_dns64":false,"enable_lni_at_device_index":null,"enable_resource_name_dns_a_record_on_launch":false,"enable_resource_name_dns_aaaa_record_on_launch":false,"ipv6_cidr_block":null,"ipv6_native":false,"map_customer_owned_ip_on_launch":null,"map_public_ip_on_launch":false,"outpost_arn":null,"tags":{"Environment":"dev","Name":"astro-vpc-db-us-east-1b","Owner":"ariff.azman","Project":"astro","Terraform":"true"},"tags_all":{"Environment":"dev","Name":"astro-vpc-db-us-east-1b","Owner":"ariff.azman","Project":"astro","Terraform":"true"},"timeouts":null},"sensitive_values":{"tags":{},"tags_all":{}}},{"address":"module.vpc.aws_subnet.private[0]","mode":"managed","type":"aws_subnet","name":"private","index":0,"provider_name":"registry.terraform.io/hashicorp/aws","schema_version":1,"values":{"assign_ipv6_address_on_creation":false,"availability_zone":"us-east-1a","cidr_block":"10.0.1.0/24","customer_owned_ipv4_pool":null,"enable_dns64":false,"enable_lni_at_device_index":null,"enable_resource_name_dns_a_record_on_launch":false,"enable_resource_name_dns_aaaa_record_on_launch":false,"ipv6_cidr_block":null,"ipv6_native":false,"map_customer_owned_ip_on_launch":null,"map_public_ip_on_launch":false,"outpost_arn":null,"tags":{"Environment":"dev","Name":"astro-vpc-private-us-east-1a","Owner":"ariff.azman","Project":"astro","Terraform":"true"},"tags_all":{"Environment":"dev","Name":"astro-vpc-private-us-east-1a","Owner":"ariff.azman","Project":"astro","Terraform":"true"},"timeouts":null},"sensitive_values":{"tags":{},"tags_all":{}}},{"address":"module.vpc.aws_subnet.private[1]","mode":"managed","type":"aws_subnet","name":"private","index":1,"provider_name":"registry.terraform.io/hashicorp/aws","schema_version":1,"values":{"assign_ipv6_address_on_creation":false,"availability_zone":"us-east-1b","cidr_block":"10.0.2.0/24","customer_owned_ipv4_pool":null,"enable_dns64":false,"enable_lni_at_device_index":null,"enable_resource_name_dns_a_record_on_launch":false,"enable_resource_name_dns_aaaa_record_on_launch":false,"ipv6_cidr_block":null,"ipv6_native":false,"map_customer_owned_ip_on_launch":null,"map_public_ip_on_launch":false,"outpost_arn":null,"tags":{"Environment":"dev","Name":"astro-vpc-private-us-east-1b","Owner":"ariff.azman","Project":"astro","Terraform":"true"},"tags_all":{"Environment":"dev","Name":"astro-vpc-private-us-east-1b","Owner":"ariff.azman","Project":"astro","Terraform":"true"},"timeouts":null},"sensitive_values":{"tags":{},"tags_all":{}}},{"address":"module.vpc.aws_subnet.public[0]","mode":"managed","type":"aws_subnet","name":"public","index":0,"provider_name":"registry.terraform.io/hashicorp/aws","schema_version":1,"values":{"assign_ipv6_address_on_creation":false,"availability_zone":"us-east-1a","cidr_block":"10.0.101.0/24","customer_owned_ipv4_pool":null,"enable_dns64":false,"enable_lni_at_device_index":null,"enable_resource_name_dns_a_record_on_launch":false,"enable_resource_name_dns_aaaa_record_on_launch":false,"ipv6_cidr_block":null,"ipv6_native":false,"map_customer_owned_ip_on_launch":null,"map_public_ip_on_launch":false,"outpost_arn":null,"tags":{"Environment":"dev","Name":"astro-vpc-public-us-east-1a","Owner":"ariff.azman","Project":"astro","Terraform":"true"},"tags_all":{"Environment":"dev","Name":"astro-vpc-public-us-east-1a","Owner":"ariff.azman","Project":"astro","Terraform":"true"},"timeouts":null},"sensitive_values":{"tags":{},"tags_all":{}}},{"address":"module.vpc.aws_subnet.public[1]","mode":"managed","type":"aws_subnet","name":"public","index":1,"provider_name":"registry.terraform.io/hashicorp/aws","schema_version":1,"values":{"assign_ipv6_address_on_creation":false,"availability_zone":"us-east-1b","cidr_block":"10.0.102.0/24","customer_owned_ipv4_pool":null,"enable_dns64":false,"enable_lni_at_device_index":null,"enable_resource_name_dns_a_record_on_launch":false,"enable_resource_name_dns_aaaa_record_on_launch":false,"ipv6_cidr_block":null,"ipv6_native":false,"map_customer_owned_ip_on_launch":null,"map_public_ip_on_launch":false,"outpost_arn":null,"tags":{"Environment":"dev","Name":"astro-vpc-public-us-east-1b","Owner":"ariff.azman","Project":"astro","Terraform":"true"},"tags_all":{"Environment":"dev","Name":"astro-vpc-public-us-east-1b","Owner":"ariff.azman","Project":"astro","Terraform":"true"},"timeouts":null},"sensitive_values":{"tags":{},"tags_all":{}}},{"address":"module.vpc.aws_vpc.this[0]","mode":"managed","type":"aws_vpc","name":"this","index":0,"provider_name":"registry.terraform.io/hashicorp/aws","schema_version":1,"values":{"assign_generated_ipv6_cidr_block":null,"cidr_block":"10.0.0.0/16","enable_dns_hostnames":true,"enable_dns_support":true,"instance_tenancy":"default","ipv4_ipam_pool_id":null,"ipv4_netmask_length":null,"ipv6_ipam_pool_id":null,"ipv6_netmask_length":null,"tags":{"Environment":"dev","Name":"astro-vpc","Owner":"ariff.azman","Project":"astro","Terraform":"true"},"tags_all":{"Environment":"dev","Name":"astro-vpc","Owner":"ariff.azman","Project":"astro","Terraform":"true"}},"sensitive_values":{"tags":{},"tags_all":{}}}],"address":"module.vpc"},{"resources":[{"address":"module.web_alb.aws_lb.this[0]","mode":"managed","type":"aws_lb","name":"this","index":0,"provider_name":"registry.terraform.io/hashicorp/aws","schema_version":0,"values":{"access_logs":[],"client_keep_alive":3600,"connection_logs":[],"customer_owned_ipv4_pool":null,"desync_mitigation_mode":"defensive","dns_record_client_routing_policy":null,"drop_invalid_header_fields":true,"enable_cross_zone_load_balancing":null,"enable_deletion_protection":false,"enable_http2":true,"enable_tls_version_and_cipher_suite_headers":false,"enable_waf_fail_open":false,"enable_xff_client_port":false,"enable_zonal_shift":null,"idle_timeout":60,"load_balancer_type":"application","name":"astro-web-alb","preserve_host_header":false,"tags":{"Environment":"dev","Owner":"ariff.azman","Project":"astro","Terraform":"true","terraform-aws-modules":"alb"},"tags_all":{"Environment":"dev","Owner":"ariff.azman","Project":"astro","Terraform":"true","terraform-aws-modules":"alb"},"timeouts":{"create":null,"delete":null,"update":null},"xff_header_processing_mode":"append"},"sensitive_values":{"access_logs":[],"connection_logs":[],"security_groups":[],"subnet_mapping":[],"subnets":[],"tags":{},"tags_all":{},"timeouts":{}}},{"address":"module.web_alb.aws_lb_target_group.this[\"web-asg\"]","mode":"managed","type":"aws_lb_target_group","name":"this","index":"web-asg","provider_name":"registry.terraform.io/hashicorp/aws","schema_version":0,"values":{"deregistration_delay":"300","health_check":[{"enabled":true,"healthy_threshold":3,"interval":30,"path":"/health","port":"traffic-port","protocol":"HTTP","timeout":6,"unhealthy_threshold":3}],"lambda_multi_value_headers_enabled":false,"name":"astro-web-tg","port":80,"protocol":"HTTP","proxy_protocol_v2":false,"slow_start":0,"tags":{"Environment":"dev","Owner":"ariff.azman","Project":"astro","Terraform":"true","terraform-aws-modules":"alb"},"tags_all":{"Environment":"dev","Owner":"ariff.azman","Project":"astro","Terraform":"true","terraform-aws-modules":"alb"},"target_type":"instance"},"sensitive_values":{"health_check":[{}],"load_balancer_arns":[],"stickiness":[],"tags":{},"tags_all":{},"target_failover":[],"target_group_health":[],"target_health_state":[]}},{"address":"module.web_alb.aws_security_group.this[0]","mode":"managed","type":"aws_security_group","name":"this","index":0,"provider_name":"registry.terraform.io/hashicorp/aws","schema_version":1,"values":{"description":"Security group for astro-web-alb application load balancer","name_prefix":"astro-web-alb-","revoke_rules_on_delete":false,"tags":{"Environment":"dev","Owner":"ariff.azman","Project":"astro","Terraform":"true","terraform-aws-modules":"alb"},"tags_all":{"Environment":"dev","Owner":"ariff.azman","Project":"astro","Terraform":"true","terraform-aws-modules":"alb"},"timeouts":null},"sensitive_values":{"egress":[],"ingress":[],"tags":{},"tags_all":{}}}],"address":"module.web_alb"},{"resources":[{"address":"module.web_asg.aws_autoscaling_group.this[0]","mode":"managed","type":"aws_autoscaling_group","name":"this","index":0,"provider_name":"registry.terraform.io/hashicorp/aws","schema_version":1,"values":{"capacity_rebalance":null,"context":null,"default_instance_warmup":null,"desired_capacity":1,"desired_capacity_type":null,"enabled_metrics":null,"force_delete":false,"force_delete_warm_pool":false,"health_check_grace_period":300,"health_check_type":"ELB","ignore_failed_scaling_activities":false,"initial_lifecycle_hook":[],"instance_maintenance_policy":[],"instance_refresh":[{"preferences":[{"alarm_specification":[],"auto_rollback":null,"checkpoint_delay":null,"checkpoint_percentages":null,"instance_warmup":null,"max_healthy_percentage":100,"min_healthy_percentage":50,"scale_in_protected_instances":"Ignore","skip_matching":false,"standby_instances":"Ignore"}],"strategy":"Rolling","triggers":null}],"launch_configuration":null,"launch_template":[{}],"max_instance_lifetime":null,"max_size":1,"metrics_granularity":"1Minute","min_elb_capacity":null,"min_size":0,"name_prefix":"astro-web-asg-","placement_group":null,"protect_from_scale_in":false,"suspended_processes":null,"tag":[{"key":"Environment","propagate_at_launch":true,"value":"dev"},{"key":"Name","propagate_at_launch":true,"value":"astro-web-asg"},{"key":"Owner","propagate_at_launch":true,"value":"ariff.azman"},{"key":"Project","propagate_at_launch":true,"value":"astro"},{"key":"Terraform","propagate_at_launch":true,"value":"true"}],"termination_policies":[],"timeouts":{"delete":null,"update":null},"wait_for_capacity_timeout":"0","wait_for_elb_capacity":null,"warm_pool":[]},"sensitive_values":{"availability_zone_distribution":[],"availability_zones":[],"initial_lifecycle_hook":[],"instance_maintenance_policy":[],"instance_refresh":[{"preferences":[{"alarm_specification":[]}]}],"launch_template":[{}],"load_balancers":[],"mixed_instances_policy":[],"tag":[{},{},{},{},{}],"target_group_arns":[],"termination_policies":[],"timeouts":{},"traffic_source":[],"vpc_zone_identifier":[],"warm_pool":[]}},{"address":"module.web_asg.aws_autoscaling_traffic_source_attachment.this[\"app-alb\"]","mode":"managed","type":"aws_autoscaling_traffic_source_attachment","name":"this","index":"app-alb","provider_name":"registry.terraform.io/hashicorp/aws","schema_version":0,"values":{"timeouts":null,"traffic_source":[{"type":"elbv2"}]},"sensitive_values":{"traffic_source":[{}]}},{"address":"module.web_asg.aws_launch_template.this[0]","mode":"managed","type":"aws_launch_template","name":"this","index":0,"provider_name":"registry.terraform.io/hashicorp/aws","schema_version":0,"values":{"block_device_mappings":[],"capacity_reservation_specification":[],"cpu_options":[],"credit_specification":[],"description":null,"disable_api_stop":null,"disable_api_termination":null,"ebs_optimized":null,"elastic_gpu_specifications":[],"elastic_inference_accelerator":[],"enclave_options":[],"hibernation_options":[],"iam_instance_profile":[],"image_id":"ami-0f9575d3d509bae0c","instance_initiated_shutdown_behavior":null,"instance_market_options":[],"instance_requirements":[],"instance_type":"t2.micro","kernel_id":null,"key_name":null,"license_specification":[],"maintenance_options":[],"monitoring":[{"enabled":true}],"name_prefix":"astro-web-launch-template-","network_interfaces":[],"placement":[],"private_dns_name_options":[],"ram_disk_id":null,"security_group_names":null,"tag_specifications":[],"tags":{"Environment":"dev","Owner":"ariff.azman","Project":"astro","Terraform":"true"},"tags_all":{"Environment":"dev","Owner":"ariff.azman","Project":"astro","Terraform":"true"},"update_default_version":null,"user_data":"IyEvYmluL2Jhc2gKYXB0LWdldCB1cGRhdGUKYXB0LWdldCBpbnN0YWxsIC15IG5naW54IGRvY2tlci5pbyBhd3Nsb2dzCgojIENvbmZpZ3VyZSBDbG91ZFdhdGNoIExvZ3MKY2F0ID4vZXRjL2F3c2xvZ3MvYXdzbG9ncy5jb25mIDw8RU9GCltnZW5lcmFsXQpzdGF0ZV9maWxlID0gL3Zhci9saWIvYXdzbG9ncy9hZ2VudC1zdGF0ZQoKWy92YXIvbG9nL3N5c2xvZ10KZmlsZSA9IC92YXIvbG9nL3N5c2xvZwpsb2dfZ3JvdXBfbmFtZSA9IC9lYzIvd2ViL3N5c2xvZwpsb2dfc3RyZWFtX25hbWUgPSB7aW5zdGFuY2VfaWR9CmRhdGV0aW1lX2Zvcm1hdCA9ICViICVkICVIOiVNOiVTCgpbL3Zhci9sb2cvbmdpbngvYWNjZXNzLmxvZ10KZmlsZSA9IC92YXIvbG9nL25naW54L2FjY2Vzcy5sb2cKbG9nX2dyb3VwX25hbWUgPSAvZWMyL3dlYi9uZ2lueC1hY2Nlc3MKbG9nX3N0cmVhbV9uYW1lID0ge2luc3RhbmNlX2lkfQpkYXRldGltZV9mb3JtYXQgPSAlZC8lYi8lWTolSDolTTolUyAlegpFT0YKCnN5c3RlbWN0bCBlbmFibGUgYXdzbG9nc2Quc2VydmljZQpzeXN0ZW1jdGwgc3RhcnQgYXdzbG9nc2QKc3lzdGVtY3RsIGVuYWJsZSBkb2NrZXIKc3lzdGVtY3RsIHN0YXJ0IGRvY2tlcgoKZG9ja2VyIHB1bGwgbmdpbng6bGF0ZXN0CmRvY2tlciBydW4gLWQgLXAgODA4MDo4MCBuZ2lueDpsYXRlc3QKCmVjaG8gIk9LIiA+L3Zhci93d3cvaHRtbC9oZWFsdGguaHRtbAo=","vpc_security_group_ids":null},"sensitive_values":{"block_device_mappings":[],"capacity_reservation_specification":[],"cpu_options":[],"credit_specification":[],"elastic_gpu_specifications":[],"elastic_inference_accelerator":[],"enclave_options":[],"hibernation_options":[],"iam_instance_profile":[],"instance_market_options":[],"instance_requirements":[],"license_specification":[],"maintenance_options":[],"metadata_options":[],"monitoring":[{}],"network_interfaces":[],"placement":[],"private_dns_name_options":[],"tag_specifications":[],"tags":{},"tags_all":{}}}],"address":"module.web_asg"},{"resources":[{"address":"module.web_security_group.aws_security_group.this_name_prefix[0]","mode":"managed","type":"aws_security_group","name":"this_name_prefix","index":0,"provider_name":"registry.terraform.io/hashicorp/aws","schema_version":1,"values":{"description":"Security group for web","name_prefix":"astro-web-sg-","revoke_rules_on_delete":false,"tags":{"Environment":"dev","Name":"astro-web-sg","Owner":"ariff.azman","Project":"astro","Terraform":"true"},"tags_all":{"Environment":"dev","Name":"astro-web-sg","Owner":"ariff.azman","Project":"astro","Terraform":"true"},"timeouts":{"create":"10m","delete":"15m"}},"sensitive_values":{"egress":[],"ingress":[],"tags":{},"tags_all":{},"timeouts":{}}},{"address":"module.web_security_group.aws_security_group_rule.egress_with_cidr_blocks[0]","mode":"managed","type":"aws_security_group_rule","name":"egress_with_cidr_blocks","index":0,"provider_name":"registry.terraform.io/hashicorp/aws","schema_version":2,"values":{"cidr_blocks":["0.0.0.0/0"],"description":"Egress Rule","from_port":0,"ipv6_cidr_blocks":null,"prefix_list_ids":null,"protocol":"-1","self":false,"timeouts":null,"to_port":0,"type":"egress"},"sensitive_values":{"cidr_blocks":[false]}},{"address":"module.web_security_group.aws_security_group_rule.ingress_with_cidr_blocks[0]","mode":"managed","type":"aws_security_group_rule","name":"ingress_with_cidr_blocks","index":0,"provider_name":"registry.terraform.io/hashicorp/aws","schema_version":2,"values":{"cidr_blocks":["0.0.0.0/0"],"description":"HTTP","from_port":80,"ipv6_cidr_blocks":null,"prefix_list_ids":null,"protocol":"tcp","self":false,"timeouts":null,"to_port":80,"type":"ingress"},"sensitive_values":{"cidr_blocks":[false]}},{"address":"module.web_security_group.aws_security_group_rule.ingress_with_cidr_blocks[1]","mode":"managed","type":"aws_security_group_rule","name":"ingress_with_cidr_blocks","index":1,"provider_name":"registry.terraform.io/hashicorp/aws","schema_version":2,"values":{"cidr_blocks":["0.0.0.0/0"],"description":"HTTPS","from_port":443,"ipv6_cidr_blocks":null,"prefix_list_ids":null,"protocol":"tcp","self":false,"timeouts":null,"to_port":443,"type":"ingress"},"sensitive_values":{"cidr_blocks":[false]}}],"address":"module.web_security_group"}]}},"resource_changes":[{"address":"aws_cloudwatch_metric_alarm.cpu_alarm","mode":"managed","type":"aws_cloudwatch_metric_alarm","name":"cpu_alarm","provider_name":"registry.terraform.io/hashicorp/aws","change":{"actions":["create"],"before":null,"after":{"actions_enabled":true,"alarm_description":"This metric monitors EC2 CPU utilization","alarm_name":"astro-high-cpu","comparison_operator":"GreaterThanThreshold","datapoints_to_alarm":null,"evaluation_periods":2,"extended_statistic":null,"insufficient_data_actions":null,"metric_name":"CPUUtilization","metric_query":[],"namespace":"AWS/EC2","ok_actions":null,"period":300,"statistic":"Average","tags":null,"threshold":80,"threshold_metric_id":null,"treat_missing_data":"missing","unit":null},"after_unknown":{"alarm_actions":true,"arn":true,"dimensions":true,"evaluate_low_sample_count_percentiles":true,"id":true,"metric_query":[],"tags_all":true},"before_sensitive":false,"after_sensitive":{"alarm_actions":[],"dimensions":{},"metric_query":[],"tags_all":{}}}},{"address":"aws_sns_topic.sns","mode":"managed","type":"aws_sns_topic","name":"sns","provider_name":"registry.terraform.io/hashicorp/aws","change":{"actions":["create"],"before":null,"after":{"application_failure_feedback_role_arn":null,"application_success_feedback_role_arn":null,"application_success_feedback_sample_rate":null,"archive_policy":null,"content_based_deduplication":false,"delivery_policy":null,"display_name":null,"fifo_topic":false,"firehose_failure_feedback_role_arn":null,"firehose_success_feedback_role_arn":null,"firehose_success_feedback_sample_rate":null,"http_failure_feedback_role_arn":null,"http_success_feedback_role_arn":null,"http_success_feedback_sample_rate":null,"kms_master_key_id":null,"lambda_failure_feedback_role_arn":null,"lambda_success_feedback_role_arn":null,"lambda_success_feedback_sample_rate":null,"name":"astro-sns-topic","sqs_failure_feedback_role_arn":null,"sqs_success_feedback_role_arn":null,"sqs_success_feedback_sample_rate":null,"tags":null},"after_unknown":{"arn":true,"beginning_archive_time":true,"id":true,"name_prefix":true,"owner":true,"policy":true,"signature_version":true,"tags_all":true,"tracing_config":true},"before_sensitive":false,"after_sensitive":{"tags_all":{}}}},{"address":"helm_release.calico","mode":"managed","type":"helm_release","name":"calico","provider_name":"registry.terraform.io/hashicorp/helm","change":{"actions":["create"],"before":null,"after":{"atomic":false,"chart":"calico","cleanup_on_fail":false,"create_namespace":false,"dependency_update":false,"description":null,"devel":null,"disable_crd_hooks":false,"disable_openapi_validation":false,"disable_webhooks":false,"force_update":false,"keyring":null,"lint":false,"max_history":0,"name":"calico","namespace":"kube-system","pass_credentials":false,"postrender":[],"recreate_pods":false,"render_subchart_notes":true,"replace":false,"repository":"https://docs.projectcalico.org/charts","repository_ca_file":null,"repository_cert_file":null,"repository_key_file":null,"repository_password":null,"repository_username":null,"reset_values":false,"reuse_values":false,"set":[],"set_list":[],"set_sensitive":[],"skip_crds":false,"status":"deployed","timeout":300,"upgrade_install":null,"values":["{\"installation\":{\"kubernetesProvider\":\"EKS\"}}"],"verify":false,"wait":true,"wait_for_jobs":false},"after_unknown":{"id":true,"manifest":true,"metadata":true,"postrender":[],"set":[],"set_list":[],"set_sensitive":[],"values":[false],"version":true},"before_sensitive":false,"after_sensitive":{"metadata":[],"postrender":[],"repository_password":true,"set":[],"set_list":[],"set_sensitive":[],"values":[false]}}},{"address":"module.app_alb.aws_lb.this[0]","module_address":"module.app_alb","mode":"managed","type":"aws_lb","name":"this","index":0,"provider_name":"registry.terraform.io/hashicorp/aws","change":{"actions":["create"],"before":null,"after":{"access_logs":[],"client_keep_alive":3600,"connection_logs":[],"customer_owned_ipv4_pool":null,"desync_mitigation_mode":"defensive","dns_record_client_routing_policy":null,"drop_invalid_header_fields":true,"enable_cross_zone_load_balancing":null,"enable_deletion_protection":false,"enable_http2":true,"enable_tls_version_and_cipher_suite_headers":false,"enable_waf_fail_open":false,"enable_xff_client_port":false,"enable_zonal_shift":null,"idle_timeout":60,"load_balancer_type":"application","name":"astro-app-alb","preserve_host_header":false,"tags":{"Environment":"dev","Owner":"ariff.azman","Project":"astro","Terraform":"true","terraform-aws-modules":"alb"},"tags_all":{"Environment":"dev","Owner":"ariff.azman","Project":"astro","Terraform":"true","terraform-aws-modules":"alb"},"timeouts":{"create":null,"delete":null,"update":null},"xff_header_processing_mode":"append"},"after_unknown":{"access_logs":[],"arn":true,"arn_suffix":true,"connection_logs":[],"dns_name":true,"enforce_security_group_inbound_rules_on_private_link_traffic":true,"id":true,"internal":true,"ip_address_type":true,"name_prefix":true,"security_groups":true,"subnet_mapping":true,"subnets":true,"tags":{},"tags_all":{},"timeouts":{},"vpc_id":true,"zone_id":true},"before_sensitive":false,"after_sensitive":{"access_logs":[],"connection_logs":[],"security_groups":[],"subnet_mapping":[],"subnets":[],"tags":{},"tags_all":{},"timeouts":{}}}},{"address":"module.app_alb.aws_lb_target_group.this[\"app-asg\"]","module_address":"module.app_alb","mode":"managed","type":"aws_lb_target_group","name":"this","index":"app-asg","provider_name":"registry.terraform.io/hashicorp/aws","change":{"actions":["create"],"before":null,"after":{"deregistration_delay":"300","health_check":[{"enabled":true,"healthy_threshold":3,"interval":30,"path":"/health","port":"traffic-port","protocol":"HTTP","timeout":6,"unhealthy_threshold":3}],"lambda_multi_value_headers_enabled":false,"name":"astro-app-tg","port":80,"protocol":"HTTP","proxy_protocol_v2":false,"slow_start":0,"tags":{"Environment":"dev","Owner":"ariff.azman","Project":"astro","Terraform":"true","terraform-aws-modules":"alb"},"tags_all":{"Environment":"dev","Owner":"ariff.azman","Project":"astro","Terraform":"true","terraform-aws-modules":"alb"},"target_type":"instance"},"after_unknown":{"arn":true,"arn_suffix":true,"connection_termination":true,"health_check":[{"matcher":true}],"id":true,"ip_address_type":true,"load_balancer_arns":true,"load_balancing_algorithm_type":true,"load_balancing_anomaly_mitigation":true,"load_balancing_cross_zone_enabled":true,"name_prefix":true,"preserve_client_ip":true,"protocol_version":true,"stickiness":true,"tags":{},"tags_all":{},"target_failover":true,"target_group_health":true,"target_health_state":true,"vpc_id":true},"before_sensitive":false,"after_sensitive":{"health_check":[{}],"load_balancer_arns":[],"stickiness":[],"tags":{},"tags_all":{},"target_failover":[],"target_group_health":[],"target_health_state":[]}}},{"address":"module.app_alb.aws_security_group.this[0]","module_address":"module.app_alb","mode":"managed","type":"aws_security_group","name":"this","index":0,"provider_name":"registry.terraform.io/hashicorp/aws","change":{"actions":["create"],"before":null,"after":{"description":"Security group for astro-app-alb application load balancer","name_prefix":"astro-app-alb-","revoke_rules_on_delete":false,"tags":{"Environment":"dev","Owner":"ariff.azman","Project":"astro","Terraform":"true","terraform-aws-modules":"alb"},"tags_all":{"Environment":"dev","Owner":"ariff.azman","Project":"astro","Terraform":"true","terraform-aws-modules":"alb"},"timeouts":null},"after_unknown":{"arn":true,"egress":true,"id":true,"ingress":true,"name":true,"owner_id":true,"tags":{},"tags_all":{},"vpc_id":true},"before_sensitive":false,"after_sensitive":{"egress":[],"ingress":[],"tags":{},"tags_all":{}}}},{"address":"module.app_asg.aws_autoscaling_group.this[0]","module_address":"module.app_asg","mode":"managed","type":"aws_autoscaling_group","name":"this","index":0,"provider_name":"registry.terraform.io/hashicorp/aws","change":{"actions":["create"],"before":null,"after":{"capacity_rebalance":null,"context":null,"default_instance_warmup":null,"desired_capacity":1,"desired_capacity_type":null,"enabled_metrics":null,"force_delete":false,"force_delete_warm_pool":false,"health_check_grace_period":300,"health_check_type":"ELB","ignore_failed_scaling_activities":false,"initial_lifecycle_hook":[],"instance_maintenance_policy":[],"instance_refresh":[{"preferences":[{"alarm_specification":[],"auto_rollback":null,"checkpoint_delay":null,"checkpoint_percentages":null,"instance_warmup":null,"max_healthy_percentage":100,"min_healthy_percentage":50,"scale_in_protected_instances":"Ignore","skip_matching":false,"standby_instances":"Ignore"}],"strategy":"Rolling","triggers":null}],"launch_configuration":null,"launch_template":[{}],"max_instance_lifetime":null,"max_size":1,"metrics_granularity":"1Minute","min_elb_capacity":null,"min_size":0,"name_prefix":"astro-app-asg-","placement_group":null,"protect_from_scale_in":false,"suspended_processes":null,"tag":[{"key":"Environment","propagate_at_launch":true,"value":"dev"},{"key":"Name","propagate_at_launch":true,"value":"astro-app-asg"},{"key":"Owner","propagate_at_launch":true,"value":"ariff.azman"},{"key":"Project","propagate_at_launch":true,"value":"astro"},{"key":"Terraform","propagate_at_launch":true,"value":"true"}],"termination_policies":[],"timeouts":{"delete":null,"update":null},"wait_for_capacity_timeout":"0","wait_for_elb_capacity":null,"warm_pool":[]},"after_unknown":{"arn":true,"availability_zone_distribution":true,"availability_zones":true,"default_cooldown":true,"id":true,"initial_lifecycle_hook":[],"instance_maintenance_policy":[],"instance_refresh":[{"preferences":[{"alarm_specification":[]}]}],"launch_template":[{"id":true,"name":true,"version":true}],"load_balancers":true,"mixed_instances_policy":true,"name":true,"predicted_capacity":true,"service_linked_role_arn":true,"tag":[{},{},{},{},{}],"target_group_arns":true,"termination_policies":[],"timeouts":{},"traffic_source":true,"vpc_zone_identifier":true,"warm_pool":[],"warm_pool_size":true},"before_sensitive":false,"after_sensitive":{"availability_zone_distribution":[],"availability_zones":[],"initial_lifecycle_hook":[],"instance_maintenance_policy":[],"instance_refresh":[{"preferences":[{"alarm_specification":[]}]}],"launch_template":[{}],"load_balancers":[],"mixed_instances_policy":[],"tag":[{},{},{},{},{}],"target_group_arns":[],"termination_policies":[],"timeouts":{},"traffic_source":[],"vpc_zone_identifier":[],"warm_pool":[]}}},{"address":"module.app_asg.aws_autoscaling_traffic_source_attachment.this[\"app-alb\"]","module_address":"module.app_asg","mode":"managed","type":"aws_autoscaling_traffic_source_attachment","name":"this","index":"app-alb","provider_name":"registry.terraform.io/hashicorp/aws","change":{"actions":["create"],"before":null,"after":{"timeouts":null,"traffic_source":[{"type":"elbv2"}]},"after_unknown":{"autoscaling_group_name":true,"id":true,"traffic_source":[{"identifier":true}]},"before_sensitive":false,"after_sensitive":{"traffic_source":[{}]}}},{"address":"module.app_asg.aws_launch_template.this[0]","module_address":"module.app_asg","mode":"managed","type":"aws_launch_template","name":"this","index":0,"provider_name":"registry.terraform.io/hashicorp/aws","change":{"actions":["create"],"before":null,"after":{"block_device_mappings":[],"capacity_reservation_specification":[],"cpu_options":[],"credit_specification":[],"description":null,"disable_api_stop":null,"disable_api_termination":null,"ebs_optimized":null,"elastic_gpu_specifications":[],"elastic_inference_accelerator":[],"enclave_options":[],"hibernation_options":[],"iam_instance_profile":[],"image_id":"ami-0f9575d3d509bae0c","instance_initiated_shutdown_behavior":null,"instance_market_options":[],"instance_requirements":[],"instance_type":"t2.micro","kernel_id":null,"key_name":null,"license_specification":[],"maintenance_options":[],"monitoring":[{"enabled":true}],"name_prefix":"astro-app-launch-template-","network_interfaces":[],"placement":[],"private_dns_name_options":[],"ram_disk_id":null,"security_group_names":null,"tag_specifications":[],"tags":{"Environment":"dev","Owner":"ariff.azman","Project":"astro","Terraform":"true"},"tags_all":{"Environment":"dev","Owner":"ariff.azman","Project":"astro","Terraform":"true"},"update_default_version":null,"user_data":"IyEvYmluL2Jhc2gKYXB0LWdldCB1cGRhdGUKYXB0LWdldCBpbnN0YWxsIC15IG5naW54IGRvY2tlci5pbyBhd3Nsb2dzCgojIENvbmZpZ3VyZSBDbG91ZFdhdGNoIExvZ3MKY2F0ID4vZXRjL2F3c2xvZ3MvYXdzbG9ncy5jb25mIDw8RU9GCltnZW5lcmFsXQpzdGF0ZV9maWxlID0gL3Zhci9saWIvYXdzbG9ncy9hZ2VudC1zdGF0ZQoKWy92YXIvbG9nL3N5c2xvZ10KZmlsZSA9IC92YXIvbG9nL3N5c2xvZwpsb2dfZ3JvdXBfbmFtZSA9IC9lYzIvYXBwbGljYXRpb24vc3lzbG9nCmxvZ19zdHJlYW1fbmFtZSA9IHtpbnN0YW5jZV9pZH0KZGF0ZXRpbWVfZm9ybWF0ID0gJWIgJWQgJUg6JU06JVMKClsvdmFyL2xvZy9uZ2lueC9hY2Nlc3MubG9nXQpmaWxlID0gL3Zhci9sb2cvbmdpbngvYWNjZXNzLmxvZwpsb2dfZ3JvdXBfbmFtZSA9IC9lYzIvYXBwbGljYXRpb24vbmdpbngtYWNjZXNzCmxvZ19zdHJlYW1fbmFtZSA9IHtpbnN0YW5jZV9pZH0KZGF0ZXRpbWVfZm9ybWF0ID0gJWQvJWIvJVk6JUg6JU06JVMgJXoKRU9GCgpzeXN0ZW1jdGwgZW5hYmxlIGF3c2xvZ3NkLnNlcnZpY2UKc3lzdGVtY3RsIHN0YXJ0IGF3c2xvZ3NkCnN5c3RlbWN0bCBlbmFibGUgZG9ja2VyCnN5c3RlbWN0bCBzdGFydCBkb2NrZXIKCmRvY2tlciBwdWxsIG5naW54OmxhdGVzdApkb2NrZXIgcnVuIC1kIC1wIDgwODA6ODAgbmdpbng6bGF0ZXN0CgplY2hvICJPSyIgPi92YXIvd3d3L2h0bWwvaGVhbHRoLmh0bWwK","vpc_security_group_ids":null},"after_unknown":{"arn":true,"block_device_mappings":[],"capacity_reservation_specification":[],"cpu_options":[],"credit_specification":[],"default_version":true,"elastic_gpu_specifications":[],"elastic_inference_accelerator":[],"enclave_options":[],"hibernation_options":[],"iam_instance_profile":[],"id":true,"instance_market_options":[],"instance_requirements":[],"latest_version":true,"license_specification":[],"maintenance_options":[],"metadata_options":true,"monitoring":[{}],"name":true,"network_interfaces":[],"placement":[],"private_dns_name_options":[],"tag_specifications":[],"tags":{},"tags_all":{}},"before_sensitive":false,"after_sensitive":{"block_device_mappings":[],"capacity_reservation_specification":[],"cpu_options":[],"credit_specification":[],"elastic_gpu_specifications":[],"elastic_inference_accelerator":[],"enclave_options":[],"hibernation_options":[],"iam_instance_profile":[],"instance_market_options":[],"instance_requirements":[],"license_specification":[],"maintenance_options":[],"metadata_options":[],"monitoring":[{}],"network_interfaces":[],"placement":[],"private_dns_name_options":[],"tag_specifications":[],"tags":{},"tags_all":{}}}},{"address":"module.app_iam_role.aws_iam_role.this[0]","module_address":"module.app_iam_role","mode":"managed","type":"aws_iam_role","name":"this","index":0,"provider_name":"registry.terraform.io/hashicorp/aws","change":{"actions":["create"],"before":null,"after":{"assume_role_policy":"{\"Statement\":[{\"Action\":[\"sts:TagSession\",\"sts:AssumeRole\"],\"Condition\":{\"Bool\":{\"aws:MultiFactorAuthPresent\":\"true\"},\"NumericLessThan\":{\"aws:MultiFactorAuthAge\":\"86400\"}},\"Effect\":\"Allow\",\"Principal\":{\"AWS\":[],\"Service\":\"ec2.amazonaws.com\"}}],\"Version\":\"2012-10-17\"}","description":"","force_detach_policies":false,"max_session_duration":3600,"name":"astro-app-role","path":"/","permissions_boundary":"","tags":null},"after_unknown":{"arn":true,"create_date":true,"id":true,"inline_policy":true,"managed_policy_arns":true,"name_prefix":true,"tags_all":true,"unique_id":true},"before_sensitive":false,"after_sensitive":{"inline_policy":[],"managed_policy_arns":[],"tags_all":{}}}},{"address":"module.app_iam_role.aws_iam_role_policy_attachment.custom[0]","module_address":"module.app_iam_role","mode":"managed","type":"aws_iam_role_policy_attachment","name":"custom","index":0,"provider_name":"registry.terraform.io/hashicorp/aws","change":{"actions":["create"],"before":null,"after":{"policy_arn":"arn:aws:iam::aws:policy/AmazonRDSFullAccess","role":"astro-app-role"},"after_unknown":{"id":true},"before_sensitive":false,"after_sensitive":{}}},{"address":"module.app_iam_role.aws_iam_role_policy_attachment.custom[1]","module_address":"module.app_iam_role","mode":"managed","type":"aws_iam_role_policy_attachment","name":"custom","index":1,"provider_name":"registry.terraform.io/hashicorp/aws","change":{"actions":["create"],"before":null,"after":{"policy_arn":"arn:aws:iam::aws:policy/CloudWatchFullAccess","role":"astro-app-role"},"after_unknown":{"id":true},"before_sensitive":false,"after_sensitive":{}}},{"address":"module.app_iam_role.aws_iam_role_policy_attachment.custom[2]","module_address":"module.app_iam_role","mode":"managed","type":"aws_iam_role_policy_attachment","name":"custom","index":2,"provider_name":"registry.terraform.io/hashicorp/aws","change":{"actions":["create"],"before":null,"after":{"policy_arn":"arn:aws:iam::aws:policy/AmazonS3ReadOnlyAccess","role":"astro-app-role"},"after_unknown":{"id":true},"before_sensitive":false,"after_sensitive":{}}},{"address":"module.app_security_group.aws_security_group.this_name_prefix[0]","module_address":"module.app_security_group","mode":"managed","type":"aws_security_group","name":"this_name_prefix","index":0,"provider_name":"registry.terraform.io/hashicorp/aws","change":{"actions":["create"],"before":null,"after":{"description":"Security group for application","name_prefix":"astro-app-sg-","revoke_rules_on_delete":false,"tags":{"Environment":"dev","Name":"astro-app-sg","Owner":"ariff.azman","Project":"astro","Terraform":"true"},"tags_all":{"Environment":"dev","Name":"astro-app-sg","Owner":"ariff.azman","Project":"astro","Terraform":"true"},"timeouts":{"create":"10m","delete":"15m"}},"after_unknown":{"arn":true,"egress":true,"id":true,"ingress":true,"name":true,"owner_id":true,"tags":{},"tags_all":{},"timeouts":{},"vpc_id":true},"before_sensitive":false,"after_sensitive":{"egress":[],"ingress":[],"tags":{},"tags_all":{},"timeouts":{}}}},{"address":"module.app_security_group.aws_security_group_rule.egress_with_cidr_blocks[0]","module_address":"module.app_security_group","mode":"managed","type":"aws_security_group_rule","name":"egress_with_cidr_blocks","index":0,"provider_name":"registry.terraform.io/hashicorp/aws","change":{"actions":["create"],"before":null,"after":{"cidr_blocks":["0.0.0.0/0"],"description":"Egress Rule","from_port":0,"ipv6_cidr_blocks":null,"prefix_list_ids":null,"protocol":"-1","self":false,"timeouts":null,"to_port":0,"type":"egress"},"after_unknown":{"cidr_blocks":[false],"id":true,"security_group_id":true,"security_group_rule_id":true,"source_security_group_id":true},"before_sensitive":false,"after_sensitive":{"cidr_blocks":[false]}}},{"address":"module.app_security_group.aws_security_group_rule.ingress_with_source_security_group_id[0]","module_address":"module.app_security_group","mode":"managed","type":"aws_security_group_rule","name":"ingress_with_source_security_group_id","index":0,"provider_name":"registry.terraform.io/hashicorp/aws","change":{"actions":["create"],"before":null,"after":{"cidr_blocks":null,"description":"Application port","from_port":8080,"ipv6_cidr_blocks":null,"prefix_list_ids":[],"protocol":"tcp","self":false,"timeouts":null,"to_port":8080,"type":"ingress"},"after_unknown":{"id":true,"prefix_list_ids":[],"security_group_id":true,"security_group_rule_id":true,"source_security_group_id":true},"before_sensitive":false,"after_sensitive":{"prefix_list_ids":[]}}},{"address":"module.db_security_group.aws_security_group.this_name_prefix[0]","module_address":"module.db_security_group","mode":"managed","type":"aws_security_group","name":"this_name_prefix","index":0,"provider_name":"registry.terraform.io/hashicorp/aws","change":{"actions":["create"],"before":null,"after":{"description":"Security group for database","name_prefix":"astro-database-sg-","revoke_rules_on_delete":false,"tags":{"Environment":"dev","Name":"astro-database-sg","Owner":"ariff.azman","Project":"astro","Terraform":"true"},"tags_all":{"Environment":"dev","Name":"astro-database-sg","Owner":"ariff.azman","Project":"astro","Terraform":"true"},"timeouts":{"create":"10m","delete":"15m"}},"after_unknown":{"arn":true,"egress":true,"id":true,"ingress":true,"name":true,"owner_id":true,"tags":{},"tags_all":{},"timeouts":{},"vpc_id":true},"before_sensitive":false,"after_sensitive":{"egress":[],"ingress":[],"tags":{},"tags_all":{},"timeouts":{}}}},{"address":"module.db_security_group.aws_security_group_rule.ingress_with_source_security_group_id[0]","module_address":"module.db_security_group","mode":"managed","type":"aws_security_group_rule","name":"ingress_with_source_security_group_id","index":0,"provider_name":"registry.terraform.io/hashicorp/aws","change":{"actions":["create"],"before":null,"after":{"cidr_blocks":null,"description":"MySQL","from_port":3306,"ipv6_cidr_blocks":null,"prefix_list_ids":[],"protocol":"tcp","self":false,"timeouts":null,"to_port":3306,"type":"ingress"},"after_unknown":{"id":true,"prefix_list_ids":[],"security_group_id":true,"security_group_rule_id":true,"source_security_group_id":true},"before_sensitive":false,"after_sensitive":{"prefix_list_ids":[]}}},{"address":"module.eks.data.aws_eks_addon_version.this[\"vpc-cni\"]","module_address":"module.eks","mode":"data","type":"aws_eks_addon_version","name":"this","index":"vpc-cni","provider_name":"registry.terraform.io/hashicorp/aws","change":{"actions":["read"],"before":null,"after":{"addon_name":"vpc-cni","kubernetes_version":"1.32","most_recent":true},"after_unknown":{"id":true,"version":true},"before_sensitive":false,"after_sensitive":{}},"action_reason":"read_because_dependency_pending"},{"address":"module.eks.data.tls_certificate.this[0]","module_address":"module.eks","mode":"data","type":"tls_certificate","name":"this","index":0,"provider_name":"registry.terraform.io/hashicorp/tls","change":{"actions":["read"],"before":null,"after":{"content":null,"verify_chain":null},"after_unknown":{"certificates":true,"id":true,"url":true},"before_sensitive":false,"after_sensitive":{"certificates":[]}},"action_reason":"read_because_config_unknown"},{"address":"module.eks.aws_cloudwatch_log_group.this[0]","module_address":"module.eks","mode":"managed","type":"aws_cloudwatch_log_group","name":"this","index":0,"provider_name":"registry.terraform.io/hashicorp/aws","change":{"actions":["create"],"before":null,"after":{"kms_key_id":null,"name":"/aws/eks/astro/cluster","retention_in_days":90,"skip_destroy":false,"tags":{"Name":"/aws/eks/astro/cluster"},"tags_all":{"Name":"/aws/eks/astro/cluster"}},"after_unknown":{"arn":true,"id":true,"log_group_class":true,"name_prefix":true,"tags":{},"tags_all":{}},"before_sensitive":false,"after_sensitive":{"tags":{},"tags_all":{}}}},{"address":"module.eks.aws_eks_addon.before_compute[\"vpc-cni\"]","module_address":"module.eks","mode":"managed","type":"aws_eks_addon","name":"before_compute","index":"vpc-cni","provider_name":"registry.terraform.io/hashicorp/aws","change":{"actions":["create"],"before":null,"after":{"addon_name":"vpc-cni","configuration_values":"{\"init\":{\"env\":{\"DISABLE_TCP_EARLY_DEMUX\":\"true\"}}}","pod_identity_association":[],"preserve":true,"resolve_conflicts":null,"resolve_conflicts_on_create":"OVERWRITE","resolve_conflicts_on_update":"OVERWRITE","service_account_role_arn":null,"tags":null,"timeouts":{"create":null,"delete":null,"update":null}},"after_unknown":{"addon_version":true,"arn":true,"cluster_name":true,"created_at":true,"id":true,"modified_at":true,"pod_identity_association":[],"tags_all":true,"timeouts":{}},"before_sensitive":false,"after_sensitive":{"pod_identity_association":[],"tags_all":{},"timeouts":{}}}},{"address":"module.eks.aws_eks_cluster.this[0]","module_address":"module.eks","mode":"managed","type":"aws_eks_cluster","name":"this","index":0,"provider_name":"registry.terraform.io/hashicorp/aws","change":{"actions":["create"],"before":null,"after":{"access_config":[{"authentication_mode":"API_AND_CONFIG_MAP","bootstrap_cluster_creator_admin_permissions":false}],"bootstrap_self_managed_addons":true,"compute_config":[],"enabled_cluster_log_types":["api","audit","authenticator"],"encryption_config":[{"provider":[{}],"resources":["secrets"]}],"kubernetes_network_config":[{"ip_family":"ipv4"}],"name":"astro","outpost_config":[],"remote_network_config":[],"storage_config":[],"tags":{"terraform-aws-modules":"eks"},"tags_all":{"terraform-aws-modules":"eks"},"timeouts":{"create":null,"delete":null,"update":null},"version":"1.32","vpc_config":[{"endpoint_private_access":true,"endpoint_public_access":false,"public_access_cidrs":["0.0.0.0/0"]}],"zonal_shift_config":[]},"after_unknown":{"access_config":[{}],"arn":true,"certificate_authority":true,"cluster_id":true,"compute_config":[],"created_at":true,"enabled_cluster_log_types":[false,false,false],"encryption_config":[{"provider":[{"key_arn":true}],"resources":[false]}],"endpoint":true,"id":true,"identity":true,"kubernetes_network_config":[{"elastic_load_balancing":true,"service_ipv4_cidr":true,"service_ipv6_cidr":true}],"outpost_config":[],"platform_version":true,"remote_network_config":[],"role_arn":true,"status":true,"storage_config":[],"tags":{},"tags_all":{},"timeouts":{},"upgrade_policy":true,"vpc_config":[{"cluster_security_group_id":true,"public_access_cidrs":[false],"security_group_ids":true,"subnet_ids":true,"vpc_id":true}],"zonal_shift_config":[]},"before_sensitive":false,"after_sensitive":{"access_config":[{}],"certificate_authority":[],"compute_config":[],"enabled_cluster_log_types":[false,false,false],"encryption_config":[{"provider":[{}],"resources":[false]}],"identity":[],"kubernetes_network_config":[{"elastic_load_balancing":[]}],"outpost_config":[],"remote_network_config":[],"storage_config":[],"tags":{},"tags_all":{},"timeouts":{},"upgrade_policy":[],"vpc_config":[{"public_access_cidrs":[false],"security_group_ids":[],"subnet_ids":[]}],"zonal_shift_config":[]}}},{"address":"module.eks.aws_iam_openid_connect_provider.oidc_provider[0]","module_address":"module.eks","mode":"managed","type":"aws_iam_openid_connect_provider","name":"oidc_provider","index":0,"provider_name":"registry.terraform.io/hashicorp/aws","change":{"actions":["create"],"before":null,"after":{"client_id_list":["sts.amazonaws.com"],"tags":{"Name":"astro-eks-irsa"},"tags_all":{"Name":"astro-eks-irsa"}},"after_unknown":{"arn":true,"client_id_list":[false],"id":true,"tags":{},"tags_all":{},"thumbprint_list":true,"url":true},"before_sensitive":false,"after_sensitive":{"client_id_list":[false],"tags":{},"tags_all":{},"thumbprint_list":[]}}},{"address":"module.eks.aws_iam_policy.cluster_encryption[0]","module_address":"module.eks","mode":"managed","type":"aws_iam_policy","name":"cluster_encryption","index":0,"provider_name":"registry.terraform.io/hashicorp/aws","change":{"actions":["create"],"before":null,"after":{"description":"Cluster encryption policy to allow cluster role to utilize CMK provided","name_prefix":"astro-cluster-ClusterEncryption","path":"/","tags":null},"after_unknown":{"arn":true,"attachment_count":true,"id":true,"name":true,"policy":true,"policy_id":true,"tags_all":true},"before_sensitive":false,"after_sensitive":{"tags_all":{}}}},{"address":"module.eks.aws_iam_policy.custom[0]","module_address":"module.eks","mode":"managed","type":"aws_iam_policy","name":"custom","index":0,"provider_name":"registry.terraform.io/hashicorp/aws","change":{"actions":["create"],"before":null,"after":{"description":null,"name_prefix":"astro-cluster-","path":"/","policy":"{\"Statement\":[{\"Action\":[\"ec2:RunInstances\",\"ec2:CreateLaunchTemplate\",\"ec2:CreateFleet\"],\"Condition\":{\"StringEquals\":{\"aws:RequestTag/eks:eks-cluster-name\":\"${aws:PrincipalTag/eks:eks-cluster-name}\"},\"StringLike\":{\"aws:RequestTag/eks:kubernetes-node-class-name\":\"*\",\"aws:RequestTag/eks:kubernetes-node-pool-name\":\"*\"}},\"Effect\":\"Allow\",\"Resource\":\"*\",\"Sid\":\"Compute\"},{\"Action\":[\"ec2:CreateVolume\",\"ec2:CreateSnapshot\"],\"Condition\":{\"StringEquals\":{\"aws:RequestTag/eks:eks-cluster-name\":\"${aws:PrincipalTag/eks:eks-cluster-name}\"}},\"Effect\":\"Allow\",\"Resource\":[\"arn:aws:ec2:*:*:volume/*\",\"arn:aws:ec2:*:*:snapshot/*\"],\"Sid\":\"Storage\"},{\"Action\":\"ec2:CreateNetworkInterface\",\"Condition\":{\"StringEquals\":{\"aws:RequestTag/eks:eks-cluster-name\":\"${aws:PrincipalTag/eks:eks-cluster-name}\",\"aws:RequestTag/eks:kubernetes-cni-node-name\":\"*\"}},\"Effect\":\"Allow\",\"Resource\":\"*\",\"Sid\":\"Networking\"},{\"Action\":[\"elasticloadbalancing:CreateTargetGroup\",\"elasticloadbalancing:CreateRule\",\"elasticloadbalancing:CreateLoadBalancer\",\"elasticloadbalancing:CreateListener\",\"ec2:CreateSecurityGroup\"],\"Condition\":{\"StringEquals\":{\"aws:RequestTag/eks:eks-cluster-name\":\"${aws:PrincipalTag/eks:eks-cluster-name}\"}},\"Effect\":\"Allow\",\"Resource\":\"*\",\"Sid\":\"LoadBalancer\"},{\"Action\":\"shield:CreateProtection\",\"Condition\":{\"StringEquals\":{\"aws:RequestTag/eks:eks-cluster-name\":\"${aws:PrincipalTag/eks:eks-cluster-name}\"}},\"Effect\":\"Allow\",\"Resource\":\"*\",\"Sid\":\"ShieldProtection\"},{\"Action\":\"shield:TagResource\",\"Condition\":{\"StringEquals\":{\"aws:RequestTag/eks:eks-cluster-name\":\"${aws:PrincipalTag/eks:eks-cluster-name}\"}},\"Effect\":\"Allow\",\"Resource\":\"arn:aws:shield::*:protection/*\",\"Sid\":\"ShieldTagResource\"}],\"Version\":\"2012-10-17\"}","tags":null},"after_unknown":{"arn":true,"attachment_count":true,"id":true,"name":true,"policy_id":true,"tags_all":true},"before_sensitive":false,"after_sensitive":{"tags_all":{}}}},{"address":"module.eks.aws_iam_role.this[0]","module_address":"module.eks","mode":"managed","type":"aws_iam_role","name":"this","index":0,"provider_name":"registry.terraform.io/hashicorp/aws","change":{"actions":["create"],"before":null,"after":{"assume_role_policy":"{\"Statement\":[{\"Action\":[\"sts:TagSession\",\"sts:AssumeRole\"],\"Effect\":\"Allow\",\"Principal\":{\"Service\":\"eks.amazonaws.com\"},\"Sid\":\"EKSClusterAssumeRole\"}],\"Version\":\"2012-10-17\"}","description":null,"force_detach_policies":true,"max_session_duration":3600,"name_prefix":"astro-cluster-","path":"/","permissions_boundary":null,"tags":null},"after_unknown":{"arn":true,"create_date":true,"id":true,"inline_policy":true,"managed_policy_arns":true,"name":true,"tags_all":true,"unique_id":true},"before_sensitive":false,"after_sensitive":{"inline_policy":[],"managed_policy_arns":[],"tags_all":{}}}},{"address":"module.eks.aws_iam_role_policy_attachment.cluster_encryption[0]","module_address":"module.eks","mode":"managed","type":"aws_iam_role_policy_attachment","name":"cluster_encryption","index":0,"provider_name":"registry.terraform.io/hashicorp/aws","change":{"actions":["create"],"before":null,"after":{},"after_unknown":{"id":true,"policy_arn":true,"role":true},"before_sensitive":false,"after_sensitive":{}}},{"address":"module.eks.aws_iam_role_policy_attachment.custom[0]","module_address":"module.eks","mode":"managed","type":"aws_iam_role_policy_attachment","name":"custom","index":0,"provider_name":"registry.terraform.io/hashicorp/aws","change":{"actions":["create"],"before":null,"after":{},"after_unknown":{"id":true,"policy_arn":true,"role":true},"before_sensitive":false,"after_sensitive":{}}},{"address":"module.eks.aws_iam_role_policy_attachment.this[\"AmazonEKSClusterPolicy\"]","module_address":"module.eks","mode":"managed","type":"aws_iam_role_policy_attachment","name":"this","index":"AmazonEKSClusterPolicy","provider_name":"registry.terraform.io/hashicorp/aws","change":{"actions":["create"],"before":null,"after":{"policy_arn":"arn:aws:iam::aws:policy/AmazonEKSClusterPolicy"},"after_unknown":{"id":true,"role":true},"before_sensitive":false,"after_sensitive":{}}},{"address":"module.eks.aws_iam_role_policy_attachment.this[\"AmazonEKSVPCResourceController\"]","module_address":"module.eks","mode":"managed","type":"aws_iam_role_policy_attachment","name":"this","index":"AmazonEKSVPCResourceController","provider_name":"registry.terraform.io/hashicorp/aws","change":{"actions":["create"],"before":null,"after":{"policy_arn":"arn:aws:iam::aws:policy/AmazonEKSVPCResourceController"},"after_unknown":{"id":true,"role":true},"before_sensitive":false,"after_sensitive":{}}},{"address":"module.eks.aws_security_group.cluster[0]","module_address":"module.eks","mode":"managed","type":"aws_security_group","name":"cluster","index":0,"provider_name":"registry.terraform.io/hashicorp/aws","change":{"actions":["create"],"before":null,"after":{"description":"EKS cluster security group","name_prefix":"astro-cluster-","revoke_rules_on_delete":false,"tags":{"Name":"astro-cluster"},"tags_all":{"Name":"astro-cluster"},"timeouts":null},"after_unknown":{"arn":true,"egress":true,"id":true,"ingress":true,"name":true,"owner_id":true,"tags":{},"tags_all":{},"vpc_id":true},"before_sensitive":false,"after_sensitive":{"egress":[],"ingress":[],"tags":{},"tags_all":{}}}},{"address":"module.eks.aws_security_group.node[0]","module_address":"module.eks","mode":"managed","type":"aws_security_group","name":"node","index":0,"provider_name":"registry.terraform.io/hashicorp/aws","change":{"actions":["create"],"before":null,"after":{"description":"EKS node shared security group","name_prefix":"astro-node-","revoke_rules_on_delete":false,"tags":{"Name":"astro-node","kubernetes.io/cluster/astro":"owned"},"tags_all":{"Name":"astro-node","kubernetes.io/cluster/astro":"owned"},"timeouts":null},"after_unknown":{"arn":true,"egress":true,"id":true,"ingress":true,"name":true,"owner_id":true,"tags":{},"tags_all":{},"vpc_id":true},"before_sensitive":false,"after_sensitive":{"egress":[],"ingress":[],"tags":{},"tags_all":{}}}},{"address":"module.eks.aws_security_group_rule.cluster[\"ingress_nodes_443\"]","module_address":"module.eks","mode":"managed","type":"aws_security_group_rule","name":"cluster","index":"ingress_nodes_443","provider_name":"registry.terraform.io/hashicorp/aws","change":{"actions":["create"],"before":null,"after":{"cidr_blocks":null,"description":"Node groups to cluster API","from_port":443,"ipv6_cidr_blocks":null,"prefix_list_ids":null,"protocol":"tcp","self":false,"timeouts":null,"to_port":443,"type":"ingress"},"after_unknown":{"id":true,"security_group_id":true,"security_group_rule_id":true,"source_security_group_id":true},"before_sensitive":false,"after_sensitive":{}}},{"address":"module.eks.aws_security_group_rule.node[\"egress_all\"]","module_address":"module.eks","mode":"managed","type":"aws_security_group_rule","name":"node","index":"egress_all","provider_name":"registry.terraform.io/hashicorp/aws","change":{"actions":["create"],"before":null,"after":{"cidr_blocks":["0.0.0.0/0"],"description":"Allow all egress","from_port":0,"ipv6_cidr_blocks":null,"prefix_list_ids":[],"protocol":"-1","self":false,"timeouts":null,"to_port":0,"type":"egress"},"after_unknown":{"cidr_blocks":[false],"id":true,"prefix_list_ids":[],"security_group_id":true,"security_group_rule_id":true,"source_security_group_id":true},"before_sensitive":false,"after_sensitive":{"cidr_blocks":[false],"prefix_list_ids":[]}}},{"address":"module.eks.aws_security_group_rule.node[\"ingress_cluster_443\"]","module_address":"module.eks","mode":"managed","type":"aws_security_group_rule","name":"node","index":"ingress_cluster_443","provider_name":"registry.terraform.io/hashicorp/aws","change":{"actions":["create"],"before":null,"after":{"cidr_blocks":null,"description":"Cluster API to node groups","from_port":443,"ipv6_cidr_blocks":null,"prefix_list_ids":[],"protocol":"tcp","self":false,"timeouts":null,"to_port":443,"type":"ingress"},"after_unknown":{"id":true,"prefix_list_ids":[],"security_group_id":true,"security_group_rule_id":true,"source_security_group_id":true},"before_sensitive":false,"after_sensitive":{"prefix_list_ids":[]}}},{"address":"module.eks.aws_security_group_rule.node[\"ingress_cluster_4443_webhook\"]","module_address":"module.eks","mode":"managed","type":"aws_security_group_rule","name":"node","index":"ingress_cluster_4443_webhook","provider_name":"registry.terraform.io/hashicorp/aws","change":{"actions":["create"],"before":null,"after":{"cidr_blocks":null,"description":"Cluster API to node 4443/tcp webhook","from_port":4443,"ipv6_cidr_blocks":null,"prefix_list_ids":[],"protocol":"tcp","self":false,"timeouts":null,"to_port":4443,"type":"ingress"},"after_unknown":{"id":true,"prefix_list_ids":[],"security_group_id":true,"security_group_rule_id":true,"source_security_group_id":true},"before_sensitive":false,"after_sensitive":{"prefix_list_ids":[]}}},{"address":"module.eks.aws_security_group_rule.node[\"ingress_cluster_6443_webhook\"]","module_address":"module.eks","mode":"managed","type":"aws_security_group_rule","name":"node","index":"ingress_cluster_6443_webhook","provider_name":"registry.terraform.io/hashicorp/aws","change":{"actions":["create"],"before":null,"after":{"cidr_blocks":null,"description":"Cluster API to node 6443/tcp webhook","from_port":6443,"ipv6_cidr_blocks":null,"prefix_list_ids":[],"protocol":"tcp","self":false,"timeouts":null,"to_port":6443,"type":"ingress"},"after_unknown":{"id":true,"prefix_list_ids":[],"security_group_id":true,"security_group_rule_id":true,"source_security_group_id":true},"before_sensitive":false,"after_sensitive":{"prefix_list_ids":[]}}},{"address":"module.eks.aws_security_group_rule.node[\"ingress_cluster_8443_webhook\"]","module_address":"module.eks","mode":"managed","type":"aws_security_group_rule","name":"node","index":"ingress_cluster_8443_webhook","provider_name":"registry.terraform.io/hashicorp/aws","change":{"actions":["create"],"before":null,"after":{"cidr_blocks":null,"description":"Cluster API to node 8443/tcp webhook","from_port":8443,"ipv6_cidr_blocks":null,"prefix_list_ids":[],"protocol":"tcp","self":false,"timeouts":null,"to_port":8443,"type":"ingress"},"after_unknown":{"id":true,"prefix_list_ids":[],"security_group_id":true,"security_group_rule_id":true,"source_security_group_id":true},"before_sensitive":false,"after_sensitive":{"prefix_list_ids":[]}}},{"address":"module.eks.aws_security_group_rule.node[\"ingress_cluster_9443_webhook\"]","module_address":"module.eks","mode":"managed","type":"aws_security_group_rule","name":"node","index":"ingress_cluster_9443_webhook","provider_name":"registry.terraform.io/hashicorp/aws","change":{"actions":["create"],"before":null,"after":{"cidr_blocks":null,"description":"Cluster API to node 9443/tcp webhook","from_port":9443,"ipv6_cidr_blocks":null,"prefix_list_ids":[],"protocol":"tcp","self":false,"timeouts":null,"to_port":9443,"type":"ingress"},"after_unknown":{"id":true,"prefix_list_ids":[],"security_group_id":true,"security_group_rule_id":true,"source_security_group_id":true},"before_sensitive":false,"after_sensitive":{"prefix_list_ids":[]}}},{"address":"module.eks.aws_security_group_rule.node[\"ingress_cluster_kubelet\"]","module_address":"module.eks","mode":"managed","type":"aws_security_group_rule","name":"node","index":"ingress_cluster_kubelet","provider_name":"registry.terraform.io/hashicorp/aws","change":{"actions":["create"],"before":null,"after":{"cidr_blocks":null,"description":"Cluster API to node kubelets","from_port":10250,"ipv6_cidr_blocks":null,"prefix_list_ids":[],"protocol":"tcp","self":false,"timeouts":null,"to_port":10250,"type":"ingress"},"after_unknown":{"id":true,"prefix_list_ids":[],"security_group_id":true,"security_group_rule_id":true,"source_security_group_id":true},"before_sensitive":false,"after_sensitive":{"prefix_list_ids":[]}}},{"address":"module.eks.aws_security_group_rule.node[\"ingress_nodes_ephemeral\"]","module_address":"module.eks","mode":"managed","type":"aws_security_group_rule","name":"node","index":"ingress_nodes_ephemeral","provider_name":"registry.terraform.io/hashicorp/aws","change":{"actions":["create"],"before":null,"after":{"cidr_blocks":null,"description":"Node to node ingress on ephemeral ports","from_port":1025,"ipv6_cidr_blocks":null,"prefix_list_ids":[],"protocol":"tcp","self":true,"timeouts":null,"to_port":65535,"type":"ingress"},"after_unknown":{"id":true,"prefix_list_ids":[],"security_group_id":true,"security_group_rule_id":true,"source_security_group_id":true},"before_sensitive":false,"after_sensitive":{"prefix_list_ids":[]}}},{"address":"module.eks.aws_security_group_rule.node[\"ingress_self_coredns_tcp\"]","module_address":"module.eks","mode":"managed","type":"aws_security_group_rule","name":"node","index":"ingress_self_coredns_tcp","provider_name":"registry.terraform.io/hashicorp/aws","change":{"actions":["create"],"before":null,"after":{"cidr_blocks":null,"description":"Node to node CoreDNS","from_port":53,"ipv6_cidr_blocks":null,"prefix_list_ids":[],"protocol":"tcp","self":true,"timeouts":null,"to_port":53,"type":"ingress"},"after_unknown":{"id":true,"prefix_list_ids":[],"security_group_id":true,"security_group_rule_id":true,"source_security_group_id":true},"before_sensitive":false,"after_sensitive":{"prefix_list_ids":[]}}},{"address":"module.eks.aws_security_group_rule.node[\"ingress_self_coredns_udp\"]","module_address":"module.eks","mode":"managed","type":"aws_security_group_rule","name":"node","index":"ingress_self_coredns_udp","provider_name":"registry.terraform.io/hashicorp/aws","change":{"actions":["create"],"before":null,"after":{"cidr_blocks":null,"description":"Node to node CoreDNS UDP","from_port":53,"ipv6_cidr_blocks":null,"prefix_list_ids":[],"protocol":"udp","self":true,"timeouts":null,"to_port":53,"type":"ingress"},"after_unknown":{"id":true,"prefix_list_ids":[],"security_group_id":true,"security_group_rule_id":true,"source_security_group_id":true},"before_sensitive":false,"after_sensitive":{"prefix_list_ids":[]}}},{"address":"module.eks.time_sleep.this[0]","module_address":"module.eks","mode":"managed","type":"time_sleep","name":"this","index":0,"provider_name":"registry.terraform.io/hashicorp/time","change":{"actions":["create"],"before":null,"after":{"create_duration":"30s","destroy_duration":null,"triggers":{"cluster_version":"1.32"}},"after_unknown":{"id":true,"triggers":{"cluster_certificate_authority_data":true,"cluster_endpoint":true,"cluster_name":true,"cluster_service_cidr":true}},"before_sensitive":false,"after_sensitive":{"triggers":{}}}},{"address":"module.route53_records.data.aws_route53_zone.this[0]","module_address":"module.route53_records","mode":"data","type":"aws_route53_zone","name":"this","index":0,"provider_name":"registry.terraform.io/hashicorp/aws","change":{"actions":["read"],"before":null,"after":{"name":"astro.opariffazman.com","private_zone":false},"after_unknown":{"arn":true,"caller_reference":true,"comment":true,"id":true,"linked_service_description":true,"linked_service_principal":true,"name_servers":true,"primary_name_server":true,"resource_record_set_count":true,"tags":true,"vpc_id":true,"zone_id":true},"before_sensitive":false,"after_sensitive":{"name_servers":[],"tags":{}}},"action_reason":"read_because_dependency_pending"},{"address":"module.route53_records.aws_route53_record.this[\"app A\"]","module_address":"module.route53_records","mode":"managed","type":"aws_route53_record","name":"this","index":"app A","provider_name":"registry.terraform.io/hashicorp/aws","change":{"actions":["create"],"before":null,"after":{"alias":[{"evaluate_target_health":false}],"allow_overwrite":false,"cidr_routing_policy":[],"failover_routing_policy":[],"geolocation_routing_policy":[],"geoproximity_routing_policy":[],"health_check_id":null,"latency_routing_policy":[],"multivalue_answer_routing_policy":null,"name":"app.astro.opariffazman.com","records":null,"set_identifier":null,"ttl":null,"type":"A","weighted_routing_policy":[]},"after_unknown":{"alias":[{"name":true,"zone_id":true}],"cidr_routing_policy":[],"failover_routing_policy":[],"fqdn":true,"geolocation_routing_policy":[],"geoproximity_routing_policy":[],"id":true,"latency_routing_policy":[],"weighted_routing_policy":[],"zone_id":true},"before_sensitive":false,"after_sensitive":{"alias":[{}],"cidr_routing_policy":[],"failover_routing_policy":[],"geolocation_routing_policy":[],"geoproximity_routing_policy":[],"latency_routing_policy":[],"weighted_routing_policy":[]}}},{"address":"module.route53_records.aws_route53_record.this[\"db CNAME\"]","module_address":"module.route53_records","mode":"managed","type":"aws_route53_record","name":"this","index":"db CNAME","provider_name":"registry.terraform.io/hashicorp/aws","change":{"actions":["create"],"before":null,"after":{"alias":[],"allow_overwrite":false,"cidr_routing_policy":[],"failover_routing_policy":[],"geolocation_routing_policy":[],"geoproximity_routing_policy":[],"health_check_id":null,"latency_routing_policy":[],"multivalue_answer_routing_policy":null,"name":"db.astro.opariffazman.com","set_identifier":null,"ttl":null,"type":"CNAME","weighted_routing_policy":[]},"after_unknown":{"alias":[],"cidr_routing_policy":[],"failover_routing_policy":[],"fqdn":true,"geolocation_routing_policy":[],"geoproximity_routing_policy":[],"id":true,"latency_routing_policy":[],"records":true,"weighted_routing_policy":[],"zone_id":true},"before_sensitive":false,"after_sensitive":{"alias":[],"cidr_routing_policy":[],"failover_routing_policy":[],"geolocation_routing_policy":[],"geoproximity_routing_policy":[],"latency_routing_policy":[],"records":[],"weighted_routing_policy":[]}}},{"address":"module.route53_zones.aws_route53_zone.this[\"astro.opariffazman.com\"]","module_address":"module.route53_zones","mode":"managed","type":"aws_route53_zone","name":"this","index":"astro.opariffazman.com","provider_name":"registry.terraform.io/hashicorp/aws","change":{"actions":["create"],"before":null,"after":{"comment":"Private hosted zone for astro applications","delegation_set_id":null,"force_destroy":false,"name":"astro.opariffazman.com","tags":{"Environment":"dev","Owner":"ariff.azman","Project":"astro","Terraform":"true"},"tags_all":{"Environment":"dev","Owner":"ariff.azman","Project":"astro","Terraform":"true"}},"after_unknown":{"arn":true,"id":true,"name_servers":true,"primary_name_server":true,"tags":{},"tags_all":{},"vpc":true,"zone_id":true},"before_sensitive":false,"after_sensitive":{"name_servers":[],"tags":{},"tags_all":{},"vpc":[]}}},{"address":"module.vpc.aws_db_subnet_group.database[0]","module_address":"module.vpc","mode":"managed","type":"aws_db_subnet_group","name":"database","index":0,"provider_name":"registry.terraform.io/hashicorp/aws","change":{"actions":["create"],"before":null,"after":{"description":"Database subnet group for astro-vpc","name":"astro-vpc","tags":{"Environment":"dev","Name":"astro-vpc","Owner":"ariff.azman","Project":"astro","Terraform":"true"},"tags_all":{"Environment":"dev","Name":"astro-vpc","Owner":"ariff.azman","Project":"astro","Terraform":"true"}},"after_unknown":{"arn":true,"id":true,"name_prefix":true,"subnet_ids":true,"supported_network_types":true,"tags":{},"tags_all":{},"vpc_id":true},"before_sensitive":false,"after_sensitive":{"subnet_ids":[],"supported_network_types":[],"tags":{},"tags_all":{}}}},{"address":"module.vpc.aws_default_network_acl.this[0]","module_address":"module.vpc","mode":"managed","type":"aws_default_network_acl","name":"this","index":0,"provider_name":"registry.terraform.io/hashicorp/aws","change":{"actions":["create"],"before":null,"after":{"egress":[{"action":"allow","cidr_block":"","from_port":0,"icmp_code":null,"icmp_type":null,"ipv6_cidr_block":"::/0","protocol":"-1","rule_no":101,"to_port":0},{"action":"allow","cidr_block":"0.0.0.0/0","from_port":0,"icmp_code":null,"icmp_type":null,"ipv6_cidr_block":"","protocol":"-1","rule_no":100,"to_port":0}],"ingress":[{"action":"allow","cidr_block":"","from_port":0,"icmp_code":null,"icmp_type":null,"ipv6_cidr_block":"::/0","protocol":"-1","rule_no":101,"to_port":0},{"action":"allow","cidr_block":"0.0.0.0/0","from_port":0,"icmp_code":null,"icmp_type":null,"ipv6_cidr_block":"","protocol":"-1","rule_no":100,"to_port":0}],"subnet_ids":null,"tags":{"Environment":"dev","Name":"astro-vpc-default","Owner":"ariff.azman","Project":"astro","Terraform":"true"},"tags_all":{"Environment":"dev","Name":"astro-vpc-default","Owner":"ariff.azman","Project":"astro","Terraform":"true"}},"after_unknown":{"arn":true,"default_network_acl_id":true,"egress":[{},{}],"id":true,"ingress":[{},{}],"owner_id":true,"tags":{},"tags_all":{},"vpc_id":true},"before_sensitive":false,"after_sensitive":{"egress":[{},{}],"ingress":[{},{}],"tags":{},"tags_all":{}}}},{"address":"module.vpc.aws_default_route_table.default[0]","module_address":"module.vpc","mode":"managed","type":"aws_default_route_table","name":"default","index":0,"provider_name":"registry.terraform.io/hashicorp/aws","change":{"actions":["create"],"before":null,"after":{"propagating_vgws":null,"tags":{"Environment":"dev","Name":"astro-vpc-default","Owner":"ariff.azman","Project":"astro","Terraform":"true"},"tags_all":{"Environment":"dev","Name":"astro-vpc-default","Owner":"ariff.azman","Project":"astro","Terraform":"true"},"timeouts":{"create":"5m","update":"5m"}},"after_unknown":{"arn":true,"default_route_table_id":true,"id":true,"owner_id":true,"route":true,"tags":{},"tags_all":{},"timeouts":{},"vpc_id":true},"before_sensitive":false,"after_sensitive":{"route":[],"tags":{},"tags_all":{},"timeouts":{}}}},{"address":"module.vpc.aws_default_security_group.this[0]","module_address":"module.vpc","mode":"managed","type":"aws_default_security_group","name":"this","index":0,"provider_name":"registry.terraform.io/hashicorp/aws","change":{"actions":["create"],"before":null,"after":{"revoke_rules_on_delete":false,"tags":{"Environment":"dev","Name":"astro-vpc-default","Owner":"ariff.azman","Project":"astro","Terraform":"true"},"tags_all":{"Environment":"dev","Name":"astro-vpc-default","Owner":"ariff.azman","Project":"astro","Terraform":"true"}},"after_unknown":{"arn":true,"description":true,"egress":true,"id":true,"ingress":true,"name":true,"name_prefix":true,"owner_id":true,"tags":{},"tags_all":{},"vpc_id":true},"before_sensitive":false,"after_sensitive":{"egress":[],"ingress":[],"tags":{},"tags_all":{}}}},{"address":"module.vpc.aws_eip.nat[0]","module_address":"module.vpc","mode":"managed","type":"aws_eip","name":"nat","index":0,"provider_name":"registry.terraform.io/hashicorp/aws","change":{"actions":["create"],"before":null,"after":{"address":null,"associate_with_private_ip":null,"customer_owned_ipv4_pool":null,"domain":"vpc","tags":{"Environment":"dev","Name":"astro-vpc-us-east-1a","Owner":"ariff.azman","Project":"astro","Terraform":"true"},"tags_all":{"Environment":"dev","Name":"astro-vpc-us-east-1a","Owner":"ariff.azman","Project":"astro","Terraform":"true"},"timeouts":null},"after_unknown":{"allocation_id":true,"arn":true,"association_id":true,"carrier_ip":true,"customer_owned_ip":true,"id":true,"instance":true,"ipam_pool_id":true,"network_border_group":true,"network_interface":true,"private_dns":true,"private_ip":true,"ptr_record":true,"public_dns":true,"public_ip":true,"public_ipv4_pool":true,"tags":{},"tags_all":{},"vpc":true},"before_sensitive":false,"after_sensitive":{"tags":{},"tags_all":{}}}},{"address":"module.vpc.aws_internet_gateway.this[0]","module_address":"module.vpc","mode":"managed","type":"aws_internet_gateway","name":"this","index":0,"provider_name":"registry.terraform.io/hashicorp/aws","change":{"actions":["create"],"before":null,"after":{"tags":{"Environment":"dev","Name":"astro-vpc","Owner":"ariff.azman","Project":"astro","Terraform":"true"},"tags_all":{"Environment":"dev","Name":"astro-vpc","Owner":"ariff.azman","Project":"astro","Terraform":"true"},"timeouts":null},"after_unknown":{"arn":true,"id":true,"owner_id":true,"tags":{},"tags_all":{},"vpc_id":true},"before_sensitive":false,"after_sensitive":{"tags":{},"tags_all":{}}}},{"address":"module.vpc.aws_nat_gateway.this[0]","module_address":"module.vpc","mode":"managed","type":"aws_nat_gateway","name":"this","index":0,"provider_name":"registry.terraform.io/hashicorp/aws","change":{"actions":["create"],"before":null,"after":{"connectivity_type":"public","secondary_allocation_ids":null,"tags":{"Environment":"dev","Name":"astro-vpc-us-east-1a","Owner":"ariff.azman","Project":"astro","Terraform":"true"},"tags_all":{"Environment":"dev","Name":"astro-vpc-us-east-1a","Owner":"ariff.azman","Project":"astro","Terraform":"true"},"timeouts":null},"after_unknown":{"allocation_id":true,"association_id":true,"id":true,"network_interface_id":true,"private_ip":true,"public_ip":true,"secondary_private_ip_address_count":true,"secondary_private_ip_addresses":true,"subnet_id":true,"tags":{},"tags_all":{}},"before_sensitive":false,"after_sensitive":{"secondary_private_ip_addresses":[],"tags":{},"tags_all":{}}}},{"address":"module.vpc.aws_route.private_nat_gateway[0]","module_address":"module.vpc","mode":"managed","type":"aws_route","name":"private_nat_gateway","index":0,"provider_name":"registry.terraform.io/hashicorp/aws","change":{"actions":["create"],"before":null,"after":{"carrier_gateway_id":null,"core_network_arn":null,"destination_cidr_block":"0.0.0.0/0","destination_ipv6_cidr_block":null,"destination_prefix_list_id":null,"egress_only_gateway_id":null,"gateway_id":null,"local_gateway_id":null,"timeouts":{"create":"5m","delete":null,"update":null},"transit_gateway_id":null,"vpc_endpoint_id":null,"vpc_peering_connection_id":null},"after_unknown":{"id":true,"instance_id":true,"instance_owner_id":true,"nat_gateway_id":true,"network_interface_id":true,"origin":true,"route_table_id":true,"state":true,"timeouts":{}},"before_sensitive":false,"after_sensitive":{"timeouts":{}}}},{"address":"module.vpc.aws_route.public_internet_gateway[0]","module_address":"module.vpc","mode":"managed","type":"aws_route","name":"public_internet_gateway","index":0,"provider_name":"registry.terraform.io/hashicorp/aws","change":{"actions":["create"],"before":null,"after":{"carrier_gateway_id":null,"core_network_arn":null,"destination_cidr_block":"0.0.0.0/0","destination_ipv6_cidr_block":null,"destination_prefix_list_id":null,"egress_only_gateway_id":null,"local_gateway_id":null,"nat_gateway_id":null,"timeouts":{"create":"5m","delete":null,"update":null},"transit_gateway_id":null,"vpc_endpoint_id":null,"vpc_peering_connection_id":null},"after_unknown":{"gateway_id":true,"id":true,"instance_id":true,"instance_owner_id":true,"network_interface_id":true,"origin":true,"route_table_id":true,"state":true,"timeouts":{}},"before_sensitive":false,"after_sensitive":{"timeouts":{}}}},{"address":"module.vpc.aws_route_table.private[0]","module_address":"module.vpc","mode":"managed","type":"aws_route_table","name":"private","index":0,"provider_name":"registry.terraform.io/hashicorp/aws","change":{"actions":["create"],"before":null,"after":{"tags":{"Environment":"dev","Name":"astro-vpc-private","Owner":"ariff.azman","Project":"astro","Terraform":"true"},"tags_all":{"Environment":"dev","Name":"astro-vpc-private","Owner":"ariff.azman","Project":"astro","Terraform":"true"},"timeouts":null},"after_unknown":{"arn":true,"id":true,"owner_id":true,"propagating_vgws":true,"route":true,"tags":{},"tags_all":{},"vpc_id":true},"before_sensitive":false,"after_sensitive":{"propagating_vgws":[],"route":[],"tags":{},"tags_all":{}}}},{"address":"module.vpc.aws_route_table.public[0]","module_address":"module.vpc","mode":"managed","type":"aws_route_table","name":"public","index":0,"provider_name":"registry.terraform.io/hashicorp/aws","change":{"actions":["create"],"before":null,"after":{"tags":{"Environment":"dev","Name":"astro-vpc-public","Owner":"ariff.azman","Project":"astro","Terraform":"true"},"tags_all":{"Environment":"dev","Name":"astro-vpc-public","Owner":"ariff.azman","Project":"astro","Terraform":"true"},"timeouts":null},"after_unknown":{"arn":true,"id":true,"owner_id":true,"propagating_vgws":true,"route":true,"tags":{},"tags_all":{},"vpc_id":true},"before_sensitive":false,"after_sensitive":{"propagating_vgws":[],"route":[],"tags":{},"tags_all":{}}}},{"address":"module.vpc.aws_route_table_association.database[0]","module_address":"module.vpc","mode":"managed","type":"aws_route_table_association","name":"database","index":0,"provider_name":"registry.terraform.io/hashicorp/aws","change":{"actions":["create"],"before":null,"after":{"gateway_id":null,"timeouts":null},"after_unknown":{"id":true,"route_table_id":true,"subnet_id":true},"before_sensitive":false,"after_sensitive":{}}},{"address":"module.vpc.aws_route_table_association.database[1]","module_address":"module.vpc","mode":"managed","type":"aws_route_table_association","name":"database","index":1,"provider_name":"registry.terraform.io/hashicorp/aws","change":{"actions":["create"],"before":null,"after":{"gateway_id":null,"timeouts":null},"after_unknown":{"id":true,"route_table_id":true,"subnet_id":true},"before_sensitive":false,"after_sensitive":{}}},{"address":"module.vpc.aws_route_table_association.private[0]","module_address":"module.vpc","mode":"managed","type":"aws_route_table_association","name":"private","index":0,"provider_name":"registry.terraform.io/hashicorp/aws","change":{"actions":["create"],"before":null,"after":{"gateway_id":null,"timeouts":null},"after_unknown":{"id":true,"route_table_id":true,"subnet_id":true},"before_sensitive":false,"after_sensitive":{}}},{"address":"module.vpc.aws_route_table_association.private[1]","module_address":"module.vpc","mode":"managed","type":"aws_route_table_association","name":"private","index":1,"provider_name":"registry.terraform.io/hashicorp/aws","change":{"actions":["create"],"before":null,"after":{"gateway_id":null,"timeouts":null},"after_unknown":{"id":true,"route_table_id":true,"subnet_id":true},"before_sensitive":false,"after_sensitive":{}}},{"address":"module.vpc.aws_route_table_association.public[0]","module_address":"module.vpc","mode":"managed","type":"aws_route_table_association","name":"public","index":0,"provider_name":"registry.terraform.io/hashicorp/aws","change":{"actions":["create"],"before":null,"after":{"gateway_id":null,"timeouts":null},"after_unknown":{"id":true,"route_table_id":true,"subnet_id":true},"before_sensitive":false,"after_sensitive":{}}},{"address":"module.vpc.aws_route_table_association.public[1]","module_address":"module.vpc","mode":"managed","type":"aws_route_table_association","name":"public","index":1,"provider_name":"registry.terraform.io/hashicorp/aws","change":{"actions":["create"],"before":null,"after":{"gateway_id":null,"timeouts":null},"after_unknown":{"id":true,"route_table_id":true,"subnet_id":true},"before_sensitive":false,"after_sensitive":{}}},{"address":"module.vpc.aws_subnet.database[0]","module_address":"module.vpc","mode":"managed","type":"aws_subnet","name":"database","index":0,"provider_name":"registry.terraform.io/hashicorp/aws","change":{"actions":["create"],"before":null,"after":{"assign_ipv6_address_on_creation":false,"availability_zone":"us-east-1a","cidr_block":"10.0.201.0/24","customer_owned_ipv4_pool":null,"enable_dns64":false,"enable_lni_at_device_index":null,"enable_resource_name_dns_a_record_on_launch":false,"enable_resource_name_dns_aaaa_record_on_launch":false,"ipv6_cidr_block":null,"ipv6_native":false,"map_customer_owned_ip_on_launch":null,"map_public_ip_on_launch":false,"outpost_arn":null,"tags":{"Environment":"dev","Name":"astro-vpc-db-us-east-1a","Owner":"ariff.azman","Project":"astro","Terraform":"true"},"tags_all":{"Environment":"dev","Name":"astro-vpc-db-us-east-1a","Owner":"ariff.azman","Project":"astro","Terraform":"true"},"timeouts":null},"after_unknown":{"arn":true,"availability_zone_id":true,"id":true,"ipv6_cidr_block_association_id":true,"owner_id":true,"private_dns_hostname_type_on_launch":true,"tags":{},"tags_all":{},"vpc_id":true},"before_sensitive":false,"after_sensitive":{"tags":{},"tags_all":{}}}},{"address":"module.vpc.aws_subnet.database[1]","module_address":"module.vpc","mode":"managed","type":"aws_subnet","name":"database","index":1,"provider_name":"registry.terraform.io/hashicorp/aws","change":{"actions":["create"],"before":null,"after":{"assign_ipv6_address_on_creation":false,"availability_zone":"us-east-1b","cidr_block":"10.0.202.0/24","customer_owned_ipv4_pool":null,"enable_dns64":false,"enable_lni_at_device_index":null,"enable_resource_name_dns_a_record_on_launch":false,"enable_resource_name_dns_aaaa_record_on_launch":false,"ipv6_cidr_block":null,"ipv6_native":false,"map_customer_owned_ip_on_launch":null,"map_public_ip_on_launch":false,"outpost_arn":null,"tags":{"Environment":"dev","Name":"astro-vpc-db-us-east-1b","Owner":"ariff.azman","Project":"astro","Terraform":"true"},"tags_all":{"Environment":"dev","Name":"astro-vpc-db-us-east-1b","Owner":"ariff.azman","Project":"astro","Terraform":"true"},"timeouts":null},"after_unknown":{"arn":true,"availability_zone_id":true,"id":true,"ipv6_cidr_block_association_id":true,"owner_id":true,"private_dns_hostname_type_on_launch":true,"tags":{},"tags_all":{},"vpc_id":true},"before_sensitive":false,"after_sensitive":{"tags":{},"tags_all":{}}}},{"address":"module.vpc.aws_subnet.private[0]","module_address":"module.vpc","mode":"managed","type":"aws_subnet","name":"private","index":0,"provider_name":"registry.terraform.io/hashicorp/aws","change":{"actions":["create"],"before":null,"after":{"assign_ipv6_address_on_creation":false,"availability_zone":"us-east-1a","cidr_block":"10.0.1.0/24","customer_owned_ipv4_pool":null,"enable_dns64":false,"enable_lni_at_device_index":null,"enable_resource_name_dns_a_record_on_launch":false,"enable_resource_name_dns_aaaa_record_on_launch":false,"ipv6_cidr_block":null,"ipv6_native":false,"map_customer_owned_ip_on_launch":null,"map_public_ip_on_launch":false,"outpost_arn":null,"tags":{"Environment":"dev","Name":"astro-vpc-private-us-east-1a","Owner":"ariff.azman","Project":"astro","Terraform":"true"},"tags_all":{"Environment":"dev","Name":"astro-vpc-private-us-east-1a","Owner":"ariff.azman","Project":"astro","Terraform":"true"},"timeouts":null},"after_unknown":{"arn":true,"availability_zone_id":true,"id":true,"ipv6_cidr_block_association_id":true,"owner_id":true,"private_dns_hostname_type_on_launch":true,"tags":{},"tags_all":{},"vpc_id":true},"before_sensitive":false,"after_sensitive":{"tags":{},"tags_all":{}}}},{"address":"module.vpc.aws_subnet.private[1]","module_address":"module.vpc","mode":"managed","type":"aws_subnet","name":"private","index":1,"provider_name":"registry.terraform.io/hashicorp/aws","change":{"actions":["create"],"before":null,"after":{"assign_ipv6_address_on_creation":false,"availability_zone":"us-east-1b","cidr_block":"10.0.2.0/24","customer_owned_ipv4_pool":null,"enable_dns64":false,"enable_lni_at_device_index":null,"enable_resource_name_dns_a_record_on_launch":false,"enable_resource_name_dns_aaaa_record_on_launch":false,"ipv6_cidr_block":null,"ipv6_native":false,"map_customer_owned_ip_on_launch":null,"map_public_ip_on_launch":false,"outpost_arn":null,"tags":{"Environment":"dev","Name":"astro-vpc-private-us-east-1b","Owner":"ariff.azman","Project":"astro","Terraform":"true"},"tags_all":{"Environment":"dev","Name":"astro-vpc-private-us-east-1b","Owner":"ariff.azman","Project":"astro","Terraform":"true"},"timeouts":null},"after_unknown":{"arn":true,"availability_zone_id":true,"id":true,"ipv6_cidr_block_association_id":true,"owner_id":true,"private_dns_hostname_type_on_launch":true,"tags":{},"tags_all":{},"vpc_id":true},"before_sensitive":false,"after_sensitive":{"tags":{},"tags_all":{}}}},{"address":"module.vpc.aws_subnet.public[0]","module_address":"module.vpc","mode":"managed","type":"aws_subnet","name":"public","index":0,"provider_name":"registry.terraform.io/hashicorp/aws","change":{"actions":["create"],"before":null,"after":{"assign_ipv6_address_on_creation":false,"availability_zone":"us-east-1a","cidr_block":"10.0.101.0/24","customer_owned_ipv4_pool":null,"enable_dns64":false,"enable_lni_at_device_index":null,"enable_resource_name_dns_a_record_on_launch":false,"enable_resource_name_dns_aaaa_record_on_launch":false,"ipv6_cidr_block":null,"ipv6_native":false,"map_customer_owned_ip_on_launch":null,"map_public_ip_on_launch":false,"outpost_arn":null,"tags":{"Environment":"dev","Name":"astro-vpc-public-us-east-1a","Owner":"ariff.azman","Project":"astro","Terraform":"true"},"tags_all":{"Environment":"dev","Name":"astro-vpc-public-us-east-1a","Owner":"ariff.azman","Project":"astro","Terraform":"true"},"timeouts":null},"after_unknown":{"arn":true,"availability_zone_id":true,"id":true,"ipv6_cidr_block_association_id":true,"owner_id":true,"private_dns_hostname_type_on_launch":true,"tags":{},"tags_all":{},"vpc_id":true},"before_sensitive":false,"after_sensitive":{"tags":{},"tags_all":{}}}},{"address":"module.vpc.aws_subnet.public[1]","module_address":"module.vpc","mode":"managed","type":"aws_subnet","name":"public","index":1,"provider_name":"registry.terraform.io/hashicorp/aws","change":{"actions":["create"],"before":null,"after":{"assign_ipv6_address_on_creation":false,"availability_zone":"us-east-1b","cidr_block":"10.0.102.0/24","customer_owned_ipv4_pool":null,"enable_dns64":false,"enable_lni_at_device_index":null,"enable_resource_name_dns_a_record_on_launch":false,"enable_resource_name_dns_aaaa_record_on_launch":false,"ipv6_cidr_block":null,"ipv6_native":false,"map_customer_owned_ip_on_launch":null,"map_public_ip_on_launch":false,"outpost_arn":null,"tags":{"Environment":"dev","Name":"astro-vpc-public-us-east-1b","Owner":"ariff.azman","Project":"astro","Terraform":"true"},"tags_all":{"Environment":"dev","Name":"astro-vpc-public-us-east-1b","Owner":"ariff.azman","Project":"astro","Terraform":"true"},"timeouts":null},"after_unknown":{"arn":true,"availability_zone_id":true,"id":true,"ipv6_cidr_block_association_id":true,"owner_id":true,"private_dns_hostname_type_on_launch":true,"tags":{},"tags_all":{},"vpc_id":true},"before_sensitive":false,"after_sensitive":{"tags":{},"tags_all":{}}}},{"address":"module.vpc.aws_vpc.this[0]","module_address":"module.vpc","mode":"managed","type":"aws_vpc","name":"this","index":0,"provider_name":"registry.terraform.io/hashicorp/aws","change":{"actions":["create"],"before":null,"after":{"assign_generated_ipv6_cidr_block":null,"cidr_block":"10.0.0.0/16","enable_dns_hostnames":true,"enable_dns_support":true,"instance_tenancy":"default","ipv4_ipam_pool_id":null,"ipv4_netmask_length":null,"ipv6_ipam_pool_id":null,"ipv6_netmask_length":null,"tags":{"Environment":"dev","Name":"astro-vpc","Owner":"ariff.azman","Project":"astro","Terraform":"true"},"tags_all":{"Environment":"dev","Name":"astro-vpc","Owner":"ariff.azman","Project":"astro","Terraform":"true"}},"after_unknown":{"arn":true,"default_network_acl_id":true,"default_route_table_id":true,"default_security_group_id":true,"dhcp_options_id":true,"enable_network_address_usage_metrics":true,"id":true,"ipv6_association_id":true,"ipv6_cidr_block":true,"ipv6_cidr_block_network_border_group":true,"main_route_table_id":true,"owner_id":true,"tags":{},"tags_all":{}},"before_sensitive":false,"after_sensitive":{"tags":{},"tags_all":{}}}},{"address":"module.web_alb.aws_lb.this[0]","module_address":"module.web_alb","mode":"managed","type":"aws_lb","name":"this","index":0,"provider_name":"registry.terraform.io/hashicorp/aws","change":{"actions":["create"],"before":null,"after":{"access_logs":[],"client_keep_alive":3600,"connection_logs":[],"customer_owned_ipv4_pool":null,"desync_mitigation_mode":"defensive","dns_record_client_routing_policy":null,"drop_invalid_header_fields":true,"enable_cross_zone_load_balancing":null,"enable_deletion_protection":false,"enable_http2":true,"enable_tls_version_and_cipher_suite_headers":false,"enable_waf_fail_open":false,"enable_xff_client_port":false,"enable_zonal_shift":null,"idle_timeout":60,"load_balancer_type":"application","name":"astro-web-alb","preserve_host_header":false,"tags":{"Environment":"dev","Owner":"ariff.azman","Project":"astro","Terraform":"true","terraform-aws-modules":"alb"},"tags_all":{"Environment":"dev","Owner":"ariff.azman","Project":"astro","Terraform":"true","terraform-aws-modules":"alb"},"timeouts":{"create":null,"delete":null,"update":null},"xff_header_processing_mode":"append"},"after_unknown":{"access_logs":[],"arn":true,"arn_suffix":true,"connection_logs":[],"dns_name":true,"enforce_security_group_inbound_rules_on_private_link_traffic":true,"id":true,"internal":true,"ip_address_type":true,"name_prefix":true,"security_groups":true,"subnet_mapping":true,"subnets":true,"tags":{},"tags_all":{},"timeouts":{},"vpc_id":true,"zone_id":true},"before_sensitive":false,"after_sensitive":{"access_logs":[],"connection_logs":[],"security_groups":[],"subnet_mapping":[],"subnets":[],"tags":{},"tags_all":{},"timeouts":{}}}},{"address":"module.web_alb.aws_lb_target_group.this[\"web-asg\"]","module_address":"module.web_alb","mode":"managed","type":"aws_lb_target_group","name":"this","index":"web-asg","provider_name":"registry.terraform.io/hashicorp/aws","change":{"actions":["create"],"before":null,"after":{"deregistration_delay":"300","health_check":[{"enabled":true,"healthy_threshold":3,"interval":30,"path":"/health","port":"traffic-port","protocol":"HTTP","timeout":6,"unhealthy_threshold":3}],"lambda_multi_value_headers_enabled":false,"name":"astro-web-tg","port":80,"protocol":"HTTP","proxy_protocol_v2":false,"slow_start":0,"tags":{"Environment":"dev","Owner":"ariff.azman","Project":"astro","Terraform":"true","terraform-aws-modules":"alb"},"tags_all":{"Environment":"dev","Owner":"ariff.azman","Project":"astro","Terraform":"true","terraform-aws-modules":"alb"},"target_type":"instance"},"after_unknown":{"arn":true,"arn_suffix":true,"connection_termination":true,"health_check":[{"matcher":true}],"id":true,"ip_address_type":true,"load_balancer_arns":true,"load_balancing_algorithm_type":true,"load_balancing_anomaly_mitigation":true,"load_balancing_cross_zone_enabled":true,"name_prefix":true,"preserve_client_ip":true,"protocol_version":true,"stickiness":true,"tags":{},"tags_all":{},"target_failover":true,"target_group_health":true,"target_health_state":true,"vpc_id":true},"before_sensitive":false,"after_sensitive":{"health_check":[{}],"load_balancer_arns":[],"stickiness":[],"tags":{},"tags_all":{},"target_failover":[],"target_group_health":[],"target_health_state":[]}}},{"address":"module.web_alb.aws_security_group.this[0]","module_address":"module.web_alb","mode":"managed","type":"aws_security_group","name":"this","index":0,"provider_name":"registry.terraform.io/hashicorp/aws","change":{"actions":["create"],"before":null,"after":{"description":"Security group for astro-web-alb application load balancer","name_prefix":"astro-web-alb-","revoke_rules_on_delete":false,"tags":{"Environment":"dev","Owner":"ariff.azman","Project":"astro","Terraform":"true","terraform-aws-modules":"alb"},"tags_all":{"Environment":"dev","Owner":"ariff.azman","Project":"astro","Terraform":"true","terraform-aws-modules":"alb"},"timeouts":null},"after_unknown":{"arn":true,"egress":true,"id":true,"ingress":true,"name":true,"owner_id":true,"tags":{},"tags_all":{},"vpc_id":true},"before_sensitive":false,"after_sensitive":{"egress":[],"ingress":[],"tags":{},"tags_all":{}}}},{"address":"module.web_asg.aws_autoscaling_group.this[0]","module_address":"module.web_asg","mode":"managed","type":"aws_autoscaling_group","name":"this","index":0,"provider_name":"registry.terraform.io/hashicorp/aws","change":{"actions":["create"],"before":null,"after":{"capacity_rebalance":null,"context":null,"default_instance_warmup":null,"desired_capacity":1,"desired_capacity_type":null,"enabled_metrics":null,"force_delete":false,"force_delete_warm_pool":false,"health_check_grace_period":300,"health_check_type":"ELB","ignore_failed_scaling_activities":false,"initial_lifecycle_hook":[],"instance_maintenance_policy":[],"instance_refresh":[{"preferences":[{"alarm_specification":[],"auto_rollback":null,"checkpoint_delay":null,"checkpoint_percentages":null,"instance_warmup":null,"max_healthy_percentage":100,"min_healthy_percentage":50,"scale_in_protected_instances":"Ignore","skip_matching":false,"standby_instances":"Ignore"}],"strategy":"Rolling","triggers":null}],"launch_configuration":null,"launch_template":[{}],"max_instance_lifetime":null,"max_size":1,"metrics_granularity":"1Minute","min_elb_capacity":null,"min_size":0,"name_prefix":"astro-web-asg-","placement_group":null,"protect_from_scale_in":false,"suspended_processes":null,"tag":[{"key":"Environment","propagate_at_launch":true,"value":"dev"},{"key":"Name","propagate_at_launch":true,"value":"astro-web-asg"},{"key":"Owner","propagate_at_launch":true,"value":"ariff.azman"},{"key":"Project","propagate_at_launch":true,"value":"astro"},{"key":"Terraform","propagate_at_launch":true,"value":"true"}],"termination_policies":[],"timeouts":{"delete":null,"update":null},"wait_for_capacity_timeout":"0","wait_for_elb_capacity":null,"warm_pool":[]},"after_unknown":{"arn":true,"availability_zone_distribution":true,"availability_zones":true,"default_cooldown":true,"id":true,"initial_lifecycle_hook":[],"instance_maintenance_policy":[],"instance_refresh":[{"preferences":[{"alarm_specification":[]}]}],"launch_template":[{"id":true,"name":true,"version":true}],"load_balancers":true,"mixed_instances_policy":true,"name":true,"predicted_capacity":true,"service_linked_role_arn":true,"tag":[{},{},{},{},{}],"target_group_arns":true,"termination_policies":[],"timeouts":{},"traffic_source":true,"vpc_zone_identifier":true,"warm_pool":[],"warm_pool_size":true},"before_sensitive":false,"after_sensitive":{"availability_zone_distribution":[],"availability_zones":[],"initial_lifecycle_hook":[],"instance_maintenance_policy":[],"instance_refresh":[{"preferences":[{"alarm_specification":[]}]}],"launch_template":[{}],"load_balancers":[],"mixed_instances_policy":[],"tag":[{},{},{},{},{}],"target_group_arns":[],"termination_policies":[],"timeouts":{},"traffic_source":[],"vpc_zone_identifier":[],"warm_pool":[]}}},{"address":"module.web_asg.aws_autoscaling_traffic_source_attachment.this[\"app-alb\"]","module_address":"module.web_asg","mode":"managed","type":"aws_autoscaling_traffic_source_attachment","name":"this","index":"app-alb","provider_name":"registry.terraform.io/hashicorp/aws","change":{"actions":["create"],"before":null,"after":{"timeouts":null,"traffic_source":[{"type":"elbv2"}]},"after_unknown":{"autoscaling_group_name":true,"id":true,"traffic_source":[{"identifier":true}]},"before_sensitive":false,"after_sensitive":{"traffic_source":[{}]}}},{"address":"module.web_asg.aws_launch_template.this[0]","module_address":"module.web_asg","mode":"managed","type":"aws_launch_template","name":"this","index":0,"provider_name":"registry.terraform.io/hashicorp/aws","change":{"actions":["create"],"before":null,"after":{"block_device_mappings":[],"capacity_reservation_specification":[],"cpu_options":[],"credit_specification":[],"description":null,"disable_api_stop":null,"disable_api_termination":null,"ebs_optimized":null,"elastic_gpu_specifications":[],"elastic_inference_accelerator":[],"enclave_options":[],"hibernation_options":[],"iam_instance_profile":[],"image_id":"ami-0f9575d3d509bae0c","instance_initiated_shutdown_behavior":null,"instance_market_options":[],"instance_requirements":[],"instance_type":"t2.micro","kernel_id":null,"key_name":null,"license_specification":[],"maintenance_options":[],"monitoring":[{"enabled":true}],"name_prefix":"astro-web-launch-template-","network_interfaces":[],"placement":[],"private_dns_name_options":[],"ram_disk_id":null,"security_group_names":null,"tag_specifications":[],"tags":{"Environment":"dev","Owner":"ariff.azman","Project":"astro","Terraform":"true"},"tags_all":{"Environment":"dev","Owner":"ariff.azman","Project":"astro","Terraform":"true"},"update_default_version":null,"user_data":"IyEvYmluL2Jhc2gKYXB0LWdldCB1cGRhdGUKYXB0LWdldCBpbnN0YWxsIC15IG5naW54IGRvY2tlci5pbyBhd3Nsb2dzCgojIENvbmZpZ3VyZSBDbG91ZFdhdGNoIExvZ3MKY2F0ID4vZXRjL2F3c2xvZ3MvYXdzbG9ncy5jb25mIDw8RU9GCltnZW5lcmFsXQpzdGF0ZV9maWxlID0gL3Zhci9saWIvYXdzbG9ncy9hZ2VudC1zdGF0ZQoKWy92YXIvbG9nL3N5c2xvZ10KZmlsZSA9IC92YXIvbG9nL3N5c2xvZwpsb2dfZ3JvdXBfbmFtZSA9IC9lYzIvd2ViL3N5c2xvZwpsb2dfc3RyZWFtX25hbWUgPSB7aW5zdGFuY2VfaWR9CmRhdGV0aW1lX2Zvcm1hdCA9ICViICVkICVIOiVNOiVTCgpbL3Zhci9sb2cvbmdpbngvYWNjZXNzLmxvZ10KZmlsZSA9IC92YXIvbG9nL25naW54L2FjY2Vzcy5sb2cKbG9nX2dyb3VwX25hbWUgPSAvZWMyL3dlYi9uZ2lueC1hY2Nlc3MKbG9nX3N0cmVhbV9uYW1lID0ge2luc3RhbmNlX2lkfQpkYXRldGltZV9mb3JtYXQgPSAlZC8lYi8lWTolSDolTTolUyAlegpFT0YKCnN5c3RlbWN0bCBlbmFibGUgYXdzbG9nc2Quc2VydmljZQpzeXN0ZW1jdGwgc3RhcnQgYXdzbG9nc2QKc3lzdGVtY3RsIGVuYWJsZSBkb2NrZXIKc3lzdGVtY3RsIHN0YXJ0IGRvY2tlcgoKZG9ja2VyIHB1bGwgbmdpbng6bGF0ZXN0CmRvY2tlciBydW4gLWQgLXAgODA4MDo4MCBuZ2lueDpsYXRlc3QKCmVjaG8gIk9LIiA+L3Zhci93d3cvaHRtbC9oZWFsdGguaHRtbAo=","vpc_security_group_ids":null},"after_unknown":{"arn":true,"block_device_mappings":[],"capacity_reservation_specification":[],"cpu_options":[],"credit_specification":[],"default_version":true,"elastic_gpu_specifications":[],"elastic_inference_accelerator":[],"enclave_options":[],"hibernation_options":[],"iam_instance_profile":[],"id":true,"instance_market_options":[],"instance_requirements":[],"latest_version":true,"license_specification":[],"maintenance_options":[],"metadata_options":true,"monitoring":[{}],"name":true,"network_interfaces":[],"placement":[],"private_dns_name_options":[],"tag_specifications":[],"tags":{},"tags_all":{}},"before_sensitive":false,"after_sensitive":{"block_device_mappings":[],"capacity_reservation_specification":[],"cpu_options":[],"credit_specification":[],"elastic_gpu_specifications":[],"elastic_inference_accelerator":[],"enclave_options":[],"hibernation_options":[],"iam_instance_profile":[],"instance_market_options":[],"instance_requirements":[],"license_specification":[],"maintenance_options":[],"metadata_options":[],"monitoring":[{}],"network_interfaces":[],"placement":[],"private_dns_name_options":[],"tag_specifications":[],"tags":{},"tags_all":{}}}},{"address":"module.web_security_group.aws_security_group.this_name_prefix[0]","module_address":"module.web_security_group","mode":"managed","type":"aws_security_group","name":"this_name_prefix","index":0,"provider_name":"registry.terraform.io/hashicorp/aws","change":{"actions":["create"],"before":null,"after":{"description":"Security group for web","name_prefix":"astro-web-sg-","revoke_rules_on_delete":false,"tags":{"Environment":"dev","Name":"astro-web-sg","Owner":"ariff.azman","Project":"astro","Terraform":"true"},"tags_all":{"Environment":"dev","Name":"astro-web-sg","Owner":"ariff.azman","Project":"astro","Terraform":"true"},"timeouts":{"create":"10m","delete":"15m"}},"after_unknown":{"arn":true,"egress":true,"id":true,"ingress":true,"name":true,"owner_id":true,"tags":{},"tags_all":{},"timeouts":{},"vpc_id":true},"before_sensitive":false,"after_sensitive":{"egress":[],"ingress":[],"tags":{},"tags_all":{},"timeouts":{}}}},{"address":"module.web_security_group.aws_security_group_rule.egress_with_cidr_blocks[0]","module_address":"module.web_security_group","mode":"managed","type":"aws_security_group_rule","name":"egress_with_cidr_blocks","index":0,"provider_name":"registry.terraform.io/hashicorp/aws","change":{"actions":["create"],"before":null,"after":{"cidr_blocks":["0.0.0.0/0"],"description":"Egress Rule","from_port":0,"ipv6_cidr_blocks":null,"prefix_list_ids":null,"protocol":"-1","self":false,"timeouts":null,"to_port":0,"type":"egress"},"after_unknown":{"cidr_blocks":[false],"id":true,"security_group_id":true,"security_group_rule_id":true,"source_security_group_id":true},"before_sensitive":false,"after_sensitive":{"cidr_blocks":[false]}}},{"address":"module.web_security_group.aws_security_group_rule.ingress_with_cidr_blocks[0]","module_address":"module.web_security_group","mode":"managed","type":"aws_security_group_rule","name":"ingress_with_cidr_blocks","index":0,"provider_name":"registry.terraform.io/hashicorp/aws","change":{"actions":["create"],"before":null,"after":{"cidr_blocks":["0.0.0.0/0"],"description":"HTTP","from_port":80,"ipv6_cidr_blocks":null,"prefix_list_ids":null,"protocol":"tcp","self":false,"timeouts":null,"to_port":80,"type":"ingress"},"after_unknown":{"cidr_blocks":[false],"id":true,"security_group_id":true,"security_group_rule_id":true,"source_security_group_id":true},"before_sensitive":false,"after_sensitive":{"cidr_blocks":[false]}}},{"address":"module.web_security_group.aws_security_group_rule.ingress_with_cidr_blocks[1]","module_address":"module.web_security_group","mode":"managed","type":"aws_security_group_rule","name":"ingress_with_cidr_blocks","index":1,"provider_name":"registry.terraform.io/hashicorp/aws","change":{"actions":["create"],"before":null,"after":{"cidr_blocks":["0.0.0.0/0"],"description":"HTTPS","from_port":443,"ipv6_cidr_blocks":null,"prefix_list_ids":null,"protocol":"tcp","self":false,"timeouts":null,"to_port":443,"type":"ingress"},"after_unknown":{"cidr_blocks":[false],"id":true,"security_group_id":true,"security_group_rule_id":true,"source_security_group_id":true},"before_sensitive":false,"after_sensitive":{"cidr_blocks":[false]}}},{"address":"module.eks.module.eks_managed_node_group[\"ondemand\"].aws_eks_node_group.this[0]","module_address":"module.eks.module.eks_managed_node_group[\"ondemand\"]","mode":"managed","type":"aws_eks_node_group","name":"this","index":0,"provider_name":"registry.terraform.io/hashicorp/aws","change":{"actions":["create"],"before":null,"after":{"capacity_type":"ON_DEMAND","force_update_version":null,"instance_types":["t2.micro"],"labels":null,"launch_template":[{}],"node_group_name_prefix":"astro-ondemand-","remote_access":[],"scaling_config":[{"desired_size":1,"max_size":2,"min_size":1}],"tags":{"Name":"astro-ondemand"},"tags_all":{"Name":"astro-ondemand"},"taint":[],"timeouts":{"create":null,"delete":null,"update":null},"update_config":[{"max_unavailable":null,"max_unavailable_percentage":33}],"version":"1.32"},"after_unknown":{"ami_type":true,"arn":true,"cluster_name":true,"disk_size":true,"id":true,"instance_types":[false],"launch_template":[{"id":true,"name":true,"version":true}],"node_group_name":true,"node_repair_config":true,"node_role_arn":true,"release_version":true,"remote_access":[],"resources":true,"scaling_config":[{}],"status":true,"subnet_ids":true,"tags":{},"tags_all":{},"taint":[],"timeouts":{},"update_config":[{}]},"before_sensitive":false,"after_sensitive":{"instance_types":[false],"launch_template":[{}],"node_repair_config":[],"remote_access":[],"resources":[],"scaling_config":[{}],"subnet_ids":[],"tags":{},"tags_all":{},"taint":[],"timeouts":{},"update_config":[{}]}}},{"address":"module.eks.module.eks_managed_node_group[\"ondemand\"].aws_iam_role.this[0]","module_address":"module.eks.module.eks_managed_node_group[\"ondemand\"]","mode":"managed","type":"aws_iam_role","name":"this","index":0,"provider_name":"registry.terraform.io/hashicorp/aws","change":{"actions":["create"],"before":null,"after":{"assume_role_policy":"{\"Statement\":[{\"Action\":\"sts:AssumeRole\",\"Effect\":\"Allow\",\"Principal\":{\"Service\":\"ec2.amazonaws.com\"},\"Sid\":\"EKSNodeAssumeRole\"}],\"Version\":\"2012-10-17\"}","description":"EKS managed node group IAM role","force_detach_policies":true,"max_session_duration":3600,"name_prefix":"astro-ondemand-eks-node-group-","path":"/","permissions_boundary":null,"tags":null},"after_unknown":{"arn":true,"create_date":true,"id":true,"inline_policy":true,"managed_policy_arns":true,"name":true,"tags_all":true,"unique_id":true},"before_sensitive":false,"after_sensitive":{"inline_policy":[],"managed_policy_arns":[],"tags_all":{}}}},{"address":"module.eks.module.eks_managed_node_group[\"ondemand\"].aws_iam_role_policy_attachment.this[\"AmazonEC2ContainerRegistryReadOnly\"]","module_address":"module.eks.module.eks_managed_node_group[\"ondemand\"]","mode":"managed","type":"aws_iam_role_policy_attachment","name":"this","index":"AmazonEC2ContainerRegistryReadOnly","provider_name":"registry.terraform.io/hashicorp/aws","change":{"actions":["create"],"before":null,"after":{"policy_arn":"arn:aws:iam::aws:policy/AmazonEC2ContainerRegistryReadOnly"},"after_unknown":{"id":true,"role":true},"before_sensitive":false,"after_sensitive":{}}},{"address":"module.eks.module.eks_managed_node_group[\"ondemand\"].aws_iam_role_policy_attachment.this[\"AmazonEKSWorkerNodePolicy\"]","module_address":"module.eks.module.eks_managed_node_group[\"ondemand\"]","mode":"managed","type":"aws_iam_role_policy_attachment","name":"this","index":"AmazonEKSWorkerNodePolicy","provider_name":"registry.terraform.io/hashicorp/aws","change":{"actions":["create"],"before":null,"after":{"policy_arn":"arn:aws:iam::aws:policy/AmazonEKSWorkerNodePolicy"},"after_unknown":{"id":true,"role":true},"before_sensitive":false,"after_sensitive":{}}},{"address":"module.eks.module.eks_managed_node_group[\"ondemand\"].aws_iam_role_policy_attachment.this[\"AmazonEKS_CNI_Policy\"]","module_address":"module.eks.module.eks_managed_node_group[\"ondemand\"]","mode":"managed","type":"aws_iam_role_policy_attachment","name":"this","index":"AmazonEKS_CNI_Policy","provider_name":"registry.terraform.io/hashicorp/aws","change":{"actions":["create"],"before":null,"after":{"policy_arn":"arn:aws:iam::aws:policy/AmazonEKS_CNI_Policy"},"after_unknown":{"id":true,"role":true},"before_sensitive":false,"after_sensitive":{}}},{"address":"module.eks.module.eks_managed_node_group[\"ondemand\"].aws_launch_template.this[0]","module_address":"module.eks.module.eks_managed_node_group[\"ondemand\"]","mode":"managed","type":"aws_launch_template","name":"this","index":0,"provider_name":"registry.terraform.io/hashicorp/aws","change":{"actions":["create"],"before":null,"after":{"block_device_mappings":[],"capacity_reservation_specification":[],"cpu_options":[],"credit_specification":[],"description":"Custom launch template for astro-ondemand EKS managed node group","disable_api_stop":null,"disable_api_termination":null,"ebs_optimized":null,"elastic_gpu_specifications":[],"elastic_inference_accelerator":[],"enclave_options":[],"hibernation_options":[],"iam_instance_profile":[],"image_id":"","instance_initiated_shutdown_behavior":null,"instance_market_options":[],"instance_requirements":[],"instance_type":null,"kernel_id":null,"key_name":null,"license_specification":[],"maintenance_options":[],"metadata_options":[{"http_endpoint":"enabled","http_put_response_hop_limit":2,"http_tokens":"required"}],"monitoring":[{"enabled":true}],"name_prefix":"ondemand-","network_interfaces":[],"placement":[],"private_dns_name_options":[],"ram_disk_id":null,"security_group_names":null,"tag_specifications":[{"resource_type":"instance","tags":{"Name":"astro-ondemand"}},{"resource_type":"network-interface","tags":{"Name":"astro-ondemand"}},{"resource_type":"volume","tags":{"Name":"astro-ondemand"}}],"tags":null,"update_default_version":true,"user_data":""},"after_unknown":{"arn":true,"block_device_mappings":[],"capacity_reservation_specification":[],"cpu_options":[],"credit_specification":[],"default_version":true,"elastic_gpu_specifications":[],"elastic_inference_accelerator":[],"enclave_options":[],"hibernation_options":[],"iam_instance_profile":[],"id":true,"instance_market_options":[],"instance_requirements":[],"latest_version":true,"license_specification":[],"maintenance_options":[],"metadata_options":[{"http_protocol_ipv6":true,"instance_metadata_tags":true}],"monitoring":[{}],"name":true,"network_interfaces":[],"placement":[],"private_dns_name_options":[],"tag_specifications":[{"tags":{}},{"tags":{}},{"tags":{}}],"tags_all":true,"vpc_security_group_ids":true},"before_sensitive":false,"after_sensitive":{"block_device_mappings":[],"capacity_reservation_specification":[],"cpu_options":[],"credit_specification":[],"elastic_gpu_specifications":[],"elastic_inference_accelerator":[],"enclave_options":[],"hibernation_options":[],"iam_instance_profile":[],"instance_market_options":[],"instance_requirements":[],"license_specification":[],"maintenance_options":[],"metadata_options":[{}],"monitoring":[{}],"network_interfaces":[],"placement":[],"private_dns_name_options":[],"tag_specifications":[{"tags":{}},{"tags":{}},{"tags":{}}],"tags_all":{},"vpc_security_group_ids":[]}}},{"address":"module.eks.module.eks_managed_node_group[\"spot\"].aws_eks_node_group.this[0]","module_address":"module.eks.module.eks_managed_node_group[\"spot\"]","mode":"managed","type":"aws_eks_node_group","name":"this","index":0,"provider_name":"registry.terraform.io/hashicorp/aws","change":{"actions":["create"],"before":null,"after":{"capacity_type":"SPOT","force_update_version":null,"instance_types":["t2.micro"],"labels":null,"launch_template":[{}],"node_group_name_prefix":"astro-spot-","remote_access":[],"scaling_config":[{"desired_size":1,"max_size":2,"min_size":1}],"tags":{"Name":"astro-spot"},"tags_all":{"Name":"astro-spot"},"taint":[],"timeouts":{"create":null,"delete":null,"update":null},"update_config":[{"max_unavailable":null,"max_unavailable_percentage":33}],"version":"1.32"},"after_unknown":{"ami_type":true,"arn":true,"cluster_name":true,"disk_size":true,"id":true,"instance_types":[false],"launch_template":[{"id":true,"name":true,"version":true}],"node_group_name":true,"node_repair_config":true,"node_role_arn":true,"release_version":true,"remote_access":[],"resources":true,"scaling_config":[{}],"status":true,"subnet_ids":true,"tags":{},"tags_all":{},"taint":[],"timeouts":{},"update_config":[{}]},"before_sensitive":false,"after_sensitive":{"instance_types":[false],"launch_template":[{}],"node_repair_config":[],"remote_access":[],"resources":[],"scaling_config":[{}],"subnet_ids":[],"tags":{},"tags_all":{},"taint":[],"timeouts":{},"update_config":[{}]}}},{"address":"module.eks.module.eks_managed_node_group[\"spot\"].aws_iam_role.this[0]","module_address":"module.eks.module.eks_managed_node_group[\"spot\"]","mode":"managed","type":"aws_iam_role","name":"this","index":0,"provider_name":"registry.terraform.io/hashicorp/aws","change":{"actions":["create"],"before":null,"after":{"assume_role_policy":"{\"Statement\":[{\"Action\":\"sts:AssumeRole\",\"Effect\":\"Allow\",\"Principal\":{\"Service\":\"ec2.amazonaws.com\"},\"Sid\":\"EKSNodeAssumeRole\"}],\"Version\":\"2012-10-17\"}","description":"EKS managed node group IAM role","force_detach_policies":true,"max_session_duration":3600,"name_prefix":"astro-spot-eks-node-group-","path":"/","permissions_boundary":null,"tags":null},"after_unknown":{"arn":true,"create_date":true,"id":true,"inline_policy":true,"managed_policy_arns":true,"name":true,"tags_all":true,"unique_id":true},"before_sensitive":false,"after_sensitive":{"inline_policy":[],"managed_policy_arns":[],"tags_all":{}}}},{"address":"module.eks.module.eks_managed_node_group[\"spot\"].aws_iam_role_policy_attachment.this[\"AmazonEC2ContainerRegistryReadOnly\"]","module_address":"module.eks.module.eks_managed_node_group[\"spot\"]","mode":"managed","type":"aws_iam_role_policy_attachment","name":"this","index":"AmazonEC2ContainerRegistryReadOnly","provider_name":"registry.terraform.io/hashicorp/aws","change":{"actions":["create"],"before":null,"after":{"policy_arn":"arn:aws:iam::aws:policy/AmazonEC2ContainerRegistryReadOnly"},"after_unknown":{"id":true,"role":true},"before_sensitive":false,"after_sensitive":{}}},{"address":"module.eks.module.eks_managed_node_group[\"spot\"].aws_iam_role_policy_attachment.this[\"AmazonEKSWorkerNodePolicy\"]","module_address":"module.eks.module.eks_managed_node_group[\"spot\"]","mode":"managed","type":"aws_iam_role_policy_attachment","name":"this","index":"AmazonEKSWorkerNodePolicy","provider_name":"registry.terraform.io/hashicorp/aws","change":{"actions":["create"],"before":null,"after":{"policy_arn":"arn:aws:iam::aws:policy/AmazonEKSWorkerNodePolicy"},"after_unknown":{"id":true,"role":true},"before_sensitive":false,"after_sensitive":{}}},{"address":"module.eks.module.eks_managed_node_group[\"spot\"].aws_iam_role_policy_attachment.this[\"AmazonEKS_CNI_Policy\"]","module_address":"module.eks.module.eks_managed_node_group[\"spot\"]","mode":"managed","type":"aws_iam_role_policy_attachment","name":"this","index":"AmazonEKS_CNI_Policy","provider_name":"registry.terraform.io/hashicorp/aws","change":{"actions":["create"],"before":null,"after":{"policy_arn":"arn:aws:iam::aws:policy/AmazonEKS_CNI_Policy"},"after_unknown":{"id":true,"role":true},"before_sensitive":false,"after_sensitive":{}}},{"address":"module.eks.module.eks_managed_node_group[\"spot\"].aws_launch_template.this[0]","module_address":"module.eks.module.eks_managed_node_group[\"spot\"]","mode":"managed","type":"aws_launch_template","name":"this","index":0,"provider_name":"registry.terraform.io/hashicorp/aws","change":{"actions":["create"],"before":null,"after":{"block_device_mappings":[],"capacity_reservation_specification":[],"cpu_options":[],"credit_specification":[],"description":"Custom launch template for astro-spot EKS managed node group","disable_api_stop":null,"disable_api_termination":null,"ebs_optimized":null,"elastic_gpu_specifications":[],"elastic_inference_accelerator":[],"enclave_options":[],"hibernation_options":[],"iam_instance_profile":[],"image_id":"","instance_initiated_shutdown_behavior":null,"instance_market_options":[],"instance_requirements":[],"instance_type":null,"kernel_id":null,"key_name":null,"license_specification":[],"maintenance_options":[],"metadata_options":[{"http_endpoint":"enabled","http_put_response_hop_limit":2,"http_tokens":"required"}],"monitoring":[{"enabled":true}],"name_prefix":"spot-","network_interfaces":[],"placement":[],"private_dns_name_options":[],"ram_disk_id":null,"security_group_names":null,"tag_specifications":[{"resource_type":"instance","tags":{"Name":"astro-spot"}},{"resource_type":"network-interface","tags":{"Name":"astro-spot"}},{"resource_type":"volume","tags":{"Name":"astro-spot"}}],"tags":null,"update_default_version":true,"user_data":""},"after_unknown":{"arn":true,"block_device_mappings":[],"capacity_reservation_specification":[],"cpu_options":[],"credit_specification":[],"default_version":true,"elastic_gpu_specifications":[],"elastic_inference_accelerator":[],"enclave_options":[],"hibernation_options":[],"iam_instance_profile":[],"id":true,"instance_market_options":[],"instance_requirements":[],"latest_version":true,"license_specification":[],"maintenance_options":[],"metadata_options":[{"http_protocol_ipv6":true,"instance_metadata_tags":true}],"monitoring":[{}],"name":true,"network_interfaces":[],"placement":[],"private_dns_name_options":[],"tag_specifications":[{"tags":{}},{"tags":{}},{"tags":{}}],"tags_all":true,"vpc_security_group_ids":true},"before_sensitive":false,"after_sensitive":{"block_device_mappings":[],"capacity_reservation_specification":[],"cpu_options":[],"credit_specification":[],"elastic_gpu_specifications":[],"elastic_inference_accelerator":[],"enclave_options":[],"hibernation_options":[],"iam_instance_profile":[],"instance_market_options":[],"instance_requirements":[],"license_specification":[],"maintenance_options":[],"metadata_options":[{}],"monitoring":[{}],"network_interfaces":[],"placement":[],"private_dns_name_options":[],"tag_specifications":[{"tags":{}},{"tags":{}},{"tags":{}}],"tags_all":{},"vpc_security_group_ids":[]}}},{"address":"module.eks.module.kms.data.aws_iam_policy_document.this[0]","module_address":"module.eks.module.kms","mode":"data","type":"aws_iam_policy_document","name":"this","index":0,"provider_name":"registry.terraform.io/hashicorp/aws","change":{"actions":["read"],"before":null,"after":{"override_json":null,"override_policy_documents":[],"policy_id":null,"source_json":null,"source_policy_documents":[],"statement":[{"actions":["kms:*"],"condition":[],"effect":null,"not_actions":null,"not_principals":[],"not_resources":null,"principals":[{"identifiers":["arn:aws:iam::881490090314:root"],"type":"AWS"}],"resources":["*"],"sid":"Default"},{"actions":["kms:CancelKeyDeletion","kms:Create*","kms:Delete*","kms:Describe*","kms:Disable*","kms:Enable*","kms:Get*","kms:ImportKeyMaterial","kms:List*","kms:Put*","kms:ReplicateKey","kms:Revoke*","kms:ScheduleKeyDeletion","kms:TagResource","kms:UntagResource","kms:Update*"],"condition":[],"effect":null,"not_actions":null,"not_principals":[],"not_resources":null,"principals":[{"identifiers":["arn:aws:iam::881490090314:user/terraform"],"type":"AWS"}],"resources":["*"],"sid":"KeyAdministration"},{"actions":["kms:Decrypt","kms:DescribeKey","kms:Encrypt","kms:GenerateDataKey*","kms:ReEncrypt*"],"condition":[],"effect":null,"not_actions":null,"not_principals":[],"not_resources":null,"principals":[{"identifiers":[null],"type":"AWS"}],"resources":["*"],"sid":"KeyUsage"}],"version":null},"after_unknown":{"id":true,"json":true,"minified_json":true,"override_policy_documents":[],"source_policy_documents":[],"statement":[{"actions":[false],"condition":[],"not_principals":[],"principals":[{"identifiers":[false]}],"resources":[false]},{"actions":[false,false,false,false,false,false,false,false,false,false,false,false,false,false,false,false],"condition":[],"not_principals":[],"principals":[{"identifiers":[false]}],"resources":[false]},{"actions":[false,false,false,false,false],"condition":[],"not_principals":[],"principals":[{"identifiers":[true]}],"resources":[false]}]},"before_sensitive":false,"after_sensitive":{"override_policy_documents":[],"source_policy_documents":[],"statement":[{"actions":[false],"condition":[],"not_principals":[],"principals":[{"identifiers":[false]}],"resources":[false]},{"actions":[false,false,false,false,false,false,false,false,false,false,false,false,false,false,false,false],"condition":[],"not_principals":[],"principals":[{"identifiers":[false]}],"resources":[false]},{"actions":[false,false,false,false,false],"condition":[],"not_principals":[],"principals":[{"identifiers":[false]}],"resources":[false]}]}},"action_reason":"read_because_config_unknown"},{"address":"module.eks.module.kms.aws_kms_alias.this[\"cluster\"]","module_address":"module.eks.module.kms","mode":"managed","type":"aws_kms_alias","name":"this","index":"cluster","provider_name":"registry.terraform.io/hashicorp/aws","change":{"actions":["create"],"before":null,"after":{"name":"alias/eks/astro"},"after_unknown":{"arn":true,"id":true,"name_prefix":true,"target_key_arn":true,"target_key_id":true},"before_sensitive":false,"after_sensitive":{}}},{"address":"module.eks.module.kms.aws_kms_key.this[0]","module_address":"module.eks.module.kms","mode":"managed","type":"aws_kms_key","name":"this","index":0,"provider_name":"registry.terraform.io/hashicorp/aws","change":{"actions":["create"],"before":null,"after":{"bypass_policy_lockout_safety_check":false,"custom_key_store_id":null,"customer_master_key_spec":"SYMMETRIC_DEFAULT","deletion_window_in_days":null,"description":"astro cluster encryption key","enable_key_rotation":true,"is_enabled":true,"key_usage":"ENCRYPT_DECRYPT","multi_region":false,"tags":{"terraform-aws-modules":"eks"},"tags_all":{"terraform-aws-modules":"eks"},"timeouts":null,"xks_key_id":null},"after_unknown":{"arn":true,"id":true,"key_id":true,"policy":true,"rotation_period_in_days":true,"tags":{},"tags_all":{}},"before_sensitive":false,"after_sensitive":{"tags":{},"tags_all":{}}}},{"address":"module.rds.module.db_instance.aws_db_instance.this[0]","module_address":"module.rds.module.db_instance","mode":"managed","type":"aws_db_instance","name":"this","index":0,"provider_name":"registry.terraform.io/hashicorp/aws","change":{"actions":["create"],"before":null,"after":{"allocated_storage":5,"allow_major_version_upgrade":false,"apply_immediately":false,"auto_minor_version_upgrade":true,"blue_green_update":[],"copy_tags_to_snapshot":false,"custom_iam_instance_profile":null,"customer_owned_ip_enabled":null,"db_name":"astrodb","db_subnet_group_name":"astro-vpc","dedicated_log_volume":false,"delete_automated_backups":true,"deletion_protection":false,"domain":null,"domain_auth_secret_arn":null,"domain_dns_ips":null,"domain_iam_role_name":null,"domain_ou":null,"enabled_cloudwatch_logs_exports":null,"engine":"mysql","engine_version":"5.7","final_snapshot_identifier":null,"iam_database_authentication_enabled":true,"identifier":"astrodb","instance_class":"db.t3.micro","manage_master_user_password":true,"max_allocated_storage":0,"monitoring_interval":0,"multi_az":false,"password":null,"password_wo":null,"password_wo_version":null,"performance_insights_enabled":false,"port":3306,"publicly_accessible":false,"replicate_source_db":null,"restore_to_point_in_time":[],"s3_import":[],"skip_final_snapshot":true,"storage_encrypted":true,"tags":{"Environment":"dev","Owner":"ariff.azman","Project":"astro","Terraform":"true"},"tags_all":{"Environment":"dev","Owner":"ariff.azman","Project":"astro","Terraform":"true"},"timeouts":{"create":null,"delete":null,"update":null},"upgrade_storage_config":null,"username":"admin"},"after_unknown":{"address":true,"arn":true,"availability_zone":true,"backup_retention_period":true,"backup_target":true,"backup_window":true,"blue_green_update":[],"ca_cert_identifier":true,"character_set_name":true,"domain_fqdn":true,"endpoint":true,"engine_lifecycle_support":true,"engine_version_actual":true,"hosted_zone_id":true,"id":true,"identifier_prefix":true,"iops":true,"kms_key_id":true,"latest_restorable_time":true,"license_model":true,"listener_endpoint":true,"maintenance_window":true,"master_user_secret":true,"master_user_secret_kms_key_id":true,"monitoring_role_arn":true,"nchar_character_set_name":true,"network_type":true,"option_group_name":true,"parameter_group_name":true,"performance_insights_kms_key_id":true,"performance_insights_retention_period":true,"replica_mode":true,"replicas":true,"resource_id":true,"restore_to_point_in_time":[],"s3_import":[],"snapshot_identifier":true,"status":true,"storage_throughput":true,"storage_type":true,"tags":{},"tags_all":{},"timeouts":{},"timezone":true,"vpc_security_group_ids":true},"before_sensitive":false,"after_sensitive":{"blue_green_update":[],"listener_endpoint":[],"master_user_secret":[],"password":true,"password_wo":true,"replicas":[],"restore_to_point_in_time":[],"s3_import":[],"tags":{},"tags_all":{},"timeouts":{},"vpc_security_group_ids":[]}}},{"address":"module.rds.module.db_option_group.aws_db_option_group.this[0]","module_address":"module.rds.module.db_option_group","mode":"managed","type":"aws_db_option_group","name":"this","index":0,"provider_name":"registry.terraform.io/hashicorp/aws","change":{"actions":["create"],"before":null,"after":{"engine_name":"mysql","major_engine_version":"5.7","name_prefix":"astrodb-","option":[],"option_group_description":"astrodb option group","skip_destroy":false,"tags":{"Environment":"dev","Name":"astrodb","Owner":"ariff.azman","Project":"astro","Terraform":"true"},"tags_all":{"Environment":"dev","Name":"astrodb","Owner":"ariff.azman","Project":"astro","Terraform":"true"},"timeouts":{"delete":null}},"after_unknown":{"arn":true,"id":true,"name":true,"option":[],"tags":{},"tags_all":{},"timeouts":{}},"before_sensitive":false,"after_sensitive":{"option":[],"tags":{},"tags_all":{},"timeouts":{}}}},{"address":"module.rds.module.db_parameter_group.aws_db_parameter_group.this[0]","module_address":"module.rds.module.db_parameter_group","mode":"managed","type":"aws_db_parameter_group","name":"this","index":0,"provider_name":"registry.terraform.io/hashicorp/aws","change":{"actions":["create"],"before":null,"after":{"description":"astrodb parameter group","family":"mysql5.7","name_prefix":"astrodb-","parameter":[{"apply_method":"immediate","name":"character_set_client","value":"utf8mb4"},{"apply_method":"immediate","name":"character_set_server","value":"utf8mb4"}],"skip_destroy":false,"tags":{"Environment":"dev","Name":"astrodb","Owner":"ariff.azman","Project":"astro","Terraform":"true"},"tags_all":{"Environment":"dev","Name":"astrodb","Owner":"ariff.azman","Project":"astro","Terraform":"true"}},"after_unknown":{"arn":true,"id":true,"name":true,"parameter":[{},{}],"tags":{},"tags_all":{}},"before_sensitive":false,"after_sensitive":{"parameter":[{},{}],"tags":{},"tags_all":{}}}},{"address":"module.eks.module.eks_managed_node_group[\"ondemand\"].module.user_data.null_resource.validate_cluster_service_cidr","module_address":"module.eks.module.eks_managed_node_group[\"ondemand\"].module.user_data","mode":"managed","type":"null_resource","name":"validate_cluster_service_cidr","provider_name":"registry.terraform.io/hashicorp/null","change":{"actions":["create"],"before":null,"after":{"triggers":null},"after_unknown":{"id":true},"before_sensitive":false,"after_sensitive":{}}},{"address":"module.eks.module.eks_managed_node_group[\"spot\"].module.user_data.null_resource.validate_cluster_service_cidr","module_address":"module.eks.module.eks_managed_node_group[\"spot\"].module.user_data","mode":"managed","type":"null_resource","name":"validate_cluster_service_cidr","provider_name":"registry.terraform.io/hashicorp/null","change":{"actions":["create"],"before":null,"after":{"triggers":null},"after_unknown":{"id":true},"before_sensitive":false,"after_sensitive":{}}}],"output_changes":{"private_subnets":{"actions":["create"],"before":null,"after":[null,null],"after_unknown":[true,true],"before_sensitive":false,"after_sensitive":false},"public_subnets":{"actions":["create"],"before":null,"after":[null,null],"after_unknown":[true,true],"before_sensitive":false,"after_sensitive":false},"route53_nameservers":{"actions":["create"],"before":null,"after":{},"after_unknown":{"astro.opariffazman.com":true},"before_sensitive":false,"after_sensitive":false},"vpc_id":{"actions":["create"],"before":null,"after_unknown":true,"before_sensitive":false,"after_sensitive":false}},"prior_state":{"format_version":"1.0","terraform_version":"1.10.5","values":{"root_module":{"resources":[{"address":"data.aws_ami.ubuntu","mode":"data","type":"aws_ami","name":"ubuntu","provider_name":"registry.terraform.io/hashicorp/aws","schema_version":0,"values":{"architecture":"x86_64","arn":"arn:aws:ec2:us-east-1::image/ami-0f9575d3d509bae0c","block_device_mappings":[{"device_name":"/dev/sda1","ebs":{"delete_on_termination":"true","encrypted":"false","iops":"0","snapshot_id":"snap-076077f1bfe54bb9e","throughput":"0","volume_size":"8","volume_type":"gp2"},"no_device":"","virtual_name":""},{"device_name":"/dev/sdb","ebs":{},"no_device":"","virtual_name":"ephemeral0"},{"device_name":"/dev/sdc","ebs":{},"no_device":"","virtual_name":"ephemeral1"}],"boot_mode":"uefi-preferred","creation_date":"2025-02-19T04:14:03.000Z","deprecation_time":"2027-02-19T04:14:03.000Z","description":"Canonical, Ubuntu, 22.04, amd64 jammy image","ena_support":true,"executable_users":null,"filter":[{"name":"name","values":["ubuntu/images/hvm-ssd/ubuntu-jammy-22.04-amd64-server-*"]},{"name":"virtualization-type","values":["hvm"]}],"hypervisor":"xen","id":"ami-0f9575d3d509bae0c","image_id":"ami-0f9575d3d509bae0c","image_location":"amazon/ubuntu/images/hvm-ssd/ubuntu-jammy-22.04-amd64-server-20250219","image_owner_alias":"amazon","image_type":"machine","imds_support":"","include_deprecated":false,"kernel_id":"","most_recent":true,"name":"ubuntu/images/hvm-ssd/ubuntu-jammy-22.04-amd64-server-20250219","name_regex":null,"owner_id":"099720109477","owners":["099720109477"],"platform":"","platform_details":"Linux/UNIX","product_codes":[],"public":true,"ramdisk_id":"","root_device_name":"/dev/sda1","root_device_type":"ebs","root_snapshot_id":"snap-076077f1bfe54bb9e","sriov_net_support":"simple","state":"available","state_reason":{"code":"UNSET","message":"UNSET"},"tags":{},"timeouts":null,"tpm_support":"","uefi_data":null,"usage_operation":"RunInstances","virtualization_type":"hvm"},"sensitive_values":{"block_device_mappings":[{"ebs":{}},{"ebs":{}},{"ebs":{}}],"filter":[{"values":[false]},{"values":[false]}],"owners":[false],"product_codes":[],"state_reason":{},"tags":{}}}],"child_modules":[{"resources":[{"address":"module.app_alb.data.aws_partition.current","mode":"data","type":"aws_partition","name":"current","provider_name":"registry.terraform.io/hashicorp/aws","schema_version":0,"values":{"dns_suffix":"amazonaws.com","id":"aws","partition":"aws","reverse_dns_prefix":"com.amazonaws"},"sensitive_values":{}}],"address":"module.app_alb"},{"resources":[{"address":"module.app_asg.data.aws_partition.current","mode":"data","type":"aws_partition","name":"current","provider_name":"registry.terraform.io/hashicorp/aws","schema_version":0,"values":{"dns_suffix":"amazonaws.com","id":"aws","partition":"aws","reverse_dns_prefix":"com.amazonaws"},"sensitive_values":{}}],"address":"module.app_asg"},{"resources":[{"address":"module.app_iam_role.data.aws_caller_identity.current","mode":"data","type":"aws_caller_identity","name":"current","provider_name":"registry.terraform.io/hashicorp/aws","schema_version":0,"values":{"account_id":"881490090314","arn":"arn:aws:iam::881490090314:user/terraform","id":"881490090314","user_id":"AIDA42PHHLFFH6VJMFOIZ"},"sensitive_values":{}},{"address":"module.app_iam_role.data.aws_iam_policy_document.assume_role_with_mfa[0]","mode":"data","type":"aws_iam_policy_document","name":"assume_role_with_mfa","index":0,"provider_name":"registry.terraform.io/hashicorp/aws","schema_version":0,"values":{"id":"3064267428","json":"{\n  \"Version\": \"2012-10-17\",\n  \"Statement\": [\n    {\n      \"Effect\": \"Allow\",\n      \"Action\": [\n        \"sts:TagSession\",\n        \"sts:AssumeRole\"\n      ],\n      \"Principal\": {\n        \"AWS\": [],\n        \"Service\": \"ec2.amazonaws.com\"\n      },\n      \"Condition\": {\n        \"Bool\": {\n          \"aws:MultiFactorAuthPresent\": \"true\"\n        },\n        \"NumericLessThan\": {\n          \"aws:MultiFactorAuthAge\": \"86400\"\n        }\n      }\n    }\n  ]\n}","minified_json":"{\"Version\":\"2012-10-17\",\"Statement\":[{\"Effect\":\"Allow\",\"Action\":[\"sts:TagSession\",\"sts:AssumeRole\"],\"Principal\":{\"AWS\":[],\"Service\":\"ec2.amazonaws.com\"},\"Condition\":{\"Bool\":{\"aws:MultiFactorAuthPresent\":\"true\"},\"NumericLessThan\":{\"aws:MultiFactorAuthAge\":\"86400\"}}}]}","override_json":null,"override_policy_documents":null,"policy_id":null,"source_json":null,"source_policy_documents":null,"statement":[{"actions":["sts:AssumeRole","sts:TagSession"],"condition":[{"test":"Bool","values":["true"],"variable":"aws:MultiFactorAuthPresent"},{"test":"NumericLessThan","values":["86400"],"variable":"aws:MultiFactorAuthAge"}],"effect":"Allow","not_actions":[],"not_principals":[],"not_resources":[],"principals":[{"identifiers":["ec2.amazonaws.com"],"type":"Service"},{"identifiers":[],"type":"AWS"}],"resources":[],"sid":""}],"version":"2012-10-17"},"sensitive_values":{"statement":[{"actions":[false,false],"condition":[{"values":[false]},{"values":[false]}],"not_actions":[],"not_principals":[],"not_resources":[],"principals":[{"identifiers":[false]},{"identifiers":[]}],"resources":[]}]}},{"address":"module.app_iam_role.data.aws_partition.current","mode":"data","type":"aws_partition","name":"current","provider_name":"registry.terraform.io/hashicorp/aws","schema_version":0,"values":{"dns_suffix":"amazonaws.com","id":"aws","partition":"aws","reverse_dns_prefix":"com.amazonaws"},"sensitive_values":{}}],"address":"module.app_iam_role"},{"resources":[{"address":"module.eks.data.aws_caller_identity.current[0]","mode":"data","type":"aws_caller_identity","name":"current","index":0,"provider_name":"registry.terraform.io/hashicorp/aws","schema_version":0,"values":{"account_id":"881490090314","arn":"arn:aws:iam::881490090314:user/terraform","id":"881490090314","user_id":"AIDA42PHHLFFH6VJMFOIZ"},"sensitive_values":{}},{"address":"module.eks.data.aws_iam_policy_document.assume_role_policy[0]","mode":"data","type":"aws_iam_policy_document","name":"assume_role_policy","index":0,"provider_name":"registry.terraform.io/hashicorp/aws","schema_version":0,"values":{"id":"2830595799","json":"{\n  \"Version\": \"2012-10-17\",\n  \"Statement\": [\n    {\n      \"Sid\": \"EKSClusterAssumeRole\",\n      \"Effect\": \"Allow\",\n      \"Action\": [\n        \"sts:TagSession\",\n        \"sts:AssumeRole\"\n      ],\n      \"Principal\": {\n        \"Service\": \"eks.amazonaws.com\"\n      }\n    }\n  ]\n}","minified_json":"{\"Version\":\"2012-10-17\",\"Statement\":[{\"Sid\":\"EKSClusterAssumeRole\",\"Effect\":\"Allow\",\"Action\":[\"sts:TagSession\",\"sts:AssumeRole\"],\"Principal\":{\"Service\":\"eks.amazonaws.com\"}}]}","override_json":null,"override_policy_documents":null,"policy_id":null,"source_json":null,"source_policy_documents":null,"statement":[{"actions":["sts:AssumeRole","sts:TagSession"],"condition":[],"effect":"Allow","not_actions":[],"not_principals":[],"not_resources":[],"principals":[{"identifiers":["eks.amazonaws.com"],"type":"Service"}],"resources":[],"sid":"EKSClusterAssumeRole"}],"version":"2012-10-17"},"sensitive_values":{"statement":[{"actions":[false,false],"condition":[],"not_actions":[],"not_principals":[],"not_resources":[],"principals":[{"identifiers":[false]}],"resources":[]}]}},{"address":"module.eks.data.aws_iam_policy_document.custom[0]","mode":"data","type":"aws_iam_policy_document","name":"custom","index":0,"provider_name":"registry.terraform.io/hashicorp/aws","schema_version":0,"values":{"id":"513122117","json":"{\n  \"Version\": \"2012-10-17\",\n  \"Statement\": [\n    {\n      \"Sid\": \"Compute\",\n      \"Effect\": \"Allow\",\n      \"Action\": [\n        \"ec2:RunInstances\",\n        \"ec2:CreateLaunchTemplate\",\n        \"ec2:CreateFleet\"\n      ],\n      \"Resource\": \"*\",\n      \"Condition\": {\n        \"StringEquals\": {\n          \"aws:RequestTag/eks:eks-cluster-name\": \"${aws:PrincipalTag/eks:eks-cluster-name}\"\n        },\n        \"StringLike\": {\n          \"aws:RequestTag/eks:kubernetes-node-class-name\": \"*\",\n          \"aws:RequestTag/eks:kubernetes-node-pool-name\": \"*\"\n        }\n      }\n    },\n    {\n      \"Sid\": \"Storage\",\n      \"Effect\": \"Allow\",\n      \"Action\": [\n        \"ec2:CreateVolume\",\n        \"ec2:CreateSnapshot\"\n      ],\n      \"Resource\": [\n        \"arn:aws:ec2:*:*:volume/*\",\n        \"arn:aws:ec2:*:*:snapshot/*\"\n      ],\n      \"Condition\": {\n        \"StringEquals\": {\n          \"aws:RequestTag/eks:eks-cluster-name\": \"${aws:PrincipalTag/eks:eks-cluster-name}\"\n        }\n      }\n    },\n    {\n      \"Sid\": \"Networking\",\n      \"Effect\": \"Allow\",\n      \"Action\": \"ec2:CreateNetworkInterface\",\n      \"Resource\": \"*\",\n      \"Condition\": {\n        \"StringEquals\": {\n          \"aws:RequestTag/eks:eks-cluster-name\": \"${aws:PrincipalTag/eks:eks-cluster-name}\",\n          \"aws:RequestTag/eks:kubernetes-cni-node-name\": \"*\"\n        }\n      }\n    },\n    {\n      \"Sid\": \"LoadBalancer\",\n      \"Effect\": \"Allow\",\n      \"Action\": [\n        \"elasticloadbalancing:CreateTargetGroup\",\n        \"elasticloadbalancing:CreateRule\",\n        \"elasticloadbalancing:CreateLoadBalancer\",\n        \"elasticloadbalancing:CreateListener\",\n        \"ec2:CreateSecurityGroup\"\n      ],\n      \"Resource\": \"*\",\n      \"Condition\": {\n        \"StringEquals\": {\n          \"aws:RequestTag/eks:eks-cluster-name\": \"${aws:PrincipalTag/eks:eks-cluster-name}\"\n        }\n      }\n    },\n    {\n      \"Sid\": \"ShieldProtection\",\n      \"Effect\": \"Allow\",\n      \"Action\": \"shield:CreateProtection\",\n      \"Resource\": \"*\",\n      \"Condition\": {\n        \"StringEquals\": {\n          \"aws:RequestTag/eks:eks-cluster-name\": \"${aws:PrincipalTag/eks:eks-cluster-name}\"\n        }\n      }\n    },\n    {\n      \"Sid\": \"ShieldTagResource\",\n      \"Effect\": \"Allow\",\n      \"Action\": \"shield:TagResource\",\n      \"Resource\": \"arn:aws:shield::*:protection/*\",\n      \"Condition\": {\n        \"StringEquals\": {\n          \"aws:RequestTag/eks:eks-cluster-name\": \"${aws:PrincipalTag/eks:eks-cluster-name}\"\n        }\n      }\n    }\n  ]\n}","minified_json":"{\"Version\":\"2012-10-17\",\"Statement\":[{\"Sid\":\"Compute\",\"Effect\":\"Allow\",\"Action\":[\"ec2:RunInstances\",\"ec2:CreateLaunchTemplate\",\"ec2:CreateFleet\"],\"Resource\":\"*\",\"Condition\":{\"StringEquals\":{\"aws:RequestTag/eks:eks-cluster-name\":\"${aws:PrincipalTag/eks:eks-cluster-name}\"},\"StringLike\":{\"aws:RequestTag/eks:kubernetes-node-class-name\":\"*\",\"aws:RequestTag/eks:kubernetes-node-pool-name\":\"*\"}}},{\"Sid\":\"Storage\",\"Effect\":\"Allow\",\"Action\":[\"ec2:CreateVolume\",\"ec2:CreateSnapshot\"],\"Resource\":[\"arn:aws:ec2:*:*:volume/*\",\"arn:aws:ec2:*:*:snapshot/*\"],\"Condition\":{\"StringEquals\":{\"aws:RequestTag/eks:eks-cluster-name\":\"${aws:PrincipalTag/eks:eks-cluster-name}\"}}},{\"Sid\":\"Networking\",\"Effect\":\"Allow\",\"Action\":\"ec2:CreateNetworkInterface\",\"Resource\":\"*\",\"Condition\":{\"StringEquals\":{\"aws:RequestTag/eks:eks-cluster-name\":\"${aws:PrincipalTag/eks:eks-cluster-name}\",\"aws:RequestTag/eks:kubernetes-cni-node-name\":\"*\"}}},{\"Sid\":\"LoadBalancer\",\"Effect\":\"Allow\",\"Action\":[\"elasticloadbalancing:CreateTargetGroup\",\"elasticloadbalancing:CreateRule\",\"elasticloadbalancing:CreateLoadBalancer\",\"elasticloadbalancing:CreateListener\",\"ec2:CreateSecurityGroup\"],\"Resource\":\"*\",\"Condition\":{\"StringEquals\":{\"aws:RequestTag/eks:eks-cluster-name\":\"${aws:PrincipalTag/eks:eks-cluster-name}\"}}},{\"Sid\":\"ShieldProtection\",\"Effect\":\"Allow\",\"Action\":\"shield:CreateProtection\",\"Resource\":\"*\",\"Condition\":{\"StringEquals\":{\"aws:RequestTag/eks:eks-cluster-name\":\"${aws:PrincipalTag/eks:eks-cluster-name}\"}}},{\"Sid\":\"ShieldTagResource\",\"Effect\":\"Allow\",\"Action\":\"shield:TagResource\",\"Resource\":\"arn:aws:shield::*:protection/*\",\"Condition\":{\"StringEquals\":{\"aws:RequestTag/eks:eks-cluster-name\":\"${aws:PrincipalTag/eks:eks-cluster-name}\"}}}]}","override_json":null,"override_policy_documents":null,"policy_id":null,"source_json":null,"source_policy_documents":null,"statement":[{"actions":["ec2:CreateFleet","ec2:CreateLaunchTemplate","ec2:RunInstances"],"condition":[{"test":"StringEquals","values":["${aws:PrincipalTag/eks:eks-cluster-name}"],"variable":"aws:RequestTag/eks:eks-cluster-name"},{"test":"StringLike","values":["*"],"variable":"aws:RequestTag/eks:kubernetes-node-class-name"},{"test":"StringLike","values":["*"],"variable":"aws:RequestTag/eks:kubernetes-node-pool-name"}],"effect":"Allow","not_actions":[],"not_principals":[],"not_resources":[],"principals":[],"resources":["*"],"sid":"Compute"},{"actions":["ec2:CreateSnapshot","ec2:CreateVolume"],"condition":[{"test":"StringEquals","values":["${aws:PrincipalTag/eks:eks-cluster-name}"],"variable":"aws:RequestTag/eks:eks-cluster-name"}],"effect":"Allow","not_actions":[],"not_principals":[],"not_resources":[],"principals":[],"resources":["arn:aws:ec2:*:*:snapshot/*","arn:aws:ec2:*:*:volume/*"],"sid":"Storage"},{"actions":["ec2:CreateNetworkInterface"],"condition":[{"test":"StringEquals","values":["${aws:PrincipalTag/eks:eks-cluster-name}"],"variable":"aws:RequestTag/eks:eks-cluster-name"},{"test":"StringEquals","values":["*"],"variable":"aws:RequestTag/eks:kubernetes-cni-node-name"}],"effect":"Allow","not_actions":[],"not_principals":[],"not_resources":[],"principals":[],"resources":["*"],"sid":"Networking"},{"actions":["ec2:CreateSecurityGroup","elasticloadbalancing:CreateListener","elasticloadbalancing:CreateLoadBalancer","elasticloadbalancing:CreateRule","elasticloadbalancing:CreateTargetGroup"],"condition":[{"test":"StringEquals","values":["${aws:PrincipalTag/eks:eks-cluster-name}"],"variable":"aws:RequestTag/eks:eks-cluster-name"}],"effect":"Allow","not_actions":[],"not_principals":[],"not_resources":[],"principals":[],"resources":["*"],"sid":"LoadBalancer"},{"actions":["shield:CreateProtection"],"condition":[{"test":"StringEquals","values":["${aws:PrincipalTag/eks:eks-cluster-name}"],"variable":"aws:RequestTag/eks:eks-cluster-name"}],"effect":"Allow","not_actions":[],"not_principals":[],"not_resources":[],"principals":[],"resources":["*"],"sid":"ShieldProtection"},{"actions":["shield:TagResource"],"condition":[{"test":"StringEquals","values":["${aws:PrincipalTag/eks:eks-cluster-name}"],"variable":"aws:RequestTag/eks:eks-cluster-name"}],"effect":"Allow","not_actions":[],"not_principals":[],"not_resources":[],"principals":[],"resources":["arn:aws:shield::*:protection/*"],"sid":"ShieldTagResource"}],"version":"2012-10-17"},"sensitive_values":{"statement":[{"actions":[false,false,false],"condition":[{"values":[false]},{"values":[false]},{"values":[false]}],"not_actions":[],"not_principals":[],"not_resources":[],"principals":[],"resources":[false]},{"actions":[false,false],"condition":[{"values":[false]}],"not_actions":[],"not_principals":[],"not_resources":[],"principals":[],"resources":[false,false]},{"actions":[false],"condition":[{"values":[false]},{"values":[false]}],"not_actions":[],"not_principals":[],"not_resources":[],"principals":[],"resources":[false]},{"actions":[false,false,false,false,false],"condition":[{"values":[false]}],"not_actions":[],"not_principals":[],"not_resources":[],"principals":[],"resources":[false]},{"actions":[false],"condition":[{"values":[false]}],"not_actions":[],"not_principals":[],"not_resources":[],"principals":[],"resources":[false]},{"actions":[false],"condition":[{"values":[false]}],"not_actions":[],"not_principals":[],"not_resources":[],"principals":[],"resources":[false]}]}},{"address":"module.eks.data.aws_iam_session_context.current[0]","mode":"data","type":"aws_iam_session_context","name":"current","index":0,"provider_name":"registry.terraform.io/hashicorp/aws","schema_version":0,"values":{"arn":"arn:aws:iam::881490090314:user/terraform","id":"arn:aws:iam::881490090314:user/terraform","issuer_arn":"arn:aws:iam::881490090314:user/terraform","issuer_id":"","issuer_name":"","session_name":""},"sensitive_values":{}},{"address":"module.eks.data.aws_partition.current[0]","mode":"data","type":"aws_partition","name":"current","index":0,"provider_name":"registry.terraform.io/hashicorp/aws","schema_version":0,"values":{"dns_suffix":"amazonaws.com","id":"aws","partition":"aws","reverse_dns_prefix":"com.amazonaws"},"sensitive_values":{}}],"address":"module.eks","child_modules":[{"resources":[{"address":"module.eks.module.eks_managed_node_group[\"ondemand\"].data.aws_caller_identity.current","mode":"data","type":"aws_caller_identity","name":"current","provider_name":"registry.terraform.io/hashicorp/aws","schema_version":0,"values":{"account_id":"881490090314","arn":"arn:aws:iam::881490090314:user/terraform","id":"881490090314","user_id":"AIDA42PHHLFFH6VJMFOIZ"},"sensitive_values":{}},{"address":"module.eks.module.eks_managed_node_group[\"ondemand\"].data.aws_iam_policy_document.assume_role_policy[0]","mode":"data","type":"aws_iam_policy_document","name":"assume_role_policy","index":0,"provider_name":"registry.terraform.io/hashicorp/aws","schema_version":0,"values":{"id":"2560088296","json":"{\n  \"Version\": \"2012-10-17\",\n  \"Statement\": [\n    {\n      \"Sid\": \"EKSNodeAssumeRole\",\n      \"Effect\": \"Allow\",\n      \"Action\": \"sts:AssumeRole\",\n      \"Principal\": {\n        \"Service\": \"ec2.amazonaws.com\"\n      }\n    }\n  ]\n}","minified_json":"{\"Version\":\"2012-10-17\",\"Statement\":[{\"Sid\":\"EKSNodeAssumeRole\",\"Effect\":\"Allow\",\"Action\":\"sts:AssumeRole\",\"Principal\":{\"Service\":\"ec2.amazonaws.com\"}}]}","override_json":null,"override_policy_documents":null,"policy_id":null,"source_json":null,"source_policy_documents":null,"statement":[{"actions":["sts:AssumeRole"],"condition":[],"effect":"Allow","not_actions":[],"not_principals":[],"not_resources":[],"principals":[{"identifiers":["ec2.amazonaws.com"],"type":"Service"}],"resources":[],"sid":"EKSNodeAssumeRole"}],"version":"2012-10-17"},"sensitive_values":{"statement":[{"actions":[false],"condition":[],"not_actions":[],"not_principals":[],"not_resources":[],"principals":[{"identifiers":[false]}],"resources":[]}]}},{"address":"module.eks.module.eks_managed_node_group[\"ondemand\"].data.aws_partition.current","mode":"data","type":"aws_partition","name":"current","provider_name":"registry.terraform.io/hashicorp/aws","schema_version":0,"values":{"dns_suffix":"amazonaws.com","id":"aws","partition":"aws","reverse_dns_prefix":"com.amazonaws"},"sensitive_values":{}}],"address":"module.eks.module.eks_managed_node_group[\"ondemand\"]"},{"resources":[{"address":"module.eks.module.eks_managed_node_group[\"spot\"].data.aws_caller_identity.current","mode":"data","type":"aws_caller_identity","name":"current","provider_name":"registry.terraform.io/hashicorp/aws","schema_version":0,"values":{"account_id":"881490090314","arn":"arn:aws:iam::881490090314:user/terraform","id":"881490090314","user_id":"AIDA42PHHLFFH6VJMFOIZ"},"sensitive_values":{}},{"address":"module.eks.module.eks_managed_node_group[\"spot\"].data.aws_iam_policy_document.assume_role_policy[0]","mode":"data","type":"aws_iam_policy_document","name":"assume_role_policy","index":0,"provider_name":"registry.terraform.io/hashicorp/aws","schema_version":0,"values":{"id":"2560088296","json":"{\n  \"Version\": \"2012-10-17\",\n  \"Statement\": [\n    {\n      \"Sid\": \"EKSNodeAssumeRole\",\n      \"Effect\": \"Allow\",\n      \"Action\": \"sts:AssumeRole\",\n      \"Principal\": {\n        \"Service\": \"ec2.amazonaws.com\"\n      }\n    }\n  ]\n}","minified_json":"{\"Version\":\"2012-10-17\",\"Statement\":[{\"Sid\":\"EKSNodeAssumeRole\",\"Effect\":\"Allow\",\"Action\":\"sts:AssumeRole\",\"Principal\":{\"Service\":\"ec2.amazonaws.com\"}}]}","override_json":null,"override_policy_documents":null,"policy_id":null,"source_json":null,"source_policy_documents":null,"statement":[{"actions":["sts:AssumeRole"],"condition":[],"effect":"Allow","not_actions":[],"not_principals":[],"not_resources":[],"principals":[{"identifiers":["ec2.amazonaws.com"],"type":"Service"}],"resources":[],"sid":"EKSNodeAssumeRole"}],"version":"2012-10-17"},"sensitive_values":{"statement":[{"actions":[false],"condition":[],"not_actions":[],"not_principals":[],"not_resources":[],"principals":[{"identifiers":[false]}],"resources":[]}]}},{"address":"module.eks.module.eks_managed_node_group[\"spot\"].data.aws_partition.current","mode":"data","type":"aws_partition","name":"current","provider_name":"registry.terraform.io/hashicorp/aws","schema_version":0,"values":{"dns_suffix":"amazonaws.com","id":"aws","partition":"aws","reverse_dns_prefix":"com.amazonaws"},"sensitive_values":{}}],"address":"module.eks.module.eks_managed_node_group[\"spot\"]"},{"resources":[{"address":"module.eks.module.kms.data.aws_caller_identity.current[0]","mode":"data","type":"aws_caller_identity","name":"current","index":0,"provider_name":"registry.terraform.io/hashicorp/aws","schema_version":0,"values":{"account_id":"881490090314","arn":"arn:aws:iam::881490090314:user/terraform","id":"881490090314","user_id":"AIDA42PHHLFFH6VJMFOIZ"},"sensitive_values":{}},{"address":"module.eks.module.kms.data.aws_partition.current[0]","mode":"data","type":"aws_partition","name":"current","index":0,"provider_name":"registry.terraform.io/hashicorp/aws","schema_version":0,"values":{"dns_suffix":"amazonaws.com","id":"aws","partition":"aws","reverse_dns_prefix":"com.amazonaws"},"sensitive_values":{}}],"address":"module.eks.module.kms"}]},{"address":"module.rds","child_modules":[{"resources":[{"address":"module.rds.module.db_instance.data.aws_iam_policy_document.enhanced_monitoring","mode":"data","type":"aws_iam_policy_document","name":"enhanced_monitoring","provider_name":"registry.terraform.io/hashicorp/aws","schema_version":0,"values":{"id":"76086537","json":"{\n  \"Version\": \"2012-10-17\",\n  \"Statement\": [\n    {\n      \"Effect\": \"Allow\",\n      \"Action\": \"sts:AssumeRole\",\n      \"Principal\": {\n        \"Service\": \"monitoring.rds.amazonaws.com\"\n      }\n    }\n  ]\n}","minified_json":"{\"Version\":\"2012-10-17\",\"Statement\":[{\"Effect\":\"Allow\",\"Action\":\"sts:AssumeRole\",\"Principal\":{\"Service\":\"monitoring.rds.amazonaws.com\"}}]}","override_json":null,"override_policy_documents":null,"policy_id":null,"source_json":null,"source_policy_documents":null,"statement":[{"actions":["sts:AssumeRole"],"condition":[],"effect":"Allow","not_actions":[],"not_principals":[],"not_resources":[],"principals":[{"identifiers":["monitoring.rds.amazonaws.com"],"type":"Service"}],"resources":[],"sid":""}],"version":"2012-10-17"},"sensitive_values":{"statement":[{"actions":[false],"condition":[],"not_actions":[],"not_principals":[],"not_resources":[],"principals":[{"identifiers":[false]}],"resources":[]}]}},{"address":"module.rds.module.db_instance.data.aws_partition.current","mode":"data","type":"aws_partition","name":"current","provider_name":"registry.terraform.io/hashicorp/aws","schema_version":0,"values":{"dns_suffix":"amazonaws.com","id":"aws","partition":"aws","reverse_dns_prefix":"com.amazonaws"},"sensitive_values":{}}],"address":"module.rds.module.db_instance"}]},{"resources":[{"address":"module.web_alb.data.aws_partition.current","mode":"data","type":"aws_partition","name":"current","provider_name":"registry.terraform.io/hashicorp/aws","schema_version":0,"values":{"dns_suffix":"amazonaws.com","id":"aws","partition":"aws","reverse_dns_prefix":"com.amazonaws"},"sensitive_values":{}}],"address":"module.web_alb"},{"resources":[{"address":"module.web_asg.data.aws_partition.current","mode":"data","type":"aws_partition","name":"current","provider_name":"registry.terraform.io/hashicorp/aws","schema_version":0,"values":{"dns_suffix":"amazonaws.com","id":"aws","partition":"aws","reverse_dns_prefix":"com.amazonaws"},"sensitive_values":{}}],"address":"module.web_asg"}]}}},"configuration":{"provider_config":{"aws":{"name":"aws","full_name":"registry.terraform.io/hashicorp/aws"},"helm":{"name":"helm","full_name":"registry.terraform.io/hashicorp/helm"},"module.eks.module.eks_managed_node_group.module.user_data:cloudinit":{"name":"cloudinit","full_name":"registry.terraform.io/hashicorp/cloudinit","version_constraint":"\u003e= 2.0.0","module_address":"module.eks.module.eks_managed_node_group.module.user_data"},"module.eks.module.eks_managed_node_group.module.user_data:null":{"name":"null","full_name":"registry.terraform.io/hashicorp/null","version_constraint":"\u003e= 3.0.0","module_address":"module.eks.module.eks_managed_node_group.module.user_data"},"module.eks.module.self_managed_node_group.module.user_data:cloudinit":{"name":"cloudinit","full_name":"registry.terraform.io/hashicorp/cloudinit","version_constraint":"\u003e= 2.0.0","module_address":"module.eks.module.self_managed_node_group.module.user_data"},"module.eks.module.self_managed_node_group.module.user_data:null":{"name":"null","full_name":"registry.terraform.io/hashicorp/null","version_constraint":"\u003e= 3.0.0","module_address":"module.eks.module.self_managed_node_group.module.user_data"},"module.eks:time":{"name":"time","full_name":"registry.terraform.io/hashicorp/time","version_constraint":"\u003e= 0.9.0","module_address":"module.eks"},"module.eks:tls":{"name":"tls","full_name":"registry.terraform.io/hashicorp/tls","version_constraint":"\u003e= 3.0.0","module_address":"module.eks"},"module.rds.module.db_instance:random":{"name":"random","full_name":"registry.terraform.io/hashicorp/random","version_constraint":"\u003e= 3.1.0","module_address":"module.rds.module.db_instance"}},"root_module":{"outputs":{"private_subnets":{"expression":{"references":["module.vpc.private_subnets","module.vpc"]},"description":"List of IDs of private subnets"},"public_subnets":{"expression":{"references":["module.vpc.public_subnets","module.vpc"]},"description":"List of IDs of public subnets"},"route53_nameservers":{"expression":{"references":["module.route53_zones.route53_zone_name_servers","module.route53_zones"]},"description":"Nameservers for the hosted zone"},"vpc_id":{"expression":{"references":["module.vpc.vpc_id","module.vpc"]},"description":"The ID of the VPC"}},"resources":[{"address":"aws_cloudwatch_metric_alarm.cpu_alarm","mode":"managed","type":"aws_cloudwatch_metric_alarm","name":"cpu_alarm","provider_config_key":"aws","expressions":{"alarm_actions":{"references":["aws_sns_topic.sns.arn","aws_sns_topic.sns"]},"alarm_description":{"constant_value":"This metric monitors EC2 CPU utilization"},"alarm_name":{"references":["var.project_name"]},"comparison_operator":{"constant_value":"GreaterThanThreshold"},"dimensions":{"references":["module.app_asg.autoscaling_group_name","module.app_asg"]},"evaluation_periods":{"constant_value":"2"},"metric_name":{"constant_value":"CPUUtilization"},"namespace":{"constant_value":"AWS/EC2"},"period":{"constant_value":"300"},"statistic":{"constant_value":"Average"},"threshold":{"constant_value":"80"}},"schema_version":1},{"address":"aws_sns_topic.sns","mode":"managed","type":"aws_sns_topic","name":"sns","provider_config_key":"aws","expressions":{"name":{"references":["var.project_name"]}},"schema_version":0},{"address":"helm_release.calico","mode":"managed","type":"helm_release","name":"calico","provider_config_key":"helm","expressions":{"chart":{"constant_value":"calico"},"name":{"constant_value":"calico"},"namespace":{"constant_value":"kube-system"},"repository":{"constant_value":"https://docs.projectcalico.org/charts"},"values":{}},"schema_version":1,"depends_on":["module.eks"]},{"address":"data.aws_ami.ubuntu","mode":"data","type":"aws_ami","name":"ubuntu","provider_config_key":"aws","expressions":{"filter":[{"name":{"constant_value":"name"},"values":{"constant_value":["ubuntu/images/hvm-ssd/ubuntu-jammy-22.04-amd64-server-*"]}},{"name":{"constant_value":"virtualization-type"},"values":{"constant_value":["hvm"]}}],"most_recent":{"constant_value":true},"owners":{"constant_value":["099720109477"]}},"schema_version":0}],"module_calls":{"app_alb":{"source":"terraform-aws-modules/alb/aws","expressions":{"enable_deletion_protection":{"constant_value":false},"name":{"references":["var.project_name"]},"security_groups":{"references":["module.app_security_group.security_group_id","module.app_security_group"]},"subnets":{"references":["module.vpc.private_subnets","module.vpc"]},"tags":{"references":["var.tags"]},"target_groups":{"references":["var.project_name"]},"vpc_id":{"references":["module.vpc.vpc_id","module.vpc"]}},"module":{"outputs":{"arn":{"expression":{"references":["aws_lb.this[0].arn","aws_lb.this[0]","aws_lb.this"]},"description":"The ID and ARN of the load balancer we created"},"arn_suffix":{"expression":{"references":["aws_lb.this[0].arn_suffix","aws_lb.this[0]","aws_lb.this"]},"description":"ARN suffix of our load balancer - can be used with CloudWatch"},"dns_name":{"expression":{"references":["aws_lb.this[0].dns_name","aws_lb.this[0]","aws_lb.this"]},"description":"The DNS name of the load balancer"},"id":{"expression":{"references":["aws_lb.this[0].id","aws_lb.this[0]","aws_lb.this"]},"description":"The ID and ARN of the load balancer we created"},"listener_rules":{"expression":{"references":["aws_lb_listener_rule.this"]},"description":"Map of listeners rules created and their attributes"},"listeners":{"expression":{"references":["aws_lb_listener.this"]},"description":"Map of listeners created and their attributes"},"route53_records":{"expression":{"references":["aws_route53_record.this"]},"description":"The Route53 records created and attached to the load balancer"},"security_group_arn":{"expression":{"references":["aws_security_group.this[0].arn","aws_security_group.this[0]","aws_security_group.this"]},"description":"Amazon Resource Name (ARN) of the security group"},"security_group_id":{"expression":{"references":["aws_security_group.this[0].id","aws_security_group.this[0]","aws_security_group.this"]},"description":"ID of the security group"},"target_groups":{"expression":{"references":["aws_lb_target_group.this"]},"description":"Map of target groups created and their attributes"},"zone_id":{"expression":{"references":["aws_lb.this[0].zone_id","aws_lb.this[0]","aws_lb.this"]},"description":"The zone_id of the load balancer to assist with creating DNS records"}},"resources":[{"address":"aws_lambda_permission.this","mode":"managed","type":"aws_lambda_permission","name":"this","provider_config_key":"aws","expressions":{"action":{"references":["each.value.lambda_action","each.value"]},"event_source_token":{"references":["each.value.lambda_event_source_token","each.value"]},"function_name":{"references":["each.value.lambda_function_name","each.value"]},"principal":{"references":["each.value.lambda_principal","each.value","data.aws_partition.current.dns_suffix","data.aws_partition.current"]},"qualifier":{"references":["each.value.lambda_qualifier","each.value"]},"source_account":{"references":["each.value.lambda_source_account","each.value"]},"source_arn":{"references":["aws_lb_target_group.this","each.key"]},"statement_id":{"references":["each.value.lambda_statement_id","each.value"]}},"schema_version":0,"for_each_expression":{"references":["local.lambda_target_groups","local.create"]}},{"address":"aws_lb.this","mode":"managed","type":"aws_lb","name":"this","provider_config_key":"aws","expressions":{"client_keep_alive":{"references":["var.client_keep_alive"]},"customer_owned_ipv4_pool":{"references":["var.customer_owned_ipv4_pool"]},"desync_mitigation_mode":{"references":["var.desync_mitigation_mode"]},"dns_record_client_routing_policy":{"references":["var.dns_record_client_routing_policy"]},"drop_invalid_header_fields":{"references":["var.drop_invalid_header_fields"]},"enable_cross_zone_load_balancing":{"references":["var.enable_cross_zone_load_balancing"]},"enable_deletion_protection":{"references":["var.enable_deletion_protection"]},"enable_http2":{"references":["var.enable_http2"]},"enable_tls_version_and_cipher_suite_headers":{"references":["var.enable_tls_version_and_cipher_suite_headers"]},"enable_waf_fail_open":{"references":["var.enable_waf_fail_open"]},"enable_xff_client_port":{"references":["var.enable_xff_client_port"]},"enable_zonal_shift":{"references":["var.enable_zonal_shift"]},"enforce_security_group_inbound_rules_on_private_link_traffic":{"references":["var.enforce_security_group_inbound_rules_on_private_link_traffic"]},"idle_timeout":{"references":["var.idle_timeout"]},"internal":{"references":["var.internal"]},"ip_address_type":{"references":["var.ip_address_type"]},"load_balancer_type":{"references":["var.load_balancer_type"]},"name":{"references":["var.name"]},"name_prefix":{"references":["var.name_prefix"]},"preserve_host_header":{"references":["var.preserve_host_header"]},"security_groups":{"references":["var.create_security_group","aws_security_group.this[0].id","aws_security_group.this[0]","aws_security_group.this","var.security_groups","var.security_groups"]},"subnets":{"references":["var.subnets"]},"tags":{"references":["local.tags"]},"timeouts":{"create":{"references":["var.timeouts.create","var.timeouts"]},"delete":{"references":["var.timeouts.delete","var.timeouts"]},"update":{"references":["var.timeouts.update","var.timeouts"]}},"xff_header_processing_mode":{"references":["var.xff_header_processing_mode"]}},"schema_version":0,"count_expression":{"references":["local.create"]}},{"address":"aws_lb_listener.this","mode":"managed","type":"aws_lb_listener","name":"this","provider_config_key":"aws","expressions":{"alpn_policy":{"references":["each.value.alpn_policy","each.value"]},"certificate_arn":{"references":["each.value.certificate_arn","each.value"]},"load_balancer_arn":{"references":["aws_lb.this[0].arn","aws_lb.this[0]","aws_lb.this"]},"port":{"references":["each.value.port","each.value","var.default_port"]},"protocol":{"references":["each.value.protocol","each.value","var.default_protocol"]},"ssl_policy":{"references":["each.value.protocol","each.value","var.default_protocol","each.value.ssl_policy","each.value","each.value.ssl_policy","each.value"]},"tags":{"references":["local.tags","each.value.tags","each.value"]},"tcp_idle_timeout_seconds":{"references":["each.value.tcp_idle_timeout_seconds","each.value"]}},"schema_version":0,"for_each_expression":{"references":["var.listeners","local.create"]}},{"address":"aws_lb_listener_certificate.this","mode":"managed","type":"aws_lb_listener_certificate","name":"this","provider_config_key":"aws","expressions":{"certificate_arn":{"references":["each.value.certificate_arn","each.value"]},"listener_arn":{"references":["aws_lb_listener.this","each.value.listener_key","each.value"]}},"schema_version":0,"for_each_expression":{"references":["local.additional_certs","local.create"]}},{"address":"aws_lb_listener_rule.this","mode":"managed","type":"aws_lb_listener_rule","name":"this","provider_config_key":"aws","expressions":{"listener_arn":{"references":["each.value.listener_arn","each.value","aws_lb_listener.this","each.value.listener_key","each.value"]},"priority":{"references":["each.value.priority","each.value"]},"tags":{"references":["local.tags","each.value.tags","each.value"]}},"schema_version":0,"for_each_expression":{"references":["local.listener_rules","local.create"]}},{"address":"aws_lb_target_group.this","mode":"managed","type":"aws_lb_target_group","name":"this","provider_config_key":"aws","expressions":{"connection_termination":{"references":["each.value.connection_termination","each.value"]},"deregistration_delay":{"references":["each.value.deregistration_delay","each.value"]},"ip_address_type":{"references":["each.value.ip_address_type","each.value"]},"lambda_multi_value_headers_enabled":{"references":["each.value.lambda_multi_value_headers_enabled","each.value"]},"load_balancing_algorithm_type":{"references":["each.value.load_balancing_algorithm_type","each.value"]},"load_balancing_anomaly_mitigation":{"references":["each.value.load_balancing_anomaly_mitigation","each.value"]},"load_balancing_cross_zone_enabled":{"references":["each.value.load_balancing_cross_zone_enabled","each.value"]},"name":{"references":["each.value.name","each.value"]},"name_prefix":{"references":["each.value.name_prefix","each.value"]},"port":{"references":["each.value.target_type","each.value","each.value.port","each.value","var.default_port"]},"preserve_client_ip":{"references":["each.value.preserve_client_ip","each.value"]},"protocol":{"references":["each.value.target_type","each.value","each.value.protocol","each.value","var.default_protocol"]},"protocol_version":{"references":["each.value.protocol_version","each.value"]},"proxy_protocol_v2":{"references":["each.value.proxy_protocol_v2","each.value"]},"slow_start":{"references":["each.value.slow_start","each.value"]},"tags":{"references":["local.tags","each.value.tags","each.value"]},"target_type":{"references":["each.value.target_type","each.value"]},"vpc_id":{"references":["each.value.vpc_id","each.value","var.vpc_id"]}},"schema_version":0,"for_each_expression":{"references":["var.target_groups","local.create"]}},{"address":"aws_lb_target_group_attachment.additional","mode":"managed","type":"aws_lb_target_group_attachment","name":"additional","provider_config_key":"aws","expressions":{"availability_zone":{"references":["each.value.availability_zone","each.value"]},"port":{"references":["each.value.target_type","each.value","each.value.port","each.value","var.default_port"]},"target_group_arn":{"references":["aws_lb_target_group.this","each.value.target_group_key","each.value"]},"target_id":{"references":["each.value.target_id","each.value"]}},"schema_version":0,"for_each_expression":{"references":["var.additional_target_group_attachments","local.create"]},"depends_on":["aws_lambda_permission.this"]},{"address":"aws_lb_target_group_attachment.this","mode":"managed","type":"aws_lb_target_group_attachment","name":"this","provider_config_key":"aws","expressions":{"availability_zone":{"references":["each.value.availability_zone","each.value"]},"port":{"references":["each.value.target_type","each.value","each.value.port","each.value","var.default_port"]},"target_group_arn":{"references":["aws_lb_target_group.this","each.key"]},"target_id":{"references":["each.value.target_id","each.value"]}},"schema_version":0,"for_each_expression":{"references":["var.target_groups","local.create"]},"depends_on":["aws_lambda_permission.this"]},{"address":"aws_route53_record.this","mode":"managed","type":"aws_route53_record","name":"this","provider_config_key":"aws","expressions":{"alias":[{"evaluate_target_health":{"constant_value":true},"name":{"references":["aws_lb.this[0].dns_name","aws_lb.this[0]","aws_lb.this"]},"zone_id":{"references":["aws_lb.this[0].zone_id","aws_lb.this[0]","aws_lb.this"]}}],"name":{"references":["each.value.name","each.value","each.key"]},"type":{"references":["each.value.type","each.value"]},"zone_id":{"references":["each.value.zone_id","each.value"]}},"schema_version":2,"for_each_expression":{"references":["var.route53_records","var.create"]}},{"address":"aws_security_group.this","mode":"managed","type":"aws_security_group","name":"this","provider_config_key":"aws","expressions":{"description":{"references":["var.security_group_description","local.security_group_name","var.load_balancer_type"]},"name":{"references":["var.security_group_use_name_prefix","local.security_group_name"]},"name_prefix":{"references":["var.security_group_use_name_prefix","local.security_group_name"]},"tags":{"references":["local.tags","var.security_group_tags"]},"vpc_id":{"references":["var.vpc_id"]}},"schema_version":1,"count_expression":{"references":["local.create_security_group"]}},{"address":"aws_vpc_security_group_egress_rule.this","mode":"managed","type":"aws_vpc_security_group_egress_rule","name":"this","provider_config_key":"aws","expressions":{"cidr_ipv4":{"references":["each.value"]},"cidr_ipv6":{"references":["each.value"]},"description":{"references":["each.value.description","each.value"]},"from_port":{"references":["each.value.from_port","each.value"]},"ip_protocol":{"references":["each.value.ip_protocol","each.value"]},"prefix_list_id":{"references":["each.value"]},"referenced_security_group_id":{"references":["each.value"]},"security_group_id":{"references":["aws_security_group.this[0].id","aws_security_group.this[0]","aws_security_group.this"]},"tags":{"references":["local.tags","var.security_group_tags","each.value.tags","each.value"]},"to_port":{"references":["each.value.to_port","each.value"]}},"schema_version":0,"for_each_expression":{"references":["var.security_group_egress_rules","local.create_security_group"]}},{"address":"aws_vpc_security_group_ingress_rule.this","mode":"managed","type":"aws_vpc_security_group_ingress_rule","name":"this","provider_config_key":"aws","expressions":{"cidr_ipv4":{"references":["each.value"]},"cidr_ipv6":{"references":["each.value"]},"description":{"references":["each.value.description","each.value"]},"from_port":{"references":["each.value.from_port","each.value"]},"ip_protocol":{"references":["each.value.ip_protocol","each.value"]},"prefix_list_id":{"references":["each.value"]},"referenced_security_group_id":{"references":["each.value"]},"security_group_id":{"references":["aws_security_group.this[0].id","aws_security_group.this[0]","aws_security_group.this"]},"tags":{"references":["local.tags","var.security_group_tags","each.value.tags","each.value"]},"to_port":{"references":["each.value.to_port","each.value"]}},"schema_version":0,"for_each_expression":{"references":["var.security_group_ingress_rules","local.create_security_group"]}},{"address":"aws_wafv2_web_acl_association.this","mode":"managed","type":"aws_wafv2_web_acl_association","name":"this","provider_config_key":"aws","expressions":{"resource_arn":{"references":["aws_lb.this[0].arn","aws_lb.this[0]","aws_lb.this"]},"web_acl_arn":{"references":["var.web_acl_arn"]}},"schema_version":0,"count_expression":{"references":["var.associate_web_acl"]}},{"address":"data.aws_partition.current","mode":"data","type":"aws_partition","name":"current","provider_config_key":"aws","schema_version":0}],"variables":{"access_logs":{"default":{},"description":"Map containing access logging configuration for load balancer"},"additional_target_group_attachments":{"default":{},"description":"Map of additional target group attachments to create. Use `target_group_key` to attach to the target group created in `target_groups`"},"associate_web_acl":{"default":false,"description":"Indicates whether a Web Application Firewall (WAF) ACL should be associated with the load balancer"},"client_keep_alive":{"default":null,"description":"Client keep alive value in seconds. The valid range is 60-604800 seconds. The default is 3600 seconds."},"connection_logs":{"default":{},"description":"Map containing access logging configuration for load balancer"},"create":{"default":true,"description":"Controls if resources should be created (affects nearly all resources)"},"create_security_group":{"default":true,"description":"Determines if a security group is created"},"customer_owned_ipv4_pool":{"default":null,"description":"The ID of the customer owned ipv4 pool to use for this load balancer"},"default_port":{"default":80,"description":"Default port used across the listener and target group"},"default_protocol":{"default":"HTTP","description":"Default protocol used across the listener and target group"},"desync_mitigation_mode":{"default":null,"description":"Determines how the load balancer handles requests that might pose a security risk to an application due to HTTP desync. Valid values are `monitor`, `defensive` (default), `strictest`"},"dns_record_client_routing_policy":{"default":null,"description":"Indicates how traffic is distributed among the load balancer Availability Zones. Possible values are any_availability_zone (default), availability_zone_affinity, or partial_availability_zone_affinity. Only valid for network type load balancers."},"drop_invalid_header_fields":{"default":true,"description":"Indicates whether HTTP headers with header fields that are not valid are removed by the load balancer (`true`) or routed to targets (`false`). The default is `true`. Elastic Load Balancing requires that message header names contain only alphanumeric characters and hyphens. Only valid for Load Balancers of type `application`"},"enable_cross_zone_load_balancing":{"default":true,"description":"If `true`, cross-zone load balancing of the load balancer will be enabled. For application load balancer this feature is always enabled (`true`) and cannot be disabled. Defaults to `true`"},"enable_deletion_protection":{"default":true,"description":"If `true`, deletion of the load balancer will be disabled via the AWS API. This will prevent Terraform from deleting the load balancer. Defaults to `true`"},"enable_http2":{"default":null,"description":"Indicates whether HTTP/2 is enabled in application load balancers. Defaults to `true`"},"enable_tls_version_and_cipher_suite_headers":{"default":null,"description":"Indicates whether the two headers (`x-amzn-tls-version` and `x-amzn-tls-cipher-suite`), which contain information about the negotiated TLS version and cipher suite, are added to the client request before sending it to the target. Only valid for Load Balancers of type `application`. Defaults to `false`"},"enable_waf_fail_open":{"default":null,"description":"Indicates whether to allow a WAF-enabled load balancer to route requests to targets if it is unable to forward the request to AWS WAF. Defaults to `false`"},"enable_xff_client_port":{"default":null,"description":"Indicates whether the X-Forwarded-For header should preserve the source port that the client used to connect to the load balancer in `application` load balancers. Defaults to `false`"},"enable_zonal_shift":{"default":null,"description":"Whether zonal shift is enabled"},"enforce_security_group_inbound_rules_on_private_link_traffic":{"default":null,"description":"Indicates whether inbound security group rules are enforced for traffic originating from a PrivateLink. Only valid for Load Balancers of type network. The possible values are on and off."},"idle_timeout":{"default":null,"description":"The time in seconds that the connection is allowed to be idle. Only valid for Load Balancers of type `application`. Default: `60`"},"internal":{"default":null,"description":"If true, the LB will be internal. Defaults to `false`"},"ip_address_type":{"default":null,"description":"The type of IP addresses used by the subnets for your load balancer. The possible values are `ipv4` and `dualstack`"},"listeners":{"default":{},"description":"Map of listener configurations to create"},"load_balancer_type":{"default":"application","description":"The type of load balancer to create. Possible values are `application`, `gateway`, or `network`. The default value is `application`"},"name":{"default":null,"description":"The name of the LB. This name must be unique within your AWS account, can have a maximum of 32 characters, must contain only alphanumeric characters or hyphens, and must not begin or end with a hyphen"},"name_prefix":{"default":null,"description":"Creates a unique name beginning with the specified prefix. Conflicts with `name`"},"preserve_host_header":{"default":null,"description":"Indicates whether the Application Load Balancer should preserve the Host header in the HTTP request and send it to the target without any change. Defaults to `false`"},"putin_khuylo":{"default":true,"description":"Do you agree that Putin doesn't respect Ukrainian sovereignty and territorial integrity? More info: https://en.wikipedia.org/wiki/Putin_khuylo!"},"route53_records":{"default":{},"description":"Map of Route53 records to create. Each record map should contain `zone_id`, `name`, and `type`"},"security_group_description":{"default":null,"description":"Description of the security group created"},"security_group_egress_rules":{"default":{},"description":"Security group egress rules to add to the security group created"},"security_group_ingress_rules":{"default":{},"description":"Security group ingress rules to add to the security group created"},"security_group_name":{"default":null,"description":"Name to use on security group created"},"security_group_tags":{"default":{},"description":"A map of additional tags to add to the security group created"},"security_group_use_name_prefix":{"default":true,"description":"Determines whether the security group name (`security_group_name`) is used as a prefix"},"security_groups":{"default":[],"description":"A list of security group IDs to assign to the LB"},"subnet_mapping":{"default":[],"description":"A list of subnet mapping blocks describing subnets to attach to load balancer"},"subnets":{"default":null,"description":"A list of subnet IDs to attach to the LB. Subnets cannot be updated for Load Balancers of type `network`. Changing this value for load balancers of type `network` will force a recreation of the resource"},"tags":{"default":{},"description":"A map of tags to add to all resources"},"target_groups":{"default":{},"description":"Map of target group configurations to create"},"timeouts":{"default":{},"description":"Create, update, and delete timeout configurations for the load balancer"},"vpc_id":{"default":null,"description":"Identifier of the VPC where the security group will be created"},"web_acl_arn":{"default":null,"description":"Web Application Firewall (WAF) ARN of the resource to associate with the load balancer"},"xff_header_processing_mode":{"default":null,"description":"Determines how the load balancer modifies the X-Forwarded-For header in the HTTP request before sending the request to the target. The possible values are `append`, `preserve`, and `remove`. Only valid for Load Balancers of type `application`. The default is `append`"}}},"version_constraint":"9.13.0"},"app_asg":{"source":"terraform-aws-modules/autoscaling/aws","expressions":{"create_launch_template":{"constant_value":true},"desired_capacity":{"constant_value":1},"health_check_type":{"constant_value":"ELB"},"iam_role_name":{"references":["module.app_iam_role.iam_instance_profile_id","module.app_iam_role"]},"image_id":{"references":["data.aws_ami.ubuntu.id","data.aws_ami.ubuntu"]},"instance_refresh":{"constant_value":{"preferences":{"min_healthy_percentage":50},"strategy":"Rolling"}},"instance_type":{"constant_value":"t2.micro"},"launch_template_name":{"references":["var.project_name"]},"max_size":{"constant_value":1},"min_size":{"constant_value":0},"name":{"references":["var.project_name"]},"tags":{"references":["var.tags"]},"traffic_source_attachments":{"references":["module.app_alb.target_groups[\"app-asg\"].arn","module.app_alb.target_groups[\"app-asg\"]","module.app_alb.target_groups","module.app_alb"]},"user_data":{},"vpc_zone_identifier":{"references":["module.vpc.private_subnets","module.vpc"]},"wait_for_capacity_timeout":{"constant_value":0}},"module":{"outputs":{"autoscaling_group_arn":{"expression":{"references":["aws_autoscaling_group.this[0].arn","aws_autoscaling_group.this[0]","aws_autoscaling_group.this","aws_autoscaling_group.idc[0].arn","aws_autoscaling_group.idc[0]","aws_autoscaling_group.idc"]},"description":"The ARN for this AutoScaling Group"},"autoscaling_group_availability_zones":{"expression":{"references":["aws_autoscaling_group.this[0].availability_zones","aws_autoscaling_group.this[0]","aws_autoscaling_group.this","aws_autoscaling_group.idc[0].availability_zones","aws_autoscaling_group.idc[0]","aws_autoscaling_group.idc"]},"description":"The availability zones of the autoscale group"},"autoscaling_group_default_cooldown":{"expression":{"references":["aws_autoscaling_group.this[0].default_cooldown","aws_autoscaling_group.this[0]","aws_autoscaling_group.this","aws_autoscaling_group.idc[0].default_cooldown","aws_autoscaling_group.idc[0]","aws_autoscaling_group.idc"]},"description":"Time between a scaling activity and the succeeding scaling activity"},"autoscaling_group_desired_capacity":{"expression":{"references":["aws_autoscaling_group.this[0].desired_capacity","aws_autoscaling_group.this[0]","aws_autoscaling_group.this","aws_autoscaling_group.idc[0].desired_capacity","aws_autoscaling_group.idc[0]","aws_autoscaling_group.idc"]},"description":"The number of Amazon EC2 instances that should be running in the group"},"autoscaling_group_enabled_metrics":{"expression":{"references":["aws_autoscaling_group.this[0].enabled_metrics","aws_autoscaling_group.this[0]","aws_autoscaling_group.this","aws_autoscaling_group.idc[0].enabled_metrics","aws_autoscaling_group.idc[0]","aws_autoscaling_group.idc"]},"description":"List of metrics enabled for collection"},"autoscaling_group_health_check_grace_period":{"expression":{"references":["aws_autoscaling_group.this[0].health_check_grace_period","aws_autoscaling_group.this[0]","aws_autoscaling_group.this","aws_autoscaling_group.idc[0].health_check_grace_period","aws_autoscaling_group.idc[0]","aws_autoscaling_group.idc"]},"description":"Time after instance comes into service before checking health"},"autoscaling_group_health_check_type":{"expression":{"references":["aws_autoscaling_group.this[0].health_check_type","aws_autoscaling_group.this[0]","aws_autoscaling_group.this","aws_autoscaling_group.idc[0].health_check_type","aws_autoscaling_group.idc[0]","aws_autoscaling_group.idc"]},"description":"EC2 or ELB. Controls how health checking is done"},"autoscaling_group_id":{"expression":{"references":["aws_autoscaling_group.this[0].id","aws_autoscaling_group.this[0]","aws_autoscaling_group.this","aws_autoscaling_group.idc[0].id","aws_autoscaling_group.idc[0]","aws_autoscaling_group.idc"]},"description":"The autoscaling group id"},"autoscaling_group_load_balancers":{"expression":{"references":["aws_autoscaling_group.this[0].load_balancers","aws_autoscaling_group.this[0]","aws_autoscaling_group.this","aws_autoscaling_group.idc[0].load_balancers","aws_autoscaling_group.idc[0]","aws_autoscaling_group.idc"]},"description":"The load balancer names associated with the autoscaling group"},"autoscaling_group_max_size":{"expression":{"references":["aws_autoscaling_group.this[0].max_size","aws_autoscaling_group.this[0]","aws_autoscaling_group.this","aws_autoscaling_group.idc[0].max_size","aws_autoscaling_group.idc[0]","aws_autoscaling_group.idc"]},"description":"The maximum size of the autoscale group"},"autoscaling_group_min_size":{"expression":{"references":["aws_autoscaling_group.this[0].min_size","aws_autoscaling_group.this[0]","aws_autoscaling_group.this","aws_autoscaling_group.idc[0].min_size","aws_autoscaling_group.idc[0]","aws_autoscaling_group.idc"]},"description":"The minimum size of the autoscale group"},"autoscaling_group_name":{"expression":{"references":["aws_autoscaling_group.this[0].name","aws_autoscaling_group.this[0]","aws_autoscaling_group.this","aws_autoscaling_group.idc[0].name","aws_autoscaling_group.idc[0]","aws_autoscaling_group.idc"]},"description":"The autoscaling group name"},"autoscaling_group_target_group_arns":{"expression":{"references":["aws_autoscaling_group.this[0].target_group_arns","aws_autoscaling_group.this[0]","aws_autoscaling_group.this","aws_autoscaling_group.idc[0].target_group_arns","aws_autoscaling_group.idc[0]","aws_autoscaling_group.idc"]},"description":"List of Target Group ARNs that apply to this AutoScaling Group"},"autoscaling_group_vpc_zone_identifier":{"expression":{"references":["aws_autoscaling_group.this[0].vpc_zone_identifier","aws_autoscaling_group.this[0]","aws_autoscaling_group.this","aws_autoscaling_group.idc[0].vpc_zone_identifier","aws_autoscaling_group.idc[0]","aws_autoscaling_group.idc"]},"description":"The VPC zone identifier"},"autoscaling_policy_arns":{"expression":{"references":["aws_autoscaling_policy.this"]},"description":"ARNs of autoscaling policies"},"autoscaling_schedule_arns":{"expression":{"references":["aws_autoscaling_schedule.this"]},"description":"ARNs of autoscaling group schedules"},"iam_instance_profile_arn":{"expression":{"references":["aws_iam_instance_profile.this[0].arn","aws_iam_instance_profile.this[0]","aws_iam_instance_profile.this","var.iam_instance_profile_arn"]},"description":"ARN assigned by AWS to the instance profile"},"iam_instance_profile_id":{"expression":{"references":["aws_iam_instance_profile.this[0].id","aws_iam_instance_profile.this[0]","aws_iam_instance_profile.this"]},"description":"Instance profile's ID"},"iam_instance_profile_unique":{"expression":{"references":["aws_iam_instance_profile.this[0].unique_id","aws_iam_instance_profile.this[0]","aws_iam_instance_profile.this"]},"description":"Stable and unique string identifying the IAM instance profile"},"iam_role_arn":{"expression":{"references":["aws_iam_role.this[0].arn","aws_iam_role.this[0]","aws_iam_role.this"]},"description":"The Amazon Resource Name (ARN) specifying the IAM role"},"iam_role_name":{"expression":{"references":["aws_iam_role.this[0].name","aws_iam_role.this[0]","aws_iam_role.this"]},"description":"The name of the IAM role"},"iam_role_unique_id":{"expression":{"references":["aws_iam_role.this[0].unique_id","aws_iam_role.this[0]","aws_iam_role.this"]},"description":"Stable and unique string identifying the IAM role"},"launch_template_arn":{"expression":{"references":["aws_launch_template.this[0].arn","aws_launch_template.this[0]","aws_launch_template.this"]},"description":"The ARN of the launch template"},"launch_template_default_version":{"expression":{"references":["aws_launch_template.this[0].default_version","aws_launch_template.this[0]","aws_launch_template.this"]},"description":"The default version of the launch template"},"launch_template_id":{"expression":{"references":["aws_launch_template.this[0].id","aws_launch_template.this[0]","aws_launch_template.this"]},"description":"The ID of the launch template"},"launch_template_latest_version":{"expression":{"references":["aws_launch_template.this[0].latest_version","aws_launch_template.this[0]","aws_launch_template.this"]},"description":"The latest version of the launch template"},"launch_template_name":{"expression":{"references":["aws_launch_template.this[0].name","aws_launch_template.this[0]","aws_launch_template.this"]},"description":"The name of the launch template"}},"resources":[{"address":"aws_autoscaling_group.idc","mode":"managed","type":"aws_autoscaling_group","name":"idc","provider_config_key":"aws","expressions":{"availability_zones":{"references":["var.availability_zones"]},"capacity_rebalance":{"references":["var.capacity_rebalance"]},"default_cooldown":{"references":["var.default_cooldown"]},"default_instance_warmup":{"references":["var.default_instance_warmup"]},"desired_capacity":{"references":["var.desired_capacity"]},"desired_capacity_type":{"references":["var.desired_capacity_type"]},"enabled_metrics":{"references":["var.enabled_metrics"]},"force_delete":{"references":["var.force_delete"]},"health_check_grace_period":{"references":["var.health_check_grace_period"]},"health_check_type":{"references":["var.health_check_type"]},"ignore_failed_scaling_activities":{"references":["var.ignore_failed_scaling_activities"]},"max_instance_lifetime":{"references":["var.max_instance_lifetime"]},"max_size":{"references":["var.max_size"]},"metrics_granularity":{"references":["var.metrics_granularity"]},"min_elb_capacity":{"references":["var.min_elb_capacity"]},"min_size":{"references":["var.min_size"]},"name":{"references":["var.use_name_prefix","var.name"]},"name_prefix":{"references":["var.use_name_prefix","var.name"]},"placement_group":{"references":["var.placement_group"]},"protect_from_scale_in":{"references":["var.protect_from_scale_in"]},"service_linked_role_arn":{"references":["var.service_linked_role_arn"]},"suspended_processes":{"references":["var.suspended_processes"]},"termination_policies":{"references":["var.termination_policies"]},"timeouts":{"delete":{"references":["var.delete_timeout"]}},"vpc_zone_identifier":{"references":["var.vpc_zone_identifier"]},"wait_for_capacity_timeout":{"references":["var.wait_for_capacity_timeout"]},"wait_for_elb_capacity":{"references":["var.wait_for_elb_capacity"]}},"schema_version":1,"count_expression":{"references":["local.create","var.ignore_desired_capacity_changes"]}},{"address":"aws_autoscaling_group.this","mode":"managed","type":"aws_autoscaling_group","name":"this","provider_config_key":"aws","expressions":{"availability_zones":{"references":["var.availability_zones"]},"capacity_rebalance":{"references":["var.capacity_rebalance"]},"default_cooldown":{"references":["var.default_cooldown"]},"default_instance_warmup":{"references":["var.default_instance_warmup"]},"desired_capacity":{"references":["var.desired_capacity"]},"desired_capacity_type":{"references":["var.desired_capacity_type"]},"enabled_metrics":{"references":["var.enabled_metrics"]},"force_delete":{"references":["var.force_delete"]},"health_check_grace_period":{"references":["var.health_check_grace_period"]},"health_check_type":{"references":["var.health_check_type"]},"ignore_failed_scaling_activities":{"references":["var.ignore_failed_scaling_activities"]},"max_instance_lifetime":{"references":["var.max_instance_lifetime"]},"max_size":{"references":["var.max_size"]},"metrics_granularity":{"references":["var.metrics_granularity"]},"min_elb_capacity":{"references":["var.min_elb_capacity"]},"min_size":{"references":["var.min_size"]},"name":{"references":["var.use_name_prefix","var.name"]},"name_prefix":{"references":["var.use_name_prefix","var.name"]},"placement_group":{"references":["var.placement_group"]},"protect_from_scale_in":{"references":["var.protect_from_scale_in"]},"service_linked_role_arn":{"references":["var.service_linked_role_arn"]},"suspended_processes":{"references":["var.suspended_processes"]},"termination_policies":{"references":["var.termination_policies"]},"timeouts":{"delete":{"references":["var.delete_timeout"]}},"vpc_zone_identifier":{"references":["var.vpc_zone_identifier"]},"wait_for_capacity_timeout":{"references":["var.wait_for_capacity_timeout"]},"wait_for_elb_capacity":{"references":["var.wait_for_elb_capacity"]}},"schema_version":1,"count_expression":{"references":["local.create","var.ignore_desired_capacity_changes"]}},{"address":"aws_autoscaling_policy.this","mode":"managed","type":"aws_autoscaling_policy","name":"this","provider_config_key":"aws","expressions":{"adjustment_type":{"references":["each.value.adjustment_type","each.value"]},"autoscaling_group_name":{"references":["var.ignore_desired_capacity_changes","aws_autoscaling_group.idc[0].name","aws_autoscaling_group.idc[0]","aws_autoscaling_group.idc","aws_autoscaling_group.this[0].name","aws_autoscaling_group.this[0]","aws_autoscaling_group.this"]},"cooldown":{"references":["each.value.cooldown","each.value"]},"estimated_instance_warmup":{"references":["each.value.estimated_instance_warmup","each.value"]},"metric_aggregation_type":{"references":["each.value.metric_aggregation_type","each.value"]},"min_adjustment_magnitude":{"references":["each.value.min_adjustment_magnitude","each.value"]},"name":{"references":["each.value.name","each.value","each.key"]},"policy_type":{"references":["each.value.policy_type","each.value"]},"scaling_adjustment":{"references":["each.value.scaling_adjustment","each.value"]}},"schema_version":0,"for_each_expression":{"references":["var.scaling_policies","local.create","var.create_scaling_policy"]}},{"address":"aws_autoscaling_schedule.this","mode":"managed","type":"aws_autoscaling_schedule","name":"this","provider_config_key":"aws","expressions":{"autoscaling_group_name":{"references":["aws_autoscaling_group.this[0].name","aws_autoscaling_group.this[0]","aws_autoscaling_group.this","aws_autoscaling_group.idc[0].name","aws_autoscaling_group.idc[0]","aws_autoscaling_group.idc"]},"desired_capacity":{"references":["each.value.desired_capacity","each.value"]},"end_time":{"references":["each.value.end_time","each.value"]},"max_size":{"references":["each.value.max_size","each.value"]},"min_size":{"references":["each.value.min_size","each.value"]},"recurrence":{"references":["each.value.recurrence","each.value"]},"scheduled_action_name":{"references":["each.key"]},"start_time":{"references":["each.value.start_time","each.value"]},"time_zone":{"references":["each.value.time_zone","each.value"]}},"schema_version":0,"for_each_expression":{"references":["local.create","var.create_schedule","var.schedules"]}},{"address":"aws_autoscaling_traffic_source_attachment.this","mode":"managed","type":"aws_autoscaling_traffic_source_attachment","name":"this","provider_config_key":"aws","expressions":{"autoscaling_group_name":{"references":["var.ignore_desired_capacity_changes","aws_autoscaling_group.idc[0].id","aws_autoscaling_group.idc[0]","aws_autoscaling_group.idc","aws_autoscaling_group.this[0].id","aws_autoscaling_group.this[0]","aws_autoscaling_group.this"]},"traffic_source":[{"identifier":{"references":["each.value.traffic_source_identifier","each.value"]},"type":{"references":["each.value.traffic_source_type","each.value"]}}]},"schema_version":0,"for_each_expression":{"references":["var.traffic_source_attachments","local.create"]}},{"address":"aws_iam_instance_profile.this","mode":"managed","type":"aws_iam_instance_profile","name":"this","provider_config_key":"aws","expressions":{"name":{"references":["var.iam_role_use_name_prefix","var.iam_role_name"]},"name_prefix":{"references":["var.iam_role_use_name_prefix","var.iam_role_name"]},"path":{"references":["var.iam_role_path"]},"role":{"references":["aws_iam_role.this[0].name","aws_iam_role.this[0]","aws_iam_role.this"]},"tags":{"references":["var.tags","var.iam_role_tags"]}},"schema_version":0,"count_expression":{"references":["local.create","var.create_iam_instance_profile"]}},{"address":"aws_iam_role.this","mode":"managed","type":"aws_iam_role","name":"this","provider_config_key":"aws","expressions":{"assume_role_policy":{"references":["data.aws_iam_policy_document.assume_role_policy[0].json","data.aws_iam_policy_document.assume_role_policy[0]","data.aws_iam_policy_document.assume_role_policy"]},"description":{"references":["var.iam_role_description"]},"force_detach_policies":{"constant_value":true},"name":{"references":["var.iam_role_use_name_prefix","local.internal_iam_instance_profile_name"]},"name_prefix":{"references":["var.iam_role_use_name_prefix","local.internal_iam_instance_profile_name"]},"path":{"references":["var.iam_role_path"]},"permissions_boundary":{"references":["var.iam_role_permissions_boundary"]},"tags":{"references":["var.tags","var.iam_role_tags"]}},"schema_version":0,"count_expression":{"references":["local.create","var.create_iam_instance_profile"]}},{"address":"aws_iam_role_policy_attachment.this","mode":"managed","type":"aws_iam_role_policy_attachment","name":"this","provider_config_key":"aws","expressions":{"policy_arn":{"references":["each.value"]},"role":{"references":["aws_iam_role.this[0].name","aws_iam_role.this[0]","aws_iam_role.this"]}},"schema_version":0,"for_each_expression":{"references":["var.iam_role_policies","var.create","var.create_iam_instance_profile"]}},{"address":"aws_launch_template.this","mode":"managed","type":"aws_launch_template","name":"this","provider_config_key":"aws","expressions":{"default_version":{"references":["var.default_version"]},"description":{"references":["var.launch_template_description"]},"disable_api_stop":{"references":["var.disable_api_stop"]},"disable_api_termination":{"references":["var.disable_api_termination"]},"ebs_optimized":{"references":["var.ebs_optimized"]},"image_id":{"references":["var.image_id"]},"instance_initiated_shutdown_behavior":{"references":["var.instance_initiated_shutdown_behavior"]},"instance_type":{"references":["var.instance_type"]},"kernel_id":{"references":["var.kernel_id"]},"key_name":{"references":["var.key_name"]},"name":{"references":["var.launch_template_use_name_prefix","local.launch_template_name"]},"name_prefix":{"references":["var.launch_template_use_name_prefix","local.launch_template_name"]},"ram_disk_id":{"references":["var.ram_disk_id"]},"tags":{"references":["var.tags"]},"update_default_version":{"references":["var.update_default_version"]},"user_data":{"references":["var.user_data"]},"vpc_security_group_ids":{"references":["var.network_interfaces","var.security_groups"]}},"schema_version":0,"count_expression":{"references":["var.create_launch_template"]}},{"address":"data.aws_iam_policy_document.assume_role_policy","mode":"data","type":"aws_iam_policy_document","name":"assume_role_policy","provider_config_key":"aws","expressions":{"statement":[{"actions":{"constant_value":["sts:AssumeRole"]},"principals":[{"identifiers":{"references":["data.aws_partition.current.dns_suffix","data.aws_partition.current"]},"type":{"constant_value":"Service"}}],"sid":{"constant_value":"EC2AssumeRole"}}]},"schema_version":0,"count_expression":{"references":["local.create","var.create_iam_instance_profile"]}},{"address":"data.aws_partition.current","mode":"data","type":"aws_partition","name":"current","provider_config_key":"aws","schema_version":0}],"variables":{"autoscaling_group_tags":{"default":{},"description":"A map of additional tags to add to the autoscaling group"},"availability_zone_distribution":{"default":{},"description":"A map of configuration for capacity distribution across availability zones"},"availability_zones":{"default":null,"description":"A list of one or more availability zones for the group. Used for EC2-Classic and default subnets when not specified with `vpc_zone_identifier` argument. Conflicts with `vpc_zone_identifier`"},"block_device_mappings":{"default":[],"description":"Specify volumes to attach to the instance besides the volumes specified by the AMI"},"capacity_rebalance":{"default":null,"description":"Indicates whether capacity rebalance is enabled"},"capacity_reservation_specification":{"default":{},"description":"Targeting for EC2 capacity reservations"},"cpu_options":{"default":{},"description":"The CPU options for the instance"},"create":{"default":true,"description":"Determines whether to create autoscaling group or not"},"create_iam_instance_profile":{"default":false,"description":"Determines whether an IAM instance profile is created or to use an existing IAM instance profile"},"create_launch_template":{"default":true,"description":"Determines whether to create launch template or not"},"create_scaling_policy":{"default":true,"description":"Determines whether to create target scaling policy schedule or not"},"create_schedule":{"default":true,"description":"Determines whether to create autoscaling group schedule or not"},"credit_specification":{"default":{},"description":"Customize the credit specification of the instance"},"default_cooldown":{"default":null,"description":"The amount of time, in seconds, after a scaling activity completes before another scaling activity can start"},"default_instance_warmup":{"default":null,"description":"Amount of time, in seconds, until a newly launched instance can contribute to the Amazon CloudWatch metrics. This delay lets an instance finish initializing before Amazon EC2 Auto Scaling aggregates instance metrics, resulting in more reliable usage data. Set this value equal to the amount of time that it takes for resource consumption to become stable after an instance reaches the InService state."},"default_version":{"default":null,"description":"Default Version of the launch template"},"delete_timeout":{"default":null,"description":"Delete timeout to wait for destroying autoscaling group"},"desired_capacity":{"default":null,"description":"The number of Amazon EC2 instances that should be running in the autoscaling group"},"desired_capacity_type":{"default":null,"description":"The unit of measurement for the value specified for desired_capacity. Supported for attribute-based instance type selection only. Valid values: `units`, `vcpu`, `memory-mib`."},"disable_api_stop":{"default":null,"description":"If true, enables EC2 instance stop protection"},"disable_api_termination":{"default":null,"description":"If true, enables EC2 instance termination protection"},"ebs_optimized":{"default":null,"description":"If true, the launched EC2 instance will be EBS-optimized"},"elastic_gpu_specifications":{"default":{},"description":"The elastic GPU to attach to the instance"},"elastic_inference_accelerator":{"default":{},"description":"Configuration block containing an Elastic Inference Accelerator to attach to the instance"},"enable_monitoring":{"default":true,"description":"Enables/disables detailed monitoring"},"enabled_metrics":{"default":[],"description":"A list of metrics to collect. The allowed values are `GroupDesiredCapacity`, `GroupInServiceCapacity`, `GroupPendingCapacity`, `GroupMinSize`, `GroupMaxSize`, `GroupInServiceInstances`, `GroupPendingInstances`, `GroupStandbyInstances`, `GroupStandbyCapacity`, `GroupTerminatingCapacity`, `GroupTerminatingInstances`, `GroupTotalCapacity`, `GroupTotalInstances`"},"enclave_options":{"default":{},"description":"Enable Nitro Enclaves on launched instances"},"force_delete":{"default":null,"description":"Allows deleting the Auto Scaling Group without waiting for all instances in the pool to terminate. You can force an Auto Scaling Group to delete even if it's in the process of scaling a resource. Normally, Terraform drains all the instances before deleting the group. This bypasses that behavior and potentially leaves resources dangling"},"health_check_grace_period":{"default":null,"description":"Time (in seconds) after instance comes into service before checking health"},"health_check_type":{"default":null,"description":"`EC2` or `ELB`. Controls how health checking is done"},"hibernation_options":{"default":{},"description":"The hibernation options for the instance"},"iam_instance_profile_arn":{"default":null,"description":"Amazon Resource Name (ARN) of an existing IAM instance profile. Used when `create_iam_instance_profile` = `false`"},"iam_instance_profile_name":{"default":null,"description":"The name of the IAM instance profile to be created (`create_iam_instance_profile` = `true`) or existing (`create_iam_instance_profile` = `false`)"},"iam_role_description":{"default":null,"description":"Description of the role"},"iam_role_name":{"default":null,"description":"Name to use on IAM role created"},"iam_role_path":{"default":null,"description":"IAM role path"},"iam_role_permissions_boundary":{"default":null,"description":"ARN of the policy that is used to set the permissions boundary for the IAM role"},"iam_role_policies":{"default":{},"description":"IAM policies to attach to the IAM role"},"iam_role_tags":{"default":{},"description":"A map of additional tags to add to the IAM role created"},"iam_role_use_name_prefix":{"default":true,"description":"Determines whether the IAM role name (`iam_role_name`) is used as a prefix"},"ignore_desired_capacity_changes":{"default":false,"description":"Determines whether the `desired_capacity` value is ignored after initial apply. See README note for more details"},"ignore_failed_scaling_activities":{"default":false,"description":"Whether to ignore failed Auto Scaling scaling activities while waiting for capacity. The default is false -- failed scaling activities cause errors to be returned."},"image_id":{"default":"","description":"The AMI from which to launch the instance"},"initial_lifecycle_hooks":{"default":[],"description":"One or more Lifecycle Hooks to attach to the Auto Scaling Group before instances are launched. The syntax is exactly the same as the separate `aws_autoscaling_lifecycle_hook` resource, without the `autoscaling_group_name` attribute. Please note that this will only work when creating a new Auto Scaling Group. For all other use-cases, please use `aws_autoscaling_lifecycle_hook` resource"},"instance_initiated_shutdown_behavior":{"default":null,"description":"Shutdown behavior for the instance. Can be `stop` or `terminate`. (Default: `stop`)"},"instance_maintenance_policy":{"default":{},"description":"If this block is configured, add a instance maintenance policy to the specified Auto Scaling group"},"instance_market_options":{"default":{},"description":"The market (purchasing) option for the instance"},"instance_name":{"default":"","description":"Name that is propogated to launched EC2 instances via a tag - if not provided, defaults to `var.name`"},"instance_refresh":{"default":{},"description":"If this block is configured, start an Instance Refresh when this Auto Scaling Group is updated"},"instance_requirements":{"default":{},"description":"The attribute requirements for the type of instance. If present then `instance_type` cannot be present"},"instance_type":{"default":null,"description":"The type of the instance. If present then `instance_requirements` cannot be present"},"kernel_id":{"default":null,"description":"The kernel ID"},"key_name":{"default":null,"description":"The key name that should be used for the instance"},"launch_template_description":{"default":null,"description":"Description of the launch template"},"launch_template_id":{"default":null,"description":"ID of an existing launch template to be used (created outside of this module)"},"launch_template_name":{"default":"","description":"Name of launch template to be created"},"launch_template_use_name_prefix":{"default":true,"description":"Determines whether to use `launch_template_name` as is or create a unique name beginning with the `launch_template_name` as the prefix"},"launch_template_version":{"default":null,"description":"Launch template version. Can be version number, `$Latest`, or `$Default`"},"license_specifications":{"default":{},"description":"A list of license specifications to associate with"},"maintenance_options":{"default":{},"description":"The maintenance options for the instance"},"max_instance_lifetime":{"default":null,"description":"The maximum amount of time, in seconds, that an instance can be in service, values must be either equal to 0 or between 86400 and 31536000 seconds"},"max_size":{"default":null,"description":"The maximum size of the autoscaling group"},"metadata_options":{"default":{},"description":"Customize the metadata options for the instance"},"metrics_granularity":{"default":null,"description":"The granularity to associate with the metrics to collect. The only valid value is `1Minute`"},"min_elb_capacity":{"default":null,"description":"Setting this causes Terraform to wait for this number of instances to show up healthy in the ELB only on creation. Updates will not wait on ELB instance number changes"},"min_size":{"default":null,"description":"The minimum size of the autoscaling group"},"mixed_instances_policy":{"default":null,"description":"Configuration block containing settings to define launch targets for Auto Scaling groups"},"name":{"description":"Name used across the resources created"},"network_interfaces":{"default":[],"description":"Customize network interfaces to be attached at instance boot time"},"placement":{"default":{},"description":"The placement of the instance"},"placement_group":{"default":null,"description":"The name of the placement group into which you'll launch your instances, if any"},"private_dns_name_options":{"default":{},"description":"The options for the instance hostname. The default values are inherited from the subnet"},"protect_from_scale_in":{"default":false,"description":"Allows setting instance protection. The autoscaling group will not select instances with this setting for termination during scale in events."},"putin_khuylo":{"default":true,"description":"Do you agree that Putin doesn't respect Ukrainian sovereignty and territorial integrity? More info: https://en.wikipedia.org/wiki/Putin_khuylo!"},"ram_disk_id":{"default":null,"description":"The ID of the ram disk"},"scaling_policies":{"default":{},"description":"Map of target scaling policy schedule to create"},"schedules":{"default":{},"description":"Map of autoscaling group schedule to create"},"security_groups":{"default":[],"description":"A list of security group IDs to associate"},"service_linked_role_arn":{"default":null,"description":"The ARN of the service-linked role that the ASG will use to call other AWS services"},"suspended_processes":{"default":[],"description":"A list of processes to suspend for the Auto Scaling Group. The allowed values are `Launch`, `Terminate`, `HealthCheck`, `ReplaceUnhealthy`, `AZRebalance`, `AlarmNotification`, `ScheduledActions`, `AddToLoadBalancer`, `InstanceRefresh`. Note that if you suspend either the `Launch` or `Terminate` process types, it can prevent your Auto Scaling Group from functioning properly"},"tag_specifications":{"default":[],"description":"The tags to apply to the resources during launch"},"tags":{"default":{},"description":"A map of tags to assign to resources"},"termination_policies":{"default":[],"description":"A list of policies to decide how the instances in the Auto Scaling Group should be terminated. The allowed values are `OldestInstance`, `NewestInstance`, `OldestLaunchConfiguration`, `ClosestToNextInstanceHour`, `OldestLaunchTemplate`, `AllocationStrategy`, `Default`"},"traffic_source_attachments":{"default":{},"description":"Map of traffic source attachment definitions to create"},"update_default_version":{"default":null,"description":"Whether to update Default Version each update. Conflicts with `default_version`"},"use_mixed_instances_policy":{"default":false,"description":"Determines whether to use a mixed instances policy in the autoscaling group or not"},"use_name_prefix":{"default":true,"description":"Determines whether to use `name` as is or create a unique name beginning with the `name` as the prefix"},"user_data":{"default":null,"description":"The Base64-encoded user data to provide when launching the instance"},"vpc_zone_identifier":{"default":null,"description":"A list of subnet IDs to launch resources in. Subnets automatically determine which availability zones the group will reside. Conflicts with `availability_zones`"},"wait_for_capacity_timeout":{"default":null,"description":"A maximum duration that Terraform should wait for ASG instances to be healthy before timing out. (See also Waiting for Capacity below.) Setting this to '0' causes Terraform to skip all Capacity Waiting behavior."},"wait_for_elb_capacity":{"default":null,"description":"Setting this will cause Terraform to wait for exactly this number of healthy instances in all attached load balancers on both create and update operations. Takes precedence over `min_elb_capacity` behavior."},"warm_pool":{"default":{},"description":"If this block is configured, add a Warm Pool to the specified Auto Scaling group"}}},"version_constraint":"8.1.0"},"app_iam_role":{"source":"terraform-aws-modules/iam/aws//modules/iam-assumable-role","expressions":{"create_role":{"constant_value":true},"custom_role_policy_arns":{"constant_value":["arn:aws:iam::aws:policy/AmazonRDSFullAccess","arn:aws:iam::aws:policy/CloudWatchFullAccess","arn:aws:iam::aws:policy/AmazonS3ReadOnlyAccess"]},"role_name":{"references":["var.project_name"]},"trusted_role_services":{"constant_value":["ec2.amazonaws.com"]}},"module":{"outputs":{"iam_instance_profile_arn":{"expression":{"references":["aws_iam_instance_profile.this[0].arn","aws_iam_instance_profile.this[0]","aws_iam_instance_profile.this"]},"description":"ARN of IAM instance profile"},"iam_instance_profile_id":{"expression":{"references":["aws_iam_instance_profile.this[0].id","aws_iam_instance_profile.this[0]","aws_iam_instance_profile.this"]},"description":"IAM Instance profile's ID."},"iam_instance_profile_name":{"expression":{"references":["aws_iam_instance_profile.this[0].name","aws_iam_instance_profile.this[0]","aws_iam_instance_profile.this"]},"description":"Name of IAM instance profile"},"iam_instance_profile_path":{"expression":{"references":["aws_iam_instance_profile.this[0].path","aws_iam_instance_profile.this[0]","aws_iam_instance_profile.this"]},"description":"Path of IAM instance profile"},"iam_role_arn":{"expression":{"references":["aws_iam_role.this[0].arn","aws_iam_role.this[0]","aws_iam_role.this"]},"description":"ARN of IAM role"},"iam_role_name":{"expression":{"references":["aws_iam_role.this[0].name","aws_iam_role.this[0]","aws_iam_role.this"]},"description":"Name of IAM role"},"iam_role_path":{"expression":{"references":["aws_iam_role.this[0].path","aws_iam_role.this[0]","aws_iam_role.this"]},"description":"Path of IAM role"},"iam_role_unique_id":{"expression":{"references":["aws_iam_role.this[0].unique_id","aws_iam_role.this[0]","aws_iam_role.this"]},"description":"Unique ID of IAM role"},"role_requires_mfa":{"expression":{"references":["var.role_requires_mfa"]},"description":"Whether IAM role requires MFA"},"role_sts_externalid":{"expression":{"references":["var.role_sts_externalid"]},"description":"STS ExternalId condition value to use with a role"}},"resources":[{"address":"aws_iam_instance_profile.this","mode":"managed","type":"aws_iam_instance_profile","name":"this","provider_config_key":"aws","expressions":{"name":{"references":["var.role_name"]},"path":{"references":["var.role_path"]},"role":{"references":["aws_iam_role.this[0].name","aws_iam_role.this[0]","aws_iam_role.this"]},"tags":{"references":["var.tags"]}},"schema_version":0,"count_expression":{"references":["var.create_role","var.create_instance_profile"]}},{"address":"aws_iam_role.this","mode":"managed","type":"aws_iam_role","name":"this","provider_config_key":"aws","expressions":{"assume_role_policy":{"references":["local.custom_role_trust_policy_condition","data.aws_iam_policy_document.assume_role_with_mfa[0].json","data.aws_iam_policy_document.assume_role_with_mfa[0]","data.aws_iam_policy_document.assume_role_with_mfa","data.aws_iam_policy_document.assume_role[0].json","data.aws_iam_policy_document.assume_role[0]","data.aws_iam_policy_document.assume_role"]},"description":{"references":["var.role_description"]},"force_detach_policies":{"references":["var.force_detach_policies"]},"max_session_duration":{"references":["var.max_session_duration"]},"name":{"references":["var.role_name"]},"name_prefix":{"references":["var.role_name_prefix"]},"path":{"references":["var.role_path"]},"permissions_boundary":{"references":["var.role_permissions_boundary_arn"]},"tags":{"references":["var.tags"]}},"schema_version":0,"count_expression":{"references":["var.create_role"]}},{"address":"aws_iam_role_policy.inline","mode":"managed","type":"aws_iam_role_policy","name":"inline","provider_config_key":"aws","expressions":{"name_prefix":{"references":["var.role_name","var.role_name_prefix"]},"policy":{"references":["data.aws_iam_policy_document.inline[0].json","data.aws_iam_policy_document.inline[0]","data.aws_iam_policy_document.inline"]},"role":{"references":["aws_iam_role.this[0].name","aws_iam_role.this[0]","aws_iam_role.this"]}},"schema_version":0,"count_expression":{"references":["local.create_iam_role_inline_policy"]}},{"address":"aws_iam_role_policy_attachment.admin","mode":"managed","type":"aws_iam_role_policy_attachment","name":"admin","provider_config_key":"aws","expressions":{"policy_arn":{"references":["var.admin_role_policy_arn"]},"role":{"references":["aws_iam_role.this[0].name","aws_iam_role.this[0]","aws_iam_role.this"]}},"schema_version":0,"count_expression":{"references":["var.create_role","var.attach_admin_policy"]}},{"address":"aws_iam_role_policy_attachment.custom","mode":"managed","type":"aws_iam_role_policy_attachment","name":"custom","provider_config_key":"aws","expressions":{"policy_arn":{"references":["var.custom_role_policy_arns","count.index"]},"role":{"references":["aws_iam_role.this[0].name","aws_iam_role.this[0]","aws_iam_role.this"]}},"schema_version":0,"count_expression":{"references":["var.create_role","var.number_of_custom_role_policy_arns","var.custom_role_policy_arns"]}},{"address":"aws_iam_role_policy_attachment.poweruser","mode":"managed","type":"aws_iam_role_policy_attachment","name":"poweruser","provider_config_key":"aws","expressions":{"policy_arn":{"references":["var.poweruser_role_policy_arn"]},"role":{"references":["aws_iam_role.this[0].name","aws_iam_role.this[0]","aws_iam_role.this"]}},"schema_version":0,"count_expression":{"references":["var.create_role","var.attach_poweruser_policy"]}},{"address":"aws_iam_role_policy_attachment.readonly","mode":"managed","type":"aws_iam_role_policy_attachment","name":"readonly","provider_config_key":"aws","expressions":{"policy_arn":{"references":["var.readonly_role_policy_arn"]},"role":{"references":["aws_iam_role.this[0].name","aws_iam_role.this[0]","aws_iam_role.this"]}},"schema_version":0,"count_expression":{"references":["var.create_role","var.attach_readonly_policy"]}},{"address":"data.aws_caller_identity.current","mode":"data","type":"aws_caller_identity","name":"current","provider_config_key":"aws","schema_version":0},{"address":"data.aws_iam_policy_document.assume_role","mode":"data","type":"aws_iam_policy_document","name":"assume_role","provider_config_key":"aws","expressions":{"statement":[{"actions":{"references":["var.trusted_role_actions"]},"effect":{"constant_value":"Allow"},"principals":[{"identifiers":{"references":["var.trusted_role_arns"]},"type":{"constant_value":"AWS"}},{"identifiers":{"references":["var.trusted_role_services"]},"type":{"constant_value":"Service"}}]}]},"schema_version":0,"count_expression":{"references":["var.create_custom_role_trust_policy","var.role_requires_mfa"]}},{"address":"data.aws_iam_policy_document.assume_role_with_mfa","mode":"data","type":"aws_iam_policy_document","name":"assume_role_with_mfa","provider_config_key":"aws","expressions":{"statement":[{"actions":{"references":["var.trusted_role_actions"]},"condition":[{"test":{"constant_value":"Bool"},"values":{"constant_value":["true"]},"variable":{"constant_value":"aws:MultiFactorAuthPresent"}},{"test":{"constant_value":"NumericLessThan"},"values":{"references":["var.mfa_age"]},"variable":{"constant_value":"aws:MultiFactorAuthAge"}}],"effect":{"constant_value":"Allow"},"principals":[{"identifiers":{"references":["var.trusted_role_arns"]},"type":{"constant_value":"AWS"}},{"identifiers":{"references":["var.trusted_role_services"]},"type":{"constant_value":"Service"}}]}]},"schema_version":0,"count_expression":{"references":["var.create_custom_role_trust_policy","var.role_requires_mfa"]}},{"address":"data.aws_iam_policy_document.inline","mode":"data","type":"aws_iam_policy_document","name":"inline","provider_config_key":"aws","schema_version":0,"count_expression":{"references":["local.create_iam_role_inline_policy"]}},{"address":"data.aws_partition.current","mode":"data","type":"aws_partition","name":"current","provider_config_key":"aws","schema_version":0}],"variables":{"admin_role_policy_arn":{"default":"arn:aws:iam::aws:policy/AdministratorAccess","description":"Policy ARN to use for admin role"},"allow_self_assume_role":{"default":false,"description":"Determines whether to allow the role to be [assume itself](https://aws.amazon.com/blogs/security/announcing-an-update-to-iam-role-trust-policy-behavior/)"},"attach_admin_policy":{"default":false,"description":"Whether to attach an admin policy to a role"},"attach_poweruser_policy":{"default":false,"description":"Whether to attach a poweruser policy to a role"},"attach_readonly_policy":{"default":false,"description":"Whether to attach a readonly policy to a role"},"create_custom_role_trust_policy":{"default":false,"description":"Whether to create a custom_role_trust_policy. Prevent errors with count, when custom_role_trust_policy is computed"},"create_instance_profile":{"default":false,"description":"Whether to create an instance profile"},"create_role":{"default":false,"description":"Whether to create a role"},"custom_role_policy_arns":{"default":[],"description":"List of ARNs of IAM policies to attach to IAM role"},"custom_role_trust_policy":{"default":"","description":"A custom role trust policy. (Only valid if create_custom_role_trust_policy = true)"},"force_detach_policies":{"default":false,"description":"Whether policies should be detached from this role when destroying"},"inline_policy_statements":{"default":[],"description":"List of inline policy [statements](https://registry.terraform.io/providers/hashicorp/aws/latest/docs/data-sources/iam_policy_document#statement) to attach to IAM role as an inline policy"},"max_session_duration":{"default":3600,"description":"Maximum CLI/API session duration in seconds between 3600 and 43200"},"mfa_age":{"default":86400,"description":"Max age of valid MFA (in seconds) for roles which require MFA"},"number_of_custom_role_policy_arns":{"default":null,"description":"Number of IAM policies to attach to IAM role"},"poweruser_role_policy_arn":{"default":"arn:aws:iam::aws:policy/PowerUserAccess","description":"Policy ARN to use for poweruser role"},"readonly_role_policy_arn":{"default":"arn:aws:iam::aws:policy/ReadOnlyAccess","description":"Policy ARN to use for readonly role"},"role_description":{"default":"","description":"IAM Role description"},"role_name":{"default":null,"description":"IAM role name"},"role_name_prefix":{"default":null,"description":"IAM role name prefix"},"role_path":{"default":"/","description":"Path of IAM role"},"role_permissions_boundary_arn":{"default":"","description":"Permissions boundary ARN to use for IAM role"},"role_requires_mfa":{"default":true,"description":"Whether role requires MFA"},"role_requires_session_name":{"default":false,"description":"Determines if the role-session-name variable is needed when assuming a role(https://aws.amazon.com/blogs/security/easily-control-naming-individual-iam-role-sessions/)"},"role_session_name":{"default":["${aws:username}"],"description":"role_session_name for roles which require this parameter when being assumed. By default, you need to set your own username as role_session_name"},"role_sts_externalid":{"default":[],"description":"STS ExternalId condition values to use with a role (when MFA is not required)"},"tags":{"default":{},"description":"A map of tags to add to IAM role resources"},"trust_policy_conditions":{"default":[],"description":"[Condition constraints](https://registry.terraform.io/providers/hashicorp/aws/latest/docs/data-sources/iam_policy_document#condition) applied to the trust policy"},"trusted_role_actions":{"default":["sts:AssumeRole","sts:TagSession"],"description":"Additional trusted role actions"},"trusted_role_arns":{"default":[],"description":"ARNs of AWS entities who can assume these roles"},"trusted_role_services":{"default":[],"description":"AWS Services that can assume these roles"}}},"version_constraint":"5.52.2"},"app_security_group":{"source":"terraform-aws-modules/security-group/aws","expressions":{"description":{"constant_value":"Security group for application"},"egress_with_cidr_blocks":{"constant_value":[{"cidr_blocks":"0.0.0.0/0","from_port":0,"protocol":"-1","to_port":0}]},"ingress_with_source_security_group_id":{"references":["module.web_security_group.security_group_id","module.web_security_group"]},"name":{"references":["var.project_name"]},"tags":{"references":["var.tags"]},"vpc_id":{"references":["module.vpc.vpc_id","module.vpc"]}},"module":{"outputs":{"security_group_arn":{"expression":{"references":["aws_security_group.this[0].arn","aws_security_group.this[0]","aws_security_group.this","aws_security_group.this_name_prefix[0].arn","aws_security_group.this_name_prefix[0]","aws_security_group.this_name_prefix"]},"description":"The ARN of the security group"},"security_group_description":{"expression":{"references":["aws_security_group.this[0].description","aws_security_group.this[0]","aws_security_group.this","aws_security_group.this_name_prefix[0].description","aws_security_group.this_name_prefix[0]","aws_security_group.this_name_prefix"]},"description":"The description of the security group"},"security_group_id":{"expression":{"references":["aws_security_group.this[0].id","aws_security_group.this[0]","aws_security_group.this","aws_security_group.this_name_prefix[0].id","aws_security_group.this_name_prefix[0]","aws_security_group.this_name_prefix"]},"description":"The ID of the security group"},"security_group_name":{"expression":{"references":["aws_security_group.this[0].name","aws_security_group.this[0]","aws_security_group.this","aws_security_group.this_name_prefix[0].name","aws_security_group.this_name_prefix[0]","aws_security_group.this_name_prefix"]},"description":"The name of the security group"},"security_group_owner_id":{"expression":{"references":["aws_security_group.this[0].owner_id","aws_security_group.this[0]","aws_security_group.this","aws_security_group.this_name_prefix[0].owner_id","aws_security_group.this_name_prefix[0]","aws_security_group.this_name_prefix"]},"description":"The owner ID"},"security_group_vpc_id":{"expression":{"references":["aws_security_group.this[0].vpc_id","aws_security_group.this[0]","aws_security_group.this","aws_security_group.this_name_prefix[0].vpc_id","aws_security_group.this_name_prefix[0]","aws_security_group.this_name_prefix"]},"description":"The VPC ID"}},"resources":[{"address":"aws_security_group.this","mode":"managed","type":"aws_security_group","name":"this","provider_config_key":"aws","expressions":{"description":{"references":["var.description"]},"name":{"references":["var.name"]},"revoke_rules_on_delete":{"references":["var.revoke_rules_on_delete"]},"tags":{"references":["var.name","var.tags"]},"timeouts":{"create":{"references":["var.create_timeout"]},"delete":{"references":["var.delete_timeout"]}},"vpc_id":{"references":["var.vpc_id"]}},"schema_version":1,"count_expression":{"references":["local.create","var.create_sg","var.use_name_prefix"]}},{"address":"aws_security_group.this_name_prefix","mode":"managed","type":"aws_security_group","name":"this_name_prefix","provider_config_key":"aws","expressions":{"description":{"references":["var.description"]},"name_prefix":{"references":["var.name"]},"revoke_rules_on_delete":{"references":["var.revoke_rules_on_delete"]},"tags":{"references":["var.name","var.tags"]},"timeouts":{"create":{"references":["var.create_timeout"]},"delete":{"references":["var.delete_timeout"]}},"vpc_id":{"references":["var.vpc_id"]}},"schema_version":1,"count_expression":{"references":["local.create","var.create_sg","var.use_name_prefix"]}},{"address":"aws_security_group_rule.computed_egress_rules","mode":"managed","type":"aws_security_group_rule","name":"computed_egress_rules","provider_config_key":"aws","expressions":{"cidr_blocks":{"references":["var.egress_cidr_blocks"]},"description":{"references":["var.rules","var.computed_egress_rules","count.index"]},"from_port":{"references":["var.rules","var.computed_egress_rules","count.index"]},"ipv6_cidr_blocks":{"references":["var.egress_ipv6_cidr_blocks"]},"prefix_list_ids":{"references":["var.egress_prefix_list_ids"]},"protocol":{"references":["var.rules","var.computed_egress_rules","count.index"]},"security_group_id":{"references":["local.this_sg_id"]},"to_port":{"references":["var.rules","var.computed_egress_rules","count.index"]},"type":{"constant_value":"egress"}},"schema_version":2,"count_expression":{"references":["local.create","var.number_of_computed_egress_rules"]}},{"address":"aws_security_group_rule.computed_egress_with_cidr_blocks","mode":"managed","type":"aws_security_group_rule","name":"computed_egress_with_cidr_blocks","provider_config_key":"aws","expressions":{"cidr_blocks":{"references":["var.computed_egress_with_cidr_blocks","count.index","var.egress_cidr_blocks"]},"description":{"references":["var.computed_egress_with_cidr_blocks","count.index"]},"from_port":{"references":["var.computed_egress_with_cidr_blocks","count.index","var.rules","var.computed_egress_with_cidr_blocks","count.index"]},"protocol":{"references":["var.computed_egress_with_cidr_blocks","count.index","var.rules","var.computed_egress_with_cidr_blocks","count.index"]},"security_group_id":{"references":["local.this_sg_id"]},"to_port":{"references":["var.computed_egress_with_cidr_blocks","count.index","var.rules","var.computed_egress_with_cidr_blocks","count.index"]},"type":{"constant_value":"egress"}},"schema_version":2,"count_expression":{"references":["local.create","var.number_of_computed_egress_with_cidr_blocks"]}},{"address":"aws_security_group_rule.computed_egress_with_ipv6_cidr_blocks","mode":"managed","type":"aws_security_group_rule","name":"computed_egress_with_ipv6_cidr_blocks","provider_config_key":"aws","expressions":{"description":{"references":["var.computed_egress_with_ipv6_cidr_blocks","count.index"]},"from_port":{"references":["var.computed_egress_with_ipv6_cidr_blocks","count.index","var.rules","var.computed_egress_with_ipv6_cidr_blocks","count.index"]},"ipv6_cidr_blocks":{"references":["var.computed_egress_with_ipv6_cidr_blocks","count.index","var.egress_ipv6_cidr_blocks"]},"prefix_list_ids":{"references":["var.egress_prefix_list_ids"]},"protocol":{"references":["var.computed_egress_with_ipv6_cidr_blocks","count.index","var.rules","var.computed_egress_with_ipv6_cidr_blocks","count.index"]},"security_group_id":{"references":["local.this_sg_id"]},"to_port":{"references":["var.computed_egress_with_ipv6_cidr_blocks","count.index","var.rules","var.computed_egress_with_ipv6_cidr_blocks","count.index"]},"type":{"constant_value":"egress"}},"schema_version":2,"count_expression":{"references":["local.create","var.number_of_computed_egress_with_ipv6_cidr_blocks"]}},{"address":"aws_security_group_rule.computed_egress_with_prefix_list_ids","mode":"managed","type":"aws_security_group_rule","name":"computed_egress_with_prefix_list_ids","provider_config_key":"aws","expressions":{"description":{"references":["var.computed_egress_with_prefix_list_ids","count.index"]},"from_port":{"references":["var.computed_egress_with_prefix_list_ids","count.index","var.rules","var.computed_egress_with_prefix_list_ids","count.index"]},"prefix_list_ids":{"references":["var.computed_egress_with_prefix_list_ids","count.index","var.egress_prefix_list_ids"]},"protocol":{"references":["var.computed_egress_with_prefix_list_ids","count.index","var.rules","var.computed_egress_with_prefix_list_ids","count.index"]},"security_group_id":{"references":["local.this_sg_id"]},"source_security_group_id":{"references":["var.computed_egress_with_prefix_list_ids","count.index"]},"to_port":{"references":["var.computed_egress_with_prefix_list_ids","count.index","var.rules","var.computed_egress_with_prefix_list_ids","count.index"]},"type":{"constant_value":"egress"}},"schema_version":2,"count_expression":{"references":["var.create","var.number_of_computed_egress_with_prefix_list_ids"]}},{"address":"aws_security_group_rule.computed_egress_with_self","mode":"managed","type":"aws_security_group_rule","name":"computed_egress_with_self","provider_config_key":"aws","expressions":{"description":{"references":["var.computed_egress_with_self","count.index"]},"from_port":{"references":["var.computed_egress_with_self","count.index","var.rules","var.computed_egress_with_self","count.index"]},"prefix_list_ids":{"references":["var.egress_prefix_list_ids"]},"protocol":{"references":["var.computed_egress_with_self","count.index","var.rules","var.computed_egress_with_self","count.index"]},"security_group_id":{"references":["local.this_sg_id"]},"self":{"references":["var.computed_egress_with_self","count.index"]},"to_port":{"references":["var.computed_egress_with_self","count.index","var.rules","var.computed_egress_with_self","count.index"]},"type":{"constant_value":"egress"}},"schema_version":2,"count_expression":{"references":["local.create","var.number_of_computed_egress_with_self"]}},{"address":"aws_security_group_rule.computed_egress_with_source_security_group_id","mode":"managed","type":"aws_security_group_rule","name":"computed_egress_with_source_security_group_id","provider_config_key":"aws","expressions":{"description":{"references":["var.computed_egress_with_source_security_group_id","count.index"]},"from_port":{"references":["var.computed_egress_with_source_security_group_id","count.index","var.rules","var.computed_egress_with_source_security_group_id","count.index"]},"prefix_list_ids":{"references":["var.egress_prefix_list_ids"]},"protocol":{"references":["var.computed_egress_with_source_security_group_id","count.index","var.rules","var.computed_egress_with_source_security_group_id","count.index"]},"security_group_id":{"references":["local.this_sg_id"]},"source_security_group_id":{"references":["var.computed_egress_with_source_security_group_id","count.index"]},"to_port":{"references":["var.computed_egress_with_source_security_group_id","count.index","var.rules","var.computed_egress_with_source_security_group_id","count.index"]},"type":{"constant_value":"egress"}},"schema_version":2,"count_expression":{"references":["local.create","var.number_of_computed_egress_with_source_security_group_id"]}},{"address":"aws_security_group_rule.computed_ingress_rules","mode":"managed","type":"aws_security_group_rule","name":"computed_ingress_rules","provider_config_key":"aws","expressions":{"cidr_blocks":{"references":["var.ingress_cidr_blocks"]},"description":{"references":["var.rules","var.computed_ingress_rules","count.index"]},"from_port":{"references":["var.rules","var.computed_ingress_rules","count.index"]},"ipv6_cidr_blocks":{"references":["var.ingress_ipv6_cidr_blocks"]},"prefix_list_ids":{"references":["var.ingress_prefix_list_ids"]},"protocol":{"references":["var.rules","var.computed_ingress_rules","count.index"]},"security_group_id":{"references":["local.this_sg_id"]},"to_port":{"references":["var.rules","var.computed_ingress_rules","count.index"]},"type":{"constant_value":"ingress"}},"schema_version":2,"count_expression":{"references":["local.create","var.number_of_computed_ingress_rules"]}},{"address":"aws_security_group_rule.computed_ingress_with_cidr_blocks","mode":"managed","type":"aws_security_group_rule","name":"computed_ingress_with_cidr_blocks","provider_config_key":"aws","expressions":{"cidr_blocks":{"references":["var.computed_ingress_with_cidr_blocks","count.index","var.ingress_cidr_blocks"]},"description":{"references":["var.computed_ingress_with_cidr_blocks","count.index"]},"from_port":{"references":["var.computed_ingress_with_cidr_blocks","count.index","var.rules","var.computed_ingress_with_cidr_blocks","count.index"]},"protocol":{"references":["var.computed_ingress_with_cidr_blocks","count.index","var.rules","var.computed_ingress_with_cidr_blocks","count.index"]},"security_group_id":{"references":["local.this_sg_id"]},"to_port":{"references":["var.computed_ingress_with_cidr_blocks","count.index","var.rules","var.computed_ingress_with_cidr_blocks","count.index"]},"type":{"constant_value":"ingress"}},"schema_version":2,"count_expression":{"references":["local.create","var.number_of_computed_ingress_with_cidr_blocks"]}},{"address":"aws_security_group_rule.computed_ingress_with_ipv6_cidr_blocks","mode":"managed","type":"aws_security_group_rule","name":"computed_ingress_with_ipv6_cidr_blocks","provider_config_key":"aws","expressions":{"description":{"references":["var.computed_ingress_with_ipv6_cidr_blocks","count.index"]},"from_port":{"references":["var.computed_ingress_with_ipv6_cidr_blocks","count.index","var.rules","var.computed_ingress_with_ipv6_cidr_blocks","count.index"]},"ipv6_cidr_blocks":{"references":["var.computed_ingress_with_ipv6_cidr_blocks","count.index","var.ingress_ipv6_cidr_blocks"]},"prefix_list_ids":{"references":["var.ingress_prefix_list_ids"]},"protocol":{"references":["var.computed_ingress_with_ipv6_cidr_blocks","count.index","var.rules","var.computed_ingress_with_ipv6_cidr_blocks","count.index"]},"security_group_id":{"references":["local.this_sg_id"]},"to_port":{"references":["var.computed_ingress_with_ipv6_cidr_blocks","count.index","var.rules","var.computed_ingress_with_ipv6_cidr_blocks","count.index"]},"type":{"constant_value":"ingress"}},"schema_version":2,"count_expression":{"references":["local.create","var.number_of_computed_ingress_with_ipv6_cidr_blocks"]}},{"address":"aws_security_group_rule.computed_ingress_with_prefix_list_ids","mode":"managed","type":"aws_security_group_rule","name":"computed_ingress_with_prefix_list_ids","provider_config_key":"aws","expressions":{"description":{"references":["var.ingress_with_prefix_list_ids","count.index"]},"from_port":{"references":["var.ingress_with_prefix_list_ids","count.index","var.rules","var.ingress_with_prefix_list_ids","count.index"]},"prefix_list_ids":{"references":["var.ingress_with_prefix_list_ids","count.index","var.ingress_prefix_list_ids"]},"protocol":{"references":["var.ingress_with_prefix_list_ids","count.index","var.rules","var.ingress_with_prefix_list_ids","count.index"]},"security_group_id":{"references":["local.this_sg_id"]},"to_port":{"references":["var.ingress_with_prefix_list_ids","count.index","var.rules","var.ingress_with_prefix_list_ids","count.index"]},"type":{"constant_value":"ingress"}},"schema_version":2,"count_expression":{"references":["var.create","var.number_of_computed_ingress_with_prefix_list_ids"]}},{"address":"aws_security_group_rule.computed_ingress_with_self","mode":"managed","type":"aws_security_group_rule","name":"computed_ingress_with_self","provider_config_key":"aws","expressions":{"description":{"references":["var.computed_ingress_with_self","count.index"]},"from_port":{"references":["var.computed_ingress_with_self","count.index","var.rules","var.computed_ingress_with_self","count.index"]},"prefix_list_ids":{"references":["var.ingress_prefix_list_ids"]},"protocol":{"references":["var.computed_ingress_with_self","count.index","var.rules","var.computed_ingress_with_self","count.index"]},"security_group_id":{"references":["local.this_sg_id"]},"self":{"references":["var.computed_ingress_with_self","count.index"]},"to_port":{"references":["var.computed_ingress_with_self","count.index","var.rules","var.computed_ingress_with_self","count.index"]},"type":{"constant_value":"ingress"}},"schema_version":2,"count_expression":{"references":["local.create","var.number_of_computed_ingress_with_self"]}},{"address":"aws_security_group_rule.computed_ingress_with_source_security_group_id","mode":"managed","type":"aws_security_group_rule","name":"computed_ingress_with_source_security_group_id","provider_config_key":"aws","expressions":{"description":{"references":["var.computed_ingress_with_source_security_group_id","count.index"]},"from_port":{"references":["var.computed_ingress_with_source_security_group_id","count.index","var.rules","var.computed_ingress_with_source_security_group_id","count.index"]},"prefix_list_ids":{"references":["var.ingress_prefix_list_ids"]},"protocol":{"references":["var.computed_ingress_with_source_security_group_id","count.index","var.rules","var.computed_ingress_with_source_security_group_id","count.index"]},"security_group_id":{"references":["local.this_sg_id"]},"source_security_group_id":{"references":["var.computed_ingress_with_source_security_group_id","count.index"]},"to_port":{"references":["var.computed_ingress_with_source_security_group_id","count.index","var.rules","var.computed_ingress_with_source_security_group_id","count.index"]},"type":{"constant_value":"ingress"}},"schema_version":2,"count_expression":{"references":["local.create","var.number_of_computed_ingress_with_source_security_group_id"]}},{"address":"aws_security_group_rule.egress_rules","mode":"managed","type":"aws_security_group_rule","name":"egress_rules","provider_config_key":"aws","expressions":{"cidr_blocks":{"references":["var.egress_cidr_blocks"]},"description":{"references":["var.rules","var.egress_rules","count.index"]},"from_port":{"references":["var.rules","var.egress_rules","count.index"]},"ipv6_cidr_blocks":{"references":["var.egress_ipv6_cidr_blocks"]},"prefix_list_ids":{"references":["var.egress_prefix_list_ids"]},"protocol":{"references":["var.rules","var.egress_rules","count.index"]},"security_group_id":{"references":["local.this_sg_id"]},"to_port":{"references":["var.rules","var.egress_rules","count.index"]},"type":{"constant_value":"egress"}},"schema_version":2,"count_expression":{"references":["local.create","var.egress_rules"]}},{"address":"aws_security_group_rule.egress_with_cidr_blocks","mode":"managed","type":"aws_security_group_rule","name":"egress_with_cidr_blocks","provider_config_key":"aws","expressions":{"cidr_blocks":{"references":["var.egress_with_cidr_blocks","count.index","var.egress_cidr_blocks"]},"description":{"references":["var.egress_with_cidr_blocks","count.index"]},"from_port":{"references":["var.egress_with_cidr_blocks","count.index","var.rules","var.egress_with_cidr_blocks","count.index"]},"protocol":{"references":["var.egress_with_cidr_blocks","count.index","var.rules","var.egress_with_cidr_blocks","count.index"]},"security_group_id":{"references":["local.this_sg_id"]},"to_port":{"references":["var.egress_with_cidr_blocks","count.index","var.rules","var.egress_with_cidr_blocks","count.index"]},"type":{"constant_value":"egress"}},"schema_version":2,"count_expression":{"references":["local.create","var.egress_with_cidr_blocks"]}},{"address":"aws_security_group_rule.egress_with_ipv6_cidr_blocks","mode":"managed","type":"aws_security_group_rule","name":"egress_with_ipv6_cidr_blocks","provider_config_key":"aws","expressions":{"description":{"references":["var.egress_with_ipv6_cidr_blocks","count.index"]},"from_port":{"references":["var.egress_with_ipv6_cidr_blocks","count.index","var.rules","var.egress_with_ipv6_cidr_blocks","count.index"]},"ipv6_cidr_blocks":{"references":["var.egress_with_ipv6_cidr_blocks","count.index","var.egress_ipv6_cidr_blocks"]},"prefix_list_ids":{"references":["var.egress_prefix_list_ids"]},"protocol":{"references":["var.egress_with_ipv6_cidr_blocks","count.index","var.rules","var.egress_with_ipv6_cidr_blocks","count.index"]},"security_group_id":{"references":["local.this_sg_id"]},"to_port":{"references":["var.egress_with_ipv6_cidr_blocks","count.index","var.rules","var.egress_with_ipv6_cidr_blocks","count.index"]},"type":{"constant_value":"egress"}},"schema_version":2,"count_expression":{"references":["local.create","var.egress_with_ipv6_cidr_blocks"]}},{"address":"aws_security_group_rule.egress_with_prefix_list_ids","mode":"managed","type":"aws_security_group_rule","name":"egress_with_prefix_list_ids","provider_config_key":"aws","expressions":{"description":{"references":["var.egress_with_prefix_list_ids","count.index"]},"from_port":{"references":["var.egress_with_prefix_list_ids","count.index","var.rules","var.egress_with_prefix_list_ids","count.index"]},"prefix_list_ids":{"references":["var.egress_with_prefix_list_ids","count.index","var.egress_prefix_list_ids"]},"protocol":{"references":["var.egress_with_prefix_list_ids","count.index","var.rules","var.egress_with_prefix_list_ids","count.index"]},"security_group_id":{"references":["local.this_sg_id"]},"to_port":{"references":["var.egress_with_prefix_list_ids","count.index","var.rules","var.egress_with_prefix_list_ids","count.index"]},"type":{"constant_value":"egress"}},"schema_version":2,"count_expression":{"references":["var.create","var.egress_with_prefix_list_ids"]}},{"address":"aws_security_group_rule.egress_with_self","mode":"managed","type":"aws_security_group_rule","name":"egress_with_self","provider_config_key":"aws","expressions":{"description":{"references":["var.egress_with_self","count.index"]},"from_port":{"references":["var.egress_with_self","count.index","var.rules","var.egress_with_self","count.index"]},"prefix_list_ids":{"references":["var.egress_prefix_list_ids"]},"protocol":{"references":["var.egress_with_self","count.index","var.rules","var.egress_with_self","count.index"]},"security_group_id":{"references":["local.this_sg_id"]},"self":{"references":["var.egress_with_self","count.index"]},"to_port":{"references":["var.egress_with_self","count.index","var.rules","var.egress_with_self","count.index"]},"type":{"constant_value":"egress"}},"schema_version":2,"count_expression":{"references":["local.create","var.egress_with_self"]}},{"address":"aws_security_group_rule.egress_with_source_security_group_id","mode":"managed","type":"aws_security_group_rule","name":"egress_with_source_security_group_id","provider_config_key":"aws","expressions":{"description":{"references":["var.egress_with_source_security_group_id","count.index"]},"from_port":{"references":["var.egress_with_source_security_group_id","count.index","var.rules","var.egress_with_source_security_group_id","count.index"]},"prefix_list_ids":{"references":["var.egress_prefix_list_ids"]},"protocol":{"references":["var.egress_with_source_security_group_id","count.index","var.rules","var.egress_with_source_security_group_id","count.index"]},"security_group_id":{"references":["local.this_sg_id"]},"source_security_group_id":{"references":["var.egress_with_source_security_group_id","count.index"]},"to_port":{"references":["var.egress_with_source_security_group_id","count.index","var.rules","var.egress_with_source_security_group_id","count.index"]},"type":{"constant_value":"egress"}},"schema_version":2,"count_expression":{"references":["local.create","var.egress_with_source_security_group_id"]}},{"address":"aws_security_group_rule.ingress_rules","mode":"managed","type":"aws_security_group_rule","name":"ingress_rules","provider_config_key":"aws","expressions":{"cidr_blocks":{"references":["var.ingress_cidr_blocks"]},"description":{"references":["var.rules","var.ingress_rules","count.index"]},"from_port":{"references":["var.rules","var.ingress_rules","count.index"]},"ipv6_cidr_blocks":{"references":["var.ingress_ipv6_cidr_blocks"]},"prefix_list_ids":{"references":["var.ingress_prefix_list_ids"]},"protocol":{"references":["var.rules","var.ingress_rules","count.index"]},"security_group_id":{"references":["local.this_sg_id"]},"to_port":{"references":["var.rules","var.ingress_rules","count.index"]},"type":{"constant_value":"ingress"}},"schema_version":2,"count_expression":{"references":["local.create","var.ingress_rules"]}},{"address":"aws_security_group_rule.ingress_with_cidr_blocks","mode":"managed","type":"aws_security_group_rule","name":"ingress_with_cidr_blocks","provider_config_key":"aws","expressions":{"cidr_blocks":{"references":["var.ingress_with_cidr_blocks","count.index","var.ingress_cidr_blocks"]},"description":{"references":["var.ingress_with_cidr_blocks","count.index"]},"from_port":{"references":["var.ingress_with_cidr_blocks","count.index","var.rules","var.ingress_with_cidr_blocks","count.index"]},"protocol":{"references":["var.ingress_with_cidr_blocks","count.index","var.rules","var.ingress_with_cidr_blocks","count.index"]},"security_group_id":{"references":["local.this_sg_id"]},"to_port":{"references":["var.ingress_with_cidr_blocks","count.index","var.rules","var.ingress_with_cidr_blocks","count.index"]},"type":{"constant_value":"ingress"}},"schema_version":2,"count_expression":{"references":["local.create","var.ingress_with_cidr_blocks"]}},{"address":"aws_security_group_rule.ingress_with_ipv6_cidr_blocks","mode":"managed","type":"aws_security_group_rule","name":"ingress_with_ipv6_cidr_blocks","provider_config_key":"aws","expressions":{"description":{"references":["var.ingress_with_ipv6_cidr_blocks","count.index"]},"from_port":{"references":["var.ingress_with_ipv6_cidr_blocks","count.index","var.rules","var.ingress_with_ipv6_cidr_blocks","count.index"]},"ipv6_cidr_blocks":{"references":["var.ingress_with_ipv6_cidr_blocks","count.index","var.ingress_ipv6_cidr_blocks"]},"prefix_list_ids":{"references":["var.ingress_prefix_list_ids"]},"protocol":{"references":["var.ingress_with_ipv6_cidr_blocks","count.index","var.rules","var.ingress_with_ipv6_cidr_blocks","count.index"]},"security_group_id":{"references":["local.this_sg_id"]},"to_port":{"references":["var.ingress_with_ipv6_cidr_blocks","count.index","var.rules","var.ingress_with_ipv6_cidr_blocks","count.index"]},"type":{"constant_value":"ingress"}},"schema_version":2,"count_expression":{"references":["local.create","var.ingress_with_ipv6_cidr_blocks"]}},{"address":"aws_security_group_rule.ingress_with_prefix_list_ids","mode":"managed","type":"aws_security_group_rule","name":"ingress_with_prefix_list_ids","provider_config_key":"aws","expressions":{"description":{"references":["var.ingress_with_prefix_list_ids","count.index"]},"from_port":{"references":["var.ingress_with_prefix_list_ids","count.index","var.rules","var.ingress_with_prefix_list_ids","count.index"]},"prefix_list_ids":{"references":["var.ingress_with_prefix_list_ids","count.index","var.ingress_prefix_list_ids"]},"protocol":{"references":["var.ingress_with_prefix_list_ids","count.index","var.rules","var.ingress_with_prefix_list_ids","count.index"]},"security_group_id":{"references":["local.this_sg_id"]},"to_port":{"references":["var.ingress_with_prefix_list_ids","count.index","var.rules","var.ingress_with_prefix_list_ids","count.index"]},"type":{"constant_value":"ingress"}},"schema_version":2,"count_expression":{"references":["var.create","var.ingress_with_prefix_list_ids"]}},{"address":"aws_security_group_rule.ingress_with_self","mode":"managed","type":"aws_security_group_rule","name":"ingress_with_self","provider_config_key":"aws","expressions":{"description":{"references":["var.ingress_with_self","count.index"]},"from_port":{"references":["var.ingress_with_self","count.index","var.rules","var.ingress_with_self","count.index"]},"prefix_list_ids":{"references":["var.ingress_prefix_list_ids"]},"protocol":{"references":["var.ingress_with_self","count.index","var.rules","var.ingress_with_self","count.index"]},"security_group_id":{"references":["local.this_sg_id"]},"self":{"references":["var.ingress_with_self","count.index"]},"to_port":{"references":["var.ingress_with_self","count.index","var.rules","var.ingress_with_self","count.index"]},"type":{"constant_value":"ingress"}},"schema_version":2,"count_expression":{"references":["local.create","var.ingress_with_self"]}},{"address":"aws_security_group_rule.ingress_with_source_security_group_id","mode":"managed","type":"aws_security_group_rule","name":"ingress_with_source_security_group_id","provider_config_key":"aws","expressions":{"description":{"references":["var.ingress_with_source_security_group_id","count.index"]},"from_port":{"references":["var.ingress_with_source_security_group_id","count.index","var.rules","var.ingress_with_source_security_group_id","count.index"]},"prefix_list_ids":{"references":["var.ingress_prefix_list_ids"]},"protocol":{"references":["var.ingress_with_source_security_group_id","count.index","var.rules","var.ingress_with_source_security_group_id","count.index"]},"security_group_id":{"references":["local.this_sg_id"]},"source_security_group_id":{"references":["var.ingress_with_source_security_group_id","count.index"]},"to_port":{"references":["var.ingress_with_source_security_group_id","count.index","var.rules","var.ingress_with_source_security_group_id","count.index"]},"type":{"constant_value":"ingress"}},"schema_version":2,"count_expression":{"references":["local.create","var.ingress_with_source_security_group_id"]}}],"variables":{"auto_groups":{"default":{"activemq":{"egress_rules":["all-all"],"ingress_rules":["activemq-5671-tcp","activemq-8883-tcp","activemq-61614-tcp","activemq-61617-tcp","activemq-61619-tcp"],"ingress_with_self":["all-all"]},"alertmanager":{"egress_rules":["all-all"],"ingress_rules":["alertmanager-9093-tcp","alertmanager-9094-tcp"],"ingress_with_self":["all-all"]},"carbon-relay-ng":{"egress_rules":["all-all"],"ingress_rules":["carbon-line-in-tcp","carbon-line-in-udp","carbon-pickle-tcp","carbon-pickle-udp","carbon-gui-udp"],"ingress_with_self":["all-all"]},"cassandra":{"egress_rules":["all-all"],"ingress_rules":["cassandra-clients-tcp","cassandra-thrift-clients-tcp","cassandra-jmx-tcp"],"ingress_with_self":["all-all"]},"consul":{"egress_rules":["all-all"],"ingress_rules":["consul-tcp","consul-grpc-tcp","consul-grpc-tcp-tls","consul-webui-http-tcp","consul-webui-https-tcp","consul-dns-tcp","consul-dns-udp","consul-serf-lan-tcp","consul-serf-lan-udp","consul-serf-wan-tcp","consul-serf-wan-udp"],"ingress_with_self":["all-all"]},"dax-cluster":{"egress_rules":["all-all"],"ingress_rules":["dax-cluster-unencrypted-tcp","dax-cluster-encrypted-tcp"],"ingress_with_self":["all-all"]},"docker-swarm":{"egress_rules":["all-all"],"ingress_rules":["docker-swarm-mngmt-tcp","docker-swarm-node-tcp","docker-swarm-node-udp","docker-swarm-overlay-udp"],"ingress_with_self":["all-all"]},"elasticsearch":{"egress_rules":["all-all"],"ingress_rules":["elasticsearch-rest-tcp","elasticsearch-java-tcp"],"ingress_with_self":["all-all"]},"etcd":{"egress_rules":["all-all"],"ingress_rules":["etcd-client-tcp","etcd-peer-tcp"],"ingress_with_self":["all-all"]},"grafana":{"egress_rules":["all-all"],"ingress_rules":["grafana-tcp"],"ingress_with_self":["all-all"]},"graphite-statsd":{"egress_rules":["all-all"],"ingress_rules":["graphite-webui","graphite-2003-tcp","graphite-2004-tcp","graphite-2023-tcp","graphite-2024-tcp","graphite-8080-tcp","graphite-8125-tcp","graphite-8125-udp","graphite-8126-tcp"],"ingress_with_self":["all-all"]},"http-80":{"egress_rules":["all-all"],"ingress_rules":["http-80-tcp"],"ingress_with_self":["all-all"]},"http-8080":{"egress_rules":["all-all"],"ingress_rules":["http-8080-tcp"],"ingress_with_self":["all-all"]},"https-443":{"egress_rules":["all-all"],"ingress_rules":["https-443-tcp"],"ingress_with_self":["all-all"]},"https-8443":{"egress_rules":["all-all"],"ingress_rules":["https-8443-tcp"],"ingress_with_self":["all-all"]},"ipsec-4500":{"egress_rules":["all-all"],"ingress_rules":["ipsec-4500-udp"],"ingress_with_self":["all-all"]},"ipsec-500":{"egress_rules":["all-all"],"ingress_rules":["ipsec-500-udp"],"ingress_with_self":["all-all"]},"kafka":{"egress_rules":["all-all"],"ingress_rules":["kafka-broker-tcp","kafka-broker-tls-tcp","kafka-broker-tls-public-tcp","kafka-broker-sasl-scram-tcp","kafka-broker-sasl-scram-tcp","kafka-broker-sasl-iam-tcp","kafka-broker-sasl-iam-public-tcp","kafka-jmx-exporter-tcp","kafka-node-exporter-tcp"],"ingress_with_self":["all-all"]},"kibana":{"egress_rules":["all-all"],"ingress_rules":["kibana-tcp"],"ingress_with_self":["all-all"]},"kubernetes-api":{"egress_rules":["all-all"],"ingress_rules":["kubernetes-api-tcp"],"ingress_with_self":["all-all"]},"ldap":{"egress_rules":["all-all"],"ingress_rules":["ldap-tcp"],"ingress_with_self":["all-all"]},"ldaps":{"egress_rules":["all-all"],"ingress_rules":["ldaps-tcp"],"ingress_with_self":["all-all"]},"logstash":{"egress_rules":["all-all"],"ingress_rules":["logstash-tcp"],"ingress_with_self":["all-all"]},"loki":{"egress_rules":["all-all"],"ingress_rules":["loki-grafana","loki-grafana-grpc"],"ingress_with_self":["all-all"]},"memcached":{"egress_rules":["all-all"],"ingress_rules":["memcached-tcp"],"ingress_with_self":["all-all"]},"minio":{"egress_rules":["all-all"],"ingress_rules":["minio-tcp"],"ingress_with_self":["all-all"]},"mongodb":{"egress_rules":["all-all"],"ingress_rules":["mongodb-27017-tcp","mongodb-27018-tcp","mongodb-27019-tcp"],"ingress_with_self":["all-all"]},"mssql":{"egress_rules":["all-all"],"ingress_rules":["mssql-tcp","mssql-udp","mssql-analytics-tcp","mssql-broker-tcp"],"ingress_with_self":["all-all"]},"mysql":{"egress_rules":["all-all"],"ingress_rules":["mysql-tcp"],"ingress_with_self":["all-all"]},"nfs":{"egress_rules":["all-all"],"ingress_rules":["nfs-tcp"],"ingress_with_self":["all-all"]},"nomad":{"egress_rules":["all-all"],"ingress_rules":["nomad-http-tcp","nomad-rpc-tcp","nomad-serf-tcp","nomad-serf-udp"],"ingress_with_self":["all-all"]},"ntp":{"egress_rules":["all-all"],"ingress_rules":["ntp-udp"],"ingress_with_self":["all-all"]},"openvpn":{"egress_rules":["all-all"],"ingress_rules":["openvpn-udp","openvpn-tcp","openvpn-https-tcp"],"ingress_with_self":["all-all"]},"oracle-db":{"egress_rules":["all-all"],"ingress_rules":["oracle-db-tcp"],"ingress_with_self":["all-all"]},"postgresql":{"egress_rules":["all-all"],"ingress_rules":["postgresql-tcp"],"ingress_with_self":["all-all"]},"prometheus":{"egress_rules":["all-all"],"ingress_rules":["prometheus-http-tcp","prometheus-pushgateway-http-tcp","prometheus-node-exporter-http-tcp"],"ingress_with_self":["all-all"]},"promtail":{"egress_rules":["all-all"],"ingress_rules":["promtail-http"],"ingress_with_self":["all-all"]},"puppet":{"egress_rules":["all-all"],"ingress_rules":["puppet-tcp","puppetdb-tcp"],"ingress_with_self":["all-all"]},"rabbitmq":{"egress_rules":["all-all"],"ingress_rules":["rabbitmq-4369-tcp","rabbitmq-5671-tcp","rabbitmq-5672-tcp","rabbitmq-15672-tcp","rabbitmq-25672-tcp"],"ingress_with_self":["all-all"]},"rdp":{"egress_rules":["all-all"],"ingress_rules":["rdp-tcp","rdp-udp"],"ingress_with_self":["all-all"]},"redis":{"egress_rules":["all-all"],"ingress_rules":["redis-tcp"],"ingress_with_self":["all-all"]},"redshift":{"egress_rules":["all-all"],"ingress_rules":["redshift-tcp"],"ingress_with_self":["all-all"]},"smtp":{"egress_rules":["all-all"],"ingress_rules":["smtp-tcp"],"ingress_with_self":["all-all"]},"smtp-submission":{"egress_rules":["all-all"],"ingress_rules":["smtp-submission-587-tcp","smtp-submission-2587-tcp"],"ingress_with_self":["all-all"]},"smtps":{"egress_rules":["all-all"],"ingress_rules":["smtps-465-tcp","smtps-2465-tcp"],"ingress_with_self":["all-all"]},"solr":{"egress_rules":["all-all"],"ingress_rules":["solr-tcp"],"ingress_with_self":["all-all"]},"splunk":{"egress_rules":["all-all"],"ingress_rules":["splunk-indexer-tcp","splunk-web-tcp","splunk-splunkd-tcp","splunk-hec-tcp"],"ingress_with_self":["all-all"]},"squid":{"egress_rules":["all-all"],"ingress_rules":["squid-proxy-tcp"],"ingress_with_self":["all-all"]},"ssh":{"egress_rules":["all-all"],"ingress_rules":["ssh-tcp"],"ingress_with_self":["all-all"]},"storm":{"egress_rules":["all-all"],"ingress_rules":["storm-nimbus-tcp","storm-ui-tcp","storm-supervisor-tcp"],"ingress_with_self":["all-all"]},"vault":{"egress_rules":["all-all"],"ingress_rules":["vault-tcp"],"ingress_with_self":["all-all"]},"wazuh":{"egress_rules":["all-all"],"ingress_rules":["wazuh-server-agent-connection-tcp","wazuh-server-agent-connection-udp","wazuh-server-agent-enrollment","wazuh-server-agent-cluster-daemon","wazuh-server-syslog-collector-tcp","wazuh-server-syslog-collector-udp","wazuh-server-restful-api","wazuh-indexer-restful-api","wazuh-dashboard"],"ingress_with_self":["all-all"]},"web":{"egress_rules":["all-all"],"ingress_rules":["http-80-tcp","http-8080-tcp","https-443-tcp","web-jmx-tcp"],"ingress_with_self":["all-all"]},"winrm":{"egress_rules":["all-all"],"ingress_rules":["winrm-http-tcp","winrm-https-tcp"],"ingress_with_self":["all-all"]},"zabbix":{"egress_rules":["all-all"],"ingress_rules":["zabbix-server","zabbix-proxy","zabbix-agent"],"ingress_with_self":["all-all"]},"zipkin":{"egress_rules":["all-all"],"ingress_rules":["zipkin-admin-tcp","zipkin-admin-query-tcp","zipkin-admin-web-tcp","zipkin-query-tcp","zipkin-web-tcp"],"ingress_with_self":["all-all"]},"zookeeper":{"egress_rules":["all-all"],"ingress_rules":["zookeeper-2181-tcp","zookeeper-2182-tls-tcp","zookeeper-2888-tcp","zookeeper-3888-tcp","zookeeper-jmx-tcp"],"ingress_with_self":["all-all"]}},"description":"Map of groups of security group rules to use to generate modules (see update_groups.sh)"},"computed_egress_rules":{"default":[],"description":"List of computed egress rules to create by name"},"computed_egress_with_cidr_blocks":{"default":[],"description":"List of computed egress rules to create where 'cidr_blocks' is used"},"computed_egress_with_ipv6_cidr_blocks":{"default":[],"description":"List of computed egress rules to create where 'ipv6_cidr_blocks' is used"},"computed_egress_with_prefix_list_ids":{"default":[],"description":"List of computed egress rules to create where 'prefix_list_ids' is used only"},"computed_egress_with_self":{"default":[],"description":"List of computed egress rules to create where 'self' is defined"},"computed_egress_with_source_security_group_id":{"default":[],"description":"List of computed egress rules to create where 'source_security_group_id' is used"},"computed_ingress_rules":{"default":[],"description":"List of computed ingress rules to create by name"},"computed_ingress_with_cidr_blocks":{"default":[],"description":"List of computed ingress rules to create where 'cidr_blocks' is used"},"computed_ingress_with_ipv6_cidr_blocks":{"default":[],"description":"List of computed ingress rules to create where 'ipv6_cidr_blocks' is used"},"computed_ingress_with_prefix_list_ids":{"default":[],"description":"List of computed ingress rules to create where 'prefix_list_ids' is used"},"computed_ingress_with_self":{"default":[],"description":"List of computed ingress rules to create where 'self' is defined"},"computed_ingress_with_source_security_group_id":{"default":[],"description":"List of computed ingress rules to create where 'source_security_group_id' is used"},"create":{"default":true,"description":"Whether to create security group and all rules"},"create_sg":{"default":true,"description":"Whether to create security group"},"create_timeout":{"default":"10m","description":"Time to wait for a security group to be created"},"delete_timeout":{"default":"15m","description":"Time to wait for a security group to be deleted"},"description":{"default":"Security Group managed by Terraform","description":"Description of security group"},"egress_cidr_blocks":{"default":["0.0.0.0/0"],"description":"List of IPv4 CIDR ranges to use on all egress rules"},"egress_ipv6_cidr_blocks":{"default":["::/0"],"description":"List of IPv6 CIDR ranges to use on all egress rules"},"egress_prefix_list_ids":{"default":[],"description":"List of prefix list IDs (for allowing access to VPC endpoints) to use on all egress rules"},"egress_rules":{"default":[],"description":"List of egress rules to create by name"},"egress_with_cidr_blocks":{"default":[],"description":"List of egress rules to create where 'cidr_blocks' is used"},"egress_with_ipv6_cidr_blocks":{"default":[],"description":"List of egress rules to create where 'ipv6_cidr_blocks' is used"},"egress_with_prefix_list_ids":{"default":[],"description":"List of egress rules to create where 'prefix_list_ids' is used only"},"egress_with_self":{"default":[],"description":"List of egress rules to create where 'self' is defined"},"egress_with_source_security_group_id":{"default":[],"description":"List of egress rules to create where 'source_security_group_id' is used"},"ingress_cidr_blocks":{"default":[],"description":"List of IPv4 CIDR ranges to use on all ingress rules"},"ingress_ipv6_cidr_blocks":{"default":[],"description":"List of IPv6 CIDR ranges to use on all ingress rules"},"ingress_prefix_list_ids":{"default":[],"description":"List of prefix list IDs (for allowing access to VPC endpoints) to use on all ingress rules"},"ingress_rules":{"default":[],"description":"List of ingress rules to create by name"},"ingress_with_cidr_blocks":{"default":[],"description":"List of ingress rules to create where 'cidr_blocks' is used"},"ingress_with_ipv6_cidr_blocks":{"default":[],"description":"List of ingress rules to create where 'ipv6_cidr_blocks' is used"},"ingress_with_prefix_list_ids":{"default":[],"description":"List of ingress rules to create where 'prefix_list_ids' is used only"},"ingress_with_self":{"default":[],"description":"List of ingress rules to create where 'self' is defined"},"ingress_with_source_security_group_id":{"default":[],"description":"List of ingress rules to create where 'source_security_group_id' is used"},"name":{"default":null,"description":"Name of security group - not required if create_sg is false"},"number_of_computed_egress_rules":{"default":0,"description":"Number of computed egress rules to create by name"},"number_of_computed_egress_with_cidr_blocks":{"default":0,"description":"Number of computed egress rules to create where 'cidr_blocks' is used"},"number_of_computed_egress_with_ipv6_cidr_blocks":{"default":0,"description":"Number of computed egress rules to create where 'ipv6_cidr_blocks' is used"},"number_of_computed_egress_with_prefix_list_ids":{"default":0,"description":"Number of computed egress rules to create where 'prefix_list_ids' is used only"},"number_of_computed_egress_with_self":{"default":0,"description":"Number of computed egress rules to create where 'self' is defined"},"number_of_computed_egress_with_source_security_group_id":{"default":0,"description":"Number of computed egress rules to create where 'source_security_group_id' is used"},"number_of_computed_ingress_rules":{"default":0,"description":"Number of computed ingress rules to create by name"},"number_of_computed_ingress_with_cidr_blocks":{"default":0,"description":"Number of computed ingress rules to create where 'cidr_blocks' is used"},"number_of_computed_ingress_with_ipv6_cidr_blocks":{"default":0,"description":"Number of computed ingress rules to create where 'ipv6_cidr_blocks' is used"},"number_of_computed_ingress_with_prefix_list_ids":{"default":0,"description":"Number of computed ingress rules to create where 'prefix_list_ids' is used"},"number_of_computed_ingress_with_self":{"default":0,"description":"Number of computed ingress rules to create where 'self' is defined"},"number_of_computed_ingress_with_source_security_group_id":{"default":0,"description":"Number of computed ingress rules to create where 'source_security_group_id' is used"},"putin_khuylo":{"default":true,"description":"Do you agree that Putin doesn't respect Ukrainian sovereignty and territorial integrity? More info: https://en.wikipedia.org/wiki/Putin_khuylo!"},"revoke_rules_on_delete":{"default":false,"description":"Instruct Terraform to revoke all of the Security Groups attached ingress and egress rules before deleting the rule itself. Enable for EMR."},"rules":{"default":{"_":["","",""],"activemq-5671-tcp":["5671","5671","tcp","ActiveMQ AMQP"],"activemq-61614-tcp":["61614","61614","tcp","ActiveMQ STOMP"],"activemq-61617-tcp":["61617","61617","tcp","ActiveMQ OpenWire"],"activemq-61619-tcp":["61619","61619","tcp","ActiveMQ WebSocket"],"activemq-8883-tcp":["8883","8883","tcp","ActiveMQ MQTT"],"alertmanager-9093-tcp":["9093","9093","tcp","Alert Manager"],"alertmanager-9094-tcp":["9094","9094","tcp","Alert Manager Cluster"],"all-all":["-1","-1","-1","All protocols"],"all-icmp":["-1","-1","icmp","All IPV4 ICMP"],"all-ipv6-icmp":["-1","-1","58","All IPV6 ICMP"],"all-tcp":["0","65535","tcp","All TCP ports"],"all-udp":["0","65535","udp","All UDP ports"],"carbon-admin-tcp":["2004","2004","tcp","Carbon admin"],"carbon-gui-udp":["8081","8081","tcp","Carbon GUI"],"carbon-line-in-tcp":["2003","2003","tcp","Carbon line-in"],"carbon-line-in-udp":["2003","2003","udp","Carbon line-in"],"carbon-pickle-tcp":["2013","2013","tcp","Carbon pickle"],"carbon-pickle-udp":["2013","2013","udp","Carbon pickle"],"cassandra-clients-tcp":["9042","9042","tcp","Cassandra clients"],"cassandra-jmx-tcp":["7199","7199","tcp","JMX"],"cassandra-thrift-clients-tcp":["9160","9160","tcp","Cassandra Thrift clients"],"consul-dns-tcp":["8600","8600","tcp","Consul DNS"],"consul-dns-udp":["8600","8600","udp","Consul DNS"],"consul-grpc-tcp":["8502","8502","tcp","Consul gRPC"],"consul-grpc-tcp-tls":["8503","8503","tcp","Consul gRPC TLS"],"consul-serf-lan-tcp":["8301","8301","tcp","Serf LAN"],"consul-serf-lan-udp":["8301","8301","udp","Serf LAN"],"consul-serf-wan-tcp":["8302","8302","tcp","Serf WAN"],"consul-serf-wan-udp":["8302","8302","udp","Serf WAN"],"consul-tcp":["8300","8300","tcp","Consul server"],"consul-webui-http-tcp":["8500","8500","tcp","Consul web UI HTTP"],"consul-webui-https-tcp":["8501","8501","tcp","Consul web UI HTTPS"],"dax-cluster-encrypted-tcp":["9111","9111","tcp","DAX Cluster encrypted"],"dax-cluster-unencrypted-tcp":["8111","8111","tcp","DAX Cluster unencrypted"],"dns-tcp":["53","53","tcp","DNS"],"dns-udp":["53","53","udp","DNS"],"docker-swarm-mngmt-tcp":["2377","2377","tcp","Docker Swarm cluster management"],"docker-swarm-node-tcp":["7946","7946","tcp","Docker Swarm node"],"docker-swarm-node-udp":["7946","7946","udp","Docker Swarm node"],"docker-swarm-overlay-udp":["4789","4789","udp","Docker Swarm Overlay Network Traffic"],"elasticsearch-java-tcp":["9300","9300","tcp","Elasticsearch Java interface"],"elasticsearch-rest-tcp":["9200","9200","tcp","Elasticsearch REST interface"],"etcd-client-tcp":["2379","2379","tcp","Etcd Client"],"etcd-peer-tcp":["2380","2380","tcp","Etcd Peer"],"grafana-tcp":["3000","3000","tcp","Grafana Dashboard"],"graphite-2003-tcp":["2003","2003","tcp","Carbon receiver plain text"],"graphite-2004-tcp":["2004","2004","tcp","Carbon receiver pickle"],"graphite-2023-tcp":["2023","2023","tcp","Carbon aggregator plaintext"],"graphite-2024-tcp":["2024","2024","tcp","Carbon aggregator pickle"],"graphite-8080-tcp":["8080","8080","tcp","Graphite gunicorn port"],"graphite-8125-tcp":["8125","8125","tcp","Statsd TCP"],"graphite-8125-udp":["8125","8125","udp","Statsd UDP default"],"graphite-8126-tcp":["8126","8126","tcp","Statsd admin"],"graphite-webui":["80","80","tcp","Graphite admin interface"],"http-80-tcp":["80","80","tcp","HTTP"],"http-8080-tcp":["8080","8080","tcp","HTTP"],"https-443-tcp":["443","443","tcp","HTTPS"],"https-8443-tcp":["8443","8443","tcp","HTTPS"],"ipsec-4500-udp":["4500","4500","udp","IPSEC NAT-T"],"ipsec-500-udp":["500","500","udp","IPSEC ISAKMP"],"kafka-broker-sasl-iam-public-tcp":["9198","9198","tcp","Kafka SASL/IAM Public access control enabled (MSK specific)"],"kafka-broker-sasl-iam-tcp":["9098","9098","tcp","Kafka SASL/IAM access control enabled (MSK specific)"],"kafka-broker-sasl-scram-public-tcp":["9196","9196","tcp","Kafka SASL/SCRAM Public enabled broker (MSK specific)"],"kafka-broker-sasl-scram-tcp":["9096","9096","tcp","Kafka SASL/SCRAM enabled broker (MSK specific)"],"kafka-broker-tcp":["9092","9092","tcp","Kafka PLAINTEXT enable broker 0.8.2+"],"kafka-broker-tls-public-tcp":["9194","9194","tcp","Kafka TLS Public enabled broker 0.8.2+ (MSK specific)"],"kafka-broker-tls-tcp":["9094","9094","tcp","Kafka TLS enabled broker 0.8.2+"],"kafka-jmx-exporter-tcp":["11001","11001","tcp","Kafka JMX Exporter"],"kafka-node-exporter-tcp":["11002","11002","tcp","Kafka Node Exporter"],"kibana-tcp":["5601","5601","tcp","Kibana Web Interface"],"kubernetes-api-tcp":["6443","6443","tcp","Kubernetes API Server"],"ldap-tcp":["389","389","tcp","LDAP"],"ldaps-tcp":["636","636","tcp","LDAPS"],"logstash-tcp":["5044","5044","tcp","Logstash"],"loki-grafana":["3100","3100","tcp","Grafana Loki endpoint"],"loki-grafana-grpc":["9095","9095","tcp","Grafana Loki GRPC"],"memcached-tcp":["11211","11211","tcp","Memcached"],"minio-tcp":["9000","9000","tcp","MinIO"],"mongodb-27017-tcp":["27017","27017","tcp","MongoDB"],"mongodb-27018-tcp":["27018","27018","tcp","MongoDB shard"],"mongodb-27019-tcp":["27019","27019","tcp","MongoDB config server"],"mssql-analytics-tcp":["2383","2383","tcp","MSSQL Analytics"],"mssql-broker-tcp":["4022","4022","tcp","MSSQL Broker"],"mssql-tcp":["1433","1433","tcp","MSSQL Server"],"mssql-udp":["1434","1434","udp","MSSQL Browser"],"mysql-tcp":["3306","3306","tcp","MySQL/Aurora"],"nfs-tcp":["2049","2049","tcp","NFS/EFS"],"nomad-http-tcp":["4646","4646","tcp","Nomad HTTP"],"nomad-rpc-tcp":["4647","4647","tcp","Nomad RPC"],"nomad-serf-tcp":["4648","4648","tcp","Serf"],"nomad-serf-udp":["4648","4648","udp","Serf"],"ntp-udp":["123","123","udp","NTP"],"octopus-tentacle-tcp":["10933","10933","tcp","Octopus Tentacle"],"openvpn-https-tcp":["443","443","tcp","OpenVPN"],"openvpn-tcp":["943","943","tcp","OpenVPN"],"openvpn-udp":["1194","1194","udp","OpenVPN"],"oracle-db-tcp":["1521","1521","tcp","Oracle"],"postgresql-tcp":["5432","5432","tcp","PostgreSQL"],"prometheus-http-tcp":["9090","9090","tcp","Prometheus"],"prometheus-node-exporter-http-tcp":["9100","9100","tcp","Prometheus Node Exporter"],"prometheus-pushgateway-http-tcp":["9091","9091","tcp","Prometheus Pushgateway"],"promtail-http":["9080","9080","tcp","Promtail endpoint"],"puppet-tcp":["8140","8140","tcp","Puppet"],"puppetdb-tcp":["8081","8081","tcp","PuppetDB"],"rabbitmq-15672-tcp":["15672","15672","tcp","RabbitMQ"],"rabbitmq-25672-tcp":["25672","25672","tcp","RabbitMQ"],"rabbitmq-4369-tcp":["4369","4369","tcp","RabbitMQ epmd"],"rabbitmq-5671-tcp":["5671","5671","tcp","RabbitMQ"],"rabbitmq-5672-tcp":["5672","5672","tcp","RabbitMQ"],"rdp-tcp":["3389","3389","tcp","Remote Desktop"],"rdp-udp":["3389","3389","udp","Remote Desktop"],"redis-tcp":["6379","6379","tcp","Redis"],"redshift-tcp":["5439","5439","tcp","Redshift"],"saltstack-tcp":["4505","4506","tcp","SaltStack"],"smtp-submission-2587-tcp":["2587","2587","tcp","SMTP Submission"],"smtp-submission-587-tcp":["587","587","tcp","SMTP Submission"],"smtp-tcp":["25","25","tcp","SMTP"],"smtps-2456-tcp":["2465","2465","tcp","SMTPS"],"smtps-465-tcp":["465","465","tcp","SMTPS"],"solr-tcp":["8983","8987","tcp","Solr"],"splunk-hec-tcp":["8088","8088","tcp","Splunk HEC"],"splunk-indexer-tcp":["9997","9997","tcp","Splunk indexer"],"splunk-splunkd-tcp":["8089","8089","tcp","Splunkd"],"splunk-web-tcp":["8000","8000","tcp","Splunk Web"],"squid-proxy-tcp":["3128","3128","tcp","Squid default proxy"],"ssh-tcp":["22","22","tcp","SSH"],"storm-nimbus-tcp":["6627","6627","tcp","Nimbus"],"storm-supervisor-tcp":["6700","6703","tcp","Supervisor"],"storm-ui-tcp":["8080","8080","tcp","Storm UI"],"vault-tcp":["8200","8200","tcp","Vault"],"wazuh-dashboard":["443","443","tcp","Wazuh web user interface"],"wazuh-indexer-restful-api":["9200","9200","tcp","Wazuh indexer RESTful API"],"wazuh-server-agent-cluster-daemon":["1516","1516","tcp","Wazuh cluster daemon"],"wazuh-server-agent-connection-tcp":["1514","1514","tcp","Agent connection service(TCP)"],"wazuh-server-agent-connection-udp":["1514","1514","udp","Agent connection service(UDP)"],"wazuh-server-agent-enrollment":["1515","1515","tcp","Agent enrollment service"],"wazuh-server-restful-api":["55000","55000","tcp","Wazuh server RESTful API"],"wazuh-server-syslog-collector-tcp":["514","514","tcp","Wazuh Syslog collector(TCP)"],"wazuh-server-syslog-collector-udp":["514","514","udp","Wazuh Syslog collector(UDP)"],"web-jmx-tcp":["1099","1099","tcp","JMX"],"winrm-http-tcp":["5985","5985","tcp","WinRM HTTP"],"winrm-https-tcp":["5986","5986","tcp","WinRM HTTPS"],"zabbix-agent":["10050","10050","tcp","Zabbix Agent"],"zabbix-proxy":["10051","10051","tcp","Zabbix Proxy"],"zabbix-server":["10051","10051","tcp","Zabbix Server"],"zipkin-admin-query-tcp":["9901","9901","tcp","Zipkin Admin port query"],"zipkin-admin-tcp":["9990","9990","tcp","Zipkin Admin port collector"],"zipkin-admin-web-tcp":["9991","9991","tcp","Zipkin Admin port web"],"zipkin-query-tcp":["9411","9411","tcp","Zipkin query port"],"zipkin-web-tcp":["8080","8080","tcp","Zipkin web port"],"zookeeper-2181-tcp":["2181","2181","tcp","Zookeeper"],"zookeeper-2182-tls-tcp":["2182","2182","tcp","Zookeeper TLS (MSK specific)"],"zookeeper-2888-tcp":["2888","2888","tcp","Zookeeper"],"zookeeper-3888-tcp":["3888","3888","tcp","Zookeeper"],"zookeeper-jmx-tcp":["7199","7199","tcp","JMX"]},"description":"Map of known security group rules (define as 'name' = ['from port', 'to port', 'protocol', 'description'])"},"security_group_id":{"default":null,"description":"ID of existing security group whose rules we will manage"},"tags":{"default":{},"description":"A mapping of tags to assign to security group"},"use_name_prefix":{"default":true,"description":"Whether to use name_prefix or fixed name. Should be true to able to update security group name after initial creation"},"vpc_id":{"default":null,"description":"ID of the VPC where to create security group"}}},"version_constraint":"5.3.0"},"db_security_group":{"source":"terraform-aws-modules/security-group/aws","expressions":{"description":{"constant_value":"Security group for database"},"ingress_with_source_security_group_id":{"references":["module.app_security_group.security_group_id","module.app_security_group"]},"name":{"references":["var.project_name"]},"tags":{"references":["var.tags"]},"vpc_id":{"references":["module.vpc.vpc_id","module.vpc"]}},"module":{"outputs":{"security_group_arn":{"expression":{"references":["aws_security_group.this[0].arn","aws_security_group.this[0]","aws_security_group.this","aws_security_group.this_name_prefix[0].arn","aws_security_group.this_name_prefix[0]","aws_security_group.this_name_prefix"]},"description":"The ARN of the security group"},"security_group_description":{"expression":{"references":["aws_security_group.this[0].description","aws_security_group.this[0]","aws_security_group.this","aws_security_group.this_name_prefix[0].description","aws_security_group.this_name_prefix[0]","aws_security_group.this_name_prefix"]},"description":"The description of the security group"},"security_group_id":{"expression":{"references":["aws_security_group.this[0].id","aws_security_group.this[0]","aws_security_group.this","aws_security_group.this_name_prefix[0].id","aws_security_group.this_name_prefix[0]","aws_security_group.this_name_prefix"]},"description":"The ID of the security group"},"security_group_name":{"expression":{"references":["aws_security_group.this[0].name","aws_security_group.this[0]","aws_security_group.this","aws_security_group.this_name_prefix[0].name","aws_security_group.this_name_prefix[0]","aws_security_group.this_name_prefix"]},"description":"The name of the security group"},"security_group_owner_id":{"expression":{"references":["aws_security_group.this[0].owner_id","aws_security_group.this[0]","aws_security_group.this","aws_security_group.this_name_prefix[0].owner_id","aws_security_group.this_name_prefix[0]","aws_security_group.this_name_prefix"]},"description":"The owner ID"},"security_group_vpc_id":{"expression":{"references":["aws_security_group.this[0].vpc_id","aws_security_group.this[0]","aws_security_group.this","aws_security_group.this_name_prefix[0].vpc_id","aws_security_group.this_name_prefix[0]","aws_security_group.this_name_prefix"]},"description":"The VPC ID"}},"resources":[{"address":"aws_security_group.this","mode":"managed","type":"aws_security_group","name":"this","provider_config_key":"aws","expressions":{"description":{"references":["var.description"]},"name":{"references":["var.name"]},"revoke_rules_on_delete":{"references":["var.revoke_rules_on_delete"]},"tags":{"references":["var.name","var.tags"]},"timeouts":{"create":{"references":["var.create_timeout"]},"delete":{"references":["var.delete_timeout"]}},"vpc_id":{"references":["var.vpc_id"]}},"schema_version":1,"count_expression":{"references":["local.create","var.create_sg","var.use_name_prefix"]}},{"address":"aws_security_group.this_name_prefix","mode":"managed","type":"aws_security_group","name":"this_name_prefix","provider_config_key":"aws","expressions":{"description":{"references":["var.description"]},"name_prefix":{"references":["var.name"]},"revoke_rules_on_delete":{"references":["var.revoke_rules_on_delete"]},"tags":{"references":["var.name","var.tags"]},"timeouts":{"create":{"references":["var.create_timeout"]},"delete":{"references":["var.delete_timeout"]}},"vpc_id":{"references":["var.vpc_id"]}},"schema_version":1,"count_expression":{"references":["local.create","var.create_sg","var.use_name_prefix"]}},{"address":"aws_security_group_rule.computed_egress_rules","mode":"managed","type":"aws_security_group_rule","name":"computed_egress_rules","provider_config_key":"aws","expressions":{"cidr_blocks":{"references":["var.egress_cidr_blocks"]},"description":{"references":["var.rules","var.computed_egress_rules","count.index"]},"from_port":{"references":["var.rules","var.computed_egress_rules","count.index"]},"ipv6_cidr_blocks":{"references":["var.egress_ipv6_cidr_blocks"]},"prefix_list_ids":{"references":["var.egress_prefix_list_ids"]},"protocol":{"references":["var.rules","var.computed_egress_rules","count.index"]},"security_group_id":{"references":["local.this_sg_id"]},"to_port":{"references":["var.rules","var.computed_egress_rules","count.index"]},"type":{"constant_value":"egress"}},"schema_version":2,"count_expression":{"references":["local.create","var.number_of_computed_egress_rules"]}},{"address":"aws_security_group_rule.computed_egress_with_cidr_blocks","mode":"managed","type":"aws_security_group_rule","name":"computed_egress_with_cidr_blocks","provider_config_key":"aws","expressions":{"cidr_blocks":{"references":["var.computed_egress_with_cidr_blocks","count.index","var.egress_cidr_blocks"]},"description":{"references":["var.computed_egress_with_cidr_blocks","count.index"]},"from_port":{"references":["var.computed_egress_with_cidr_blocks","count.index","var.rules","var.computed_egress_with_cidr_blocks","count.index"]},"protocol":{"references":["var.computed_egress_with_cidr_blocks","count.index","var.rules","var.computed_egress_with_cidr_blocks","count.index"]},"security_group_id":{"references":["local.this_sg_id"]},"to_port":{"references":["var.computed_egress_with_cidr_blocks","count.index","var.rules","var.computed_egress_with_cidr_blocks","count.index"]},"type":{"constant_value":"egress"}},"schema_version":2,"count_expression":{"references":["local.create","var.number_of_computed_egress_with_cidr_blocks"]}},{"address":"aws_security_group_rule.computed_egress_with_ipv6_cidr_blocks","mode":"managed","type":"aws_security_group_rule","name":"computed_egress_with_ipv6_cidr_blocks","provider_config_key":"aws","expressions":{"description":{"references":["var.computed_egress_with_ipv6_cidr_blocks","count.index"]},"from_port":{"references":["var.computed_egress_with_ipv6_cidr_blocks","count.index","var.rules","var.computed_egress_with_ipv6_cidr_blocks","count.index"]},"ipv6_cidr_blocks":{"references":["var.computed_egress_with_ipv6_cidr_blocks","count.index","var.egress_ipv6_cidr_blocks"]},"prefix_list_ids":{"references":["var.egress_prefix_list_ids"]},"protocol":{"references":["var.computed_egress_with_ipv6_cidr_blocks","count.index","var.rules","var.computed_egress_with_ipv6_cidr_blocks","count.index"]},"security_group_id":{"references":["local.this_sg_id"]},"to_port":{"references":["var.computed_egress_with_ipv6_cidr_blocks","count.index","var.rules","var.computed_egress_with_ipv6_cidr_blocks","count.index"]},"type":{"constant_value":"egress"}},"schema_version":2,"count_expression":{"references":["local.create","var.number_of_computed_egress_with_ipv6_cidr_blocks"]}},{"address":"aws_security_group_rule.computed_egress_with_prefix_list_ids","mode":"managed","type":"aws_security_group_rule","name":"computed_egress_with_prefix_list_ids","provider_config_key":"aws","expressions":{"description":{"references":["var.computed_egress_with_prefix_list_ids","count.index"]},"from_port":{"references":["var.computed_egress_with_prefix_list_ids","count.index","var.rules","var.computed_egress_with_prefix_list_ids","count.index"]},"prefix_list_ids":{"references":["var.computed_egress_with_prefix_list_ids","count.index","var.egress_prefix_list_ids"]},"protocol":{"references":["var.computed_egress_with_prefix_list_ids","count.index","var.rules","var.computed_egress_with_prefix_list_ids","count.index"]},"security_group_id":{"references":["local.this_sg_id"]},"source_security_group_id":{"references":["var.computed_egress_with_prefix_list_ids","count.index"]},"to_port":{"references":["var.computed_egress_with_prefix_list_ids","count.index","var.rules","var.computed_egress_with_prefix_list_ids","count.index"]},"type":{"constant_value":"egress"}},"schema_version":2,"count_expression":{"references":["var.create","var.number_of_computed_egress_with_prefix_list_ids"]}},{"address":"aws_security_group_rule.computed_egress_with_self","mode":"managed","type":"aws_security_group_rule","name":"computed_egress_with_self","provider_config_key":"aws","expressions":{"description":{"references":["var.computed_egress_with_self","count.index"]},"from_port":{"references":["var.computed_egress_with_self","count.index","var.rules","var.computed_egress_with_self","count.index"]},"prefix_list_ids":{"references":["var.egress_prefix_list_ids"]},"protocol":{"references":["var.computed_egress_with_self","count.index","var.rules","var.computed_egress_with_self","count.index"]},"security_group_id":{"references":["local.this_sg_id"]},"self":{"references":["var.computed_egress_with_self","count.index"]},"to_port":{"references":["var.computed_egress_with_self","count.index","var.rules","var.computed_egress_with_self","count.index"]},"type":{"constant_value":"egress"}},"schema_version":2,"count_expression":{"references":["local.create","var.number_of_computed_egress_with_self"]}},{"address":"aws_security_group_rule.computed_egress_with_source_security_group_id","mode":"managed","type":"aws_security_group_rule","name":"computed_egress_with_source_security_group_id","provider_config_key":"aws","expressions":{"description":{"references":["var.computed_egress_with_source_security_group_id","count.index"]},"from_port":{"references":["var.computed_egress_with_source_security_group_id","count.index","var.rules","var.computed_egress_with_source_security_group_id","count.index"]},"prefix_list_ids":{"references":["var.egress_prefix_list_ids"]},"protocol":{"references":["var.computed_egress_with_source_security_group_id","count.index","var.rules","var.computed_egress_with_source_security_group_id","count.index"]},"security_group_id":{"references":["local.this_sg_id"]},"source_security_group_id":{"references":["var.computed_egress_with_source_security_group_id","count.index"]},"to_port":{"references":["var.computed_egress_with_source_security_group_id","count.index","var.rules","var.computed_egress_with_source_security_group_id","count.index"]},"type":{"constant_value":"egress"}},"schema_version":2,"count_expression":{"references":["local.create","var.number_of_computed_egress_with_source_security_group_id"]}},{"address":"aws_security_group_rule.computed_ingress_rules","mode":"managed","type":"aws_security_group_rule","name":"computed_ingress_rules","provider_config_key":"aws","expressions":{"cidr_blocks":{"references":["var.ingress_cidr_blocks"]},"description":{"references":["var.rules","var.computed_ingress_rules","count.index"]},"from_port":{"references":["var.rules","var.computed_ingress_rules","count.index"]},"ipv6_cidr_blocks":{"references":["var.ingress_ipv6_cidr_blocks"]},"prefix_list_ids":{"references":["var.ingress_prefix_list_ids"]},"protocol":{"references":["var.rules","var.computed_ingress_rules","count.index"]},"security_group_id":{"references":["local.this_sg_id"]},"to_port":{"references":["var.rules","var.computed_ingress_rules","count.index"]},"type":{"constant_value":"ingress"}},"schema_version":2,"count_expression":{"references":["local.create","var.number_of_computed_ingress_rules"]}},{"address":"aws_security_group_rule.computed_ingress_with_cidr_blocks","mode":"managed","type":"aws_security_group_rule","name":"computed_ingress_with_cidr_blocks","provider_config_key":"aws","expressions":{"cidr_blocks":{"references":["var.computed_ingress_with_cidr_blocks","count.index","var.ingress_cidr_blocks"]},"description":{"references":["var.computed_ingress_with_cidr_blocks","count.index"]},"from_port":{"references":["var.computed_ingress_with_cidr_blocks","count.index","var.rules","var.computed_ingress_with_cidr_blocks","count.index"]},"protocol":{"references":["var.computed_ingress_with_cidr_blocks","count.index","var.rules","var.computed_ingress_with_cidr_blocks","count.index"]},"security_group_id":{"references":["local.this_sg_id"]},"to_port":{"references":["var.computed_ingress_with_cidr_blocks","count.index","var.rules","var.computed_ingress_with_cidr_blocks","count.index"]},"type":{"constant_value":"ingress"}},"schema_version":2,"count_expression":{"references":["local.create","var.number_of_computed_ingress_with_cidr_blocks"]}},{"address":"aws_security_group_rule.computed_ingress_with_ipv6_cidr_blocks","mode":"managed","type":"aws_security_group_rule","name":"computed_ingress_with_ipv6_cidr_blocks","provider_config_key":"aws","expressions":{"description":{"references":["var.computed_ingress_with_ipv6_cidr_blocks","count.index"]},"from_port":{"references":["var.computed_ingress_with_ipv6_cidr_blocks","count.index","var.rules","var.computed_ingress_with_ipv6_cidr_blocks","count.index"]},"ipv6_cidr_blocks":{"references":["var.computed_ingress_with_ipv6_cidr_blocks","count.index","var.ingress_ipv6_cidr_blocks"]},"prefix_list_ids":{"references":["var.ingress_prefix_list_ids"]},"protocol":{"references":["var.computed_ingress_with_ipv6_cidr_blocks","count.index","var.rules","var.computed_ingress_with_ipv6_cidr_blocks","count.index"]},"security_group_id":{"references":["local.this_sg_id"]},"to_port":{"references":["var.computed_ingress_with_ipv6_cidr_blocks","count.index","var.rules","var.computed_ingress_with_ipv6_cidr_blocks","count.index"]},"type":{"constant_value":"ingress"}},"schema_version":2,"count_expression":{"references":["local.create","var.number_of_computed_ingress_with_ipv6_cidr_blocks"]}},{"address":"aws_security_group_rule.computed_ingress_with_prefix_list_ids","mode":"managed","type":"aws_security_group_rule","name":"computed_ingress_with_prefix_list_ids","provider_config_key":"aws","expressions":{"description":{"references":["var.ingress_with_prefix_list_ids","count.index"]},"from_port":{"references":["var.ingress_with_prefix_list_ids","count.index","var.rules","var.ingress_with_prefix_list_ids","count.index"]},"prefix_list_ids":{"references":["var.ingress_with_prefix_list_ids","count.index","var.ingress_prefix_list_ids"]},"protocol":{"references":["var.ingress_with_prefix_list_ids","count.index","var.rules","var.ingress_with_prefix_list_ids","count.index"]},"security_group_id":{"references":["local.this_sg_id"]},"to_port":{"references":["var.ingress_with_prefix_list_ids","count.index","var.rules","var.ingress_with_prefix_list_ids","count.index"]},"type":{"constant_value":"ingress"}},"schema_version":2,"count_expression":{"references":["var.create","var.number_of_computed_ingress_with_prefix_list_ids"]}},{"address":"aws_security_group_rule.computed_ingress_with_self","mode":"managed","type":"aws_security_group_rule","name":"computed_ingress_with_self","provider_config_key":"aws","expressions":{"description":{"references":["var.computed_ingress_with_self","count.index"]},"from_port":{"references":["var.computed_ingress_with_self","count.index","var.rules","var.computed_ingress_with_self","count.index"]},"prefix_list_ids":{"references":["var.ingress_prefix_list_ids"]},"protocol":{"references":["var.computed_ingress_with_self","count.index","var.rules","var.computed_ingress_with_self","count.index"]},"security_group_id":{"references":["local.this_sg_id"]},"self":{"references":["var.computed_ingress_with_self","count.index"]},"to_port":{"references":["var.computed_ingress_with_self","count.index","var.rules","var.computed_ingress_with_self","count.index"]},"type":{"constant_value":"ingress"}},"schema_version":2,"count_expression":{"references":["local.create","var.number_of_computed_ingress_with_self"]}},{"address":"aws_security_group_rule.computed_ingress_with_source_security_group_id","mode":"managed","type":"aws_security_group_rule","name":"computed_ingress_with_source_security_group_id","provider_config_key":"aws","expressions":{"description":{"references":["var.computed_ingress_with_source_security_group_id","count.index"]},"from_port":{"references":["var.computed_ingress_with_source_security_group_id","count.index","var.rules","var.computed_ingress_with_source_security_group_id","count.index"]},"prefix_list_ids":{"references":["var.ingress_prefix_list_ids"]},"protocol":{"references":["var.computed_ingress_with_source_security_group_id","count.index","var.rules","var.computed_ingress_with_source_security_group_id","count.index"]},"security_group_id":{"references":["local.this_sg_id"]},"source_security_group_id":{"references":["var.computed_ingress_with_source_security_group_id","count.index"]},"to_port":{"references":["var.computed_ingress_with_source_security_group_id","count.index","var.rules","var.computed_ingress_with_source_security_group_id","count.index"]},"type":{"constant_value":"ingress"}},"schema_version":2,"count_expression":{"references":["local.create","var.number_of_computed_ingress_with_source_security_group_id"]}},{"address":"aws_security_group_rule.egress_rules","mode":"managed","type":"aws_security_group_rule","name":"egress_rules","provider_config_key":"aws","expressions":{"cidr_blocks":{"references":["var.egress_cidr_blocks"]},"description":{"references":["var.rules","var.egress_rules","count.index"]},"from_port":{"references":["var.rules","var.egress_rules","count.index"]},"ipv6_cidr_blocks":{"references":["var.egress_ipv6_cidr_blocks"]},"prefix_list_ids":{"references":["var.egress_prefix_list_ids"]},"protocol":{"references":["var.rules","var.egress_rules","count.index"]},"security_group_id":{"references":["local.this_sg_id"]},"to_port":{"references":["var.rules","var.egress_rules","count.index"]},"type":{"constant_value":"egress"}},"schema_version":2,"count_expression":{"references":["local.create","var.egress_rules"]}},{"address":"aws_security_group_rule.egress_with_cidr_blocks","mode":"managed","type":"aws_security_group_rule","name":"egress_with_cidr_blocks","provider_config_key":"aws","expressions":{"cidr_blocks":{"references":["var.egress_with_cidr_blocks","count.index","var.egress_cidr_blocks"]},"description":{"references":["var.egress_with_cidr_blocks","count.index"]},"from_port":{"references":["var.egress_with_cidr_blocks","count.index","var.rules","var.egress_with_cidr_blocks","count.index"]},"protocol":{"references":["var.egress_with_cidr_blocks","count.index","var.rules","var.egress_with_cidr_blocks","count.index"]},"security_group_id":{"references":["local.this_sg_id"]},"to_port":{"references":["var.egress_with_cidr_blocks","count.index","var.rules","var.egress_with_cidr_blocks","count.index"]},"type":{"constant_value":"egress"}},"schema_version":2,"count_expression":{"references":["local.create","var.egress_with_cidr_blocks"]}},{"address":"aws_security_group_rule.egress_with_ipv6_cidr_blocks","mode":"managed","type":"aws_security_group_rule","name":"egress_with_ipv6_cidr_blocks","provider_config_key":"aws","expressions":{"description":{"references":["var.egress_with_ipv6_cidr_blocks","count.index"]},"from_port":{"references":["var.egress_with_ipv6_cidr_blocks","count.index","var.rules","var.egress_with_ipv6_cidr_blocks","count.index"]},"ipv6_cidr_blocks":{"references":["var.egress_with_ipv6_cidr_blocks","count.index","var.egress_ipv6_cidr_blocks"]},"prefix_list_ids":{"references":["var.egress_prefix_list_ids"]},"protocol":{"references":["var.egress_with_ipv6_cidr_blocks","count.index","var.rules","var.egress_with_ipv6_cidr_blocks","count.index"]},"security_group_id":{"references":["local.this_sg_id"]},"to_port":{"references":["var.egress_with_ipv6_cidr_blocks","count.index","var.rules","var.egress_with_ipv6_cidr_blocks","count.index"]},"type":{"constant_value":"egress"}},"schema_version":2,"count_expression":{"references":["local.create","var.egress_with_ipv6_cidr_blocks"]}},{"address":"aws_security_group_rule.egress_with_prefix_list_ids","mode":"managed","type":"aws_security_group_rule","name":"egress_with_prefix_list_ids","provider_config_key":"aws","expressions":{"description":{"references":["var.egress_with_prefix_list_ids","count.index"]},"from_port":{"references":["var.egress_with_prefix_list_ids","count.index","var.rules","var.egress_with_prefix_list_ids","count.index"]},"prefix_list_ids":{"references":["var.egress_with_prefix_list_ids","count.index","var.egress_prefix_list_ids"]},"protocol":{"references":["var.egress_with_prefix_list_ids","count.index","var.rules","var.egress_with_prefix_list_ids","count.index"]},"security_group_id":{"references":["local.this_sg_id"]},"to_port":{"references":["var.egress_with_prefix_list_ids","count.index","var.rules","var.egress_with_prefix_list_ids","count.index"]},"type":{"constant_value":"egress"}},"schema_version":2,"count_expression":{"references":["var.create","var.egress_with_prefix_list_ids"]}},{"address":"aws_security_group_rule.egress_with_self","mode":"managed","type":"aws_security_group_rule","name":"egress_with_self","provider_config_key":"aws","expressions":{"description":{"references":["var.egress_with_self","count.index"]},"from_port":{"references":["var.egress_with_self","count.index","var.rules","var.egress_with_self","count.index"]},"prefix_list_ids":{"references":["var.egress_prefix_list_ids"]},"protocol":{"references":["var.egress_with_self","count.index","var.rules","var.egress_with_self","count.index"]},"security_group_id":{"references":["local.this_sg_id"]},"self":{"references":["var.egress_with_self","count.index"]},"to_port":{"references":["var.egress_with_self","count.index","var.rules","var.egress_with_self","count.index"]},"type":{"constant_value":"egress"}},"schema_version":2,"count_expression":{"references":["local.create","var.egress_with_self"]}},{"address":"aws_security_group_rule.egress_with_source_security_group_id","mode":"managed","type":"aws_security_group_rule","name":"egress_with_source_security_group_id","provider_config_key":"aws","expressions":{"description":{"references":["var.egress_with_source_security_group_id","count.index"]},"from_port":{"references":["var.egress_with_source_security_group_id","count.index","var.rules","var.egress_with_source_security_group_id","count.index"]},"prefix_list_ids":{"references":["var.egress_prefix_list_ids"]},"protocol":{"references":["var.egress_with_source_security_group_id","count.index","var.rules","var.egress_with_source_security_group_id","count.index"]},"security_group_id":{"references":["local.this_sg_id"]},"source_security_group_id":{"references":["var.egress_with_source_security_group_id","count.index"]},"to_port":{"references":["var.egress_with_source_security_group_id","count.index","var.rules","var.egress_with_source_security_group_id","count.index"]},"type":{"constant_value":"egress"}},"schema_version":2,"count_expression":{"references":["local.create","var.egress_with_source_security_group_id"]}},{"address":"aws_security_group_rule.ingress_rules","mode":"managed","type":"aws_security_group_rule","name":"ingress_rules","provider_config_key":"aws","expressions":{"cidr_blocks":{"references":["var.ingress_cidr_blocks"]},"description":{"references":["var.rules","var.ingress_rules","count.index"]},"from_port":{"references":["var.rules","var.ingress_rules","count.index"]},"ipv6_cidr_blocks":{"references":["var.ingress_ipv6_cidr_blocks"]},"prefix_list_ids":{"references":["var.ingress_prefix_list_ids"]},"protocol":{"references":["var.rules","var.ingress_rules","count.index"]},"security_group_id":{"references":["local.this_sg_id"]},"to_port":{"references":["var.rules","var.ingress_rules","count.index"]},"type":{"constant_value":"ingress"}},"schema_version":2,"count_expression":{"references":["local.create","var.ingress_rules"]}},{"address":"aws_security_group_rule.ingress_with_cidr_blocks","mode":"managed","type":"aws_security_group_rule","name":"ingress_with_cidr_blocks","provider_config_key":"aws","expressions":{"cidr_blocks":{"references":["var.ingress_with_cidr_blocks","count.index","var.ingress_cidr_blocks"]},"description":{"references":["var.ingress_with_cidr_blocks","count.index"]},"from_port":{"references":["var.ingress_with_cidr_blocks","count.index","var.rules","var.ingress_with_cidr_blocks","count.index"]},"protocol":{"references":["var.ingress_with_cidr_blocks","count.index","var.rules","var.ingress_with_cidr_blocks","count.index"]},"security_group_id":{"references":["local.this_sg_id"]},"to_port":{"references":["var.ingress_with_cidr_blocks","count.index","var.rules","var.ingress_with_cidr_blocks","count.index"]},"type":{"constant_value":"ingress"}},"schema_version":2,"count_expression":{"references":["local.create","var.ingress_with_cidr_blocks"]}},{"address":"aws_security_group_rule.ingress_with_ipv6_cidr_blocks","mode":"managed","type":"aws_security_group_rule","name":"ingress_with_ipv6_cidr_blocks","provider_config_key":"aws","expressions":{"description":{"references":["var.ingress_with_ipv6_cidr_blocks","count.index"]},"from_port":{"references":["var.ingress_with_ipv6_cidr_blocks","count.index","var.rules","var.ingress_with_ipv6_cidr_blocks","count.index"]},"ipv6_cidr_blocks":{"references":["var.ingress_with_ipv6_cidr_blocks","count.index","var.ingress_ipv6_cidr_blocks"]},"prefix_list_ids":{"references":["var.ingress_prefix_list_ids"]},"protocol":{"references":["var.ingress_with_ipv6_cidr_blocks","count.index","var.rules","var.ingress_with_ipv6_cidr_blocks","count.index"]},"security_group_id":{"references":["local.this_sg_id"]},"to_port":{"references":["var.ingress_with_ipv6_cidr_blocks","count.index","var.rules","var.ingress_with_ipv6_cidr_blocks","count.index"]},"type":{"constant_value":"ingress"}},"schema_version":2,"count_expression":{"references":["local.create","var.ingress_with_ipv6_cidr_blocks"]}},{"address":"aws_security_group_rule.ingress_with_prefix_list_ids","mode":"managed","type":"aws_security_group_rule","name":"ingress_with_prefix_list_ids","provider_config_key":"aws","expressions":{"description":{"references":["var.ingress_with_prefix_list_ids","count.index"]},"from_port":{"references":["var.ingress_with_prefix_list_ids","count.index","var.rules","var.ingress_with_prefix_list_ids","count.index"]},"prefix_list_ids":{"references":["var.ingress_with_prefix_list_ids","count.index","var.ingress_prefix_list_ids"]},"protocol":{"references":["var.ingress_with_prefix_list_ids","count.index","var.rules","var.ingress_with_prefix_list_ids","count.index"]},"security_group_id":{"references":["local.this_sg_id"]},"to_port":{"references":["var.ingress_with_prefix_list_ids","count.index","var.rules","var.ingress_with_prefix_list_ids","count.index"]},"type":{"constant_value":"ingress"}},"schema_version":2,"count_expression":{"references":["var.create","var.ingress_with_prefix_list_ids"]}},{"address":"aws_security_group_rule.ingress_with_self","mode":"managed","type":"aws_security_group_rule","name":"ingress_with_self","provider_config_key":"aws","expressions":{"description":{"references":["var.ingress_with_self","count.index"]},"from_port":{"references":["var.ingress_with_self","count.index","var.rules","var.ingress_with_self","count.index"]},"prefix_list_ids":{"references":["var.ingress_prefix_list_ids"]},"protocol":{"references":["var.ingress_with_self","count.index","var.rules","var.ingress_with_self","count.index"]},"security_group_id":{"references":["local.this_sg_id"]},"self":{"references":["var.ingress_with_self","count.index"]},"to_port":{"references":["var.ingress_with_self","count.index","var.rules","var.ingress_with_self","count.index"]},"type":{"constant_value":"ingress"}},"schema_version":2,"count_expression":{"references":["local.create","var.ingress_with_self"]}},{"address":"aws_security_group_rule.ingress_with_source_security_group_id","mode":"managed","type":"aws_security_group_rule","name":"ingress_with_source_security_group_id","provider_config_key":"aws","expressions":{"description":{"references":["var.ingress_with_source_security_group_id","count.index"]},"from_port":{"references":["var.ingress_with_source_security_group_id","count.index","var.rules","var.ingress_with_source_security_group_id","count.index"]},"prefix_list_ids":{"references":["var.ingress_prefix_list_ids"]},"protocol":{"references":["var.ingress_with_source_security_group_id","count.index","var.rules","var.ingress_with_source_security_group_id","count.index"]},"security_group_id":{"references":["local.this_sg_id"]},"source_security_group_id":{"references":["var.ingress_with_source_security_group_id","count.index"]},"to_port":{"references":["var.ingress_with_source_security_group_id","count.index","var.rules","var.ingress_with_source_security_group_id","count.index"]},"type":{"constant_value":"ingress"}},"schema_version":2,"count_expression":{"references":["local.create","var.ingress_with_source_security_group_id"]}}],"variables":{"auto_groups":{"default":{"activemq":{"egress_rules":["all-all"],"ingress_rules":["activemq-5671-tcp","activemq-8883-tcp","activemq-61614-tcp","activemq-61617-tcp","activemq-61619-tcp"],"ingress_with_self":["all-all"]},"alertmanager":{"egress_rules":["all-all"],"ingress_rules":["alertmanager-9093-tcp","alertmanager-9094-tcp"],"ingress_with_self":["all-all"]},"carbon-relay-ng":{"egress_rules":["all-all"],"ingress_rules":["carbon-line-in-tcp","carbon-line-in-udp","carbon-pickle-tcp","carbon-pickle-udp","carbon-gui-udp"],"ingress_with_self":["all-all"]},"cassandra":{"egress_rules":["all-all"],"ingress_rules":["cassandra-clients-tcp","cassandra-thrift-clients-tcp","cassandra-jmx-tcp"],"ingress_with_self":["all-all"]},"consul":{"egress_rules":["all-all"],"ingress_rules":["consul-tcp","consul-grpc-tcp","consul-grpc-tcp-tls","consul-webui-http-tcp","consul-webui-https-tcp","consul-dns-tcp","consul-dns-udp","consul-serf-lan-tcp","consul-serf-lan-udp","consul-serf-wan-tcp","consul-serf-wan-udp"],"ingress_with_self":["all-all"]},"dax-cluster":{"egress_rules":["all-all"],"ingress_rules":["dax-cluster-unencrypted-tcp","dax-cluster-encrypted-tcp"],"ingress_with_self":["all-all"]},"docker-swarm":{"egress_rules":["all-all"],"ingress_rules":["docker-swarm-mngmt-tcp","docker-swarm-node-tcp","docker-swarm-node-udp","docker-swarm-overlay-udp"],"ingress_with_self":["all-all"]},"elasticsearch":{"egress_rules":["all-all"],"ingress_rules":["elasticsearch-rest-tcp","elasticsearch-java-tcp"],"ingress_with_self":["all-all"]},"etcd":{"egress_rules":["all-all"],"ingress_rules":["etcd-client-tcp","etcd-peer-tcp"],"ingress_with_self":["all-all"]},"grafana":{"egress_rules":["all-all"],"ingress_rules":["grafana-tcp"],"ingress_with_self":["all-all"]},"graphite-statsd":{"egress_rules":["all-all"],"ingress_rules":["graphite-webui","graphite-2003-tcp","graphite-2004-tcp","graphite-2023-tcp","graphite-2024-tcp","graphite-8080-tcp","graphite-8125-tcp","graphite-8125-udp","graphite-8126-tcp"],"ingress_with_self":["all-all"]},"http-80":{"egress_rules":["all-all"],"ingress_rules":["http-80-tcp"],"ingress_with_self":["all-all"]},"http-8080":{"egress_rules":["all-all"],"ingress_rules":["http-8080-tcp"],"ingress_with_self":["all-all"]},"https-443":{"egress_rules":["all-all"],"ingress_rules":["https-443-tcp"],"ingress_with_self":["all-all"]},"https-8443":{"egress_rules":["all-all"],"ingress_rules":["https-8443-tcp"],"ingress_with_self":["all-all"]},"ipsec-4500":{"egress_rules":["all-all"],"ingress_rules":["ipsec-4500-udp"],"ingress_with_self":["all-all"]},"ipsec-500":{"egress_rules":["all-all"],"ingress_rules":["ipsec-500-udp"],"ingress_with_self":["all-all"]},"kafka":{"egress_rules":["all-all"],"ingress_rules":["kafka-broker-tcp","kafka-broker-tls-tcp","kafka-broker-tls-public-tcp","kafka-broker-sasl-scram-tcp","kafka-broker-sasl-scram-tcp","kafka-broker-sasl-iam-tcp","kafka-broker-sasl-iam-public-tcp","kafka-jmx-exporter-tcp","kafka-node-exporter-tcp"],"ingress_with_self":["all-all"]},"kibana":{"egress_rules":["all-all"],"ingress_rules":["kibana-tcp"],"ingress_with_self":["all-all"]},"kubernetes-api":{"egress_rules":["all-all"],"ingress_rules":["kubernetes-api-tcp"],"ingress_with_self":["all-all"]},"ldap":{"egress_rules":["all-all"],"ingress_rules":["ldap-tcp"],"ingress_with_self":["all-all"]},"ldaps":{"egress_rules":["all-all"],"ingress_rules":["ldaps-tcp"],"ingress_with_self":["all-all"]},"logstash":{"egress_rules":["all-all"],"ingress_rules":["logstash-tcp"],"ingress_with_self":["all-all"]},"loki":{"egress_rules":["all-all"],"ingress_rules":["loki-grafana","loki-grafana-grpc"],"ingress_with_self":["all-all"]},"memcached":{"egress_rules":["all-all"],"ingress_rules":["memcached-tcp"],"ingress_with_self":["all-all"]},"minio":{"egress_rules":["all-all"],"ingress_rules":["minio-tcp"],"ingress_with_self":["all-all"]},"mongodb":{"egress_rules":["all-all"],"ingress_rules":["mongodb-27017-tcp","mongodb-27018-tcp","mongodb-27019-tcp"],"ingress_with_self":["all-all"]},"mssql":{"egress_rules":["all-all"],"ingress_rules":["mssql-tcp","mssql-udp","mssql-analytics-tcp","mssql-broker-tcp"],"ingress_with_self":["all-all"]},"mysql":{"egress_rules":["all-all"],"ingress_rules":["mysql-tcp"],"ingress_with_self":["all-all"]},"nfs":{"egress_rules":["all-all"],"ingress_rules":["nfs-tcp"],"ingress_with_self":["all-all"]},"nomad":{"egress_rules":["all-all"],"ingress_rules":["nomad-http-tcp","nomad-rpc-tcp","nomad-serf-tcp","nomad-serf-udp"],"ingress_with_self":["all-all"]},"ntp":{"egress_rules":["all-all"],"ingress_rules":["ntp-udp"],"ingress_with_self":["all-all"]},"openvpn":{"egress_rules":["all-all"],"ingress_rules":["openvpn-udp","openvpn-tcp","openvpn-https-tcp"],"ingress_with_self":["all-all"]},"oracle-db":{"egress_rules":["all-all"],"ingress_rules":["oracle-db-tcp"],"ingress_with_self":["all-all"]},"postgresql":{"egress_rules":["all-all"],"ingress_rules":["postgresql-tcp"],"ingress_with_self":["all-all"]},"prometheus":{"egress_rules":["all-all"],"ingress_rules":["prometheus-http-tcp","prometheus-pushgateway-http-tcp","prometheus-node-exporter-http-tcp"],"ingress_with_self":["all-all"]},"promtail":{"egress_rules":["all-all"],"ingress_rules":["promtail-http"],"ingress_with_self":["all-all"]},"puppet":{"egress_rules":["all-all"],"ingress_rules":["puppet-tcp","puppetdb-tcp"],"ingress_with_self":["all-all"]},"rabbitmq":{"egress_rules":["all-all"],"ingress_rules":["rabbitmq-4369-tcp","rabbitmq-5671-tcp","rabbitmq-5672-tcp","rabbitmq-15672-tcp","rabbitmq-25672-tcp"],"ingress_with_self":["all-all"]},"rdp":{"egress_rules":["all-all"],"ingress_rules":["rdp-tcp","rdp-udp"],"ingress_with_self":["all-all"]},"redis":{"egress_rules":["all-all"],"ingress_rules":["redis-tcp"],"ingress_with_self":["all-all"]},"redshift":{"egress_rules":["all-all"],"ingress_rules":["redshift-tcp"],"ingress_with_self":["all-all"]},"smtp":{"egress_rules":["all-all"],"ingress_rules":["smtp-tcp"],"ingress_with_self":["all-all"]},"smtp-submission":{"egress_rules":["all-all"],"ingress_rules":["smtp-submission-587-tcp","smtp-submission-2587-tcp"],"ingress_with_self":["all-all"]},"smtps":{"egress_rules":["all-all"],"ingress_rules":["smtps-465-tcp","smtps-2465-tcp"],"ingress_with_self":["all-all"]},"solr":{"egress_rules":["all-all"],"ingress_rules":["solr-tcp"],"ingress_with_self":["all-all"]},"splunk":{"egress_rules":["all-all"],"ingress_rules":["splunk-indexer-tcp","splunk-web-tcp","splunk-splunkd-tcp","splunk-hec-tcp"],"ingress_with_self":["all-all"]},"squid":{"egress_rules":["all-all"],"ingress_rules":["squid-proxy-tcp"],"ingress_with_self":["all-all"]},"ssh":{"egress_rules":["all-all"],"ingress_rules":["ssh-tcp"],"ingress_with_self":["all-all"]},"storm":{"egress_rules":["all-all"],"ingress_rules":["storm-nimbus-tcp","storm-ui-tcp","storm-supervisor-tcp"],"ingress_with_self":["all-all"]},"vault":{"egress_rules":["all-all"],"ingress_rules":["vault-tcp"],"ingress_with_self":["all-all"]},"wazuh":{"egress_rules":["all-all"],"ingress_rules":["wazuh-server-agent-connection-tcp","wazuh-server-agent-connection-udp","wazuh-server-agent-enrollment","wazuh-server-agent-cluster-daemon","wazuh-server-syslog-collector-tcp","wazuh-server-syslog-collector-udp","wazuh-server-restful-api","wazuh-indexer-restful-api","wazuh-dashboard"],"ingress_with_self":["all-all"]},"web":{"egress_rules":["all-all"],"ingress_rules":["http-80-tcp","http-8080-tcp","https-443-tcp","web-jmx-tcp"],"ingress_with_self":["all-all"]},"winrm":{"egress_rules":["all-all"],"ingress_rules":["winrm-http-tcp","winrm-https-tcp"],"ingress_with_self":["all-all"]},"zabbix":{"egress_rules":["all-all"],"ingress_rules":["zabbix-server","zabbix-proxy","zabbix-agent"],"ingress_with_self":["all-all"]},"zipkin":{"egress_rules":["all-all"],"ingress_rules":["zipkin-admin-tcp","zipkin-admin-query-tcp","zipkin-admin-web-tcp","zipkin-query-tcp","zipkin-web-tcp"],"ingress_with_self":["all-all"]},"zookeeper":{"egress_rules":["all-all"],"ingress_rules":["zookeeper-2181-tcp","zookeeper-2182-tls-tcp","zookeeper-2888-tcp","zookeeper-3888-tcp","zookeeper-jmx-tcp"],"ingress_with_self":["all-all"]}},"description":"Map of groups of security group rules to use to generate modules (see update_groups.sh)"},"computed_egress_rules":{"default":[],"description":"List of computed egress rules to create by name"},"computed_egress_with_cidr_blocks":{"default":[],"description":"List of computed egress rules to create where 'cidr_blocks' is used"},"computed_egress_with_ipv6_cidr_blocks":{"default":[],"description":"List of computed egress rules to create where 'ipv6_cidr_blocks' is used"},"computed_egress_with_prefix_list_ids":{"default":[],"description":"List of computed egress rules to create where 'prefix_list_ids' is used only"},"computed_egress_with_self":{"default":[],"description":"List of computed egress rules to create where 'self' is defined"},"computed_egress_with_source_security_group_id":{"default":[],"description":"List of computed egress rules to create where 'source_security_group_id' is used"},"computed_ingress_rules":{"default":[],"description":"List of computed ingress rules to create by name"},"computed_ingress_with_cidr_blocks":{"default":[],"description":"List of computed ingress rules to create where 'cidr_blocks' is used"},"computed_ingress_with_ipv6_cidr_blocks":{"default":[],"description":"List of computed ingress rules to create where 'ipv6_cidr_blocks' is used"},"computed_ingress_with_prefix_list_ids":{"default":[],"description":"List of computed ingress rules to create where 'prefix_list_ids' is used"},"computed_ingress_with_self":{"default":[],"description":"List of computed ingress rules to create where 'self' is defined"},"computed_ingress_with_source_security_group_id":{"default":[],"description":"List of computed ingress rules to create where 'source_security_group_id' is used"},"create":{"default":true,"description":"Whether to create security group and all rules"},"create_sg":{"default":true,"description":"Whether to create security group"},"create_timeout":{"default":"10m","description":"Time to wait for a security group to be created"},"delete_timeout":{"default":"15m","description":"Time to wait for a security group to be deleted"},"description":{"default":"Security Group managed by Terraform","description":"Description of security group"},"egress_cidr_blocks":{"default":["0.0.0.0/0"],"description":"List of IPv4 CIDR ranges to use on all egress rules"},"egress_ipv6_cidr_blocks":{"default":["::/0"],"description":"List of IPv6 CIDR ranges to use on all egress rules"},"egress_prefix_list_ids":{"default":[],"description":"List of prefix list IDs (for allowing access to VPC endpoints) to use on all egress rules"},"egress_rules":{"default":[],"description":"List of egress rules to create by name"},"egress_with_cidr_blocks":{"default":[],"description":"List of egress rules to create where 'cidr_blocks' is used"},"egress_with_ipv6_cidr_blocks":{"default":[],"description":"List of egress rules to create where 'ipv6_cidr_blocks' is used"},"egress_with_prefix_list_ids":{"default":[],"description":"List of egress rules to create where 'prefix_list_ids' is used only"},"egress_with_self":{"default":[],"description":"List of egress rules to create where 'self' is defined"},"egress_with_source_security_group_id":{"default":[],"description":"List of egress rules to create where 'source_security_group_id' is used"},"ingress_cidr_blocks":{"default":[],"description":"List of IPv4 CIDR ranges to use on all ingress rules"},"ingress_ipv6_cidr_blocks":{"default":[],"description":"List of IPv6 CIDR ranges to use on all ingress rules"},"ingress_prefix_list_ids":{"default":[],"description":"List of prefix list IDs (for allowing access to VPC endpoints) to use on all ingress rules"},"ingress_rules":{"default":[],"description":"List of ingress rules to create by name"},"ingress_with_cidr_blocks":{"default":[],"description":"List of ingress rules to create where 'cidr_blocks' is used"},"ingress_with_ipv6_cidr_blocks":{"default":[],"description":"List of ingress rules to create where 'ipv6_cidr_blocks' is used"},"ingress_with_prefix_list_ids":{"default":[],"description":"List of ingress rules to create where 'prefix_list_ids' is used only"},"ingress_with_self":{"default":[],"description":"List of ingress rules to create where 'self' is defined"},"ingress_with_source_security_group_id":{"default":[],"description":"List of ingress rules to create where 'source_security_group_id' is used"},"name":{"default":null,"description":"Name of security group - not required if create_sg is false"},"number_of_computed_egress_rules":{"default":0,"description":"Number of computed egress rules to create by name"},"number_of_computed_egress_with_cidr_blocks":{"default":0,"description":"Number of computed egress rules to create where 'cidr_blocks' is used"},"number_of_computed_egress_with_ipv6_cidr_blocks":{"default":0,"description":"Number of computed egress rules to create where 'ipv6_cidr_blocks' is used"},"number_of_computed_egress_with_prefix_list_ids":{"default":0,"description":"Number of computed egress rules to create where 'prefix_list_ids' is used only"},"number_of_computed_egress_with_self":{"default":0,"description":"Number of computed egress rules to create where 'self' is defined"},"number_of_computed_egress_with_source_security_group_id":{"default":0,"description":"Number of computed egress rules to create where 'source_security_group_id' is used"},"number_of_computed_ingress_rules":{"default":0,"description":"Number of computed ingress rules to create by name"},"number_of_computed_ingress_with_cidr_blocks":{"default":0,"description":"Number of computed ingress rules to create where 'cidr_blocks' is used"},"number_of_computed_ingress_with_ipv6_cidr_blocks":{"default":0,"description":"Number of computed ingress rules to create where 'ipv6_cidr_blocks' is used"},"number_of_computed_ingress_with_prefix_list_ids":{"default":0,"description":"Number of computed ingress rules to create where 'prefix_list_ids' is used"},"number_of_computed_ingress_with_self":{"default":0,"description":"Number of computed ingress rules to create where 'self' is defined"},"number_of_computed_ingress_with_source_security_group_id":{"default":0,"description":"Number of computed ingress rules to create where 'source_security_group_id' is used"},"putin_khuylo":{"default":true,"description":"Do you agree that Putin doesn't respect Ukrainian sovereignty and territorial integrity? More info: https://en.wikipedia.org/wiki/Putin_khuylo!"},"revoke_rules_on_delete":{"default":false,"description":"Instruct Terraform to revoke all of the Security Groups attached ingress and egress rules before deleting the rule itself. Enable for EMR."},"rules":{"default":{"_":["","",""],"activemq-5671-tcp":["5671","5671","tcp","ActiveMQ AMQP"],"activemq-61614-tcp":["61614","61614","tcp","ActiveMQ STOMP"],"activemq-61617-tcp":["61617","61617","tcp","ActiveMQ OpenWire"],"activemq-61619-tcp":["61619","61619","tcp","ActiveMQ WebSocket"],"activemq-8883-tcp":["8883","8883","tcp","ActiveMQ MQTT"],"alertmanager-9093-tcp":["9093","9093","tcp","Alert Manager"],"alertmanager-9094-tcp":["9094","9094","tcp","Alert Manager Cluster"],"all-all":["-1","-1","-1","All protocols"],"all-icmp":["-1","-1","icmp","All IPV4 ICMP"],"all-ipv6-icmp":["-1","-1","58","All IPV6 ICMP"],"all-tcp":["0","65535","tcp","All TCP ports"],"all-udp":["0","65535","udp","All UDP ports"],"carbon-admin-tcp":["2004","2004","tcp","Carbon admin"],"carbon-gui-udp":["8081","8081","tcp","Carbon GUI"],"carbon-line-in-tcp":["2003","2003","tcp","Carbon line-in"],"carbon-line-in-udp":["2003","2003","udp","Carbon line-in"],"carbon-pickle-tcp":["2013","2013","tcp","Carbon pickle"],"carbon-pickle-udp":["2013","2013","udp","Carbon pickle"],"cassandra-clients-tcp":["9042","9042","tcp","Cassandra clients"],"cassandra-jmx-tcp":["7199","7199","tcp","JMX"],"cassandra-thrift-clients-tcp":["9160","9160","tcp","Cassandra Thrift clients"],"consul-dns-tcp":["8600","8600","tcp","Consul DNS"],"consul-dns-udp":["8600","8600","udp","Consul DNS"],"consul-grpc-tcp":["8502","8502","tcp","Consul gRPC"],"consul-grpc-tcp-tls":["8503","8503","tcp","Consul gRPC TLS"],"consul-serf-lan-tcp":["8301","8301","tcp","Serf LAN"],"consul-serf-lan-udp":["8301","8301","udp","Serf LAN"],"consul-serf-wan-tcp":["8302","8302","tcp","Serf WAN"],"consul-serf-wan-udp":["8302","8302","udp","Serf WAN"],"consul-tcp":["8300","8300","tcp","Consul server"],"consul-webui-http-tcp":["8500","8500","tcp","Consul web UI HTTP"],"consul-webui-https-tcp":["8501","8501","tcp","Consul web UI HTTPS"],"dax-cluster-encrypted-tcp":["9111","9111","tcp","DAX Cluster encrypted"],"dax-cluster-unencrypted-tcp":["8111","8111","tcp","DAX Cluster unencrypted"],"dns-tcp":["53","53","tcp","DNS"],"dns-udp":["53","53","udp","DNS"],"docker-swarm-mngmt-tcp":["2377","2377","tcp","Docker Swarm cluster management"],"docker-swarm-node-tcp":["7946","7946","tcp","Docker Swarm node"],"docker-swarm-node-udp":["7946","7946","udp","Docker Swarm node"],"docker-swarm-overlay-udp":["4789","4789","udp","Docker Swarm Overlay Network Traffic"],"elasticsearch-java-tcp":["9300","9300","tcp","Elasticsearch Java interface"],"elasticsearch-rest-tcp":["9200","9200","tcp","Elasticsearch REST interface"],"etcd-client-tcp":["2379","2379","tcp","Etcd Client"],"etcd-peer-tcp":["2380","2380","tcp","Etcd Peer"],"grafana-tcp":["3000","3000","tcp","Grafana Dashboard"],"graphite-2003-tcp":["2003","2003","tcp","Carbon receiver plain text"],"graphite-2004-tcp":["2004","2004","tcp","Carbon receiver pickle"],"graphite-2023-tcp":["2023","2023","tcp","Carbon aggregator plaintext"],"graphite-2024-tcp":["2024","2024","tcp","Carbon aggregator pickle"],"graphite-8080-tcp":["8080","8080","tcp","Graphite gunicorn port"],"graphite-8125-tcp":["8125","8125","tcp","Statsd TCP"],"graphite-8125-udp":["8125","8125","udp","Statsd UDP default"],"graphite-8126-tcp":["8126","8126","tcp","Statsd admin"],"graphite-webui":["80","80","tcp","Graphite admin interface"],"http-80-tcp":["80","80","tcp","HTTP"],"http-8080-tcp":["8080","8080","tcp","HTTP"],"https-443-tcp":["443","443","tcp","HTTPS"],"https-8443-tcp":["8443","8443","tcp","HTTPS"],"ipsec-4500-udp":["4500","4500","udp","IPSEC NAT-T"],"ipsec-500-udp":["500","500","udp","IPSEC ISAKMP"],"kafka-broker-sasl-iam-public-tcp":["9198","9198","tcp","Kafka SASL/IAM Public access control enabled (MSK specific)"],"kafka-broker-sasl-iam-tcp":["9098","9098","tcp","Kafka SASL/IAM access control enabled (MSK specific)"],"kafka-broker-sasl-scram-public-tcp":["9196","9196","tcp","Kafka SASL/SCRAM Public enabled broker (MSK specific)"],"kafka-broker-sasl-scram-tcp":["9096","9096","tcp","Kafka SASL/SCRAM enabled broker (MSK specific)"],"kafka-broker-tcp":["9092","9092","tcp","Kafka PLAINTEXT enable broker 0.8.2+"],"kafka-broker-tls-public-tcp":["9194","9194","tcp","Kafka TLS Public enabled broker 0.8.2+ (MSK specific)"],"kafka-broker-tls-tcp":["9094","9094","tcp","Kafka TLS enabled broker 0.8.2+"],"kafka-jmx-exporter-tcp":["11001","11001","tcp","Kafka JMX Exporter"],"kafka-node-exporter-tcp":["11002","11002","tcp","Kafka Node Exporter"],"kibana-tcp":["5601","5601","tcp","Kibana Web Interface"],"kubernetes-api-tcp":["6443","6443","tcp","Kubernetes API Server"],"ldap-tcp":["389","389","tcp","LDAP"],"ldaps-tcp":["636","636","tcp","LDAPS"],"logstash-tcp":["5044","5044","tcp","Logstash"],"loki-grafana":["3100","3100","tcp","Grafana Loki endpoint"],"loki-grafana-grpc":["9095","9095","tcp","Grafana Loki GRPC"],"memcached-tcp":["11211","11211","tcp","Memcached"],"minio-tcp":["9000","9000","tcp","MinIO"],"mongodb-27017-tcp":["27017","27017","tcp","MongoDB"],"mongodb-27018-tcp":["27018","27018","tcp","MongoDB shard"],"mongodb-27019-tcp":["27019","27019","tcp","MongoDB config server"],"mssql-analytics-tcp":["2383","2383","tcp","MSSQL Analytics"],"mssql-broker-tcp":["4022","4022","tcp","MSSQL Broker"],"mssql-tcp":["1433","1433","tcp","MSSQL Server"],"mssql-udp":["1434","1434","udp","MSSQL Browser"],"mysql-tcp":["3306","3306","tcp","MySQL/Aurora"],"nfs-tcp":["2049","2049","tcp","NFS/EFS"],"nomad-http-tcp":["4646","4646","tcp","Nomad HTTP"],"nomad-rpc-tcp":["4647","4647","tcp","Nomad RPC"],"nomad-serf-tcp":["4648","4648","tcp","Serf"],"nomad-serf-udp":["4648","4648","udp","Serf"],"ntp-udp":["123","123","udp","NTP"],"octopus-tentacle-tcp":["10933","10933","tcp","Octopus Tentacle"],"openvpn-https-tcp":["443","443","tcp","OpenVPN"],"openvpn-tcp":["943","943","tcp","OpenVPN"],"openvpn-udp":["1194","1194","udp","OpenVPN"],"oracle-db-tcp":["1521","1521","tcp","Oracle"],"postgresql-tcp":["5432","5432","tcp","PostgreSQL"],"prometheus-http-tcp":["9090","9090","tcp","Prometheus"],"prometheus-node-exporter-http-tcp":["9100","9100","tcp","Prometheus Node Exporter"],"prometheus-pushgateway-http-tcp":["9091","9091","tcp","Prometheus Pushgateway"],"promtail-http":["9080","9080","tcp","Promtail endpoint"],"puppet-tcp":["8140","8140","tcp","Puppet"],"puppetdb-tcp":["8081","8081","tcp","PuppetDB"],"rabbitmq-15672-tcp":["15672","15672","tcp","RabbitMQ"],"rabbitmq-25672-tcp":["25672","25672","tcp","RabbitMQ"],"rabbitmq-4369-tcp":["4369","4369","tcp","RabbitMQ epmd"],"rabbitmq-5671-tcp":["5671","5671","tcp","RabbitMQ"],"rabbitmq-5672-tcp":["5672","5672","tcp","RabbitMQ"],"rdp-tcp":["3389","3389","tcp","Remote Desktop"],"rdp-udp":["3389","3389","udp","Remote Desktop"],"redis-tcp":["6379","6379","tcp","Redis"],"redshift-tcp":["5439","5439","tcp","Redshift"],"saltstack-tcp":["4505","4506","tcp","SaltStack"],"smtp-submission-2587-tcp":["2587","2587","tcp","SMTP Submission"],"smtp-submission-587-tcp":["587","587","tcp","SMTP Submission"],"smtp-tcp":["25","25","tcp","SMTP"],"smtps-2456-tcp":["2465","2465","tcp","SMTPS"],"smtps-465-tcp":["465","465","tcp","SMTPS"],"solr-tcp":["8983","8987","tcp","Solr"],"splunk-hec-tcp":["8088","8088","tcp","Splunk HEC"],"splunk-indexer-tcp":["9997","9997","tcp","Splunk indexer"],"splunk-splunkd-tcp":["8089","8089","tcp","Splunkd"],"splunk-web-tcp":["8000","8000","tcp","Splunk Web"],"squid-proxy-tcp":["3128","3128","tcp","Squid default proxy"],"ssh-tcp":["22","22","tcp","SSH"],"storm-nimbus-tcp":["6627","6627","tcp","Nimbus"],"storm-supervisor-tcp":["6700","6703","tcp","Supervisor"],"storm-ui-tcp":["8080","8080","tcp","Storm UI"],"vault-tcp":["8200","8200","tcp","Vault"],"wazuh-dashboard":["443","443","tcp","Wazuh web user interface"],"wazuh-indexer-restful-api":["9200","9200","tcp","Wazuh indexer RESTful API"],"wazuh-server-agent-cluster-daemon":["1516","1516","tcp","Wazuh cluster daemon"],"wazuh-server-agent-connection-tcp":["1514","1514","tcp","Agent connection service(TCP)"],"wazuh-server-agent-connection-udp":["1514","1514","udp","Agent connection service(UDP)"],"wazuh-server-agent-enrollment":["1515","1515","tcp","Agent enrollment service"],"wazuh-server-restful-api":["55000","55000","tcp","Wazuh server RESTful API"],"wazuh-server-syslog-collector-tcp":["514","514","tcp","Wazuh Syslog collector(TCP)"],"wazuh-server-syslog-collector-udp":["514","514","udp","Wazuh Syslog collector(UDP)"],"web-jmx-tcp":["1099","1099","tcp","JMX"],"winrm-http-tcp":["5985","5985","tcp","WinRM HTTP"],"winrm-https-tcp":["5986","5986","tcp","WinRM HTTPS"],"zabbix-agent":["10050","10050","tcp","Zabbix Agent"],"zabbix-proxy":["10051","10051","tcp","Zabbix Proxy"],"zabbix-server":["10051","10051","tcp","Zabbix Server"],"zipkin-admin-query-tcp":["9901","9901","tcp","Zipkin Admin port query"],"zipkin-admin-tcp":["9990","9990","tcp","Zipkin Admin port collector"],"zipkin-admin-web-tcp":["9991","9991","tcp","Zipkin Admin port web"],"zipkin-query-tcp":["9411","9411","tcp","Zipkin query port"],"zipkin-web-tcp":["8080","8080","tcp","Zipkin web port"],"zookeeper-2181-tcp":["2181","2181","tcp","Zookeeper"],"zookeeper-2182-tls-tcp":["2182","2182","tcp","Zookeeper TLS (MSK specific)"],"zookeeper-2888-tcp":["2888","2888","tcp","Zookeeper"],"zookeeper-3888-tcp":["3888","3888","tcp","Zookeeper"],"zookeeper-jmx-tcp":["7199","7199","tcp","JMX"]},"description":"Map of known security group rules (define as 'name' = ['from port', 'to port', 'protocol', 'description'])"},"security_group_id":{"default":null,"description":"ID of existing security group whose rules we will manage"},"tags":{"default":{},"description":"A mapping of tags to assign to security group"},"use_name_prefix":{"default":true,"description":"Whether to use name_prefix or fixed name. Should be true to able to update security group name after initial creation"},"vpc_id":{"default":null,"description":"ID of the VPC where to create security group"}}},"version_constraint":"5.3.0"},"eks":{"source":"terraform-aws-modules/eks/aws","expressions":{"cluster_addons":{},"cluster_name":{"references":["var.project_name"]},"cluster_version":{"constant_value":"1.32"},"eks_managed_node_groups":{"references":["var.project_name","var.project_name"]},"subnet_ids":{"references":["module.vpc.private_subnets","module.vpc"]},"vpc_id":{"references":["module.vpc.vpc_id","module.vpc"]}},"module":{"outputs":{"access_entries":{"expression":{"references":["aws_eks_access_entry.this"]},"description":"Map of access entries created and their attributes"},"access_policy_associations":{"expression":{"references":["aws_eks_access_policy_association.this"]},"description":"Map of eks cluster access policy associations created and their attributes"},"cloudwatch_log_group_arn":{"expression":{"references":["aws_cloudwatch_log_group.this[0].arn","aws_cloudwatch_log_group.this[0]","aws_cloudwatch_log_group.this"]},"description":"Arn of cloudwatch log group created"},"cloudwatch_log_group_name":{"expression":{"references":["aws_cloudwatch_log_group.this[0].name","aws_cloudwatch_log_group.this[0]","aws_cloudwatch_log_group.this"]},"description":"Name of cloudwatch log group created"},"cluster_addons":{"expression":{"references":["aws_eks_addon.this","aws_eks_addon.before_compute"]},"description":"Map of attribute maps for all EKS cluster addons enabled"},"cluster_arn":{"expression":{"references":["aws_eks_cluster.this[0].arn","aws_eks_cluster.this[0]","aws_eks_cluster.this"]},"depends_on":["aws_eks_access_entry.this","aws_eks_access_policy_association.this"],"description":"The Amazon Resource Name (ARN) of the cluster"},"cluster_certificate_authority_data":{"expression":{"references":["aws_eks_cluster.this[0].certificate_authority[0].data","aws_eks_cluster.this[0].certificate_authority[0]","aws_eks_cluster.this[0].certificate_authority","aws_eks_cluster.this[0]","aws_eks_cluster.this"]},"depends_on":["aws_eks_access_entry.this","aws_eks_access_policy_association.this"],"description":"Base64 encoded certificate data required to communicate with the cluster"},"cluster_dualstack_oidc_issuer_url":{"expression":{"references":["local.dualstack_oidc_issuer_url"]},"description":"Dual-stack compatible URL on the EKS cluster for the OpenID Connect identity provider"},"cluster_endpoint":{"expression":{"references":["aws_eks_cluster.this[0].endpoint","aws_eks_cluster.this[0]","aws_eks_cluster.this"]},"depends_on":["aws_eks_access_entry.this","aws_eks_access_policy_association.this"],"description":"Endpoint for your Kubernetes API server"},"cluster_iam_role_arn":{"expression":{"references":["aws_iam_role.this[0].arn","aws_iam_role.this[0]","aws_iam_role.this"]},"description":"Cluster IAM role ARN"},"cluster_iam_role_name":{"expression":{"references":["aws_iam_role.this[0].name","aws_iam_role.this[0]","aws_iam_role.this"]},"description":"Cluster IAM role name"},"cluster_iam_role_unique_id":{"expression":{"references":["aws_iam_role.this[0].unique_id","aws_iam_role.this[0]","aws_iam_role.this"]},"description":"Stable and unique string identifying the IAM role"},"cluster_id":{"expression":{"references":["aws_eks_cluster.this[0].cluster_id","aws_eks_cluster.this[0]","aws_eks_cluster.this"]},"description":"The ID of the EKS cluster. Note: currently a value is returned only for local EKS clusters created on Outposts"},"cluster_identity_providers":{"expression":{"references":["aws_eks_identity_provider_config.this"]},"description":"Map of attribute maps for all EKS identity providers enabled"},"cluster_ip_family":{"expression":{"references":["aws_eks_cluster.this[0].kubernetes_network_config[0].ip_family","aws_eks_cluster.this[0].kubernetes_network_config[0]","aws_eks_cluster.this[0].kubernetes_network_config","aws_eks_cluster.this[0]","aws_eks_cluster.this"]},"description":"The IP family used by the cluster (e.g. `ipv4` or `ipv6`)"},"cluster_name":{"expression":{"references":["aws_eks_cluster.this[0].name","aws_eks_cluster.this[0]","aws_eks_cluster.this"]},"depends_on":["aws_eks_access_entry.this","aws_eks_access_policy_association.this"],"description":"The name of the EKS cluster"},"cluster_oidc_issuer_url":{"expression":{"references":["aws_eks_cluster.this[0].identity[0].oidc[0].issuer","aws_eks_cluster.this[0].identity[0].oidc[0]","aws_eks_cluster.this[0].identity[0].oidc","aws_eks_cluster.this[0].identity[0]","aws_eks_cluster.this[0].identity","aws_eks_cluster.this[0]","aws_eks_cluster.this"]},"description":"The URL on the EKS cluster for the OpenID Connect identity provider"},"cluster_platform_version":{"expression":{"references":["aws_eks_cluster.this[0].platform_version","aws_eks_cluster.this[0]","aws_eks_cluster.this"]},"description":"Platform version for the cluster"},"cluster_primary_security_group_id":{"expression":{"references":["aws_eks_cluster.this[0].vpc_config[0].cluster_security_group_id","aws_eks_cluster.this[0].vpc_config[0]","aws_eks_cluster.this[0].vpc_config","aws_eks_cluster.this[0]","aws_eks_cluster.this"]},"description":"Cluster security group that was created by Amazon EKS for the cluster. Managed node groups use this security group for control-plane-to-data-plane communication. Referred to as 'Cluster security group' in the EKS console"},"cluster_security_group_arn":{"expression":{"references":["aws_security_group.cluster[0].arn","aws_security_group.cluster[0]","aws_security_group.cluster"]},"description":"Amazon Resource Name (ARN) of the cluster security group"},"cluster_security_group_id":{"expression":{"references":["aws_security_group.cluster[0].id","aws_security_group.cluster[0]","aws_security_group.cluster"]},"description":"ID of the cluster security group"},"cluster_service_cidr":{"expression":{"references":["var.cluster_ip_family","aws_eks_cluster.this[0].kubernetes_network_config[0].service_ipv6_cidr","aws_eks_cluster.this[0].kubernetes_network_config[0]","aws_eks_cluster.this[0].kubernetes_network_config","aws_eks_cluster.this[0]","aws_eks_cluster.this","aws_eks_cluster.this[0].kubernetes_network_config[0].service_ipv4_cidr","aws_eks_cluster.this[0].kubernetes_network_config[0]","aws_eks_cluster.this[0].kubernetes_network_config","aws_eks_cluster.this[0]","aws_eks_cluster.this"]},"description":"The CIDR block where Kubernetes pod and service IP addresses are assigned from"},"cluster_status":{"expression":{"references":["aws_eks_cluster.this[0].status","aws_eks_cluster.this[0]","aws_eks_cluster.this"]},"description":"Status of the EKS cluster. One of `CREATING`, `ACTIVE`, `DELETING`, `FAILED`"},"cluster_tls_certificate_sha1_fingerprint":{"expression":{"references":["data.tls_certificate.this[0].certificates[0].sha1_fingerprint","data.tls_certificate.this[0].certificates[0]","data.tls_certificate.this[0].certificates","data.tls_certificate.this[0]","data.tls_certificate.this"]},"description":"The SHA1 fingerprint of the public key of the cluster's certificate"},"cluster_version":{"expression":{"references":["aws_eks_cluster.this[0].version","aws_eks_cluster.this[0]","aws_eks_cluster.this"]},"description":"The Kubernetes version for the cluster"},"eks_managed_node_groups":{"expression":{"references":["module.eks_managed_node_group"]},"description":"Map of attribute maps for all EKS managed node groups created"},"eks_managed_node_groups_autoscaling_group_names":{"expression":{"references":["module.eks_managed_node_group"]},"description":"List of the autoscaling group names created by EKS managed node groups"},"fargate_profiles":{"expression":{"references":["module.fargate_profile"]},"description":"Map of attribute maps for all EKS Fargate Profiles created"},"kms_key_arn":{"expression":{"references":["module.kms.key_arn","module.kms"]},"description":"The Amazon Resource Name (ARN) of the key"},"kms_key_id":{"expression":{"references":["module.kms.key_id","module.kms"]},"description":"The globally unique identifier for the key"},"kms_key_policy":{"expression":{"references":["module.kms.key_policy","module.kms"]},"description":"The IAM resource policy set on the key"},"node_iam_role_arn":{"expression":{"references":["aws_iam_role.eks_auto[0].arn","aws_iam_role.eks_auto[0]","aws_iam_role.eks_auto"]},"description":"EKS Auto node IAM role ARN"},"node_iam_role_name":{"expression":{"references":["aws_iam_role.eks_auto[0].name","aws_iam_role.eks_auto[0]","aws_iam_role.eks_auto"]},"description":"EKS Auto node IAM role name"},"node_iam_role_unique_id":{"expression":{"references":["aws_iam_role.eks_auto[0].unique_id","aws_iam_role.eks_auto[0]","aws_iam_role.eks_auto"]},"description":"Stable and unique string identifying the IAM role"},"node_security_group_arn":{"expression":{"references":["aws_security_group.node[0].arn","aws_security_group.node[0]","aws_security_group.node"]},"description":"Amazon Resource Name (ARN) of the node shared security group"},"node_security_group_id":{"expression":{"references":["aws_security_group.node[0].id","aws_security_group.node[0]","aws_security_group.node"]},"description":"ID of the node shared security group"},"oidc_provider":{"expression":{"references":["aws_eks_cluster.this[0].identity[0].oidc[0].issuer","aws_eks_cluster.this[0].identity[0].oidc[0]","aws_eks_cluster.this[0].identity[0].oidc","aws_eks_cluster.this[0].identity[0]","aws_eks_cluster.this[0].identity","aws_eks_cluster.this[0]","aws_eks_cluster.this"]},"description":"The OpenID Connect identity provider (issuer URL without leading `https://`)"},"oidc_provider_arn":{"expression":{"references":["aws_iam_openid_connect_provider.oidc_provider[0].arn","aws_iam_openid_connect_provider.oidc_provider[0]","aws_iam_openid_connect_provider.oidc_provider"]},"description":"The ARN of the OIDC Provider if `enable_irsa = true`"},"self_managed_node_groups":{"expression":{"references":["module.self_managed_node_group"]},"description":"Map of attribute maps for all self managed node groups created"},"self_managed_node_groups_autoscaling_group_names":{"expression":{"references":["module.self_managed_node_group"]},"description":"List of the autoscaling group names created by self-managed node groups"}},"resources":[{"address":"aws_cloudwatch_log_group.this","mode":"managed","type":"aws_cloudwatch_log_group","name":"this","provider_config_key":"aws","expressions":{"kms_key_id":{"references":["var.cloudwatch_log_group_kms_key_id"]},"log_group_class":{"references":["var.cloudwatch_log_group_class"]},"name":{"references":["var.cluster_name"]},"retention_in_days":{"references":["var.cloudwatch_log_group_retention_in_days"]},"tags":{"references":["var.tags","var.cloudwatch_log_group_tags","var.cluster_name"]}},"schema_version":0,"count_expression":{"references":["local.create","var.create_cloudwatch_log_group"]}},{"address":"aws_ec2_tag.cluster_primary_security_group","mode":"managed","type":"aws_ec2_tag","name":"cluster_primary_security_group","provider_config_key":"aws","expressions":{"key":{"references":["each.key"]},"resource_id":{"references":["aws_eks_cluster.this[0].vpc_config[0].cluster_security_group_id","aws_eks_cluster.this[0].vpc_config[0]","aws_eks_cluster.this[0].vpc_config","aws_eks_cluster.this[0]","aws_eks_cluster.this"]},"value":{"references":["each.value"]}},"schema_version":0,"for_each_expression":{"references":["var.tags","var.cluster_tags","local.create","var.create_cluster_primary_security_group_tags"]}},{"address":"aws_eks_access_entry.this","mode":"managed","type":"aws_eks_access_entry","name":"this","provider_config_key":"aws","expressions":{"cluster_name":{"references":["aws_eks_cluster.this[0].id","aws_eks_cluster.this[0]","aws_eks_cluster.this"]},"kubernetes_groups":{"references":["each.value.kubernetes_groups","each.value"]},"principal_arn":{"references":["each.value.principal_arn","each.value"]},"tags":{"references":["var.tags","each.value.tags","each.value"]},"type":{"references":["each.value.type","each.value"]},"user_name":{"references":["each.value.user_name","each.value"]}},"schema_version":0,"for_each_expression":{"references":["local.merged_access_entries","local.create"]}},{"address":"aws_eks_access_policy_association.this","mode":"managed","type":"aws_eks_access_policy_association","name":"this","provider_config_key":"aws","expressions":{"access_scope":[{"namespaces":{"references":["each.value.association_access_scope_namespaces","each.value"]},"type":{"references":["each.value.association_access_scope_type","each.value"]}}],"cluster_name":{"references":["aws_eks_cluster.this[0].id","aws_eks_cluster.this[0]","aws_eks_cluster.this"]},"policy_arn":{"references":["each.value.association_policy_arn","each.value"]},"principal_arn":{"references":["each.value.principal_arn","each.value"]}},"schema_version":0,"for_each_expression":{"references":["local.flattened_access_entries","local.create"]},"depends_on":["aws_eks_access_entry.this"]},{"address":"aws_eks_addon.before_compute","mode":"managed","type":"aws_eks_addon","name":"before_compute","provider_config_key":"aws","expressions":{"addon_name":{"references":["each.value.name","each.value","each.key"]},"addon_version":{"references":["each.value.addon_version","each.value","data.aws_eks_addon_version.this","each.key"]},"cluster_name":{"references":["aws_eks_cluster.this[0].id","aws_eks_cluster.this[0]","aws_eks_cluster.this"]},"configuration_values":{"references":["each.value.configuration_values","each.value"]},"preserve":{"references":["each.value.preserve","each.value"]},"resolve_conflicts_on_create":{"references":["each.value.resolve_conflicts_on_create","each.value","local.resolve_conflicts_on_create_default"]},"resolve_conflicts_on_update":{"references":["each.value.resolve_conflicts_on_update","each.value"]},"service_account_role_arn":{"references":["each.value.service_account_role_arn","each.value"]},"tags":{"references":["var.tags","each.value.tags","each.value"]},"timeouts":{"create":{"references":["each.value.timeouts.create","each.value.timeouts","each.value","var.cluster_addons_timeouts.create","var.cluster_addons_timeouts"]},"delete":{"references":["each.value.timeouts.delete","each.value.timeouts","each.value","var.cluster_addons_timeouts.delete","var.cluster_addons_timeouts"]},"update":{"references":["each.value.timeouts.update","each.value.timeouts","each.value","var.cluster_addons_timeouts.update","var.cluster_addons_timeouts"]}}},"schema_version":0,"for_each_expression":{"references":["var.cluster_addons","local.create","local.create_outposts_local_cluster"]}},{"address":"aws_eks_addon.this","mode":"managed","type":"aws_eks_addon","name":"this","provider_config_key":"aws","expressions":{"addon_name":{"references":["each.value.name","each.value","each.key"]},"addon_version":{"references":["each.value.addon_version","each.value","data.aws_eks_addon_version.this","each.key"]},"cluster_name":{"references":["aws_eks_cluster.this[0].id","aws_eks_cluster.this[0]","aws_eks_cluster.this"]},"configuration_values":{"references":["each.value.configuration_values","each.value"]},"preserve":{"references":["each.value.preserve","each.value"]},"resolve_conflicts_on_create":{"references":["each.value.resolve_conflicts_on_create","each.value","local.resolve_conflicts_on_create_default"]},"resolve_conflicts_on_update":{"references":["each.value.resolve_conflicts_on_update","each.value"]},"service_account_role_arn":{"references":["each.value.service_account_role_arn","each.value"]},"tags":{"references":["var.tags","each.value.tags","each.value"]},"timeouts":{"create":{"references":["each.value.timeouts.create","each.value.timeouts","each.value","var.cluster_addons_timeouts.create","var.cluster_addons_timeouts"]},"delete":{"references":["each.value.timeouts.delete","each.value.timeouts","each.value","var.cluster_addons_timeouts.delete","var.cluster_addons_timeouts"]},"update":{"references":["each.value.timeouts.update","each.value.timeouts","each.value","var.cluster_addons_timeouts.update","var.cluster_addons_timeouts"]}}},"schema_version":0,"for_each_expression":{"references":["var.cluster_addons","local.create","local.create_outposts_local_cluster"]},"depends_on":["module.fargate_profile","module.eks_managed_node_group","module.self_managed_node_group"]},{"address":"aws_eks_cluster.this","mode":"managed","type":"aws_eks_cluster","name":"this","provider_config_key":"aws","expressions":{"access_config":[{"authentication_mode":{"references":["var.authentication_mode"]},"bootstrap_cluster_creator_admin_permissions":{"constant_value":false}}],"bootstrap_self_managed_addons":{"references":["local.auto_mode_enabled","var.bootstrap_self_managed_addons","var.bootstrap_self_managed_addons"]},"enabled_cluster_log_types":{"references":["var.cluster_enabled_log_types"]},"name":{"references":["var.cluster_name"]},"role_arn":{"references":["local.cluster_role"]},"tags":{"references":["var.tags","var.cluster_tags"]},"timeouts":{"create":{"references":["var.cluster_timeouts.create","var.cluster_timeouts"]},"delete":{"references":["var.cluster_timeouts.delete","var.cluster_timeouts"]},"update":{"references":["var.cluster_timeouts.update","var.cluster_timeouts"]}},"version":{"references":["var.cluster_version"]},"vpc_config":[{"endpoint_private_access":{"references":["var.cluster_endpoint_private_access"]},"endpoint_public_access":{"references":["var.cluster_endpoint_public_access"]},"public_access_cidrs":{"references":["var.cluster_endpoint_public_access_cidrs"]},"security_group_ids":{"references":["var.cluster_additional_security_group_ids","local.cluster_security_group_id"]},"subnet_ids":{"references":["var.control_plane_subnet_ids","var.subnet_ids"]}}]},"schema_version":1,"count_expression":{"references":["local.create"]},"depends_on":["aws_iam_role_policy_attachment.this","aws_security_group_rule.cluster","aws_security_group_rule.node","aws_cloudwatch_log_group.this","aws_iam_policy.cni_ipv6_policy"]},{"address":"aws_eks_identity_provider_config.this","mode":"managed","type":"aws_eks_identity_provider_config","name":"this","provider_config_key":"aws","expressions":{"cluster_name":{"references":["aws_eks_cluster.this[0].id","aws_eks_cluster.this[0]","aws_eks_cluster.this"]},"oidc":[{"client_id":{"references":["each.value.client_id","each.value"]},"groups_claim":{"references":["each.value"]},"groups_prefix":{"references":["each.value"]},"identity_provider_config_name":{"references":["each.value.identity_provider_config_name","each.value","each.key"]},"issuer_url":{"references":["each.value.issuer_url","each.value","local.idpc_issuer_url"]},"required_claims":{"references":["each.value"]},"username_claim":{"references":["each.value"]},"username_prefix":{"references":["each.value"]}}],"tags":{"references":["var.tags","each.value.tags","each.value"]}},"schema_version":0,"for_each_expression":{"references":["var.cluster_identity_providers","local.create","local.create_outposts_local_cluster"]}},{"address":"aws_iam_openid_connect_provider.oidc_provider","mode":"managed","type":"aws_iam_openid_connect_provider","name":"oidc_provider","provider_config_key":"aws","expressions":{"client_id_list":{"references":["var.openid_connect_audiences"]},"tags":{"references":["var.cluster_name","var.tags"]},"thumbprint_list":{"references":["local.oidc_root_ca_thumbprint","var.custom_oidc_thumbprints"]},"url":{"references":["aws_eks_cluster.this[0].identity[0].oidc[0].issuer","aws_eks_cluster.this[0].identity[0].oidc[0]","aws_eks_cluster.this[0].identity[0].oidc","aws_eks_cluster.this[0].identity[0]","aws_eks_cluster.this[0].identity","aws_eks_cluster.this[0]","aws_eks_cluster.this"]}},"schema_version":0,"count_expression":{"references":["local.create_oidc_provider"]}},{"address":"aws_iam_policy.cluster_encryption","mode":"managed","type":"aws_iam_policy","name":"cluster_encryption","provider_config_key":"aws","expressions":{"description":{"references":["var.cluster_encryption_policy_description"]},"name":{"references":["var.cluster_encryption_policy_use_name_prefix","local.cluster_encryption_policy_name"]},"name_prefix":{"references":["var.cluster_encryption_policy_use_name_prefix","local.cluster_encryption_policy_name"]},"path":{"references":["var.cluster_encryption_policy_path"]},"policy":{"references":["var.create_kms_key","module.kms.key_arn","module.kms","var.cluster_encryption_config.provider_key_arn","var.cluster_encryption_config"]},"tags":{"references":["var.tags","var.cluster_encryption_policy_tags"]}},"schema_version":0,"count_expression":{"references":["local.create_iam_role","var.attach_cluster_encryption_policy","local.enable_cluster_encryption_config"]}},{"address":"aws_iam_policy.cni_ipv6_policy","mode":"managed","type":"aws_iam_policy","name":"cni_ipv6_policy","provider_config_key":"aws","expressions":{"description":{"constant_value":"IAM policy for EKS CNI to assign IPV6 addresses"},"name":{"constant_value":"AmazonEKS_CNI_IPv6_Policy"},"policy":{"references":["data.aws_iam_policy_document.cni_ipv6_policy[0].json","data.aws_iam_policy_document.cni_ipv6_policy[0]","data.aws_iam_policy_document.cni_ipv6_policy"]},"tags":{"references":["var.tags"]}},"schema_version":0,"count_expression":{"references":["var.create","var.create_cni_ipv6_iam_policy"]}},{"address":"aws_iam_policy.custom","mode":"managed","type":"aws_iam_policy","name":"custom","provider_config_key":"aws","expressions":{"description":{"references":["var.iam_role_description"]},"name":{"references":["var.iam_role_use_name_prefix","local.iam_role_name"]},"name_prefix":{"references":["var.iam_role_use_name_prefix","local.iam_role_name"]},"path":{"references":["var.iam_role_path"]},"policy":{"references":["data.aws_iam_policy_document.custom[0].json","data.aws_iam_policy_document.custom[0]","data.aws_iam_policy_document.custom"]},"tags":{"references":["var.tags","var.iam_role_tags"]}},"schema_version":0,"count_expression":{"references":["local.create_iam_role","var.enable_auto_mode_custom_tags"]}},{"address":"aws_iam_role.eks_auto","mode":"managed","type":"aws_iam_role","name":"eks_auto","provider_config_key":"aws","expressions":{"assume_role_policy":{"references":["data.aws_iam_policy_document.node_assume_role_policy[0].json","data.aws_iam_policy_document.node_assume_role_policy[0]","data.aws_iam_policy_document.node_assume_role_policy"]},"description":{"references":["var.node_iam_role_description"]},"force_detach_policies":{"constant_value":true},"name":{"references":["var.node_iam_role_use_name_prefix","local.node_iam_role_name"]},"name_prefix":{"references":["var.node_iam_role_use_name_prefix","local.node_iam_role_name"]},"path":{"references":["var.node_iam_role_path"]},"permissions_boundary":{"references":["var.node_iam_role_permissions_boundary"]},"tags":{"references":["var.tags","var.node_iam_role_tags"]}},"schema_version":0,"count_expression":{"references":["local.create_node_iam_role"]}},{"address":"aws_iam_role.this","mode":"managed","type":"aws_iam_role","name":"this","provider_config_key":"aws","expressions":{"assume_role_policy":{"references":["data.aws_iam_policy_document.assume_role_policy[0].json","data.aws_iam_policy_document.assume_role_policy[0]","data.aws_iam_policy_document.assume_role_policy"]},"description":{"references":["var.iam_role_description"]},"force_detach_policies":{"constant_value":true},"name":{"references":["var.iam_role_use_name_prefix","local.iam_role_name"]},"name_prefix":{"references":["var.iam_role_use_name_prefix","local.iam_role_name","var.prefix_separator"]},"path":{"references":["var.iam_role_path"]},"permissions_boundary":{"references":["var.iam_role_permissions_boundary"]},"tags":{"references":["var.tags","var.iam_role_tags"]}},"schema_version":0,"count_expression":{"references":["local.create_iam_role"]}},{"address":"aws_iam_role_policy_attachment.additional","mode":"managed","type":"aws_iam_role_policy_attachment","name":"additional","provider_config_key":"aws","expressions":{"policy_arn":{"references":["each.value"]},"role":{"references":["aws_iam_role.this[0].name","aws_iam_role.this[0]","aws_iam_role.this"]}},"schema_version":0,"for_each_expression":{"references":["var.iam_role_additional_policies","local.create_iam_role"]}},{"address":"aws_iam_role_policy_attachment.cluster_encryption","mode":"managed","type":"aws_iam_role_policy_attachment","name":"cluster_encryption","provider_config_key":"aws","expressions":{"policy_arn":{"references":["aws_iam_policy.cluster_encryption[0].arn","aws_iam_policy.cluster_encryption[0]","aws_iam_policy.cluster_encryption"]},"role":{"references":["aws_iam_role.this[0].name","aws_iam_role.this[0]","aws_iam_role.this"]}},"schema_version":0,"count_expression":{"references":["local.create_iam_role","var.attach_cluster_encryption_policy","local.enable_cluster_encryption_config"]}},{"address":"aws_iam_role_policy_attachment.custom","mode":"managed","type":"aws_iam_role_policy_attachment","name":"custom","provider_config_key":"aws","expressions":{"policy_arn":{"references":["aws_iam_policy.custom[0].arn","aws_iam_policy.custom[0]","aws_iam_policy.custom"]},"role":{"references":["aws_iam_role.this[0].name","aws_iam_role.this[0]","aws_iam_role.this"]}},"schema_version":0,"count_expression":{"references":["local.create_iam_role","var.enable_auto_mode_custom_tags"]}},{"address":"aws_iam_role_policy_attachment.eks_auto","mode":"managed","type":"aws_iam_role_policy_attachment","name":"eks_auto","provider_config_key":"aws","expressions":{"policy_arn":{"references":["each.value"]},"role":{"references":["aws_iam_role.eks_auto[0].name","aws_iam_role.eks_auto[0]","aws_iam_role.eks_auto"]}},"schema_version":0,"for_each_expression":{"references":["local.iam_role_policy_prefix","local.iam_role_policy_prefix","local.create_node_iam_role"]}},{"address":"aws_iam_role_policy_attachment.eks_auto_additional","mode":"managed","type":"aws_iam_role_policy_attachment","name":"eks_auto_additional","provider_config_key":"aws","expressions":{"policy_arn":{"references":["each.value"]},"role":{"references":["aws_iam_role.eks_auto[0].name","aws_iam_role.eks_auto[0]","aws_iam_role.eks_auto"]}},"schema_version":0,"for_each_expression":{"references":["var.node_iam_role_additional_policies","local.create_node_iam_role"]}},{"address":"aws_iam_role_policy_attachment.this","mode":"managed","type":"aws_iam_role_policy_attachment","name":"this","provider_config_key":"aws","expressions":{"policy_arn":{"references":["each.value"]},"role":{"references":["aws_iam_role.this[0].name","aws_iam_role.this[0]","aws_iam_role.this"]}},"schema_version":0,"for_each_expression":{"references":["local.eks_standard_iam_role_policies","local.eks_auto_mode_iam_role_policies","local.eks_outpost_iam_role_policies","local.eks_sgpp_iam_role_policies","local.create_iam_role"]}},{"address":"aws_security_group.cluster","mode":"managed","type":"aws_security_group","name":"cluster","provider_config_key":"aws","expressions":{"description":{"references":["var.cluster_security_group_description"]},"name":{"references":["var.cluster_security_group_use_name_prefix","local.cluster_sg_name"]},"name_prefix":{"references":["var.cluster_security_group_use_name_prefix","local.cluster_sg_name","var.prefix_separator"]},"tags":{"references":["var.tags","local.cluster_sg_name","var.cluster_security_group_tags"]},"vpc_id":{"references":["var.vpc_id"]}},"schema_version":1,"count_expression":{"references":["local.create_cluster_sg"]}},{"address":"aws_security_group.node","mode":"managed","type":"aws_security_group","name":"node","provider_config_key":"aws","expressions":{"description":{"references":["var.node_security_group_description"]},"name":{"references":["var.node_security_group_use_name_prefix","local.node_sg_name"]},"name_prefix":{"references":["var.node_security_group_use_name_prefix","local.node_sg_name","var.prefix_separator"]},"tags":{"references":["var.tags","local.node_sg_name","var.cluster_name","var.node_security_group_tags"]},"vpc_id":{"references":["var.vpc_id"]}},"schema_version":1,"count_expression":{"references":["local.create_node_sg"]}},{"address":"aws_security_group_rule.cluster","mode":"managed","type":"aws_security_group_rule","name":"cluster","provider_config_key":"aws","expressions":{"cidr_blocks":{"references":["each.value"]},"description":{"references":["each.value"]},"from_port":{"references":["each.value.from_port","each.value"]},"ipv6_cidr_blocks":{"references":["each.value"]},"prefix_list_ids":{"references":["each.value"]},"protocol":{"references":["each.value.protocol","each.value"]},"security_group_id":{"references":["aws_security_group.cluster[0].id","aws_security_group.cluster[0]","aws_security_group.cluster"]},"self":{"references":["each.value"]},"source_security_group_id":{"references":["each.value.source_node_security_group","each.value","local.node_security_group_id","each.value"]},"to_port":{"references":["each.value.to_port","each.value"]},"type":{"references":["each.value.type","each.value"]}},"schema_version":2,"for_each_expression":{"references":["local.cluster_security_group_rules","var.cluster_security_group_additional_rules","local.create_cluster_sg"]}},{"address":"aws_security_group_rule.node","mode":"managed","type":"aws_security_group_rule","name":"node","provider_config_key":"aws","expressions":{"cidr_blocks":{"references":["each.value"]},"description":{"references":["each.value"]},"from_port":{"references":["each.value.from_port","each.value"]},"ipv6_cidr_blocks":{"references":["each.value"]},"prefix_list_ids":{"references":["each.value"]},"protocol":{"references":["each.value.protocol","each.value"]},"security_group_id":{"references":["aws_security_group.node[0].id","aws_security_group.node[0]","aws_security_group.node"]},"self":{"references":["each.value"]},"source_security_group_id":{"references":["each.value.source_cluster_security_group","each.value","local.cluster_security_group_id","each.value"]},"to_port":{"references":["each.value.to_port","each.value"]},"type":{"references":["each.value.type","each.value"]}},"schema_version":2,"for_each_expression":{"references":["local.efa_security_group_rules","local.node_security_group_rules","local.node_security_group_recommended_rules","var.node_security_group_additional_rules","local.create_node_sg"]}},{"address":"time_sleep.this","mode":"managed","type":"time_sleep","name":"this","provider_config_key":"module.eks:time","expressions":{"create_duration":{"references":["var.dataplane_wait_duration"]},"triggers":{"references":["aws_eks_cluster.this[0].id","aws_eks_cluster.this[0]","aws_eks_cluster.this","aws_eks_cluster.this[0].endpoint","aws_eks_cluster.this[0]","aws_eks_cluster.this","aws_eks_cluster.this[0].version","aws_eks_cluster.this[0]","aws_eks_cluster.this","var.cluster_ip_family","local.kubernetes_network_config.service_ipv6_cidr","local.kubernetes_network_config","local.kubernetes_network_config.service_ipv4_cidr","local.kubernetes_network_config","aws_eks_cluster.this[0].certificate_authority[0].data","aws_eks_cluster.this[0].certificate_authority[0]","aws_eks_cluster.this[0].certificate_authority","aws_eks_cluster.this[0]","aws_eks_cluster.this"]}},"schema_version":0,"count_expression":{"references":["var.create"]}},{"address":"data.aws_caller_identity.current","mode":"data","type":"aws_caller_identity","name":"current","provider_config_key":"aws","schema_version":0,"count_expression":{"references":["local.create"]}},{"address":"data.aws_eks_addon_version.this","mode":"data","type":"aws_eks_addon_version","name":"this","provider_config_key":"aws","expressions":{"addon_name":{"references":["each.value.name","each.value","each.key"]},"kubernetes_version":{"references":["var.cluster_version","aws_eks_cluster.this[0].version","aws_eks_cluster.this[0]","aws_eks_cluster.this"]},"most_recent":{"references":["each.value.most_recent","each.value"]}},"schema_version":0,"for_each_expression":{"references":["var.cluster_addons","local.create","local.create_outposts_local_cluster"]}},{"address":"data.aws_iam_policy_document.assume_role_policy","mode":"data","type":"aws_iam_policy_document","name":"assume_role_policy","provider_config_key":"aws","expressions":{"statement":[{"actions":{"constant_value":["sts:AssumeRole","sts:TagSession"]},"principals":[{"identifiers":{"constant_value":["eks.amazonaws.com"]},"type":{"constant_value":"Service"}}],"sid":{"constant_value":"EKSClusterAssumeRole"}}]},"schema_version":0,"count_expression":{"references":["local.create","var.create_iam_role"]}},{"address":"data.aws_iam_policy_document.cni_ipv6_policy","mode":"data","type":"aws_iam_policy_document","name":"cni_ipv6_policy","provider_config_key":"aws","expressions":{"statement":[{"actions":{"constant_value":["ec2:AssignIpv6Addresses","ec2:DescribeInstances","ec2:DescribeTags","ec2:DescribeNetworkInterfaces","ec2:DescribeInstanceTypes"]},"resources":{"constant_value":["*"]},"sid":{"constant_value":"AssignDescribe"}},{"actions":{"constant_value":["ec2:CreateTags"]},"resources":{"references":["local.partition"]},"sid":{"constant_value":"CreateTags"}}]},"schema_version":0,"count_expression":{"references":["var.create","var.create_cni_ipv6_iam_policy"]}},{"address":"data.aws_iam_policy_document.custom","mode":"data","type":"aws_iam_policy_document","name":"custom","provider_config_key":"aws","schema_version":0,"count_expression":{"references":["local.create_iam_role","var.enable_auto_mode_custom_tags"]}},{"address":"data.aws_iam_policy_document.node_assume_role_policy","mode":"data","type":"aws_iam_policy_document","name":"node_assume_role_policy","provider_config_key":"aws","expressions":{"statement":[{"actions":{"constant_value":["sts:AssumeRole","sts:TagSession"]},"principals":[{"identifiers":{"constant_value":["ec2.amazonaws.com"]},"type":{"constant_value":"Service"}}],"sid":{"constant_value":"EKSAutoNodeAssumeRole"}}]},"schema_version":0,"count_expression":{"references":["local.create_node_iam_role"]}},{"address":"data.aws_iam_session_context.current","mode":"data","type":"aws_iam_session_context","name":"current","provider_config_key":"aws","expressions":{"arn":{"references":["data.aws_caller_identity.current[0].arn","data.aws_caller_identity.current[0]","data.aws_caller_identity.current"]}},"schema_version":0,"count_expression":{"references":["local.create"]}},{"address":"data.aws_partition.current","mode":"data","type":"aws_partition","name":"current","provider_config_key":"aws","schema_version":0,"count_expression":{"references":["local.create"]}},{"address":"data.tls_certificate.this","mode":"data","type":"tls_certificate","name":"this","provider_config_key":"module.eks:tls","expressions":{"url":{"references":["aws_eks_cluster.this[0].identity[0].oidc[0].issuer","aws_eks_cluster.this[0].identity[0].oidc[0]","aws_eks_cluster.this[0].identity[0].oidc","aws_eks_cluster.this[0].identity[0]","aws_eks_cluster.this[0].identity","aws_eks_cluster.this[0]","aws_eks_cluster.this"]}},"schema_version":0,"count_expression":{"references":["local.create_oidc_provider","var.include_oidc_root_ca_thumbprint"]}}],"module_calls":{"eks_managed_node_group":{"source":"./modules/eks-managed-node-group","expressions":{"ami_id":{"references":["each.value.ami_id","each.value","var.eks_managed_node_group_defaults.ami_id","var.eks_managed_node_group_defaults"]},"ami_release_version":{"references":["each.value.ami_release_version","each.value","var.eks_managed_node_group_defaults.ami_release_version","var.eks_managed_node_group_defaults"]},"ami_type":{"references":["each.value.ami_type","each.value","var.eks_managed_node_group_defaults.ami_type","var.eks_managed_node_group_defaults"]},"block_device_mappings":{"references":["each.value.block_device_mappings","each.value","var.eks_managed_node_group_defaults.block_device_mappings","var.eks_managed_node_group_defaults"]},"bootstrap_extra_args":{"references":["each.value.bootstrap_extra_args","each.value","var.eks_managed_node_group_defaults.bootstrap_extra_args","var.eks_managed_node_group_defaults"]},"capacity_reservation_specification":{"references":["each.value.capacity_reservation_specification","each.value","var.eks_managed_node_group_defaults.capacity_reservation_specification","var.eks_managed_node_group_defaults"]},"capacity_type":{"references":["each.value.capacity_type","each.value","var.eks_managed_node_group_defaults.capacity_type","var.eks_managed_node_group_defaults"]},"cloudinit_post_nodeadm":{"references":["each.value.cloudinit_post_nodeadm","each.value","var.eks_managed_node_group_defaults.cloudinit_post_nodeadm","var.eks_managed_node_group_defaults"]},"cloudinit_pre_nodeadm":{"references":["each.value.cloudinit_pre_nodeadm","each.value","var.eks_managed_node_group_defaults.cloudinit_pre_nodeadm","var.eks_managed_node_group_defaults"]},"cluster_auth_base64":{"references":["time_sleep.this[0].triggers[\"cluster_certificate_authority_data\"]","time_sleep.this[0].triggers","time_sleep.this[0]","time_sleep.this"]},"cluster_endpoint":{"references":["time_sleep.this[0].triggers[\"cluster_endpoint\"]","time_sleep.this[0].triggers","time_sleep.this[0]","time_sleep.this"]},"cluster_ip_family":{"references":["var.cluster_ip_family"]},"cluster_name":{"references":["time_sleep.this[0].triggers[\"cluster_name\"]","time_sleep.this[0].triggers","time_sleep.this[0]","time_sleep.this"]},"cluster_primary_security_group_id":{"references":["each.value.attach_cluster_primary_security_group","each.value","var.eks_managed_node_group_defaults.attach_cluster_primary_security_group","var.eks_managed_node_group_defaults","aws_eks_cluster.this[0].vpc_config[0].cluster_security_group_id","aws_eks_cluster.this[0].vpc_config[0]","aws_eks_cluster.this[0].vpc_config","aws_eks_cluster.this[0]","aws_eks_cluster.this"]},"cluster_service_cidr":{"references":["time_sleep.this[0].triggers[\"cluster_service_cidr\"]","time_sleep.this[0].triggers","time_sleep.this[0]","time_sleep.this"]},"cluster_service_ipv4_cidr":{"references":["var.cluster_service_ipv4_cidr"]},"cluster_version":{"references":["each.value.cluster_version","each.value","var.eks_managed_node_group_defaults.cluster_version","var.eks_managed_node_group_defaults","time_sleep.this[0].triggers[\"cluster_version\"]","time_sleep.this[0].triggers","time_sleep.this[0]","time_sleep.this"]},"cpu_options":{"references":["each.value.cpu_options","each.value","var.eks_managed_node_group_defaults.cpu_options","var.eks_managed_node_group_defaults"]},"create":{"references":["each.value.create","each.value"]},"create_iam_role":{"references":["each.value.create_iam_role","each.value","var.eks_managed_node_group_defaults.create_iam_role","var.eks_managed_node_group_defaults"]},"create_iam_role_policy":{"references":["each.value.create_iam_role_policy","each.value","var.eks_managed_node_group_defaults.create_iam_role_policy","var.eks_managed_node_group_defaults"]},"create_launch_template":{"references":["each.value.create_launch_template","each.value","var.eks_managed_node_group_defaults.create_launch_template","var.eks_managed_node_group_defaults"]},"create_placement_group":{"references":["each.value.create_placement_group","each.value","var.eks_managed_node_group_defaults.create_placement_group","var.eks_managed_node_group_defaults"]},"create_schedule":{"references":["each.value.create_schedule","each.value","var.eks_managed_node_group_defaults.create_schedule","var.eks_managed_node_group_defaults"]},"credit_specification":{"references":["each.value.credit_specification","each.value","var.eks_managed_node_group_defaults.credit_specification","var.eks_managed_node_group_defaults"]},"desired_size":{"references":["each.value.desired_size","each.value","var.eks_managed_node_group_defaults.desired_size","var.eks_managed_node_group_defaults"]},"disable_api_termination":{"references":["each.value.disable_api_termination","each.value","var.eks_managed_node_group_defaults.disable_api_termination","var.eks_managed_node_group_defaults"]},"disk_size":{"references":["each.value.disk_size","each.value","var.eks_managed_node_group_defaults.disk_size","var.eks_managed_node_group_defaults"]},"ebs_optimized":{"references":["each.value.ebs_optimized","each.value","var.eks_managed_node_group_defaults.ebs_optimized","var.eks_managed_node_group_defaults"]},"efa_indices":{"references":["each.value.efa_indices","each.value","var.eks_managed_node_group_defaults.efa_indices","var.eks_managed_node_group_defaults"]},"elastic_gpu_specifications":{"references":["each.value.elastic_gpu_specifications","each.value","var.eks_managed_node_group_defaults.elastic_gpu_specifications","var.eks_managed_node_group_defaults"]},"elastic_inference_accelerator":{"references":["each.value.elastic_inference_accelerator","each.value","var.eks_managed_node_group_defaults.elastic_inference_accelerator","var.eks_managed_node_group_defaults"]},"enable_bootstrap_user_data":{"references":["each.value.enable_bootstrap_user_data","each.value","var.eks_managed_node_group_defaults.enable_bootstrap_user_data","var.eks_managed_node_group_defaults"]},"enable_efa_only":{"references":["each.value.enable_efa_only","each.value","var.eks_managed_node_group_defaults.enable_efa_only","var.eks_managed_node_group_defaults"]},"enable_efa_support":{"references":["each.value.enable_efa_support","each.value","var.eks_managed_node_group_defaults.enable_efa_support","var.eks_managed_node_group_defaults"]},"enable_monitoring":{"references":["each.value.enable_monitoring","each.value","var.eks_managed_node_group_defaults.enable_monitoring","var.eks_managed_node_group_defaults"]},"enclave_options":{"references":["each.value.enclave_options","each.value","var.eks_managed_node_group_defaults.enclave_options","var.eks_managed_node_group_defaults"]},"force_update_version":{"references":["each.value.force_update_version","each.value","var.eks_managed_node_group_defaults.force_update_version","var.eks_managed_node_group_defaults"]},"iam_role_additional_policies":{"references":["each.value","var.eks_managed_node_group_defaults"]},"iam_role_arn":{"references":["each.value.iam_role_arn","each.value","var.eks_managed_node_group_defaults.iam_role_arn","var.eks_managed_node_group_defaults"]},"iam_role_attach_cni_policy":{"references":["each.value.iam_role_attach_cni_policy","each.value","var.eks_managed_node_group_defaults.iam_role_attach_cni_policy","var.eks_managed_node_group_defaults"]},"iam_role_description":{"references":["each.value.iam_role_description","each.value","var.eks_managed_node_group_defaults.iam_role_description","var.eks_managed_node_group_defaults"]},"iam_role_name":{"references":["each.value.iam_role_name","each.value","var.eks_managed_node_group_defaults.iam_role_name","var.eks_managed_node_group_defaults"]},"iam_role_path":{"references":["each.value.iam_role_path","each.value","var.eks_managed_node_group_defaults.iam_role_path","var.eks_managed_node_group_defaults"]},"iam_role_permissions_boundary":{"references":["each.value.iam_role_permissions_boundary","each.value","var.eks_managed_node_group_defaults.iam_role_permissions_boundary","var.eks_managed_node_group_defaults"]},"iam_role_policy_statements":{"references":["each.value.iam_role_policy_statements","each.value","var.eks_managed_node_group_defaults.iam_role_policy_statements","var.eks_managed_node_group_defaults"]},"iam_role_tags":{"references":["each.value.iam_role_tags","each.value","var.eks_managed_node_group_defaults.iam_role_tags","var.eks_managed_node_group_defaults"]},"iam_role_use_name_prefix":{"references":["each.value.iam_role_use_name_prefix","each.value","var.eks_managed_node_group_defaults.iam_role_use_name_prefix","var.eks_managed_node_group_defaults"]},"instance_market_options":{"references":["each.value.instance_market_options","each.value","var.eks_managed_node_group_defaults.instance_market_options","var.eks_managed_node_group_defaults"]},"instance_types":{"references":["each.value.instance_types","each.value","var.eks_managed_node_group_defaults.instance_types","var.eks_managed_node_group_defaults"]},"kernel_id":{"references":["each.value.kernel_id","each.value","var.eks_managed_node_group_defaults.kernel_id","var.eks_managed_node_group_defaults"]},"key_name":{"references":["each.value.key_name","each.value","var.eks_managed_node_group_defaults.key_name","var.eks_managed_node_group_defaults"]},"labels":{"references":["each.value.labels","each.value","var.eks_managed_node_group_defaults.labels","var.eks_managed_node_group_defaults"]},"launch_template_default_version":{"references":["each.value.launch_template_default_version","each.value","var.eks_managed_node_group_defaults.launch_template_default_version","var.eks_managed_node_group_defaults"]},"launch_template_description":{"references":["each.value.launch_template_description","each.value","var.eks_managed_node_group_defaults.launch_template_description","var.eks_managed_node_group_defaults","each.value.name","each.value","each.key"]},"launch_template_id":{"references":["each.value.launch_template_id","each.value","var.eks_managed_node_group_defaults.launch_template_id","var.eks_managed_node_group_defaults"]},"launch_template_name":{"references":["each.value.launch_template_name","each.value","var.eks_managed_node_group_defaults.launch_template_name","var.eks_managed_node_group_defaults","each.key"]},"launch_template_tags":{"references":["each.value.launch_template_tags","each.value","var.eks_managed_node_group_defaults.launch_template_tags","var.eks_managed_node_group_defaults"]},"launch_template_use_name_prefix":{"references":["each.value.launch_template_use_name_prefix","each.value","var.eks_managed_node_group_defaults.launch_template_use_name_prefix","var.eks_managed_node_group_defaults"]},"launch_template_version":{"references":["each.value.launch_template_version","each.value","var.eks_managed_node_group_defaults.launch_template_version","var.eks_managed_node_group_defaults"]},"license_specifications":{"references":["each.value.license_specifications","each.value","var.eks_managed_node_group_defaults.license_specifications","var.eks_managed_node_group_defaults"]},"maintenance_options":{"references":["each.value.maintenance_options","each.value","var.eks_managed_node_group_defaults.maintenance_options","var.eks_managed_node_group_defaults"]},"max_size":{"references":["each.value.max_size","each.value","var.eks_managed_node_group_defaults.max_size","var.eks_managed_node_group_defaults"]},"metadata_options":{"references":["each.value.metadata_options","each.value","var.eks_managed_node_group_defaults.metadata_options","var.eks_managed_node_group_defaults","local.metadata_options"]},"min_size":{"references":["each.value.min_size","each.value","var.eks_managed_node_group_defaults.min_size","var.eks_managed_node_group_defaults"]},"name":{"references":["each.value.name","each.value","each.key"]},"network_interfaces":{"references":["each.value.network_interfaces","each.value","var.eks_managed_node_group_defaults.network_interfaces","var.eks_managed_node_group_defaults"]},"node_repair_config":{"references":["each.value.node_repair_config","each.value","var.eks_managed_node_group_defaults.node_repair_config","var.eks_managed_node_group_defaults"]},"placement":{"references":["each.value.placement","each.value","var.eks_managed_node_group_defaults.placement","var.eks_managed_node_group_defaults"]},"placement_group_az":{"references":["each.value.placement_group_az","each.value","var.eks_managed_node_group_defaults.placement_group_az","var.eks_managed_node_group_defaults"]},"placement_group_strategy":{"references":["each.value.placement_group_strategy","each.value","var.eks_managed_node_group_defaults.placement_group_strategy","var.eks_managed_node_group_defaults"]},"platform":{"references":["each.value.platform","each.value","var.eks_managed_node_group_defaults.platform","var.eks_managed_node_group_defaults"]},"post_bootstrap_user_data":{"references":["each.value.post_bootstrap_user_data","each.value","var.eks_managed_node_group_defaults.post_bootstrap_user_data","var.eks_managed_node_group_defaults"]},"pre_bootstrap_user_data":{"references":["each.value.pre_bootstrap_user_data","each.value","var.eks_managed_node_group_defaults.pre_bootstrap_user_data","var.eks_managed_node_group_defaults"]},"private_dns_name_options":{"references":["each.value.private_dns_name_options","each.value","var.eks_managed_node_group_defaults.private_dns_name_options","var.eks_managed_node_group_defaults"]},"ram_disk_id":{"references":["each.value.ram_disk_id","each.value","var.eks_managed_node_group_defaults.ram_disk_id","var.eks_managed_node_group_defaults"]},"remote_access":{"references":["each.value.remote_access","each.value","var.eks_managed_node_group_defaults.remote_access","var.eks_managed_node_group_defaults"]},"schedules":{"references":["each.value.schedules","each.value","var.eks_managed_node_group_defaults.schedules","var.eks_managed_node_group_defaults"]},"subnet_ids":{"references":["each.value.subnet_ids","each.value","var.eks_managed_node_group_defaults.subnet_ids","var.eks_managed_node_group_defaults","var.subnet_ids"]},"tag_specifications":{"references":["each.value.tag_specifications","each.value","var.eks_managed_node_group_defaults.tag_specifications","var.eks_managed_node_group_defaults"]},"tags":{"references":["var.tags","each.value.tags","each.value","var.eks_managed_node_group_defaults.tags","var.eks_managed_node_group_defaults"]},"taints":{"references":["each.value.taints","each.value","var.eks_managed_node_group_defaults.taints","var.eks_managed_node_group_defaults"]},"timeouts":{"references":["each.value.timeouts","each.value","var.eks_managed_node_group_defaults.timeouts","var.eks_managed_node_group_defaults"]},"update_config":{"references":["each.value.update_config","each.value","var.eks_managed_node_group_defaults.update_config","var.eks_managed_node_group_defaults","local.default_update_config"]},"update_launch_template_default_version":{"references":["each.value.update_launch_template_default_version","each.value","var.eks_managed_node_group_defaults.update_launch_template_default_version","var.eks_managed_node_group_defaults"]},"use_custom_launch_template":{"references":["each.value.use_custom_launch_template","each.value","var.eks_managed_node_group_defaults.use_custom_launch_template","var.eks_managed_node_group_defaults"]},"use_latest_ami_release_version":{"references":["each.value.use_latest_ami_release_version","each.value","var.eks_managed_node_group_defaults.use_latest_ami_release_version","var.eks_managed_node_group_defaults"]},"use_name_prefix":{"references":["each.value.use_name_prefix","each.value","var.eks_managed_node_group_defaults.use_name_prefix","var.eks_managed_node_group_defaults"]},"user_data_template_path":{"references":["each.value.user_data_template_path","each.value","var.eks_managed_node_group_defaults.user_data_template_path","var.eks_managed_node_group_defaults"]},"vpc_security_group_ids":{"references":["local.node_security_group_id","each.value.vpc_security_group_ids","each.value","var.eks_managed_node_group_defaults.vpc_security_group_ids","var.eks_managed_node_group_defaults"]}},"for_each_expression":{"references":["var.eks_managed_node_groups","var.create","local.create_outposts_local_cluster"]},"module":{"outputs":{"autoscaling_group_schedule_arns":{"expression":{"references":["aws_autoscaling_schedule.this"]},"description":"ARNs of autoscaling group schedules"},"iam_role_arn":{"expression":{"references":["aws_iam_role.this[0].arn","aws_iam_role.this[0]","aws_iam_role.this","var.iam_role_arn"]},"description":"The Amazon Resource Name (ARN) specifying the IAM role"},"iam_role_name":{"expression":{"references":["aws_iam_role.this[0].name","aws_iam_role.this[0]","aws_iam_role.this"]},"description":"The name of the IAM role"},"iam_role_unique_id":{"expression":{"references":["aws_iam_role.this[0].unique_id","aws_iam_role.this[0]","aws_iam_role.this"]},"description":"Stable and unique string identifying the IAM role"},"launch_template_arn":{"expression":{"references":["aws_launch_template.this[0].arn","aws_launch_template.this[0]","aws_launch_template.this"]},"description":"The ARN of the launch template"},"launch_template_id":{"expression":{"references":["aws_launch_template.this[0].id","aws_launch_template.this[0]","aws_launch_template.this"]},"description":"The ID of the launch template"},"launch_template_latest_version":{"expression":{"references":["aws_launch_template.this[0].latest_version","aws_launch_template.this[0]","aws_launch_template.this"]},"description":"The latest version of the launch template"},"launch_template_name":{"expression":{"references":["aws_launch_template.this[0].name","aws_launch_template.this[0]","aws_launch_template.this"]},"description":"The name of the launch template"},"node_group_arn":{"expression":{"references":["aws_eks_node_group.this[0].arn","aws_eks_node_group.this[0]","aws_eks_node_group.this"]},"description":"Amazon Resource Name (ARN) of the EKS Node Group"},"node_group_autoscaling_group_names":{"expression":{"references":["aws_eks_node_group.this[0].resources","aws_eks_node_group.this[0]","aws_eks_node_group.this"]},"description":"List of the autoscaling group names"},"node_group_id":{"expression":{"references":["aws_eks_node_group.this[0].id","aws_eks_node_group.this[0]","aws_eks_node_group.this"]},"description":"EKS Cluster name and EKS Node Group name separated by a colon (`:`)"},"node_group_labels":{"expression":{"references":["aws_eks_node_group.this[0].labels","aws_eks_node_group.this[0]","aws_eks_node_group.this"]},"description":"Map of labels applied to the node group"},"node_group_resources":{"expression":{"references":["aws_eks_node_group.this[0].resources","aws_eks_node_group.this[0]","aws_eks_node_group.this"]},"description":"List of objects containing information about underlying resources"},"node_group_status":{"expression":{"references":["aws_eks_node_group.this[0].status","aws_eks_node_group.this[0]","aws_eks_node_group.this"]},"description":"Status of the EKS Node Group"},"node_group_taints":{"expression":{"references":["aws_eks_node_group.this[0].taint","aws_eks_node_group.this[0]","aws_eks_node_group.this"]},"description":"List of objects containing information about taints applied to the node group"},"platform":{"expression":{"references":["module.user_data.platform","module.user_data"]},"description":"[DEPRECATED - Will be removed in `v21.0`] Identifies the OS platform as `bottlerocket`, `linux` (AL2), `al2023`, or `windows`"}},"resources":[{"address":"aws_autoscaling_schedule.this","mode":"managed","type":"aws_autoscaling_schedule","name":"this","provider_config_key":"aws","expressions":{"autoscaling_group_name":{"references":["aws_eks_node_group.this[0].resources[0].autoscaling_groups[0].name","aws_eks_node_group.this[0].resources[0].autoscaling_groups[0]","aws_eks_node_group.this[0].resources[0].autoscaling_groups","aws_eks_node_group.this[0].resources[0]","aws_eks_node_group.this[0].resources","aws_eks_node_group.this[0]","aws_eks_node_group.this"]},"desired_capacity":{"references":["each.value.desired_size","each.value"]},"end_time":{"references":["each.value.end_time","each.value"]},"max_size":{"references":["each.value.max_size","each.value"]},"min_size":{"references":["each.value.min_size","each.value"]},"recurrence":{"references":["each.value.recurrence","each.value"]},"scheduled_action_name":{"references":["each.key"]},"start_time":{"references":["each.value.start_time","each.value"]},"time_zone":{"references":["each.value.time_zone","each.value"]}},"schema_version":0,"for_each_expression":{"references":["var.schedules","var.create","var.create_schedule"]}},{"address":"aws_eks_node_group.this","mode":"managed","type":"aws_eks_node_group","name":"this","provider_config_key":"aws","expressions":{"ami_type":{"references":["var.ami_id","var.ami_type"]},"capacity_type":{"references":["var.capacity_type"]},"cluster_name":{"references":["var.cluster_name"]},"disk_size":{"references":["var.use_custom_launch_template","var.disk_size"]},"force_update_version":{"references":["var.force_update_version"]},"instance_types":{"references":["var.capacity_type","var.instance_types"]},"labels":{"references":["var.labels"]},"node_group_name":{"references":["var.use_name_prefix","var.name"]},"node_group_name_prefix":{"references":["var.use_name_prefix","var.name"]},"node_role_arn":{"references":["var.create_iam_role","aws_iam_role.this[0].arn","aws_iam_role.this[0]","aws_iam_role.this","var.iam_role_arn"]},"release_version":{"references":["var.ami_id","var.use_latest_ami_release_version","local.latest_ami_release_version","var.ami_release_version"]},"scaling_config":[{"desired_size":{"references":["var.desired_size"]},"max_size":{"references":["var.max_size"]},"min_size":{"references":["var.min_size"]}}],"subnet_ids":{"references":["local.create_placement_group","data.aws_subnets.placement_group[0].ids","data.aws_subnets.placement_group[0]","data.aws_subnets.placement_group","var.subnet_ids"]},"tags":{"references":["var.tags","var.name"]},"timeouts":{"create":{"references":["var.timeouts"]},"delete":{"references":["var.timeouts"]},"update":{"references":["var.timeouts"]}},"version":{"references":["var.ami_id","var.cluster_version"]}},"schema_version":0,"count_expression":{"references":["var.create"]}},{"address":"aws_iam_role.this","mode":"managed","type":"aws_iam_role","name":"this","provider_config_key":"aws","expressions":{"assume_role_policy":{"references":["data.aws_iam_policy_document.assume_role_policy[0].json","data.aws_iam_policy_document.assume_role_policy[0]","data.aws_iam_policy_document.assume_role_policy"]},"description":{"references":["var.iam_role_description"]},"force_detach_policies":{"constant_value":true},"name":{"references":["var.iam_role_use_name_prefix","local.iam_role_name"]},"name_prefix":{"references":["var.iam_role_use_name_prefix","local.iam_role_name"]},"path":{"references":["var.iam_role_path"]},"permissions_boundary":{"references":["var.iam_role_permissions_boundary"]},"tags":{"references":["var.tags","var.iam_role_tags"]}},"schema_version":0,"count_expression":{"references":["local.create_iam_role"]}},{"address":"aws_iam_role_policy.this","mode":"managed","type":"aws_iam_role_policy","name":"this","provider_config_key":"aws","expressions":{"name":{"references":["var.iam_role_use_name_prefix","local.iam_role_name"]},"name_prefix":{"references":["var.iam_role_use_name_prefix","local.iam_role_name"]},"policy":{"references":["data.aws_iam_policy_document.role[0].json","data.aws_iam_policy_document.role[0]","data.aws_iam_policy_document.role"]},"role":{"references":["aws_iam_role.this[0].id","aws_iam_role.this[0]","aws_iam_role.this"]}},"schema_version":0,"count_expression":{"references":["local.create_iam_role_policy"]}},{"address":"aws_iam_role_policy_attachment.additional","mode":"managed","type":"aws_iam_role_policy_attachment","name":"additional","provider_config_key":"aws","expressions":{"policy_arn":{"references":["each.value"]},"role":{"references":["aws_iam_role.this[0].name","aws_iam_role.this[0]","aws_iam_role.this"]}},"schema_version":0,"for_each_expression":{"references":["var.iam_role_additional_policies","local.create_iam_role"]}},{"address":"aws_iam_role_policy_attachment.this","mode":"managed","type":"aws_iam_role_policy_attachment","name":"this","provider_config_key":"aws","expressions":{"policy_arn":{"references":["each.value"]},"role":{"references":["aws_iam_role.this[0].name","aws_iam_role.this[0]","aws_iam_role.this"]}},"schema_version":0,"for_each_expression":{"references":["local.iam_role_policy_prefix","local.iam_role_policy_prefix","local.ipv4_cni_policy","local.ipv6_cni_policy","local.create_iam_role"]}},{"address":"aws_launch_template.this","mode":"managed","type":"aws_launch_template","name":"this","provider_config_key":"aws","expressions":{"default_version":{"references":["var.launch_template_default_version"]},"description":{"references":["var.launch_template_description"]},"disable_api_termination":{"references":["var.disable_api_termination"]},"ebs_optimized":{"references":["var.ebs_optimized"]},"image_id":{"references":["var.ami_id"]},"instance_type":{"references":["var.capacity_type","var.instance_types"]},"kernel_id":{"references":["var.kernel_id"]},"key_name":{"references":["var.key_name"]},"name":{"references":["var.launch_template_use_name_prefix","local.launch_template_name"]},"name_prefix":{"references":["var.launch_template_use_name_prefix","local.launch_template_name"]},"ram_disk_id":{"references":["var.ram_disk_id"]},"tags":{"references":["var.tags","var.launch_template_tags"]},"update_default_version":{"references":["var.update_launch_template_default_version"]},"user_data":{"references":["module.user_data.user_data","module.user_data"]},"vpc_security_group_ids":{"references":["local.network_interfaces","local.security_group_ids"]}},"schema_version":0,"count_expression":{"references":["var.create","var.create_launch_template","var.use_custom_launch_template"]},"depends_on":["aws_iam_role_policy_attachment.this","aws_iam_role_policy_attachment.additional"]},{"address":"aws_placement_group.this","mode":"managed","type":"aws_placement_group","name":"this","provider_config_key":"aws","expressions":{"name":{"references":["var.cluster_name","var.name"]},"strategy":{"references":["var.placement_group_strategy"]},"tags":{"references":["var.tags"]}},"schema_version":0,"count_expression":{"references":["local.create_placement_group"]}},{"address":"data.aws_caller_identity.current","mode":"data","type":"aws_caller_identity","name":"current","provider_config_key":"aws","schema_version":0},{"address":"data.aws_ec2_instance_type.this","mode":"data","type":"aws_ec2_instance_type","name":"this","provider_config_key":"aws","expressions":{"instance_type":{"references":["local.efa_instance_type"]}},"schema_version":0,"count_expression":{"references":["var.create","var.enable_efa_support"]}},{"address":"data.aws_ec2_instance_type_offerings.this","mode":"data","type":"aws_ec2_instance_type_offerings","name":"this","provider_config_key":"aws","expressions":{"filter":[{"name":{"constant_value":"instance-type"},"values":{"references":["local.efa_instance_type"]}}],"location_type":{"constant_value":"availability-zone-id"}},"schema_version":0,"count_expression":{"references":["local.enable_efa_support"]}},{"address":"data.aws_iam_policy_document.assume_role_policy","mode":"data","type":"aws_iam_policy_document","name":"assume_role_policy","provider_config_key":"aws","expressions":{"statement":[{"actions":{"constant_value":["sts:AssumeRole"]},"principals":[{"identifiers":{"constant_value":["ec2.amazonaws.com"]},"type":{"constant_value":"Service"}}],"sid":{"constant_value":"EKSNodeAssumeRole"}}]},"schema_version":0,"count_expression":{"references":["local.create_iam_role"]}},{"address":"data.aws_iam_policy_document.role","mode":"data","type":"aws_iam_policy_document","name":"role","provider_config_key":"aws","schema_version":0,"count_expression":{"references":["local.create_iam_role_policy"]}},{"address":"data.aws_partition.current","mode":"data","type":"aws_partition","name":"current","provider_config_key":"aws","schema_version":0},{"address":"data.aws_ssm_parameter.ami","mode":"data","type":"aws_ssm_parameter","name":"ami","provider_config_key":"aws","expressions":{"name":{"references":["local.ssm_ami_type_to_ssm_param","var.ami_type"]}},"schema_version":0,"count_expression":{"references":["var.create","var.use_latest_ami_release_version"]}},{"address":"data.aws_subnets.placement_group","mode":"data","type":"aws_subnets","name":"placement_group","provider_config_key":"aws","expressions":{"filter":[{"name":{"constant_value":"subnet-id"},"values":{"references":["var.subnet_ids"]}}]},"schema_version":0,"count_expression":{"references":["local.create_placement_group"]}}],"module_calls":{"user_data":{"source":"../_user_data","expressions":{"ami_type":{"references":["var.ami_type"]},"bootstrap_extra_args":{"references":["var.bootstrap_extra_args"]},"cloudinit_post_nodeadm":{"references":["var.cloudinit_post_nodeadm"]},"cloudinit_pre_nodeadm":{"references":["var.cloudinit_pre_nodeadm"]},"cluster_auth_base64":{"references":["var.cluster_auth_base64"]},"cluster_endpoint":{"references":["var.cluster_endpoint"]},"cluster_ip_family":{"references":["var.cluster_ip_family"]},"cluster_name":{"references":["var.cluster_name"]},"cluster_service_cidr":{"references":["var.cluster_service_cidr","var.cluster_service_ipv4_cidr"]},"create":{"references":["var.create"]},"enable_bootstrap_user_data":{"references":["var.enable_bootstrap_user_data"]},"platform":{"references":["var.platform"]},"post_bootstrap_user_data":{"references":["var.post_bootstrap_user_data"]},"pre_bootstrap_user_data":{"references":["var.pre_bootstrap_user_data"]},"user_data_template_path":{"references":["var.user_data_template_path"]}},"module":{"outputs":{"platform":{"expression":{"references":["local.user_data_type"]},"description":"[DEPRECATED - Will be removed in `v21.0`] Identifies the OS platform as `bottlerocket`, `linux` (AL2), `al2023, or `windows`"},"user_data":{"expression":{"references":["local.user_data_type_to_rendered","local.user_data_type"]},"description":"Base64 encoded user data rendered for the provided inputs"}},"resources":[{"address":"null_resource.validate_cluster_service_cidr","mode":"managed","type":"null_resource","name":"validate_cluster_service_cidr","provider_config_key":"module.eks.module.eks_managed_node_group.module.user_data:null","schema_version":0},{"address":"data.cloudinit_config.al2023_eks_managed_node_group","mode":"data","type":"cloudinit_config","name":"al2023_eks_managed_node_group","provider_config_key":"module.eks.module.eks_managed_node_group.module.user_data:cloudinit","expressions":{"base64_encode":{"constant_value":true},"boundary":{"constant_value":"MIMEBOUNDARY"},"gzip":{"constant_value":false}},"schema_version":0,"count_expression":{"references":["var.create","local.user_data_type","local.nodeadm_cloudinit"]}},{"address":"data.cloudinit_config.linux_eks_managed_node_group","mode":"data","type":"cloudinit_config","name":"linux_eks_managed_node_group","provider_config_key":"module.eks.module.eks_managed_node_group.module.user_data:cloudinit","expressions":{"base64_encode":{"constant_value":true},"boundary":{"constant_value":"//"},"gzip":{"constant_value":false},"part":[{"content":{"references":["var.pre_bootstrap_user_data"]},"content_type":{"constant_value":"text/x-shellscript"}}]},"schema_version":0,"count_expression":{"references":["var.create","local.user_data_type","var.is_eks_managed_node_group","var.enable_bootstrap_user_data","var.pre_bootstrap_user_data","var.user_data_template_path"]}}],"variables":{"additional_cluster_dns_ips":{"default":[],"description":"Additional DNS IP addresses to use for the cluster. Only used when `ami_type` = `BOTTLEROCKET_*`"},"ami_type":{"default":null,"description":"Type of Amazon Machine Image (AMI) associated with the EKS Node Group. See the [AWS documentation](https://docs.aws.amazon.com/eks/latest/APIReference/API_Nodegroup.html#AmazonEKS-Type-Nodegroup-amiType) for valid values"},"bootstrap_extra_args":{"default":"","description":"Additional arguments passed to the bootstrap script. When `ami_type` = `BOTTLEROCKET_*`; these are additional [settings](https://github.com/bottlerocket-os/bottlerocket#settings) that are provided to the Bottlerocket user data"},"cloudinit_post_nodeadm":{"default":[],"description":"Array of cloud-init document parts that are created after the nodeadm document part"},"cloudinit_pre_nodeadm":{"default":[],"description":"Array of cloud-init document parts that are created before the nodeadm document part"},"cluster_auth_base64":{"default":"","description":"Base64 encoded CA of associated EKS cluster"},"cluster_endpoint":{"default":"","description":"Endpoint of associated EKS cluster"},"cluster_ip_family":{"default":"ipv4","description":"The IP family used to assign Kubernetes pod and service addresses. Valid values are `ipv4` (default) and `ipv6`"},"cluster_name":{"default":"","description":"Name of the EKS cluster"},"cluster_service_cidr":{"default":"","description":"The CIDR block (IPv4 or IPv6) used by the cluster to assign Kubernetes service IP addresses. This is derived from the cluster itself"},"cluster_service_ipv4_cidr":{"default":null,"description":"[Deprecated] The CIDR block to assign Kubernetes service IP addresses from. If you don't specify a block, Kubernetes assigns addresses from either the 10.100.0.0/16 or 172.20.0.0/16 CIDR blocks"},"create":{"default":true,"description":"Determines whether to create user-data or not"},"enable_bootstrap_user_data":{"default":false,"description":"Determines whether the bootstrap configurations are populated within the user data template"},"is_eks_managed_node_group":{"default":true,"description":"Determines whether the user data is used on nodes in an EKS managed node group. Used to determine if user data will be appended or not"},"platform":{"default":"linux","description":"[DEPRECATED - use `ami_type` instead. Will be removed in `v21.0`] Identifies the OS platform as `bottlerocket`, `linux` (AL2), `al2023`, or `windows`"},"post_bootstrap_user_data":{"default":"","description":"User data that is appended to the user data script after of the EKS bootstrap script. Not used when `ami_type` = `BOTTLEROCKET_*`"},"pre_bootstrap_user_data":{"default":"","description":"User data that is injected into the user data script ahead of the EKS bootstrap script. Not used when `ami_type` = `BOTTLEROCKET_*`"},"user_data_template_path":{"default":"","description":"Path to a local, custom user data template file to use when rendering user data"}}}}},"variables":{"ami_id":{"default":"","description":"The AMI from which to launch the instance. If not supplied, EKS will use its own default image"},"ami_release_version":{"default":null,"description":"The AMI version. Defaults to latest AMI release version for the given Kubernetes version and AMI type"},"ami_type":{"default":null,"description":"Type of Amazon Machine Image (AMI) associated with the EKS Node Group. See the [AWS documentation](https://docs.aws.amazon.com/eks/latest/APIReference/API_Nodegroup.html#AmazonEKS-Type-Nodegroup-amiType) for valid values"},"block_device_mappings":{"default":{},"description":"Specify volumes to attach to the instance besides the volumes specified by the AMI"},"bootstrap_extra_args":{"default":"","description":"Additional arguments passed to the bootstrap script. When `ami_type` = `BOTTLEROCKET_*`; these are additional [settings](https://github.com/bottlerocket-os/bottlerocket#settings) that are provided to the Bottlerocket user data"},"capacity_reservation_specification":{"default":{},"description":"Targeting for EC2 capacity reservations"},"capacity_type":{"default":"ON_DEMAND","description":"Type of capacity associated with the EKS Node Group. Valid values: `ON_DEMAND`, `SPOT`"},"cloudinit_post_nodeadm":{"default":[],"description":"Array of cloud-init document parts that are created after the nodeadm document part"},"cloudinit_pre_nodeadm":{"default":[],"description":"Array of cloud-init document parts that are created before the nodeadm document part"},"cluster_auth_base64":{"default":"","description":"Base64 encoded CA of associated EKS cluster"},"cluster_endpoint":{"default":"","description":"Endpoint of associated EKS cluster"},"cluster_ip_family":{"default":"ipv4","description":"The IP family used to assign Kubernetes pod and service addresses. Valid values are `ipv4` (default) and `ipv6`"},"cluster_name":{"default":null,"description":"Name of associated EKS cluster"},"cluster_primary_security_group_id":{"default":null,"description":"The ID of the EKS cluster primary security group to associate with the instance(s). This is the security group that is automatically created by the EKS service"},"cluster_service_cidr":{"default":"","description":"The CIDR block (IPv4 or IPv6) used by the cluster to assign Kubernetes service IP addresses. This is derived from the cluster itself"},"cluster_service_ipv4_cidr":{"default":null,"description":"[Deprecated] The CIDR block to assign Kubernetes service IP addresses from. If you don't specify a block, Kubernetes assigns addresses from either the 10.100.0.0/16 or 172.20.0.0/16 CIDR blocks"},"cluster_version":{"default":null,"description":"Kubernetes version. Defaults to EKS Cluster Kubernetes version"},"cpu_options":{"default":{},"description":"The CPU options for the instance"},"create":{"default":true,"description":"Determines whether to create EKS managed node group or not"},"create_iam_role":{"default":true,"description":"Determines whether an IAM role is created or to use an existing IAM role"},"create_iam_role_policy":{"default":true,"description":"Determines whether an IAM role policy is created or not"},"create_launch_template":{"default":true,"description":"Determines whether to create a launch template or not. If set to `false`, EKS will use its own default launch template"},"create_placement_group":{"default":false,"description":"Determines whether a placement group is created \u0026 used by the node group"},"create_schedule":{"default":true,"description":"Determines whether to create autoscaling group schedule or not"},"credit_specification":{"default":{},"description":"Customize the credit specification of the instance"},"desired_size":{"default":1,"description":"Desired number of instances/nodes"},"disable_api_termination":{"default":null,"description":"If true, enables EC2 instance termination protection"},"disk_size":{"default":null,"description":"Disk size in GiB for nodes. Defaults to `20`. Only valid when `use_custom_launch_template` = `false`"},"ebs_optimized":{"default":null,"description":"If true, the launched EC2 instance(s) will be EBS-optimized"},"efa_indices":{"default":[0],"description":"The indices of the network interfaces that should be EFA-enabled. Only valid when `enable_efa_support` = `true`"},"elastic_gpu_specifications":{"default":{},"description":"The elastic GPU to attach to the instance"},"elastic_inference_accelerator":{"default":{},"description":"Configuration block containing an Elastic Inference Accelerator to attach to the instance"},"enable_bootstrap_user_data":{"default":false,"description":"Determines whether the bootstrap configurations are populated within the user data template. Only valid when using a custom AMI via `ami_id`"},"enable_efa_only":{"default":false,"description":"Determines whether to enable EFA (`false`, default) or EFA and EFA-only (`true`) network interfaces. Note: requires vpc-cni version `v1.18.4` or later"},"enable_efa_support":{"default":false,"description":"Determines whether to enable Elastic Fabric Adapter (EFA) support"},"enable_monitoring":{"default":true,"description":"Enables/disables detailed monitoring"},"enclave_options":{"default":{},"description":"Enable Nitro Enclaves on launched instances"},"force_update_version":{"default":null,"description":"Force version update if existing pods are unable to be drained due to a pod disruption budget issue"},"iam_role_additional_policies":{"default":{},"description":"Additional policies to be added to the IAM role"},"iam_role_arn":{"default":null,"description":"Existing IAM role ARN for the node group. Required if `create_iam_role` is set to `false`"},"iam_role_attach_cni_policy":{"default":true,"description":"Whether to attach the `AmazonEKS_CNI_Policy`/`AmazonEKS_CNI_IPv6_Policy` IAM policy to the IAM IAM role. WARNING: If set `false` the permissions must be assigned to the `aws-node` DaemonSet pods via another method or nodes will not be able to join the cluster"},"iam_role_description":{"default":null,"description":"Description of the role"},"iam_role_name":{"default":null,"description":"Name to use on IAM role created"},"iam_role_path":{"default":null,"description":"IAM role path"},"iam_role_permissions_boundary":{"default":null,"description":"ARN of the policy that is used to set the permissions boundary for the IAM role"},"iam_role_policy_statements":{"default":[],"description":"A list of IAM policy [statements](https://registry.terraform.io/providers/hashicorp/aws/latest/docs/data-sources/iam_policy_document#statement) - used for adding specific IAM permissions as needed"},"iam_role_tags":{"default":{},"description":"A map of additional tags to add to the IAM role created"},"iam_role_use_name_prefix":{"default":true,"description":"Determines whether the IAM role name (`iam_role_name`) is used as a prefix"},"instance_market_options":{"default":{},"description":"The market (purchasing) option for the instance"},"instance_types":{"default":null,"description":"Set of instance types associated with the EKS Node Group. Defaults to `[\"t3.medium\"]`"},"kernel_id":{"default":null,"description":"The kernel ID"},"key_name":{"default":null,"description":"The key name that should be used for the instance(s)"},"labels":{"default":null,"description":"Key-value map of Kubernetes labels. Only labels that are applied with the EKS API are managed by this argument. Other Kubernetes labels applied to the EKS Node Group will not be managed"},"launch_template_default_version":{"default":null,"description":"Default version of the launch template"},"launch_template_description":{"default":null,"description":"Description of the launch template"},"launch_template_id":{"default":"","description":"The ID of an existing launch template to use. Required when `create_launch_template` = `false` and `use_custom_launch_template` = `true`"},"launch_template_name":{"default":null,"description":"Name of launch template to be created"},"launch_template_tags":{"default":{},"description":"A map of additional tags to add to the tag_specifications of launch template created"},"launch_template_use_name_prefix":{"default":true,"description":"Determines whether to use `launch_template_name` as is or create a unique name beginning with the `launch_template_name` as the prefix"},"launch_template_version":{"default":null,"description":"Launch template version number. The default is `$Default`"},"license_specifications":{"default":{},"description":"A map of license specifications to associate with"},"maintenance_options":{"default":{},"description":"The maintenance options for the instance"},"max_size":{"default":3,"description":"Maximum number of instances/nodes"},"metadata_options":{"default":{"http_endpoint":"enabled","http_put_response_hop_limit":"2","http_tokens":"required"},"description":"Customize the metadata options for the instance"},"min_size":{"default":0,"description":"Minimum number of instances/nodes"},"name":{"default":"","description":"Name of the EKS managed node group"},"network_interfaces":{"default":[],"description":"Customize network interfaces to be attached at instance boot time"},"node_repair_config":{"default":null,"description":"The node auto repair configuration for the node group"},"placement":{"default":{},"description":"The placement of the instance"},"placement_group_az":{"default":null,"description":"Availability zone where placement group is created (ex. `eu-west-1c`)"},"placement_group_strategy":{"default":"cluster","description":"The placement group strategy"},"platform":{"default":"linux","description":"[DEPRECATED - use `ami_type` instead. Will be removed in `v21.0`] Identifies the OS platform as `bottlerocket`, `linux` (AL2), `al2023`, or `windows`"},"post_bootstrap_user_data":{"default":"","description":"User data that is appended to the user data script after of the EKS bootstrap script. Not used when `ami_type` = `BOTTLEROCKET_*`"},"pre_bootstrap_user_data":{"default":"","description":"User data that is injected into the user data script ahead of the EKS bootstrap script. Not used when `ami_type` = `BOTTLEROCKET_*`"},"private_dns_name_options":{"default":{},"description":"The options for the instance hostname. The default values are inherited from the subnet"},"ram_disk_id":{"default":null,"description":"The ID of the ram disk"},"remote_access":{"default":{},"description":"Configuration block with remote access settings. Only valid when `use_custom_launch_template` = `false`"},"schedules":{"default":{},"description":"Map of autoscaling group schedule to create"},"subnet_ids":{"default":null,"description":"Identifiers of EC2 Subnets to associate with the EKS Node Group. These subnets must have the following resource tag: `kubernetes.io/cluster/CLUSTER_NAME`"},"tag_specifications":{"default":["instance","volume","network-interface"],"description":"The tags to apply to the resources during launch"},"tags":{"default":{},"description":"A map of tags to add to all resources"},"taints":{"default":{},"description":"The Kubernetes taints to be applied to the nodes in the node group. Maximum of 50 taints per node group"},"timeouts":{"default":{},"description":"Create, update, and delete timeout configurations for the node group"},"update_config":{"default":{"max_unavailable_percentage":"33"},"description":"Configuration block of settings for max unavailable resources during node group updates"},"update_launch_template_default_version":{"default":true,"description":"Whether to update the launch templates default version on each update. Conflicts with `launch_template_default_version`"},"use_custom_launch_template":{"default":true,"description":"Determines whether to use a custom launch template or not. If set to `false`, EKS will use its own default launch template"},"use_latest_ami_release_version":{"default":false,"description":"Determines whether to use the latest AMI release version for the given `ami_type` (except for `CUSTOM`). Note: `ami_type` and `cluster_version` must be supplied in order to enable this feature"},"use_name_prefix":{"default":true,"description":"Determines whether to use `name` as is or create a unique name beginning with the `name` as the prefix"},"user_data_template_path":{"default":"","description":"Path to a local, custom user data template file to use when rendering user data"},"vpc_security_group_ids":{"default":[],"description":"A list of security group IDs to associate"}}}},"fargate_profile":{"source":"./modules/fargate-profile","expressions":{"cluster_ip_family":{"references":["var.cluster_ip_family"]},"cluster_name":{"references":["time_sleep.this[0].triggers[\"cluster_name\"]","time_sleep.this[0].triggers","time_sleep.this[0]","time_sleep.this"]},"create":{"references":["each.value.create","each.value"]},"create_iam_role":{"references":["each.value.create_iam_role","each.value","var.fargate_profile_defaults.create_iam_role","var.fargate_profile_defaults"]},"create_iam_role_policy":{"references":["each.value.create_iam_role_policy","each.value","var.fargate_profile_defaults.create_iam_role_policy","var.fargate_profile_defaults"]},"iam_role_additional_policies":{"references":["each.value","var.fargate_profile_defaults"]},"iam_role_arn":{"references":["each.value.iam_role_arn","each.value","var.fargate_profile_defaults.iam_role_arn","var.fargate_profile_defaults"]},"iam_role_attach_cni_policy":{"references":["each.value.iam_role_attach_cni_policy","each.value","var.fargate_profile_defaults.iam_role_attach_cni_policy","var.fargate_profile_defaults"]},"iam_role_description":{"references":["each.value.iam_role_description","each.value","var.fargate_profile_defaults.iam_role_description","var.fargate_profile_defaults"]},"iam_role_name":{"references":["each.value.iam_role_name","each.value","var.fargate_profile_defaults.iam_role_name","var.fargate_profile_defaults"]},"iam_role_path":{"references":["each.value.iam_role_path","each.value","var.fargate_profile_defaults.iam_role_path","var.fargate_profile_defaults"]},"iam_role_permissions_boundary":{"references":["each.value.iam_role_permissions_boundary","each.value","var.fargate_profile_defaults.iam_role_permissions_boundary","var.fargate_profile_defaults"]},"iam_role_policy_statements":{"references":["each.value.iam_role_policy_statements","each.value","var.fargate_profile_defaults.iam_role_policy_statements","var.fargate_profile_defaults"]},"iam_role_tags":{"references":["each.value.iam_role_tags","each.value","var.fargate_profile_defaults.iam_role_tags","var.fargate_profile_defaults"]},"iam_role_use_name_prefix":{"references":["each.value.iam_role_use_name_prefix","each.value","var.fargate_profile_defaults.iam_role_use_name_prefix","var.fargate_profile_defaults"]},"name":{"references":["each.value.name","each.value","each.key"]},"selectors":{"references":["each.value.selectors","each.value","var.fargate_profile_defaults.selectors","var.fargate_profile_defaults"]},"subnet_ids":{"references":["each.value.subnet_ids","each.value","var.fargate_profile_defaults.subnet_ids","var.fargate_profile_defaults","var.subnet_ids"]},"tags":{"references":["var.tags","each.value.tags","each.value","var.fargate_profile_defaults.tags","var.fargate_profile_defaults"]},"timeouts":{"references":["each.value.timeouts","each.value","var.fargate_profile_defaults.timeouts","var.fargate_profile_defaults"]}},"for_each_expression":{"references":["var.fargate_profiles","var.create","local.create_outposts_local_cluster"]},"module":{"outputs":{"fargate_profile_arn":{"expression":{"references":["aws_eks_fargate_profile.this[0].arn","aws_eks_fargate_profile.this[0]","aws_eks_fargate_profile.this"]},"description":"Amazon Resource Name (ARN) of the EKS Fargate Profile"},"fargate_profile_id":{"expression":{"references":["aws_eks_fargate_profile.this[0].id","aws_eks_fargate_profile.this[0]","aws_eks_fargate_profile.this"]},"description":"EKS Cluster name and EKS Fargate Profile name separated by a colon (`:`)"},"fargate_profile_pod_execution_role_arn":{"expression":{"references":["aws_eks_fargate_profile.this[0].pod_execution_role_arn","aws_eks_fargate_profile.this[0]","aws_eks_fargate_profile.this"]},"description":"Amazon Resource Name (ARN) of the EKS Fargate Profile Pod execution role ARN"},"fargate_profile_status":{"expression":{"references":["aws_eks_fargate_profile.this[0].status","aws_eks_fargate_profile.this[0]","aws_eks_fargate_profile.this"]},"description":"Status of the EKS Fargate Profile"},"iam_role_arn":{"expression":{"references":["aws_iam_role.this[0].arn","aws_iam_role.this[0]","aws_iam_role.this","var.iam_role_arn"]},"description":"The Amazon Resource Name (ARN) specifying the IAM role"},"iam_role_name":{"expression":{"references":["aws_iam_role.this[0].name","aws_iam_role.this[0]","aws_iam_role.this"]},"description":"The name of the IAM role"},"iam_role_unique_id":{"expression":{"references":["aws_iam_role.this[0].unique_id","aws_iam_role.this[0]","aws_iam_role.this"]},"description":"Stable and unique string identifying the IAM role"}},"resources":[{"address":"aws_eks_fargate_profile.this","mode":"managed","type":"aws_eks_fargate_profile","name":"this","provider_config_key":"aws","expressions":{"cluster_name":{"references":["var.cluster_name"]},"fargate_profile_name":{"references":["var.name"]},"pod_execution_role_arn":{"references":["var.create_iam_role","aws_iam_role.this[0].arn","aws_iam_role.this[0]","aws_iam_role.this","var.iam_role_arn"]},"subnet_ids":{"references":["var.subnet_ids"]},"tags":{"references":["var.tags"]}},"schema_version":0,"count_expression":{"references":["var.create"]}},{"address":"aws_iam_role.this","mode":"managed","type":"aws_iam_role","name":"this","provider_config_key":"aws","expressions":{"assume_role_policy":{"references":["data.aws_iam_policy_document.assume_role_policy[0].json","data.aws_iam_policy_document.assume_role_policy[0]","data.aws_iam_policy_document.assume_role_policy"]},"description":{"references":["var.iam_role_description"]},"force_detach_policies":{"constant_value":true},"name":{"references":["var.iam_role_use_name_prefix","local.iam_role_name"]},"name_prefix":{"references":["var.iam_role_use_name_prefix","local.iam_role_name"]},"path":{"references":["var.iam_role_path"]},"permissions_boundary":{"references":["var.iam_role_permissions_boundary"]},"tags":{"references":["var.tags","var.iam_role_tags"]}},"schema_version":0,"count_expression":{"references":["local.create_iam_role"]}},{"address":"aws_iam_role_policy.this","mode":"managed","type":"aws_iam_role_policy","name":"this","provider_config_key":"aws","expressions":{"name":{"references":["var.iam_role_use_name_prefix","local.iam_role_name"]},"name_prefix":{"references":["var.iam_role_use_name_prefix","local.iam_role_name"]},"policy":{"references":["data.aws_iam_policy_document.role[0].json","data.aws_iam_policy_document.role[0]","data.aws_iam_policy_document.role"]},"role":{"references":["aws_iam_role.this[0].id","aws_iam_role.this[0]","aws_iam_role.this"]}},"schema_version":0,"count_expression":{"references":["local.create_iam_role_policy"]}},{"address":"aws_iam_role_policy_attachment.additional","mode":"managed","type":"aws_iam_role_policy_attachment","name":"additional","provider_config_key":"aws","expressions":{"policy_arn":{"references":["each.value"]},"role":{"references":["aws_iam_role.this[0].name","aws_iam_role.this[0]","aws_iam_role.this"]}},"schema_version":0,"for_each_expression":{"references":["var.iam_role_additional_policies","local.create_iam_role"]}},{"address":"aws_iam_role_policy_attachment.this","mode":"managed","type":"aws_iam_role_policy_attachment","name":"this","provider_config_key":"aws","expressions":{"policy_arn":{"references":["each.value"]},"role":{"references":["aws_iam_role.this[0].name","aws_iam_role.this[0]","aws_iam_role.this"]}},"schema_version":0,"for_each_expression":{"references":["local.iam_role_policy_prefix","local.ipv4_cni_policy","local.ipv6_cni_policy","local.create_iam_role"]}},{"address":"data.aws_caller_identity.current","mode":"data","type":"aws_caller_identity","name":"current","provider_config_key":"aws","schema_version":0},{"address":"data.aws_iam_policy_document.assume_role_policy","mode":"data","type":"aws_iam_policy_document","name":"assume_role_policy","provider_config_key":"aws","expressions":{"statement":[{"actions":{"constant_value":["sts:AssumeRole"]},"condition":[{"test":{"constant_value":"ArnLike"},"values":{"references":["data.aws_partition.current.partition","data.aws_partition.current","data.aws_region.current.name","data.aws_region.current","data.aws_caller_identity.current.account_id","data.aws_caller_identity.current","var.cluster_name"]},"variable":{"constant_value":"aws:SourceArn"}}],"effect":{"constant_value":"Allow"},"principals":[{"identifiers":{"constant_value":["eks-fargate-pods.amazonaws.com"]},"type":{"constant_value":"Service"}}]}]},"schema_version":0,"count_expression":{"references":["local.create_iam_role"]}},{"address":"data.aws_iam_policy_document.role","mode":"data","type":"aws_iam_policy_document","name":"role","provider_config_key":"aws","schema_version":0,"count_expression":{"references":["local.create_iam_role_policy"]}},{"address":"data.aws_partition.current","mode":"data","type":"aws_partition","name":"current","provider_config_key":"aws","schema_version":0},{"address":"data.aws_region.current","mode":"data","type":"aws_region","name":"current","provider_config_key":"aws","schema_version":0}],"variables":{"cluster_ip_family":{"default":"ipv4","description":"The IP family used to assign Kubernetes pod and service addresses. Valid values are `ipv4` (default) and `ipv6`"},"cluster_name":{"default":null,"description":"Name of the EKS cluster"},"create":{"default":true,"description":"Determines whether to create Fargate profile or not"},"create_iam_role":{"default":true,"description":"Determines whether an IAM role is created or to use an existing IAM role"},"create_iam_role_policy":{"default":true,"description":"Determines whether an IAM role policy is created or not"},"iam_role_additional_policies":{"default":{},"description":"Additional policies to be added to the IAM role"},"iam_role_arn":{"default":null,"description":"Existing IAM role ARN for the Fargate profile. Required if `create_iam_role` is set to `false`"},"iam_role_attach_cni_policy":{"default":true,"description":"Whether to attach the `AmazonEKS_CNI_Policy`/`AmazonEKS_CNI_IPv6_Policy` IAM policy to the IAM IAM role. WARNING: If set `false` the permissions must be assigned to the `aws-node` DaemonSet pods via another method or nodes will not be able to join the cluster"},"iam_role_description":{"default":null,"description":"Description of the role"},"iam_role_name":{"default":"","description":"Name to use on IAM role created"},"iam_role_path":{"default":null,"description":"IAM role path"},"iam_role_permissions_boundary":{"default":null,"description":"ARN of the policy that is used to set the permissions boundary for the IAM role"},"iam_role_policy_statements":{"default":[],"description":"A list of IAM policy [statements](https://registry.terraform.io/providers/hashicorp/aws/latest/docs/data-sources/iam_policy_document#statement) - used for adding specific IAM permissions as needed"},"iam_role_tags":{"default":{},"description":"A map of additional tags to add to the IAM role created"},"iam_role_use_name_prefix":{"default":true,"description":"Determines whether the IAM role name (`iam_role_name`) is used as a prefix"},"name":{"default":"","description":"Name of the EKS Fargate Profile"},"selectors":{"default":[],"description":"Configuration block(s) for selecting Kubernetes Pods to execute with this Fargate Profile"},"subnet_ids":{"default":[],"description":"A list of subnet IDs for the EKS Fargate Profile"},"tags":{"default":{},"description":"A map of tags to add to all resources"},"timeouts":{"default":{},"description":"Create and delete timeout configurations for the Fargate Profile"}}}},"kms":{"source":"terraform-aws-modules/kms/aws","expressions":{"aliases":{"references":["var.kms_key_aliases"]},"computed_aliases":{"references":["var.cluster_name"]},"create":{"references":["local.create","var.create_kms_key","local.enable_cluster_encryption_config"]},"deletion_window_in_days":{"references":["var.kms_key_deletion_window_in_days"]},"description":{"references":["var.kms_key_description","var.cluster_name"]},"enable_default_policy":{"references":["var.kms_key_enable_default_policy"]},"enable_key_rotation":{"references":["var.enable_kms_key_rotation"]},"key_administrators":{"references":["var.kms_key_administrators","data.aws_iam_session_context.current[0].issuer_arn","data.aws_iam_session_context.current[0]","data.aws_iam_session_context.current"]},"key_owners":{"references":["var.kms_key_owners"]},"key_service_users":{"references":["var.kms_key_service_users"]},"key_usage":{"constant_value":"ENCRYPT_DECRYPT"},"key_users":{"references":["local.cluster_role","var.kms_key_users"]},"override_policy_documents":{"references":["var.kms_key_override_policy_documents"]},"source_policy_documents":{"references":["var.kms_key_source_policy_documents"]},"tags":{"references":["var.tags"]}},"module":{"outputs":{"aliases":{"expression":{"references":["aws_kms_alias.this"]},"description":"A map of aliases created and their attributes"},"external_key_expiration_model":{"expression":{"references":["aws_kms_external_key.this[0].expiration_model","aws_kms_external_key.this[0]","aws_kms_external_key.this","aws_kms_replica_external_key.this[0].expiration_model","aws_kms_replica_external_key.this[0]","aws_kms_replica_external_key.this"]},"description":"Whether the key material expires. Empty when pending key material import, otherwise `KEY_MATERIAL_EXPIRES` or `KEY_MATERIAL_DOES_NOT_EXPIRE`"},"external_key_state":{"expression":{"references":["aws_kms_external_key.this[0].key_state","aws_kms_external_key.this[0]","aws_kms_external_key.this","aws_kms_replica_external_key.this[0].key_state","aws_kms_replica_external_key.this[0]","aws_kms_replica_external_key.this"]},"description":"The state of the CMK"},"external_key_usage":{"expression":{"references":["aws_kms_external_key.this[0].key_usage","aws_kms_external_key.this[0]","aws_kms_external_key.this","aws_kms_replica_external_key.this[0].key_usage","aws_kms_replica_external_key.this[0]","aws_kms_replica_external_key.this"]},"description":"The cryptographic operations for which you can use the CMK"},"grants":{"expression":{"references":["aws_kms_grant.this"]},"description":"A map of grants created and their attributes"},"key_arn":{"expression":{"references":["aws_kms_key.this[0].arn","aws_kms_key.this[0]","aws_kms_key.this","aws_kms_external_key.this[0].arn","aws_kms_external_key.this[0]","aws_kms_external_key.this","aws_kms_replica_key.this[0].arn","aws_kms_replica_key.this[0]","aws_kms_replica_key.this","aws_kms_replica_external_key.this[0].arn","aws_kms_replica_external_key.this[0]","aws_kms_replica_external_key.this"]},"description":"The Amazon Resource Name (ARN) of the key"},"key_id":{"expression":{"references":["aws_kms_key.this[0].key_id","aws_kms_key.this[0]","aws_kms_key.this","aws_kms_external_key.this[0].id","aws_kms_external_key.this[0]","aws_kms_external_key.this","aws_kms_replica_key.this[0].key_id","aws_kms_replica_key.this[0]","aws_kms_replica_key.this","aws_kms_replica_external_key.this[0].key_id","aws_kms_replica_external_key.this[0]","aws_kms_replica_external_key.this"]},"description":"The globally unique identifier for the key"},"key_policy":{"expression":{"references":["aws_kms_key.this[0].policy","aws_kms_key.this[0]","aws_kms_key.this","aws_kms_external_key.this[0].policy","aws_kms_external_key.this[0]","aws_kms_external_key.this","aws_kms_replica_key.this[0].policy","aws_kms_replica_key.this[0]","aws_kms_replica_key.this","aws_kms_replica_external_key.this[0].policy","aws_kms_replica_external_key.this[0]","aws_kms_replica_external_key.this"]},"description":"The IAM resource policy set on the key"}},"resources":[{"address":"aws_kms_alias.this","mode":"managed","type":"aws_kms_alias","name":"this","provider_config_key":"aws","expressions":{"name":{"references":["var.aliases_use_name_prefix","each.value.name","each.value"]},"name_prefix":{"references":["var.aliases_use_name_prefix","each.value.name","each.value"]},"target_key_id":{"references":["aws_kms_key.this[0].key_id","aws_kms_key.this[0]","aws_kms_key.this","aws_kms_external_key.this[0].id","aws_kms_external_key.this[0]","aws_kms_external_key.this","aws_kms_replica_key.this[0].key_id","aws_kms_replica_key.this[0]","aws_kms_replica_key.this","aws_kms_replica_external_key.this[0].key_id","aws_kms_replica_external_key.this[0]","aws_kms_replica_external_key.this"]}},"schema_version":0,"for_each_expression":{"references":["local.aliases","var.computed_aliases","var.create"]}},{"address":"aws_kms_external_key.this","mode":"managed","type":"aws_kms_external_key","name":"this","provider_config_key":"aws","expressions":{"bypass_policy_lockout_safety_check":{"references":["var.bypass_policy_lockout_safety_check"]},"deletion_window_in_days":{"references":["var.deletion_window_in_days"]},"description":{"references":["var.description"]},"enabled":{"references":["var.is_enabled"]},"key_material_base64":{"references":["var.key_material_base64"]},"multi_region":{"references":["var.multi_region"]},"policy":{"references":["var.policy","data.aws_iam_policy_document.this[0].json","data.aws_iam_policy_document.this[0]","data.aws_iam_policy_document.this"]},"tags":{"references":["var.tags"]},"valid_to":{"references":["var.valid_to"]}},"schema_version":0,"count_expression":{"references":["var.create","var.create_external","var.create_replica","var.create_replica_external"]}},{"address":"aws_kms_grant.this","mode":"managed","type":"aws_kms_grant","name":"this","provider_config_key":"aws","expressions":{"grant_creation_tokens":{"references":["each.value.grant_creation_tokens","each.value"]},"grantee_principal":{"references":["each.value.grantee_principal","each.value"]},"key_id":{"references":["aws_kms_key.this[0].key_id","aws_kms_key.this[0]","aws_kms_key.this","aws_kms_external_key.this[0].id","aws_kms_external_key.this[0]","aws_kms_external_key.this","aws_kms_replica_key.this[0].key_id","aws_kms_replica_key.this[0]","aws_kms_replica_key.this","aws_kms_replica_external_key.this[0].key_id","aws_kms_replica_external_key.this[0]","aws_kms_replica_external_key.this"]},"name":{"references":["each.value.name","each.value","each.key"]},"operations":{"references":["each.value.operations","each.value"]},"retire_on_delete":{"references":["each.value.retire_on_delete","each.value"]},"retiring_principal":{"references":["each.value.retiring_principal","each.value"]}},"schema_version":0,"for_each_expression":{"references":["var.grants","var.create"]}},{"address":"aws_kms_key.this","mode":"managed","type":"aws_kms_key","name":"this","provider_config_key":"aws","expressions":{"bypass_policy_lockout_safety_check":{"references":["var.bypass_policy_lockout_safety_check"]},"custom_key_store_id":{"references":["var.custom_key_store_id"]},"customer_master_key_spec":{"references":["var.customer_master_key_spec"]},"deletion_window_in_days":{"references":["var.deletion_window_in_days"]},"description":{"references":["var.description"]},"enable_key_rotation":{"references":["var.enable_key_rotation"]},"is_enabled":{"references":["var.is_enabled"]},"key_usage":{"references":["var.key_usage"]},"multi_region":{"references":["var.multi_region"]},"policy":{"references":["var.policy","data.aws_iam_policy_document.this[0].json","data.aws_iam_policy_document.this[0]","data.aws_iam_policy_document.this"]},"tags":{"references":["var.tags"]}},"schema_version":0,"count_expression":{"references":["var.create","var.create_external","var.create_replica","var.create_replica_external"]}},{"address":"aws_kms_replica_external_key.this","mode":"managed","type":"aws_kms_replica_external_key","name":"this","provider_config_key":"aws","expressions":{"bypass_policy_lockout_safety_check":{"references":["var.bypass_policy_lockout_safety_check"]},"deletion_window_in_days":{"references":["var.deletion_window_in_days"]},"description":{"references":["var.description"]},"enabled":{"references":["var.is_enabled"]},"key_material_base64":{"references":["var.key_material_base64"]},"policy":{"references":["var.policy","data.aws_iam_policy_document.this[0].json","data.aws_iam_policy_document.this[0]","data.aws_iam_policy_document.this"]},"primary_key_arn":{"references":["var.primary_external_key_arn"]},"tags":{"references":["var.tags"]},"valid_to":{"references":["var.valid_to"]}},"schema_version":0,"count_expression":{"references":["var.create","var.create_replica","var.create_external","var.create_replica_external"]}},{"address":"aws_kms_replica_key.this","mode":"managed","type":"aws_kms_replica_key","name":"this","provider_config_key":"aws","expressions":{"bypass_policy_lockout_safety_check":{"references":["var.bypass_policy_lockout_safety_check"]},"deletion_window_in_days":{"references":["var.deletion_window_in_days"]},"description":{"references":["var.description"]},"enabled":{"references":["var.is_enabled"]},"policy":{"references":["var.policy","data.aws_iam_policy_document.this[0].json","data.aws_iam_policy_document.this[0]","data.aws_iam_policy_document.this"]},"primary_key_arn":{"references":["var.primary_key_arn"]},"tags":{"references":["var.tags"]}},"schema_version":0,"count_expression":{"references":["var.create","var.create_replica","var.create_external","var.create_replica_external"]}},{"address":"data.aws_caller_identity.current","mode":"data","type":"aws_caller_identity","name":"current","provider_config_key":"aws","schema_version":0,"count_expression":{"references":["var.create"]}},{"address":"data.aws_iam_policy_document.this","mode":"data","type":"aws_iam_policy_document","name":"this","provider_config_key":"aws","expressions":{"override_policy_documents":{"references":["var.override_policy_documents"]},"source_policy_documents":{"references":["var.source_policy_documents"]}},"schema_version":0,"count_expression":{"references":["var.create"]}},{"address":"data.aws_partition.current","mode":"data","type":"aws_partition","name":"current","provider_config_key":"aws","schema_version":0,"count_expression":{"references":["var.create"]}}],"variables":{"aliases":{"default":[],"description":"A list of aliases to create. Note - due to the use of `toset()`, values must be static strings and not computed values"},"aliases_use_name_prefix":{"default":false,"description":"Determines whether the alias name is used as a prefix"},"bypass_policy_lockout_safety_check":{"default":null,"description":"A flag to indicate whether to bypass the key policy lockout safety check. Setting this value to true increases the risk that the KMS key becomes unmanageable"},"computed_aliases":{"default":{},"description":"A map of aliases to create. Values provided via the `name` key of the map can be computed from upstream resources"},"create":{"default":true,"description":"Determines whether resources will be created (affects all resources)"},"create_external":{"default":false,"description":"Determines whether an external CMK (externally provided material) will be created or a standard CMK (AWS provided material)"},"create_replica":{"default":false,"description":"Determines whether a replica standard CMK will be created (AWS provided material)"},"create_replica_external":{"default":false,"description":"Determines whether a replica external CMK will be created (externally provided material)"},"custom_key_store_id":{"default":null,"description":"ID of the KMS Custom Key Store where the key will be stored instead of KMS (eg CloudHSM)."},"customer_master_key_spec":{"default":null,"description":"Specifies whether the key contains a symmetric key or an asymmetric key pair and the encryption algorithms or signing algorithms that the key supports. Valid values: `SYMMETRIC_DEFAULT`, `RSA_2048`, `RSA_3072`, `RSA_4096`, `HMAC_256`, `ECC_NIST_P256`, `ECC_NIST_P384`, `ECC_NIST_P521`, or `ECC_SECG_P256K1`. Defaults to `SYMMETRIC_DEFAULT`"},"deletion_window_in_days":{"default":null,"description":"The waiting period, specified in number of days. After the waiting period ends, AWS KMS deletes the KMS key. If you specify a value, it must be between `7` and `30`, inclusive. If you do not specify a value, it defaults to `30`"},"description":{"default":null,"description":"The description of the key as viewed in AWS console"},"enable_default_policy":{"default":true,"description":"Specifies whether to enable the default key policy. Defaults to `true`"},"enable_key_rotation":{"default":true,"description":"Specifies whether key rotation is enabled. Defaults to `true`"},"enable_route53_dnssec":{"default":false,"description":"Determines whether the KMS policy used for Route53 DNSSEC signing is enabled"},"grants":{"default":{},"description":"A map of grant definitions to create"},"is_enabled":{"default":null,"description":"Specifies whether the key is enabled. Defaults to `true`"},"key_administrators":{"default":[],"description":"A list of IAM ARNs for [key administrators](https://docs.aws.amazon.com/kms/latest/developerguide/key-policy-default.html#key-policy-default-allow-administrators)"},"key_asymmetric_public_encryption_users":{"default":[],"description":"A list of IAM ARNs for [key asymmetric public encryption users](https://docs.aws.amazon.com/kms/latest/developerguide/key-policy-default.html#key-policy-users-crypto)"},"key_asymmetric_sign_verify_users":{"default":[],"description":"A list of IAM ARNs for [key asymmetric sign and verify users](https://docs.aws.amazon.com/kms/latest/developerguide/key-policy-default.html#key-policy-users-crypto)"},"key_hmac_users":{"default":[],"description":"A list of IAM ARNs for [key HMAC users](https://docs.aws.amazon.com/kms/latest/developerguide/key-policy-default.html#key-policy-users-crypto)"},"key_material_base64":{"default":null,"description":"Base64 encoded 256-bit symmetric encryption key material to import. The CMK is permanently associated with this key material. External key only"},"key_owners":{"default":[],"description":"A list of IAM ARNs for those who will have full key permissions (`kms:*`)"},"key_service_roles_for_autoscaling":{"default":[],"description":"A list of IAM ARNs for [AWSServiceRoleForAutoScaling roles](https://docs.aws.amazon.com/autoscaling/ec2/userguide/key-policy-requirements-EBS-encryption.html#policy-example-cmk-access)"},"key_service_users":{"default":[],"description":"A list of IAM ARNs for [key service users](https://docs.aws.amazon.com/kms/latest/developerguide/key-policy-default.html#key-policy-service-integration)"},"key_statements":{"default":{},"description":"A map of IAM policy [statements](https://registry.terraform.io/providers/hashicorp/aws/latest/docs/data-sources/iam_policy_document#statement) for custom permission usage"},"key_symmetric_encryption_users":{"default":[],"description":"A list of IAM ARNs for [key symmetric encryption users](https://docs.aws.amazon.com/kms/latest/developerguide/key-policy-default.html#key-policy-users-crypto)"},"key_usage":{"default":null,"description":"Specifies the intended use of the key. Valid values: `ENCRYPT_DECRYPT` or `SIGN_VERIFY`. Defaults to `ENCRYPT_DECRYPT`"},"key_users":{"default":[],"description":"A list of IAM ARNs for [key users](https://docs.aws.amazon.com/kms/latest/developerguide/key-policy-default.html#key-policy-default-allow-users)"},"multi_region":{"default":false,"description":"Indicates whether the KMS key is a multi-Region (`true`) or regional (`false`) key. Defaults to `false`"},"override_policy_documents":{"default":[],"description":"List of IAM policy documents that are merged together into the exported document. In merging, statements with non-blank `sid`s will override statements with the same `sid`"},"policy":{"default":null,"description":"A valid policy JSON document. Although this is a key policy, not an IAM policy, an `aws_iam_policy_document`, in the form that designates a principal, can be used"},"primary_external_key_arn":{"default":null,"description":"The primary external key arn of a multi-region replica external key"},"primary_key_arn":{"default":null,"description":"The primary key arn of a multi-region replica key"},"route53_dnssec_sources":{"default":[],"description":"A list of maps containing `account_ids` and Route53 `hosted_zone_arn` that will be allowed to sign DNSSEC records"},"source_policy_documents":{"default":[],"description":"List of IAM policy documents that are merged together into the exported document. Statements must have unique `sid`s"},"tags":{"default":{},"description":"A map of tags to add to all resources"},"valid_to":{"default":null,"description":"Time at which the imported key material expires. When the key material expires, AWS KMS deletes the key material and the CMK becomes unusable. If not specified, key material does not expire"}}},"version_constraint":"2.1.0"},"self_managed_node_group":{"source":"./modules/self-managed-node-group","expressions":{"ami_id":{"references":["each.value.ami_id","each.value","var.self_managed_node_group_defaults.ami_id","var.self_managed_node_group_defaults"]},"ami_type":{"references":["each.value.ami_type","each.value","var.self_managed_node_group_defaults.ami_type","var.self_managed_node_group_defaults"]},"autoscaling_group_tags":{"references":["each.value.autoscaling_group_tags","each.value","var.self_managed_node_group_defaults.autoscaling_group_tags","var.self_managed_node_group_defaults"]},"availability_zones":{"references":["each.value.availability_zones","each.value","var.self_managed_node_group_defaults.availability_zones","var.self_managed_node_group_defaults"]},"block_device_mappings":{"references":["each.value.block_device_mappings","each.value","var.self_managed_node_group_defaults.block_device_mappings","var.self_managed_node_group_defaults"]},"bootstrap_extra_args":{"references":["each.value.bootstrap_extra_args","each.value","var.self_managed_node_group_defaults.bootstrap_extra_args","var.self_managed_node_group_defaults"]},"capacity_rebalance":{"references":["each.value.capacity_rebalance","each.value","var.self_managed_node_group_defaults.capacity_rebalance","var.self_managed_node_group_defaults"]},"capacity_reservation_specification":{"references":["each.value.capacity_reservation_specification","each.value","var.self_managed_node_group_defaults.capacity_reservation_specification","var.self_managed_node_group_defaults"]},"cloudinit_post_nodeadm":{"references":["each.value.cloudinit_post_nodeadm","each.value","var.self_managed_node_group_defaults.cloudinit_post_nodeadm","var.self_managed_node_group_defaults"]},"cloudinit_pre_nodeadm":{"references":["each.value.cloudinit_pre_nodeadm","each.value","var.self_managed_node_group_defaults.cloudinit_pre_nodeadm","var.self_managed_node_group_defaults"]},"cluster_auth_base64":{"references":["time_sleep.this[0].triggers[\"cluster_certificate_authority_data\"]","time_sleep.this[0].triggers","time_sleep.this[0]","time_sleep.this"]},"cluster_endpoint":{"references":["time_sleep.this[0].triggers[\"cluster_endpoint\"]","time_sleep.this[0].triggers","time_sleep.this[0]","time_sleep.this"]},"cluster_ip_family":{"references":["var.cluster_ip_family"]},"cluster_name":{"references":["time_sleep.this[0].triggers[\"cluster_name\"]","time_sleep.this[0].triggers","time_sleep.this[0]","time_sleep.this"]},"cluster_primary_security_group_id":{"references":["each.value.attach_cluster_primary_security_group","each.value","var.self_managed_node_group_defaults.attach_cluster_primary_security_group","var.self_managed_node_group_defaults","aws_eks_cluster.this[0].vpc_config[0].cluster_security_group_id","aws_eks_cluster.this[0].vpc_config[0]","aws_eks_cluster.this[0].vpc_config","aws_eks_cluster.this[0]","aws_eks_cluster.this"]},"cluster_service_cidr":{"references":["time_sleep.this[0].triggers[\"cluster_service_cidr\"]","time_sleep.this[0].triggers","time_sleep.this[0]","time_sleep.this"]},"cluster_version":{"references":["each.value.cluster_version","each.value","var.self_managed_node_group_defaults.cluster_version","var.self_managed_node_group_defaults","time_sleep.this[0].triggers[\"cluster_version\"]","time_sleep.this[0].triggers","time_sleep.this[0]","time_sleep.this"]},"context":{"references":["each.value.context","each.value","var.self_managed_node_group_defaults.context","var.self_managed_node_group_defaults"]},"cpu_options":{"references":["each.value.cpu_options","each.value","var.self_managed_node_group_defaults.cpu_options","var.self_managed_node_group_defaults"]},"create":{"references":["each.value.create","each.value"]},"create_access_entry":{"references":["each.value.create_access_entry","each.value","var.self_managed_node_group_defaults.create_access_entry","var.self_managed_node_group_defaults"]},"create_autoscaling_group":{"references":["each.value.create_autoscaling_group","each.value","var.self_managed_node_group_defaults.create_autoscaling_group","var.self_managed_node_group_defaults"]},"create_iam_instance_profile":{"references":["each.value.create_iam_instance_profile","each.value","var.self_managed_node_group_defaults.create_iam_instance_profile","var.self_managed_node_group_defaults"]},"create_iam_role_policy":{"references":["each.value.create_iam_role_policy","each.value","var.self_managed_node_group_defaults.create_iam_role_policy","var.self_managed_node_group_defaults"]},"create_launch_template":{"references":["each.value.create_launch_template","each.value","var.self_managed_node_group_defaults.create_launch_template","var.self_managed_node_group_defaults"]},"create_placement_group":{"references":["each.value.create_placement_group","each.value","var.self_managed_node_group_defaults.create_placement_group","var.self_managed_node_group_defaults"]},"create_schedule":{"references":["each.value.create_schedule","each.value","var.self_managed_node_group_defaults.create_schedule","var.self_managed_node_group_defaults"]},"credit_specification":{"references":["each.value.credit_specification","each.value","var.self_managed_node_group_defaults.credit_specification","var.self_managed_node_group_defaults"]},"default_cooldown":{"references":["each.value.default_cooldown","each.value","var.self_managed_node_group_defaults.default_cooldown","var.self_managed_node_group_defaults"]},"default_instance_warmup":{"references":["each.value.default_instance_warmup","each.value","var.self_managed_node_group_defaults.default_instance_warmup","var.self_managed_node_group_defaults"]},"delete_timeout":{"references":["each.value.delete_timeout","each.value","var.self_managed_node_group_defaults.delete_timeout","var.self_managed_node_group_defaults"]},"desired_size":{"references":["each.value.desired_size","each.value","var.self_managed_node_group_defaults.desired_size","var.self_managed_node_group_defaults"]},"desired_size_type":{"references":["each.value.desired_size_type","each.value","var.self_managed_node_group_defaults.desired_size_type","var.self_managed_node_group_defaults"]},"disable_api_termination":{"references":["each.value.disable_api_termination","each.value","var.self_managed_node_group_defaults.disable_api_termination","var.self_managed_node_group_defaults"]},"ebs_optimized":{"references":["each.value.ebs_optimized","each.value","var.self_managed_node_group_defaults.ebs_optimized","var.self_managed_node_group_defaults"]},"efa_indices":{"references":["each.value.efa_indices","each.value","var.self_managed_node_group_defaults.efa_indices","var.self_managed_node_group_defaults"]},"elastic_gpu_specifications":{"references":["each.value.elastic_gpu_specifications","each.value","var.self_managed_node_group_defaults.elastic_gpu_specifications","var.self_managed_node_group_defaults"]},"elastic_inference_accelerator":{"references":["each.value.elastic_inference_accelerator","each.value","var.self_managed_node_group_defaults.elastic_inference_accelerator","var.self_managed_node_group_defaults"]},"enable_efa_only":{"references":["each.value.enable_efa_only","each.value","var.self_managed_node_group_defaults.enable_efa_only","var.self_managed_node_group_defaults"]},"enable_efa_support":{"references":["each.value.enable_efa_support","each.value","var.self_managed_node_group_defaults.enable_efa_support","var.self_managed_node_group_defaults"]},"enable_monitoring":{"references":["each.value.enable_monitoring","each.value","var.self_managed_node_group_defaults.enable_monitoring","var.self_managed_node_group_defaults"]},"enabled_metrics":{"references":["each.value.enabled_metrics","each.value","var.self_managed_node_group_defaults.enabled_metrics","var.self_managed_node_group_defaults"]},"enclave_options":{"references":["each.value.enclave_options","each.value","var.self_managed_node_group_defaults.enclave_options","var.self_managed_node_group_defaults"]},"force_delete":{"references":["each.value.force_delete","each.value","var.self_managed_node_group_defaults.force_delete","var.self_managed_node_group_defaults"]},"force_delete_warm_pool":{"references":["each.value.force_delete_warm_pool","each.value","var.self_managed_node_group_defaults.force_delete_warm_pool","var.self_managed_node_group_defaults"]},"health_check_grace_period":{"references":["each.value.health_check_grace_period","each.value","var.self_managed_node_group_defaults.health_check_grace_period","var.self_managed_node_group_defaults"]},"health_check_type":{"references":["each.value.health_check_type","each.value","var.self_managed_node_group_defaults.health_check_type","var.self_managed_node_group_defaults"]},"hibernation_options":{"references":["each.value.hibernation_options","each.value","var.self_managed_node_group_defaults.hibernation_options","var.self_managed_node_group_defaults"]},"iam_instance_profile_arn":{"references":["each.value.iam_instance_profile_arn","each.value","var.self_managed_node_group_defaults.iam_instance_profile_arn","var.self_managed_node_group_defaults"]},"iam_role_additional_policies":{"references":["each.value","var.self_managed_node_group_defaults"]},"iam_role_arn":{"references":["each.value.iam_role_arn","each.value","var.self_managed_node_group_defaults.iam_role_arn","var.self_managed_node_group_defaults"]},"iam_role_attach_cni_policy":{"references":["each.value.iam_role_attach_cni_policy","each.value","var.self_managed_node_group_defaults.iam_role_attach_cni_policy","var.self_managed_node_group_defaults"]},"iam_role_description":{"references":["each.value.iam_role_description","each.value","var.self_managed_node_group_defaults.iam_role_description","var.self_managed_node_group_defaults"]},"iam_role_name":{"references":["each.value.iam_role_name","each.value","var.self_managed_node_group_defaults.iam_role_name","var.self_managed_node_group_defaults"]},"iam_role_path":{"references":["each.value.iam_role_path","each.value","var.self_managed_node_group_defaults.iam_role_path","var.self_managed_node_group_defaults"]},"iam_role_permissions_boundary":{"references":["each.value.iam_role_permissions_boundary","each.value","var.self_managed_node_group_defaults.iam_role_permissions_boundary","var.self_managed_node_group_defaults"]},"iam_role_policy_statements":{"references":["each.value.iam_role_policy_statements","each.value","var.self_managed_node_group_defaults.iam_role_policy_statements","var.self_managed_node_group_defaults"]},"iam_role_tags":{"references":["each.value.iam_role_tags","each.value","var.self_managed_node_group_defaults.iam_role_tags","var.self_managed_node_group_defaults"]},"iam_role_use_name_prefix":{"references":["each.value.iam_role_use_name_prefix","each.value","var.self_managed_node_group_defaults.iam_role_use_name_prefix","var.self_managed_node_group_defaults"]},"ignore_failed_scaling_activities":{"references":["each.value.ignore_failed_scaling_activities","each.value","var.self_managed_node_group_defaults.ignore_failed_scaling_activities","var.self_managed_node_group_defaults"]},"initial_lifecycle_hooks":{"references":["each.value.initial_lifecycle_hooks","each.value","var.self_managed_node_group_defaults.initial_lifecycle_hooks","var.self_managed_node_group_defaults"]},"instance_initiated_shutdown_behavior":{"references":["each.value.instance_initiated_shutdown_behavior","each.value","var.self_managed_node_group_defaults.instance_initiated_shutdown_behavior","var.self_managed_node_group_defaults"]},"instance_maintenance_policy":{"references":["each.value.instance_maintenance_policy","each.value","var.self_managed_node_group_defaults.instance_maintenance_policy","var.self_managed_node_group_defaults"]},"instance_market_options":{"references":["each.value.instance_market_options","each.value","var.self_managed_node_group_defaults.instance_market_options","var.self_managed_node_group_defaults"]},"instance_refresh":{"references":["each.value.instance_refresh","each.value","var.self_managed_node_group_defaults.instance_refresh","var.self_managed_node_group_defaults","local.default_instance_refresh"]},"instance_requirements":{"references":["each.value.instance_requirements","each.value","var.self_managed_node_group_defaults.instance_requirements","var.self_managed_node_group_defaults"]},"instance_type":{"references":["each.value.instance_type","each.value","var.self_managed_node_group_defaults.instance_type","var.self_managed_node_group_defaults"]},"kernel_id":{"references":["each.value.kernel_id","each.value","var.self_managed_node_group_defaults.kernel_id","var.self_managed_node_group_defaults"]},"key_name":{"references":["each.value.key_name","each.value","var.self_managed_node_group_defaults.key_name","var.self_managed_node_group_defaults"]},"launch_template_default_version":{"references":["each.value.launch_template_default_version","each.value","var.self_managed_node_group_defaults.launch_template_default_version","var.self_managed_node_group_defaults"]},"launch_template_description":{"references":["each.value.launch_template_description","each.value","var.self_managed_node_group_defaults.launch_template_description","var.self_managed_node_group_defaults","each.value.name","each.value","each.key"]},"launch_template_id":{"references":["each.value.launch_template_id","each.value","var.self_managed_node_group_defaults.launch_template_id","var.self_managed_node_group_defaults"]},"launch_template_name":{"references":["each.value.launch_template_name","each.value","var.self_managed_node_group_defaults.launch_template_name","var.self_managed_node_group_defaults","each.key"]},"launch_template_tags":{"references":["each.value.launch_template_tags","each.value","var.self_managed_node_group_defaults.launch_template_tags","var.self_managed_node_group_defaults"]},"launch_template_use_name_prefix":{"references":["each.value.launch_template_use_name_prefix","each.value","var.self_managed_node_group_defaults.launch_template_use_name_prefix","var.self_managed_node_group_defaults"]},"launch_template_version":{"references":["each.value.launch_template_version","each.value","var.self_managed_node_group_defaults.launch_template_version","var.self_managed_node_group_defaults"]},"license_specifications":{"references":["each.value.license_specifications","each.value","var.self_managed_node_group_defaults.license_specifications","var.self_managed_node_group_defaults"]},"maintenance_options":{"references":["each.value.maintenance_options","each.value","var.self_managed_node_group_defaults.maintenance_options","var.self_managed_node_group_defaults"]},"max_instance_lifetime":{"references":["each.value.max_instance_lifetime","each.value","var.self_managed_node_group_defaults.max_instance_lifetime","var.self_managed_node_group_defaults"]},"max_size":{"references":["each.value.max_size","each.value","var.self_managed_node_group_defaults.max_size","var.self_managed_node_group_defaults"]},"metadata_options":{"references":["each.value.metadata_options","each.value","var.self_managed_node_group_defaults.metadata_options","var.self_managed_node_group_defaults","local.metadata_options"]},"metrics_granularity":{"references":["each.value.metrics_granularity","each.value","var.self_managed_node_group_defaults.metrics_granularity","var.self_managed_node_group_defaults"]},"min_elb_capacity":{"references":["each.value.min_elb_capacity","each.value","var.self_managed_node_group_defaults.min_elb_capacity","var.self_managed_node_group_defaults"]},"min_size":{"references":["each.value.min_size","each.value","var.self_managed_node_group_defaults.min_size","var.self_managed_node_group_defaults"]},"mixed_instances_policy":{"references":["each.value.mixed_instances_policy","each.value","var.self_managed_node_group_defaults.mixed_instances_policy","var.self_managed_node_group_defaults"]},"name":{"references":["each.value.name","each.value","each.key"]},"network_interfaces":{"references":["each.value.network_interfaces","each.value","var.self_managed_node_group_defaults.network_interfaces","var.self_managed_node_group_defaults"]},"placement":{"references":["each.value.placement","each.value","var.self_managed_node_group_defaults.placement","var.self_managed_node_group_defaults"]},"placement_group":{"references":["each.value.placement_group","each.value","var.self_managed_node_group_defaults.placement_group","var.self_managed_node_group_defaults"]},"placement_group_az":{"references":["each.value.placement_group_az","each.value","var.self_managed_node_group_defaults.placement_group_az","var.self_managed_node_group_defaults"]},"platform":{"references":["each.value.platform","each.value","var.self_managed_node_group_defaults.platform","var.self_managed_node_group_defaults"]},"post_bootstrap_user_data":{"references":["each.value.post_bootstrap_user_data","each.value","var.self_managed_node_group_defaults.post_bootstrap_user_data","var.self_managed_node_group_defaults"]},"pre_bootstrap_user_data":{"references":["each.value.pre_bootstrap_user_data","each.value","var.self_managed_node_group_defaults.pre_bootstrap_user_data","var.self_managed_node_group_defaults"]},"private_dns_name_options":{"references":["each.value.private_dns_name_options","each.value","var.self_managed_node_group_defaults.private_dns_name_options","var.self_managed_node_group_defaults"]},"protect_from_scale_in":{"references":["each.value.protect_from_scale_in","each.value","var.self_managed_node_group_defaults.protect_from_scale_in","var.self_managed_node_group_defaults"]},"ram_disk_id":{"references":["each.value.ram_disk_id","each.value","var.self_managed_node_group_defaults.ram_disk_id","var.self_managed_node_group_defaults"]},"schedules":{"references":["each.value.schedules","each.value","var.self_managed_node_group_defaults.schedules","var.self_managed_node_group_defaults"]},"service_linked_role_arn":{"references":["each.value.service_linked_role_arn","each.value","var.self_managed_node_group_defaults.service_linked_role_arn","var.self_managed_node_group_defaults"]},"subnet_ids":{"references":["each.value.subnet_ids","each.value","var.self_managed_node_group_defaults.subnet_ids","var.self_managed_node_group_defaults","var.subnet_ids"]},"suspended_processes":{"references":["each.value.suspended_processes","each.value","var.self_managed_node_group_defaults.suspended_processes","var.self_managed_node_group_defaults"]},"tag_specifications":{"references":["each.value.tag_specifications","each.value","var.self_managed_node_group_defaults.tag_specifications","var.self_managed_node_group_defaults"]},"tags":{"references":["var.tags","each.value.tags","each.value","var.self_managed_node_group_defaults.tags","var.self_managed_node_group_defaults"]},"target_group_arns":{"references":["each.value.target_group_arns","each.value","var.self_managed_node_group_defaults.target_group_arns","var.self_managed_node_group_defaults"]},"termination_policies":{"references":["each.value.termination_policies","each.value","var.self_managed_node_group_defaults.termination_policies","var.self_managed_node_group_defaults"]},"update_launch_template_default_version":{"references":["each.value.update_launch_template_default_version","each.value","var.self_managed_node_group_defaults.update_launch_template_default_version","var.self_managed_node_group_defaults"]},"use_mixed_instances_policy":{"references":["each.value.use_mixed_instances_policy","each.value","var.self_managed_node_group_defaults.use_mixed_instances_policy","var.self_managed_node_group_defaults"]},"use_name_prefix":{"references":["each.value.use_name_prefix","each.value","var.self_managed_node_group_defaults.use_name_prefix","var.self_managed_node_group_defaults"]},"user_data_template_path":{"references":["each.value.user_data_template_path","each.value","var.self_managed_node_group_defaults.user_data_template_path","var.self_managed_node_group_defaults"]},"vpc_security_group_ids":{"references":["local.node_security_group_id","each.value.vpc_security_group_ids","each.value","var.self_managed_node_group_defaults.vpc_security_group_ids","var.self_managed_node_group_defaults"]},"wait_for_capacity_timeout":{"references":["each.value.wait_for_capacity_timeout","each.value","var.self_managed_node_group_defaults.wait_for_capacity_timeout","var.self_managed_node_group_defaults"]},"wait_for_elb_capacity":{"references":["each.value.wait_for_elb_capacity","each.value","var.self_managed_node_group_defaults.wait_for_elb_capacity","var.self_managed_node_group_defaults"]},"warm_pool":{"references":["each.value.warm_pool","each.value","var.self_managed_node_group_defaults.warm_pool","var.self_managed_node_group_defaults"]}},"for_each_expression":{"references":["var.self_managed_node_groups","var.create"]},"module":{"outputs":{"access_entry_arn":{"expression":{"references":["aws_eks_access_entry.this[0].access_entry_arn","aws_eks_access_entry.this[0]","aws_eks_access_entry.this"]},"description":"Amazon Resource Name (ARN) of the Access Entry"},"autoscaling_group_arn":{"expression":{"references":["aws_autoscaling_group.this[0].arn","aws_autoscaling_group.this[0]","aws_autoscaling_group.this"]},"description":"The ARN for this autoscaling group"},"autoscaling_group_availability_zones":{"expression":{"references":["aws_autoscaling_group.this[0].availability_zones","aws_autoscaling_group.this[0]","aws_autoscaling_group.this"]},"description":"The availability zones of the autoscaling group"},"autoscaling_group_default_cooldown":{"expression":{"references":["aws_autoscaling_group.this[0].default_cooldown","aws_autoscaling_group.this[0]","aws_autoscaling_group.this"]},"description":"Time between a scaling activity and the succeeding scaling activity"},"autoscaling_group_desired_capacity":{"expression":{"references":["aws_autoscaling_group.this[0].desired_capacity","aws_autoscaling_group.this[0]","aws_autoscaling_group.this"]},"description":"The number of Amazon EC2 instances that should be running in the group"},"autoscaling_group_health_check_grace_period":{"expression":{"references":["aws_autoscaling_group.this[0].health_check_grace_period","aws_autoscaling_group.this[0]","aws_autoscaling_group.this"]},"description":"Time after instance comes into service before checking health"},"autoscaling_group_health_check_type":{"expression":{"references":["aws_autoscaling_group.this[0].health_check_type","aws_autoscaling_group.this[0]","aws_autoscaling_group.this"]},"description":"EC2 or ELB. Controls how health checking is done"},"autoscaling_group_id":{"expression":{"references":["aws_autoscaling_group.this[0].id","aws_autoscaling_group.this[0]","aws_autoscaling_group.this"]},"description":"The autoscaling group id"},"autoscaling_group_max_size":{"expression":{"references":["aws_autoscaling_group.this[0].max_size","aws_autoscaling_group.this[0]","aws_autoscaling_group.this"]},"description":"The maximum size of the autoscaling group"},"autoscaling_group_min_size":{"expression":{"references":["aws_autoscaling_group.this[0].min_size","aws_autoscaling_group.this[0]","aws_autoscaling_group.this"]},"description":"The minimum size of the autoscaling group"},"autoscaling_group_name":{"expression":{"references":["aws_autoscaling_group.this[0].name","aws_autoscaling_group.this[0]","aws_autoscaling_group.this"]},"description":"The autoscaling group name"},"autoscaling_group_schedule_arns":{"expression":{"references":["aws_autoscaling_schedule.this"]},"description":"ARNs of autoscaling group schedules"},"autoscaling_group_vpc_zone_identifier":{"expression":{"references":["aws_autoscaling_group.this[0].vpc_zone_identifier","aws_autoscaling_group.this[0]","aws_autoscaling_group.this"]},"description":"The VPC zone identifier"},"iam_instance_profile_arn":{"expression":{"references":["aws_iam_instance_profile.this[0].arn","aws_iam_instance_profile.this[0]","aws_iam_instance_profile.this","var.iam_instance_profile_arn"]},"description":"ARN assigned by AWS to the instance profile"},"iam_instance_profile_id":{"expression":{"references":["aws_iam_instance_profile.this[0].id","aws_iam_instance_profile.this[0]","aws_iam_instance_profile.this"]},"description":"Instance profile's ID"},"iam_instance_profile_unique":{"expression":{"references":["aws_iam_instance_profile.this[0].unique_id","aws_iam_instance_profile.this[0]","aws_iam_instance_profile.this"]},"description":"Stable and unique string identifying the IAM instance profile"},"iam_role_arn":{"expression":{"references":["aws_iam_role.this[0].arn","aws_iam_role.this[0]","aws_iam_role.this"]},"description":"The Amazon Resource Name (ARN) specifying the IAM role"},"iam_role_name":{"expression":{"references":["aws_iam_role.this[0].name","aws_iam_role.this[0]","aws_iam_role.this"]},"description":"The name of the IAM role"},"iam_role_unique_id":{"expression":{"references":["aws_iam_role.this[0].unique_id","aws_iam_role.this[0]","aws_iam_role.this"]},"description":"Stable and unique string identifying the IAM role"},"image_id":{"expression":{"references":["aws_launch_template.this[0].image_id","aws_launch_template.this[0]","aws_launch_template.this"]},"description":"ID of the image"},"launch_template_arn":{"expression":{"references":["aws_launch_template.this[0].arn","aws_launch_template.this[0]","aws_launch_template.this"]},"description":"The ARN of the launch template"},"launch_template_id":{"expression":{"references":["aws_launch_template.this[0].id","aws_launch_template.this[0]","aws_launch_template.this"]},"description":"The ID of the launch template"},"launch_template_latest_version":{"expression":{"references":["aws_launch_template.this[0].latest_version","aws_launch_template.this[0]","aws_launch_template.this"]},"description":"The latest version of the launch template"},"launch_template_name":{"expression":{"references":["aws_launch_template.this[0].name","aws_launch_template.this[0]","aws_launch_template.this"]},"description":"The name of the launch template"},"platform":{"expression":{"references":["module.user_data.platform","module.user_data"]},"description":"[DEPRECATED - Will be removed in `v21.0`] Identifies the OS platform as `bottlerocket`, `linux` (AL2), `al2023`, or `windows`"},"user_data":{"expression":{"references":["module.user_data.user_data","module.user_data"]},"description":"Base64 encoded user data"}},"resources":[{"address":"aws_autoscaling_group.this","mode":"managed","type":"aws_autoscaling_group","name":"this","provider_config_key":"aws","expressions":{"availability_zones":{"references":["var.availability_zones"]},"capacity_rebalance":{"references":["var.capacity_rebalance"]},"context":{"references":["var.context"]},"default_cooldown":{"references":["var.default_cooldown"]},"default_instance_warmup":{"references":["var.default_instance_warmup"]},"desired_capacity":{"references":["var.desired_size"]},"desired_capacity_type":{"references":["var.desired_size_type"]},"enabled_metrics":{"references":["var.enabled_metrics"]},"force_delete":{"references":["var.force_delete"]},"force_delete_warm_pool":{"references":["var.force_delete_warm_pool"]},"health_check_grace_period":{"references":["var.health_check_grace_period"]},"health_check_type":{"references":["var.health_check_type"]},"ignore_failed_scaling_activities":{"references":["var.ignore_failed_scaling_activities"]},"max_instance_lifetime":{"references":["var.max_instance_lifetime"]},"max_size":{"references":["var.max_size"]},"metrics_granularity":{"references":["var.metrics_granularity"]},"min_elb_capacity":{"references":["var.min_elb_capacity"]},"min_size":{"references":["var.min_size"]},"name":{"references":["var.use_name_prefix","var.name"]},"name_prefix":{"references":["var.use_name_prefix","var.name"]},"placement_group":{"references":["var.placement_group"]},"protect_from_scale_in":{"references":["var.protect_from_scale_in"]},"service_linked_role_arn":{"references":["var.service_linked_role_arn"]},"suspended_processes":{"references":["var.suspended_processes"]},"target_group_arns":{"references":["var.target_group_arns"]},"termination_policies":{"references":["var.termination_policies"]},"timeouts":{"delete":{"references":["var.delete_timeout"]}},"vpc_zone_identifier":{"references":["local.enable_efa_support","data.aws_subnets.placement_group[0].ids","data.aws_subnets.placement_group[0]","data.aws_subnets.placement_group","var.subnet_ids"]},"wait_for_capacity_timeout":{"references":["var.wait_for_capacity_timeout"]},"wait_for_elb_capacity":{"references":["var.wait_for_elb_capacity"]}},"schema_version":1,"count_expression":{"references":["var.create","var.create_autoscaling_group"]}},{"address":"aws_autoscaling_schedule.this","mode":"managed","type":"aws_autoscaling_schedule","name":"this","provider_config_key":"aws","expressions":{"autoscaling_group_name":{"references":["aws_autoscaling_group.this[0].name","aws_autoscaling_group.this[0]","aws_autoscaling_group.this"]},"desired_capacity":{"references":["each.value.desired_size","each.value"]},"end_time":{"references":["each.value.end_time","each.value"]},"max_size":{"references":["each.value.max_size","each.value"]},"min_size":{"references":["each.value.min_size","each.value"]},"recurrence":{"references":["each.value.recurrence","each.value"]},"scheduled_action_name":{"references":["each.key"]},"start_time":{"references":["each.value.start_time","each.value"]},"time_zone":{"references":["each.value.time_zone","each.value"]}},"schema_version":0,"for_each_expression":{"references":["var.schedules","var.create","var.create_schedule"]}},{"address":"aws_eks_access_entry.this","mode":"managed","type":"aws_eks_access_entry","name":"this","provider_config_key":"aws","expressions":{"cluster_name":{"references":["var.cluster_name"]},"principal_arn":{"references":["var.create_iam_instance_profile","aws_iam_role.this[0].arn","aws_iam_role.this[0]","aws_iam_role.this","var.iam_role_arn"]},"tags":{"references":["var.tags"]},"type":{"references":["local.user_data_type"]}},"schema_version":0,"count_expression":{"references":["var.create","var.create_access_entry"]}},{"address":"aws_iam_instance_profile.this","mode":"managed","type":"aws_iam_instance_profile","name":"this","provider_config_key":"aws","expressions":{"name":{"references":["var.iam_role_use_name_prefix","local.iam_role_name"]},"name_prefix":{"references":["var.iam_role_use_name_prefix","local.iam_role_name"]},"path":{"references":["var.iam_role_path"]},"role":{"references":["aws_iam_role.this[0].name","aws_iam_role.this[0]","aws_iam_role.this"]},"tags":{"references":["var.tags","var.iam_role_tags"]}},"schema_version":0,"count_expression":{"references":["local.create_iam_instance_profile"]}},{"address":"aws_iam_role.this","mode":"managed","type":"aws_iam_role","name":"this","provider_config_key":"aws","expressions":{"assume_role_policy":{"references":["data.aws_iam_policy_document.assume_role_policy[0].json","data.aws_iam_policy_document.assume_role_policy[0]","data.aws_iam_policy_document.assume_role_policy"]},"description":{"references":["var.iam_role_description"]},"force_detach_policies":{"constant_value":true},"name":{"references":["var.iam_role_use_name_prefix","local.iam_role_name"]},"name_prefix":{"references":["var.iam_role_use_name_prefix","local.iam_role_name"]},"path":{"references":["var.iam_role_path"]},"permissions_boundary":{"references":["var.iam_role_permissions_boundary"]},"tags":{"references":["var.tags","var.iam_role_tags"]}},"schema_version":0,"count_expression":{"references":["local.create_iam_instance_profile"]}},{"address":"aws_iam_role_policy.this","mode":"managed","type":"aws_iam_role_policy","name":"this","provider_config_key":"aws","expressions":{"name":{"references":["var.iam_role_use_name_prefix","local.iam_role_name"]},"name_prefix":{"references":["var.iam_role_use_name_prefix","local.iam_role_name"]},"policy":{"references":["data.aws_iam_policy_document.role[0].json","data.aws_iam_policy_document.role[0]","data.aws_iam_policy_document.role"]},"role":{"references":["aws_iam_role.this[0].id","aws_iam_role.this[0]","aws_iam_role.this"]}},"schema_version":0,"count_expression":{"references":["local.create_iam_role_policy"]}},{"address":"aws_iam_role_policy_attachment.additional","mode":"managed","type":"aws_iam_role_policy_attachment","name":"additional","provider_config_key":"aws","expressions":{"policy_arn":{"references":["each.value"]},"role":{"references":["aws_iam_role.this[0].name","aws_iam_role.this[0]","aws_iam_role.this"]}},"schema_version":0,"for_each_expression":{"references":["var.iam_role_additional_policies","local.create_iam_instance_profile"]}},{"address":"aws_iam_role_policy_attachment.this","mode":"managed","type":"aws_iam_role_policy_attachment","name":"this","provider_config_key":"aws","expressions":{"policy_arn":{"references":["each.value"]},"role":{"references":["aws_iam_role.this[0].name","aws_iam_role.this[0]","aws_iam_role.this"]}},"schema_version":0,"for_each_expression":{"references":["local.iam_role_policy_prefix","local.iam_role_policy_prefix","local.ipv4_cni_policy","local.ipv6_cni_policy","local.create_iam_instance_profile"]}},{"address":"aws_launch_template.this","mode":"managed","type":"aws_launch_template","name":"this","provider_config_key":"aws","expressions":{"default_version":{"references":["var.launch_template_default_version"]},"description":{"references":["var.launch_template_description"]},"disable_api_termination":{"references":["var.disable_api_termination"]},"ebs_optimized":{"references":["var.ebs_optimized"]},"iam_instance_profile":[{"arn":{"references":["var.create_iam_instance_profile","aws_iam_instance_profile.this[0].arn","aws_iam_instance_profile.this[0]","aws_iam_instance_profile.this","var.iam_instance_profile_arn"]}}],"image_id":{"references":["var.ami_id","data.aws_ssm_parameter.ami[0].value","data.aws_ssm_parameter.ami[0]","data.aws_ssm_parameter.ami"]},"instance_initiated_shutdown_behavior":{"references":["var.instance_initiated_shutdown_behavior"]},"instance_type":{"references":["var.instance_type"]},"kernel_id":{"references":["var.kernel_id"]},"key_name":{"references":["var.key_name"]},"name":{"references":["var.launch_template_use_name_prefix","local.launch_template_name"]},"name_prefix":{"references":["var.launch_template_use_name_prefix","local.launch_template_name"]},"ram_disk_id":{"references":["var.ram_disk_id"]},"tags":{"references":["var.tags"]},"update_default_version":{"references":["var.update_launch_template_default_version"]},"user_data":{"references":["module.user_data.user_data","module.user_data"]},"vpc_security_group_ids":{"references":["local.network_interfaces","local.security_group_ids"]}},"schema_version":0,"count_expression":{"references":["var.create","var.create_launch_template"]},"depends_on":["aws_iam_role_policy_attachment.this","aws_iam_role_policy_attachment.additional"]},{"address":"aws_placement_group.this","mode":"managed","type":"aws_placement_group","name":"this","provider_config_key":"aws","expressions":{"name":{"references":["var.cluster_name","var.name"]},"strategy":{"constant_value":"cluster"},"tags":{"references":["var.tags"]}},"schema_version":0,"count_expression":{"references":["local.create_placement_group"]}},{"address":"data.aws_caller_identity.current","mode":"data","type":"aws_caller_identity","name":"current","provider_config_key":"aws","schema_version":0},{"address":"data.aws_ec2_instance_type.this","mode":"data","type":"aws_ec2_instance_type","name":"this","provider_config_key":"aws","expressions":{"instance_type":{"references":["var.instance_type"]}},"schema_version":0,"count_expression":{"references":["var.create","var.enable_efa_support"]}},{"address":"data.aws_ec2_instance_type_offerings.this","mode":"data","type":"aws_ec2_instance_type_offerings","name":"this","provider_config_key":"aws","expressions":{"filter":[{"name":{"constant_value":"instance-type"},"values":{"references":["var.instance_type"]}}],"location_type":{"constant_value":"availability-zone-id"}},"schema_version":0,"count_expression":{"references":["local.enable_efa_support"]}},{"address":"data.aws_iam_policy_document.assume_role_policy","mode":"data","type":"aws_iam_policy_document","name":"assume_role_policy","provider_config_key":"aws","expressions":{"statement":[{"actions":{"constant_value":["sts:AssumeRole"]},"principals":[{"identifiers":{"constant_value":["ec2.amazonaws.com"]},"type":{"constant_value":"Service"}}],"sid":{"constant_value":"EKSNodeAssumeRole"}}]},"schema_version":0,"count_expression":{"references":["local.create_iam_instance_profile"]}},{"address":"data.aws_iam_policy_document.role","mode":"data","type":"aws_iam_policy_document","name":"role","provider_config_key":"aws","schema_version":0,"count_expression":{"references":["local.create_iam_role_policy"]}},{"address":"data.aws_partition.current","mode":"data","type":"aws_partition","name":"current","provider_config_key":"aws","schema_version":0},{"address":"data.aws_ssm_parameter.ami","mode":"data","type":"aws_ssm_parameter","name":"ami","provider_config_key":"aws","expressions":{"name":{"references":["local.ami_type_to_ssm_param","var.ami_type"]}},"schema_version":0,"count_expression":{"references":["var.create"]}},{"address":"data.aws_subnets.placement_group","mode":"data","type":"aws_subnets","name":"placement_group","provider_config_key":"aws","expressions":{"filter":[{"name":{"constant_value":"subnet-id"},"values":{"references":["var.subnet_ids"]}}]},"schema_version":0,"count_expression":{"references":["local.create_placement_group"]}}],"module_calls":{"user_data":{"source":"../_user_data","expressions":{"additional_cluster_dns_ips":{"references":["var.additional_cluster_dns_ips"]},"ami_type":{"references":["var.ami_type"]},"bootstrap_extra_args":{"references":["var.bootstrap_extra_args"]},"cloudinit_post_nodeadm":{"references":["var.cloudinit_post_nodeadm"]},"cloudinit_pre_nodeadm":{"references":["var.cloudinit_pre_nodeadm"]},"cluster_auth_base64":{"references":["var.cluster_auth_base64"]},"cluster_endpoint":{"references":["var.cluster_endpoint"]},"cluster_ip_family":{"references":["var.cluster_ip_family"]},"cluster_name":{"references":["var.cluster_name"]},"cluster_service_cidr":{"references":["var.cluster_service_cidr"]},"create":{"references":["var.create"]},"enable_bootstrap_user_data":{"constant_value":true},"is_eks_managed_node_group":{"constant_value":false},"platform":{"references":["local.user_data_type"]},"post_bootstrap_user_data":{"references":["var.post_bootstrap_user_data"]},"pre_bootstrap_user_data":{"references":["var.pre_bootstrap_user_data"]},"user_data_template_path":{"references":["var.user_data_template_path"]}},"module":{"outputs":{"platform":{"expression":{"references":["local.user_data_type"]},"description":"[DEPRECATED - Will be removed in `v21.0`] Identifies the OS platform as `bottlerocket`, `linux` (AL2), `al2023, or `windows`"},"user_data":{"expression":{"references":["local.user_data_type_to_rendered","local.user_data_type"]},"description":"Base64 encoded user data rendered for the provided inputs"}},"resources":[{"address":"null_resource.validate_cluster_service_cidr","mode":"managed","type":"null_resource","name":"validate_cluster_service_cidr","provider_config_key":"module.eks.module.self_managed_node_group.module.user_data:null","schema_version":0},{"address":"data.cloudinit_config.al2023_eks_managed_node_group","mode":"data","type":"cloudinit_config","name":"al2023_eks_managed_node_group","provider_config_key":"module.eks.module.self_managed_node_group.module.user_data:cloudinit","expressions":{"base64_encode":{"constant_value":true},"boundary":{"constant_value":"MIMEBOUNDARY"},"gzip":{"constant_value":false}},"schema_version":0,"count_expression":{"references":["var.create","local.user_data_type","local.nodeadm_cloudinit"]}},{"address":"data.cloudinit_config.linux_eks_managed_node_group","mode":"data","type":"cloudinit_config","name":"linux_eks_managed_node_group","provider_config_key":"module.eks.module.self_managed_node_group.module.user_data:cloudinit","expressions":{"base64_encode":{"constant_value":true},"boundary":{"constant_value":"//"},"gzip":{"constant_value":false},"part":[{"content":{"references":["var.pre_bootstrap_user_data"]},"content_type":{"constant_value":"text/x-shellscript"}}]},"schema_version":0,"count_expression":{"references":["var.create","local.user_data_type","var.is_eks_managed_node_group","var.enable_bootstrap_user_data","var.pre_bootstrap_user_data","var.user_data_template_path"]}}],"variables":{"additional_cluster_dns_ips":{"default":[],"description":"Additional DNS IP addresses to use for the cluster. Only used when `ami_type` = `BOTTLEROCKET_*`"},"ami_type":{"default":null,"description":"Type of Amazon Machine Image (AMI) associated with the EKS Node Group. See the [AWS documentation](https://docs.aws.amazon.com/eks/latest/APIReference/API_Nodegroup.html#AmazonEKS-Type-Nodegroup-amiType) for valid values"},"bootstrap_extra_args":{"default":"","description":"Additional arguments passed to the bootstrap script. When `ami_type` = `BOTTLEROCKET_*`; these are additional [settings](https://github.com/bottlerocket-os/bottlerocket#settings) that are provided to the Bottlerocket user data"},"cloudinit_post_nodeadm":{"default":[],"description":"Array of cloud-init document parts that are created after the nodeadm document part"},"cloudinit_pre_nodeadm":{"default":[],"description":"Array of cloud-init document parts that are created before the nodeadm document part"},"cluster_auth_base64":{"default":"","description":"Base64 encoded CA of associated EKS cluster"},"cluster_endpoint":{"default":"","description":"Endpoint of associated EKS cluster"},"cluster_ip_family":{"default":"ipv4","description":"The IP family used to assign Kubernetes pod and service addresses. Valid values are `ipv4` (default) and `ipv6`"},"cluster_name":{"default":"","description":"Name of the EKS cluster"},"cluster_service_cidr":{"default":"","description":"The CIDR block (IPv4 or IPv6) used by the cluster to assign Kubernetes service IP addresses. This is derived from the cluster itself"},"cluster_service_ipv4_cidr":{"default":null,"description":"[Deprecated] The CIDR block to assign Kubernetes service IP addresses from. If you don't specify a block, Kubernetes assigns addresses from either the 10.100.0.0/16 or 172.20.0.0/16 CIDR blocks"},"create":{"default":true,"description":"Determines whether to create user-data or not"},"enable_bootstrap_user_data":{"default":false,"description":"Determines whether the bootstrap configurations are populated within the user data template"},"is_eks_managed_node_group":{"default":true,"description":"Determines whether the user data is used on nodes in an EKS managed node group. Used to determine if user data will be appended or not"},"platform":{"default":"linux","description":"[DEPRECATED - use `ami_type` instead. Will be removed in `v21.0`] Identifies the OS platform as `bottlerocket`, `linux` (AL2), `al2023`, or `windows`"},"post_bootstrap_user_data":{"default":"","description":"User data that is appended to the user data script after of the EKS bootstrap script. Not used when `ami_type` = `BOTTLEROCKET_*`"},"pre_bootstrap_user_data":{"default":"","description":"User data that is injected into the user data script ahead of the EKS bootstrap script. Not used when `ami_type` = `BOTTLEROCKET_*`"},"user_data_template_path":{"default":"","description":"Path to a local, custom user data template file to use when rendering user data"}}}}},"variables":{"additional_cluster_dns_ips":{"default":[],"description":"Additional DNS IP addresses to use for the cluster. Only used when `ami_type` = `BOTTLEROCKET_*`"},"ami_id":{"default":"","description":"The AMI from which to launch the instance"},"ami_type":{"default":"AL2_x86_64","description":"Type of Amazon Machine Image (AMI) associated with the node group. See the [AWS documentation](https://docs.aws.amazon.com/eks/latest/APIReference/API_Nodegroup.html#AmazonEKS-Type-Nodegroup-amiType) for valid values"},"autoscaling_group_tags":{"default":{},"description":"A map of additional tags to add to the autoscaling group created. Tags are applied to the autoscaling group only and are NOT propagated to instances"},"availability_zones":{"default":null,"description":"A list of one or more availability zones for the group. Used for EC2-Classic and default subnets when not specified with `subnet_ids` argument. Conflicts with `subnet_ids`"},"block_device_mappings":{"default":{},"description":"Specify volumes to attach to the instance besides the volumes specified by the AMI"},"bootstrap_extra_args":{"default":"","description":"Additional arguments passed to the bootstrap script. When `ami_type` = `BOTTLEROCKET_*`; these are additional [settings](https://github.com/bottlerocket-os/bottlerocket#settings) that are provided to the Bottlerocket user data"},"capacity_rebalance":{"default":null,"description":"Indicates whether capacity rebalance is enabled"},"capacity_reservation_specification":{"default":{},"description":"Targeting for EC2 capacity reservations"},"cloudinit_post_nodeadm":{"default":[],"description":"Array of cloud-init document parts that are created after the nodeadm document part"},"cloudinit_pre_nodeadm":{"default":[],"description":"Array of cloud-init document parts that are created before the nodeadm document part"},"cluster_auth_base64":{"default":"","description":"Base64 encoded CA of associated EKS cluster"},"cluster_endpoint":{"default":"","description":"Endpoint of associated EKS cluster"},"cluster_ip_family":{"default":"ipv4","description":"The IP family used to assign Kubernetes pod and service addresses. Valid values are `ipv4` (default) and `ipv6`"},"cluster_name":{"default":"","description":"Name of associated EKS cluster"},"cluster_primary_security_group_id":{"default":null,"description":"The ID of the EKS cluster primary security group to associate with the instance(s). This is the security group that is automatically created by the EKS service"},"cluster_service_cidr":{"default":"","description":"The CIDR block (IPv4 or IPv6) used by the cluster to assign Kubernetes service IP addresses. This is derived from the cluster itself"},"cluster_version":{"default":null,"description":"Kubernetes cluster version - used to lookup default AMI ID if one is not provided"},"context":{"default":null,"description":"Reserved"},"cpu_options":{"default":{},"description":"The CPU options for the instance"},"create":{"default":true,"description":"Determines whether to create self managed node group or not"},"create_access_entry":{"default":true,"description":"Determines whether an access entry is created for the IAM role used by the node group"},"create_autoscaling_group":{"default":true,"description":"Determines whether to create autoscaling group or not"},"create_iam_instance_profile":{"default":true,"description":"Determines whether an IAM instance profile is created or to use an existing IAM instance profile"},"create_iam_role_policy":{"default":true,"description":"Determines whether an IAM role policy is created or not"},"create_launch_template":{"default":true,"description":"Determines whether to create launch template or not"},"create_placement_group":{"default":false,"description":"Determines whether a placement group is created \u0026 used by the node group"},"create_schedule":{"default":true,"description":"Determines whether to create autoscaling group schedule or not"},"credit_specification":{"default":{},"description":"Customize the credit specification of the instance"},"default_cooldown":{"default":null,"description":"The amount of time, in seconds, after a scaling activity completes before another scaling activity can start"},"default_instance_warmup":{"default":null,"description":"Amount of time, in seconds, until a newly launched instance can contribute to the Amazon CloudWatch metrics. This delay lets an instance finish initializing before Amazon EC2 Auto Scaling aggregates instance metrics, resulting in more reliable usage data"},"delete_timeout":{"default":null,"description":"Delete timeout to wait for destroying autoscaling group"},"desired_size":{"default":1,"description":"The number of Amazon EC2 instances that should be running in the autoscaling group"},"desired_size_type":{"default":null,"description":"The unit of measurement for the value specified for `desired_size`. Supported for attribute-based instance type selection only. Valid values: `units`, `vcpu`, `memory-mib`"},"disable_api_termination":{"default":null,"description":"If true, enables EC2 instance termination protection"},"ebs_optimized":{"default":null,"description":"If true, the launched EC2 instance will be EBS-optimized"},"efa_indices":{"default":[0],"description":"The indices of the network interfaces that should be EFA-enabled. Only valid when `enable_efa_support` = `true`"},"elastic_gpu_specifications":{"default":{},"description":"The elastic GPU to attach to the instance"},"elastic_inference_accelerator":{"default":{},"description":"Configuration block containing an Elastic Inference Accelerator to attach to the instance"},"enable_efa_only":{"default":false,"description":"Determines whether to enable EFA (`false`, default) or EFA and EFA-only (`true`) network interfaces. Note: requires vpc-cni version `v1.18.4` or later"},"enable_efa_support":{"default":false,"description":"Determines whether to enable Elastic Fabric Adapter (EFA) support"},"enable_monitoring":{"default":true,"description":"Enables/disables detailed monitoring"},"enabled_metrics":{"default":[],"description":"A list of metrics to collect. The allowed values are `GroupDesiredCapacity`, `GroupInServiceCapacity`, `GroupPendingCapacity`, `GroupMinSize`, `GroupMaxSize`, `GroupInServiceInstances`, `GroupPendingInstances`, `GroupStandbyInstances`, `GroupStandbyCapacity`, `GroupTerminatingCapacity`, `GroupTerminatingInstances`, `GroupTotalCapacity`, `GroupTotalInstances`"},"enclave_options":{"default":{},"description":"Enable Nitro Enclaves on launched instances"},"force_delete":{"default":null,"description":"Allows deleting the Auto Scaling Group without waiting for all instances in the pool to terminate. You can force an Auto Scaling Group to delete even if it's in the process of scaling a resource. Normally, Terraform drains all the instances before deleting the group. This bypasses that behavior and potentially leaves resources dangling"},"force_delete_warm_pool":{"default":null,"description":"Allows deleting the Auto Scaling Group without waiting for all instances in the warm pool to terminate"},"health_check_grace_period":{"default":null,"description":"Time (in seconds) after instance comes into service before checking health"},"health_check_type":{"default":null,"description":"`EC2` or `ELB`. Controls how health checking is done"},"hibernation_options":{"default":{},"description":"The hibernation options for the instance"},"iam_instance_profile_arn":{"default":null,"description":"Amazon Resource Name (ARN) of an existing IAM instance profile that provides permissions for the node group. Required if `create_iam_instance_profile` = `false`"},"iam_role_additional_policies":{"default":{},"description":"Additional policies to be added to the IAM role"},"iam_role_arn":{"default":null,"description":"ARN of the IAM role used by the instance profile. Required when `create_access_entry = true` and `create_iam_instance_profile = false`"},"iam_role_attach_cni_policy":{"default":true,"description":"Whether to attach the `AmazonEKS_CNI_Policy`/`AmazonEKS_CNI_IPv6_Policy` IAM policy to the IAM IAM role. WARNING: If set `false` the permissions must be assigned to the `aws-node` DaemonSet pods via another method or nodes will not be able to join the cluster"},"iam_role_description":{"default":null,"description":"Description of the role"},"iam_role_name":{"default":null,"description":"Name to use on IAM role created"},"iam_role_path":{"default":null,"description":"IAM role path"},"iam_role_permissions_boundary":{"default":null,"description":"ARN of the policy that is used to set the permissions boundary for the IAM role"},"iam_role_policy_statements":{"default":[],"description":"A list of IAM policy [statements](https://registry.terraform.io/providers/hashicorp/aws/latest/docs/data-sources/iam_policy_document#statement) - used for adding specific IAM permissions as needed"},"iam_role_tags":{"default":{},"description":"A map of additional tags to add to the IAM role created"},"iam_role_use_name_prefix":{"default":true,"description":"Determines whether cluster IAM role name (`iam_role_name`) is used as a prefix"},"ignore_failed_scaling_activities":{"default":null,"description":"Whether to ignore failed Auto Scaling scaling activities while waiting for capacity."},"initial_lifecycle_hooks":{"default":[],"description":"One or more Lifecycle Hooks to attach to the Auto Scaling Group before instances are launched. The syntax is exactly the same as the separate `aws_autoscaling_lifecycle_hook` resource, without the `autoscaling_group_name` attribute. Please note that this will only work when creating a new Auto Scaling Group. For all other use-cases, please use `aws_autoscaling_lifecycle_hook` resource"},"instance_initiated_shutdown_behavior":{"default":null,"description":"Shutdown behavior for the instance. Can be `stop` or `terminate`. (Default: `stop`)"},"instance_maintenance_policy":{"default":{},"description":"If this block is configured, add a instance maintenance policy to the specified Auto Scaling group"},"instance_market_options":{"default":{},"description":"The market (purchasing) option for the instance"},"instance_refresh":{"default":{"preferences":{"min_healthy_percentage":66},"strategy":"Rolling"},"description":"If this block is configured, start an Instance Refresh when this Auto Scaling Group is updated"},"instance_requirements":{"default":{},"description":"The attribute requirements for the type of instance. If present then `instance_type` cannot be present"},"instance_type":{"default":"","description":"The type of the instance to launch"},"kernel_id":{"default":null,"description":"The kernel ID"},"key_name":{"default":null,"description":"The key name that should be used for the instance"},"launch_template_default_version":{"default":null,"description":"Default Version of the launch template"},"launch_template_description":{"default":null,"description":"Description of the launch template"},"launch_template_id":{"default":"","description":"The ID of an existing launch template to use. Required when `create_launch_template` = `false`"},"launch_template_name":{"default":null,"description":"Name of launch template to be created"},"launch_template_tags":{"default":{},"description":"A map of additional tags to add to the tag_specifications of launch template created"},"launch_template_use_name_prefix":{"default":true,"description":"Determines whether to use `launch_template_name` as is or create a unique name beginning with the `launch_template_name` as the prefix"},"launch_template_version":{"default":null,"description":"Launch template version. Can be version number, `$Latest`, or `$Default`"},"license_specifications":{"default":{},"description":"A map of license specifications to associate with"},"maintenance_options":{"default":{},"description":"The maintenance options for the instance"},"max_instance_lifetime":{"default":null,"description":"The maximum amount of time, in seconds, that an instance can be in service, values must be either equal to 0 or between 604800 and 31536000 seconds"},"max_size":{"default":3,"description":"The maximum size of the autoscaling group"},"metadata_options":{"default":{"http_endpoint":"enabled","http_put_response_hop_limit":"2","http_tokens":"required"},"description":"Customize the metadata options for the instance"},"metrics_granularity":{"default":null,"description":"The granularity to associate with the metrics to collect. The only valid value is `1Minute`"},"min_elb_capacity":{"default":null,"description":"Setting this causes Terraform to wait for this number of instances to show up healthy in the ELB only on creation. Updates will not wait on ELB instance number changes"},"min_size":{"default":0,"description":"The minimum size of the autoscaling group"},"mixed_instances_policy":{"default":null,"description":"Configuration block containing settings to define launch targets for Auto Scaling groups"},"name":{"default":"","description":"Name of the Self managed Node Group"},"network_interfaces":{"default":[],"description":"Customize network interfaces to be attached at instance boot time"},"placement":{"default":{},"description":"The placement of the instance"},"placement_group":{"default":null,"description":"The name of the placement group into which you'll launch your instances, if any"},"placement_group_az":{"default":null,"description":"Availability zone where placement group is created (ex. `eu-west-1c`)"},"platform":{"default":null,"description":"[DEPRECATED - must use `ami_type` instead. Will be removed in `v21.0`]"},"post_bootstrap_user_data":{"default":"","description":"User data that is appended to the user data script after of the EKS bootstrap script. Not used when `ami_type` = `BOTTLEROCKET_*`"},"pre_bootstrap_user_data":{"default":"","description":"User data that is injected into the user data script ahead of the EKS bootstrap script. Not used when `ami_type` = `BOTTLEROCKET_*`"},"private_dns_name_options":{"default":{},"description":"The options for the instance hostname. The default values are inherited from the subnet"},"protect_from_scale_in":{"default":false,"description":"Allows setting instance protection. The autoscaling group will not select instances with this setting for termination during scale in events."},"ram_disk_id":{"default":null,"description":"The ID of the ram disk"},"schedules":{"default":{},"description":"Map of autoscaling group schedule to create"},"service_linked_role_arn":{"default":null,"description":"The ARN of the service-linked role that the ASG will use to call other AWS services"},"subnet_ids":{"default":null,"description":"A list of subnet IDs to launch resources in. Subnets automatically determine which availability zones the group will reside. Conflicts with `availability_zones`"},"suspended_processes":{"default":[],"description":"A list of processes to suspend for the Auto Scaling Group. The allowed values are `Launch`, `Terminate`, `HealthCheck`, `ReplaceUnhealthy`, `AZRebalance`, `AlarmNotification`, `ScheduledActions`, `AddToLoadBalancer`. Note that if you suspend either the `Launch` or `Terminate` process types, it can prevent your Auto Scaling Group from functioning properly"},"tag_specifications":{"default":["instance","volume","network-interface"],"description":"The tags to apply to the resources during launch"},"tags":{"default":{},"description":"A map of tags to add to all resources"},"target_group_arns":{"default":[],"description":"A set of `aws_alb_target_group` ARNs, for use with Application or Network Load Balancing"},"termination_policies":{"default":[],"description":"A list of policies to decide how the instances in the Auto Scaling Group should be terminated. The allowed values are `OldestInstance`, `NewestInstance`, `OldestLaunchConfiguration`, `ClosestToNextInstanceHour`, `OldestLaunchTemplate`, `AllocationStrategy`, `Default`"},"update_launch_template_default_version":{"default":true,"description":"Whether to update Default Version each update. Conflicts with `launch_template_default_version`"},"use_mixed_instances_policy":{"default":false,"description":"Determines whether to use a mixed instances policy in the autoscaling group or not"},"use_name_prefix":{"default":true,"description":"Determines whether to use `name` as is or create a unique name beginning with the `name` as the prefix"},"user_data_template_path":{"default":"","description":"Path to a local, custom user data template file to use when rendering user data"},"vpc_security_group_ids":{"default":[],"description":"A list of security group IDs to associate"},"wait_for_capacity_timeout":{"default":null,"description":"A maximum duration that Terraform should wait for ASG instances to be healthy before timing out. (See also Waiting for Capacity below.) Setting this to '0' causes Terraform to skip all Capacity Waiting behavior."},"wait_for_elb_capacity":{"default":null,"description":"Setting this will cause Terraform to wait for exactly this number of healthy instances in all attached load balancers on both create and update operations. Takes precedence over `min_elb_capacity` behavior."},"warm_pool":{"default":{},"description":"If this block is configured, add a Warm Pool to the specified Auto Scaling group"}}}}},"variables":{"access_entries":{"default":{},"description":"Map of access entries to add to the cluster"},"attach_cluster_encryption_policy":{"default":true,"description":"Indicates whether or not to attach an additional policy for the cluster IAM role to utilize the encryption key provided"},"authentication_mode":{"default":"API_AND_CONFIG_MAP","description":"The authentication mode for the cluster. Valid values are `CONFIG_MAP`, `API` or `API_AND_CONFIG_MAP`"},"bootstrap_self_managed_addons":{"default":null,"description":"Indicates whether or not to bootstrap self-managed addons after the cluster has been created"},"cloudwatch_log_group_class":{"default":null,"description":"Specified the log class of the log group. Possible values are: `STANDARD` or `INFREQUENT_ACCESS`"},"cloudwatch_log_group_kms_key_id":{"default":null,"description":"If a KMS Key ARN is set, this key will be used to encrypt the corresponding log group. Please be sure that the KMS Key has an appropriate key policy (https://docs.aws.amazon.com/AmazonCloudWatch/latest/logs/encrypt-log-data-kms.html)"},"cloudwatch_log_group_retention_in_days":{"default":90,"description":"Number of days to retain log events. Default retention - 90 days"},"cloudwatch_log_group_tags":{"default":{},"description":"A map of additional tags to add to the cloudwatch log group created"},"cluster_additional_security_group_ids":{"default":[],"description":"List of additional, externally created security group IDs to attach to the cluster control plane"},"cluster_addons":{"default":{},"description":"Map of cluster addon configurations to enable for the cluster. Addon name can be the map keys or set with `name`"},"cluster_addons_timeouts":{"default":{},"description":"Create, update, and delete timeout configurations for the cluster addons"},"cluster_compute_config":{"default":{},"description":"Configuration block for the cluster compute configuration"},"cluster_enabled_log_types":{"default":["audit","api","authenticator"],"description":"A list of the desired control plane logs to enable. For more information, see Amazon EKS Control Plane Logging documentation (https://docs.aws.amazon.com/eks/latest/userguide/control-plane-logs.html)"},"cluster_encryption_config":{"default":{"resources":["secrets"]},"description":"Configuration block with encryption configuration for the cluster. To disable secret encryption, set this value to `{}`"},"cluster_encryption_policy_description":{"default":"Cluster encryption policy to allow cluster role to utilize CMK provided","description":"Description of the cluster encryption policy created"},"cluster_encryption_policy_name":{"default":null,"description":"Name to use on cluster encryption policy created"},"cluster_encryption_policy_path":{"default":null,"description":"Cluster encryption policy path"},"cluster_encryption_policy_tags":{"default":{},"description":"A map of additional tags to add to the cluster encryption policy created"},"cluster_encryption_policy_use_name_prefix":{"default":true,"description":"Determines whether cluster encryption policy name (`cluster_encryption_policy_name`) is used as a prefix"},"cluster_endpoint_private_access":{"default":true,"description":"Indicates whether or not the Amazon EKS private API server endpoint is enabled"},"cluster_endpoint_public_access":{"default":false,"description":"Indicates whether or not the Amazon EKS public API server endpoint is enabled"},"cluster_endpoint_public_access_cidrs":{"default":["0.0.0.0/0"],"description":"List of CIDR blocks which can access the Amazon EKS public API server endpoint"},"cluster_identity_providers":{"default":{},"description":"Map of cluster identity provider configurations to enable for the cluster. Note - this is different/separate from IRSA"},"cluster_ip_family":{"default":"ipv4","description":"The IP family used to assign Kubernetes pod and service addresses. Valid values are `ipv4` (default) and `ipv6`. You can only specify an IP family when you create a cluster, changing this value will force a new cluster to be created"},"cluster_name":{"default":"","description":"Name of the EKS cluster"},"cluster_remote_network_config":{"default":{},"description":"Configuration block for the cluster remote network configuration"},"cluster_security_group_additional_rules":{"default":{},"description":"List of additional security group rules to add to the cluster security group created. Set `source_node_security_group = true` inside rules to set the `node_security_group` as source"},"cluster_security_group_description":{"default":"EKS cluster security group","description":"Description of the cluster security group created"},"cluster_security_group_id":{"default":"","description":"Existing security group ID to be attached to the cluster"},"cluster_security_group_name":{"default":null,"description":"Name to use on cluster security group created"},"cluster_security_group_tags":{"default":{},"description":"A map of additional tags to add to the cluster security group created"},"cluster_security_group_use_name_prefix":{"default":true,"description":"Determines whether cluster security group name (`cluster_security_group_name`) is used as a prefix"},"cluster_service_ipv4_cidr":{"default":null,"description":"The CIDR block to assign Kubernetes service IP addresses from. If you don't specify a block, Kubernetes assigns addresses from either the 10.100.0.0/16 or 172.20.0.0/16 CIDR blocks"},"cluster_service_ipv6_cidr":{"default":null,"description":"The CIDR block to assign Kubernetes pod and service IP addresses from if `ipv6` was specified when the cluster was created. Kubernetes assigns service addresses from the unique local address range (fc00::/7) because you can't specify a custom IPv6 CIDR block when you create the cluster"},"cluster_tags":{"default":{},"description":"A map of additional tags to add to the cluster"},"cluster_timeouts":{"default":{},"description":"Create, update, and delete timeout configurations for the cluster"},"cluster_upgrade_policy":{"default":{},"description":"Configuration block for the cluster upgrade policy"},"cluster_version":{"default":null,"description":"Kubernetes `\u003cmajor\u003e.\u003cminor\u003e` version to use for the EKS cluster (i.e.: `1.27`)"},"cluster_zonal_shift_config":{"default":{},"description":"Configuration block for the cluster zonal shift"},"control_plane_subnet_ids":{"default":[],"description":"A list of subnet IDs where the EKS cluster control plane (ENIs) will be provisioned. Used for expanding the pool of subnets used by nodes/node groups without replacing the EKS control plane"},"create":{"default":true,"description":"Controls if resources should be created (affects nearly all resources)"},"create_cloudwatch_log_group":{"default":true,"description":"Determines whether a log group is created by this module for the cluster logs. If not, AWS will automatically create one if logging is enabled"},"create_cluster_primary_security_group_tags":{"default":true,"description":"Indicates whether or not to tag the cluster's primary security group. This security group is created by the EKS service, not the module, and therefore tagging is handled after cluster creation"},"create_cluster_security_group":{"default":true,"description":"Determines if a security group is created for the cluster. Note: the EKS service creates a primary security group for the cluster by default"},"create_cni_ipv6_iam_policy":{"default":false,"description":"Determines whether to create an [`AmazonEKS_CNI_IPv6_Policy`](https://docs.aws.amazon.com/eks/latest/userguide/cni-iam-role.html#cni-iam-role-create-ipv6-policy)"},"create_iam_role":{"default":true,"description":"Determines whether an IAM role is created for the cluster"},"create_kms_key":{"default":true,"description":"Controls if a KMS key for cluster encryption should be created"},"create_node_iam_role":{"default":true,"description":"Determines whether an EKS Auto node IAM role is created"},"create_node_security_group":{"default":true,"description":"Determines whether to create a security group for the node groups or use the existing `node_security_group_id`"},"custom_oidc_thumbprints":{"default":[],"description":"Additional list of server certificate thumbprints for the OpenID Connect (OIDC) identity provider's server certificate(s)"},"dataplane_wait_duration":{"default":"30s","description":"Duration to wait after the EKS cluster has become active before creating the dataplane components (EKS managed node group(s), self-managed node group(s), Fargate profile(s))"},"eks_managed_node_group_defaults":{"default":{},"description":"Map of EKS managed node group default configurations"},"eks_managed_node_groups":{"default":{},"description":"Map of EKS managed node group definitions to create"},"enable_auto_mode_custom_tags":{"default":true,"description":"Determines whether to enable permissions for custom tags resources created by EKS Auto Mode"},"enable_cluster_creator_admin_permissions":{"default":false,"description":"Indicates whether or not to add the cluster creator (the identity used by Terraform) as an administrator via access entry"},"enable_efa_support":{"default":false,"description":"Determines whether to enable Elastic Fabric Adapter (EFA) support"},"enable_irsa":{"default":true,"description":"Determines whether to create an OpenID Connect Provider for EKS to enable IRSA"},"enable_kms_key_rotation":{"default":true,"description":"Specifies whether key rotation is enabled"},"enable_security_groups_for_pods":{"default":true,"description":"Determines whether to add the necessary IAM permission policy for security groups for pods"},"fargate_profile_defaults":{"default":{},"description":"Map of Fargate Profile default configurations"},"fargate_profiles":{"default":{},"description":"Map of Fargate Profile definitions to create"},"iam_role_additional_policies":{"default":{},"description":"Additional policies to be added to the IAM role"},"iam_role_arn":{"default":null,"description":"Existing IAM role ARN for the cluster. Required if `create_iam_role` is set to `false`"},"iam_role_description":{"default":null,"description":"Description of the role"},"iam_role_name":{"default":null,"description":"Name to use on IAM role created"},"iam_role_path":{"default":null,"description":"The IAM role path"},"iam_role_permissions_boundary":{"default":null,"description":"ARN of the policy that is used to set the permissions boundary for the IAM role"},"iam_role_tags":{"default":{},"description":"A map of additional tags to add to the IAM role created"},"iam_role_use_name_prefix":{"default":true,"description":"Determines whether the IAM role name (`iam_role_name`) is used as a prefix"},"include_oidc_root_ca_thumbprint":{"default":true,"description":"Determines whether to include the root CA thumbprint in the OpenID Connect (OIDC) identity provider's server certificate(s)"},"kms_key_administrators":{"default":[],"description":"A list of IAM ARNs for [key administrators](https://docs.aws.amazon.com/kms/latest/developerguide/key-policy-default.html#key-policy-default-allow-administrators). If no value is provided, the current caller identity is used to ensure at least one key admin is available"},"kms_key_aliases":{"default":[],"description":"A list of aliases to create. Note - due to the use of `toset()`, values must be static strings and not computed values"},"kms_key_deletion_window_in_days":{"default":null,"description":"The waiting period, specified in number of days. After the waiting period ends, AWS KMS deletes the KMS key. If you specify a value, it must be between `7` and `30`, inclusive. If you do not specify a value, it defaults to `30`"},"kms_key_description":{"default":null,"description":"The description of the key as viewed in AWS console"},"kms_key_enable_default_policy":{"default":true,"description":"Specifies whether to enable the default key policy"},"kms_key_override_policy_documents":{"default":[],"description":"List of IAM policy documents that are merged together into the exported document. In merging, statements with non-blank `sid`s will override statements with the same `sid`"},"kms_key_owners":{"default":[],"description":"A list of IAM ARNs for those who will have full key permissions (`kms:*`)"},"kms_key_service_users":{"default":[],"description":"A list of IAM ARNs for [key service users](https://docs.aws.amazon.com/kms/latest/developerguide/key-policy-default.html#key-policy-service-integration)"},"kms_key_source_policy_documents":{"default":[],"description":"List of IAM policy documents that are merged together into the exported document. Statements must have unique `sid`s"},"kms_key_users":{"default":[],"description":"A list of IAM ARNs for [key users](https://docs.aws.amazon.com/kms/latest/developerguide/key-policy-default.html#key-policy-default-allow-users)"},"node_iam_role_additional_policies":{"default":{},"description":"Additional policies to be added to the EKS Auto node IAM role"},"node_iam_role_description":{"default":null,"description":"Description of the EKS Auto node IAM role"},"node_iam_role_name":{"default":null,"description":"Name to use on the EKS Auto node IAM role created"},"node_iam_role_path":{"default":null,"description":"The EKS Auto node IAM role path"},"node_iam_role_permissions_boundary":{"default":null,"description":"ARN of the policy that is used to set the permissions boundary for the EKS Auto node IAM role"},"node_iam_role_tags":{"default":{},"description":"A map of additional tags to add to the EKS Auto node IAM role created"},"node_iam_role_use_name_prefix":{"default":true,"description":"Determines whether the EKS Auto node IAM role name (`node_iam_role_name`) is used as a prefix"},"node_security_group_additional_rules":{"default":{},"description":"List of additional security group rules to add to the node security group created. Set `source_cluster_security_group = true` inside rules to set the `cluster_security_group` as source"},"node_security_group_description":{"default":"EKS node shared security group","description":"Description of the node security group created"},"node_security_group_enable_recommended_rules":{"default":true,"description":"Determines whether to enable recommended security group rules for the node security group created. This includes node-to-node TCP ingress on ephemeral ports and allows all egress traffic"},"node_security_group_id":{"default":"","description":"ID of an existing security group to attach to the node groups created"},"node_security_group_name":{"default":null,"description":"Name to use on node security group created"},"node_security_group_tags":{"default":{},"description":"A map of additional tags to add to the node security group created"},"node_security_group_use_name_prefix":{"default":true,"description":"Determines whether node security group name (`node_security_group_name`) is used as a prefix"},"openid_connect_audiences":{"default":[],"description":"List of OpenID Connect audience client IDs to add to the IRSA provider"},"outpost_config":{"default":{},"description":"Configuration for the AWS Outpost to provision the cluster on"},"prefix_separator":{"default":"-","description":"The separator to use between the prefix and the generated timestamp for resource names"},"putin_khuylo":{"default":true,"description":"Do you agree that Putin doesn't respect Ukrainian sovereignty and territorial integrity? More info: https://en.wikipedia.org/wiki/Putin_khuylo!"},"self_managed_node_group_defaults":{"default":{},"description":"Map of self-managed node group default configurations"},"self_managed_node_groups":{"default":{},"description":"Map of self-managed node group definitions to create"},"subnet_ids":{"default":[],"description":"A list of subnet IDs where the nodes/node groups will be provisioned. If `control_plane_subnet_ids` is not provided, the EKS cluster control plane (ENIs) will be provisioned in these subnets"},"tags":{"default":{},"description":"A map of tags to add to all resources"},"vpc_id":{"default":null,"description":"ID of the VPC where the cluster security group will be provisioned"}}},"version_constraint":"20.33.1"},"rds":{"source":"terraform-aws-modules/rds/aws","expressions":{"allocated_storage":{"constant_value":5},"db_name":{"references":["var.project_name"]},"db_subnet_group_name":{"references":["module.vpc.database_subnet_group_name","module.vpc"]},"deletion_protection":{"constant_value":false},"engine":{"constant_value":"mysql"},"engine_version":{"constant_value":"5.7"},"family":{"constant_value":"mysql5.7"},"iam_database_authentication_enabled":{"constant_value":true},"identifier":{"references":["var.project_name"]},"instance_class":{"constant_value":"db.t3.micro"},"major_engine_version":{"constant_value":"5.7"},"monitoring_interval":{"constant_value":0},"multi_az":{"constant_value":false},"parameters":{"constant_value":[{"name":"character_set_client","value":"utf8mb4"},{"name":"character_set_server","value":"utf8mb4"}]},"port":{"constant_value":3306},"publicly_accessible":{"constant_value":false},"skip_final_snapshot":{"constant_value":true},"tags":{"references":["var.tags"]},"username":{"constant_value":"admin"},"vpc_security_group_ids":{"references":["module.db_security_group.security_group_id","module.db_security_group"]}},"module":{"outputs":{"db_instance_address":{"expression":{"references":["module.db_instance.db_instance_address","module.db_instance"]},"description":"The address of the RDS instance"},"db_instance_arn":{"expression":{"references":["module.db_instance.db_instance_arn","module.db_instance"]},"description":"The ARN of the RDS instance"},"db_instance_availability_zone":{"expression":{"references":["module.db_instance.db_instance_availability_zone","module.db_instance"]},"description":"The availability zone of the RDS instance"},"db_instance_ca_cert_identifier":{"expression":{"references":["module.db_instance.db_instance_ca_cert_identifier","module.db_instance"]},"description":"Specifies the identifier of the CA certificate for the DB instance"},"db_instance_cloudwatch_log_groups":{"expression":{"references":["module.db_instance.db_instance_cloudwatch_log_groups","module.db_instance"]},"description":"Map of CloudWatch log groups created and their attributes"},"db_instance_domain":{"expression":{"references":["module.db_instance.db_instance_domain","module.db_instance"]},"description":"The ID of the Directory Service Active Directory domain the instance is joined to"},"db_instance_domain_auth_secret_arn":{"expression":{"references":["module.db_instance.db_instance_domain_auth_secret_arn","module.db_instance"]},"description":"The ARN for the Secrets Manager secret with the self managed Active Directory credentials for the user joining the domain"},"db_instance_domain_dns_ips":{"expression":{"references":["module.db_instance.db_instance_domain_dns_ips","module.db_instance"]},"description":"The IPv4 DNS IP addresses of your primary and secondary self managed Active Directory domain controllers"},"db_instance_domain_fqdn":{"expression":{"references":["module.db_instance.db_instance_domain_fqdn","module.db_instance"]},"description":"The fully qualified domain name (FQDN) of an self managed Active Directory domain"},"db_instance_domain_iam_role_name":{"expression":{"references":["module.db_instance.db_instance_domain_iam_role_name","module.db_instance"]},"description":"The name of the IAM role to be used when making API calls to the Directory Service"},"db_instance_domain_ou":{"expression":{"references":["module.db_instance.db_instance_domain_ou","module.db_instance"]},"description":"The self managed Active Directory organizational unit for your DB instance to join"},"db_instance_endpoint":{"expression":{"references":["module.db_instance.db_instance_endpoint","module.db_instance"]},"description":"The connection endpoint"},"db_instance_engine":{"expression":{"references":["module.db_instance.db_instance_engine","module.db_instance"]},"description":"The database engine"},"db_instance_engine_version_actual":{"expression":{"references":["module.db_instance.db_instance_engine_version_actual","module.db_instance"]},"description":"The running version of the database"},"db_instance_hosted_zone_id":{"expression":{"references":["module.db_instance.db_instance_hosted_zone_id","module.db_instance"]},"description":"The canonical hosted zone ID of the DB instance (to be used in a Route 53 Alias record)"},"db_instance_identifier":{"expression":{"references":["module.db_instance.db_instance_identifier","module.db_instance"]},"description":"The RDS instance identifier"},"db_instance_master_user_secret_arn":{"expression":{"references":["module.db_instance.db_instance_master_user_secret_arn","module.db_instance"]},"description":"The ARN of the master user secret (Only available when manage_master_user_password is set to true)"},"db_instance_name":{"expression":{"references":["module.db_instance.db_instance_name","module.db_instance"]},"description":"The database name"},"db_instance_port":{"expression":{"references":["module.db_instance.db_instance_port","module.db_instance"]},"description":"The database port"},"db_instance_resource_id":{"expression":{"references":["module.db_instance.db_instance_resource_id","module.db_instance"]},"description":"The RDS Resource ID of this instance"},"db_instance_role_associations":{"expression":{"references":["module.db_instance_role_association"]},"description":"A map of DB Instance Identifiers and IAM Role ARNs separated by a comma"},"db_instance_secretsmanager_secret_rotation_enabled":{"expression":{"references":["module.db_instance.db_instance_secretsmanager_secret_rotation_enabled","module.db_instance"]},"description":"Specifies whether automatic rotation is enabled for the secret"},"db_instance_status":{"expression":{"references":["module.db_instance.db_instance_status","module.db_instance"]},"description":"The RDS instance status"},"db_instance_username":{"sensitive":true,"expression":{"references":["module.db_instance.db_instance_username","module.db_instance"]},"description":"The master username for the database"},"db_listener_endpoint":{"expression":{"references":["module.db_instance.db_listener_endpoint","module.db_instance"]},"description":"Specifies the listener connection endpoint for SQL Server Always On"},"db_option_group_arn":{"expression":{"references":["module.db_option_group.db_option_group_arn","module.db_option_group"]},"description":"The ARN of the db option group"},"db_option_group_id":{"expression":{"references":["module.db_option_group.db_option_group_id","module.db_option_group"]},"description":"The db option group id"},"db_parameter_group_arn":{"expression":{"references":["module.db_parameter_group.db_parameter_group_arn","module.db_parameter_group"]},"description":"The ARN of the db parameter group"},"db_parameter_group_id":{"expression":{"references":["module.db_parameter_group.db_parameter_group_id","module.db_parameter_group"]},"description":"The db parameter group id"},"db_subnet_group_arn":{"expression":{"references":["module.db_subnet_group.db_subnet_group_arn","module.db_subnet_group"]},"description":"The ARN of the db subnet group"},"db_subnet_group_id":{"expression":{"references":["module.db_subnet_group.db_subnet_group_id","module.db_subnet_group"]},"description":"The db subnet group name"},"enhanced_monitoring_iam_role_arn":{"expression":{"references":["module.db_instance.enhanced_monitoring_iam_role_arn","module.db_instance"]},"description":"The Amazon Resource Name (ARN) specifying the monitoring role"},"enhanced_monitoring_iam_role_name":{"expression":{"references":["module.db_instance.enhanced_monitoring_iam_role_name","module.db_instance"]},"description":"The name of the monitoring role"}},"module_calls":{"db_instance":{"source":"./modules/db_instance","expressions":{"allocated_storage":{"references":["var.allocated_storage"]},"allow_major_version_upgrade":{"references":["var.allow_major_version_upgrade"]},"apply_immediately":{"references":["var.apply_immediately"]},"auto_minor_version_upgrade":{"references":["var.auto_minor_version_upgrade"]},"availability_zone":{"references":["var.availability_zone"]},"backup_retention_period":{"references":["var.backup_retention_period"]},"backup_window":{"references":["var.backup_window"]},"blue_green_update":{"references":["var.blue_green_update"]},"ca_cert_identifier":{"references":["var.ca_cert_identifier"]},"character_set_name":{"references":["var.character_set_name"]},"cloudwatch_log_group_class":{"references":["var.cloudwatch_log_group_class"]},"cloudwatch_log_group_kms_key_id":{"references":["var.cloudwatch_log_group_kms_key_id"]},"cloudwatch_log_group_retention_in_days":{"references":["var.cloudwatch_log_group_retention_in_days"]},"cloudwatch_log_group_skip_destroy":{"references":["var.cloudwatch_log_group_skip_destroy"]},"cloudwatch_log_group_tags":{"references":["var.cloudwatch_log_group_tags"]},"copy_tags_to_snapshot":{"references":["var.copy_tags_to_snapshot"]},"create":{"references":["local.create_db_instance"]},"create_cloudwatch_log_group":{"references":["var.create_cloudwatch_log_group"]},"create_monitoring_role":{"references":["var.create_monitoring_role"]},"custom_iam_instance_profile":{"references":["var.custom_iam_instance_profile"]},"db_instance_tags":{"references":["var.db_instance_tags"]},"db_name":{"references":["var.db_name"]},"db_subnet_group_name":{"references":["local.db_subnet_group_name"]},"dedicated_log_volume":{"references":["var.dedicated_log_volume"]},"delete_automated_backups":{"references":["var.delete_automated_backups"]},"deletion_protection":{"references":["var.deletion_protection"]},"domain":{"references":["var.domain"]},"domain_auth_secret_arn":{"references":["var.domain_auth_secret_arn"]},"domain_dns_ips":{"references":["var.domain_dns_ips"]},"domain_fqdn":{"references":["var.domain_fqdn"]},"domain_iam_role_name":{"references":["var.domain_iam_role_name"]},"domain_ou":{"references":["var.domain_ou"]},"enabled_cloudwatch_logs_exports":{"references":["var.enabled_cloudwatch_logs_exports"]},"engine":{"references":["var.engine"]},"engine_lifecycle_support":{"references":["var.engine_lifecycle_support"]},"engine_version":{"references":["var.engine_version"]},"final_snapshot_identifier_prefix":{"references":["var.final_snapshot_identifier_prefix"]},"iam_database_authentication_enabled":{"references":["var.iam_database_authentication_enabled"]},"identifier":{"references":["var.identifier"]},"instance_class":{"references":["var.instance_class"]},"iops":{"references":["var.iops"]},"kms_key_id":{"references":["var.kms_key_id"]},"license_model":{"references":["var.license_model"]},"maintenance_window":{"references":["var.maintenance_window"]},"manage_master_user_password":{"references":["var.manage_master_user_password"]},"manage_master_user_password_rotation":{"references":["var.manage_master_user_password_rotation"]},"master_user_password_rotate_immediately":{"references":["var.master_user_password_rotate_immediately"]},"master_user_password_rotation_automatically_after_days":{"references":["var.master_user_password_rotation_automatically_after_days"]},"master_user_password_rotation_duration":{"references":["var.master_user_password_rotation_duration"]},"master_user_password_rotation_schedule_expression":{"references":["var.master_user_password_rotation_schedule_expression"]},"master_user_secret_kms_key_id":{"references":["var.master_user_secret_kms_key_id"]},"max_allocated_storage":{"references":["var.max_allocated_storage"]},"monitoring_interval":{"references":["var.monitoring_interval"]},"monitoring_role_arn":{"references":["var.monitoring_role_arn"]},"monitoring_role_description":{"references":["var.monitoring_role_description"]},"monitoring_role_name":{"references":["var.monitoring_role_name"]},"monitoring_role_permissions_boundary":{"references":["var.monitoring_role_permissions_boundary"]},"monitoring_role_use_name_prefix":{"references":["var.monitoring_role_use_name_prefix"]},"multi_az":{"references":["var.multi_az"]},"nchar_character_set_name":{"references":["var.nchar_character_set_name"]},"network_type":{"references":["var.network_type"]},"option_group_name":{"references":["var.engine","local.option_group"]},"parameter_group_name":{"references":["local.parameter_group_name_id"]},"password":{"references":["var.manage_master_user_password","var.password"]},"performance_insights_enabled":{"references":["var.performance_insights_enabled"]},"performance_insights_kms_key_id":{"references":["var.performance_insights_enabled","var.performance_insights_kms_key_id"]},"performance_insights_retention_period":{"references":["var.performance_insights_retention_period"]},"port":{"references":["var.port"]},"publicly_accessible":{"references":["var.publicly_accessible"]},"replica_mode":{"references":["var.replica_mode"]},"replicate_source_db":{"references":["var.replicate_source_db"]},"restore_to_point_in_time":{"references":["var.restore_to_point_in_time"]},"s3_import":{"references":["var.s3_import"]},"skip_final_snapshot":{"references":["var.skip_final_snapshot"]},"snapshot_identifier":{"references":["var.snapshot_identifier"]},"storage_encrypted":{"references":["var.storage_encrypted"]},"storage_throughput":{"references":["var.storage_throughput"]},"storage_type":{"references":["var.storage_type"]},"tags":{"references":["var.tags"]},"timeouts":{"references":["var.timeouts"]},"timezone":{"references":["var.timezone"]},"upgrade_storage_config":{"references":["var.upgrade_storage_config"]},"use_identifier_prefix":{"references":["var.instance_use_identifier_prefix"]},"username":{"references":["var.username"]},"vpc_security_group_ids":{"references":["var.vpc_security_group_ids"]}},"module":{"outputs":{"db_instance_address":{"expression":{"references":["aws_db_instance.this[0].address","aws_db_instance.this[0]","aws_db_instance.this"]},"description":"The address of the RDS instance"},"db_instance_arn":{"expression":{"references":["aws_db_instance.this[0].arn","aws_db_instance.this[0]","aws_db_instance.this"]},"description":"The ARN of the RDS instance"},"db_instance_availability_zone":{"expression":{"references":["aws_db_instance.this[0].availability_zone","aws_db_instance.this[0]","aws_db_instance.this"]},"description":"The availability zone of the RDS instance"},"db_instance_ca_cert_identifier":{"expression":{"references":["aws_db_instance.this[0].ca_cert_identifier","aws_db_instance.this[0]","aws_db_instance.this"]},"description":"Specifies the identifier of the CA certificate for the DB instance"},"db_instance_cloudwatch_log_groups":{"expression":{"references":["aws_cloudwatch_log_group.this"]},"description":"Map of CloudWatch log groups created and their attributes"},"db_instance_domain":{"expression":{"references":["aws_db_instance.this[0].domain","aws_db_instance.this[0]","aws_db_instance.this"]},"description":"The ID of the Directory Service Active Directory domain the instance is joined to"},"db_instance_domain_auth_secret_arn":{"expression":{"references":["aws_db_instance.this[0].domain_auth_secret_arn","aws_db_instance.this[0]","aws_db_instance.this"]},"description":"The ARN for the Secrets Manager secret with the self managed Active Directory credentials for the user joining the domain"},"db_instance_domain_dns_ips":{"expression":{"references":["aws_db_instance.this[0].domain_dns_ips","aws_db_instance.this[0]","aws_db_instance.this"]},"description":"The IPv4 DNS IP addresses of your primary and secondary self managed Active Directory domain controllers"},"db_instance_domain_fqdn":{"expression":{"references":["aws_db_instance.this[0].domain_fqdn","aws_db_instance.this[0]","aws_db_instance.this"]},"description":"The fully qualified domain name (FQDN) of an self managed Active Directory domain"},"db_instance_domain_iam_role_name":{"expression":{"references":["aws_db_instance.this[0].domain_iam_role_name","aws_db_instance.this[0]","aws_db_instance.this"]},"description":"The name of the IAM role to be used when making API calls to the Directory Service"},"db_instance_domain_ou":{"expression":{"references":["aws_db_instance.this[0].domain_ou","aws_db_instance.this[0]","aws_db_instance.this"]},"description":"The self managed Active Directory organizational unit for your DB instance to join"},"db_instance_endpoint":{"expression":{"references":["aws_db_instance.this[0].endpoint","aws_db_instance.this[0]","aws_db_instance.this"]},"description":"The connection endpoint"},"db_instance_engine":{"expression":{"references":["aws_db_instance.this[0].engine","aws_db_instance.this[0]","aws_db_instance.this"]},"description":"The database engine"},"db_instance_engine_version_actual":{"expression":{"references":["aws_db_instance.this[0].engine_version_actual","aws_db_instance.this[0]","aws_db_instance.this"]},"description":"The running version of the database"},"db_instance_hosted_zone_id":{"expression":{"references":["aws_db_instance.this[0].hosted_zone_id","aws_db_instance.this[0]","aws_db_instance.this"]},"description":"The canonical hosted zone ID of the DB instance (to be used in a Route 53 Alias record)"},"db_instance_identifier":{"expression":{"references":["aws_db_instance.this[0].identifier","aws_db_instance.this[0]","aws_db_instance.this"]},"description":"The RDS instance identifier"},"db_instance_master_user_secret_arn":{"expression":{"references":["aws_db_instance.this[0].master_user_secret[0].secret_arn","aws_db_instance.this[0].master_user_secret[0]","aws_db_instance.this[0].master_user_secret","aws_db_instance.this[0]","aws_db_instance.this"]},"description":"The ARN of the master user secret (Only available when manage_master_user_password is set to true)"},"db_instance_name":{"expression":{"references":["aws_db_instance.this[0].db_name","aws_db_instance.this[0]","aws_db_instance.this"]},"description":"The database name"},"db_instance_port":{"expression":{"references":["aws_db_instance.this[0].port","aws_db_instance.this[0]","aws_db_instance.this"]},"description":"The database port"},"db_instance_resource_id":{"expression":{"references":["aws_db_instance.this[0].resource_id","aws_db_instance.this[0]","aws_db_instance.this"]},"description":"The RDS Resource ID of this instance"},"db_instance_secretsmanager_secret_rotation_enabled":{"expression":{"references":["aws_secretsmanager_secret_rotation.this[0].rotation_enabled","aws_secretsmanager_secret_rotation.this[0]","aws_secretsmanager_secret_rotation.this"]},"description":"Specifies whether automatic rotation is enabled for the secret"},"db_instance_status":{"expression":{"references":["aws_db_instance.this[0].status","aws_db_instance.this[0]","aws_db_instance.this"]},"description":"The RDS instance status"},"db_instance_username":{"sensitive":true,"expression":{"references":["aws_db_instance.this[0].username","aws_db_instance.this[0]","aws_db_instance.this"]},"description":"The master username for the database"},"db_listener_endpoint":{"expression":{"references":["aws_db_instance.this[0].listener_endpoint","aws_db_instance.this[0]","aws_db_instance.this"]},"description":"Specifies the listener connection endpoint for SQL Server Always On"},"enhanced_monitoring_iam_role_arn":{"expression":{"references":["aws_iam_role.enhanced_monitoring[0].arn","aws_iam_role.enhanced_monitoring[0]","aws_iam_role.enhanced_monitoring"]},"description":"The Amazon Resource Name (ARN) specifying the monitoring role"},"enhanced_monitoring_iam_role_name":{"expression":{"references":["aws_iam_role.enhanced_monitoring[0].name","aws_iam_role.enhanced_monitoring[0]","aws_iam_role.enhanced_monitoring"]},"description":"The name of the monitoring role"}},"resources":[{"address":"aws_cloudwatch_log_group.this","mode":"managed","type":"aws_cloudwatch_log_group","name":"this","provider_config_key":"aws","expressions":{"kms_key_id":{"references":["var.cloudwatch_log_group_kms_key_id"]},"log_group_class":{"references":["var.cloudwatch_log_group_class"]},"name":{"references":["var.identifier","each.value"]},"retention_in_days":{"references":["var.cloudwatch_log_group_retention_in_days"]},"skip_destroy":{"references":["var.cloudwatch_log_group_skip_destroy"]},"tags":{"references":["var.tags","var.cloudwatch_log_group_tags"]}},"schema_version":0,"for_each_expression":{"references":["var.enabled_cloudwatch_logs_exports","var.create","var.create_cloudwatch_log_group","var.use_identifier_prefix"]}},{"address":"aws_db_instance.this","mode":"managed","type":"aws_db_instance","name":"this","provider_config_key":"aws","expressions":{"allocated_storage":{"references":["var.allocated_storage"]},"allow_major_version_upgrade":{"references":["var.allow_major_version_upgrade"]},"apply_immediately":{"references":["var.apply_immediately"]},"auto_minor_version_upgrade":{"references":["var.auto_minor_version_upgrade"]},"availability_zone":{"references":["var.availability_zone"]},"backup_retention_period":{"references":["var.blue_green_update","var.backup_retention_period","var.backup_retention_period"]},"backup_window":{"references":["var.backup_window"]},"ca_cert_identifier":{"references":["var.ca_cert_identifier"]},"character_set_name":{"references":["var.character_set_name"]},"copy_tags_to_snapshot":{"references":["var.copy_tags_to_snapshot"]},"custom_iam_instance_profile":{"references":["var.custom_iam_instance_profile"]},"db_name":{"references":["var.db_name"]},"db_subnet_group_name":{"references":["var.db_subnet_group_name"]},"dedicated_log_volume":{"references":["var.dedicated_log_volume"]},"delete_automated_backups":{"references":["var.delete_automated_backups"]},"deletion_protection":{"references":["var.deletion_protection"]},"domain":{"references":["var.domain"]},"domain_auth_secret_arn":{"references":["var.domain_auth_secret_arn"]},"domain_dns_ips":{"references":["var.domain_dns_ips"]},"domain_fqdn":{"references":["var.domain_fqdn"]},"domain_iam_role_name":{"references":["var.domain_iam_role_name"]},"domain_ou":{"references":["var.domain_ou"]},"enabled_cloudwatch_logs_exports":{"references":["var.enabled_cloudwatch_logs_exports"]},"engine":{"references":["local.is_replica","var.engine"]},"engine_lifecycle_support":{"references":["var.engine_lifecycle_support"]},"engine_version":{"references":["var.engine_version"]},"final_snapshot_identifier":{"references":["local.final_snapshot_identifier"]},"iam_database_authentication_enabled":{"references":["var.iam_database_authentication_enabled"]},"identifier":{"references":["local.identifier"]},"identifier_prefix":{"references":["local.identifier_prefix"]},"instance_class":{"references":["var.instance_class"]},"iops":{"references":["var.iops"]},"kms_key_id":{"references":["var.kms_key_id"]},"license_model":{"references":["var.license_model"]},"maintenance_window":{"references":["var.maintenance_window"]},"manage_master_user_password":{"references":["local.is_replica","var.manage_master_user_password","var.manage_master_user_password"]},"master_user_secret_kms_key_id":{"references":["local.is_replica","var.manage_master_user_password","var.master_user_secret_kms_key_id"]},"max_allocated_storage":{"references":["var.max_allocated_storage"]},"monitoring_interval":{"references":["var.monitoring_interval"]},"monitoring_role_arn":{"references":["var.monitoring_interval","local.monitoring_role_arn"]},"multi_az":{"references":["var.multi_az"]},"nchar_character_set_name":{"references":["var.nchar_character_set_name"]},"network_type":{"references":["var.network_type"]},"option_group_name":{"references":["var.option_group_name"]},"parameter_group_name":{"references":["var.parameter_group_name"]},"password":{"references":["local.is_replica","var.manage_master_user_password","var.password"]},"performance_insights_enabled":{"references":["var.performance_insights_enabled"]},"performance_insights_kms_key_id":{"references":["var.performance_insights_enabled","var.performance_insights_kms_key_id"]},"performance_insights_retention_period":{"references":["var.performance_insights_enabled","var.performance_insights_retention_period"]},"port":{"references":["var.port"]},"publicly_accessible":{"references":["var.publicly_accessible"]},"replica_mode":{"references":["var.replica_mode"]},"replicate_source_db":{"references":["var.replicate_source_db"]},"skip_final_snapshot":{"references":["var.skip_final_snapshot"]},"snapshot_identifier":{"references":["var.snapshot_identifier"]},"storage_encrypted":{"references":["var.storage_encrypted"]},"storage_throughput":{"references":["var.storage_throughput"]},"storage_type":{"references":["var.storage_type"]},"tags":{"references":["var.tags","var.db_instance_tags"]},"timeouts":{"create":{"references":["var.timeouts"]},"delete":{"references":["var.timeouts"]},"update":{"references":["var.timeouts"]}},"timezone":{"references":["var.timezone"]},"upgrade_storage_config":{"references":["var.upgrade_storage_config"]},"username":{"references":["local.is_replica","var.username"]},"vpc_security_group_ids":{"references":["var.vpc_security_group_ids"]}},"schema_version":2,"count_expression":{"references":["var.create"]},"depends_on":["aws_cloudwatch_log_group.this"]},{"address":"aws_iam_role.enhanced_monitoring","mode":"managed","type":"aws_iam_role","name":"enhanced_monitoring","provider_config_key":"aws","expressions":{"assume_role_policy":{"references":["data.aws_iam_policy_document.enhanced_monitoring.json","data.aws_iam_policy_document.enhanced_monitoring"]},"description":{"references":["var.monitoring_role_description"]},"name":{"references":["local.monitoring_role_name"]},"name_prefix":{"references":["local.monitoring_role_name_prefix"]},"permissions_boundary":{"references":["var.monitoring_role_permissions_boundary"]},"tags":{"references":["var.monitoring_role_name","var.tags"]}},"schema_version":0,"count_expression":{"references":["var.create_monitoring_role"]}},{"address":"aws_iam_role_policy_attachment.enhanced_monitoring","mode":"managed","type":"aws_iam_role_policy_attachment","name":"enhanced_monitoring","provider_config_key":"aws","expressions":{"policy_arn":{"references":["data.aws_partition.current.partition","data.aws_partition.current"]},"role":{"references":["aws_iam_role.enhanced_monitoring[0].name","aws_iam_role.enhanced_monitoring[0]","aws_iam_role.enhanced_monitoring"]}},"schema_version":0,"count_expression":{"references":["var.create_monitoring_role"]}},{"address":"aws_secretsmanager_secret_rotation.this","mode":"managed","type":"aws_secretsmanager_secret_rotation","name":"this","provider_config_key":"aws","expressions":{"rotate_immediately":{"references":["var.master_user_password_rotate_immediately"]},"rotation_rules":[{"automatically_after_days":{"references":["var.master_user_password_rotation_automatically_after_days"]},"duration":{"references":["var.master_user_password_rotation_duration"]},"schedule_expression":{"references":["var.master_user_password_rotation_schedule_expression"]}}],"secret_id":{"references":["aws_db_instance.this[0].master_user_secret[0].secret_arn","aws_db_instance.this[0].master_user_secret[0]","aws_db_instance.this[0].master_user_secret","aws_db_instance.this[0]","aws_db_instance.this"]}},"schema_version":1,"count_expression":{"references":["var.create","var.manage_master_user_password","var.manage_master_user_password_rotation"]}},{"address":"random_id.snapshot_identifier","mode":"managed","type":"random_id","name":"snapshot_identifier","provider_config_key":"module.rds.module.db_instance:random","expressions":{"byte_length":{"constant_value":4},"keepers":{"references":["var.identifier"]}},"schema_version":0,"count_expression":{"references":["var.create","var.skip_final_snapshot"]}},{"address":"data.aws_iam_policy_document.enhanced_monitoring","mode":"data","type":"aws_iam_policy_document","name":"enhanced_monitoring","provider_config_key":"aws","expressions":{"statement":[{"actions":{"constant_value":["sts:AssumeRole"]},"principals":[{"identifiers":{"constant_value":["monitoring.rds.amazonaws.com"]},"type":{"constant_value":"Service"}}]}]},"schema_version":0},{"address":"data.aws_partition.current","mode":"data","type":"aws_partition","name":"current","provider_config_key":"aws","schema_version":0}],"variables":{"allocated_storage":{"default":null,"description":"The allocated storage in gigabytes"},"allow_major_version_upgrade":{"default":false,"description":"Indicates that major version upgrades are allowed. Changing this parameter does not result in an outage and the change is asynchronously applied as soon as possible"},"apply_immediately":{"default":false,"description":"Specifies whether any database modifications are applied immediately, or during the next maintenance window"},"auto_minor_version_upgrade":{"default":true,"description":"Indicates that minor engine upgrades will be applied automatically to the DB instance during the maintenance window"},"availability_zone":{"default":null,"description":"The Availability Zone of the RDS instance"},"backup_retention_period":{"default":null,"description":"The days to retain backups for"},"backup_window":{"default":null,"description":"The daily time range (in UTC) during which automated backups are created if they are enabled. Example: '09:46-10:16'. Must not overlap with maintenance_window"},"blue_green_update":{"default":{},"description":"Enables low-downtime updates using RDS Blue/Green deployments."},"ca_cert_identifier":{"default":null,"description":"Specifies the identifier of the CA certificate for the DB instance"},"character_set_name":{"default":null,"description":"The character set name to use for DB encoding in Oracle instances. This can't be changed. See Oracle Character Sets Supported in Amazon RDS and Collations and Character Sets for Microsoft SQL Server for more information. This can only be set on creation."},"cloudwatch_log_group_class":{"default":null,"description":"Specified the log class of the log group. Possible values are: STANDARD or INFREQUENT_ACCESS"},"cloudwatch_log_group_kms_key_id":{"default":null,"description":"The ARN of the KMS Key to use when encrypting log data"},"cloudwatch_log_group_retention_in_days":{"default":7,"description":"The number of days to retain CloudWatch logs for the DB instance"},"cloudwatch_log_group_skip_destroy":{"default":null,"description":"Set to true if you do not wish the log group (and any logs it may contain) to be deleted at destroy time, and instead just remove the log group from the Terraform state"},"cloudwatch_log_group_tags":{"default":{},"description":"Additional tags for the CloudWatch log group(s)"},"copy_tags_to_snapshot":{"default":false,"description":"On delete, copy all Instance tags to the final snapshot"},"create":{"default":true,"description":"Whether to create this resource or not?"},"create_cloudwatch_log_group":{"default":false,"description":"Determines whether a CloudWatch log group is created for each `enabled_cloudwatch_logs_exports`"},"create_monitoring_role":{"default":false,"description":"Create IAM role with a defined name that permits RDS to send enhanced monitoring metrics to CloudWatch Logs."},"custom_iam_instance_profile":{"default":null,"description":"RDS custom iam instance profile"},"db_instance_tags":{"default":{},"description":"A map of additional tags for the DB instance"},"db_name":{"default":null,"description":"The DB name to create. If omitted, no database is created initially"},"db_subnet_group_name":{"default":null,"description":"Name of DB subnet group. DB instance will be created in the VPC associated with the DB subnet group. If unspecified, will be created in the default VPC"},"dedicated_log_volume":{"default":false,"description":"Use a dedicated log volume (DLV) for the DB instance. Requires Provisioned IOPS."},"delete_automated_backups":{"default":true,"description":"Specifies whether to remove automated backups immediately after the DB instance is deleted"},"deletion_protection":{"default":false,"description":"The database can't be deleted when this value is set to true."},"domain":{"default":null,"description":"The ID of the Directory Service Active Directory domain to create the instance in"},"domain_auth_secret_arn":{"default":null,"description":"(Optional, but required if domain_fqdn is provided) The ARN for the Secrets Manager secret with the self managed Active Directory credentials for the user joining the domain. Conflicts with domain and domain_iam_role_name."},"domain_dns_ips":{"default":null,"description":"(Optional, but required if domain_fqdn is provided) The IPv4 DNS IP addresses of your primary and secondary self managed Active Directory domain controllers. Two IP addresses must be provided. If there isn't a secondary domain controller, use the IP address of the primary domain controller for both entries in the list. Conflicts with domain and domain_iam_role_name."},"domain_fqdn":{"default":null,"description":"The fully qualified domain name (FQDN) of the self managed Active Directory domain. Conflicts with domain and domain_iam_role_name."},"domain_iam_role_name":{"default":null,"description":"(Required if domain is provided) The name of the IAM role to be used when making API calls to the Directory Service"},"domain_ou":{"default":null,"description":"(Optional, but required if domain_fqdn is provided) The self managed Active Directory organizational unit for your DB instance to join. Conflicts with domain and domain_iam_role_name."},"enabled_cloudwatch_logs_exports":{"default":[],"description":"List of log types to enable for exporting to CloudWatch logs. If omitted, no logs will be exported. Valid values (depending on engine): alert, audit, error, general, listener, slowquery, trace, postgresql (PostgreSQL), upgrade (PostgreSQL)."},"engine":{"default":null,"description":"The database engine to use"},"engine_lifecycle_support":{"default":null,"description":"The life cycle type for this DB instance. This setting applies only to RDS for MySQL and RDS for PostgreSQL. Valid values are `open-source-rds-extended-support`, `open-source-rds-extended-support-disabled`. Default value is `open-source-rds-extended-support`."},"engine_version":{"default":null,"description":"The engine version to use"},"final_snapshot_identifier_prefix":{"default":"final","description":"The name which is prefixed to the final snapshot on cluster destroy"},"iam_database_authentication_enabled":{"default":false,"description":"Specifies whether or mappings of AWS Identity and Access Management (IAM) accounts to database accounts is enabled"},"identifier":{"description":"The name of the RDS instance"},"instance_class":{"default":null,"description":"The instance type of the RDS instance"},"iops":{"default":null,"description":"The amount of provisioned IOPS. Setting this implies a storage_type of 'io1' or `gp3`. See `notes` for limitations regarding this variable for `gp3`"},"kms_key_id":{"default":null,"description":"The ARN for the KMS encryption key. If creating an encrypted replica, set this to the destination KMS ARN. If storage_encrypted is set to true and kms_key_id is not specified the default KMS key created in your account will be used"},"license_model":{"default":null,"description":"License model information for this DB instance. Optional, but required for some DB engines, i.e. Oracle SE1"},"maintenance_window":{"default":null,"description":"The window to perform maintenance in. Syntax: 'ddd:hh24:mi-ddd:hh24:mi'. Eg: 'Mon:00:00-Mon:03:00'"},"manage_master_user_password":{"default":true,"description":"Set to true to allow RDS to manage the master user password in Secrets Manager. Cannot be set if password is provided"},"manage_master_user_password_rotation":{"default":false,"description":"Whether to manage the master user password rotation. By default, false on creation, rotation is managed by RDS. Setting this value to false after previously having been set to true will disable automatic rotation."},"master_user_password_rotate_immediately":{"default":null,"description":"Specifies whether to rotate the secret immediately or wait until the next scheduled rotation window."},"master_user_password_rotation_automatically_after_days":{"default":null,"description":"Specifies the number of days between automatic scheduled rotations of the secret. Either automatically_after_days or schedule_expression must be specified."},"master_user_password_rotation_duration":{"default":null,"description":"The length of the rotation window in hours. For example, 3h for a three hour window."},"master_user_password_rotation_schedule_expression":{"default":null,"description":"A cron() or rate() expression that defines the schedule for rotating your secret. Either automatically_after_days or schedule_expression must be specified."},"master_user_secret_kms_key_id":{"default":null,"description":"  The key ARN, key ID, alias ARN or alias name for the KMS key to encrypt the master user password secret in Secrets Manager.\n  If not specified, the default KMS key for your Amazon Web Services account is used.\n"},"max_allocated_storage":{"default":0,"description":"Specifies the value for Storage Autoscaling"},"monitoring_interval":{"default":0,"description":"The interval, in seconds, between points when Enhanced Monitoring metrics are collected for the DB instance. To disable collecting Enhanced Monitoring metrics, specify 0. The default is 0. Valid Values: 0, 1, 5, 10, 15, 30, 60."},"monitoring_role_arn":{"default":null,"description":"The ARN for the IAM role that permits RDS to send enhanced monitoring metrics to CloudWatch Logs. Must be specified if monitoring_interval is non-zero."},"monitoring_role_description":{"default":null,"description":"Description of the monitoring IAM role"},"monitoring_role_name":{"default":"rds-monitoring-role","description":"Name of the IAM role which will be created when create_monitoring_role is enabled."},"monitoring_role_permissions_boundary":{"default":null,"description":"ARN of the policy that is used to set the permissions boundary for the monitoring IAM role"},"monitoring_role_use_name_prefix":{"default":false,"description":"Determines whether to use `monitoring_role_name` as is or create a unique identifier beginning with `monitoring_role_name` as the specified prefix"},"multi_az":{"default":false,"description":"Specifies if the RDS instance is multi-AZ"},"nchar_character_set_name":{"default":null,"description":"The national character set is used in the NCHAR, NVARCHAR2, and NCLOB data types for Oracle instances. This can't be changed."},"network_type":{"default":null,"description":"The type of network stack"},"option_group_name":{"default":null,"description":"Name of the DB option group to associate."},"parameter_group_name":{"default":null,"description":"Name of the DB parameter group to associate"},"password":{"default":null,"description":"Password for the master DB user. Note that this may show up in logs, and it will be stored in the state file"},"performance_insights_enabled":{"default":false,"description":"Specifies whether Performance Insights are enabled"},"performance_insights_kms_key_id":{"default":null,"description":"The ARN for the KMS key to encrypt Performance Insights data."},"performance_insights_retention_period":{"default":7,"description":"The amount of time in days to retain Performance Insights data. Either 7 (7 days) or 731 (2 years)."},"port":{"default":null,"description":"The port on which the DB accepts connections"},"publicly_accessible":{"default":false,"description":"Bool to control if instance is publicly accessible"},"replica_mode":{"default":null,"description":"Specifies whether the replica is in either mounted or open-read-only mode. This attribute is only supported by Oracle instances. Oracle replicas operate in open-read-only mode unless otherwise specified"},"replicate_source_db":{"default":null,"description":"Specifies that this resource is a Replicate database, and to use this value as the source database. This correlates to the identifier of another Amazon RDS Database to replicate."},"restore_to_point_in_time":{"default":null,"description":"Restore to a point in time (MySQL is NOT supported)"},"s3_import":{"default":null,"description":"Restore from a Percona Xtrabackup in S3 (only MySQL is supported)"},"skip_final_snapshot":{"default":false,"description":"Determines whether a final DB snapshot is created before the DB instance is deleted. If true is specified, no DBSnapshot is created. If false is specified, a DB snapshot is created before the DB instance is deleted"},"snapshot_identifier":{"default":null,"description":"Specifies whether or not to create this database from a snapshot. This correlates to the snapshot ID you'd find in the RDS console, e.g: rds:production-2015-06-26-06-05."},"storage_encrypted":{"default":true,"description":"Specifies whether the DB instance is encrypted"},"storage_throughput":{"default":null,"description":"Storage throughput value for the DB instance. This setting applies only to the `gp3` storage type. See `notes` for limitations regarding this variable for `gp3`"},"storage_type":{"default":null,"description":"One of 'standard' (magnetic), 'gp2' (general purpose SSD), 'gp3' (new generation of general purpose SSD), or 'io1' (provisioned IOPS SSD). The default is 'io1' if iops is specified, 'gp2' if not. If you specify 'io1' or 'gp3' , you must also include a value for the 'iops' parameter"},"tags":{"default":{},"description":"A mapping of tags to assign to all resources"},"timeouts":{"default":{},"description":"Updated Terraform resource management timeouts. Applies to `aws_db_instance` in particular to permit resource management times"},"timezone":{"default":null,"description":"Time zone of the DB instance. timezone is currently only supported by Microsoft SQL Server. The timezone can only be set on creation. See MSSQL User Guide for more information."},"upgrade_storage_config":{"default":null,"description":"Whether to upgrade the storage file system configuration on the read replica. Can only be set with replicate_source_db."},"use_identifier_prefix":{"default":false,"description":"Determines whether to use `identifier` as is or create a unique identifier beginning with `identifier` as the specified prefix"},"username":{"default":null,"description":"Username for the master DB user"},"vpc_security_group_ids":{"default":[],"description":"List of VPC security groups to associate"}}}},"db_instance_role_association":{"source":"./modules/db_instance_role_association","expressions":{"db_instance_identifier":{"references":["module.db_instance.db_instance_identifier","module.db_instance"]},"feature_name":{"references":["each.key"]},"role_arn":{"references":["each.value"]}},"for_each_expression":{"references":["var.db_instance_role_associations","var.create_db_instance"]},"module":{"outputs":{"db_instance_role_association_id":{"expression":{"references":["aws_db_instance_role_association.this[0].id","aws_db_instance_role_association.this[0]","aws_db_instance_role_association.this"]},"description":"DB Instance Identifier and IAM Role ARN separated by a comma"}},"resources":[{"address":"aws_db_instance_role_association.this","mode":"managed","type":"aws_db_instance_role_association","name":"this","provider_config_key":"aws","expressions":{"db_instance_identifier":{"references":["var.db_instance_identifier"]},"feature_name":{"references":["var.feature_name"]},"role_arn":{"references":["var.role_arn"]}},"schema_version":0,"count_expression":{"references":["var.create"]}}],"variables":{"create":{"default":true,"description":"Determines whether to create a DB instance role association"},"db_instance_identifier":{"default":null,"description":"The database instance identifier to associate the role"},"feature_name":{"default":null,"description":"Name of the feature for association"},"role_arn":{"default":null,"description":"Amazon Resource Name (ARN) of the IAM Role to associate with the DB Instance"}}}},"db_option_group":{"source":"./modules/db_option_group","expressions":{"create":{"references":["local.create_db_option_group"]},"engine_name":{"references":["var.engine"]},"major_engine_version":{"references":["var.major_engine_version"]},"name":{"references":["var.option_group_name","var.identifier"]},"option_group_description":{"references":["var.option_group_description"]},"options":{"references":["var.options"]},"skip_destroy":{"references":["var.option_group_skip_destroy"]},"tags":{"references":["var.tags","var.db_option_group_tags"]},"timeouts":{"references":["var.option_group_timeouts"]},"use_name_prefix":{"references":["var.option_group_use_name_prefix"]}},"module":{"outputs":{"db_option_group_arn":{"expression":{"references":["aws_db_option_group.this[0].arn","aws_db_option_group.this[0]","aws_db_option_group.this"]},"description":"The ARN of the db option group"},"db_option_group_id":{"expression":{"references":["aws_db_option_group.this[0].id","aws_db_option_group.this[0]","aws_db_option_group.this"]},"description":"The db option group id"}},"resources":[{"address":"aws_db_option_group.this","mode":"managed","type":"aws_db_option_group","name":"this","provider_config_key":"aws","expressions":{"engine_name":{"references":["var.engine_name"]},"major_engine_version":{"references":["var.major_engine_version"]},"name":{"references":["local.name"]},"name_prefix":{"references":["local.name_prefix"]},"option_group_description":{"references":["local.description"]},"skip_destroy":{"references":["var.skip_destroy"]},"tags":{"references":["var.tags","var.name"]},"timeouts":{"delete":{"references":["var.timeouts"]}}},"schema_version":0,"count_expression":{"references":["var.create"]}}],"variables":{"create":{"default":true,"description":"Whether to create this resource or not?"},"engine_name":{"default":null,"description":"Specifies the name of the engine that this option group should be associated with"},"major_engine_version":{"default":null,"description":"Specifies the major version of the engine that this option group should be associated with"},"name":{"default":"","description":"The name of the option group"},"option_group_description":{"default":null,"description":"The description of the option group"},"options":{"default":[],"description":"A list of Options to apply"},"skip_destroy":{"default":null,"description":"Set to true if you do not wish the option group to be deleted at destroy time, and instead just remove the option group from the Terraform state"},"tags":{"default":{},"description":"A mapping of tags to assign to the resource"},"timeouts":{"default":{},"description":"Define maximum timeout for deletion of `aws_db_option_group` resource"},"use_name_prefix":{"default":true,"description":"Determines whether to use `name` as is or create a unique name beginning with `name` as the specified prefix"}}}},"db_parameter_group":{"source":"./modules/db_parameter_group","expressions":{"create":{"references":["local.create_db_parameter_group"]},"description":{"references":["var.parameter_group_description"]},"family":{"references":["var.family"]},"name":{"references":["var.parameter_group_name","var.identifier"]},"parameters":{"references":["var.parameters"]},"skip_destroy":{"references":["var.parameter_group_skip_destroy"]},"tags":{"references":["var.tags","var.db_parameter_group_tags"]},"use_name_prefix":{"references":["var.parameter_group_use_name_prefix"]}},"module":{"outputs":{"db_parameter_group_arn":{"expression":{"references":["aws_db_parameter_group.this[0].arn","aws_db_parameter_group.this[0]","aws_db_parameter_group.this"]},"description":"The ARN of the db parameter group"},"db_parameter_group_id":{"expression":{"references":["aws_db_parameter_group.this[0].id","aws_db_parameter_group.this[0]","aws_db_parameter_group.this"]},"description":"The db parameter group id"}},"resources":[{"address":"aws_db_parameter_group.this","mode":"managed","type":"aws_db_parameter_group","name":"this","provider_config_key":"aws","expressions":{"description":{"references":["local.description"]},"family":{"references":["var.family"]},"name":{"references":["local.name"]},"name_prefix":{"references":["local.name_prefix"]},"skip_destroy":{"references":["var.skip_destroy"]},"tags":{"references":["var.tags","var.name"]}},"schema_version":0,"count_expression":{"references":["var.create"]}}],"variables":{"create":{"default":true,"description":"Whether to create this resource or not?"},"description":{"default":null,"description":"The description of the DB parameter group"},"family":{"default":null,"description":"The family of the DB parameter group"},"name":{"default":"","description":"The name of the DB parameter group"},"parameters":{"default":[],"description":"A list of DB parameter maps to apply"},"skip_destroy":{"default":null,"description":"Set to true if you do not wish the parameter group to be deleted at destroy time, and instead just remove the parameter group from the Terraform state"},"tags":{"default":{},"description":"A mapping of tags to assign to the resource"},"use_name_prefix":{"default":true,"description":"Determines whether to use `name` as is or create a unique name beginning with `name` as the specified prefix"}}}},"db_subnet_group":{"source":"./modules/db_subnet_group","expressions":{"create":{"references":["local.create_db_subnet_group"]},"description":{"references":["var.db_subnet_group_description"]},"name":{"references":["var.db_subnet_group_name","var.identifier"]},"subnet_ids":{"references":["var.subnet_ids"]},"tags":{"references":["var.tags","var.db_subnet_group_tags"]},"use_name_prefix":{"references":["var.db_subnet_group_use_name_prefix"]}},"module":{"outputs":{"db_subnet_group_arn":{"expression":{"references":["aws_db_subnet_group.this[0].arn","aws_db_subnet_group.this[0]","aws_db_subnet_group.this"]},"description":"The ARN of the db subnet group"},"db_subnet_group_id":{"expression":{"references":["aws_db_subnet_group.this[0].id","aws_db_subnet_group.this[0]","aws_db_subnet_group.this"]},"description":"The db subnet group name"}},"resources":[{"address":"aws_db_subnet_group.this","mode":"managed","type":"aws_db_subnet_group","name":"this","provider_config_key":"aws","expressions":{"description":{"references":["local.description"]},"name":{"references":["local.name"]},"name_prefix":{"references":["local.name_prefix"]},"subnet_ids":{"references":["var.subnet_ids"]},"tags":{"references":["var.tags","var.name"]}},"schema_version":0,"count_expression":{"references":["var.create"]}}],"variables":{"create":{"default":true,"description":"Whether to create this resource or not?"},"description":{"default":null,"description":"The description of the DB subnet group"},"name":{"default":"","description":"The name of the DB subnet group"},"subnet_ids":{"default":[],"description":"A list of VPC subnet IDs"},"tags":{"default":{},"description":"A mapping of tags to assign to the resource"},"use_name_prefix":{"default":true,"description":"Determines whether to use `name` as is or create a unique name beginning with `name` as the specified prefix"}}}}},"variables":{"allocated_storage":{"default":null,"description":"The allocated storage in gigabytes"},"allow_major_version_upgrade":{"default":false,"description":"Indicates that major version upgrades are allowed. Changing this parameter does not result in an outage and the change is asynchronously applied as soon as possible"},"apply_immediately":{"default":false,"description":"Specifies whether any database modifications are applied immediately, or during the next maintenance window"},"auto_minor_version_upgrade":{"default":true,"description":"Indicates that minor engine upgrades will be applied automatically to the DB instance during the maintenance window"},"availability_zone":{"default":null,"description":"The Availability Zone of the RDS instance"},"backup_retention_period":{"default":null,"description":"The days to retain backups for"},"backup_window":{"default":null,"description":"The daily time range (in UTC) during which automated backups are created if they are enabled. Example: '09:46-10:16'. Must not overlap with maintenance_window"},"blue_green_update":{"default":{},"description":"Enables low-downtime updates using RDS Blue/Green deployments."},"ca_cert_identifier":{"default":null,"description":"Specifies the identifier of the CA certificate for the DB instance"},"character_set_name":{"default":null,"description":"The character set name to use for DB encoding in Oracle instances. This can't be changed. See Oracle Character Sets Supported in Amazon RDS and Collations and Character Sets for Microsoft SQL Server for more information. This can only be set on creation"},"cloudwatch_log_group_class":{"default":null,"description":"Specified the log class of the log group. Possible values are: STANDARD or INFREQUENT_ACCESS"},"cloudwatch_log_group_kms_key_id":{"default":null,"description":"The ARN of the KMS Key to use when encrypting log data"},"cloudwatch_log_group_retention_in_days":{"default":7,"description":"The number of days to retain CloudWatch logs for the DB instance"},"cloudwatch_log_group_skip_destroy":{"default":null,"description":"Set to true if you do not wish the log group (and any logs it may contain) to be deleted at destroy time, and instead just remove the log group from the Terraform state"},"cloudwatch_log_group_tags":{"default":{},"description":"Additional tags for the CloudWatch log group(s)"},"copy_tags_to_snapshot":{"default":false,"description":"On delete, copy all Instance tags to the final snapshot"},"create_cloudwatch_log_group":{"default":false,"description":"Determines whether a CloudWatch log group is created for each `enabled_cloudwatch_logs_exports`"},"create_db_instance":{"default":true,"description":"Whether to create a database instance"},"create_db_option_group":{"default":true,"description":"Create a database option group"},"create_db_parameter_group":{"default":true,"description":"Whether to create a database parameter group"},"create_db_subnet_group":{"default":false,"description":"Whether to create a database subnet group"},"create_monitoring_role":{"default":false,"description":"Create IAM role with a defined name that permits RDS to send enhanced monitoring metrics to CloudWatch Logs"},"custom_iam_instance_profile":{"default":null,"description":"RDS custom iam instance profile"},"db_instance_role_associations":{"default":{},"description":"A map of DB instance supported feature name to role association ARNs."},"db_instance_tags":{"default":{},"description":"Additional tags for the DB instance"},"db_name":{"default":null,"description":"The DB name to create. If omitted, no database is created initially"},"db_option_group_tags":{"default":{},"description":"Additional tags for the DB option group"},"db_parameter_group_tags":{"default":{},"description":"Additional tags for the  DB parameter group"},"db_subnet_group_description":{"default":null,"description":"Description of the DB subnet group to create"},"db_subnet_group_name":{"default":null,"description":"Name of DB subnet group. DB instance will be created in the VPC associated with the DB subnet group. If unspecified, will be created in the default VPC"},"db_subnet_group_tags":{"default":{},"description":"Additional tags for the DB subnet group"},"db_subnet_group_use_name_prefix":{"default":true,"description":"Determines whether to use `subnet_group_name` as is or create a unique name beginning with the `subnet_group_name` as the prefix"},"dedicated_log_volume":{"default":false,"description":"Use a dedicated log volume (DLV) for the DB instance. Requires Provisioned IOPS."},"delete_automated_backups":{"default":true,"description":"Specifies whether to remove automated backups immediately after the DB instance is deleted"},"deletion_protection":{"default":false,"description":"The database can't be deleted when this value is set to true"},"domain":{"default":null,"description":"The ID of the Directory Service Active Directory domain to create the instance in"},"domain_auth_secret_arn":{"default":null,"description":"(Optional, but required if domain_fqdn is provided) The ARN for the Secrets Manager secret with the self managed Active Directory credentials for the user joining the domain. Conflicts with domain and domain_iam_role_name."},"domain_dns_ips":{"default":null,"description":"(Optional, but required if domain_fqdn is provided) The IPv4 DNS IP addresses of your primary and secondary self managed Active Directory domain controllers. Two IP addresses must be provided. If there isn't a secondary domain controller, use the IP address of the primary domain controller for both entries in the list. Conflicts with domain and domain_iam_role_name."},"domain_fqdn":{"default":null,"description":"The fully qualified domain name (FQDN) of the self managed Active Directory domain. Conflicts with domain and domain_iam_role_name."},"domain_iam_role_name":{"default":null,"description":"(Required if domain is provided) The name of the IAM role to be used when making API calls to the Directory Service"},"domain_ou":{"default":null,"description":"(Optional, but required if domain_fqdn is provided) The self managed Active Directory organizational unit for your DB instance to join. Conflicts with domain and domain_iam_role_name."},"enabled_cloudwatch_logs_exports":{"default":[],"description":"List of log types to enable for exporting to CloudWatch logs. If omitted, no logs will be exported. Valid values (depending on engine): alert, audit, error, general, listener, slowquery, trace, postgresql (PostgreSQL), upgrade (PostgreSQL)"},"engine":{"default":null,"description":"The database engine to use"},"engine_lifecycle_support":{"default":null,"description":"The life cycle type for this DB instance. This setting applies only to RDS for MySQL and RDS for PostgreSQL. Valid values are `open-source-rds-extended-support`, `open-source-rds-extended-support-disabled`. Default value is `open-source-rds-extended-support`."},"engine_version":{"default":null,"description":"The engine version to use"},"family":{"default":null,"description":"The family of the DB parameter group"},"final_snapshot_identifier_prefix":{"default":"final","description":"The name which is prefixed to the final snapshot on cluster destroy"},"iam_database_authentication_enabled":{"default":false,"description":"Specifies whether or not the mappings of AWS Identity and Access Management (IAM) accounts to database accounts are enabled"},"identifier":{"description":"The name of the RDS instance"},"instance_class":{"default":null,"description":"The instance type of the RDS instance"},"instance_use_identifier_prefix":{"default":false,"description":"Determines whether to use `identifier` as is or create a unique identifier beginning with `identifier` as the specified prefix"},"iops":{"default":null,"description":"The amount of provisioned IOPS. Setting this implies a storage_type of 'io1' or `gp3`. See `notes` for limitations regarding this variable for `gp3`"},"kms_key_id":{"default":null,"description":"The ARN for the KMS encryption key. If creating an encrypted replica, set this to the destination KMS ARN. If storage_encrypted is set to true and kms_key_id is not specified the default KMS key created in your account will be used. Be sure to use the full ARN, not a key alias."},"license_model":{"default":null,"description":"License model information for this DB instance. Optional, but required for some DB engines, i.e. Oracle SE1"},"maintenance_window":{"default":null,"description":"The window to perform maintenance in. Syntax: 'ddd:hh24:mi-ddd:hh24:mi'. Eg: 'Mon:00:00-Mon:03:00'"},"major_engine_version":{"default":null,"description":"Specifies the major version of the engine that this option group should be associated with"},"manage_master_user_password":{"default":true,"description":"Set to true to allow RDS to manage the master user password in Secrets Manager"},"manage_master_user_password_rotation":{"default":false,"description":"Whether to manage the master user password rotation. By default, false on creation, rotation is managed by RDS. Setting this value to false after previously having been set to true will disable automatic rotation."},"master_user_password_rotate_immediately":{"default":null,"description":"Specifies whether to rotate the secret immediately or wait until the next scheduled rotation window."},"master_user_password_rotation_automatically_after_days":{"default":null,"description":"Specifies the number of days between automatic scheduled rotations of the secret. Either automatically_after_days or schedule_expression must be specified."},"master_user_password_rotation_duration":{"default":null,"description":"The length of the rotation window in hours. For example, 3h for a three hour window."},"master_user_password_rotation_schedule_expression":{"default":null,"description":"A cron() or rate() expression that defines the schedule for rotating your secret. Either automatically_after_days or schedule_expression must be specified."},"master_user_secret_kms_key_id":{"default":null,"description":"  The key ARN, key ID, alias ARN or alias name for the KMS key to encrypt the master user password secret in Secrets Manager.\n  If not specified, the default KMS key for your Amazon Web Services account is used.\n"},"max_allocated_storage":{"default":0,"description":"Specifies the value for Storage Autoscaling"},"monitoring_interval":{"default":0,"description":"The interval, in seconds, between points when Enhanced Monitoring metrics are collected for the DB instance. To disable collecting Enhanced Monitoring metrics, specify 0. The default is 0. Valid Values: 0, 1, 5, 10, 15, 30, 60"},"monitoring_role_arn":{"default":null,"description":"The ARN for the IAM role that permits RDS to send enhanced monitoring metrics to CloudWatch Logs. Must be specified if monitoring_interval is non-zero"},"monitoring_role_description":{"default":null,"description":"Description of the monitoring IAM role"},"monitoring_role_name":{"default":"rds-monitoring-role","description":"Name of the IAM role which will be created when create_monitoring_role is enabled"},"monitoring_role_permissions_boundary":{"default":null,"description":"ARN of the policy that is used to set the permissions boundary for the monitoring IAM role"},"monitoring_role_use_name_prefix":{"default":false,"description":"Determines whether to use `monitoring_role_name` as is or create a unique identifier beginning with `monitoring_role_name` as the specified prefix"},"multi_az":{"default":false,"description":"Specifies if the RDS instance is multi-AZ"},"nchar_character_set_name":{"default":null,"description":"The national character set is used in the NCHAR, NVARCHAR2, and NCLOB data types for Oracle instances. This can't be changed."},"network_type":{"default":null,"description":"The type of network stack to use"},"option_group_description":{"default":null,"description":"The description of the option group"},"option_group_name":{"default":null,"description":"Name of the option group"},"option_group_skip_destroy":{"default":null,"description":"Set to true if you do not wish the option group to be deleted at destroy time, and instead just remove the option group from the Terraform state"},"option_group_timeouts":{"default":{},"description":"Define maximum timeout for deletion of `aws_db_option_group` resource"},"option_group_use_name_prefix":{"default":true,"description":"Determines whether to use `option_group_name` as is or create a unique name beginning with the `option_group_name` as the prefix"},"options":{"default":[],"description":"A list of Options to apply"},"parameter_group_description":{"default":null,"description":"Description of the DB parameter group to create"},"parameter_group_name":{"default":null,"description":"Name of the DB parameter group to associate or create"},"parameter_group_skip_destroy":{"default":null,"description":"Set to true if you do not wish the parameter group to be deleted at destroy time, and instead just remove the parameter group from the Terraform state"},"parameter_group_use_name_prefix":{"default":true,"description":"Determines whether to use `parameter_group_name` as is or create a unique name beginning with the `parameter_group_name` as the prefix"},"parameters":{"default":[],"description":"A list of DB parameters (map) to apply"},"password":{"default":null,"description":"  Password for the master DB user. Note that this may show up in logs, and it will be stored in the state file.\n  The password provided will not be used if `manage_master_user_password` is set to true.\n","sensitive":true},"performance_insights_enabled":{"default":false,"description":"Specifies whether Performance Insights are enabled"},"performance_insights_kms_key_id":{"default":null,"description":"The ARN for the KMS key to encrypt Performance Insights data"},"performance_insights_retention_period":{"default":7,"description":"The amount of time in days to retain Performance Insights data. Valid values are `7`, `731` (2 years) or a multiple of `31`"},"port":{"default":null,"description":"The port on which the DB accepts connections"},"publicly_accessible":{"default":false,"description":"Bool to control if instance is publicly accessible"},"putin_khuylo":{"default":true,"description":"Do you agree that Putin doesn't respect Ukrainian sovereignty and territorial integrity? More info: https://en.wikipedia.org/wiki/Putin_khuylo!"},"replica_mode":{"default":null,"description":"Specifies whether the replica is in either mounted or open-read-only mode. This attribute is only supported by Oracle instances. Oracle replicas operate in open-read-only mode unless otherwise specified"},"replicate_source_db":{"default":null,"description":"Specifies that this resource is a Replicate database, and to use this value as the source database. This correlates to the identifier of another Amazon RDS Database to replicate"},"restore_to_point_in_time":{"default":null,"description":"Restore to a point in time (MySQL is NOT supported)"},"s3_import":{"default":null,"description":"Restore from a Percona Xtrabackup in S3 (only MySQL is supported)"},"skip_final_snapshot":{"default":false,"description":"Determines whether a final DB snapshot is created before the DB instance is deleted. If true is specified, no DBSnapshot is created. If false is specified, a DB snapshot is created before the DB instance is deleted"},"snapshot_identifier":{"default":null,"description":"Specifies whether or not to create this database from a snapshot. This correlates to the snapshot ID you'd find in the RDS console, e.g: rds:production-2015-06-26-06-05"},"storage_encrypted":{"default":true,"description":"Specifies whether the DB instance is encrypted"},"storage_throughput":{"default":null,"description":"Storage throughput value for the DB instance. See `notes` for limitations regarding this variable for `gp3`"},"storage_type":{"default":null,"description":"One of 'standard' (magnetic), 'gp2' (general purpose SSD), 'gp3' (new generation of general purpose SSD), or 'io1' (provisioned IOPS SSD). The default is 'io1' if iops is specified, 'gp2' if not. If you specify 'io1' or 'gp3' , you must also include a value for the 'iops' parameter"},"subnet_ids":{"default":[],"description":"A list of VPC subnet IDs"},"tags":{"default":{},"description":"A mapping of tags to assign to all resources"},"timeouts":{"default":{},"description":"Updated Terraform resource management timeouts. Applies to `aws_db_instance` in particular to permit resource management times"},"timezone":{"default":null,"description":"Time zone of the DB instance. timezone is currently only supported by Microsoft SQL Server. The timezone can only be set on creation. See MSSQL User Guide for more information"},"upgrade_storage_config":{"default":null,"description":"Whether to upgrade the storage file system configuration on the read replica. Can only be set with replicate_source_db."},"username":{"default":null,"description":"Username for the master DB user"},"vpc_security_group_ids":{"default":[],"description":"List of VPC security groups to associate"}}},"version_constraint":"6.10.0"},"route53_records":{"source":"terraform-aws-modules/route53/aws//modules/records","expressions":{"records":{"references":["module.app_alb.dns_name","module.app_alb","module.app_alb.zone_id","module.app_alb","module.rds.db_instance_address","module.rds"]},"zone_name":{"references":["module.route53_zones.route53_static_zone_name","module.route53_zones","var.zone_name"]}},"module":{"outputs":{"route53_record_fqdn":{"expression":{"references":["aws_route53_record.this"]},"description":"FQDN built using the zone domain and name"},"route53_record_name":{"expression":{"references":["aws_route53_record.this"]},"description":"The name of the record"}},"resources":[{"address":"aws_route53_record.this","mode":"managed","type":"aws_route53_record","name":"this","provider_config_key":"aws","expressions":{"allow_overwrite":{"references":["each.value"]},"health_check_id":{"references":["each.value"]},"multivalue_answer_routing_policy":{"references":["each.value"]},"name":{"references":["each.value.name","each.value","each.value","each.value.name","each.value","each.value.name","each.value","data.aws_route53_zone.this[0].name","data.aws_route53_zone.this[0]","data.aws_route53_zone.this","data.aws_route53_zone.this[0].name","data.aws_route53_zone.this[0]","data.aws_route53_zone.this"]},"records":{"references":["each.value.records","each.value"]},"set_identifier":{"references":["each.value"]},"ttl":{"references":["each.value"]},"type":{"references":["each.value.type","each.value"]},"zone_id":{"references":["data.aws_route53_zone.this[0].zone_id","data.aws_route53_zone.this[0]","data.aws_route53_zone.this"]}},"schema_version":2,"for_each_expression":{"references":["local.recordsets","var.create","var.zone_id","var.zone_name"]}},{"address":"data.aws_route53_zone.this","mode":"data","type":"aws_route53_zone","name":"this","provider_config_key":"aws","expressions":{"name":{"references":["var.zone_name"]},"private_zone":{"references":["var.private_zone"]},"zone_id":{"references":["var.zone_id"]}},"schema_version":0,"count_expression":{"references":["var.create","var.zone_id","var.zone_name"]}}],"variables":{"create":{"default":true,"description":"Whether to create DNS records"},"private_zone":{"default":false,"description":"Whether Route53 zone is private or public"},"records":{"default":[],"description":"List of objects of DNS records"},"records_jsonencoded":{"default":null,"description":"List of map of DNS records (stored as jsonencoded string, for terragrunt)"},"zone_id":{"default":null,"description":"ID of DNS zone"},"zone_name":{"default":null,"description":"Name of DNS zone"}}},"version_constraint":"4.1.0","depends_on":["module.route53_zones"]},"route53_zones":{"source":"terraform-aws-modules/route53/aws//modules/zones","expressions":{"tags":{"references":["var.tags"]},"zones":{"references":["var.zone_name","var.project_name","var.tags","module.vpc.vpc_id","module.vpc"]}},"module":{"outputs":{"primary_name_server":{"expression":{"references":["aws_route53_zone.this"]},"description":"The Route 53 name server that created the SOA record."},"route53_static_zone_name":{"expression":{"references":["var.zones","var.create"]},"description":"Name of Route53 zone created statically to avoid invalid count argument error when creating records and zones simmultaneously"},"route53_zone_name":{"expression":{"references":["aws_route53_zone.this"]},"description":"Name of Route53 zone"},"route53_zone_name_servers":{"expression":{"references":["aws_route53_zone.this"]},"description":"Name servers of Route53 zone"},"route53_zone_zone_arn":{"expression":{"references":["aws_route53_zone.this"]},"description":"Zone ARN of Route53 zone"},"route53_zone_zone_id":{"expression":{"references":["aws_route53_zone.this"]},"description":"Zone ID of Route53 zone"}},"resources":[{"address":"aws_route53_zone.this","mode":"managed","type":"aws_route53_zone","name":"this","provider_config_key":"aws","expressions":{"comment":{"references":["each.value"]},"delegation_set_id":{"references":["each.value"]},"force_destroy":{"references":["each.value"]},"name":{"references":["each.value","each.key"]},"tags":{"references":["each.value","var.tags"]}},"schema_version":0,"for_each_expression":{"references":["var.zones","var.create"]}}],"variables":{"create":{"default":true,"description":"Whether to create Route53 zone"},"tags":{"default":{},"description":"Tags added to all zones. Will take precedence over tags from the 'zones' variable"},"zones":{"default":{},"description":"Map of Route53 zone parameters"}}},"version_constraint":"4.1.0"},"vpc":{"source":"terraform-aws-modules/vpc/aws","expressions":{"azs":{"references":["var.aws_region","var.aws_region"]},"cidr":{"constant_value":"10.0.0.0/16"},"create_database_subnet_group":{"constant_value":true},"database_subnets":{"constant_value":["10.0.201.0/24","10.0.202.0/24"]},"enable_dns_hostnames":{"constant_value":true},"enable_dns_support":{"constant_value":true},"enable_nat_gateway":{"constant_value":true},"name":{"references":["var.project_name"]},"private_subnets":{"constant_value":["10.0.1.0/24","10.0.2.0/24"]},"public_subnets":{"constant_value":["10.0.101.0/24","10.0.102.0/24"]},"single_nat_gateway":{"constant_value":true},"tags":{"references":["var.tags"]}},"module":{"outputs":{"azs":{"expression":{"references":["var.azs"]},"description":"A list of availability zones specified as argument to this module"},"cgw_arns":{"expression":{"references":["aws_customer_gateway.this"]},"description":"List of ARNs of Customer Gateway"},"cgw_ids":{"expression":{"references":["aws_customer_gateway.this"]},"description":"List of IDs of Customer Gateway"},"database_internet_gateway_route_id":{"expression":{"references":["aws_route.database_internet_gateway[0].id","aws_route.database_internet_gateway[0]","aws_route.database_internet_gateway"]},"description":"ID of the database internet gateway route"},"database_ipv6_egress_route_id":{"expression":{"references":["aws_route.database_ipv6_egress[0].id","aws_route.database_ipv6_egress[0]","aws_route.database_ipv6_egress"]},"description":"ID of the database IPv6 egress route"},"database_nat_gateway_route_ids":{"expression":{"references":["aws_route.database_nat_gateway"]},"description":"List of IDs of the database nat gateway route"},"database_network_acl_arn":{"expression":{"references":["aws_network_acl.database[0].arn","aws_network_acl.database[0]","aws_network_acl.database"]},"description":"ARN of the database network ACL"},"database_network_acl_id":{"expression":{"references":["aws_network_acl.database[0].id","aws_network_acl.database[0]","aws_network_acl.database"]},"description":"ID of the database network ACL"},"database_route_table_association_ids":{"expression":{"references":["aws_route_table_association.database"]},"description":"List of IDs of the database route table association"},"database_route_table_ids":{"expression":{"references":["aws_route_table.database","aws_route_table.database","aws_route_table.private"]},"description":"List of IDs of database route tables"},"database_subnet_arns":{"expression":{"references":["aws_subnet.database"]},"description":"List of ARNs of database subnets"},"database_subnet_group":{"expression":{"references":["aws_db_subnet_group.database[0].id","aws_db_subnet_group.database[0]","aws_db_subnet_group.database"]},"description":"ID of database subnet group"},"database_subnet_group_name":{"expression":{"references":["aws_db_subnet_group.database[0].name","aws_db_subnet_group.database[0]","aws_db_subnet_group.database"]},"description":"Name of database subnet group"},"database_subnet_objects":{"expression":{"references":["aws_subnet.database"]},"description":"A list of all database subnets, containing the full objects."},"database_subnets":{"expression":{"references":["aws_subnet.database"]},"description":"List of IDs of database subnets"},"database_subnets_cidr_blocks":{"expression":{"references":["aws_subnet.database"]},"description":"List of cidr_blocks of database subnets"},"database_subnets_ipv6_cidr_blocks":{"expression":{"references":["aws_subnet.database"]},"description":"List of IPv6 cidr_blocks of database subnets in an IPv6 enabled VPC"},"default_network_acl_id":{"expression":{"references":["aws_vpc.this[0].default_network_acl_id","aws_vpc.this[0]","aws_vpc.this"]},"description":"The ID of the default network ACL"},"default_route_table_id":{"expression":{"references":["aws_vpc.this[0].default_route_table_id","aws_vpc.this[0]","aws_vpc.this"]},"description":"The ID of the default route table"},"default_security_group_id":{"expression":{"references":["aws_vpc.this[0].default_security_group_id","aws_vpc.this[0]","aws_vpc.this"]},"description":"The ID of the security group created by default on VPC creation"},"default_vpc_arn":{"expression":{"references":["aws_default_vpc.this[0].arn","aws_default_vpc.this[0]","aws_default_vpc.this"]},"description":"The ARN of the Default VPC"},"default_vpc_cidr_block":{"expression":{"references":["aws_default_vpc.this[0].cidr_block","aws_default_vpc.this[0]","aws_default_vpc.this"]},"description":"The CIDR block of the Default VPC"},"default_vpc_default_network_acl_id":{"expression":{"references":["aws_default_vpc.this[0].default_network_acl_id","aws_default_vpc.this[0]","aws_default_vpc.this"]},"description":"The ID of the default network ACL of the Default VPC"},"default_vpc_default_route_table_id":{"expression":{"references":["aws_default_vpc.this[0].default_route_table_id","aws_default_vpc.this[0]","aws_default_vpc.this"]},"description":"The ID of the default route table of the Default VPC"},"default_vpc_default_security_group_id":{"expression":{"references":["aws_default_vpc.this[0].default_security_group_id","aws_default_vpc.this[0]","aws_default_vpc.this"]},"description":"The ID of the security group created by default on Default VPC creation"},"default_vpc_enable_dns_hostnames":{"expression":{"references":["aws_default_vpc.this[0].enable_dns_hostnames","aws_default_vpc.this[0]","aws_default_vpc.this"]},"description":"Whether or not the Default VPC has DNS hostname support"},"default_vpc_enable_dns_support":{"expression":{"references":["aws_default_vpc.this[0].enable_dns_support","aws_default_vpc.this[0]","aws_default_vpc.this"]},"description":"Whether or not the Default VPC has DNS support"},"default_vpc_id":{"expression":{"references":["aws_default_vpc.this[0].id","aws_default_vpc.this[0]","aws_default_vpc.this"]},"description":"The ID of the Default VPC"},"default_vpc_instance_tenancy":{"expression":{"references":["aws_default_vpc.this[0].instance_tenancy","aws_default_vpc.this[0]","aws_default_vpc.this"]},"description":"Tenancy of instances spin up within Default VPC"},"default_vpc_main_route_table_id":{"expression":{"references":["aws_default_vpc.this[0].main_route_table_id","aws_default_vpc.this[0]","aws_default_vpc.this"]},"description":"The ID of the main route table associated with the Default VPC"},"dhcp_options_id":{"expression":{"references":["aws_vpc_dhcp_options.this[0].id","aws_vpc_dhcp_options.this[0]","aws_vpc_dhcp_options.this"]},"description":"The ID of the DHCP options"},"egress_only_internet_gateway_id":{"expression":{"references":["aws_egress_only_internet_gateway.this[0].id","aws_egress_only_internet_gateway.this[0]","aws_egress_only_internet_gateway.this"]},"description":"The ID of the egress only Internet Gateway"},"elasticache_network_acl_arn":{"expression":{"references":["aws_network_acl.elasticache[0].arn","aws_network_acl.elasticache[0]","aws_network_acl.elasticache"]},"description":"ARN of the elasticache network ACL"},"elasticache_network_acl_id":{"expression":{"references":["aws_network_acl.elasticache[0].id","aws_network_acl.elasticache[0]","aws_network_acl.elasticache"]},"description":"ID of the elasticache network ACL"},"elasticache_route_table_association_ids":{"expression":{"references":["aws_route_table_association.elasticache"]},"description":"List of IDs of the elasticache route table association"},"elasticache_route_table_ids":{"expression":{"references":["aws_route_table.elasticache","local.private_route_table_ids"]},"description":"List of IDs of elasticache route tables"},"elasticache_subnet_arns":{"expression":{"references":["aws_subnet.elasticache"]},"description":"List of ARNs of elasticache subnets"},"elasticache_subnet_group":{"expression":{"references":["aws_elasticache_subnet_group.elasticache[0].id","aws_elasticache_subnet_group.elasticache[0]","aws_elasticache_subnet_group.elasticache"]},"description":"ID of elasticache subnet group"},"elasticache_subnet_group_name":{"expression":{"references":["aws_elasticache_subnet_group.elasticache[0].name","aws_elasticache_subnet_group.elasticache[0]","aws_elasticache_subnet_group.elasticache"]},"description":"Name of elasticache subnet group"},"elasticache_subnet_objects":{"expression":{"references":["aws_subnet.elasticache"]},"description":"A list of all elasticache subnets, containing the full objects."},"elasticache_subnets":{"expression":{"references":["aws_subnet.elasticache"]},"description":"List of IDs of elasticache subnets"},"elasticache_subnets_cidr_blocks":{"expression":{"references":["aws_subnet.elasticache"]},"description":"List of cidr_blocks of elasticache subnets"},"elasticache_subnets_ipv6_cidr_blocks":{"expression":{"references":["aws_subnet.elasticache"]},"description":"List of IPv6 cidr_blocks of elasticache subnets in an IPv6 enabled VPC"},"igw_arn":{"expression":{"references":["aws_internet_gateway.this[0].arn","aws_internet_gateway.this[0]","aws_internet_gateway.this"]},"description":"The ARN of the Internet Gateway"},"igw_id":{"expression":{"references":["aws_internet_gateway.this[0].id","aws_internet_gateway.this[0]","aws_internet_gateway.this"]},"description":"The ID of the Internet Gateway"},"intra_network_acl_arn":{"expression":{"references":["aws_network_acl.intra[0].arn","aws_network_acl.intra[0]","aws_network_acl.intra"]},"description":"ARN of the intra network ACL"},"intra_network_acl_id":{"expression":{"references":["aws_network_acl.intra[0].id","aws_network_acl.intra[0]","aws_network_acl.intra"]},"description":"ID of the intra network ACL"},"intra_route_table_association_ids":{"expression":{"references":["aws_route_table_association.intra"]},"description":"List of IDs of the intra route table association"},"intra_route_table_ids":{"expression":{"references":["aws_route_table.intra"]},"description":"List of IDs of intra route tables"},"intra_subnet_arns":{"expression":{"references":["aws_subnet.intra"]},"description":"List of ARNs of intra subnets"},"intra_subnet_objects":{"expression":{"references":["aws_subnet.intra"]},"description":"A list of all intra subnets, containing the full objects."},"intra_subnets":{"expression":{"references":["aws_subnet.intra"]},"description":"List of IDs of intra subnets"},"intra_subnets_cidr_blocks":{"expression":{"references":["aws_subnet.intra"]},"description":"List of cidr_blocks of intra subnets"},"intra_subnets_ipv6_cidr_blocks":{"expression":{"references":["aws_subnet.intra"]},"description":"List of IPv6 cidr_blocks of intra subnets in an IPv6 enabled VPC"},"name":{"expression":{"references":["var.name"]},"description":"The name of the VPC specified as argument to this module"},"nat_ids":{"expression":{"references":["aws_eip.nat"]},"description":"List of allocation ID of Elastic IPs created for AWS NAT Gateway"},"nat_public_ips":{"expression":{"references":["var.reuse_nat_ips","var.external_nat_ips","aws_eip.nat"]},"description":"List of public Elastic IPs created for AWS NAT Gateway"},"natgw_ids":{"expression":{"references":["aws_nat_gateway.this"]},"description":"List of NAT Gateway IDs"},"natgw_interface_ids":{"expression":{"references":["aws_nat_gateway.this"]},"description":"List of Network Interface IDs assigned to NAT Gateways"},"outpost_network_acl_arn":{"expression":{"references":["aws_network_acl.outpost[0].arn","aws_network_acl.outpost[0]","aws_network_acl.outpost"]},"description":"ARN of the outpost network ACL"},"outpost_network_acl_id":{"expression":{"references":["aws_network_acl.outpost[0].id","aws_network_acl.outpost[0]","aws_network_acl.outpost"]},"description":"ID of the outpost network ACL"},"outpost_subnet_arns":{"expression":{"references":["aws_subnet.outpost"]},"description":"List of ARNs of outpost subnets"},"outpost_subnet_objects":{"expression":{"references":["aws_subnet.outpost"]},"description":"A list of all outpost subnets, containing the full objects."},"outpost_subnets":{"expression":{"references":["aws_subnet.outpost"]},"description":"List of IDs of outpost subnets"},"outpost_subnets_cidr_blocks":{"expression":{"references":["aws_subnet.outpost"]},"description":"List of cidr_blocks of outpost subnets"},"outpost_subnets_ipv6_cidr_blocks":{"expression":{"references":["aws_subnet.outpost"]},"description":"List of IPv6 cidr_blocks of outpost subnets in an IPv6 enabled VPC"},"private_ipv6_egress_route_ids":{"expression":{"references":["aws_route.private_ipv6_egress"]},"description":"List of IDs of the ipv6 egress route"},"private_nat_gateway_route_ids":{"expression":{"references":["aws_route.private_nat_gateway"]},"description":"List of IDs of the private nat gateway route"},"private_network_acl_arn":{"expression":{"references":["aws_network_acl.private[0].arn","aws_network_acl.private[0]","aws_network_acl.private"]},"description":"ARN of the private network ACL"},"private_network_acl_id":{"expression":{"references":["aws_network_acl.private[0].id","aws_network_acl.private[0]","aws_network_acl.private"]},"description":"ID of the private network ACL"},"private_route_table_association_ids":{"expression":{"references":["aws_route_table_association.private"]},"description":"List of IDs of the private route table association"},"private_route_table_ids":{"expression":{"references":["local.private_route_table_ids"]},"description":"List of IDs of private route tables"},"private_subnet_arns":{"expression":{"references":["aws_subnet.private"]},"description":"List of ARNs of private subnets"},"private_subnet_objects":{"expression":{"references":["aws_subnet.private"]},"description":"A list of all private subnets, containing the full objects."},"private_subnets":{"expression":{"references":["aws_subnet.private"]},"description":"List of IDs of private subnets"},"private_subnets_cidr_blocks":{"expression":{"references":["aws_subnet.private"]},"description":"List of cidr_blocks of private subnets"},"private_subnets_ipv6_cidr_blocks":{"expression":{"references":["aws_subnet.private"]},"description":"List of IPv6 cidr_blocks of private subnets in an IPv6 enabled VPC"},"public_internet_gateway_ipv6_route_id":{"expression":{"references":["aws_route.public_internet_gateway_ipv6[0].id","aws_route.public_internet_gateway_ipv6[0]","aws_route.public_internet_gateway_ipv6"]},"description":"ID of the IPv6 internet gateway route"},"public_internet_gateway_route_id":{"expression":{"references":["aws_route.public_internet_gateway[0].id","aws_route.public_internet_gateway[0]","aws_route.public_internet_gateway"]},"description":"ID of the internet gateway route"},"public_network_acl_arn":{"expression":{"references":["aws_network_acl.public[0].arn","aws_network_acl.public[0]","aws_network_acl.public"]},"description":"ARN of the public network ACL"},"public_network_acl_id":{"expression":{"references":["aws_network_acl.public[0].id","aws_network_acl.public[0]","aws_network_acl.public"]},"description":"ID of the public network ACL"},"public_route_table_association_ids":{"expression":{"references":["aws_route_table_association.public"]},"description":"List of IDs of the public route table association"},"public_route_table_ids":{"expression":{"references":["local.public_route_table_ids"]},"description":"List of IDs of public route tables"},"public_subnet_arns":{"expression":{"references":["aws_subnet.public"]},"description":"List of ARNs of public subnets"},"public_subnet_objects":{"expression":{"references":["aws_subnet.public"]},"description":"A list of all public subnets, containing the full objects."},"public_subnets":{"expression":{"references":["aws_subnet.public"]},"description":"List of IDs of public subnets"},"public_subnets_cidr_blocks":{"expression":{"references":["aws_subnet.public"]},"description":"List of cidr_blocks of public subnets"},"public_subnets_ipv6_cidr_blocks":{"expression":{"references":["aws_subnet.public"]},"description":"List of IPv6 cidr_blocks of public subnets in an IPv6 enabled VPC"},"redshift_network_acl_arn":{"expression":{"references":["aws_network_acl.redshift[0].arn","aws_network_acl.redshift[0]","aws_network_acl.redshift"]},"description":"ARN of the redshift network ACL"},"redshift_network_acl_id":{"expression":{"references":["aws_network_acl.redshift[0].id","aws_network_acl.redshift[0]","aws_network_acl.redshift"]},"description":"ID of the redshift network ACL"},"redshift_public_route_table_association_ids":{"expression":{"references":["aws_route_table_association.redshift_public"]},"description":"List of IDs of the public redshift route table association"},"redshift_route_table_association_ids":{"expression":{"references":["aws_route_table_association.redshift"]},"description":"List of IDs of the redshift route table association"},"redshift_route_table_ids":{"expression":{"references":["local.redshift_route_table_ids","local.redshift_route_table_ids","var.enable_public_redshift","local.public_route_table_ids","local.private_route_table_ids"]},"description":"List of IDs of redshift route tables"},"redshift_subnet_arns":{"expression":{"references":["aws_subnet.redshift"]},"description":"List of ARNs of redshift subnets"},"redshift_subnet_group":{"expression":{"references":["aws_redshift_subnet_group.redshift[0].id","aws_redshift_subnet_group.redshift[0]","aws_redshift_subnet_group.redshift"]},"description":"ID of redshift subnet group"},"redshift_subnet_objects":{"expression":{"references":["aws_subnet.redshift"]},"description":"A list of all redshift subnets, containing the full objects."},"redshift_subnets":{"expression":{"references":["aws_subnet.redshift"]},"description":"List of IDs of redshift subnets"},"redshift_subnets_cidr_blocks":{"expression":{"references":["aws_subnet.redshift"]},"description":"List of cidr_blocks of redshift subnets"},"redshift_subnets_ipv6_cidr_blocks":{"expression":{"references":["aws_subnet.redshift"]},"description":"List of IPv6 cidr_blocks of redshift subnets in an IPv6 enabled VPC"},"this_customer_gateway":{"expression":{"references":["aws_customer_gateway.this"]},"description":"Map of Customer Gateway attributes"},"vgw_arn":{"expression":{"references":["aws_vpn_gateway.this[0].arn","aws_vpn_gateway.this[0]","aws_vpn_gateway.this"]},"description":"The ARN of the VPN Gateway"},"vgw_id":{"expression":{"references":["aws_vpn_gateway.this[0].id","aws_vpn_gateway.this[0]","aws_vpn_gateway.this","aws_vpn_gateway_attachment.this[0].vpn_gateway_id","aws_vpn_gateway_attachment.this[0]","aws_vpn_gateway_attachment.this"]},"description":"The ID of the VPN Gateway"},"vpc_arn":{"expression":{"references":["aws_vpc.this[0].arn","aws_vpc.this[0]","aws_vpc.this"]},"description":"The ARN of the VPC"},"vpc_block_public_access_exclusions":{"expression":{"references":["aws_vpc_block_public_access_exclusion.this"]},"description":"A map of VPC block public access exclusions"},"vpc_cidr_block":{"expression":{"references":["aws_vpc.this[0].cidr_block","aws_vpc.this[0]","aws_vpc.this"]},"description":"The CIDR block of the VPC"},"vpc_enable_dns_hostnames":{"expression":{"references":["aws_vpc.this[0].enable_dns_hostnames","aws_vpc.this[0]","aws_vpc.this"]},"description":"Whether or not the VPC has DNS hostname support"},"vpc_enable_dns_support":{"expression":{"references":["aws_vpc.this[0].enable_dns_support","aws_vpc.this[0]","aws_vpc.this"]},"description":"Whether or not the VPC has DNS support"},"vpc_flow_log_cloudwatch_iam_role_arn":{"expression":{"references":["local.flow_log_iam_role_arn"]},"description":"The ARN of the IAM role used when pushing logs to Cloudwatch log group"},"vpc_flow_log_deliver_cross_account_role":{"expression":{"references":["aws_flow_log.this[0].deliver_cross_account_role","aws_flow_log.this[0]","aws_flow_log.this"]},"description":"The ARN of the IAM role used when pushing logs cross account"},"vpc_flow_log_destination_arn":{"expression":{"references":["local.flow_log_destination_arn"]},"description":"The ARN of the destination for VPC Flow Logs"},"vpc_flow_log_destination_type":{"expression":{"references":["var.flow_log_destination_type"]},"description":"The type of the destination for VPC Flow Logs"},"vpc_flow_log_id":{"expression":{"references":["aws_flow_log.this[0].id","aws_flow_log.this[0]","aws_flow_log.this"]},"description":"The ID of the Flow Log resource"},"vpc_id":{"expression":{"references":["aws_vpc.this[0].id","aws_vpc.this[0]","aws_vpc.this"]},"description":"The ID of the VPC"},"vpc_instance_tenancy":{"expression":{"references":["aws_vpc.this[0].instance_tenancy","aws_vpc.this[0]","aws_vpc.this"]},"description":"Tenancy of instances spin up within VPC"},"vpc_ipv6_association_id":{"expression":{"references":["aws_vpc.this[0].ipv6_association_id","aws_vpc.this[0]","aws_vpc.this"]},"description":"The association ID for the IPv6 CIDR block"},"vpc_ipv6_cidr_block":{"expression":{"references":["aws_vpc.this[0].ipv6_cidr_block","aws_vpc.this[0]","aws_vpc.this"]},"description":"The IPv6 CIDR block"},"vpc_main_route_table_id":{"expression":{"references":["aws_vpc.this[0].main_route_table_id","aws_vpc.this[0]","aws_vpc.this"]},"description":"The ID of the main route table associated with this VPC"},"vpc_owner_id":{"expression":{"references":["aws_vpc.this[0].owner_id","aws_vpc.this[0]","aws_vpc.this"]},"description":"The ID of the AWS account that owns the VPC"},"vpc_secondary_cidr_blocks":{"expression":{"references":["aws_vpc_ipv4_cidr_block_association.this"]},"description":"List of secondary CIDR blocks of the VPC"}},"resources":[{"address":"aws_cloudwatch_log_group.flow_log","mode":"managed","type":"aws_cloudwatch_log_group","name":"flow_log","provider_config_key":"aws","expressions":{"kms_key_id":{"references":["var.flow_log_cloudwatch_log_group_kms_key_id"]},"log_group_class":{"references":["var.flow_log_cloudwatch_log_group_class"]},"name":{"references":["var.flow_log_cloudwatch_log_group_name_prefix","local.flow_log_cloudwatch_log_group_name_suffix"]},"retention_in_days":{"references":["var.flow_log_cloudwatch_log_group_retention_in_days"]},"skip_destroy":{"references":["var.flow_log_cloudwatch_log_group_skip_destroy"]},"tags":{"references":["var.tags","var.vpc_flow_log_tags"]}},"schema_version":0,"count_expression":{"references":["local.create_flow_log_cloudwatch_log_group"]}},{"address":"aws_customer_gateway.this","mode":"managed","type":"aws_customer_gateway","name":"this","provider_config_key":"aws","expressions":{"bgp_asn":{"references":["each.value[\"bgp_asn\"]","each.value"]},"device_name":{"references":["each.value"]},"ip_address":{"references":["each.value[\"ip_address\"]","each.value"]},"tags":{"references":["var.name","each.key","var.tags","var.customer_gateway_tags"]},"type":{"constant_value":"ipsec.1"}},"schema_version":0,"for_each_expression":{"references":["var.customer_gateways"]}},{"address":"aws_db_subnet_group.database","mode":"managed","type":"aws_db_subnet_group","name":"database","provider_config_key":"aws","expressions":{"description":{"references":["var.name"]},"name":{"references":["var.database_subnet_group_name","var.name"]},"subnet_ids":{"references":["aws_subnet.database"]},"tags":{"references":["var.database_subnet_group_name","var.name","var.tags","var.database_subnet_group_tags"]}},"schema_version":0,"count_expression":{"references":["local.create_database_subnets","var.create_database_subnet_group"]}},{"address":"aws_default_network_acl.this","mode":"managed","type":"aws_default_network_acl","name":"this","provider_config_key":"aws","expressions":{"default_network_acl_id":{"references":["aws_vpc.this[0].default_network_acl_id","aws_vpc.this[0]","aws_vpc.this"]},"subnet_ids":{"constant_value":null},"tags":{"references":["var.default_network_acl_name","var.name","var.tags","var.default_network_acl_tags"]}},"schema_version":0,"count_expression":{"references":["local.create_vpc","var.manage_default_network_acl"]}},{"address":"aws_default_route_table.default","mode":"managed","type":"aws_default_route_table","name":"default","provider_config_key":"aws","expressions":{"default_route_table_id":{"references":["aws_vpc.this[0].default_route_table_id","aws_vpc.this[0]","aws_vpc.this"]},"propagating_vgws":{"references":["var.default_route_table_propagating_vgws"]},"tags":{"references":["var.default_route_table_name","var.name","var.tags","var.default_route_table_tags"]},"timeouts":{"create":{"constant_value":"5m"},"update":{"constant_value":"5m"}}},"schema_version":0,"count_expression":{"references":["local.create_vpc","var.manage_default_route_table"]}},{"address":"aws_default_security_group.this","mode":"managed","type":"aws_default_security_group","name":"this","provider_config_key":"aws","expressions":{"tags":{"references":["var.default_security_group_name","var.name","var.tags","var.default_security_group_tags"]},"vpc_id":{"references":["aws_vpc.this[0].id","aws_vpc.this[0]","aws_vpc.this"]}},"schema_version":1,"count_expression":{"references":["local.create_vpc","var.manage_default_security_group"]}},{"address":"aws_default_vpc.this","mode":"managed","type":"aws_default_vpc","name":"this","provider_config_key":"aws","expressions":{"enable_dns_hostnames":{"references":["var.default_vpc_enable_dns_hostnames"]},"enable_dns_support":{"references":["var.default_vpc_enable_dns_support"]},"tags":{"references":["var.default_vpc_name","var.tags","var.default_vpc_tags"]}},"schema_version":1,"count_expression":{"references":["var.manage_default_vpc"]}},{"address":"aws_egress_only_internet_gateway.this","mode":"managed","type":"aws_egress_only_internet_gateway","name":"this","provider_config_key":"aws","expressions":{"tags":{"references":["var.name","var.tags","var.igw_tags"]},"vpc_id":{"references":["local.vpc_id"]}},"schema_version":0,"count_expression":{"references":["local.create_vpc","var.create_egress_only_igw","var.enable_ipv6","local.max_subnet_length"]}},{"address":"aws_eip.nat","mode":"managed","type":"aws_eip","name":"nat","provider_config_key":"aws","expressions":{"domain":{"constant_value":"vpc"},"tags":{"references":["var.name","var.azs","var.single_nat_gateway","count.index","var.tags","var.nat_eip_tags"]}},"schema_version":0,"count_expression":{"references":["local.create_vpc","var.enable_nat_gateway","var.reuse_nat_ips","local.nat_gateway_count"]},"depends_on":["aws_internet_gateway.this"]},{"address":"aws_elasticache_subnet_group.elasticache","mode":"managed","type":"aws_elasticache_subnet_group","name":"elasticache","provider_config_key":"aws","expressions":{"description":{"references":["var.name"]},"name":{"references":["var.elasticache_subnet_group_name","var.name"]},"subnet_ids":{"references":["aws_subnet.elasticache"]},"tags":{"references":["var.elasticache_subnet_group_name","var.name","var.tags","var.elasticache_subnet_group_tags"]}},"schema_version":0,"count_expression":{"references":["local.create_elasticache_subnets","var.create_elasticache_subnet_group"]}},{"address":"aws_flow_log.this","mode":"managed","type":"aws_flow_log","name":"this","provider_config_key":"aws","expressions":{"deliver_cross_account_role":{"references":["var.flow_log_deliver_cross_account_role"]},"iam_role_arn":{"references":["local.flow_log_iam_role_arn"]},"log_destination":{"references":["local.flow_log_destination_arn"]},"log_destination_type":{"references":["var.flow_log_destination_type"]},"log_format":{"references":["var.flow_log_log_format"]},"max_aggregation_interval":{"references":["var.flow_log_max_aggregation_interval"]},"tags":{"references":["var.tags","var.vpc_flow_log_tags"]},"traffic_type":{"references":["var.flow_log_traffic_type"]},"vpc_id":{"references":["local.vpc_id"]}},"schema_version":0,"count_expression":{"references":["local.enable_flow_log"]}},{"address":"aws_iam_policy.vpc_flow_log_cloudwatch","mode":"managed","type":"aws_iam_policy","name":"vpc_flow_log_cloudwatch","provider_config_key":"aws","expressions":{"name":{"references":["var.vpc_flow_log_iam_policy_use_name_prefix","var.vpc_flow_log_iam_policy_name"]},"name_prefix":{"references":["var.vpc_flow_log_iam_policy_use_name_prefix","var.vpc_flow_log_iam_policy_name"]},"policy":{"references":["data.aws_iam_policy_document.vpc_flow_log_cloudwatch[0].json","data.aws_iam_policy_document.vpc_flow_log_cloudwatch[0]","data.aws_iam_policy_document.vpc_flow_log_cloudwatch"]},"tags":{"references":["var.tags","var.vpc_flow_log_tags"]}},"schema_version":0,"count_expression":{"references":["local.create_flow_log_cloudwatch_iam_role"]}},{"address":"aws_iam_role.vpc_flow_log_cloudwatch","mode":"managed","type":"aws_iam_role","name":"vpc_flow_log_cloudwatch","provider_config_key":"aws","expressions":{"assume_role_policy":{"references":["data.aws_iam_policy_document.flow_log_cloudwatch_assume_role[0].json","data.aws_iam_policy_document.flow_log_cloudwatch_assume_role[0]","data.aws_iam_policy_document.flow_log_cloudwatch_assume_role"]},"name":{"references":["var.vpc_flow_log_iam_role_use_name_prefix","var.vpc_flow_log_iam_role_name"]},"name_prefix":{"references":["var.vpc_flow_log_iam_role_use_name_prefix","var.vpc_flow_log_iam_role_name"]},"permissions_boundary":{"references":["var.vpc_flow_log_permissions_boundary"]},"tags":{"references":["var.tags","var.vpc_flow_log_tags"]}},"schema_version":0,"count_expression":{"references":["local.create_flow_log_cloudwatch_iam_role"]}},{"address":"aws_iam_role_policy_attachment.vpc_flow_log_cloudwatch","mode":"managed","type":"aws_iam_role_policy_attachment","name":"vpc_flow_log_cloudwatch","provider_config_key":"aws","expressions":{"policy_arn":{"references":["aws_iam_policy.vpc_flow_log_cloudwatch[0].arn","aws_iam_policy.vpc_flow_log_cloudwatch[0]","aws_iam_policy.vpc_flow_log_cloudwatch"]},"role":{"references":["aws_iam_role.vpc_flow_log_cloudwatch[0].name","aws_iam_role.vpc_flow_log_cloudwatch[0]","aws_iam_role.vpc_flow_log_cloudwatch"]}},"schema_version":0,"count_expression":{"references":["local.create_flow_log_cloudwatch_iam_role"]}},{"address":"aws_internet_gateway.this","mode":"managed","type":"aws_internet_gateway","name":"this","provider_config_key":"aws","expressions":{"tags":{"references":["var.name","var.tags","var.igw_tags"]},"vpc_id":{"references":["local.vpc_id"]}},"schema_version":0,"count_expression":{"references":["local.create_public_subnets","var.create_igw"]}},{"address":"aws_nat_gateway.this","mode":"managed","type":"aws_nat_gateway","name":"this","provider_config_key":"aws","expressions":{"allocation_id":{"references":["local.nat_gateway_ips","var.single_nat_gateway","count.index"]},"subnet_id":{"references":["aws_subnet.public","var.single_nat_gateway","count.index"]},"tags":{"references":["var.name","var.azs","var.single_nat_gateway","count.index","var.tags","var.nat_gateway_tags"]}},"schema_version":0,"count_expression":{"references":["local.create_vpc","var.enable_nat_gateway","local.nat_gateway_count"]},"depends_on":["aws_internet_gateway.this"]},{"address":"aws_network_acl.database","mode":"managed","type":"aws_network_acl","name":"database","provider_config_key":"aws","expressions":{"subnet_ids":{"references":["aws_subnet.database"]},"tags":{"references":["var.name","var.database_subnet_suffix","var.tags","var.database_acl_tags"]},"vpc_id":{"references":["local.vpc_id"]}},"schema_version":0,"count_expression":{"references":["local.create_database_network_acl"]}},{"address":"aws_network_acl.elasticache","mode":"managed","type":"aws_network_acl","name":"elasticache","provider_config_key":"aws","expressions":{"subnet_ids":{"references":["aws_subnet.elasticache"]},"tags":{"references":["var.name","var.elasticache_subnet_suffix","var.tags","var.elasticache_acl_tags"]},"vpc_id":{"references":["local.vpc_id"]}},"schema_version":0,"count_expression":{"references":["local.create_elasticache_network_acl"]}},{"address":"aws_network_acl.intra","mode":"managed","type":"aws_network_acl","name":"intra","provider_config_key":"aws","expressions":{"subnet_ids":{"references":["aws_subnet.intra"]},"tags":{"references":["var.name","var.intra_subnet_suffix","var.tags","var.intra_acl_tags"]},"vpc_id":{"references":["local.vpc_id"]}},"schema_version":0,"count_expression":{"references":["local.create_intra_network_acl"]}},{"address":"aws_network_acl.outpost","mode":"managed","type":"aws_network_acl","name":"outpost","provider_config_key":"aws","expressions":{"subnet_ids":{"references":["aws_subnet.outpost"]},"tags":{"references":["var.name","var.outpost_subnet_suffix","var.tags","var.outpost_acl_tags"]},"vpc_id":{"references":["local.vpc_id"]}},"schema_version":0,"count_expression":{"references":["local.create_outpost_network_acl"]}},{"address":"aws_network_acl.private","mode":"managed","type":"aws_network_acl","name":"private","provider_config_key":"aws","expressions":{"subnet_ids":{"references":["aws_subnet.private"]},"tags":{"references":["var.name","var.private_subnet_suffix","var.tags","var.private_acl_tags"]},"vpc_id":{"references":["local.vpc_id"]}},"schema_version":0,"count_expression":{"references":["local.create_private_network_acl"]}},{"address":"aws_network_acl.public","mode":"managed","type":"aws_network_acl","name":"public","provider_config_key":"aws","expressions":{"subnet_ids":{"references":["aws_subnet.public"]},"tags":{"references":["var.name","var.public_subnet_suffix","var.tags","var.public_acl_tags"]},"vpc_id":{"references":["local.vpc_id"]}},"schema_version":0,"count_expression":{"references":["local.create_public_subnets","var.public_dedicated_network_acl"]}},{"address":"aws_network_acl.redshift","mode":"managed","type":"aws_network_acl","name":"redshift","provider_config_key":"aws","expressions":{"subnet_ids":{"references":["aws_subnet.redshift"]},"tags":{"references":["var.name","var.redshift_subnet_suffix","var.tags","var.redshift_acl_tags"]},"vpc_id":{"references":["local.vpc_id"]}},"schema_version":0,"count_expression":{"references":["local.create_redshift_network_acl"]}},{"address":"aws_network_acl_rule.database_inbound","mode":"managed","type":"aws_network_acl_rule","name":"database_inbound","provider_config_key":"aws","expressions":{"cidr_block":{"references":["var.database_inbound_acl_rules","count.index"]},"egress":{"constant_value":false},"from_port":{"references":["var.database_inbound_acl_rules","count.index"]},"icmp_code":{"references":["var.database_inbound_acl_rules","count.index"]},"icmp_type":{"references":["var.database_inbound_acl_rules","count.index"]},"ipv6_cidr_block":{"references":["var.database_inbound_acl_rules","count.index"]},"network_acl_id":{"references":["aws_network_acl.database[0].id","aws_network_acl.database[0]","aws_network_acl.database"]},"protocol":{"references":["var.database_inbound_acl_rules","count.index"]},"rule_action":{"references":["var.database_inbound_acl_rules","count.index"]},"rule_number":{"references":["var.database_inbound_acl_rules","count.index"]},"to_port":{"references":["var.database_inbound_acl_rules","count.index"]}},"schema_version":0,"count_expression":{"references":["local.create_database_network_acl","var.database_inbound_acl_rules"]}},{"address":"aws_network_acl_rule.database_outbound","mode":"managed","type":"aws_network_acl_rule","name":"database_outbound","provider_config_key":"aws","expressions":{"cidr_block":{"references":["var.database_outbound_acl_rules","count.index"]},"egress":{"constant_value":true},"from_port":{"references":["var.database_outbound_acl_rules","count.index"]},"icmp_code":{"references":["var.database_outbound_acl_rules","count.index"]},"icmp_type":{"references":["var.database_outbound_acl_rules","count.index"]},"ipv6_cidr_block":{"references":["var.database_outbound_acl_rules","count.index"]},"network_acl_id":{"references":["aws_network_acl.database[0].id","aws_network_acl.database[0]","aws_network_acl.database"]},"protocol":{"references":["var.database_outbound_acl_rules","count.index"]},"rule_action":{"references":["var.database_outbound_acl_rules","count.index"]},"rule_number":{"references":["var.database_outbound_acl_rules","count.index"]},"to_port":{"references":["var.database_outbound_acl_rules","count.index"]}},"schema_version":0,"count_expression":{"references":["local.create_database_network_acl","var.database_outbound_acl_rules"]}},{"address":"aws_network_acl_rule.elasticache_inbound","mode":"managed","type":"aws_network_acl_rule","name":"elasticache_inbound","provider_config_key":"aws","expressions":{"cidr_block":{"references":["var.elasticache_inbound_acl_rules","count.index"]},"egress":{"constant_value":false},"from_port":{"references":["var.elasticache_inbound_acl_rules","count.index"]},"icmp_code":{"references":["var.elasticache_inbound_acl_rules","count.index"]},"icmp_type":{"references":["var.elasticache_inbound_acl_rules","count.index"]},"ipv6_cidr_block":{"references":["var.elasticache_inbound_acl_rules","count.index"]},"network_acl_id":{"references":["aws_network_acl.elasticache[0].id","aws_network_acl.elasticache[0]","aws_network_acl.elasticache"]},"protocol":{"references":["var.elasticache_inbound_acl_rules","count.index"]},"rule_action":{"references":["var.elasticache_inbound_acl_rules","count.index"]},"rule_number":{"references":["var.elasticache_inbound_acl_rules","count.index"]},"to_port":{"references":["var.elasticache_inbound_acl_rules","count.index"]}},"schema_version":0,"count_expression":{"references":["local.create_elasticache_network_acl","var.elasticache_inbound_acl_rules"]}},{"address":"aws_network_acl_rule.elasticache_outbound","mode":"managed","type":"aws_network_acl_rule","name":"elasticache_outbound","provider_config_key":"aws","expressions":{"cidr_block":{"references":["var.elasticache_outbound_acl_rules","count.index"]},"egress":{"constant_value":true},"from_port":{"references":["var.elasticache_outbound_acl_rules","count.index"]},"icmp_code":{"references":["var.elasticache_outbound_acl_rules","count.index"]},"icmp_type":{"references":["var.elasticache_outbound_acl_rules","count.index"]},"ipv6_cidr_block":{"references":["var.elasticache_outbound_acl_rules","count.index"]},"network_acl_id":{"references":["aws_network_acl.elasticache[0].id","aws_network_acl.elasticache[0]","aws_network_acl.elasticache"]},"protocol":{"references":["var.elasticache_outbound_acl_rules","count.index"]},"rule_action":{"references":["var.elasticache_outbound_acl_rules","count.index"]},"rule_number":{"references":["var.elasticache_outbound_acl_rules","count.index"]},"to_port":{"references":["var.elasticache_outbound_acl_rules","count.index"]}},"schema_version":0,"count_expression":{"references":["local.create_elasticache_network_acl","var.elasticache_outbound_acl_rules"]}},{"address":"aws_network_acl_rule.intra_inbound","mode":"managed","type":"aws_network_acl_rule","name":"intra_inbound","provider_config_key":"aws","expressions":{"cidr_block":{"references":["var.intra_inbound_acl_rules","count.index"]},"egress":{"constant_value":false},"from_port":{"references":["var.intra_inbound_acl_rules","count.index"]},"icmp_code":{"references":["var.intra_inbound_acl_rules","count.index"]},"icmp_type":{"references":["var.intra_inbound_acl_rules","count.index"]},"ipv6_cidr_block":{"references":["var.intra_inbound_acl_rules","count.index"]},"network_acl_id":{"references":["aws_network_acl.intra[0].id","aws_network_acl.intra[0]","aws_network_acl.intra"]},"protocol":{"references":["var.intra_inbound_acl_rules","count.index"]},"rule_action":{"references":["var.intra_inbound_acl_rules","count.index"]},"rule_number":{"references":["var.intra_inbound_acl_rules","count.index"]},"to_port":{"references":["var.intra_inbound_acl_rules","count.index"]}},"schema_version":0,"count_expression":{"references":["local.create_intra_network_acl","var.intra_inbound_acl_rules"]}},{"address":"aws_network_acl_rule.intra_outbound","mode":"managed","type":"aws_network_acl_rule","name":"intra_outbound","provider_config_key":"aws","expressions":{"cidr_block":{"references":["var.intra_outbound_acl_rules","count.index"]},"egress":{"constant_value":true},"from_port":{"references":["var.intra_outbound_acl_rules","count.index"]},"icmp_code":{"references":["var.intra_outbound_acl_rules","count.index"]},"icmp_type":{"references":["var.intra_outbound_acl_rules","count.index"]},"ipv6_cidr_block":{"references":["var.intra_outbound_acl_rules","count.index"]},"network_acl_id":{"references":["aws_network_acl.intra[0].id","aws_network_acl.intra[0]","aws_network_acl.intra"]},"protocol":{"references":["var.intra_outbound_acl_rules","count.index"]},"rule_action":{"references":["var.intra_outbound_acl_rules","count.index"]},"rule_number":{"references":["var.intra_outbound_acl_rules","count.index"]},"to_port":{"references":["var.intra_outbound_acl_rules","count.index"]}},"schema_version":0,"count_expression":{"references":["local.create_intra_network_acl","var.intra_outbound_acl_rules"]}},{"address":"aws_network_acl_rule.outpost_inbound","mode":"managed","type":"aws_network_acl_rule","name":"outpost_inbound","provider_config_key":"aws","expressions":{"cidr_block":{"references":["var.outpost_inbound_acl_rules","count.index"]},"egress":{"constant_value":false},"from_port":{"references":["var.outpost_inbound_acl_rules","count.index"]},"icmp_code":{"references":["var.outpost_inbound_acl_rules","count.index"]},"icmp_type":{"references":["var.outpost_inbound_acl_rules","count.index"]},"ipv6_cidr_block":{"references":["var.outpost_inbound_acl_rules","count.index"]},"network_acl_id":{"references":["aws_network_acl.outpost[0].id","aws_network_acl.outpost[0]","aws_network_acl.outpost"]},"protocol":{"references":["var.outpost_inbound_acl_rules","count.index"]},"rule_action":{"references":["var.outpost_inbound_acl_rules","count.index"]},"rule_number":{"references":["var.outpost_inbound_acl_rules","count.index"]},"to_port":{"references":["var.outpost_inbound_acl_rules","count.index"]}},"schema_version":0,"count_expression":{"references":["local.create_outpost_network_acl","var.outpost_inbound_acl_rules"]}},{"address":"aws_network_acl_rule.outpost_outbound","mode":"managed","type":"aws_network_acl_rule","name":"outpost_outbound","provider_config_key":"aws","expressions":{"cidr_block":{"references":["var.outpost_outbound_acl_rules","count.index"]},"egress":{"constant_value":true},"from_port":{"references":["var.outpost_outbound_acl_rules","count.index"]},"icmp_code":{"references":["var.outpost_outbound_acl_rules","count.index"]},"icmp_type":{"references":["var.outpost_outbound_acl_rules","count.index"]},"ipv6_cidr_block":{"references":["var.outpost_outbound_acl_rules","count.index"]},"network_acl_id":{"references":["aws_network_acl.outpost[0].id","aws_network_acl.outpost[0]","aws_network_acl.outpost"]},"protocol":{"references":["var.outpost_outbound_acl_rules","count.index"]},"rule_action":{"references":["var.outpost_outbound_acl_rules","count.index"]},"rule_number":{"references":["var.outpost_outbound_acl_rules","count.index"]},"to_port":{"references":["var.outpost_outbound_acl_rules","count.index"]}},"schema_version":0,"count_expression":{"references":["local.create_outpost_network_acl","var.outpost_outbound_acl_rules"]}},{"address":"aws_network_acl_rule.private_inbound","mode":"managed","type":"aws_network_acl_rule","name":"private_inbound","provider_config_key":"aws","expressions":{"cidr_block":{"references":["var.private_inbound_acl_rules","count.index"]},"egress":{"constant_value":false},"from_port":{"references":["var.private_inbound_acl_rules","count.index"]},"icmp_code":{"references":["var.private_inbound_acl_rules","count.index"]},"icmp_type":{"references":["var.private_inbound_acl_rules","count.index"]},"ipv6_cidr_block":{"references":["var.private_inbound_acl_rules","count.index"]},"network_acl_id":{"references":["aws_network_acl.private[0].id","aws_network_acl.private[0]","aws_network_acl.private"]},"protocol":{"references":["var.private_inbound_acl_rules","count.index"]},"rule_action":{"references":["var.private_inbound_acl_rules","count.index"]},"rule_number":{"references":["var.private_inbound_acl_rules","count.index"]},"to_port":{"references":["var.private_inbound_acl_rules","count.index"]}},"schema_version":0,"count_expression":{"references":["local.create_private_network_acl","var.private_inbound_acl_rules"]}},{"address":"aws_network_acl_rule.private_outbound","mode":"managed","type":"aws_network_acl_rule","name":"private_outbound","provider_config_key":"aws","expressions":{"cidr_block":{"references":["var.private_outbound_acl_rules","count.index"]},"egress":{"constant_value":true},"from_port":{"references":["var.private_outbound_acl_rules","count.index"]},"icmp_code":{"references":["var.private_outbound_acl_rules","count.index"]},"icmp_type":{"references":["var.private_outbound_acl_rules","count.index"]},"ipv6_cidr_block":{"references":["var.private_outbound_acl_rules","count.index"]},"network_acl_id":{"references":["aws_network_acl.private[0].id","aws_network_acl.private[0]","aws_network_acl.private"]},"protocol":{"references":["var.private_outbound_acl_rules","count.index"]},"rule_action":{"references":["var.private_outbound_acl_rules","count.index"]},"rule_number":{"references":["var.private_outbound_acl_rules","count.index"]},"to_port":{"references":["var.private_outbound_acl_rules","count.index"]}},"schema_version":0,"count_expression":{"references":["local.create_private_network_acl","var.private_outbound_acl_rules"]}},{"address":"aws_network_acl_rule.public_inbound","mode":"managed","type":"aws_network_acl_rule","name":"public_inbound","provider_config_key":"aws","expressions":{"cidr_block":{"references":["var.public_inbound_acl_rules","count.index"]},"egress":{"constant_value":false},"from_port":{"references":["var.public_inbound_acl_rules","count.index"]},"icmp_code":{"references":["var.public_inbound_acl_rules","count.index"]},"icmp_type":{"references":["var.public_inbound_acl_rules","count.index"]},"ipv6_cidr_block":{"references":["var.public_inbound_acl_rules","count.index"]},"network_acl_id":{"references":["aws_network_acl.public[0].id","aws_network_acl.public[0]","aws_network_acl.public"]},"protocol":{"references":["var.public_inbound_acl_rules","count.index"]},"rule_action":{"references":["var.public_inbound_acl_rules","count.index"]},"rule_number":{"references":["var.public_inbound_acl_rules","count.index"]},"to_port":{"references":["var.public_inbound_acl_rules","count.index"]}},"schema_version":0,"count_expression":{"references":["local.create_public_subnets","var.public_dedicated_network_acl","var.public_inbound_acl_rules"]}},{"address":"aws_network_acl_rule.public_outbound","mode":"managed","type":"aws_network_acl_rule","name":"public_outbound","provider_config_key":"aws","expressions":{"cidr_block":{"references":["var.public_outbound_acl_rules","count.index"]},"egress":{"constant_value":true},"from_port":{"references":["var.public_outbound_acl_rules","count.index"]},"icmp_code":{"references":["var.public_outbound_acl_rules","count.index"]},"icmp_type":{"references":["var.public_outbound_acl_rules","count.index"]},"ipv6_cidr_block":{"references":["var.public_outbound_acl_rules","count.index"]},"network_acl_id":{"references":["aws_network_acl.public[0].id","aws_network_acl.public[0]","aws_network_acl.public"]},"protocol":{"references":["var.public_outbound_acl_rules","count.index"]},"rule_action":{"references":["var.public_outbound_acl_rules","count.index"]},"rule_number":{"references":["var.public_outbound_acl_rules","count.index"]},"to_port":{"references":["var.public_outbound_acl_rules","count.index"]}},"schema_version":0,"count_expression":{"references":["local.create_public_subnets","var.public_dedicated_network_acl","var.public_outbound_acl_rules"]}},{"address":"aws_network_acl_rule.redshift_inbound","mode":"managed","type":"aws_network_acl_rule","name":"redshift_inbound","provider_config_key":"aws","expressions":{"cidr_block":{"references":["var.redshift_inbound_acl_rules","count.index"]},"egress":{"constant_value":false},"from_port":{"references":["var.redshift_inbound_acl_rules","count.index"]},"icmp_code":{"references":["var.redshift_inbound_acl_rules","count.index"]},"icmp_type":{"references":["var.redshift_inbound_acl_rules","count.index"]},"ipv6_cidr_block":{"references":["var.redshift_inbound_acl_rules","count.index"]},"network_acl_id":{"references":["aws_network_acl.redshift[0].id","aws_network_acl.redshift[0]","aws_network_acl.redshift"]},"protocol":{"references":["var.redshift_inbound_acl_rules","count.index"]},"rule_action":{"references":["var.redshift_inbound_acl_rules","count.index"]},"rule_number":{"references":["var.redshift_inbound_acl_rules","count.index"]},"to_port":{"references":["var.redshift_inbound_acl_rules","count.index"]}},"schema_version":0,"count_expression":{"references":["local.create_redshift_network_acl","var.redshift_inbound_acl_rules"]}},{"address":"aws_network_acl_rule.redshift_outbound","mode":"managed","type":"aws_network_acl_rule","name":"redshift_outbound","provider_config_key":"aws","expressions":{"cidr_block":{"references":["var.redshift_outbound_acl_rules","count.index"]},"egress":{"constant_value":true},"from_port":{"references":["var.redshift_outbound_acl_rules","count.index"]},"icmp_code":{"references":["var.redshift_outbound_acl_rules","count.index"]},"icmp_type":{"references":["var.redshift_outbound_acl_rules","count.index"]},"ipv6_cidr_block":{"references":["var.redshift_outbound_acl_rules","count.index"]},"network_acl_id":{"references":["aws_network_acl.redshift[0].id","aws_network_acl.redshift[0]","aws_network_acl.redshift"]},"protocol":{"references":["var.redshift_outbound_acl_rules","count.index"]},"rule_action":{"references":["var.redshift_outbound_acl_rules","count.index"]},"rule_number":{"references":["var.redshift_outbound_acl_rules","count.index"]},"to_port":{"references":["var.redshift_outbound_acl_rules","count.index"]}},"schema_version":0,"count_expression":{"references":["local.create_redshift_network_acl","var.redshift_outbound_acl_rules"]}},{"address":"aws_redshift_subnet_group.redshift","mode":"managed","type":"aws_redshift_subnet_group","name":"redshift","provider_config_key":"aws","expressions":{"description":{"references":["var.name"]},"name":{"references":["var.redshift_subnet_group_name","var.name"]},"subnet_ids":{"references":["aws_subnet.redshift"]},"tags":{"references":["var.redshift_subnet_group_name","var.name","var.tags","var.redshift_subnet_group_tags"]}},"schema_version":0,"count_expression":{"references":["local.create_redshift_subnets","var.create_redshift_subnet_group"]}},{"address":"aws_route.database_dns64_nat_gateway","mode":"managed","type":"aws_route","name":"database_dns64_nat_gateway","provider_config_key":"aws","expressions":{"destination_ipv6_cidr_block":{"constant_value":"64:ff9b::/96"},"nat_gateway_id":{"references":["aws_nat_gateway.this","count.index"]},"route_table_id":{"references":["aws_route_table.database","count.index"]},"timeouts":{"create":{"constant_value":"5m"}}},"schema_version":0,"count_expression":{"references":["local.create_database_route_table","var.create_database_internet_gateway_route","var.create_database_nat_gateway_route","var.enable_nat_gateway","var.enable_ipv6","var.private_subnet_enable_dns64","var.single_nat_gateway","local.len_database_subnets"]}},{"address":"aws_route.database_internet_gateway","mode":"managed","type":"aws_route","name":"database_internet_gateway","provider_config_key":"aws","expressions":{"destination_cidr_block":{"constant_value":"0.0.0.0/0"},"gateway_id":{"references":["aws_internet_gateway.this[0].id","aws_internet_gateway.this[0]","aws_internet_gateway.this"]},"route_table_id":{"references":["aws_route_table.database[0].id","aws_route_table.database[0]","aws_route_table.database"]},"timeouts":{"create":{"constant_value":"5m"}}},"schema_version":0,"count_expression":{"references":["local.create_database_route_table","var.create_igw","var.create_database_internet_gateway_route","var.create_database_nat_gateway_route"]}},{"address":"aws_route.database_ipv6_egress","mode":"managed","type":"aws_route","name":"database_ipv6_egress","provider_config_key":"aws","expressions":{"destination_ipv6_cidr_block":{"constant_value":"::/0"},"egress_only_gateway_id":{"references":["aws_egress_only_internet_gateway.this[0].id","aws_egress_only_internet_gateway.this[0]","aws_egress_only_internet_gateway.this"]},"route_table_id":{"references":["aws_route_table.database[0].id","aws_route_table.database[0]","aws_route_table.database"]},"timeouts":{"create":{"constant_value":"5m"}}},"schema_version":0,"count_expression":{"references":["local.create_database_route_table","var.create_egress_only_igw","var.enable_ipv6","var.create_database_internet_gateway_route"]}},{"address":"aws_route.database_nat_gateway","mode":"managed","type":"aws_route","name":"database_nat_gateway","provider_config_key":"aws","expressions":{"destination_cidr_block":{"constant_value":"0.0.0.0/0"},"nat_gateway_id":{"references":["aws_nat_gateway.this","count.index"]},"route_table_id":{"references":["aws_route_table.database","count.index"]},"timeouts":{"create":{"constant_value":"5m"}}},"schema_version":0,"count_expression":{"references":["local.create_database_route_table","var.create_database_internet_gateway_route","var.create_database_nat_gateway_route","var.enable_nat_gateway","var.single_nat_gateway","local.len_database_subnets"]}},{"address":"aws_route.private_dns64_nat_gateway","mode":"managed","type":"aws_route","name":"private_dns64_nat_gateway","provider_config_key":"aws","expressions":{"destination_ipv6_cidr_block":{"constant_value":"64:ff9b::/96"},"nat_gateway_id":{"references":["aws_nat_gateway.this","count.index"]},"route_table_id":{"references":["aws_route_table.private","count.index"]},"timeouts":{"create":{"constant_value":"5m"}}},"schema_version":0,"count_expression":{"references":["local.create_vpc","var.enable_nat_gateway","var.enable_ipv6","var.private_subnet_enable_dns64","local.nat_gateway_count"]}},{"address":"aws_route.private_ipv6_egress","mode":"managed","type":"aws_route","name":"private_ipv6_egress","provider_config_key":"aws","expressions":{"destination_ipv6_cidr_block":{"constant_value":"::/0"},"egress_only_gateway_id":{"references":["aws_egress_only_internet_gateway.this"]},"route_table_id":{"references":["aws_route_table.private","count.index"]}},"schema_version":0,"count_expression":{"references":["local.create_vpc","var.create_egress_only_igw","var.enable_ipv6","local.len_private_subnets","local.nat_gateway_count"]}},{"address":"aws_route.private_nat_gateway","mode":"managed","type":"aws_route","name":"private_nat_gateway","provider_config_key":"aws","expressions":{"destination_cidr_block":{"references":["var.nat_gateway_destination_cidr_block"]},"nat_gateway_id":{"references":["aws_nat_gateway.this","count.index"]},"route_table_id":{"references":["aws_route_table.private","count.index"]},"timeouts":{"create":{"constant_value":"5m"}}},"schema_version":0,"count_expression":{"references":["local.create_vpc","var.enable_nat_gateway","var.create_private_nat_gateway_route","local.nat_gateway_count"]}},{"address":"aws_route.public_internet_gateway","mode":"managed","type":"aws_route","name":"public_internet_gateway","provider_config_key":"aws","expressions":{"destination_cidr_block":{"constant_value":"0.0.0.0/0"},"gateway_id":{"references":["aws_internet_gateway.this[0].id","aws_internet_gateway.this[0]","aws_internet_gateway.this"]},"route_table_id":{"references":["aws_route_table.public","count.index"]},"timeouts":{"create":{"constant_value":"5m"}}},"schema_version":0,"count_expression":{"references":["local.create_public_subnets","var.create_igw","local.num_public_route_tables"]}},{"address":"aws_route.public_internet_gateway_ipv6","mode":"managed","type":"aws_route","name":"public_internet_gateway_ipv6","provider_config_key":"aws","expressions":{"destination_ipv6_cidr_block":{"constant_value":"::/0"},"gateway_id":{"references":["aws_internet_gateway.this[0].id","aws_internet_gateway.this[0]","aws_internet_gateway.this"]},"route_table_id":{"references":["aws_route_table.public","count.index"]}},"schema_version":0,"count_expression":{"references":["local.create_public_subnets","var.create_igw","var.enable_ipv6","local.num_public_route_tables"]}},{"address":"aws_route_table.database","mode":"managed","type":"aws_route_table","name":"database","provider_config_key":"aws","expressions":{"tags":{"references":["var.single_nat_gateway","var.create_database_internet_gateway_route","var.name","var.database_subnet_suffix","var.name","var.database_subnet_suffix","var.azs","count.index","var.tags","var.database_route_table_tags"]},"vpc_id":{"references":["local.vpc_id"]}},"schema_version":0,"count_expression":{"references":["local.create_database_route_table","var.single_nat_gateway","var.create_database_internet_gateway_route","local.len_database_subnets"]}},{"address":"aws_route_table.elasticache","mode":"managed","type":"aws_route_table","name":"elasticache","provider_config_key":"aws","expressions":{"tags":{"references":["var.name","var.elasticache_subnet_suffix","var.tags","var.elasticache_route_table_tags"]},"vpc_id":{"references":["local.vpc_id"]}},"schema_version":0,"count_expression":{"references":["local.create_elasticache_route_table"]}},{"address":"aws_route_table.intra","mode":"managed","type":"aws_route_table","name":"intra","provider_config_key":"aws","expressions":{"tags":{"references":["var.create_multiple_intra_route_tables","var.name","var.intra_subnet_suffix","var.azs","count.index","var.name","var.intra_subnet_suffix","var.tags","var.intra_route_table_tags"]},"vpc_id":{"references":["local.vpc_id"]}},"schema_version":0,"count_expression":{"references":["local.create_intra_subnets","local.num_intra_route_tables"]}},{"address":"aws_route_table.private","mode":"managed","type":"aws_route_table","name":"private","provider_config_key":"aws","expressions":{"tags":{"references":["var.single_nat_gateway","var.name","var.private_subnet_suffix","var.name","var.private_subnet_suffix","var.azs","count.index","var.tags","var.private_route_table_tags"]},"vpc_id":{"references":["local.vpc_id"]}},"schema_version":0,"count_expression":{"references":["local.create_private_subnets","local.max_subnet_length","local.nat_gateway_count"]}},{"address":"aws_route_table.public","mode":"managed","type":"aws_route_table","name":"public","provider_config_key":"aws","expressions":{"tags":{"references":["var.create_multiple_public_route_tables","var.name","var.public_subnet_suffix","var.azs","count.index","var.name","var.public_subnet_suffix","var.tags","var.public_route_table_tags"]},"vpc_id":{"references":["local.vpc_id"]}},"schema_version":0,"count_expression":{"references":["local.create_public_subnets","local.num_public_route_tables"]}},{"address":"aws_route_table.redshift","mode":"managed","type":"aws_route_table","name":"redshift","provider_config_key":"aws","expressions":{"tags":{"references":["var.name","var.redshift_subnet_suffix","var.tags","var.redshift_route_table_tags"]},"vpc_id":{"references":["local.vpc_id"]}},"schema_version":0,"count_expression":{"references":["local.create_redshift_route_table"]}},{"address":"aws_route_table_association.database","mode":"managed","type":"aws_route_table_association","name":"database","provider_config_key":"aws","expressions":{"route_table_id":{"references":["aws_route_table.database","aws_route_table.private","var.create_database_subnet_route_table","var.single_nat_gateway","var.create_database_internet_gateway_route","count.index","count.index"]},"subnet_id":{"references":["aws_subnet.database","count.index"]}},"schema_version":0,"count_expression":{"references":["local.create_database_subnets","local.len_database_subnets"]}},{"address":"aws_route_table_association.elasticache","mode":"managed","type":"aws_route_table_association","name":"elasticache","provider_config_key":"aws","expressions":{"route_table_id":{"references":["aws_route_table.elasticache","aws_route_table.private","var.single_nat_gateway","var.create_elasticache_subnet_route_table","count.index"]},"subnet_id":{"references":["aws_subnet.elasticache","count.index"]}},"schema_version":0,"count_expression":{"references":["local.create_elasticache_subnets","local.len_elasticache_subnets"]}},{"address":"aws_route_table_association.intra","mode":"managed","type":"aws_route_table_association","name":"intra","provider_config_key":"aws","expressions":{"route_table_id":{"references":["aws_route_table.intra","var.create_multiple_intra_route_tables","count.index"]},"subnet_id":{"references":["aws_subnet.intra","count.index"]}},"schema_version":0,"count_expression":{"references":["local.create_intra_subnets","local.len_intra_subnets"]}},{"address":"aws_route_table_association.outpost","mode":"managed","type":"aws_route_table_association","name":"outpost","provider_config_key":"aws","expressions":{"route_table_id":{"references":["aws_route_table.private","var.single_nat_gateway","count.index"]},"subnet_id":{"references":["aws_subnet.outpost","count.index"]}},"schema_version":0,"count_expression":{"references":["local.create_outpost_subnets","local.len_outpost_subnets"]}},{"address":"aws_route_table_association.private","mode":"managed","type":"aws_route_table_association","name":"private","provider_config_key":"aws","expressions":{"route_table_id":{"references":["aws_route_table.private","var.single_nat_gateway","count.index"]},"subnet_id":{"references":["aws_subnet.private","count.index"]}},"schema_version":0,"count_expression":{"references":["local.create_private_subnets","local.len_private_subnets"]}},{"address":"aws_route_table_association.public","mode":"managed","type":"aws_route_table_association","name":"public","provider_config_key":"aws","expressions":{"route_table_id":{"references":["aws_route_table.public","var.create_multiple_public_route_tables","count.index"]},"subnet_id":{"references":["aws_subnet.public","count.index"]}},"schema_version":0,"count_expression":{"references":["local.create_public_subnets","local.len_public_subnets"]}},{"address":"aws_route_table_association.redshift","mode":"managed","type":"aws_route_table_association","name":"redshift","provider_config_key":"aws","expressions":{"route_table_id":{"references":["aws_route_table.redshift","aws_route_table.private","var.single_nat_gateway","var.create_redshift_subnet_route_table","count.index"]},"subnet_id":{"references":["aws_subnet.redshift","count.index"]}},"schema_version":0,"count_expression":{"references":["local.create_redshift_subnets","var.enable_public_redshift","local.len_redshift_subnets"]}},{"address":"aws_route_table_association.redshift_public","mode":"managed","type":"aws_route_table_association","name":"redshift_public","provider_config_key":"aws","expressions":{"route_table_id":{"references":["aws_route_table.redshift","aws_route_table.public","var.single_nat_gateway","var.create_redshift_subnet_route_table","count.index"]},"subnet_id":{"references":["aws_subnet.redshift","count.index"]}},"schema_version":0,"count_expression":{"references":["local.create_redshift_subnets","var.enable_public_redshift","local.len_redshift_subnets"]}},{"address":"aws_subnet.database","mode":"managed","type":"aws_subnet","name":"database","provider_config_key":"aws","expressions":{"assign_ipv6_address_on_creation":{"references":["var.enable_ipv6","var.database_subnet_ipv6_native","var.database_subnet_assign_ipv6_address_on_creation"]},"availability_zone":{"references":["var.azs","count.index","var.azs","count.index"]},"availability_zone_id":{"references":["var.azs","count.index","var.azs","count.index"]},"cidr_block":{"references":["var.database_subnet_ipv6_native","var.database_subnets","count.index"]},"enable_dns64":{"references":["var.enable_ipv6","var.database_subnet_enable_dns64"]},"enable_resource_name_dns_a_record_on_launch":{"references":["var.database_subnet_ipv6_native","var.database_subnet_enable_resource_name_dns_a_record_on_launch"]},"enable_resource_name_dns_aaaa_record_on_launch":{"references":["var.enable_ipv6","var.database_subnet_enable_resource_name_dns_aaaa_record_on_launch"]},"ipv6_cidr_block":{"references":["var.enable_ipv6","var.database_subnet_ipv6_prefixes","aws_vpc.this[0].ipv6_cidr_block","aws_vpc.this[0]","aws_vpc.this","var.database_subnet_ipv6_prefixes","count.index"]},"ipv6_native":{"references":["var.enable_ipv6","var.database_subnet_ipv6_native"]},"private_dns_hostname_type_on_launch":{"references":["var.database_subnet_private_dns_hostname_type_on_launch"]},"tags":{"references":["var.database_subnet_names","count.index","var.name","var.database_subnet_suffix","var.azs","count.index","var.tags","var.database_subnet_tags"]},"vpc_id":{"references":["local.vpc_id"]}},"schema_version":1,"count_expression":{"references":["local.create_database_subnets","local.len_database_subnets"]}},{"address":"aws_subnet.elasticache","mode":"managed","type":"aws_subnet","name":"elasticache","provider_config_key":"aws","expressions":{"assign_ipv6_address_on_creation":{"references":["var.enable_ipv6","var.elasticache_subnet_ipv6_native","var.elasticache_subnet_assign_ipv6_address_on_creation"]},"availability_zone":{"references":["var.azs","count.index","var.azs","count.index"]},"availability_zone_id":{"references":["var.azs","count.index","var.azs","count.index"]},"cidr_block":{"references":["var.elasticache_subnet_ipv6_native","var.elasticache_subnets","count.index"]},"enable_dns64":{"references":["var.enable_ipv6","var.elasticache_subnet_enable_dns64"]},"enable_resource_name_dns_a_record_on_launch":{"references":["var.elasticache_subnet_ipv6_native","var.elasticache_subnet_enable_resource_name_dns_a_record_on_launch"]},"enable_resource_name_dns_aaaa_record_on_launch":{"references":["var.enable_ipv6","var.elasticache_subnet_enable_resource_name_dns_aaaa_record_on_launch"]},"ipv6_cidr_block":{"references":["var.enable_ipv6","var.elasticache_subnet_ipv6_prefixes","aws_vpc.this[0].ipv6_cidr_block","aws_vpc.this[0]","aws_vpc.this","var.elasticache_subnet_ipv6_prefixes","count.index"]},"ipv6_native":{"references":["var.enable_ipv6","var.elasticache_subnet_ipv6_native"]},"private_dns_hostname_type_on_launch":{"references":["var.elasticache_subnet_private_dns_hostname_type_on_launch"]},"tags":{"references":["var.elasticache_subnet_names","count.index","var.name","var.elasticache_subnet_suffix","var.azs","count.index","var.tags","var.elasticache_subnet_tags"]},"vpc_id":{"references":["local.vpc_id"]}},"schema_version":1,"count_expression":{"references":["local.create_elasticache_subnets","local.len_elasticache_subnets"]}},{"address":"aws_subnet.intra","mode":"managed","type":"aws_subnet","name":"intra","provider_config_key":"aws","expressions":{"assign_ipv6_address_on_creation":{"references":["var.enable_ipv6","var.intra_subnet_ipv6_native","var.intra_subnet_assign_ipv6_address_on_creation"]},"availability_zone":{"references":["var.azs","count.index","var.azs","count.index"]},"availability_zone_id":{"references":["var.azs","count.index","var.azs","count.index"]},"cidr_block":{"references":["var.intra_subnet_ipv6_native","var.intra_subnets","count.index"]},"enable_dns64":{"references":["var.enable_ipv6","var.intra_subnet_enable_dns64"]},"enable_resource_name_dns_a_record_on_launch":{"references":["var.intra_subnet_ipv6_native","var.intra_subnet_enable_resource_name_dns_a_record_on_launch"]},"enable_resource_name_dns_aaaa_record_on_launch":{"references":["var.enable_ipv6","var.intra_subnet_enable_resource_name_dns_aaaa_record_on_launch"]},"ipv6_cidr_block":{"references":["var.enable_ipv6","var.intra_subnet_ipv6_prefixes","aws_vpc.this[0].ipv6_cidr_block","aws_vpc.this[0]","aws_vpc.this","var.intra_subnet_ipv6_prefixes","count.index"]},"ipv6_native":{"references":["var.enable_ipv6","var.intra_subnet_ipv6_native"]},"private_dns_hostname_type_on_launch":{"references":["var.intra_subnet_private_dns_hostname_type_on_launch"]},"tags":{"references":["var.intra_subnet_names","count.index","var.name","var.intra_subnet_suffix","var.azs","count.index","var.tags","var.intra_subnet_tags"]},"vpc_id":{"references":["local.vpc_id"]}},"schema_version":1,"count_expression":{"references":["local.create_intra_subnets","local.len_intra_subnets"]}},{"address":"aws_subnet.outpost","mode":"managed","type":"aws_subnet","name":"outpost","provider_config_key":"aws","expressions":{"assign_ipv6_address_on_creation":{"references":["var.enable_ipv6","var.outpost_subnet_ipv6_native","var.outpost_subnet_assign_ipv6_address_on_creation"]},"availability_zone":{"references":["var.outpost_az"]},"cidr_block":{"references":["var.outpost_subnet_ipv6_native","var.outpost_subnets","count.index"]},"customer_owned_ipv4_pool":{"references":["var.customer_owned_ipv4_pool"]},"enable_dns64":{"references":["var.enable_ipv6","var.outpost_subnet_enable_dns64"]},"enable_resource_name_dns_a_record_on_launch":{"references":["var.outpost_subnet_ipv6_native","var.outpost_subnet_enable_resource_name_dns_a_record_on_launch"]},"enable_resource_name_dns_aaaa_record_on_launch":{"references":["var.enable_ipv6","var.outpost_subnet_enable_resource_name_dns_aaaa_record_on_launch"]},"ipv6_cidr_block":{"references":["var.enable_ipv6","var.outpost_subnet_ipv6_prefixes","aws_vpc.this[0].ipv6_cidr_block","aws_vpc.this[0]","aws_vpc.this","var.outpost_subnet_ipv6_prefixes","count.index"]},"ipv6_native":{"references":["var.enable_ipv6","var.outpost_subnet_ipv6_native"]},"map_customer_owned_ip_on_launch":{"references":["var.map_customer_owned_ip_on_launch"]},"outpost_arn":{"references":["var.outpost_arn"]},"private_dns_hostname_type_on_launch":{"references":["var.outpost_subnet_private_dns_hostname_type_on_launch"]},"tags":{"references":["var.outpost_subnet_names","count.index","var.name","var.outpost_subnet_suffix","var.outpost_az","var.tags","var.outpost_subnet_tags"]},"vpc_id":{"references":["local.vpc_id"]}},"schema_version":1,"count_expression":{"references":["local.create_outpost_subnets","local.len_outpost_subnets"]}},{"address":"aws_subnet.private","mode":"managed","type":"aws_subnet","name":"private","provider_config_key":"aws","expressions":{"assign_ipv6_address_on_creation":{"references":["var.enable_ipv6","var.private_subnet_ipv6_native","var.private_subnet_assign_ipv6_address_on_creation"]},"availability_zone":{"references":["var.azs","count.index","var.azs","count.index"]},"availability_zone_id":{"references":["var.azs","count.index","var.azs","count.index"]},"cidr_block":{"references":["var.private_subnet_ipv6_native","var.private_subnets","count.index"]},"enable_dns64":{"references":["var.enable_ipv6","var.private_subnet_enable_dns64"]},"enable_resource_name_dns_a_record_on_launch":{"references":["var.private_subnet_ipv6_native","var.private_subnet_enable_resource_name_dns_a_record_on_launch"]},"enable_resource_name_dns_aaaa_record_on_launch":{"references":["var.enable_ipv6","var.private_subnet_enable_resource_name_dns_aaaa_record_on_launch"]},"ipv6_cidr_block":{"references":["var.enable_ipv6","var.private_subnet_ipv6_prefixes","aws_vpc.this[0].ipv6_cidr_block","aws_vpc.this[0]","aws_vpc.this","var.private_subnet_ipv6_prefixes","count.index"]},"ipv6_native":{"references":["var.enable_ipv6","var.private_subnet_ipv6_native"]},"private_dns_hostname_type_on_launch":{"references":["var.private_subnet_private_dns_hostname_type_on_launch"]},"tags":{"references":["var.private_subnet_names","count.index","var.name","var.private_subnet_suffix","var.azs","count.index","var.tags","var.private_subnet_tags","var.private_subnet_tags_per_az","var.azs","count.index"]},"vpc_id":{"references":["local.vpc_id"]}},"schema_version":1,"count_expression":{"references":["local.create_private_subnets","local.len_private_subnets"]}},{"address":"aws_subnet.public","mode":"managed","type":"aws_subnet","name":"public","provider_config_key":"aws","expressions":{"assign_ipv6_address_on_creation":{"references":["var.enable_ipv6","var.public_subnet_ipv6_native","var.public_subnet_assign_ipv6_address_on_creation"]},"availability_zone":{"references":["var.azs","count.index","var.azs","count.index"]},"availability_zone_id":{"references":["var.azs","count.index","var.azs","count.index"]},"cidr_block":{"references":["var.public_subnet_ipv6_native","var.public_subnets","count.index"]},"enable_dns64":{"references":["var.enable_ipv6","var.public_subnet_enable_dns64"]},"enable_resource_name_dns_a_record_on_launch":{"references":["var.public_subnet_ipv6_native","var.public_subnet_enable_resource_name_dns_a_record_on_launch"]},"enable_resource_name_dns_aaaa_record_on_launch":{"references":["var.enable_ipv6","var.public_subnet_enable_resource_name_dns_aaaa_record_on_launch"]},"ipv6_cidr_block":{"references":["var.enable_ipv6","var.public_subnet_ipv6_prefixes","aws_vpc.this[0].ipv6_cidr_block","aws_vpc.this[0]","aws_vpc.this","var.public_subnet_ipv6_prefixes","count.index"]},"ipv6_native":{"references":["var.enable_ipv6","var.public_subnet_ipv6_native"]},"map_public_ip_on_launch":{"references":["var.map_public_ip_on_launch"]},"private_dns_hostname_type_on_launch":{"references":["var.public_subnet_private_dns_hostname_type_on_launch"]},"tags":{"references":["var.public_subnet_names","count.index","var.name","var.public_subnet_suffix","var.azs","count.index","var.tags","var.public_subnet_tags","var.public_subnet_tags_per_az","var.azs","count.index"]},"vpc_id":{"references":["local.vpc_id"]}},"schema_version":1,"count_expression":{"references":["local.create_public_subnets","var.one_nat_gateway_per_az","local.len_public_subnets","var.azs","local.len_public_subnets"]}},{"address":"aws_subnet.redshift","mode":"managed","type":"aws_subnet","name":"redshift","provider_config_key":"aws","expressions":{"assign_ipv6_address_on_creation":{"references":["var.enable_ipv6","var.redshift_subnet_ipv6_native","var.redshift_subnet_assign_ipv6_address_on_creation"]},"availability_zone":{"references":["var.azs","count.index","var.azs","count.index"]},"availability_zone_id":{"references":["var.azs","count.index","var.azs","count.index"]},"cidr_block":{"references":["var.redshift_subnet_ipv6_native","var.redshift_subnets","count.index"]},"enable_dns64":{"references":["var.enable_ipv6","var.redshift_subnet_enable_dns64"]},"enable_resource_name_dns_a_record_on_launch":{"references":["var.redshift_subnet_ipv6_native","var.redshift_subnet_enable_resource_name_dns_a_record_on_launch"]},"enable_resource_name_dns_aaaa_record_on_launch":{"references":["var.enable_ipv6","var.redshift_subnet_enable_resource_name_dns_aaaa_record_on_launch"]},"ipv6_cidr_block":{"references":["var.enable_ipv6","var.redshift_subnet_ipv6_prefixes","aws_vpc.this[0].ipv6_cidr_block","aws_vpc.this[0]","aws_vpc.this","var.redshift_subnet_ipv6_prefixes","count.index"]},"ipv6_native":{"references":["var.enable_ipv6","var.redshift_subnet_ipv6_native"]},"private_dns_hostname_type_on_launch":{"references":["var.redshift_subnet_private_dns_hostname_type_on_launch"]},"tags":{"references":["var.redshift_subnet_names","count.index","var.name","var.redshift_subnet_suffix","var.azs","count.index","var.tags","var.redshift_subnet_tags"]},"vpc_id":{"references":["local.vpc_id"]}},"schema_version":1,"count_expression":{"references":["local.create_redshift_subnets","local.len_redshift_subnets"]}},{"address":"aws_vpc.this","mode":"managed","type":"aws_vpc","name":"this","provider_config_key":"aws","expressions":{"assign_generated_ipv6_cidr_block":{"references":["var.enable_ipv6","var.use_ipam_pool"]},"cidr_block":{"references":["var.use_ipam_pool","var.cidr"]},"enable_dns_hostnames":{"references":["var.enable_dns_hostnames"]},"enable_dns_support":{"references":["var.enable_dns_support"]},"enable_network_address_usage_metrics":{"references":["var.enable_network_address_usage_metrics"]},"instance_tenancy":{"references":["var.instance_tenancy"]},"ipv4_ipam_pool_id":{"references":["var.ipv4_ipam_pool_id"]},"ipv4_netmask_length":{"references":["var.ipv4_netmask_length"]},"ipv6_cidr_block":{"references":["var.ipv6_cidr"]},"ipv6_cidr_block_network_border_group":{"references":["var.ipv6_cidr_block_network_border_group"]},"ipv6_ipam_pool_id":{"references":["var.ipv6_ipam_pool_id"]},"ipv6_netmask_length":{"references":["var.ipv6_netmask_length"]},"tags":{"references":["var.name","var.tags","var.vpc_tags"]}},"schema_version":1,"count_expression":{"references":["local.create_vpc"]}},{"address":"aws_vpc_block_public_access_exclusion.this","mode":"managed","type":"aws_vpc_block_public_access_exclusion","name":"this","provider_config_key":"aws","expressions":{"internet_gateway_exclusion_mode":{"references":["each.value.internet_gateway_exclusion_mode","each.value"]},"subnet_id":{"references":["each.value","aws_subnet.private","aws_subnet.public","aws_subnet.database","aws_subnet.redshift","aws_subnet.elasticache","aws_subnet.intra","aws_subnet.outpost","each.value.subnet_type","each.value","each.value.subnet_index","each.value"]},"tags":{"references":["var.tags"]},"vpc_id":{"references":["each.value","local.vpc_id"]}},"schema_version":0,"for_each_expression":{"references":["var.vpc_block_public_access_exclusions","local.create_vpc"]}},{"address":"aws_vpc_block_public_access_options.this","mode":"managed","type":"aws_vpc_block_public_access_options","name":"this","provider_config_key":"aws","expressions":{"internet_gateway_block_mode":{"references":["var.vpc_block_public_access_options[\"internet_gateway_block_mode\"]","var.vpc_block_public_access_options"]}},"schema_version":0,"count_expression":{"references":["local.create_vpc","var.vpc_block_public_access_options"]}},{"address":"aws_vpc_dhcp_options.this","mode":"managed","type":"aws_vpc_dhcp_options","name":"this","provider_config_key":"aws","expressions":{"domain_name":{"references":["var.dhcp_options_domain_name"]},"domain_name_servers":{"references":["var.dhcp_options_domain_name_servers"]},"ipv6_address_preferred_lease_time":{"references":["var.dhcp_options_ipv6_address_preferred_lease_time"]},"netbios_name_servers":{"references":["var.dhcp_options_netbios_name_servers"]},"netbios_node_type":{"references":["var.dhcp_options_netbios_node_type"]},"ntp_servers":{"references":["var.dhcp_options_ntp_servers"]},"tags":{"references":["var.name","var.tags","var.dhcp_options_tags"]}},"schema_version":0,"count_expression":{"references":["local.create_vpc","var.enable_dhcp_options"]}},{"address":"aws_vpc_dhcp_options_association.this","mode":"managed","type":"aws_vpc_dhcp_options_association","name":"this","provider_config_key":"aws","expressions":{"dhcp_options_id":{"references":["aws_vpc_dhcp_options.this[0].id","aws_vpc_dhcp_options.this[0]","aws_vpc_dhcp_options.this"]},"vpc_id":{"references":["local.vpc_id"]}},"schema_version":0,"count_expression":{"references":["local.create_vpc","var.enable_dhcp_options"]}},{"address":"aws_vpc_ipv4_cidr_block_association.this","mode":"managed","type":"aws_vpc_ipv4_cidr_block_association","name":"this","provider_config_key":"aws","expressions":{"cidr_block":{"references":["var.secondary_cidr_blocks","count.index"]},"vpc_id":{"references":["aws_vpc.this[0].id","aws_vpc.this[0]","aws_vpc.this"]}},"schema_version":0,"count_expression":{"references":["local.create_vpc","var.secondary_cidr_blocks","var.secondary_cidr_blocks"]}},{"address":"aws_vpn_gateway.this","mode":"managed","type":"aws_vpn_gateway","name":"this","provider_config_key":"aws","expressions":{"amazon_side_asn":{"references":["var.amazon_side_asn"]},"availability_zone":{"references":["var.vpn_gateway_az"]},"tags":{"references":["var.name","var.tags","var.vpn_gateway_tags"]},"vpc_id":{"references":["local.vpc_id"]}},"schema_version":0,"count_expression":{"references":["local.create_vpc","var.enable_vpn_gateway"]}},{"address":"aws_vpn_gateway_attachment.this","mode":"managed","type":"aws_vpn_gateway_attachment","name":"this","provider_config_key":"aws","expressions":{"vpc_id":{"references":["local.vpc_id"]},"vpn_gateway_id":{"references":["var.vpn_gateway_id"]}},"schema_version":0,"count_expression":{"references":["var.vpn_gateway_id"]}},{"address":"aws_vpn_gateway_route_propagation.intra","mode":"managed","type":"aws_vpn_gateway_route_propagation","name":"intra","provider_config_key":"aws","expressions":{"route_table_id":{"references":["aws_route_table.intra","count.index"]},"vpn_gateway_id":{"references":["aws_vpn_gateway.this","aws_vpn_gateway_attachment.this","count.index"]}},"schema_version":0,"count_expression":{"references":["local.create_vpc","var.propagate_intra_route_tables_vgw","var.enable_vpn_gateway","var.vpn_gateway_id","local.len_intra_subnets"]}},{"address":"aws_vpn_gateway_route_propagation.private","mode":"managed","type":"aws_vpn_gateway_route_propagation","name":"private","provider_config_key":"aws","expressions":{"route_table_id":{"references":["aws_route_table.private","count.index"]},"vpn_gateway_id":{"references":["aws_vpn_gateway.this","aws_vpn_gateway_attachment.this","count.index"]}},"schema_version":0,"count_expression":{"references":["local.create_vpc","var.propagate_private_route_tables_vgw","var.enable_vpn_gateway","var.vpn_gateway_id","local.len_private_subnets"]}},{"address":"aws_vpn_gateway_route_propagation.public","mode":"managed","type":"aws_vpn_gateway_route_propagation","name":"public","provider_config_key":"aws","expressions":{"route_table_id":{"references":["aws_route_table.public","count.index"]},"vpn_gateway_id":{"references":["aws_vpn_gateway.this","aws_vpn_gateway_attachment.this","count.index"]}},"schema_version":0,"count_expression":{"references":["local.create_vpc","var.propagate_public_route_tables_vgw","var.enable_vpn_gateway","var.vpn_gateway_id"]}},{"address":"data.aws_caller_identity.current","mode":"data","type":"aws_caller_identity","name":"current","provider_config_key":"aws","schema_version":0,"count_expression":{"references":["var.create_vpc","var.enable_flow_log"]}},{"address":"data.aws_iam_policy_document.flow_log_cloudwatch_assume_role","mode":"data","type":"aws_iam_policy_document","name":"flow_log_cloudwatch_assume_role","provider_config_key":"aws","expressions":{"statement":[{"actions":{"constant_value":["sts:AssumeRole"]},"effect":{"constant_value":"Allow"},"principals":[{"identifiers":{"constant_value":["vpc-flow-logs.amazonaws.com"]},"type":{"constant_value":"Service"}}],"sid":{"constant_value":"AWSVPCFlowLogsAssumeRole"}}]},"schema_version":0,"count_expression":{"references":["local.create_flow_log_cloudwatch_iam_role"]}},{"address":"data.aws_iam_policy_document.vpc_flow_log_cloudwatch","mode":"data","type":"aws_iam_policy_document","name":"vpc_flow_log_cloudwatch","provider_config_key":"aws","expressions":{"statement":[{"actions":{"constant_value":["logs:CreateLogStream","logs:PutLogEvents","logs:DescribeLogGroups","logs:DescribeLogStreams"]},"effect":{"constant_value":"Allow"},"resources":{"references":["local.flow_log_group_arns"]},"sid":{"constant_value":"AWSVPCFlowLogsPushToCloudWatch"}}]},"schema_version":0,"count_expression":{"references":["local.create_flow_log_cloudwatch_iam_role"]}},{"address":"data.aws_partition.current","mode":"data","type":"aws_partition","name":"current","provider_config_key":"aws","schema_version":0,"count_expression":{"references":["var.create_vpc","var.enable_flow_log"]}},{"address":"data.aws_region.current","mode":"data","type":"aws_region","name":"current","provider_config_key":"aws","schema_version":0,"count_expression":{"references":["var.create_vpc","var.enable_flow_log"]}}],"variables":{"amazon_side_asn":{"default":"64512","description":"The Autonomous System Number (ASN) for the Amazon side of the gateway. By default the virtual private gateway is created with the current default Amazon ASN"},"azs":{"default":[],"description":"A list of availability zones names or ids in the region"},"cidr":{"default":"10.0.0.0/16","description":"(Optional) The IPv4 CIDR block for the VPC. CIDR can be explicitly set or it can be derived from IPAM using `ipv4_netmask_length` \u0026 `ipv4_ipam_pool_id`"},"create_database_internet_gateway_route":{"default":false,"description":"Controls if an internet gateway route for public database access should be created"},"create_database_nat_gateway_route":{"default":false,"description":"Controls if a nat gateway route should be created to give internet access to the database subnets"},"create_database_subnet_group":{"default":true,"description":"Controls if database subnet group should be created (n.b. database_subnets must also be set)"},"create_database_subnet_route_table":{"default":false,"description":"Controls if separate route table for database should be created"},"create_egress_only_igw":{"default":true,"description":"Controls if an Egress Only Internet Gateway is created and its related routes"},"create_elasticache_subnet_group":{"default":true,"description":"Controls if elasticache subnet group should be created"},"create_elasticache_subnet_route_table":{"default":false,"description":"Controls if separate route table for elasticache should be created"},"create_flow_log_cloudwatch_iam_role":{"default":false,"description":"Whether to create IAM role for VPC Flow Logs"},"create_flow_log_cloudwatch_log_group":{"default":false,"description":"Whether to create CloudWatch log group for VPC Flow Logs"},"create_igw":{"default":true,"description":"Controls if an Internet Gateway is created for public subnets and the related routes that connect them"},"create_multiple_intra_route_tables":{"default":false,"description":"Indicates whether to create a separate route table for each intra subnet. Default: `false`"},"create_multiple_public_route_tables":{"default":false,"description":"Indicates whether to create a separate route table for each public subnet. Default: `false`"},"create_private_nat_gateway_route":{"default":true,"description":"Controls if a nat gateway route should be created to give internet access to the private subnets"},"create_redshift_subnet_group":{"default":true,"description":"Controls if redshift subnet group should be created"},"create_redshift_subnet_route_table":{"default":false,"description":"Controls if separate route table for redshift should be created"},"create_vpc":{"default":true,"description":"Controls if VPC should be created (it affects almost all resources)"},"customer_gateway_tags":{"default":{},"description":"Additional tags for the Customer Gateway"},"customer_gateways":{"default":{},"description":"Maps of Customer Gateway's attributes (BGP ASN and Gateway's Internet-routable external IP address)"},"customer_owned_ipv4_pool":{"default":null,"description":"The customer owned IPv4 address pool. Typically used with the `map_customer_owned_ip_on_launch` argument. The `outpost_arn` argument must be specified when configured"},"database_acl_tags":{"default":{},"description":"Additional tags for the database subnets network ACL"},"database_dedicated_network_acl":{"default":false,"description":"Whether to use dedicated network ACL (not default) and custom rules for database subnets"},"database_inbound_acl_rules":{"default":[{"cidr_block":"0.0.0.0/0","from_port":"0","protocol":"-1","rule_action":"allow","rule_number":"100","to_port":"0"}],"description":"Database subnets inbound network ACL rules"},"database_outbound_acl_rules":{"default":[{"cidr_block":"0.0.0.0/0","from_port":"0","protocol":"-1","rule_action":"allow","rule_number":"100","to_port":"0"}],"description":"Database subnets outbound network ACL rules"},"database_route_table_tags":{"default":{},"description":"Additional tags for the database route tables"},"database_subnet_assign_ipv6_address_on_creation":{"default":false,"description":"Specify true to indicate that network interfaces created in the specified subnet should be assigned an IPv6 address. Default is `false`"},"database_subnet_enable_dns64":{"default":true,"description":"Indicates whether DNS queries made to the Amazon-provided DNS Resolver in this subnet should return synthetic IPv6 addresses for IPv4-only destinations. Default: `true`"},"database_subnet_enable_resource_name_dns_a_record_on_launch":{"default":false,"description":"Indicates whether to respond to DNS queries for instance hostnames with DNS A records. Default: `false`"},"database_subnet_enable_resource_name_dns_aaaa_record_on_launch":{"default":true,"description":"Indicates whether to respond to DNS queries for instance hostnames with DNS AAAA records. Default: `true`"},"database_subnet_group_name":{"default":null,"description":"Name of database subnet group"},"database_subnet_group_tags":{"default":{},"description":"Additional tags for the database subnet group"},"database_subnet_ipv6_native":{"default":false,"description":"Indicates whether to create an IPv6-only subnet. Default: `false`"},"database_subnet_ipv6_prefixes":{"default":[],"description":"Assigns IPv6 database subnet id based on the Amazon provided /56 prefix base 10 integer (0-256). Must be of equal length to the corresponding IPv4 subnet list"},"database_subnet_names":{"default":[],"description":"Explicit values to use in the Name tag on database subnets. If empty, Name tags are generated"},"database_subnet_private_dns_hostname_type_on_launch":{"default":null,"description":"The type of hostnames to assign to instances in the subnet at launch. For IPv6-only subnets, an instance DNS name must be based on the instance ID. For dual-stack and IPv4-only subnets, you can specify whether DNS names use the instance IPv4 address or the instance ID. Valid values: `ip-name`, `resource-name`"},"database_subnet_suffix":{"default":"db","description":"Suffix to append to database subnets name"},"database_subnet_tags":{"default":{},"description":"Additional tags for the database subnets"},"database_subnets":{"default":[],"description":"A list of database subnets inside the VPC"},"default_network_acl_egress":{"default":[{"action":"allow","cidr_block":"0.0.0.0/0","from_port":"0","protocol":"-1","rule_no":"100","to_port":"0"},{"action":"allow","from_port":"0","ipv6_cidr_block":"::/0","protocol":"-1","rule_no":"101","to_port":"0"}],"description":"List of maps of egress rules to set on the Default Network ACL"},"default_network_acl_ingress":{"default":[{"action":"allow","cidr_block":"0.0.0.0/0","from_port":"0","protocol":"-1","rule_no":"100","to_port":"0"},{"action":"allow","from_port":"0","ipv6_cidr_block":"::/0","protocol":"-1","rule_no":"101","to_port":"0"}],"description":"List of maps of ingress rules to set on the Default Network ACL"},"default_network_acl_name":{"default":null,"description":"Name to be used on the Default Network ACL"},"default_network_acl_tags":{"default":{},"description":"Additional tags for the Default Network ACL"},"default_route_table_name":{"default":null,"description":"Name to be used on the default route table"},"default_route_table_propagating_vgws":{"default":[],"description":"List of virtual gateways for propagation"},"default_route_table_routes":{"default":[],"description":"Configuration block of routes. See https://registry.terraform.io/providers/hashicorp/aws/latest/docs/resources/default_route_table#route"},"default_route_table_tags":{"default":{},"description":"Additional tags for the default route table"},"default_security_group_egress":{"default":[],"description":"List of maps of egress rules to set on the default security group"},"default_security_group_ingress":{"default":[],"description":"List of maps of ingress rules to set on the default security group"},"default_security_group_name":{"default":null,"description":"Name to be used on the default security group"},"default_security_group_tags":{"default":{},"description":"Additional tags for the default security group"},"default_vpc_enable_dns_hostnames":{"default":true,"description":"Should be true to enable DNS hostnames in the Default VPC"},"default_vpc_enable_dns_support":{"default":true,"description":"Should be true to enable DNS support in the Default VPC"},"default_vpc_name":{"default":null,"description":"Name to be used on the Default VPC"},"default_vpc_tags":{"default":{},"description":"Additional tags for the Default VPC"},"dhcp_options_domain_name":{"default":"","description":"Specifies DNS name for DHCP options set (requires enable_dhcp_options set to true)"},"dhcp_options_domain_name_servers":{"default":["AmazonProvidedDNS"],"description":"Specify a list of DNS server addresses for DHCP options set, default to AWS provided (requires enable_dhcp_options set to true)"},"dhcp_options_ipv6_address_preferred_lease_time":{"default":null,"description":"How frequently, in seconds, a running instance with an IPv6 assigned to it goes through DHCPv6 lease renewal (requires enable_dhcp_options set to true)"},"dhcp_options_netbios_name_servers":{"default":[],"description":"Specify a list of netbios servers for DHCP options set (requires enable_dhcp_options set to true)"},"dhcp_options_netbios_node_type":{"default":"","description":"Specify netbios node_type for DHCP options set (requires enable_dhcp_options set to true)"},"dhcp_options_ntp_servers":{"default":[],"description":"Specify a list of NTP servers for DHCP options set (requires enable_dhcp_options set to true)"},"dhcp_options_tags":{"default":{},"description":"Additional tags for the DHCP option set (requires enable_dhcp_options set to true)"},"elasticache_acl_tags":{"default":{},"description":"Additional tags for the elasticache subnets network ACL"},"elasticache_dedicated_network_acl":{"default":false,"description":"Whether to use dedicated network ACL (not default) and custom rules for elasticache subnets"},"elasticache_inbound_acl_rules":{"default":[{"cidr_block":"0.0.0.0/0","from_port":"0","protocol":"-1","rule_action":"allow","rule_number":"100","to_port":"0"}],"description":"Elasticache subnets inbound network ACL rules"},"elasticache_outbound_acl_rules":{"default":[{"cidr_block":"0.0.0.0/0","from_port":"0","protocol":"-1","rule_action":"allow","rule_number":"100","to_port":"0"}],"description":"Elasticache subnets outbound network ACL rules"},"elasticache_route_table_tags":{"default":{},"description":"Additional tags for the elasticache route tables"},"elasticache_subnet_assign_ipv6_address_on_creation":{"default":false,"description":"Specify true to indicate that network interfaces created in the specified subnet should be assigned an IPv6 address. Default is `false`"},"elasticache_subnet_enable_dns64":{"default":true,"description":"Indicates whether DNS queries made to the Amazon-provided DNS Resolver in this subnet should return synthetic IPv6 addresses for IPv4-only destinations. Default: `true`"},"elasticache_subnet_enable_resource_name_dns_a_record_on_launch":{"default":false,"description":"Indicates whether to respond to DNS queries for instance hostnames with DNS A records. Default: `false`"},"elasticache_subnet_enable_resource_name_dns_aaaa_record_on_launch":{"default":true,"description":"Indicates whether to respond to DNS queries for instance hostnames with DNS AAAA records. Default: `true`"},"elasticache_subnet_group_name":{"default":null,"description":"Name of elasticache subnet group"},"elasticache_subnet_group_tags":{"default":{},"description":"Additional tags for the elasticache subnet group"},"elasticache_subnet_ipv6_native":{"default":false,"description":"Indicates whether to create an IPv6-only subnet. Default: `false`"},"elasticache_subnet_ipv6_prefixes":{"default":[],"description":"Assigns IPv6 elasticache subnet id based on the Amazon provided /56 prefix base 10 integer (0-256). Must be of equal length to the corresponding IPv4 subnet list"},"elasticache_subnet_names":{"default":[],"description":"Explicit values to use in the Name tag on elasticache subnets. If empty, Name tags are generated"},"elasticache_subnet_private_dns_hostname_type_on_launch":{"default":null,"description":"The type of hostnames to assign to instances in the subnet at launch. For IPv6-only subnets, an instance DNS name must be based on the instance ID. For dual-stack and IPv4-only subnets, you can specify whether DNS names use the instance IPv4 address or the instance ID. Valid values: `ip-name`, `resource-name`"},"elasticache_subnet_suffix":{"default":"elasticache","description":"Suffix to append to elasticache subnets name"},"elasticache_subnet_tags":{"default":{},"description":"Additional tags for the elasticache subnets"},"elasticache_subnets":{"default":[],"description":"A list of elasticache subnets inside the VPC"},"enable_dhcp_options":{"default":false,"description":"Should be true if you want to specify a DHCP options set with a custom domain name, DNS servers, NTP servers, netbios servers, and/or netbios server type"},"enable_dns_hostnames":{"default":true,"description":"Should be true to enable DNS hostnames in the VPC"},"enable_dns_support":{"default":true,"description":"Should be true to enable DNS support in the VPC"},"enable_flow_log":{"default":false,"description":"Whether or not to enable VPC Flow Logs"},"enable_ipv6":{"default":false,"description":"Requests an Amazon-provided IPv6 CIDR block with a /56 prefix length for the VPC. You cannot specify the range of IP addresses, or the size of the CIDR block"},"enable_nat_gateway":{"default":false,"description":"Should be true if you want to provision NAT Gateways for each of your private networks"},"enable_network_address_usage_metrics":{"default":null,"description":"Determines whether network address usage metrics are enabled for the VPC"},"enable_public_redshift":{"default":false,"description":"Controls if redshift should have public routing table"},"enable_vpn_gateway":{"default":false,"description":"Should be true if you want to create a new VPN Gateway resource and attach it to the VPC"},"external_nat_ip_ids":{"default":[],"description":"List of EIP IDs to be assigned to the NAT Gateways (used in combination with reuse_nat_ips)"},"external_nat_ips":{"default":[],"description":"List of EIPs to be used for `nat_public_ips` output (used in combination with reuse_nat_ips and external_nat_ip_ids)"},"flow_log_cloudwatch_iam_role_arn":{"default":"","description":"The ARN for the IAM role that's used to post flow logs to a CloudWatch Logs log group. When flow_log_destination_arn is set to ARN of Cloudwatch Logs, this argument needs to be provided"},"flow_log_cloudwatch_iam_role_conditions":{"default":[],"description":"Additional conditions of the CloudWatch role assumption policy"},"flow_log_cloudwatch_log_group_class":{"default":null,"description":"Specified the log class of the log group. Possible values are: STANDARD or INFREQUENT_ACCESS"},"flow_log_cloudwatch_log_group_kms_key_id":{"default":null,"description":"The ARN of the KMS Key to use when encrypting log data for VPC flow logs"},"flow_log_cloudwatch_log_group_name_prefix":{"default":"/aws/vpc-flow-log/","description":"Specifies the name prefix of CloudWatch Log Group for VPC flow logs"},"flow_log_cloudwatch_log_group_name_suffix":{"default":"","description":"Specifies the name suffix of CloudWatch Log Group for VPC flow logs"},"flow_log_cloudwatch_log_group_retention_in_days":{"default":null,"description":"Specifies the number of days you want to retain log events in the specified log group for VPC flow logs"},"flow_log_cloudwatch_log_group_skip_destroy":{"default":false,"description":" Set to true if you do not wish the log group (and any logs it may contain) to be deleted at destroy time, and instead just remove the log group from the Terraform state"},"flow_log_deliver_cross_account_role":{"default":null,"description":"(Optional) ARN of the IAM role that allows Amazon EC2 to publish flow logs across accounts."},"flow_log_destination_arn":{"default":"","description":"The ARN of the CloudWatch log group or S3 bucket where VPC Flow Logs will be pushed. If this ARN is a S3 bucket the appropriate permissions need to be set on that bucket's policy. When create_flow_log_cloudwatch_log_group is set to false this argument must be provided"},"flow_log_destination_type":{"default":"cloud-watch-logs","description":"Type of flow log destination. Can be s3, kinesis-data-firehose or cloud-watch-logs"},"flow_log_file_format":{"default":null,"description":"(Optional) The format for the flow log. Valid values: `plain-text`, `parquet`"},"flow_log_hive_compatible_partitions":{"default":false,"description":"(Optional) Indicates whether to use Hive-compatible prefixes for flow logs stored in Amazon S3"},"flow_log_log_format":{"default":null,"description":"The fields to include in the flow log record, in the order in which they should appear"},"flow_log_max_aggregation_interval":{"default":600,"description":"The maximum interval of time during which a flow of packets is captured and aggregated into a flow log record. Valid Values: `60` seconds or `600` seconds"},"flow_log_per_hour_partition":{"default":false,"description":"(Optional) Indicates whether to partition the flow log per hour. This reduces the cost and response time for queries"},"flow_log_traffic_type":{"default":"ALL","description":"The type of traffic to capture. Valid values: ACCEPT, REJECT, ALL"},"igw_tags":{"default":{},"description":"Additional tags for the internet gateway"},"instance_tenancy":{"default":"default","description":"A tenancy option for instances launched into the VPC"},"intra_acl_tags":{"default":{},"description":"Additional tags for the intra subnets network ACL"},"intra_dedicated_network_acl":{"default":false,"description":"Whether to use dedicated network ACL (not default) and custom rules for intra subnets"},"intra_inbound_acl_rules":{"default":[{"cidr_block":"0.0.0.0/0","from_port":"0","protocol":"-1","rule_action":"allow","rule_number":"100","to_port":"0"}],"description":"Intra subnets inbound network ACLs"},"intra_outbound_acl_rules":{"default":[{"cidr_block":"0.0.0.0/0","from_port":"0","protocol":"-1","rule_action":"allow","rule_number":"100","to_port":"0"}],"description":"Intra subnets outbound network ACLs"},"intra_route_table_tags":{"default":{},"description":"Additional tags for the intra route tables"},"intra_subnet_assign_ipv6_address_on_creation":{"default":false,"description":"Specify true to indicate that network interfaces created in the specified subnet should be assigned an IPv6 address. Default is `false`"},"intra_subnet_enable_dns64":{"default":true,"description":"Indicates whether DNS queries made to the Amazon-provided DNS Resolver in this subnet should return synthetic IPv6 addresses for IPv4-only destinations. Default: `true`"},"intra_subnet_enable_resource_name_dns_a_record_on_launch":{"default":false,"description":"Indicates whether to respond to DNS queries for instance hostnames with DNS A records. Default: `false`"},"intra_subnet_enable_resource_name_dns_aaaa_record_on_launch":{"default":true,"description":"Indicates whether to respond to DNS queries for instance hostnames with DNS AAAA records. Default: `true`"},"intra_subnet_ipv6_native":{"default":false,"description":"Indicates whether to create an IPv6-only subnet. Default: `false`"},"intra_subnet_ipv6_prefixes":{"default":[],"description":"Assigns IPv6 intra subnet id based on the Amazon provided /56 prefix base 10 integer (0-256). Must be of equal length to the corresponding IPv4 subnet list"},"intra_subnet_names":{"default":[],"description":"Explicit values to use in the Name tag on intra subnets. If empty, Name tags are generated"},"intra_subnet_private_dns_hostname_type_on_launch":{"default":null,"description":"The type of hostnames to assign to instances in the subnet at launch. For IPv6-only subnets, an instance DNS name must be based on the instance ID. For dual-stack and IPv4-only subnets, you can specify whether DNS names use the instance IPv4 address or the instance ID. Valid values: `ip-name`, `resource-name`"},"intra_subnet_suffix":{"default":"intra","description":"Suffix to append to intra subnets name"},"intra_subnet_tags":{"default":{},"description":"Additional tags for the intra subnets"},"intra_subnets":{"default":[],"description":"A list of intra subnets inside the VPC"},"ipv4_ipam_pool_id":{"default":null,"description":"(Optional) The ID of an IPv4 IPAM pool you want to use for allocating this VPC's CIDR"},"ipv4_netmask_length":{"default":null,"description":"(Optional) The netmask length of the IPv4 CIDR you want to allocate to this VPC. Requires specifying a ipv4_ipam_pool_id"},"ipv6_cidr":{"default":null,"description":"(Optional) IPv6 CIDR block to request from an IPAM Pool. Can be set explicitly or derived from IPAM using `ipv6_netmask_length`"},"ipv6_cidr_block_network_border_group":{"default":null,"description":"By default when an IPv6 CIDR is assigned to a VPC a default ipv6_cidr_block_network_border_group will be set to the region of the VPC. This can be changed to restrict advertisement of public addresses to specific Network Border Groups such as LocalZones"},"ipv6_ipam_pool_id":{"default":null,"description":"(Optional) IPAM Pool ID for a IPv6 pool. Conflicts with `assign_generated_ipv6_cidr_block`"},"ipv6_netmask_length":{"default":null,"description":"(Optional) Netmask length to request from IPAM Pool. Conflicts with `ipv6_cidr_block`. This can be omitted if IPAM pool as a `allocation_default_netmask_length` set. Valid values: `56`"},"manage_default_network_acl":{"default":true,"description":"Should be true to adopt and manage Default Network ACL"},"manage_default_route_table":{"default":true,"description":"Should be true to manage default route table"},"manage_default_security_group":{"default":true,"description":"Should be true to adopt and manage default security group"},"manage_default_vpc":{"default":false,"description":"Should be true to adopt and manage Default VPC"},"map_customer_owned_ip_on_launch":{"default":false,"description":"Specify true to indicate that network interfaces created in the subnet should be assigned a customer owned IP address. The `customer_owned_ipv4_pool` and `outpost_arn` arguments must be specified when set to `true`. Default is `false`"},"map_public_ip_on_launch":{"default":false,"description":"Specify true to indicate that instances launched into the subnet should be assigned a public IP address. Default is `false`"},"name":{"default":"","description":"Name to be used on all the resources as identifier"},"nat_eip_tags":{"default":{},"description":"Additional tags for the NAT EIP"},"nat_gateway_destination_cidr_block":{"default":"0.0.0.0/0","description":"Used to pass a custom destination route for private NAT Gateway. If not specified, the default 0.0.0.0/0 is used as a destination route"},"nat_gateway_tags":{"default":{},"description":"Additional tags for the NAT gateways"},"one_nat_gateway_per_az":{"default":false,"description":"Should be true if you want only one NAT Gateway per availability zone. Requires `var.azs` to be set, and the number of `public_subnets` created to be greater than or equal to the number of availability zones specified in `var.azs`"},"outpost_acl_tags":{"default":{},"description":"Additional tags for the outpost subnets network ACL"},"outpost_arn":{"default":null,"description":"ARN of Outpost you want to create a subnet in"},"outpost_az":{"default":null,"description":"AZ where Outpost is anchored"},"outpost_dedicated_network_acl":{"default":false,"description":"Whether to use dedicated network ACL (not default) and custom rules for outpost subnets"},"outpost_inbound_acl_rules":{"default":[{"cidr_block":"0.0.0.0/0","from_port":"0","protocol":"-1","rule_action":"allow","rule_number":"100","to_port":"0"}],"description":"Outpost subnets inbound network ACLs"},"outpost_outbound_acl_rules":{"default":[{"cidr_block":"0.0.0.0/0","from_port":"0","protocol":"-1","rule_action":"allow","rule_number":"100","to_port":"0"}],"description":"Outpost subnets outbound network ACLs"},"outpost_subnet_assign_ipv6_address_on_creation":{"default":false,"description":"Specify true to indicate that network interfaces created in the specified subnet should be assigned an IPv6 address. Default is `false`"},"outpost_subnet_enable_dns64":{"default":true,"description":"Indicates whether DNS queries made to the Amazon-provided DNS Resolver in this subnet should return synthetic IPv6 addresses for IPv4-only destinations. Default: `true`"},"outpost_subnet_enable_resource_name_dns_a_record_on_launch":{"default":false,"description":"Indicates whether to respond to DNS queries for instance hostnames with DNS A records. Default: `false`"},"outpost_subnet_enable_resource_name_dns_aaaa_record_on_launch":{"default":true,"description":"Indicates whether to respond to DNS queries for instance hostnames with DNS AAAA records. Default: `true`"},"outpost_subnet_ipv6_native":{"default":false,"description":"Indicates whether to create an IPv6-only subnet. Default: `false`"},"outpost_subnet_ipv6_prefixes":{"default":[],"description":"Assigns IPv6 outpost subnet id based on the Amazon provided /56 prefix base 10 integer (0-256). Must be of equal length to the corresponding IPv4 subnet list"},"outpost_subnet_names":{"default":[],"description":"Explicit values to use in the Name tag on outpost subnets. If empty, Name tags are generated"},"outpost_subnet_private_dns_hostname_type_on_launch":{"default":null,"description":"The type of hostnames to assign to instances in the subnet at launch. For IPv6-only subnets, an instance DNS name must be based on the instance ID. For dual-stack and IPv4-only subnets, you can specify whether DNS names use the instance IPv4 address or the instance ID. Valid values: `ip-name`, `resource-name`"},"outpost_subnet_suffix":{"default":"outpost","description":"Suffix to append to outpost subnets name"},"outpost_subnet_tags":{"default":{},"description":"Additional tags for the outpost subnets"},"outpost_subnets":{"default":[],"description":"A list of outpost subnets inside the VPC"},"private_acl_tags":{"default":{},"description":"Additional tags for the private subnets network ACL"},"private_dedicated_network_acl":{"default":false,"description":"Whether to use dedicated network ACL (not default) and custom rules for private subnets"},"private_inbound_acl_rules":{"default":[{"cidr_block":"0.0.0.0/0","from_port":"0","protocol":"-1","rule_action":"allow","rule_number":"100","to_port":"0"}],"description":"Private subnets inbound network ACLs"},"private_outbound_acl_rules":{"default":[{"cidr_block":"0.0.0.0/0","from_port":"0","protocol":"-1","rule_action":"allow","rule_number":"100","to_port":"0"}],"description":"Private subnets outbound network ACLs"},"private_route_table_tags":{"default":{},"description":"Additional tags for the private route tables"},"private_subnet_assign_ipv6_address_on_creation":{"default":false,"description":"Specify true to indicate that network interfaces created in the specified subnet should be assigned an IPv6 address. Default is `false`"},"private_subnet_enable_dns64":{"default":true,"description":"Indicates whether DNS queries made to the Amazon-provided DNS Resolver in this subnet should return synthetic IPv6 addresses for IPv4-only destinations. Default: `true`"},"private_subnet_enable_resource_name_dns_a_record_on_launch":{"default":false,"description":"Indicates whether to respond to DNS queries for instance hostnames with DNS A records. Default: `false`"},"private_subnet_enable_resource_name_dns_aaaa_record_on_launch":{"default":true,"description":"Indicates whether to respond to DNS queries for instance hostnames with DNS AAAA records. Default: `true`"},"private_subnet_ipv6_native":{"default":false,"description":"Indicates whether to create an IPv6-only subnet. Default: `false`"},"private_subnet_ipv6_prefixes":{"default":[],"description":"Assigns IPv6 private subnet id based on the Amazon provided /56 prefix base 10 integer (0-256). Must be of equal length to the corresponding IPv4 subnet list"},"private_subnet_names":{"default":[],"description":"Explicit values to use in the Name tag on private subnets. If empty, Name tags are generated"},"private_subnet_private_dns_hostname_type_on_launch":{"default":null,"description":"The type of hostnames to assign to instances in the subnet at launch. For IPv6-only subnets, an instance DNS name must be based on the instance ID. For dual-stack and IPv4-only subnets, you can specify whether DNS names use the instance IPv4 address or the instance ID. Valid values: `ip-name`, `resource-name`"},"private_subnet_suffix":{"default":"private","description":"Suffix to append to private subnets name"},"private_subnet_tags":{"default":{},"description":"Additional tags for the private subnets"},"private_subnet_tags_per_az":{"default":{},"description":"Additional tags for the private subnets where the primary key is the AZ"},"private_subnets":{"default":[],"description":"A list of private subnets inside the VPC"},"propagate_intra_route_tables_vgw":{"default":false,"description":"Should be true if you want route table propagation"},"propagate_private_route_tables_vgw":{"default":false,"description":"Should be true if you want route table propagation"},"propagate_public_route_tables_vgw":{"default":false,"description":"Should be true if you want route table propagation"},"public_acl_tags":{"default":{},"description":"Additional tags for the public subnets network ACL"},"public_dedicated_network_acl":{"default":false,"description":"Whether to use dedicated network ACL (not default) and custom rules for public subnets"},"public_inbound_acl_rules":{"default":[{"cidr_block":"0.0.0.0/0","from_port":"0","protocol":"-1","rule_action":"allow","rule_number":"100","to_port":"0"}],"description":"Public subnets inbound network ACLs"},"public_outbound_acl_rules":{"default":[{"cidr_block":"0.0.0.0/0","from_port":"0","protocol":"-1","rule_action":"allow","rule_number":"100","to_port":"0"}],"description":"Public subnets outbound network ACLs"},"public_route_table_tags":{"default":{},"description":"Additional tags for the public route tables"},"public_subnet_assign_ipv6_address_on_creation":{"default":false,"description":"Specify true to indicate that network interfaces created in the specified subnet should be assigned an IPv6 address. Default is `false`"},"public_subnet_enable_dns64":{"default":true,"description":"Indicates whether DNS queries made to the Amazon-provided DNS Resolver in this subnet should return synthetic IPv6 addresses for IPv4-only destinations. Default: `true`"},"public_subnet_enable_resource_name_dns_a_record_on_launch":{"default":false,"description":"Indicates whether to respond to DNS queries for instance hostnames with DNS A records. Default: `false`"},"public_subnet_enable_resource_name_dns_aaaa_record_on_launch":{"default":true,"description":"Indicates whether to respond to DNS queries for instance hostnames with DNS AAAA records. Default: `true`"},"public_subnet_ipv6_native":{"default":false,"description":"Indicates whether to create an IPv6-only subnet. Default: `false`"},"public_subnet_ipv6_prefixes":{"default":[],"description":"Assigns IPv6 public subnet id based on the Amazon provided /56 prefix base 10 integer (0-256). Must be of equal length to the corresponding IPv4 subnet list"},"public_subnet_names":{"default":[],"description":"Explicit values to use in the Name tag on public subnets. If empty, Name tags are generated"},"public_subnet_private_dns_hostname_type_on_launch":{"default":null,"description":"The type of hostnames to assign to instances in the subnet at launch. For IPv6-only subnets, an instance DNS name must be based on the instance ID. For dual-stack and IPv4-only subnets, you can specify whether DNS names use the instance IPv4 address or the instance ID. Valid values: `ip-name`, `resource-name`"},"public_subnet_suffix":{"default":"public","description":"Suffix to append to public subnets name"},"public_subnet_tags":{"default":{},"description":"Additional tags for the public subnets"},"public_subnet_tags_per_az":{"default":{},"description":"Additional tags for the public subnets where the primary key is the AZ"},"public_subnets":{"default":[],"description":"A list of public subnets inside the VPC"},"putin_khuylo":{"default":true,"description":"Do you agree that Putin doesn't respect Ukrainian sovereignty and territorial integrity? More info: https://en.wikipedia.org/wiki/Putin_khuylo!"},"redshift_acl_tags":{"default":{},"description":"Additional tags for the redshift subnets network ACL"},"redshift_dedicated_network_acl":{"default":false,"description":"Whether to use dedicated network ACL (not default) and custom rules for redshift subnets"},"redshift_inbound_acl_rules":{"default":[{"cidr_block":"0.0.0.0/0","from_port":"0","protocol":"-1","rule_action":"allow","rule_number":"100","to_port":"0"}],"description":"Redshift subnets inbound network ACL rules"},"redshift_outbound_acl_rules":{"default":[{"cidr_block":"0.0.0.0/0","from_port":"0","protocol":"-1","rule_action":"allow","rule_number":"100","to_port":"0"}],"description":"Redshift subnets outbound network ACL rules"},"redshift_route_table_tags":{"default":{},"description":"Additional tags for the redshift route tables"},"redshift_subnet_assign_ipv6_address_on_creation":{"default":false,"description":"Specify true to indicate that network interfaces created in the specified subnet should be assigned an IPv6 address. Default is `false`"},"redshift_subnet_enable_dns64":{"default":true,"description":"Indicates whether DNS queries made to the Amazon-provided DNS Resolver in this subnet should return synthetic IPv6 addresses for IPv4-only destinations. Default: `true`"},"redshift_subnet_enable_resource_name_dns_a_record_on_launch":{"default":false,"description":"Indicates whether to respond to DNS queries for instance hostnames with DNS A records. Default: `false`"},"redshift_subnet_enable_resource_name_dns_aaaa_record_on_launch":{"default":true,"description":"Indicates whether to respond to DNS queries for instance hostnames with DNS AAAA records. Default: `true`"},"redshift_subnet_group_name":{"default":null,"description":"Name of redshift subnet group"},"redshift_subnet_group_tags":{"default":{},"description":"Additional tags for the redshift subnet group"},"redshift_subnet_ipv6_native":{"default":false,"description":"Indicates whether to create an IPv6-only subnet. Default: `false`"},"redshift_subnet_ipv6_prefixes":{"default":[],"description":"Assigns IPv6 redshift subnet id based on the Amazon provided /56 prefix base 10 integer (0-256). Must be of equal length to the corresponding IPv4 subnet list"},"redshift_subnet_names":{"default":[],"description":"Explicit values to use in the Name tag on redshift subnets. If empty, Name tags are generated"},"redshift_subnet_private_dns_hostname_type_on_launch":{"default":null,"description":"The type of hostnames to assign to instances in the subnet at launch. For IPv6-only subnets, an instance DNS name must be based on the instance ID. For dual-stack and IPv4-only subnets, you can specify whether DNS names use the instance IPv4 address or the instance ID. Valid values: `ip-name`, `resource-name`"},"redshift_subnet_suffix":{"default":"redshift","description":"Suffix to append to redshift subnets name"},"redshift_subnet_tags":{"default":{},"description":"Additional tags for the redshift subnets"},"redshift_subnets":{"default":[],"description":"A list of redshift subnets inside the VPC"},"reuse_nat_ips":{"default":false,"description":"Should be true if you don't want EIPs to be created for your NAT Gateways and will instead pass them in via the 'external_nat_ip_ids' variable"},"secondary_cidr_blocks":{"default":[],"description":"List of secondary CIDR blocks to associate with the VPC to extend the IP Address pool"},"single_nat_gateway":{"default":false,"description":"Should be true if you want to provision a single shared NAT Gateway across all of your private networks"},"tags":{"default":{},"description":"A map of tags to add to all resources"},"use_ipam_pool":{"default":false,"description":"Determines whether IPAM pool is used for CIDR allocation"},"vpc_block_public_access_exclusions":{"default":{},"description":"A map of VPC block public access exclusions"},"vpc_block_public_access_options":{"default":{},"description":"A map of VPC block public access options"},"vpc_flow_log_iam_policy_name":{"default":"vpc-flow-log-to-cloudwatch","description":"Name of the IAM policy"},"vpc_flow_log_iam_policy_use_name_prefix":{"default":true,"description":"Determines whether the name of the IAM policy (`vpc_flow_log_iam_policy_name`) is used as a prefix"},"vpc_flow_log_iam_role_name":{"default":"vpc-flow-log-role","description":"Name to use on the VPC Flow Log IAM role created"},"vpc_flow_log_iam_role_use_name_prefix":{"default":true,"description":"Determines whether the IAM role name (`vpc_flow_log_iam_role_name_name`) is used as a prefix"},"vpc_flow_log_permissions_boundary":{"default":null,"description":"The ARN of the Permissions Boundary for the VPC Flow Log IAM Role"},"vpc_flow_log_tags":{"default":{},"description":"Additional tags for the VPC Flow Logs"},"vpc_tags":{"default":{},"description":"Additional tags for the VPC"},"vpn_gateway_az":{"default":null,"description":"The Availability Zone for the VPN Gateway"},"vpn_gateway_id":{"default":"","description":"ID of VPN Gateway to attach to the VPC"},"vpn_gateway_tags":{"default":{},"description":"Additional tags for the VPN gateway"}}},"version_constraint":"5.19.0"},"web_alb":{"source":"terraform-aws-modules/alb/aws","expressions":{"enable_deletion_protection":{"constant_value":false},"name":{"references":["var.project_name"]},"security_groups":{"references":["module.web_security_group.security_group_id","module.web_security_group"]},"subnets":{"references":["module.vpc.public_subnets","module.vpc"]},"tags":{"references":["var.tags"]},"target_groups":{"references":["var.project_name"]},"vpc_id":{"references":["module.vpc.vpc_id","module.vpc"]}},"module":{"outputs":{"arn":{"expression":{"references":["aws_lb.this[0].arn","aws_lb.this[0]","aws_lb.this"]},"description":"The ID and ARN of the load balancer we created"},"arn_suffix":{"expression":{"references":["aws_lb.this[0].arn_suffix","aws_lb.this[0]","aws_lb.this"]},"description":"ARN suffix of our load balancer - can be used with CloudWatch"},"dns_name":{"expression":{"references":["aws_lb.this[0].dns_name","aws_lb.this[0]","aws_lb.this"]},"description":"The DNS name of the load balancer"},"id":{"expression":{"references":["aws_lb.this[0].id","aws_lb.this[0]","aws_lb.this"]},"description":"The ID and ARN of the load balancer we created"},"listener_rules":{"expression":{"references":["aws_lb_listener_rule.this"]},"description":"Map of listeners rules created and their attributes"},"listeners":{"expression":{"references":["aws_lb_listener.this"]},"description":"Map of listeners created and their attributes"},"route53_records":{"expression":{"references":["aws_route53_record.this"]},"description":"The Route53 records created and attached to the load balancer"},"security_group_arn":{"expression":{"references":["aws_security_group.this[0].arn","aws_security_group.this[0]","aws_security_group.this"]},"description":"Amazon Resource Name (ARN) of the security group"},"security_group_id":{"expression":{"references":["aws_security_group.this[0].id","aws_security_group.this[0]","aws_security_group.this"]},"description":"ID of the security group"},"target_groups":{"expression":{"references":["aws_lb_target_group.this"]},"description":"Map of target groups created and their attributes"},"zone_id":{"expression":{"references":["aws_lb.this[0].zone_id","aws_lb.this[0]","aws_lb.this"]},"description":"The zone_id of the load balancer to assist with creating DNS records"}},"resources":[{"address":"aws_lambda_permission.this","mode":"managed","type":"aws_lambda_permission","name":"this","provider_config_key":"aws","expressions":{"action":{"references":["each.value.lambda_action","each.value"]},"event_source_token":{"references":["each.value.lambda_event_source_token","each.value"]},"function_name":{"references":["each.value.lambda_function_name","each.value"]},"principal":{"references":["each.value.lambda_principal","each.value","data.aws_partition.current.dns_suffix","data.aws_partition.current"]},"qualifier":{"references":["each.value.lambda_qualifier","each.value"]},"source_account":{"references":["each.value.lambda_source_account","each.value"]},"source_arn":{"references":["aws_lb_target_group.this","each.key"]},"statement_id":{"references":["each.value.lambda_statement_id","each.value"]}},"schema_version":0,"for_each_expression":{"references":["local.lambda_target_groups","local.create"]}},{"address":"aws_lb.this","mode":"managed","type":"aws_lb","name":"this","provider_config_key":"aws","expressions":{"client_keep_alive":{"references":["var.client_keep_alive"]},"customer_owned_ipv4_pool":{"references":["var.customer_owned_ipv4_pool"]},"desync_mitigation_mode":{"references":["var.desync_mitigation_mode"]},"dns_record_client_routing_policy":{"references":["var.dns_record_client_routing_policy"]},"drop_invalid_header_fields":{"references":["var.drop_invalid_header_fields"]},"enable_cross_zone_load_balancing":{"references":["var.enable_cross_zone_load_balancing"]},"enable_deletion_protection":{"references":["var.enable_deletion_protection"]},"enable_http2":{"references":["var.enable_http2"]},"enable_tls_version_and_cipher_suite_headers":{"references":["var.enable_tls_version_and_cipher_suite_headers"]},"enable_waf_fail_open":{"references":["var.enable_waf_fail_open"]},"enable_xff_client_port":{"references":["var.enable_xff_client_port"]},"enable_zonal_shift":{"references":["var.enable_zonal_shift"]},"enforce_security_group_inbound_rules_on_private_link_traffic":{"references":["var.enforce_security_group_inbound_rules_on_private_link_traffic"]},"idle_timeout":{"references":["var.idle_timeout"]},"internal":{"references":["var.internal"]},"ip_address_type":{"references":["var.ip_address_type"]},"load_balancer_type":{"references":["var.load_balancer_type"]},"name":{"references":["var.name"]},"name_prefix":{"references":["var.name_prefix"]},"preserve_host_header":{"references":["var.preserve_host_header"]},"security_groups":{"references":["var.create_security_group","aws_security_group.this[0].id","aws_security_group.this[0]","aws_security_group.this","var.security_groups","var.security_groups"]},"subnets":{"references":["var.subnets"]},"tags":{"references":["local.tags"]},"timeouts":{"create":{"references":["var.timeouts.create","var.timeouts"]},"delete":{"references":["var.timeouts.delete","var.timeouts"]},"update":{"references":["var.timeouts.update","var.timeouts"]}},"xff_header_processing_mode":{"references":["var.xff_header_processing_mode"]}},"schema_version":0,"count_expression":{"references":["local.create"]}},{"address":"aws_lb_listener.this","mode":"managed","type":"aws_lb_listener","name":"this","provider_config_key":"aws","expressions":{"alpn_policy":{"references":["each.value.alpn_policy","each.value"]},"certificate_arn":{"references":["each.value.certificate_arn","each.value"]},"load_balancer_arn":{"references":["aws_lb.this[0].arn","aws_lb.this[0]","aws_lb.this"]},"port":{"references":["each.value.port","each.value","var.default_port"]},"protocol":{"references":["each.value.protocol","each.value","var.default_protocol"]},"ssl_policy":{"references":["each.value.protocol","each.value","var.default_protocol","each.value.ssl_policy","each.value","each.value.ssl_policy","each.value"]},"tags":{"references":["local.tags","each.value.tags","each.value"]},"tcp_idle_timeout_seconds":{"references":["each.value.tcp_idle_timeout_seconds","each.value"]}},"schema_version":0,"for_each_expression":{"references":["var.listeners","local.create"]}},{"address":"aws_lb_listener_certificate.this","mode":"managed","type":"aws_lb_listener_certificate","name":"this","provider_config_key":"aws","expressions":{"certificate_arn":{"references":["each.value.certificate_arn","each.value"]},"listener_arn":{"references":["aws_lb_listener.this","each.value.listener_key","each.value"]}},"schema_version":0,"for_each_expression":{"references":["local.additional_certs","local.create"]}},{"address":"aws_lb_listener_rule.this","mode":"managed","type":"aws_lb_listener_rule","name":"this","provider_config_key":"aws","expressions":{"listener_arn":{"references":["each.value.listener_arn","each.value","aws_lb_listener.this","each.value.listener_key","each.value"]},"priority":{"references":["each.value.priority","each.value"]},"tags":{"references":["local.tags","each.value.tags","each.value"]}},"schema_version":0,"for_each_expression":{"references":["local.listener_rules","local.create"]}},{"address":"aws_lb_target_group.this","mode":"managed","type":"aws_lb_target_group","name":"this","provider_config_key":"aws","expressions":{"connection_termination":{"references":["each.value.connection_termination","each.value"]},"deregistration_delay":{"references":["each.value.deregistration_delay","each.value"]},"ip_address_type":{"references":["each.value.ip_address_type","each.value"]},"lambda_multi_value_headers_enabled":{"references":["each.value.lambda_multi_value_headers_enabled","each.value"]},"load_balancing_algorithm_type":{"references":["each.value.load_balancing_algorithm_type","each.value"]},"load_balancing_anomaly_mitigation":{"references":["each.value.load_balancing_anomaly_mitigation","each.value"]},"load_balancing_cross_zone_enabled":{"references":["each.value.load_balancing_cross_zone_enabled","each.value"]},"name":{"references":["each.value.name","each.value"]},"name_prefix":{"references":["each.value.name_prefix","each.value"]},"port":{"references":["each.value.target_type","each.value","each.value.port","each.value","var.default_port"]},"preserve_client_ip":{"references":["each.value.preserve_client_ip","each.value"]},"protocol":{"references":["each.value.target_type","each.value","each.value.protocol","each.value","var.default_protocol"]},"protocol_version":{"references":["each.value.protocol_version","each.value"]},"proxy_protocol_v2":{"references":["each.value.proxy_protocol_v2","each.value"]},"slow_start":{"references":["each.value.slow_start","each.value"]},"tags":{"references":["local.tags","each.value.tags","each.value"]},"target_type":{"references":["each.value.target_type","each.value"]},"vpc_id":{"references":["each.value.vpc_id","each.value","var.vpc_id"]}},"schema_version":0,"for_each_expression":{"references":["var.target_groups","local.create"]}},{"address":"aws_lb_target_group_attachment.additional","mode":"managed","type":"aws_lb_target_group_attachment","name":"additional","provider_config_key":"aws","expressions":{"availability_zone":{"references":["each.value.availability_zone","each.value"]},"port":{"references":["each.value.target_type","each.value","each.value.port","each.value","var.default_port"]},"target_group_arn":{"references":["aws_lb_target_group.this","each.value.target_group_key","each.value"]},"target_id":{"references":["each.value.target_id","each.value"]}},"schema_version":0,"for_each_expression":{"references":["var.additional_target_group_attachments","local.create"]},"depends_on":["aws_lambda_permission.this"]},{"address":"aws_lb_target_group_attachment.this","mode":"managed","type":"aws_lb_target_group_attachment","name":"this","provider_config_key":"aws","expressions":{"availability_zone":{"references":["each.value.availability_zone","each.value"]},"port":{"references":["each.value.target_type","each.value","each.value.port","each.value","var.default_port"]},"target_group_arn":{"references":["aws_lb_target_group.this","each.key"]},"target_id":{"references":["each.value.target_id","each.value"]}},"schema_version":0,"for_each_expression":{"references":["var.target_groups","local.create"]},"depends_on":["aws_lambda_permission.this"]},{"address":"aws_route53_record.this","mode":"managed","type":"aws_route53_record","name":"this","provider_config_key":"aws","expressions":{"alias":[{"evaluate_target_health":{"constant_value":true},"name":{"references":["aws_lb.this[0].dns_name","aws_lb.this[0]","aws_lb.this"]},"zone_id":{"references":["aws_lb.this[0].zone_id","aws_lb.this[0]","aws_lb.this"]}}],"name":{"references":["each.value.name","each.value","each.key"]},"type":{"references":["each.value.type","each.value"]},"zone_id":{"references":["each.value.zone_id","each.value"]}},"schema_version":2,"for_each_expression":{"references":["var.route53_records","var.create"]}},{"address":"aws_security_group.this","mode":"managed","type":"aws_security_group","name":"this","provider_config_key":"aws","expressions":{"description":{"references":["var.security_group_description","local.security_group_name","var.load_balancer_type"]},"name":{"references":["var.security_group_use_name_prefix","local.security_group_name"]},"name_prefix":{"references":["var.security_group_use_name_prefix","local.security_group_name"]},"tags":{"references":["local.tags","var.security_group_tags"]},"vpc_id":{"references":["var.vpc_id"]}},"schema_version":1,"count_expression":{"references":["local.create_security_group"]}},{"address":"aws_vpc_security_group_egress_rule.this","mode":"managed","type":"aws_vpc_security_group_egress_rule","name":"this","provider_config_key":"aws","expressions":{"cidr_ipv4":{"references":["each.value"]},"cidr_ipv6":{"references":["each.value"]},"description":{"references":["each.value.description","each.value"]},"from_port":{"references":["each.value.from_port","each.value"]},"ip_protocol":{"references":["each.value.ip_protocol","each.value"]},"prefix_list_id":{"references":["each.value"]},"referenced_security_group_id":{"references":["each.value"]},"security_group_id":{"references":["aws_security_group.this[0].id","aws_security_group.this[0]","aws_security_group.this"]},"tags":{"references":["local.tags","var.security_group_tags","each.value.tags","each.value"]},"to_port":{"references":["each.value.to_port","each.value"]}},"schema_version":0,"for_each_expression":{"references":["var.security_group_egress_rules","local.create_security_group"]}},{"address":"aws_vpc_security_group_ingress_rule.this","mode":"managed","type":"aws_vpc_security_group_ingress_rule","name":"this","provider_config_key":"aws","expressions":{"cidr_ipv4":{"references":["each.value"]},"cidr_ipv6":{"references":["each.value"]},"description":{"references":["each.value.description","each.value"]},"from_port":{"references":["each.value.from_port","each.value"]},"ip_protocol":{"references":["each.value.ip_protocol","each.value"]},"prefix_list_id":{"references":["each.value"]},"referenced_security_group_id":{"references":["each.value"]},"security_group_id":{"references":["aws_security_group.this[0].id","aws_security_group.this[0]","aws_security_group.this"]},"tags":{"references":["local.tags","var.security_group_tags","each.value.tags","each.value"]},"to_port":{"references":["each.value.to_port","each.value"]}},"schema_version":0,"for_each_expression":{"references":["var.security_group_ingress_rules","local.create_security_group"]}},{"address":"aws_wafv2_web_acl_association.this","mode":"managed","type":"aws_wafv2_web_acl_association","name":"this","provider_config_key":"aws","expressions":{"resource_arn":{"references":["aws_lb.this[0].arn","aws_lb.this[0]","aws_lb.this"]},"web_acl_arn":{"references":["var.web_acl_arn"]}},"schema_version":0,"count_expression":{"references":["var.associate_web_acl"]}},{"address":"data.aws_partition.current","mode":"data","type":"aws_partition","name":"current","provider_config_key":"aws","schema_version":0}],"variables":{"access_logs":{"default":{},"description":"Map containing access logging configuration for load balancer"},"additional_target_group_attachments":{"default":{},"description":"Map of additional target group attachments to create. Use `target_group_key` to attach to the target group created in `target_groups`"},"associate_web_acl":{"default":false,"description":"Indicates whether a Web Application Firewall (WAF) ACL should be associated with the load balancer"},"client_keep_alive":{"default":null,"description":"Client keep alive value in seconds. The valid range is 60-604800 seconds. The default is 3600 seconds."},"connection_logs":{"default":{},"description":"Map containing access logging configuration for load balancer"},"create":{"default":true,"description":"Controls if resources should be created (affects nearly all resources)"},"create_security_group":{"default":true,"description":"Determines if a security group is created"},"customer_owned_ipv4_pool":{"default":null,"description":"The ID of the customer owned ipv4 pool to use for this load balancer"},"default_port":{"default":80,"description":"Default port used across the listener and target group"},"default_protocol":{"default":"HTTP","description":"Default protocol used across the listener and target group"},"desync_mitigation_mode":{"default":null,"description":"Determines how the load balancer handles requests that might pose a security risk to an application due to HTTP desync. Valid values are `monitor`, `defensive` (default), `strictest`"},"dns_record_client_routing_policy":{"default":null,"description":"Indicates how traffic is distributed among the load balancer Availability Zones. Possible values are any_availability_zone (default), availability_zone_affinity, or partial_availability_zone_affinity. Only valid for network type load balancers."},"drop_invalid_header_fields":{"default":true,"description":"Indicates whether HTTP headers with header fields that are not valid are removed by the load balancer (`true`) or routed to targets (`false`). The default is `true`. Elastic Load Balancing requires that message header names contain only alphanumeric characters and hyphens. Only valid for Load Balancers of type `application`"},"enable_cross_zone_load_balancing":{"default":true,"description":"If `true`, cross-zone load balancing of the load balancer will be enabled. For application load balancer this feature is always enabled (`true`) and cannot be disabled. Defaults to `true`"},"enable_deletion_protection":{"default":true,"description":"If `true`, deletion of the load balancer will be disabled via the AWS API. This will prevent Terraform from deleting the load balancer. Defaults to `true`"},"enable_http2":{"default":null,"description":"Indicates whether HTTP/2 is enabled in application load balancers. Defaults to `true`"},"enable_tls_version_and_cipher_suite_headers":{"default":null,"description":"Indicates whether the two headers (`x-amzn-tls-version` and `x-amzn-tls-cipher-suite`), which contain information about the negotiated TLS version and cipher suite, are added to the client request before sending it to the target. Only valid for Load Balancers of type `application`. Defaults to `false`"},"enable_waf_fail_open":{"default":null,"description":"Indicates whether to allow a WAF-enabled load balancer to route requests to targets if it is unable to forward the request to AWS WAF. Defaults to `false`"},"enable_xff_client_port":{"default":null,"description":"Indicates whether the X-Forwarded-For header should preserve the source port that the client used to connect to the load balancer in `application` load balancers. Defaults to `false`"},"enable_zonal_shift":{"default":null,"description":"Whether zonal shift is enabled"},"enforce_security_group_inbound_rules_on_private_link_traffic":{"default":null,"description":"Indicates whether inbound security group rules are enforced for traffic originating from a PrivateLink. Only valid for Load Balancers of type network. The possible values are on and off."},"idle_timeout":{"default":null,"description":"The time in seconds that the connection is allowed to be idle. Only valid for Load Balancers of type `application`. Default: `60`"},"internal":{"default":null,"description":"If true, the LB will be internal. Defaults to `false`"},"ip_address_type":{"default":null,"description":"The type of IP addresses used by the subnets for your load balancer. The possible values are `ipv4` and `dualstack`"},"listeners":{"default":{},"description":"Map of listener configurations to create"},"load_balancer_type":{"default":"application","description":"The type of load balancer to create. Possible values are `application`, `gateway`, or `network`. The default value is `application`"},"name":{"default":null,"description":"The name of the LB. This name must be unique within your AWS account, can have a maximum of 32 characters, must contain only alphanumeric characters or hyphens, and must not begin or end with a hyphen"},"name_prefix":{"default":null,"description":"Creates a unique name beginning with the specified prefix. Conflicts with `name`"},"preserve_host_header":{"default":null,"description":"Indicates whether the Application Load Balancer should preserve the Host header in the HTTP request and send it to the target without any change. Defaults to `false`"},"putin_khuylo":{"default":true,"description":"Do you agree that Putin doesn't respect Ukrainian sovereignty and territorial integrity? More info: https://en.wikipedia.org/wiki/Putin_khuylo!"},"route53_records":{"default":{},"description":"Map of Route53 records to create. Each record map should contain `zone_id`, `name`, and `type`"},"security_group_description":{"default":null,"description":"Description of the security group created"},"security_group_egress_rules":{"default":{},"description":"Security group egress rules to add to the security group created"},"security_group_ingress_rules":{"default":{},"description":"Security group ingress rules to add to the security group created"},"security_group_name":{"default":null,"description":"Name to use on security group created"},"security_group_tags":{"default":{},"description":"A map of additional tags to add to the security group created"},"security_group_use_name_prefix":{"default":true,"description":"Determines whether the security group name (`security_group_name`) is used as a prefix"},"security_groups":{"default":[],"description":"A list of security group IDs to assign to the LB"},"subnet_mapping":{"default":[],"description":"A list of subnet mapping blocks describing subnets to attach to load balancer"},"subnets":{"default":null,"description":"A list of subnet IDs to attach to the LB. Subnets cannot be updated for Load Balancers of type `network`. Changing this value for load balancers of type `network` will force a recreation of the resource"},"tags":{"default":{},"description":"A map of tags to add to all resources"},"target_groups":{"default":{},"description":"Map of target group configurations to create"},"timeouts":{"default":{},"description":"Create, update, and delete timeout configurations for the load balancer"},"vpc_id":{"default":null,"description":"Identifier of the VPC where the security group will be created"},"web_acl_arn":{"default":null,"description":"Web Application Firewall (WAF) ARN of the resource to associate with the load balancer"},"xff_header_processing_mode":{"default":null,"description":"Determines how the load balancer modifies the X-Forwarded-For header in the HTTP request before sending the request to the target. The possible values are `append`, `preserve`, and `remove`. Only valid for Load Balancers of type `application`. The default is `append`"}}},"version_constraint":"9.13.0"},"web_asg":{"source":"terraform-aws-modules/autoscaling/aws","expressions":{"create_launch_template":{"constant_value":true},"desired_capacity":{"constant_value":1},"health_check_type":{"constant_value":"ELB"},"image_id":{"references":["data.aws_ami.ubuntu.id","data.aws_ami.ubuntu"]},"instance_refresh":{"constant_value":{"preferences":{"min_healthy_percentage":50},"strategy":"Rolling"}},"instance_type":{"constant_value":"t2.micro"},"launch_template_name":{"references":["var.project_name"]},"max_size":{"constant_value":1},"min_size":{"constant_value":0},"name":{"references":["var.project_name"]},"tags":{"references":["var.tags"]},"traffic_source_attachments":{"references":["module.web_alb.target_groups[\"web-asg\"].arn","module.web_alb.target_groups[\"web-asg\"]","module.web_alb.target_groups","module.web_alb"]},"user_data":{},"vpc_zone_identifier":{"references":["module.vpc.public_subnets","module.vpc"]},"wait_for_capacity_timeout":{"constant_value":0}},"module":{"outputs":{"autoscaling_group_arn":{"expression":{"references":["aws_autoscaling_group.this[0].arn","aws_autoscaling_group.this[0]","aws_autoscaling_group.this","aws_autoscaling_group.idc[0].arn","aws_autoscaling_group.idc[0]","aws_autoscaling_group.idc"]},"description":"The ARN for this AutoScaling Group"},"autoscaling_group_availability_zones":{"expression":{"references":["aws_autoscaling_group.this[0].availability_zones","aws_autoscaling_group.this[0]","aws_autoscaling_group.this","aws_autoscaling_group.idc[0].availability_zones","aws_autoscaling_group.idc[0]","aws_autoscaling_group.idc"]},"description":"The availability zones of the autoscale group"},"autoscaling_group_default_cooldown":{"expression":{"references":["aws_autoscaling_group.this[0].default_cooldown","aws_autoscaling_group.this[0]","aws_autoscaling_group.this","aws_autoscaling_group.idc[0].default_cooldown","aws_autoscaling_group.idc[0]","aws_autoscaling_group.idc"]},"description":"Time between a scaling activity and the succeeding scaling activity"},"autoscaling_group_desired_capacity":{"expression":{"references":["aws_autoscaling_group.this[0].desired_capacity","aws_autoscaling_group.this[0]","aws_autoscaling_group.this","aws_autoscaling_group.idc[0].desired_capacity","aws_autoscaling_group.idc[0]","aws_autoscaling_group.idc"]},"description":"The number of Amazon EC2 instances that should be running in the group"},"autoscaling_group_enabled_metrics":{"expression":{"references":["aws_autoscaling_group.this[0].enabled_metrics","aws_autoscaling_group.this[0]","aws_autoscaling_group.this","aws_autoscaling_group.idc[0].enabled_metrics","aws_autoscaling_group.idc[0]","aws_autoscaling_group.idc"]},"description":"List of metrics enabled for collection"},"autoscaling_group_health_check_grace_period":{"expression":{"references":["aws_autoscaling_group.this[0].health_check_grace_period","aws_autoscaling_group.this[0]","aws_autoscaling_group.this","aws_autoscaling_group.idc[0].health_check_grace_period","aws_autoscaling_group.idc[0]","aws_autoscaling_group.idc"]},"description":"Time after instance comes into service before checking health"},"autoscaling_group_health_check_type":{"expression":{"references":["aws_autoscaling_group.this[0].health_check_type","aws_autoscaling_group.this[0]","aws_autoscaling_group.this","aws_autoscaling_group.idc[0].health_check_type","aws_autoscaling_group.idc[0]","aws_autoscaling_group.idc"]},"description":"EC2 or ELB. Controls how health checking is done"},"autoscaling_group_id":{"expression":{"references":["aws_autoscaling_group.this[0].id","aws_autoscaling_group.this[0]","aws_autoscaling_group.this","aws_autoscaling_group.idc[0].id","aws_autoscaling_group.idc[0]","aws_autoscaling_group.idc"]},"description":"The autoscaling group id"},"autoscaling_group_load_balancers":{"expression":{"references":["aws_autoscaling_group.this[0].load_balancers","aws_autoscaling_group.this[0]","aws_autoscaling_group.this","aws_autoscaling_group.idc[0].load_balancers","aws_autoscaling_group.idc[0]","aws_autoscaling_group.idc"]},"description":"The load balancer names associated with the autoscaling group"},"autoscaling_group_max_size":{"expression":{"references":["aws_autoscaling_group.this[0].max_size","aws_autoscaling_group.this[0]","aws_autoscaling_group.this","aws_autoscaling_group.idc[0].max_size","aws_autoscaling_group.idc[0]","aws_autoscaling_group.idc"]},"description":"The maximum size of the autoscale group"},"autoscaling_group_min_size":{"expression":{"references":["aws_autoscaling_group.this[0].min_size","aws_autoscaling_group.this[0]","aws_autoscaling_group.this","aws_autoscaling_group.idc[0].min_size","aws_autoscaling_group.idc[0]","aws_autoscaling_group.idc"]},"description":"The minimum size of the autoscale group"},"autoscaling_group_name":{"expression":{"references":["aws_autoscaling_group.this[0].name","aws_autoscaling_group.this[0]","aws_autoscaling_group.this","aws_autoscaling_group.idc[0].name","aws_autoscaling_group.idc[0]","aws_autoscaling_group.idc"]},"description":"The autoscaling group name"},"autoscaling_group_target_group_arns":{"expression":{"references":["aws_autoscaling_group.this[0].target_group_arns","aws_autoscaling_group.this[0]","aws_autoscaling_group.this","aws_autoscaling_group.idc[0].target_group_arns","aws_autoscaling_group.idc[0]","aws_autoscaling_group.idc"]},"description":"List of Target Group ARNs that apply to this AutoScaling Group"},"autoscaling_group_vpc_zone_identifier":{"expression":{"references":["aws_autoscaling_group.this[0].vpc_zone_identifier","aws_autoscaling_group.this[0]","aws_autoscaling_group.this","aws_autoscaling_group.idc[0].vpc_zone_identifier","aws_autoscaling_group.idc[0]","aws_autoscaling_group.idc"]},"description":"The VPC zone identifier"},"autoscaling_policy_arns":{"expression":{"references":["aws_autoscaling_policy.this"]},"description":"ARNs of autoscaling policies"},"autoscaling_schedule_arns":{"expression":{"references":["aws_autoscaling_schedule.this"]},"description":"ARNs of autoscaling group schedules"},"iam_instance_profile_arn":{"expression":{"references":["aws_iam_instance_profile.this[0].arn","aws_iam_instance_profile.this[0]","aws_iam_instance_profile.this","var.iam_instance_profile_arn"]},"description":"ARN assigned by AWS to the instance profile"},"iam_instance_profile_id":{"expression":{"references":["aws_iam_instance_profile.this[0].id","aws_iam_instance_profile.this[0]","aws_iam_instance_profile.this"]},"description":"Instance profile's ID"},"iam_instance_profile_unique":{"expression":{"references":["aws_iam_instance_profile.this[0].unique_id","aws_iam_instance_profile.this[0]","aws_iam_instance_profile.this"]},"description":"Stable and unique string identifying the IAM instance profile"},"iam_role_arn":{"expression":{"references":["aws_iam_role.this[0].arn","aws_iam_role.this[0]","aws_iam_role.this"]},"description":"The Amazon Resource Name (ARN) specifying the IAM role"},"iam_role_name":{"expression":{"references":["aws_iam_role.this[0].name","aws_iam_role.this[0]","aws_iam_role.this"]},"description":"The name of the IAM role"},"iam_role_unique_id":{"expression":{"references":["aws_iam_role.this[0].unique_id","aws_iam_role.this[0]","aws_iam_role.this"]},"description":"Stable and unique string identifying the IAM role"},"launch_template_arn":{"expression":{"references":["aws_launch_template.this[0].arn","aws_launch_template.this[0]","aws_launch_template.this"]},"description":"The ARN of the launch template"},"launch_template_default_version":{"expression":{"references":["aws_launch_template.this[0].default_version","aws_launch_template.this[0]","aws_launch_template.this"]},"description":"The default version of the launch template"},"launch_template_id":{"expression":{"references":["aws_launch_template.this[0].id","aws_launch_template.this[0]","aws_launch_template.this"]},"description":"The ID of the launch template"},"launch_template_latest_version":{"expression":{"references":["aws_launch_template.this[0].latest_version","aws_launch_template.this[0]","aws_launch_template.this"]},"description":"The latest version of the launch template"},"launch_template_name":{"expression":{"references":["aws_launch_template.this[0].name","aws_launch_template.this[0]","aws_launch_template.this"]},"description":"The name of the launch template"}},"resources":[{"address":"aws_autoscaling_group.idc","mode":"managed","type":"aws_autoscaling_group","name":"idc","provider_config_key":"aws","expressions":{"availability_zones":{"references":["var.availability_zones"]},"capacity_rebalance":{"references":["var.capacity_rebalance"]},"default_cooldown":{"references":["var.default_cooldown"]},"default_instance_warmup":{"references":["var.default_instance_warmup"]},"desired_capacity":{"references":["var.desired_capacity"]},"desired_capacity_type":{"references":["var.desired_capacity_type"]},"enabled_metrics":{"references":["var.enabled_metrics"]},"force_delete":{"references":["var.force_delete"]},"health_check_grace_period":{"references":["var.health_check_grace_period"]},"health_check_type":{"references":["var.health_check_type"]},"ignore_failed_scaling_activities":{"references":["var.ignore_failed_scaling_activities"]},"max_instance_lifetime":{"references":["var.max_instance_lifetime"]},"max_size":{"references":["var.max_size"]},"metrics_granularity":{"references":["var.metrics_granularity"]},"min_elb_capacity":{"references":["var.min_elb_capacity"]},"min_size":{"references":["var.min_size"]},"name":{"references":["var.use_name_prefix","var.name"]},"name_prefix":{"references":["var.use_name_prefix","var.name"]},"placement_group":{"references":["var.placement_group"]},"protect_from_scale_in":{"references":["var.protect_from_scale_in"]},"service_linked_role_arn":{"references":["var.service_linked_role_arn"]},"suspended_processes":{"references":["var.suspended_processes"]},"termination_policies":{"references":["var.termination_policies"]},"timeouts":{"delete":{"references":["var.delete_timeout"]}},"vpc_zone_identifier":{"references":["var.vpc_zone_identifier"]},"wait_for_capacity_timeout":{"references":["var.wait_for_capacity_timeout"]},"wait_for_elb_capacity":{"references":["var.wait_for_elb_capacity"]}},"schema_version":1,"count_expression":{"references":["local.create","var.ignore_desired_capacity_changes"]}},{"address":"aws_autoscaling_group.this","mode":"managed","type":"aws_autoscaling_group","name":"this","provider_config_key":"aws","expressions":{"availability_zones":{"references":["var.availability_zones"]},"capacity_rebalance":{"references":["var.capacity_rebalance"]},"default_cooldown":{"references":["var.default_cooldown"]},"default_instance_warmup":{"references":["var.default_instance_warmup"]},"desired_capacity":{"references":["var.desired_capacity"]},"desired_capacity_type":{"references":["var.desired_capacity_type"]},"enabled_metrics":{"references":["var.enabled_metrics"]},"force_delete":{"references":["var.force_delete"]},"health_check_grace_period":{"references":["var.health_check_grace_period"]},"health_check_type":{"references":["var.health_check_type"]},"ignore_failed_scaling_activities":{"references":["var.ignore_failed_scaling_activities"]},"max_instance_lifetime":{"references":["var.max_instance_lifetime"]},"max_size":{"references":["var.max_size"]},"metrics_granularity":{"references":["var.metrics_granularity"]},"min_elb_capacity":{"references":["var.min_elb_capacity"]},"min_size":{"references":["var.min_size"]},"name":{"references":["var.use_name_prefix","var.name"]},"name_prefix":{"references":["var.use_name_prefix","var.name"]},"placement_group":{"references":["var.placement_group"]},"protect_from_scale_in":{"references":["var.protect_from_scale_in"]},"service_linked_role_arn":{"references":["var.service_linked_role_arn"]},"suspended_processes":{"references":["var.suspended_processes"]},"termination_policies":{"references":["var.termination_policies"]},"timeouts":{"delete":{"references":["var.delete_timeout"]}},"vpc_zone_identifier":{"references":["var.vpc_zone_identifier"]},"wait_for_capacity_timeout":{"references":["var.wait_for_capacity_timeout"]},"wait_for_elb_capacity":{"references":["var.wait_for_elb_capacity"]}},"schema_version":1,"count_expression":{"references":["local.create","var.ignore_desired_capacity_changes"]}},{"address":"aws_autoscaling_policy.this","mode":"managed","type":"aws_autoscaling_policy","name":"this","provider_config_key":"aws","expressions":{"adjustment_type":{"references":["each.value.adjustment_type","each.value"]},"autoscaling_group_name":{"references":["var.ignore_desired_capacity_changes","aws_autoscaling_group.idc[0].name","aws_autoscaling_group.idc[0]","aws_autoscaling_group.idc","aws_autoscaling_group.this[0].name","aws_autoscaling_group.this[0]","aws_autoscaling_group.this"]},"cooldown":{"references":["each.value.cooldown","each.value"]},"estimated_instance_warmup":{"references":["each.value.estimated_instance_warmup","each.value"]},"metric_aggregation_type":{"references":["each.value.metric_aggregation_type","each.value"]},"min_adjustment_magnitude":{"references":["each.value.min_adjustment_magnitude","each.value"]},"name":{"references":["each.value.name","each.value","each.key"]},"policy_type":{"references":["each.value.policy_type","each.value"]},"scaling_adjustment":{"references":["each.value.scaling_adjustment","each.value"]}},"schema_version":0,"for_each_expression":{"references":["var.scaling_policies","local.create","var.create_scaling_policy"]}},{"address":"aws_autoscaling_schedule.this","mode":"managed","type":"aws_autoscaling_schedule","name":"this","provider_config_key":"aws","expressions":{"autoscaling_group_name":{"references":["aws_autoscaling_group.this[0].name","aws_autoscaling_group.this[0]","aws_autoscaling_group.this","aws_autoscaling_group.idc[0].name","aws_autoscaling_group.idc[0]","aws_autoscaling_group.idc"]},"desired_capacity":{"references":["each.value.desired_capacity","each.value"]},"end_time":{"references":["each.value.end_time","each.value"]},"max_size":{"references":["each.value.max_size","each.value"]},"min_size":{"references":["each.value.min_size","each.value"]},"recurrence":{"references":["each.value.recurrence","each.value"]},"scheduled_action_name":{"references":["each.key"]},"start_time":{"references":["each.value.start_time","each.value"]},"time_zone":{"references":["each.value.time_zone","each.value"]}},"schema_version":0,"for_each_expression":{"references":["local.create","var.create_schedule","var.schedules"]}},{"address":"aws_autoscaling_traffic_source_attachment.this","mode":"managed","type":"aws_autoscaling_traffic_source_attachment","name":"this","provider_config_key":"aws","expressions":{"autoscaling_group_name":{"references":["var.ignore_desired_capacity_changes","aws_autoscaling_group.idc[0].id","aws_autoscaling_group.idc[0]","aws_autoscaling_group.idc","aws_autoscaling_group.this[0].id","aws_autoscaling_group.this[0]","aws_autoscaling_group.this"]},"traffic_source":[{"identifier":{"references":["each.value.traffic_source_identifier","each.value"]},"type":{"references":["each.value.traffic_source_type","each.value"]}}]},"schema_version":0,"for_each_expression":{"references":["var.traffic_source_attachments","local.create"]}},{"address":"aws_iam_instance_profile.this","mode":"managed","type":"aws_iam_instance_profile","name":"this","provider_config_key":"aws","expressions":{"name":{"references":["var.iam_role_use_name_prefix","var.iam_role_name"]},"name_prefix":{"references":["var.iam_role_use_name_prefix","var.iam_role_name"]},"path":{"references":["var.iam_role_path"]},"role":{"references":["aws_iam_role.this[0].name","aws_iam_role.this[0]","aws_iam_role.this"]},"tags":{"references":["var.tags","var.iam_role_tags"]}},"schema_version":0,"count_expression":{"references":["local.create","var.create_iam_instance_profile"]}},{"address":"aws_iam_role.this","mode":"managed","type":"aws_iam_role","name":"this","provider_config_key":"aws","expressions":{"assume_role_policy":{"references":["data.aws_iam_policy_document.assume_role_policy[0].json","data.aws_iam_policy_document.assume_role_policy[0]","data.aws_iam_policy_document.assume_role_policy"]},"description":{"references":["var.iam_role_description"]},"force_detach_policies":{"constant_value":true},"name":{"references":["var.iam_role_use_name_prefix","local.internal_iam_instance_profile_name"]},"name_prefix":{"references":["var.iam_role_use_name_prefix","local.internal_iam_instance_profile_name"]},"path":{"references":["var.iam_role_path"]},"permissions_boundary":{"references":["var.iam_role_permissions_boundary"]},"tags":{"references":["var.tags","var.iam_role_tags"]}},"schema_version":0,"count_expression":{"references":["local.create","var.create_iam_instance_profile"]}},{"address":"aws_iam_role_policy_attachment.this","mode":"managed","type":"aws_iam_role_policy_attachment","name":"this","provider_config_key":"aws","expressions":{"policy_arn":{"references":["each.value"]},"role":{"references":["aws_iam_role.this[0].name","aws_iam_role.this[0]","aws_iam_role.this"]}},"schema_version":0,"for_each_expression":{"references":["var.iam_role_policies","var.create","var.create_iam_instance_profile"]}},{"address":"aws_launch_template.this","mode":"managed","type":"aws_launch_template","name":"this","provider_config_key":"aws","expressions":{"default_version":{"references":["var.default_version"]},"description":{"references":["var.launch_template_description"]},"disable_api_stop":{"references":["var.disable_api_stop"]},"disable_api_termination":{"references":["var.disable_api_termination"]},"ebs_optimized":{"references":["var.ebs_optimized"]},"image_id":{"references":["var.image_id"]},"instance_initiated_shutdown_behavior":{"references":["var.instance_initiated_shutdown_behavior"]},"instance_type":{"references":["var.instance_type"]},"kernel_id":{"references":["var.kernel_id"]},"key_name":{"references":["var.key_name"]},"name":{"references":["var.launch_template_use_name_prefix","local.launch_template_name"]},"name_prefix":{"references":["var.launch_template_use_name_prefix","local.launch_template_name"]},"ram_disk_id":{"references":["var.ram_disk_id"]},"tags":{"references":["var.tags"]},"update_default_version":{"references":["var.update_default_version"]},"user_data":{"references":["var.user_data"]},"vpc_security_group_ids":{"references":["var.network_interfaces","var.security_groups"]}},"schema_version":0,"count_expression":{"references":["var.create_launch_template"]}},{"address":"data.aws_iam_policy_document.assume_role_policy","mode":"data","type":"aws_iam_policy_document","name":"assume_role_policy","provider_config_key":"aws","expressions":{"statement":[{"actions":{"constant_value":["sts:AssumeRole"]},"principals":[{"identifiers":{"references":["data.aws_partition.current.dns_suffix","data.aws_partition.current"]},"type":{"constant_value":"Service"}}],"sid":{"constant_value":"EC2AssumeRole"}}]},"schema_version":0,"count_expression":{"references":["local.create","var.create_iam_instance_profile"]}},{"address":"data.aws_partition.current","mode":"data","type":"aws_partition","name":"current","provider_config_key":"aws","schema_version":0}],"variables":{"autoscaling_group_tags":{"default":{},"description":"A map of additional tags to add to the autoscaling group"},"availability_zone_distribution":{"default":{},"description":"A map of configuration for capacity distribution across availability zones"},"availability_zones":{"default":null,"description":"A list of one or more availability zones for the group. Used for EC2-Classic and default subnets when not specified with `vpc_zone_identifier` argument. Conflicts with `vpc_zone_identifier`"},"block_device_mappings":{"default":[],"description":"Specify volumes to attach to the instance besides the volumes specified by the AMI"},"capacity_rebalance":{"default":null,"description":"Indicates whether capacity rebalance is enabled"},"capacity_reservation_specification":{"default":{},"description":"Targeting for EC2 capacity reservations"},"cpu_options":{"default":{},"description":"The CPU options for the instance"},"create":{"default":true,"description":"Determines whether to create autoscaling group or not"},"create_iam_instance_profile":{"default":false,"description":"Determines whether an IAM instance profile is created or to use an existing IAM instance profile"},"create_launch_template":{"default":true,"description":"Determines whether to create launch template or not"},"create_scaling_policy":{"default":true,"description":"Determines whether to create target scaling policy schedule or not"},"create_schedule":{"default":true,"description":"Determines whether to create autoscaling group schedule or not"},"credit_specification":{"default":{},"description":"Customize the credit specification of the instance"},"default_cooldown":{"default":null,"description":"The amount of time, in seconds, after a scaling activity completes before another scaling activity can start"},"default_instance_warmup":{"default":null,"description":"Amount of time, in seconds, until a newly launched instance can contribute to the Amazon CloudWatch metrics. This delay lets an instance finish initializing before Amazon EC2 Auto Scaling aggregates instance metrics, resulting in more reliable usage data. Set this value equal to the amount of time that it takes for resource consumption to become stable after an instance reaches the InService state."},"default_version":{"default":null,"description":"Default Version of the launch template"},"delete_timeout":{"default":null,"description":"Delete timeout to wait for destroying autoscaling group"},"desired_capacity":{"default":null,"description":"The number of Amazon EC2 instances that should be running in the autoscaling group"},"desired_capacity_type":{"default":null,"description":"The unit of measurement for the value specified for desired_capacity. Supported for attribute-based instance type selection only. Valid values: `units`, `vcpu`, `memory-mib`."},"disable_api_stop":{"default":null,"description":"If true, enables EC2 instance stop protection"},"disable_api_termination":{"default":null,"description":"If true, enables EC2 instance termination protection"},"ebs_optimized":{"default":null,"description":"If true, the launched EC2 instance will be EBS-optimized"},"elastic_gpu_specifications":{"default":{},"description":"The elastic GPU to attach to the instance"},"elastic_inference_accelerator":{"default":{},"description":"Configuration block containing an Elastic Inference Accelerator to attach to the instance"},"enable_monitoring":{"default":true,"description":"Enables/disables detailed monitoring"},"enabled_metrics":{"default":[],"description":"A list of metrics to collect. The allowed values are `GroupDesiredCapacity`, `GroupInServiceCapacity`, `GroupPendingCapacity`, `GroupMinSize`, `GroupMaxSize`, `GroupInServiceInstances`, `GroupPendingInstances`, `GroupStandbyInstances`, `GroupStandbyCapacity`, `GroupTerminatingCapacity`, `GroupTerminatingInstances`, `GroupTotalCapacity`, `GroupTotalInstances`"},"enclave_options":{"default":{},"description":"Enable Nitro Enclaves on launched instances"},"force_delete":{"default":null,"description":"Allows deleting the Auto Scaling Group without waiting for all instances in the pool to terminate. You can force an Auto Scaling Group to delete even if it's in the process of scaling a resource. Normally, Terraform drains all the instances before deleting the group. This bypasses that behavior and potentially leaves resources dangling"},"health_check_grace_period":{"default":null,"description":"Time (in seconds) after instance comes into service before checking health"},"health_check_type":{"default":null,"description":"`EC2` or `ELB`. Controls how health checking is done"},"hibernation_options":{"default":{},"description":"The hibernation options for the instance"},"iam_instance_profile_arn":{"default":null,"description":"Amazon Resource Name (ARN) of an existing IAM instance profile. Used when `create_iam_instance_profile` = `false`"},"iam_instance_profile_name":{"default":null,"description":"The name of the IAM instance profile to be created (`create_iam_instance_profile` = `true`) or existing (`create_iam_instance_profile` = `false`)"},"iam_role_description":{"default":null,"description":"Description of the role"},"iam_role_name":{"default":null,"description":"Name to use on IAM role created"},"iam_role_path":{"default":null,"description":"IAM role path"},"iam_role_permissions_boundary":{"default":null,"description":"ARN of the policy that is used to set the permissions boundary for the IAM role"},"iam_role_policies":{"default":{},"description":"IAM policies to attach to the IAM role"},"iam_role_tags":{"default":{},"description":"A map of additional tags to add to the IAM role created"},"iam_role_use_name_prefix":{"default":true,"description":"Determines whether the IAM role name (`iam_role_name`) is used as a prefix"},"ignore_desired_capacity_changes":{"default":false,"description":"Determines whether the `desired_capacity` value is ignored after initial apply. See README note for more details"},"ignore_failed_scaling_activities":{"default":false,"description":"Whether to ignore failed Auto Scaling scaling activities while waiting for capacity. The default is false -- failed scaling activities cause errors to be returned."},"image_id":{"default":"","description":"The AMI from which to launch the instance"},"initial_lifecycle_hooks":{"default":[],"description":"One or more Lifecycle Hooks to attach to the Auto Scaling Group before instances are launched. The syntax is exactly the same as the separate `aws_autoscaling_lifecycle_hook` resource, without the `autoscaling_group_name` attribute. Please note that this will only work when creating a new Auto Scaling Group. For all other use-cases, please use `aws_autoscaling_lifecycle_hook` resource"},"instance_initiated_shutdown_behavior":{"default":null,"description":"Shutdown behavior for the instance. Can be `stop` or `terminate`. (Default: `stop`)"},"instance_maintenance_policy":{"default":{},"description":"If this block is configured, add a instance maintenance policy to the specified Auto Scaling group"},"instance_market_options":{"default":{},"description":"The market (purchasing) option for the instance"},"instance_name":{"default":"","description":"Name that is propogated to launched EC2 instances via a tag - if not provided, defaults to `var.name`"},"instance_refresh":{"default":{},"description":"If this block is configured, start an Instance Refresh when this Auto Scaling Group is updated"},"instance_requirements":{"default":{},"description":"The attribute requirements for the type of instance. If present then `instance_type` cannot be present"},"instance_type":{"default":null,"description":"The type of the instance. If present then `instance_requirements` cannot be present"},"kernel_id":{"default":null,"description":"The kernel ID"},"key_name":{"default":null,"description":"The key name that should be used for the instance"},"launch_template_description":{"default":null,"description":"Description of the launch template"},"launch_template_id":{"default":null,"description":"ID of an existing launch template to be used (created outside of this module)"},"launch_template_name":{"default":"","description":"Name of launch template to be created"},"launch_template_use_name_prefix":{"default":true,"description":"Determines whether to use `launch_template_name` as is or create a unique name beginning with the `launch_template_name` as the prefix"},"launch_template_version":{"default":null,"description":"Launch template version. Can be version number, `$Latest`, or `$Default`"},"license_specifications":{"default":{},"description":"A list of license specifications to associate with"},"maintenance_options":{"default":{},"description":"The maintenance options for the instance"},"max_instance_lifetime":{"default":null,"description":"The maximum amount of time, in seconds, that an instance can be in service, values must be either equal to 0 or between 86400 and 31536000 seconds"},"max_size":{"default":null,"description":"The maximum size of the autoscaling group"},"metadata_options":{"default":{},"description":"Customize the metadata options for the instance"},"metrics_granularity":{"default":null,"description":"The granularity to associate with the metrics to collect. The only valid value is `1Minute`"},"min_elb_capacity":{"default":null,"description":"Setting this causes Terraform to wait for this number of instances to show up healthy in the ELB only on creation. Updates will not wait on ELB instance number changes"},"min_size":{"default":null,"description":"The minimum size of the autoscaling group"},"mixed_instances_policy":{"default":null,"description":"Configuration block containing settings to define launch targets for Auto Scaling groups"},"name":{"description":"Name used across the resources created"},"network_interfaces":{"default":[],"description":"Customize network interfaces to be attached at instance boot time"},"placement":{"default":{},"description":"The placement of the instance"},"placement_group":{"default":null,"description":"The name of the placement group into which you'll launch your instances, if any"},"private_dns_name_options":{"default":{},"description":"The options for the instance hostname. The default values are inherited from the subnet"},"protect_from_scale_in":{"default":false,"description":"Allows setting instance protection. The autoscaling group will not select instances with this setting for termination during scale in events."},"putin_khuylo":{"default":true,"description":"Do you agree that Putin doesn't respect Ukrainian sovereignty and territorial integrity? More info: https://en.wikipedia.org/wiki/Putin_khuylo!"},"ram_disk_id":{"default":null,"description":"The ID of the ram disk"},"scaling_policies":{"default":{},"description":"Map of target scaling policy schedule to create"},"schedules":{"default":{},"description":"Map of autoscaling group schedule to create"},"security_groups":{"default":[],"description":"A list of security group IDs to associate"},"service_linked_role_arn":{"default":null,"description":"The ARN of the service-linked role that the ASG will use to call other AWS services"},"suspended_processes":{"default":[],"description":"A list of processes to suspend for the Auto Scaling Group. The allowed values are `Launch`, `Terminate`, `HealthCheck`, `ReplaceUnhealthy`, `AZRebalance`, `AlarmNotification`, `ScheduledActions`, `AddToLoadBalancer`, `InstanceRefresh`. Note that if you suspend either the `Launch` or `Terminate` process types, it can prevent your Auto Scaling Group from functioning properly"},"tag_specifications":{"default":[],"description":"The tags to apply to the resources during launch"},"tags":{"default":{},"description":"A map of tags to assign to resources"},"termination_policies":{"default":[],"description":"A list of policies to decide how the instances in the Auto Scaling Group should be terminated. The allowed values are `OldestInstance`, `NewestInstance`, `OldestLaunchConfiguration`, `ClosestToNextInstanceHour`, `OldestLaunchTemplate`, `AllocationStrategy`, `Default`"},"traffic_source_attachments":{"default":{},"description":"Map of traffic source attachment definitions to create"},"update_default_version":{"default":null,"description":"Whether to update Default Version each update. Conflicts with `default_version`"},"use_mixed_instances_policy":{"default":false,"description":"Determines whether to use a mixed instances policy in the autoscaling group or not"},"use_name_prefix":{"default":true,"description":"Determines whether to use `name` as is or create a unique name beginning with the `name` as the prefix"},"user_data":{"default":null,"description":"The Base64-encoded user data to provide when launching the instance"},"vpc_zone_identifier":{"default":null,"description":"A list of subnet IDs to launch resources in. Subnets automatically determine which availability zones the group will reside. Conflicts with `availability_zones`"},"wait_for_capacity_timeout":{"default":null,"description":"A maximum duration that Terraform should wait for ASG instances to be healthy before timing out. (See also Waiting for Capacity below.) Setting this to '0' causes Terraform to skip all Capacity Waiting behavior."},"wait_for_elb_capacity":{"default":null,"description":"Setting this will cause Terraform to wait for exactly this number of healthy instances in all attached load balancers on both create and update operations. Takes precedence over `min_elb_capacity` behavior."},"warm_pool":{"default":{},"description":"If this block is configured, add a Warm Pool to the specified Auto Scaling group"}}},"version_constraint":"8.1.0"},"web_security_group":{"source":"terraform-aws-modules/security-group/aws","expressions":{"description":{"constant_value":"Security group for web"},"egress_with_cidr_blocks":{"constant_value":[{"cidr_blocks":"0.0.0.0/0","from_port":0,"protocol":"-1","to_port":0}]},"ingress_with_cidr_blocks":{"constant_value":[{"cidr_blocks":"0.0.0.0/0","description":"HTTP","from_port":80,"protocol":"tcp","to_port":80},{"cidr_blocks":"0.0.0.0/0","description":"HTTPS","from_port":443,"protocol":"tcp","to_port":443}]},"name":{"references":["var.project_name"]},"tags":{"references":["var.tags"]},"vpc_id":{"references":["module.vpc.vpc_id","module.vpc"]}},"module":{"outputs":{"security_group_arn":{"expression":{"references":["aws_security_group.this[0].arn","aws_security_group.this[0]","aws_security_group.this","aws_security_group.this_name_prefix[0].arn","aws_security_group.this_name_prefix[0]","aws_security_group.this_name_prefix"]},"description":"The ARN of the security group"},"security_group_description":{"expression":{"references":["aws_security_group.this[0].description","aws_security_group.this[0]","aws_security_group.this","aws_security_group.this_name_prefix[0].description","aws_security_group.this_name_prefix[0]","aws_security_group.this_name_prefix"]},"description":"The description of the security group"},"security_group_id":{"expression":{"references":["aws_security_group.this[0].id","aws_security_group.this[0]","aws_security_group.this","aws_security_group.this_name_prefix[0].id","aws_security_group.this_name_prefix[0]","aws_security_group.this_name_prefix"]},"description":"The ID of the security group"},"security_group_name":{"expression":{"references":["aws_security_group.this[0].name","aws_security_group.this[0]","aws_security_group.this","aws_security_group.this_name_prefix[0].name","aws_security_group.this_name_prefix[0]","aws_security_group.this_name_prefix"]},"description":"The name of the security group"},"security_group_owner_id":{"expression":{"references":["aws_security_group.this[0].owner_id","aws_security_group.this[0]","aws_security_group.this","aws_security_group.this_name_prefix[0].owner_id","aws_security_group.this_name_prefix[0]","aws_security_group.this_name_prefix"]},"description":"The owner ID"},"security_group_vpc_id":{"expression":{"references":["aws_security_group.this[0].vpc_id","aws_security_group.this[0]","aws_security_group.this","aws_security_group.this_name_prefix[0].vpc_id","aws_security_group.this_name_prefix[0]","aws_security_group.this_name_prefix"]},"description":"The VPC ID"}},"resources":[{"address":"aws_security_group.this","mode":"managed","type":"aws_security_group","name":"this","provider_config_key":"aws","expressions":{"description":{"references":["var.description"]},"name":{"references":["var.name"]},"revoke_rules_on_delete":{"references":["var.revoke_rules_on_delete"]},"tags":{"references":["var.name","var.tags"]},"timeouts":{"create":{"references":["var.create_timeout"]},"delete":{"references":["var.delete_timeout"]}},"vpc_id":{"references":["var.vpc_id"]}},"schema_version":1,"count_expression":{"references":["local.create","var.create_sg","var.use_name_prefix"]}},{"address":"aws_security_group.this_name_prefix","mode":"managed","type":"aws_security_group","name":"this_name_prefix","provider_config_key":"aws","expressions":{"description":{"references":["var.description"]},"name_prefix":{"references":["var.name"]},"revoke_rules_on_delete":{"references":["var.revoke_rules_on_delete"]},"tags":{"references":["var.name","var.tags"]},"timeouts":{"create":{"references":["var.create_timeout"]},"delete":{"references":["var.delete_timeout"]}},"vpc_id":{"references":["var.vpc_id"]}},"schema_version":1,"count_expression":{"references":["local.create","var.create_sg","var.use_name_prefix"]}},{"address":"aws_security_group_rule.computed_egress_rules","mode":"managed","type":"aws_security_group_rule","name":"computed_egress_rules","provider_config_key":"aws","expressions":{"cidr_blocks":{"references":["var.egress_cidr_blocks"]},"description":{"references":["var.rules","var.computed_egress_rules","count.index"]},"from_port":{"references":["var.rules","var.computed_egress_rules","count.index"]},"ipv6_cidr_blocks":{"references":["var.egress_ipv6_cidr_blocks"]},"prefix_list_ids":{"references":["var.egress_prefix_list_ids"]},"protocol":{"references":["var.rules","var.computed_egress_rules","count.index"]},"security_group_id":{"references":["local.this_sg_id"]},"to_port":{"references":["var.rules","var.computed_egress_rules","count.index"]},"type":{"constant_value":"egress"}},"schema_version":2,"count_expression":{"references":["local.create","var.number_of_computed_egress_rules"]}},{"address":"aws_security_group_rule.computed_egress_with_cidr_blocks","mode":"managed","type":"aws_security_group_rule","name":"computed_egress_with_cidr_blocks","provider_config_key":"aws","expressions":{"cidr_blocks":{"references":["var.computed_egress_with_cidr_blocks","count.index","var.egress_cidr_blocks"]},"description":{"references":["var.computed_egress_with_cidr_blocks","count.index"]},"from_port":{"references":["var.computed_egress_with_cidr_blocks","count.index","var.rules","var.computed_egress_with_cidr_blocks","count.index"]},"protocol":{"references":["var.computed_egress_with_cidr_blocks","count.index","var.rules","var.computed_egress_with_cidr_blocks","count.index"]},"security_group_id":{"references":["local.this_sg_id"]},"to_port":{"references":["var.computed_egress_with_cidr_blocks","count.index","var.rules","var.computed_egress_with_cidr_blocks","count.index"]},"type":{"constant_value":"egress"}},"schema_version":2,"count_expression":{"references":["local.create","var.number_of_computed_egress_with_cidr_blocks"]}},{"address":"aws_security_group_rule.computed_egress_with_ipv6_cidr_blocks","mode":"managed","type":"aws_security_group_rule","name":"computed_egress_with_ipv6_cidr_blocks","provider_config_key":"aws","expressions":{"description":{"references":["var.computed_egress_with_ipv6_cidr_blocks","count.index"]},"from_port":{"references":["var.computed_egress_with_ipv6_cidr_blocks","count.index","var.rules","var.computed_egress_with_ipv6_cidr_blocks","count.index"]},"ipv6_cidr_blocks":{"references":["var.computed_egress_with_ipv6_cidr_blocks","count.index","var.egress_ipv6_cidr_blocks"]},"prefix_list_ids":{"references":["var.egress_prefix_list_ids"]},"protocol":{"references":["var.computed_egress_with_ipv6_cidr_blocks","count.index","var.rules","var.computed_egress_with_ipv6_cidr_blocks","count.index"]},"security_group_id":{"references":["local.this_sg_id"]},"to_port":{"references":["var.computed_egress_with_ipv6_cidr_blocks","count.index","var.rules","var.computed_egress_with_ipv6_cidr_blocks","count.index"]},"type":{"constant_value":"egress"}},"schema_version":2,"count_expression":{"references":["local.create","var.number_of_computed_egress_with_ipv6_cidr_blocks"]}},{"address":"aws_security_group_rule.computed_egress_with_prefix_list_ids","mode":"managed","type":"aws_security_group_rule","name":"computed_egress_with_prefix_list_ids","provider_config_key":"aws","expressions":{"description":{"references":["var.computed_egress_with_prefix_list_ids","count.index"]},"from_port":{"references":["var.computed_egress_with_prefix_list_ids","count.index","var.rules","var.computed_egress_with_prefix_list_ids","count.index"]},"prefix_list_ids":{"references":["var.computed_egress_with_prefix_list_ids","count.index","var.egress_prefix_list_ids"]},"protocol":{"references":["var.computed_egress_with_prefix_list_ids","count.index","var.rules","var.computed_egress_with_prefix_list_ids","count.index"]},"security_group_id":{"references":["local.this_sg_id"]},"source_security_group_id":{"references":["var.computed_egress_with_prefix_list_ids","count.index"]},"to_port":{"references":["var.computed_egress_with_prefix_list_ids","count.index","var.rules","var.computed_egress_with_prefix_list_ids","count.index"]},"type":{"constant_value":"egress"}},"schema_version":2,"count_expression":{"references":["var.create","var.number_of_computed_egress_with_prefix_list_ids"]}},{"address":"aws_security_group_rule.computed_egress_with_self","mode":"managed","type":"aws_security_group_rule","name":"computed_egress_with_self","provider_config_key":"aws","expressions":{"description":{"references":["var.computed_egress_with_self","count.index"]},"from_port":{"references":["var.computed_egress_with_self","count.index","var.rules","var.computed_egress_with_self","count.index"]},"prefix_list_ids":{"references":["var.egress_prefix_list_ids"]},"protocol":{"references":["var.computed_egress_with_self","count.index","var.rules","var.computed_egress_with_self","count.index"]},"security_group_id":{"references":["local.this_sg_id"]},"self":{"references":["var.computed_egress_with_self","count.index"]},"to_port":{"references":["var.computed_egress_with_self","count.index","var.rules","var.computed_egress_with_self","count.index"]},"type":{"constant_value":"egress"}},"schema_version":2,"count_expression":{"references":["local.create","var.number_of_computed_egress_with_self"]}},{"address":"aws_security_group_rule.computed_egress_with_source_security_group_id","mode":"managed","type":"aws_security_group_rule","name":"computed_egress_with_source_security_group_id","provider_config_key":"aws","expressions":{"description":{"references":["var.computed_egress_with_source_security_group_id","count.index"]},"from_port":{"references":["var.computed_egress_with_source_security_group_id","count.index","var.rules","var.computed_egress_with_source_security_group_id","count.index"]},"prefix_list_ids":{"references":["var.egress_prefix_list_ids"]},"protocol":{"references":["var.computed_egress_with_source_security_group_id","count.index","var.rules","var.computed_egress_with_source_security_group_id","count.index"]},"security_group_id":{"references":["local.this_sg_id"]},"source_security_group_id":{"references":["var.computed_egress_with_source_security_group_id","count.index"]},"to_port":{"references":["var.computed_egress_with_source_security_group_id","count.index","var.rules","var.computed_egress_with_source_security_group_id","count.index"]},"type":{"constant_value":"egress"}},"schema_version":2,"count_expression":{"references":["local.create","var.number_of_computed_egress_with_source_security_group_id"]}},{"address":"aws_security_group_rule.computed_ingress_rules","mode":"managed","type":"aws_security_group_rule","name":"computed_ingress_rules","provider_config_key":"aws","expressions":{"cidr_blocks":{"references":["var.ingress_cidr_blocks"]},"description":{"references":["var.rules","var.computed_ingress_rules","count.index"]},"from_port":{"references":["var.rules","var.computed_ingress_rules","count.index"]},"ipv6_cidr_blocks":{"references":["var.ingress_ipv6_cidr_blocks"]},"prefix_list_ids":{"references":["var.ingress_prefix_list_ids"]},"protocol":{"references":["var.rules","var.computed_ingress_rules","count.index"]},"security_group_id":{"references":["local.this_sg_id"]},"to_port":{"references":["var.rules","var.computed_ingress_rules","count.index"]},"type":{"constant_value":"ingress"}},"schema_version":2,"count_expression":{"references":["local.create","var.number_of_computed_ingress_rules"]}},{"address":"aws_security_group_rule.computed_ingress_with_cidr_blocks","mode":"managed","type":"aws_security_group_rule","name":"computed_ingress_with_cidr_blocks","provider_config_key":"aws","expressions":{"cidr_blocks":{"references":["var.computed_ingress_with_cidr_blocks","count.index","var.ingress_cidr_blocks"]},"description":{"references":["var.computed_ingress_with_cidr_blocks","count.index"]},"from_port":{"references":["var.computed_ingress_with_cidr_blocks","count.index","var.rules","var.computed_ingress_with_cidr_blocks","count.index"]},"protocol":{"references":["var.computed_ingress_with_cidr_blocks","count.index","var.rules","var.computed_ingress_with_cidr_blocks","count.index"]},"security_group_id":{"references":["local.this_sg_id"]},"to_port":{"references":["var.computed_ingress_with_cidr_blocks","count.index","var.rules","var.computed_ingress_with_cidr_blocks","count.index"]},"type":{"constant_value":"ingress"}},"schema_version":2,"count_expression":{"references":["local.create","var.number_of_computed_ingress_with_cidr_blocks"]}},{"address":"aws_security_group_rule.computed_ingress_with_ipv6_cidr_blocks","mode":"managed","type":"aws_security_group_rule","name":"computed_ingress_with_ipv6_cidr_blocks","provider_config_key":"aws","expressions":{"description":{"references":["var.computed_ingress_with_ipv6_cidr_blocks","count.index"]},"from_port":{"references":["var.computed_ingress_with_ipv6_cidr_blocks","count.index","var.rules","var.computed_ingress_with_ipv6_cidr_blocks","count.index"]},"ipv6_cidr_blocks":{"references":["var.computed_ingress_with_ipv6_cidr_blocks","count.index","var.ingress_ipv6_cidr_blocks"]},"prefix_list_ids":{"references":["var.ingress_prefix_list_ids"]},"protocol":{"references":["var.computed_ingress_with_ipv6_cidr_blocks","count.index","var.rules","var.computed_ingress_with_ipv6_cidr_blocks","count.index"]},"security_group_id":{"references":["local.this_sg_id"]},"to_port":{"references":["var.computed_ingress_with_ipv6_cidr_blocks","count.index","var.rules","var.computed_ingress_with_ipv6_cidr_blocks","count.index"]},"type":{"constant_value":"ingress"}},"schema_version":2,"count_expression":{"references":["local.create","var.number_of_computed_ingress_with_ipv6_cidr_blocks"]}},{"address":"aws_security_group_rule.computed_ingress_with_prefix_list_ids","mode":"managed","type":"aws_security_group_rule","name":"computed_ingress_with_prefix_list_ids","provider_config_key":"aws","expressions":{"description":{"references":["var.ingress_with_prefix_list_ids","count.index"]},"from_port":{"references":["var.ingress_with_prefix_list_ids","count.index","var.rules","var.ingress_with_prefix_list_ids","count.index"]},"prefix_list_ids":{"references":["var.ingress_with_prefix_list_ids","count.index","var.ingress_prefix_list_ids"]},"protocol":{"references":["var.ingress_with_prefix_list_ids","count.index","var.rules","var.ingress_with_prefix_list_ids","count.index"]},"security_group_id":{"references":["local.this_sg_id"]},"to_port":{"references":["var.ingress_with_prefix_list_ids","count.index","var.rules","var.ingress_with_prefix_list_ids","count.index"]},"type":{"constant_value":"ingress"}},"schema_version":2,"count_expression":{"references":["var.create","var.number_of_computed_ingress_with_prefix_list_ids"]}},{"address":"aws_security_group_rule.computed_ingress_with_self","mode":"managed","type":"aws_security_group_rule","name":"computed_ingress_with_self","provider_config_key":"aws","expressions":{"description":{"references":["var.computed_ingress_with_self","count.index"]},"from_port":{"references":["var.computed_ingress_with_self","count.index","var.rules","var.computed_ingress_with_self","count.index"]},"prefix_list_ids":{"references":["var.ingress_prefix_list_ids"]},"protocol":{"references":["var.computed_ingress_with_self","count.index","var.rules","var.computed_ingress_with_self","count.index"]},"security_group_id":{"references":["local.this_sg_id"]},"self":{"references":["var.computed_ingress_with_self","count.index"]},"to_port":{"references":["var.computed_ingress_with_self","count.index","var.rules","var.computed_ingress_with_self","count.index"]},"type":{"constant_value":"ingress"}},"schema_version":2,"count_expression":{"references":["local.create","var.number_of_computed_ingress_with_self"]}},{"address":"aws_security_group_rule.computed_ingress_with_source_security_group_id","mode":"managed","type":"aws_security_group_rule","name":"computed_ingress_with_source_security_group_id","provider_config_key":"aws","expressions":{"description":{"references":["var.computed_ingress_with_source_security_group_id","count.index"]},"from_port":{"references":["var.computed_ingress_with_source_security_group_id","count.index","var.rules","var.computed_ingress_with_source_security_group_id","count.index"]},"prefix_list_ids":{"references":["var.ingress_prefix_list_ids"]},"protocol":{"references":["var.computed_ingress_with_source_security_group_id","count.index","var.rules","var.computed_ingress_with_source_security_group_id","count.index"]},"security_group_id":{"references":["local.this_sg_id"]},"source_security_group_id":{"references":["var.computed_ingress_with_source_security_group_id","count.index"]},"to_port":{"references":["var.computed_ingress_with_source_security_group_id","count.index","var.rules","var.computed_ingress_with_source_security_group_id","count.index"]},"type":{"constant_value":"ingress"}},"schema_version":2,"count_expression":{"references":["local.create","var.number_of_computed_ingress_with_source_security_group_id"]}},{"address":"aws_security_group_rule.egress_rules","mode":"managed","type":"aws_security_group_rule","name":"egress_rules","provider_config_key":"aws","expressions":{"cidr_blocks":{"references":["var.egress_cidr_blocks"]},"description":{"references":["var.rules","var.egress_rules","count.index"]},"from_port":{"references":["var.rules","var.egress_rules","count.index"]},"ipv6_cidr_blocks":{"references":["var.egress_ipv6_cidr_blocks"]},"prefix_list_ids":{"references":["var.egress_prefix_list_ids"]},"protocol":{"references":["var.rules","var.egress_rules","count.index"]},"security_group_id":{"references":["local.this_sg_id"]},"to_port":{"references":["var.rules","var.egress_rules","count.index"]},"type":{"constant_value":"egress"}},"schema_version":2,"count_expression":{"references":["local.create","var.egress_rules"]}},{"address":"aws_security_group_rule.egress_with_cidr_blocks","mode":"managed","type":"aws_security_group_rule","name":"egress_with_cidr_blocks","provider_config_key":"aws","expressions":{"cidr_blocks":{"references":["var.egress_with_cidr_blocks","count.index","var.egress_cidr_blocks"]},"description":{"references":["var.egress_with_cidr_blocks","count.index"]},"from_port":{"references":["var.egress_with_cidr_blocks","count.index","var.rules","var.egress_with_cidr_blocks","count.index"]},"protocol":{"references":["var.egress_with_cidr_blocks","count.index","var.rules","var.egress_with_cidr_blocks","count.index"]},"security_group_id":{"references":["local.this_sg_id"]},"to_port":{"references":["var.egress_with_cidr_blocks","count.index","var.rules","var.egress_with_cidr_blocks","count.index"]},"type":{"constant_value":"egress"}},"schema_version":2,"count_expression":{"references":["local.create","var.egress_with_cidr_blocks"]}},{"address":"aws_security_group_rule.egress_with_ipv6_cidr_blocks","mode":"managed","type":"aws_security_group_rule","name":"egress_with_ipv6_cidr_blocks","provider_config_key":"aws","expressions":{"description":{"references":["var.egress_with_ipv6_cidr_blocks","count.index"]},"from_port":{"references":["var.egress_with_ipv6_cidr_blocks","count.index","var.rules","var.egress_with_ipv6_cidr_blocks","count.index"]},"ipv6_cidr_blocks":{"references":["var.egress_with_ipv6_cidr_blocks","count.index","var.egress_ipv6_cidr_blocks"]},"prefix_list_ids":{"references":["var.egress_prefix_list_ids"]},"protocol":{"references":["var.egress_with_ipv6_cidr_blocks","count.index","var.rules","var.egress_with_ipv6_cidr_blocks","count.index"]},"security_group_id":{"references":["local.this_sg_id"]},"to_port":{"references":["var.egress_with_ipv6_cidr_blocks","count.index","var.rules","var.egress_with_ipv6_cidr_blocks","count.index"]},"type":{"constant_value":"egress"}},"schema_version":2,"count_expression":{"references":["local.create","var.egress_with_ipv6_cidr_blocks"]}},{"address":"aws_security_group_rule.egress_with_prefix_list_ids","mode":"managed","type":"aws_security_group_rule","name":"egress_with_prefix_list_ids","provider_config_key":"aws","expressions":{"description":{"references":["var.egress_with_prefix_list_ids","count.index"]},"from_port":{"references":["var.egress_with_prefix_list_ids","count.index","var.rules","var.egress_with_prefix_list_ids","count.index"]},"prefix_list_ids":{"references":["var.egress_with_prefix_list_ids","count.index","var.egress_prefix_list_ids"]},"protocol":{"references":["var.egress_with_prefix_list_ids","count.index","var.rules","var.egress_with_prefix_list_ids","count.index"]},"security_group_id":{"references":["local.this_sg_id"]},"to_port":{"references":["var.egress_with_prefix_list_ids","count.index","var.rules","var.egress_with_prefix_list_ids","count.index"]},"type":{"constant_value":"egress"}},"schema_version":2,"count_expression":{"references":["var.create","var.egress_with_prefix_list_ids"]}},{"address":"aws_security_group_rule.egress_with_self","mode":"managed","type":"aws_security_group_rule","name":"egress_with_self","provider_config_key":"aws","expressions":{"description":{"references":["var.egress_with_self","count.index"]},"from_port":{"references":["var.egress_with_self","count.index","var.rules","var.egress_with_self","count.index"]},"prefix_list_ids":{"references":["var.egress_prefix_list_ids"]},"protocol":{"references":["var.egress_with_self","count.index","var.rules","var.egress_with_self","count.index"]},"security_group_id":{"references":["local.this_sg_id"]},"self":{"references":["var.egress_with_self","count.index"]},"to_port":{"references":["var.egress_with_self","count.index","var.rules","var.egress_with_self","count.index"]},"type":{"constant_value":"egress"}},"schema_version":2,"count_expression":{"references":["local.create","var.egress_with_self"]}},{"address":"aws_security_group_rule.egress_with_source_security_group_id","mode":"managed","type":"aws_security_group_rule","name":"egress_with_source_security_group_id","provider_config_key":"aws","expressions":{"description":{"references":["var.egress_with_source_security_group_id","count.index"]},"from_port":{"references":["var.egress_with_source_security_group_id","count.index","var.rules","var.egress_with_source_security_group_id","count.index"]},"prefix_list_ids":{"references":["var.egress_prefix_list_ids"]},"protocol":{"references":["var.egress_with_source_security_group_id","count.index","var.rules","var.egress_with_source_security_group_id","count.index"]},"security_group_id":{"references":["local.this_sg_id"]},"source_security_group_id":{"references":["var.egress_with_source_security_group_id","count.index"]},"to_port":{"references":["var.egress_with_source_security_group_id","count.index","var.rules","var.egress_with_source_security_group_id","count.index"]},"type":{"constant_value":"egress"}},"schema_version":2,"count_expression":{"references":["local.create","var.egress_with_source_security_group_id"]}},{"address":"aws_security_group_rule.ingress_rules","mode":"managed","type":"aws_security_group_rule","name":"ingress_rules","provider_config_key":"aws","expressions":{"cidr_blocks":{"references":["var.ingress_cidr_blocks"]},"description":{"references":["var.rules","var.ingress_rules","count.index"]},"from_port":{"references":["var.rules","var.ingress_rules","count.index"]},"ipv6_cidr_blocks":{"references":["var.ingress_ipv6_cidr_blocks"]},"prefix_list_ids":{"references":["var.ingress_prefix_list_ids"]},"protocol":{"references":["var.rules","var.ingress_rules","count.index"]},"security_group_id":{"references":["local.this_sg_id"]},"to_port":{"references":["var.rules","var.ingress_rules","count.index"]},"type":{"constant_value":"ingress"}},"schema_version":2,"count_expression":{"references":["local.create","var.ingress_rules"]}},{"address":"aws_security_group_rule.ingress_with_cidr_blocks","mode":"managed","type":"aws_security_group_rule","name":"ingress_with_cidr_blocks","provider_config_key":"aws","expressions":{"cidr_blocks":{"references":["var.ingress_with_cidr_blocks","count.index","var.ingress_cidr_blocks"]},"description":{"references":["var.ingress_with_cidr_blocks","count.index"]},"from_port":{"references":["var.ingress_with_cidr_blocks","count.index","var.rules","var.ingress_with_cidr_blocks","count.index"]},"protocol":{"references":["var.ingress_with_cidr_blocks","count.index","var.rules","var.ingress_with_cidr_blocks","count.index"]},"security_group_id":{"references":["local.this_sg_id"]},"to_port":{"references":["var.ingress_with_cidr_blocks","count.index","var.rules","var.ingress_with_cidr_blocks","count.index"]},"type":{"constant_value":"ingress"}},"schema_version":2,"count_expression":{"references":["local.create","var.ingress_with_cidr_blocks"]}},{"address":"aws_security_group_rule.ingress_with_ipv6_cidr_blocks","mode":"managed","type":"aws_security_group_rule","name":"ingress_with_ipv6_cidr_blocks","provider_config_key":"aws","expressions":{"description":{"references":["var.ingress_with_ipv6_cidr_blocks","count.index"]},"from_port":{"references":["var.ingress_with_ipv6_cidr_blocks","count.index","var.rules","var.ingress_with_ipv6_cidr_blocks","count.index"]},"ipv6_cidr_blocks":{"references":["var.ingress_with_ipv6_cidr_blocks","count.index","var.ingress_ipv6_cidr_blocks"]},"prefix_list_ids":{"references":["var.ingress_prefix_list_ids"]},"protocol":{"references":["var.ingress_with_ipv6_cidr_blocks","count.index","var.rules","var.ingress_with_ipv6_cidr_blocks","count.index"]},"security_group_id":{"references":["local.this_sg_id"]},"to_port":{"references":["var.ingress_with_ipv6_cidr_blocks","count.index","var.rules","var.ingress_with_ipv6_cidr_blocks","count.index"]},"type":{"constant_value":"ingress"}},"schema_version":2,"count_expression":{"references":["local.create","var.ingress_with_ipv6_cidr_blocks"]}},{"address":"aws_security_group_rule.ingress_with_prefix_list_ids","mode":"managed","type":"aws_security_group_rule","name":"ingress_with_prefix_list_ids","provider_config_key":"aws","expressions":{"description":{"references":["var.ingress_with_prefix_list_ids","count.index"]},"from_port":{"references":["var.ingress_with_prefix_list_ids","count.index","var.rules","var.ingress_with_prefix_list_ids","count.index"]},"prefix_list_ids":{"references":["var.ingress_with_prefix_list_ids","count.index","var.ingress_prefix_list_ids"]},"protocol":{"references":["var.ingress_with_prefix_list_ids","count.index","var.rules","var.ingress_with_prefix_list_ids","count.index"]},"security_group_id":{"references":["local.this_sg_id"]},"to_port":{"references":["var.ingress_with_prefix_list_ids","count.index","var.rules","var.ingress_with_prefix_list_ids","count.index"]},"type":{"constant_value":"ingress"}},"schema_version":2,"count_expression":{"references":["var.create","var.ingress_with_prefix_list_ids"]}},{"address":"aws_security_group_rule.ingress_with_self","mode":"managed","type":"aws_security_group_rule","name":"ingress_with_self","provider_config_key":"aws","expressions":{"description":{"references":["var.ingress_with_self","count.index"]},"from_port":{"references":["var.ingress_with_self","count.index","var.rules","var.ingress_with_self","count.index"]},"prefix_list_ids":{"references":["var.ingress_prefix_list_ids"]},"protocol":{"references":["var.ingress_with_self","count.index","var.rules","var.ingress_with_self","count.index"]},"security_group_id":{"references":["local.this_sg_id"]},"self":{"references":["var.ingress_with_self","count.index"]},"to_port":{"references":["var.ingress_with_self","count.index","var.rules","var.ingress_with_self","count.index"]},"type":{"constant_value":"ingress"}},"schema_version":2,"count_expression":{"references":["local.create","var.ingress_with_self"]}},{"address":"aws_security_group_rule.ingress_with_source_security_group_id","mode":"managed","type":"aws_security_group_rule","name":"ingress_with_source_security_group_id","provider_config_key":"aws","expressions":{"description":{"references":["var.ingress_with_source_security_group_id","count.index"]},"from_port":{"references":["var.ingress_with_source_security_group_id","count.index","var.rules","var.ingress_with_source_security_group_id","count.index"]},"prefix_list_ids":{"references":["var.ingress_prefix_list_ids"]},"protocol":{"references":["var.ingress_with_source_security_group_id","count.index","var.rules","var.ingress_with_source_security_group_id","count.index"]},"security_group_id":{"references":["local.this_sg_id"]},"source_security_group_id":{"references":["var.ingress_with_source_security_group_id","count.index"]},"to_port":{"references":["var.ingress_with_source_security_group_id","count.index","var.rules","var.ingress_with_source_security_group_id","count.index"]},"type":{"constant_value":"ingress"}},"schema_version":2,"count_expression":{"references":["local.create","var.ingress_with_source_security_group_id"]}}],"variables":{"auto_groups":{"default":{"activemq":{"egress_rules":["all-all"],"ingress_rules":["activemq-5671-tcp","activemq-8883-tcp","activemq-61614-tcp","activemq-61617-tcp","activemq-61619-tcp"],"ingress_with_self":["all-all"]},"alertmanager":{"egress_rules":["all-all"],"ingress_rules":["alertmanager-9093-tcp","alertmanager-9094-tcp"],"ingress_with_self":["all-all"]},"carbon-relay-ng":{"egress_rules":["all-all"],"ingress_rules":["carbon-line-in-tcp","carbon-line-in-udp","carbon-pickle-tcp","carbon-pickle-udp","carbon-gui-udp"],"ingress_with_self":["all-all"]},"cassandra":{"egress_rules":["all-all"],"ingress_rules":["cassandra-clients-tcp","cassandra-thrift-clients-tcp","cassandra-jmx-tcp"],"ingress_with_self":["all-all"]},"consul":{"egress_rules":["all-all"],"ingress_rules":["consul-tcp","consul-grpc-tcp","consul-grpc-tcp-tls","consul-webui-http-tcp","consul-webui-https-tcp","consul-dns-tcp","consul-dns-udp","consul-serf-lan-tcp","consul-serf-lan-udp","consul-serf-wan-tcp","consul-serf-wan-udp"],"ingress_with_self":["all-all"]},"dax-cluster":{"egress_rules":["all-all"],"ingress_rules":["dax-cluster-unencrypted-tcp","dax-cluster-encrypted-tcp"],"ingress_with_self":["all-all"]},"docker-swarm":{"egress_rules":["all-all"],"ingress_rules":["docker-swarm-mngmt-tcp","docker-swarm-node-tcp","docker-swarm-node-udp","docker-swarm-overlay-udp"],"ingress_with_self":["all-all"]},"elasticsearch":{"egress_rules":["all-all"],"ingress_rules":["elasticsearch-rest-tcp","elasticsearch-java-tcp"],"ingress_with_self":["all-all"]},"etcd":{"egress_rules":["all-all"],"ingress_rules":["etcd-client-tcp","etcd-peer-tcp"],"ingress_with_self":["all-all"]},"grafana":{"egress_rules":["all-all"],"ingress_rules":["grafana-tcp"],"ingress_with_self":["all-all"]},"graphite-statsd":{"egress_rules":["all-all"],"ingress_rules":["graphite-webui","graphite-2003-tcp","graphite-2004-tcp","graphite-2023-tcp","graphite-2024-tcp","graphite-8080-tcp","graphite-8125-tcp","graphite-8125-udp","graphite-8126-tcp"],"ingress_with_self":["all-all"]},"http-80":{"egress_rules":["all-all"],"ingress_rules":["http-80-tcp"],"ingress_with_self":["all-all"]},"http-8080":{"egress_rules":["all-all"],"ingress_rules":["http-8080-tcp"],"ingress_with_self":["all-all"]},"https-443":{"egress_rules":["all-all"],"ingress_rules":["https-443-tcp"],"ingress_with_self":["all-all"]},"https-8443":{"egress_rules":["all-all"],"ingress_rules":["https-8443-tcp"],"ingress_with_self":["all-all"]},"ipsec-4500":{"egress_rules":["all-all"],"ingress_rules":["ipsec-4500-udp"],"ingress_with_self":["all-all"]},"ipsec-500":{"egress_rules":["all-all"],"ingress_rules":["ipsec-500-udp"],"ingress_with_self":["all-all"]},"kafka":{"egress_rules":["all-all"],"ingress_rules":["kafka-broker-tcp","kafka-broker-tls-tcp","kafka-broker-tls-public-tcp","kafka-broker-sasl-scram-tcp","kafka-broker-sasl-scram-tcp","kafka-broker-sasl-iam-tcp","kafka-broker-sasl-iam-public-tcp","kafka-jmx-exporter-tcp","kafka-node-exporter-tcp"],"ingress_with_self":["all-all"]},"kibana":{"egress_rules":["all-all"],"ingress_rules":["kibana-tcp"],"ingress_with_self":["all-all"]},"kubernetes-api":{"egress_rules":["all-all"],"ingress_rules":["kubernetes-api-tcp"],"ingress_with_self":["all-all"]},"ldap":{"egress_rules":["all-all"],"ingress_rules":["ldap-tcp"],"ingress_with_self":["all-all"]},"ldaps":{"egress_rules":["all-all"],"ingress_rules":["ldaps-tcp"],"ingress_with_self":["all-all"]},"logstash":{"egress_rules":["all-all"],"ingress_rules":["logstash-tcp"],"ingress_with_self":["all-all"]},"loki":{"egress_rules":["all-all"],"ingress_rules":["loki-grafana","loki-grafana-grpc"],"ingress_with_self":["all-all"]},"memcached":{"egress_rules":["all-all"],"ingress_rules":["memcached-tcp"],"ingress_with_self":["all-all"]},"minio":{"egress_rules":["all-all"],"ingress_rules":["minio-tcp"],"ingress_with_self":["all-all"]},"mongodb":{"egress_rules":["all-all"],"ingress_rules":["mongodb-27017-tcp","mongodb-27018-tcp","mongodb-27019-tcp"],"ingress_with_self":["all-all"]},"mssql":{"egress_rules":["all-all"],"ingress_rules":["mssql-tcp","mssql-udp","mssql-analytics-tcp","mssql-broker-tcp"],"ingress_with_self":["all-all"]},"mysql":{"egress_rules":["all-all"],"ingress_rules":["mysql-tcp"],"ingress_with_self":["all-all"]},"nfs":{"egress_rules":["all-all"],"ingress_rules":["nfs-tcp"],"ingress_with_self":["all-all"]},"nomad":{"egress_rules":["all-all"],"ingress_rules":["nomad-http-tcp","nomad-rpc-tcp","nomad-serf-tcp","nomad-serf-udp"],"ingress_with_self":["all-all"]},"ntp":{"egress_rules":["all-all"],"ingress_rules":["ntp-udp"],"ingress_with_self":["all-all"]},"openvpn":{"egress_rules":["all-all"],"ingress_rules":["openvpn-udp","openvpn-tcp","openvpn-https-tcp"],"ingress_with_self":["all-all"]},"oracle-db":{"egress_rules":["all-all"],"ingress_rules":["oracle-db-tcp"],"ingress_with_self":["all-all"]},"postgresql":{"egress_rules":["all-all"],"ingress_rules":["postgresql-tcp"],"ingress_with_self":["all-all"]},"prometheus":{"egress_rules":["all-all"],"ingress_rules":["prometheus-http-tcp","prometheus-pushgateway-http-tcp","prometheus-node-exporter-http-tcp"],"ingress_with_self":["all-all"]},"promtail":{"egress_rules":["all-all"],"ingress_rules":["promtail-http"],"ingress_with_self":["all-all"]},"puppet":{"egress_rules":["all-all"],"ingress_rules":["puppet-tcp","puppetdb-tcp"],"ingress_with_self":["all-all"]},"rabbitmq":{"egress_rules":["all-all"],"ingress_rules":["rabbitmq-4369-tcp","rabbitmq-5671-tcp","rabbitmq-5672-tcp","rabbitmq-15672-tcp","rabbitmq-25672-tcp"],"ingress_with_self":["all-all"]},"rdp":{"egress_rules":["all-all"],"ingress_rules":["rdp-tcp","rdp-udp"],"ingress_with_self":["all-all"]},"redis":{"egress_rules":["all-all"],"ingress_rules":["redis-tcp"],"ingress_with_self":["all-all"]},"redshift":{"egress_rules":["all-all"],"ingress_rules":["redshift-tcp"],"ingress_with_self":["all-all"]},"smtp":{"egress_rules":["all-all"],"ingress_rules":["smtp-tcp"],"ingress_with_self":["all-all"]},"smtp-submission":{"egress_rules":["all-all"],"ingress_rules":["smtp-submission-587-tcp","smtp-submission-2587-tcp"],"ingress_with_self":["all-all"]},"smtps":{"egress_rules":["all-all"],"ingress_rules":["smtps-465-tcp","smtps-2465-tcp"],"ingress_with_self":["all-all"]},"solr":{"egress_rules":["all-all"],"ingress_rules":["solr-tcp"],"ingress_with_self":["all-all"]},"splunk":{"egress_rules":["all-all"],"ingress_rules":["splunk-indexer-tcp","splunk-web-tcp","splunk-splunkd-tcp","splunk-hec-tcp"],"ingress_with_self":["all-all"]},"squid":{"egress_rules":["all-all"],"ingress_rules":["squid-proxy-tcp"],"ingress_with_self":["all-all"]},"ssh":{"egress_rules":["all-all"],"ingress_rules":["ssh-tcp"],"ingress_with_self":["all-all"]},"storm":{"egress_rules":["all-all"],"ingress_rules":["storm-nimbus-tcp","storm-ui-tcp","storm-supervisor-tcp"],"ingress_with_self":["all-all"]},"vault":{"egress_rules":["all-all"],"ingress_rules":["vault-tcp"],"ingress_with_self":["all-all"]},"wazuh":{"egress_rules":["all-all"],"ingress_rules":["wazuh-server-agent-connection-tcp","wazuh-server-agent-connection-udp","wazuh-server-agent-enrollment","wazuh-server-agent-cluster-daemon","wazuh-server-syslog-collector-tcp","wazuh-server-syslog-collector-udp","wazuh-server-restful-api","wazuh-indexer-restful-api","wazuh-dashboard"],"ingress_with_self":["all-all"]},"web":{"egress_rules":["all-all"],"ingress_rules":["http-80-tcp","http-8080-tcp","https-443-tcp","web-jmx-tcp"],"ingress_with_self":["all-all"]},"winrm":{"egress_rules":["all-all"],"ingress_rules":["winrm-http-tcp","winrm-https-tcp"],"ingress_with_self":["all-all"]},"zabbix":{"egress_rules":["all-all"],"ingress_rules":["zabbix-server","zabbix-proxy","zabbix-agent"],"ingress_with_self":["all-all"]},"zipkin":{"egress_rules":["all-all"],"ingress_rules":["zipkin-admin-tcp","zipkin-admin-query-tcp","zipkin-admin-web-tcp","zipkin-query-tcp","zipkin-web-tcp"],"ingress_with_self":["all-all"]},"zookeeper":{"egress_rules":["all-all"],"ingress_rules":["zookeeper-2181-tcp","zookeeper-2182-tls-tcp","zookeeper-2888-tcp","zookeeper-3888-tcp","zookeeper-jmx-tcp"],"ingress_with_self":["all-all"]}},"description":"Map of groups of security group rules to use to generate modules (see update_groups.sh)"},"computed_egress_rules":{"default":[],"description":"List of computed egress rules to create by name"},"computed_egress_with_cidr_blocks":{"default":[],"description":"List of computed egress rules to create where 'cidr_blocks' is used"},"computed_egress_with_ipv6_cidr_blocks":{"default":[],"description":"List of computed egress rules to create where 'ipv6_cidr_blocks' is used"},"computed_egress_with_prefix_list_ids":{"default":[],"description":"List of computed egress rules to create where 'prefix_list_ids' is used only"},"computed_egress_with_self":{"default":[],"description":"List of computed egress rules to create where 'self' is defined"},"computed_egress_with_source_security_group_id":{"default":[],"description":"List of computed egress rules to create where 'source_security_group_id' is used"},"computed_ingress_rules":{"default":[],"description":"List of computed ingress rules to create by name"},"computed_ingress_with_cidr_blocks":{"default":[],"description":"List of computed ingress rules to create where 'cidr_blocks' is used"},"computed_ingress_with_ipv6_cidr_blocks":{"default":[],"description":"List of computed ingress rules to create where 'ipv6_cidr_blocks' is used"},"computed_ingress_with_prefix_list_ids":{"default":[],"description":"List of computed ingress rules to create where 'prefix_list_ids' is used"},"computed_ingress_with_self":{"default":[],"description":"List of computed ingress rules to create where 'self' is defined"},"computed_ingress_with_source_security_group_id":{"default":[],"description":"List of computed ingress rules to create where 'source_security_group_id' is used"},"create":{"default":true,"description":"Whether to create security group and all rules"},"create_sg":{"default":true,"description":"Whether to create security group"},"create_timeout":{"default":"10m","description":"Time to wait for a security group to be created"},"delete_timeout":{"default":"15m","description":"Time to wait for a security group to be deleted"},"description":{"default":"Security Group managed by Terraform","description":"Description of security group"},"egress_cidr_blocks":{"default":["0.0.0.0/0"],"description":"List of IPv4 CIDR ranges to use on all egress rules"},"egress_ipv6_cidr_blocks":{"default":["::/0"],"description":"List of IPv6 CIDR ranges to use on all egress rules"},"egress_prefix_list_ids":{"default":[],"description":"List of prefix list IDs (for allowing access to VPC endpoints) to use on all egress rules"},"egress_rules":{"default":[],"description":"List of egress rules to create by name"},"egress_with_cidr_blocks":{"default":[],"description":"List of egress rules to create where 'cidr_blocks' is used"},"egress_with_ipv6_cidr_blocks":{"default":[],"description":"List of egress rules to create where 'ipv6_cidr_blocks' is used"},"egress_with_prefix_list_ids":{"default":[],"description":"List of egress rules to create where 'prefix_list_ids' is used only"},"egress_with_self":{"default":[],"description":"List of egress rules to create where 'self' is defined"},"egress_with_source_security_group_id":{"default":[],"description":"List of egress rules to create where 'source_security_group_id' is used"},"ingress_cidr_blocks":{"default":[],"description":"List of IPv4 CIDR ranges to use on all ingress rules"},"ingress_ipv6_cidr_blocks":{"default":[],"description":"List of IPv6 CIDR ranges to use on all ingress rules"},"ingress_prefix_list_ids":{"default":[],"description":"List of prefix list IDs (for allowing access to VPC endpoints) to use on all ingress rules"},"ingress_rules":{"default":[],"description":"List of ingress rules to create by name"},"ingress_with_cidr_blocks":{"default":[],"description":"List of ingress rules to create where 'cidr_blocks' is used"},"ingress_with_ipv6_cidr_blocks":{"default":[],"description":"List of ingress rules to create where 'ipv6_cidr_blocks' is used"},"ingress_with_prefix_list_ids":{"default":[],"description":"List of ingress rules to create where 'prefix_list_ids' is used only"},"ingress_with_self":{"default":[],"description":"List of ingress rules to create where 'self' is defined"},"ingress_with_source_security_group_id":{"default":[],"description":"List of ingress rules to create where 'source_security_group_id' is used"},"name":{"default":null,"description":"Name of security group - not required if create_sg is false"},"number_of_computed_egress_rules":{"default":0,"description":"Number of computed egress rules to create by name"},"number_of_computed_egress_with_cidr_blocks":{"default":0,"description":"Number of computed egress rules to create where 'cidr_blocks' is used"},"number_of_computed_egress_with_ipv6_cidr_blocks":{"default":0,"description":"Number of computed egress rules to create where 'ipv6_cidr_blocks' is used"},"number_of_computed_egress_with_prefix_list_ids":{"default":0,"description":"Number of computed egress rules to create where 'prefix_list_ids' is used only"},"number_of_computed_egress_with_self":{"default":0,"description":"Number of computed egress rules to create where 'self' is defined"},"number_of_computed_egress_with_source_security_group_id":{"default":0,"description":"Number of computed egress rules to create where 'source_security_group_id' is used"},"number_of_computed_ingress_rules":{"default":0,"description":"Number of computed ingress rules to create by name"},"number_of_computed_ingress_with_cidr_blocks":{"default":0,"description":"Number of computed ingress rules to create where 'cidr_blocks' is used"},"number_of_computed_ingress_with_ipv6_cidr_blocks":{"default":0,"description":"Number of computed ingress rules to create where 'ipv6_cidr_blocks' is used"},"number_of_computed_ingress_with_prefix_list_ids":{"default":0,"description":"Number of computed ingress rules to create where 'prefix_list_ids' is used"},"number_of_computed_ingress_with_self":{"default":0,"description":"Number of computed ingress rules to create where 'self' is defined"},"number_of_computed_ingress_with_source_security_group_id":{"default":0,"description":"Number of computed ingress rules to create where 'source_security_group_id' is used"},"putin_khuylo":{"default":true,"description":"Do you agree that Putin doesn't respect Ukrainian sovereignty and territorial integrity? More info: https://en.wikipedia.org/wiki/Putin_khuylo!"},"revoke_rules_on_delete":{"default":false,"description":"Instruct Terraform to revoke all of the Security Groups attached ingress and egress rules before deleting the rule itself. Enable for EMR."},"rules":{"default":{"_":["","",""],"activemq-5671-tcp":["5671","5671","tcp","ActiveMQ AMQP"],"activemq-61614-tcp":["61614","61614","tcp","ActiveMQ STOMP"],"activemq-61617-tcp":["61617","61617","tcp","ActiveMQ OpenWire"],"activemq-61619-tcp":["61619","61619","tcp","ActiveMQ WebSocket"],"activemq-8883-tcp":["8883","8883","tcp","ActiveMQ MQTT"],"alertmanager-9093-tcp":["9093","9093","tcp","Alert Manager"],"alertmanager-9094-tcp":["9094","9094","tcp","Alert Manager Cluster"],"all-all":["-1","-1","-1","All protocols"],"all-icmp":["-1","-1","icmp","All IPV4 ICMP"],"all-ipv6-icmp":["-1","-1","58","All IPV6 ICMP"],"all-tcp":["0","65535","tcp","All TCP ports"],"all-udp":["0","65535","udp","All UDP ports"],"carbon-admin-tcp":["2004","2004","tcp","Carbon admin"],"carbon-gui-udp":["8081","8081","tcp","Carbon GUI"],"carbon-line-in-tcp":["2003","2003","tcp","Carbon line-in"],"carbon-line-in-udp":["2003","2003","udp","Carbon line-in"],"carbon-pickle-tcp":["2013","2013","tcp","Carbon pickle"],"carbon-pickle-udp":["2013","2013","udp","Carbon pickle"],"cassandra-clients-tcp":["9042","9042","tcp","Cassandra clients"],"cassandra-jmx-tcp":["7199","7199","tcp","JMX"],"cassandra-thrift-clients-tcp":["9160","9160","tcp","Cassandra Thrift clients"],"consul-dns-tcp":["8600","8600","tcp","Consul DNS"],"consul-dns-udp":["8600","8600","udp","Consul DNS"],"consul-grpc-tcp":["8502","8502","tcp","Consul gRPC"],"consul-grpc-tcp-tls":["8503","8503","tcp","Consul gRPC TLS"],"consul-serf-lan-tcp":["8301","8301","tcp","Serf LAN"],"consul-serf-lan-udp":["8301","8301","udp","Serf LAN"],"consul-serf-wan-tcp":["8302","8302","tcp","Serf WAN"],"consul-serf-wan-udp":["8302","8302","udp","Serf WAN"],"consul-tcp":["8300","8300","tcp","Consul server"],"consul-webui-http-tcp":["8500","8500","tcp","Consul web UI HTTP"],"consul-webui-https-tcp":["8501","8501","tcp","Consul web UI HTTPS"],"dax-cluster-encrypted-tcp":["9111","9111","tcp","DAX Cluster encrypted"],"dax-cluster-unencrypted-tcp":["8111","8111","tcp","DAX Cluster unencrypted"],"dns-tcp":["53","53","tcp","DNS"],"dns-udp":["53","53","udp","DNS"],"docker-swarm-mngmt-tcp":["2377","2377","tcp","Docker Swarm cluster management"],"docker-swarm-node-tcp":["7946","7946","tcp","Docker Swarm node"],"docker-swarm-node-udp":["7946","7946","udp","Docker Swarm node"],"docker-swarm-overlay-udp":["4789","4789","udp","Docker Swarm Overlay Network Traffic"],"elasticsearch-java-tcp":["9300","9300","tcp","Elasticsearch Java interface"],"elasticsearch-rest-tcp":["9200","9200","tcp","Elasticsearch REST interface"],"etcd-client-tcp":["2379","2379","tcp","Etcd Client"],"etcd-peer-tcp":["2380","2380","tcp","Etcd Peer"],"grafana-tcp":["3000","3000","tcp","Grafana Dashboard"],"graphite-2003-tcp":["2003","2003","tcp","Carbon receiver plain text"],"graphite-2004-tcp":["2004","2004","tcp","Carbon receiver pickle"],"graphite-2023-tcp":["2023","2023","tcp","Carbon aggregator plaintext"],"graphite-2024-tcp":["2024","2024","tcp","Carbon aggregator pickle"],"graphite-8080-tcp":["8080","8080","tcp","Graphite gunicorn port"],"graphite-8125-tcp":["8125","8125","tcp","Statsd TCP"],"graphite-8125-udp":["8125","8125","udp","Statsd UDP default"],"graphite-8126-tcp":["8126","8126","tcp","Statsd admin"],"graphite-webui":["80","80","tcp","Graphite admin interface"],"http-80-tcp":["80","80","tcp","HTTP"],"http-8080-tcp":["8080","8080","tcp","HTTP"],"https-443-tcp":["443","443","tcp","HTTPS"],"https-8443-tcp":["8443","8443","tcp","HTTPS"],"ipsec-4500-udp":["4500","4500","udp","IPSEC NAT-T"],"ipsec-500-udp":["500","500","udp","IPSEC ISAKMP"],"kafka-broker-sasl-iam-public-tcp":["9198","9198","tcp","Kafka SASL/IAM Public access control enabled (MSK specific)"],"kafka-broker-sasl-iam-tcp":["9098","9098","tcp","Kafka SASL/IAM access control enabled (MSK specific)"],"kafka-broker-sasl-scram-public-tcp":["9196","9196","tcp","Kafka SASL/SCRAM Public enabled broker (MSK specific)"],"kafka-broker-sasl-scram-tcp":["9096","9096","tcp","Kafka SASL/SCRAM enabled broker (MSK specific)"],"kafka-broker-tcp":["9092","9092","tcp","Kafka PLAINTEXT enable broker 0.8.2+"],"kafka-broker-tls-public-tcp":["9194","9194","tcp","Kafka TLS Public enabled broker 0.8.2+ (MSK specific)"],"kafka-broker-tls-tcp":["9094","9094","tcp","Kafka TLS enabled broker 0.8.2+"],"kafka-jmx-exporter-tcp":["11001","11001","tcp","Kafka JMX Exporter"],"kafka-node-exporter-tcp":["11002","11002","tcp","Kafka Node Exporter"],"kibana-tcp":["5601","5601","tcp","Kibana Web Interface"],"kubernetes-api-tcp":["6443","6443","tcp","Kubernetes API Server"],"ldap-tcp":["389","389","tcp","LDAP"],"ldaps-tcp":["636","636","tcp","LDAPS"],"logstash-tcp":["5044","5044","tcp","Logstash"],"loki-grafana":["3100","3100","tcp","Grafana Loki endpoint"],"loki-grafana-grpc":["9095","9095","tcp","Grafana Loki GRPC"],"memcached-tcp":["11211","11211","tcp","Memcached"],"minio-tcp":["9000","9000","tcp","MinIO"],"mongodb-27017-tcp":["27017","27017","tcp","MongoDB"],"mongodb-27018-tcp":["27018","27018","tcp","MongoDB shard"],"mongodb-27019-tcp":["27019","27019","tcp","MongoDB config server"],"mssql-analytics-tcp":["2383","2383","tcp","MSSQL Analytics"],"mssql-broker-tcp":["4022","4022","tcp","MSSQL Broker"],"mssql-tcp":["1433","1433","tcp","MSSQL Server"],"mssql-udp":["1434","1434","udp","MSSQL Browser"],"mysql-tcp":["3306","3306","tcp","MySQL/Aurora"],"nfs-tcp":["2049","2049","tcp","NFS/EFS"],"nomad-http-tcp":["4646","4646","tcp","Nomad HTTP"],"nomad-rpc-tcp":["4647","4647","tcp","Nomad RPC"],"nomad-serf-tcp":["4648","4648","tcp","Serf"],"nomad-serf-udp":["4648","4648","udp","Serf"],"ntp-udp":["123","123","udp","NTP"],"octopus-tentacle-tcp":["10933","10933","tcp","Octopus Tentacle"],"openvpn-https-tcp":["443","443","tcp","OpenVPN"],"openvpn-tcp":["943","943","tcp","OpenVPN"],"openvpn-udp":["1194","1194","udp","OpenVPN"],"oracle-db-tcp":["1521","1521","tcp","Oracle"],"postgresql-tcp":["5432","5432","tcp","PostgreSQL"],"prometheus-http-tcp":["9090","9090","tcp","Prometheus"],"prometheus-node-exporter-http-tcp":["9100","9100","tcp","Prometheus Node Exporter"],"prometheus-pushgateway-http-tcp":["9091","9091","tcp","Prometheus Pushgateway"],"promtail-http":["9080","9080","tcp","Promtail endpoint"],"puppet-tcp":["8140","8140","tcp","Puppet"],"puppetdb-tcp":["8081","8081","tcp","PuppetDB"],"rabbitmq-15672-tcp":["15672","15672","tcp","RabbitMQ"],"rabbitmq-25672-tcp":["25672","25672","tcp","RabbitMQ"],"rabbitmq-4369-tcp":["4369","4369","tcp","RabbitMQ epmd"],"rabbitmq-5671-tcp":["5671","5671","tcp","RabbitMQ"],"rabbitmq-5672-tcp":["5672","5672","tcp","RabbitMQ"],"rdp-tcp":["3389","3389","tcp","Remote Desktop"],"rdp-udp":["3389","3389","udp","Remote Desktop"],"redis-tcp":["6379","6379","tcp","Redis"],"redshift-tcp":["5439","5439","tcp","Redshift"],"saltstack-tcp":["4505","4506","tcp","SaltStack"],"smtp-submission-2587-tcp":["2587","2587","tcp","SMTP Submission"],"smtp-submission-587-tcp":["587","587","tcp","SMTP Submission"],"smtp-tcp":["25","25","tcp","SMTP"],"smtps-2456-tcp":["2465","2465","tcp","SMTPS"],"smtps-465-tcp":["465","465","tcp","SMTPS"],"solr-tcp":["8983","8987","tcp","Solr"],"splunk-hec-tcp":["8088","8088","tcp","Splunk HEC"],"splunk-indexer-tcp":["9997","9997","tcp","Splunk indexer"],"splunk-splunkd-tcp":["8089","8089","tcp","Splunkd"],"splunk-web-tcp":["8000","8000","tcp","Splunk Web"],"squid-proxy-tcp":["3128","3128","tcp","Squid default proxy"],"ssh-tcp":["22","22","tcp","SSH"],"storm-nimbus-tcp":["6627","6627","tcp","Nimbus"],"storm-supervisor-tcp":["6700","6703","tcp","Supervisor"],"storm-ui-tcp":["8080","8080","tcp","Storm UI"],"vault-tcp":["8200","8200","tcp","Vault"],"wazuh-dashboard":["443","443","tcp","Wazuh web user interface"],"wazuh-indexer-restful-api":["9200","9200","tcp","Wazuh indexer RESTful API"],"wazuh-server-agent-cluster-daemon":["1516","1516","tcp","Wazuh cluster daemon"],"wazuh-server-agent-connection-tcp":["1514","1514","tcp","Agent connection service(TCP)"],"wazuh-server-agent-connection-udp":["1514","1514","udp","Agent connection service(UDP)"],"wazuh-server-agent-enrollment":["1515","1515","tcp","Agent enrollment service"],"wazuh-server-restful-api":["55000","55000","tcp","Wazuh server RESTful API"],"wazuh-server-syslog-collector-tcp":["514","514","tcp","Wazuh Syslog collector(TCP)"],"wazuh-server-syslog-collector-udp":["514","514","udp","Wazuh Syslog collector(UDP)"],"web-jmx-tcp":["1099","1099","tcp","JMX"],"winrm-http-tcp":["5985","5985","tcp","WinRM HTTP"],"winrm-https-tcp":["5986","5986","tcp","WinRM HTTPS"],"zabbix-agent":["10050","10050","tcp","Zabbix Agent"],"zabbix-proxy":["10051","10051","tcp","Zabbix Proxy"],"zabbix-server":["10051","10051","tcp","Zabbix Server"],"zipkin-admin-query-tcp":["9901","9901","tcp","Zipkin Admin port query"],"zipkin-admin-tcp":["9990","9990","tcp","Zipkin Admin port collector"],"zipkin-admin-web-tcp":["9991","9991","tcp","Zipkin Admin port web"],"zipkin-query-tcp":["9411","9411","tcp","Zipkin query port"],"zipkin-web-tcp":["8080","8080","tcp","Zipkin web port"],"zookeeper-2181-tcp":["2181","2181","tcp","Zookeeper"],"zookeeper-2182-tls-tcp":["2182","2182","tcp","Zookeeper TLS (MSK specific)"],"zookeeper-2888-tcp":["2888","2888","tcp","Zookeeper"],"zookeeper-3888-tcp":["3888","3888","tcp","Zookeeper"],"zookeeper-jmx-tcp":["7199","7199","tcp","JMX"]},"description":"Map of known security group rules (define as 'name' = ['from port', 'to port', 'protocol', 'description'])"},"security_group_id":{"default":null,"description":"ID of existing security group whose rules we will manage"},"tags":{"default":{},"description":"A mapping of tags to assign to security group"},"use_name_prefix":{"default":true,"description":"Whether to use name_prefix or fixed name. Should be true to able to update security group name after initial creation"},"vpc_id":{"default":null,"description":"ID of the VPC where to create security group"}}},"version_constraint":"5.3.0"}},"variables":{"aws_account_id":{"default":"881490090314"},"aws_region":{"default":"us-east-1"},"project_name":{"default":"astro"},"tags":{"default":{"Environment":"dev","Owner":"ariff.azman","Project":"astro","Terraform":"true"}},"zone_name":{"default":"astro.opariffazman.com"}}}},"relevant_attributes":[{"resource":"module.eks.module.self_managed_node_group.aws_launch_template.this[0]","attribute":["latest_version"]},{"resource":"module.eks.module.eks_managed_node_group.aws_autoscaling_schedule.this","attribute":[]},{"resource":"module.vpc.aws_db_subnet_group.database[0]","attribute":["id"]},{"resource":"module.web_asg.aws_autoscaling_group.idc[0]","attribute":["vpc_zone_identifier"]},{"resource":"module.eks.module.fargate_profile.aws_iam_role.this[0]","attribute":["unique_id"]},{"resource":"module.rds.module.db_instance.aws_db_instance.this[0]","attribute":["address"]},{"resource":"module.eks.module.kms.aws_kms_replica_external_key.this[0]","attribute":["arn"]},{"resource":"module.eks.module.kms.aws_kms_grant.this","attribute":[]},{"resource":"module.app_asg.aws_autoscaling_group.this[0]","attribute":["health_check_grace_period"]},{"resource":"module.db_security_group.aws_security_group.this_name_prefix[0]","attribute":["description"]},{"resource":"module.vpc.aws_route_table_association.database","attribute":[]},{"resource":"module.app_alb.aws_lb.this[0]","attribute":["id"]},{"resource":"module.app_iam_role.aws_iam_instance_profile.this[0]","attribute":["arn"]},{"resource":"module.app_iam_role.aws_iam_instance_profile.this[0]","attribute":["id"]},{"resource":"module.app_asg.aws_autoscaling_group.this[0]","attribute":["availability_zones"]},{"resource":"module.eks.module.self_managed_node_group.aws_iam_instance_profile.this[0]","attribute":["id"]},{"resource":"module.eks.module.self_managed_node_group.aws_autoscaling_group.this[0]","attribute":["min_size"]},{"resource":"module.route53_records.data.aws_route53_zone.this[0]","attribute":["name"]},{"resource":"module.vpc.aws_vpc.this[0]","attribute":["enable_dns_support"]},{"resource":"module.rds.module.db_instance.aws_db_instance.this[0]","attribute":["arn"]},{"resource":"module.eks.module.self_managed_node_group.module.user_data.data.cloudinit_config.al2023_eks_managed_node_group[0]","attribute":["rendered"]},{"resource":"module.rds.module.db_parameter_group.aws_db_parameter_group.this[0]","attribute":["id"]},{"resource":"module.db_security_group.aws_security_group.this[0]","attribute":["description"]},{"resource":"module.rds.module.db_instance.aws_db_instance.this[0]","attribute":["ca_cert_identifier"]},{"resource":"module.eks.module.eks_managed_node_group[\"ondemand\"].aws_launch_template.this[0]","attribute":["name"]},{"resource":"module.eks.module.eks_managed_node_group[\"spot\"].aws_eks_node_group.this[0]","attribute":["arn"]},{"resource":"module.eks.data.aws_iam_policy_document.assume_role_policy[0]","attribute":["json"]},{"resource":"module.vpc.aws_vpc.this[0]","attribute":["default_route_table_id"]},{"resource":"module.vpc.aws_vpc_ipv4_cidr_block_association.this","attribute":[]},{"resource":"module.eks.module.eks_managed_node_group[\"spot\"].aws_autoscaling_schedule.this","attribute":[]},{"resource":"module.vpc.aws_cloudwatch_log_group.flow_log[0]","attribute":["arn"]},{"resource":"module.eks.module.eks_managed_node_group[\"spot\"].data.aws_ec2_instance_type.this[0]","attribute":["maximum_network_cards"]},{"resource":"module.db_security_group.aws_security_group.this_name_prefix[0]","attribute":["owner_id"]},{"resource":"module.web_alb.aws_lb_listener.this","attribute":[]},{"resource":"module.eks.module.eks_managed_node_group[\"ondemand\"].aws_launch_template.this[0]","attribute":["id"]},{"resource":"module.vpc.aws_vpc.this[0]","attribute":["instance_tenancy"]},{"resource":"module.web_security_group.aws_security_group.this_name_prefix[0]","attribute":["vpc_id"]},{"resource":"module.eks.aws_eks_cluster.this[0]","attribute":["arn"]},{"resource":"module.web_asg.aws_autoscaling_group.this[0]","attribute":["availability_zones"]},{"resource":"module.app_asg.aws_autoscaling_group.this[0]","attribute":["health_check_type"]},{"resource":"module.eks.aws_eks_cluster.this[0]","attribute":["id"]},{"resource":"module.eks.module.eks_managed_node_group[\"spot\"].aws_iam_role.this[0]","attribute":["name"]},{"resource":"module.vpc.aws_customer_gateway.this","attribute":[]},{"resource":"module.eks.module.self_managed_node_group.aws_iam_role.this[0]","attribute":["name"]},{"resource":"module.app_security_group.aws_security_group.this_name_prefix","attribute":[]},{"resource":"module.web_alb.aws_lb.this[0]","attribute":["id"]},{"resource":"module.eks.module.eks_managed_node_group[\"ondemand\"].aws_launch_template.this[0]","attribute":["latest_version"]},{"resource":"module.app_asg.aws_autoscaling_group.this[0]","attribute":["load_balancers"]},{"resource":"module.eks.module.eks_managed_node_group.aws_launch_template.this[0]","attribute":["arn"]},{"resource":"module.eks.aws_eks_cluster.this[0]","attribute":["certificate_authority",0,"data"]},{"resource":"module.app_iam_role.aws_iam_role.this[0]","attribute":["name"]},{"resource":"module.vpc.aws_subnet.elasticache","attribute":[]},{"resource":"module.app_iam_role.aws_iam_role.this[0]","attribute":["unique_id"]},{"resource":"module.app_asg.aws_autoscaling_group.idc[0]","attribute":["vpc_zone_identifier"]},{"resource":"module.web_asg.aws_autoscaling_group.idc[0]","attribute":["arn"]},{"resource":"module.db_security_group.aws_security_group.this[0]","attribute":["vpc_id"]},{"resource":"module.web_alb.aws_lb_target_group.this","attribute":[]},{"resource":"module.web_alb.aws_lb.this[0]","attribute":["arn_suffix"]},{"resource":"module.web_security_group.aws_security_group.this[0]","attribute":["description"]},{"resource":"module.eks.module.eks_managed_node_group[\"ondemand\"].aws_placement_group.this[0]","attribute":["name"]},{"resource":"module.rds.module.db_parameter_group.aws_db_parameter_group.this[0]","attribute":["arn"]},{"resource":"module.eks.aws_iam_role.this[0]","attribute":["arn"]},{"resource":"module.web_alb.aws_security_group.this[0]","attribute":["arn"]},{"resource":"module.web_asg.aws_autoscaling_group.this[0]","attribute":["arn"]},{"resource":"module.rds.module.db_option_group.aws_db_option_group.this[0]","attribute":["arn"]},{"resource":"module.rds.module.db_instance.aws_db_instance.this[0]","attribute":["hosted_zone_id"]},{"resource":"module.app_asg.aws_launch_template.this[0]","attribute":["arn"]},{"resource":"module.app_asg.aws_autoscaling_group.idc[0]","attribute":["health_check_grace_period"]},{"resource":"module.eks.module.self_managed_node_group.aws_autoscaling_group.this[0]","attribute":["desired_capacity"]},{"resource":"module.eks.module.eks_managed_node_group[\"ondemand\"].data.aws_partition.current","attribute":["partition"]},{"resource":"module.eks.module.eks_managed_node_group[\"ondemand\"].data.aws_ec2_instance_type.this[0]","attribute":["maximum_network_cards"]},{"resource":"aws_sns_topic.sns","attribute":["arn"]},{"resource":"module.vpc.aws_vpc.this[0]","attribute":["default_security_group_id"]},{"resource":"module.eks.module.eks_managed_node_group[\"ondemand\"].aws_eks_node_group.this[0]","attribute":["arn"]},{"resource":"module.eks.aws_cloudwatch_log_group.this[0]","attribute":["arn"]},{"resource":"module.app_asg.aws_autoscaling_group.this[0]","attribute":["max_size"]},{"resource":"module.rds.module.db_subnet_group.aws_db_subnet_group.this[0]","attribute":["id"]},{"resource":"module.eks.aws_security_group.cluster[0]","attribute":["arn"]},{"resource":"module.eks.module.self_managed_node_group.aws_autoscaling_group.this[0]","attribute":["arn"]},{"resource":"module.eks.module.eks_managed_node_group.aws_launch_template.this[0]","attribute":["id"]},{"resource":"module.eks.module.eks_managed_node_group.data.aws_ssm_parameter.ami[0]","attribute":["value"]},{"resource":"module.eks.aws_eks_cluster.this[0]","attribute":["kubernetes_network_config",0,"ip_family"]},{"resource":"module.app_asg.aws_autoscaling_group.idc[0]","attribute":["max_size"]},{"resource":"module.eks.module.self_managed_node_group.aws_launch_template.this[0]","attribute":["name"]},{"resource":"module.eks.module.eks_managed_node_group.aws_eks_node_group.this[0]","attribute":["resources"]},{"resource":"module.app_security_group.aws_security_group.this","attribute":[]},{"resource":"module.eks.time_sleep.this[0]","attribute":["triggers","cluster_service_cidr"]},{"resource":"module.eks.aws_eks_identity_provider_config.this","attribute":[]},{"resource":"module.app_iam_role.aws_iam_instance_profile.this[0]","attribute":["path"]},{"resource":"module.app_asg.aws_launch_template.this[0]","attribute":["name"]},{"resource":"module.eks.aws_security_group.node[0]","attribute":["arn"]},{"resource":"module.rds.module.db_instance.aws_db_instance.this[0]","attribute":["status"]},{"resource":"module.eks.aws_eks_addon.this","attribute":[]},{"resource":"module.web_asg.aws_launch_template.this[0]","attribute":["default_version"]},{"resource":"module.app_asg.aws_autoscaling_group.idc[0]","attribute":["target_group_arns"]},{"resource":"module.vpc.aws_vpc.this[0]","attribute":["id"]},{"resource":"module.vpc.aws_vpc_block_public_access_exclusion.this","attribute":[]},{"resource":"module.web_security_group.aws_security_group.this[0]","attribute":["owner_id"]},{"resource":"module.eks.module.self_managed_node_group.aws_iam_role.this[0]","attribute":["unique_id"]},{"resource":"module.eks.module.kms.data.aws_partition.current[0]","attribute":["partition"]},{"resource":"module.web_security_group.aws_security_group.this","attribute":[]},{"resource":"module.vpc.aws_internet_gateway.this[0]","attribute":["arn"]},{"resource":"module.vpc.aws_route.database_nat_gateway","attribute":[]},{"resource":"module.app_asg.aws_launch_template.this[0]","attribute":["latest_version"]},{"resource":"module.app_asg.aws_autoscaling_group.idc[0]","attribute":["health_check_type"]},{"resource":"module.eks.data.aws_iam_policy_document.custom[0]","attribute":["json"]},{"resource":"module.eks.module.kms.aws_kms_external_key.this[0]","attribute":["id"]},{"resource":"module.eks.module.eks_managed_node_group[\"spot\"].aws_iam_role.this[0]","attribute":["arn"]},{"resource":"module.eks.module.self_managed_node_group.aws_iam_role.this[0]","attribute":["arn"]},{"resource":"module.eks.module.eks_managed_node_group[\"spot\"].aws_eks_node_group.this[0]","attribute":["resources",0,"autoscaling_groups",0,"name"]},{"resource":"module.app_iam_role.data.aws_iam_policy_document.assume_role_with_mfa[0]","attribute":["json"]},{"resource":"module.app_iam_role.aws_iam_role.this[0]","attribute":["arn"]},{"resource":"module.eks.module.eks_managed_node_group[\"spot\"].aws_launch_template.this[0]","attribute":["arn"]},{"resource":"module.eks.module.eks_managed_node_group[\"spot\"].aws_launch_template.this[0]","attribute":["name"]},{"resource":"module.eks.module.kms.data.aws_partition.current[0]","attribute":["dns_suffix"]},{"resource":"module.eks.time_sleep.this[0]","attribute":["triggers","cluster_certificate_authority_data"]},{"resource":"module.vpc.aws_vpc.this[0]","attribute":["default_network_acl_id"]},{"resource":"module.vpc.aws_vpc.this[0]","attribute":["ipv6_association_id"]},{"resource":"module.app_alb.aws_lb_target_group.this","attribute":[]},{"resource":"module.app_asg.aws_autoscaling_group.this[0]","attribute":["id"]},{"resource":"module.eks.aws_iam_openid_connect_provider.oidc_provider[0]","attribute":["arn"]},{"resource":"module.eks.module.self_managed_node_group.module.user_data.data.cloudinit_config.linux_eks_managed_node_group[0]","attribute":["rendered"]},{"resource":"module.eks.module.eks_managed_node_group[\"ondemand\"].aws_launch_template.this[0]","attribute":["arn"]},{"resource":"module.eks.module.eks_managed_node_group[\"spot\"].aws_eks_node_group.this[0]","attribute":["id"]},{"resource":"module.eks.module.eks_managed_node_group[\"spot\"].aws_eks_node_group.this[0]","attribute":["resources"]},{"resource":"module.app_asg.aws_autoscaling_group.this[0]","attribute":["min_size"]},{"resource":"module.web_alb.aws_route53_record.this","attribute":[]},{"resource":"module.rds.module.db_instance.aws_db_instance.this[0]","attribute":["availability_zone"]},{"resource":"module.eks.module.kms.aws_kms_external_key.this[0]","attribute":["policy"]},{"resource":"module.vpc.aws_eip.nat","attribute":[]},{"resource":"module.rds.module.db_instance.aws_db_instance.this[0]","attribute":["endpoint"]},{"resource":"module.eks.module.eks_managed_node_group[\"spot\"].aws_launch_template.this[0]","attribute":["latest_version"]},{"resource":"module.vpc.aws_subnet.public","attribute":[]},{"resource":"module.app_security_group.aws_security_group.this[0]","attribute":["owner_id"]},{"resource":"module.vpc.aws_route_table.elasticache","attribute":[]},{"resource":"module.eks.module.kms.aws_kms_alias.this","attribute":[]},{"resource":"module.eks.module.eks_managed_node_group[\"spot\"].aws_eks_node_group.this[0]","attribute":["status"]},{"resource":"module.eks.module.self_managed_node_group.aws_autoscaling_group.this[0]","attribute":["name"]},{"resource":"module.eks.module.kms.data.aws_iam_policy_document.this[0]","attribute":["json"]},{"resource":"module.eks.aws_iam_role.eks_auto[0]","attribute":["arn"]},{"resource":"module.app_security_group.aws_security_group.this_name_prefix[0]","attribute":["arn"]},{"resource":"module.web_asg.aws_autoscaling_group.idc[0]","attribute":["target_group_arns"]},{"resource":"module.eks.module.self_managed_node_group.aws_launch_template.this[0]","attribute":["id"]},{"resource":"module.eks.module.eks_managed_node_group.aws_eks_node_group.this[0]","attribute":["id"]},{"resource":"module.db_security_group.aws_security_group.this","attribute":[]},{"resource":"module.rds.module.db_instance.aws_cloudwatch_log_group.this","attribute":[]},{"resource":"module.vpc.aws_vpc.this[0]","attribute":["owner_id"]},{"resource":"module.db_security_group.aws_security_group.this[0]","attribute":["name"]},{"resource":"module.eks.module.kms.aws_kms_replica_key.this[0]","attribute":["policy"]},{"resource":"module.eks.aws_eks_access_entry.this","attribute":[]},{"resource":"module.web_asg.aws_autoscaling_group.this[0]","attribute":["health_check_type"]},{"resource":"module.web_asg.aws_autoscaling_group.idc[0]","attribute":["health_check_type"]},{"resource":"module.eks.module.fargate_profile.aws_iam_role.this[0]","attribute":["arn"]},{"resource":"module.vpc.aws_route_table_association.redshift_public","attribute":[]},{"resource":"module.web_security_group.aws_security_group.this[0]","attribute":["vpc_id"]},{"resource":"module.rds.module.db_instance.aws_db_instance.this[0]","attribute":["engine_version_actual"]},{"resource":"module.eks.data.aws_iam_session_context.current[0]","attribute":["issuer_arn"]},{"resource":"data.aws_ami.ubuntu","attribute":["id"]},{"resource":"module.app_asg.aws_autoscaling_group.idc[0]","attribute":["load_balancers"]},{"resource":"module.db_security_group.aws_security_group.this_name_prefix","attribute":[]},{"resource":"module.db_security_group.aws_security_group.this[0]","attribute":["owner_id"]},{"resource":"module.app_security_group.aws_security_group.this_name_prefix[0]","attribute":["owner_id"]},{"resource":"module.web_alb.aws_lb.this[0]","attribute":["dns_name"]},{"resource":"module.eks.module.eks_managed_node_group[\"ondemand\"].aws_eks_node_group.this[0]","attribute":["taint"]},{"resource":"module.eks.aws_eks_addon.before_compute","attribute":[]},{"resource":"module.web_asg.aws_autoscaling_group.idc[0]","attribute":["max_size"]},{"resource":"module.eks.module.eks_managed_node_group.aws_launch_template.this[0]","attribute":["latest_version"]},{"resource":"module.eks.module.eks_managed_node_group.aws_eks_node_group.this[0]","attribute":["status"]},{"resource":"module.eks.aws_iam_role.this[0]","attribute":["unique_id"]},{"resource":"module.web_security_group.aws_security_group.this[0]","attribute":["arn"]},{"resource":"module.eks.aws_eks_cluster.this[0]","attribute":["status"]},{"resource":"module.eks.module.eks_managed_node_group[\"ondemand\"].aws_eks_node_group.this[0]","attribute":["resources",0,"autoscaling_groups",0,"name"]},{"resource":"module.app_asg.aws_autoscaling_group.idc[0]","attribute":["arn"]},{"resource":"module.web_asg.aws_autoscaling_group.idc[0]","attribute":["desired_capacity"]},{"resource":"module.eks.module.eks_managed_node_group.aws_iam_role.this[0]","attribute":["name"]},{"resource":"module.eks.aws_iam_policy.cluster_encryption[0]","attribute":["arn"]},{"resource":"module.vpc.aws_route_table_association.private","attribute":[]},{"resource":"module.app_alb.aws_lb_listener_rule.this","attribute":[]},{"resource":"module.web_security_group.aws_security_group.this_name_prefix[0]","attribute":["name"]},{"resource":"module.eks.module.kms.aws_kms_replica_external_key.this[0]","attribute":["policy"]},{"resource":"module.eks.module.kms.data.aws_caller_identity.current[0]","attribute":["account_id"]},{"resource":"module.eks.aws_eks_cluster.this[0]","attribute":["cluster_id"]},{"resource":"module.eks.module.eks_managed_node_group[\"ondemand\"].aws_eks_node_group.this[0]","attribute":["status"]},{"resource":"module.web_asg.aws_autoscaling_group.idc[0]","attribute":["health_check_grace_period"]},{"resource":"module.web_asg.aws_autoscaling_group.idc[0]","attribute":["min_size"]},{"resource":"module.eks.module.eks_managed_node_group[\"spot\"].aws_launch_template.this[0]","attribute":["default_version"]},{"resource":"module.eks.module.eks_managed_node_group[\"ondemand\"].data.aws_iam_policy_document.assume_role_policy[0]","attribute":["json"]},{"resource":"module.app_security_group.aws_security_group.this[0]","attribute":["arn"]},{"resource":"module.rds.module.db_instance.aws_db_instance.this[0]","attribute":["domain_fqdn"]},{"resource":"module.eks.module.eks_managed_node_group.aws_eks_node_group.this[0]","attribute":["taint"]},{"resource":"module.eks.module.eks_managed_node_group[\"spot\"].module.user_data.data.cloudinit_config.al2023_eks_managed_node_group[0]","attribute":["rendered"]},{"resource":"module.eks.module.eks_managed_node_group.aws_launch_template.this[0]","attribute":["default_version"]},{"resource":"module.app_security_group.aws_security_group.this_name_prefix[0]","attribute":["id"]},{"resource":"module.app_asg.aws_autoscaling_group.this[0]","attribute":["vpc_zone_identifier"]},{"resource":"module.eks.module.self_managed_node_group.aws_autoscaling_group.this[0]","attribute":["health_check_grace_period"]},{"resource":"module.web_security_group.aws_security_group.this_name_prefix","attribute":[]},{"resource":"module.vpc.aws_subnet.private","attribute":[]},{"resource":"module.web_asg.aws_autoscaling_group.idc[0]","attribute":["id"]},{"resource":"module.vpc.aws_vpc.this[0]","attribute":["enable_dns_hostnames"]},{"resource":"module.eks.module.kms.aws_kms_key.this[0]","attribute":["policy"]},{"resource":"module.web_asg.aws_autoscaling_group.idc[0]","attribute":["default_cooldown"]},{"resource":"module.eks.module.eks_managed_node_group[\"ondemand\"].module.user_data.data.cloudinit_config.linux_eks_managed_node_group[0]","attribute":["rendered"]},{"resource":"module.eks.module.kms.aws_kms_key.this[0]","attribute":["key_id"]},{"resource":"module.db_security_group.aws_security_group.this_name_prefix[0]","attribute":["id"]},{"resource":"module.web_security_group.aws_security_group.this_name_prefix[0]","attribute":["id"]},{"resource":"module.web_alb.aws_lb.this[0]","attribute":["zone_id"]},{"resource":"module.app_asg.aws_autoscaling_schedule.this","attribute":[]},{"resource":"module.eks.module.fargate_profile.aws_eks_fargate_profile.this[0]","attribute":["arn"]},{"resource":"module.vpc.aws_route_table_association.public","attribute":[]},{"resource":"module.eks.module.kms.aws_kms_replica_key.this[0]","attribute":["arn"]},{"resource":"module.vpc.aws_iam_role.vpc_flow_log_cloudwatch[0]","attribute":["arn"]},{"resource":"module.eks.module.eks_managed_node_group[\"ondemand\"].aws_launch_template.this[0]","attribute":["default_version"]},{"resource":"module.eks.module.self_managed_node_group.aws_autoscaling_group.this[0]","attribute":["max_size"]},{"resource":"module.app_alb.aws_security_group.this[0]","attribute":["id"]},{"resource":"module.vpc.aws_subnet.outpost","attribute":[]},{"resource":"module.vpc.aws_subnet.redshift","attribute":[]},{"resource":"module.vpc.aws_egress_only_internet_gateway.this","attribute":[]},{"resource":"module.eks.time_sleep.this[0]","attribute":["triggers","cluster_endpoint"]},{"resource":"module.app_alb.aws_lb.this[0]","attribute":["arn"]},{"resource":"module.app_alb.aws_route53_record.this","attribute":[]},{"resource":"module.web_asg.aws_autoscaling_group.this[0]","attribute":["default_cooldown"]},{"resource":"module.eks.module.fargate_profile.aws_eks_fargate_profile.this[0]","attribute":["id"]},{"resource":"module.web_asg.aws_iam_instance_profile.this[0]","attribute":["arn"]},{"resource":"module.eks.aws_security_group.cluster[0]","attribute":["id"]},{"resource":"module.vpc.aws_nat_gateway.this","attribute":[]},{"resource":"module.eks.aws_eks_cluster.this[0]","attribute":["endpoint"]},{"resource":"module.eks.data.aws_partition.current[0]","attribute":["partition"]},{"resource":"module.rds.module.db_instance.aws_db_instance.this[0]","attribute":["master_user_secret",0,"secret_arn"]},{"resource":"module.rds.module.db_instance.aws_db_instance.this[0]","attribute":["listener_endpoint"]},{"resource":"module.eks.data.tls_certificate.this[0]","attribute":["certificates",0,"sha1_fingerprint"]},{"resource":"module.app_asg.aws_autoscaling_group.idc[0]","attribute":["default_cooldown"]},{"resource":"module.app_alb.aws_security_group.this[0]","attribute":["arn"]},{"resource":"module.app_security_group.aws_security_group.this_name_prefix[0]","attribute":["name"]},{"resource":"module.vpc.aws_route.private_nat_gateway","attribute":[]},{"resource":"module.eks.module.kms.aws_kms_external_key.this[0]","attribute":["arn"]},{"resource":"module.eks.module.self_managed_node_group.aws_launch_template.this[0]","attribute":["arn"]},{"resource":"module.app_iam_role.data.aws_iam_policy_document.assume_role[0]","attribute":["json"]},{"resource":"module.app_security_group.aws_security_group.this[0]","attribute":["id"]},{"resource":"module.rds.module.db_instance.aws_db_instance.this[0]","attribute":["db_name"]},{"resource":"module.web_security_group.aws_security_group.this_name_prefix[0]","attribute":["description"]},{"resource":"module.web_asg.aws_autoscaling_group.this[0]","attribute":["load_balancers"]},{"resource":"module.eks.module.self_managed_node_group.aws_autoscaling_group.this[0]","attribute":["default_cooldown"]},{"resource":"module.app_asg.aws_autoscaling_group.idc[0]","attribute":["availability_zones"]},{"resource":"module.eks.module.kms.aws_kms_replica_key.this[0]","attribute":["key_id"]},{"resource":"module.eks.aws_eks_cluster.this[0]","attribute":["version"]},{"resource":"module.eks.module.kms.aws_kms_key.this[0]","attribute":["arn"]},{"resource":"module.eks.aws_eks_cluster.this[0]","attribute":["kubernetes_network_config",0,"service_ipv6_cidr"]},{"resource":"module.app_asg.aws_autoscaling_group.idc[0]","attribute":["desired_capacity"]},{"resource":"module.eks.module.fargate_profile.aws_eks_fargate_profile.this[0]","attribute":["pod_execution_role_arn"]},{"resource":"module.eks.module.eks_managed_node_group.data.aws_subnets.placement_group[0]","attribute":["ids"]},{"resource":"module.eks.module.eks_managed_node_group[\"ondemand\"].aws_iam_role.this[0]","attribute":["unique_id"]},{"resource":"module.vpc.aws_route_table.intra","attribute":[]},{"resource":"module.db_security_group.aws_security_group.this[0]","attribute":["arn"]},{"resource":"module.rds.module.db_instance.aws_db_instance.this[0]","attribute":["port"]},{"resource":"module.rds.module.db_instance.aws_db_instance.this[0]","attribute":["identifier"]},{"resource":"module.web_asg.aws_launch_template.this[0]","attribute":["arn"]},{"resource":"module.web_asg.aws_launch_template.this[0]","attribute":["id"]},{"resource":"module.web_asg.aws_autoscaling_schedule.this","attribute":[]},{"resource":"module.eks.module.self_managed_node_group.aws_autoscaling_group.this[0]","attribute":["health_check_type"]},{"resource":"module.eks.module.eks_managed_node_group[\"ondemand\"].data.aws_caller_identity.current","attribute":["account_id"]},{"resource":"module.eks.module.eks_managed_node_group[\"spot\"].module.user_data.data.cloudinit_config.linux_eks_managed_node_group[0]","attribute":["rendered"]},{"resource":"module.eks.data.aws_eks_addon_version.this","attribute":[]},{"resource":"module.vpc.aws_route_table_association.intra","attribute":[]},{"resource":"module.vpc.aws_route_table_association.elasticache","attribute":[]},{"resource":"module.app_asg.aws_autoscaling_group.this[0]","attribute":["default_cooldown"]},{"resource":"module.eks.module.self_managed_node_group.aws_iam_instance_profile.this[0]","attribute":["arn"]},{"resource":"module.eks.time_sleep.this[0]","attribute":["triggers","cluster_name"]},{"resource":"module.web_alb.aws_lb_listener_rule.this","attribute":[]},{"resource":"module.web_asg.aws_autoscaling_group.this[0]","attribute":["target_group_arns"]},{"resource":"module.app_asg.aws_autoscaling_group.idc[0]","attribute":["min_size"]},{"resource":"module.eks.time_sleep.this[0]","attribute":["triggers","cluster_version"]},{"resource":"module.web_security_group.aws_security_group.this_name_prefix[0]","attribute":["arn"]},{"resource":"module.web_asg.aws_autoscaling_group.this[0]","attribute":["vpc_zone_identifier"]},{"resource":"module.eks.aws_eks_cluster.this[0]","attribute":["kubernetes_network_config",0]},{"resource":"module.app_asg.aws_autoscaling_group.idc[0]","attribute":["name"]},{"resource":"module.web_security_group.aws_security_group.this_name_prefix[0]","attribute":["owner_id"]},{"resource":"module.rds.module.db_instance.aws_db_instance.this[0]","attribute":["resource_id"]},{"resource":"module.eks.aws_eks_cluster.this[0]","attribute":["kubernetes_network_config",0,"service_ipv4_cidr"]},{"resource":"module.app_asg.aws_autoscaling_group.this[0]","attribute":["desired_capacity"]},{"resource":"module.eks.module.self_managed_node_group.aws_autoscaling_schedule.this","attribute":[]},{"resource":"module.eks.module.self_managed_node_group.aws_launch_template.this[0]","attribute":["image_id"]},{"resource":"module.eks.module.eks_managed_node_group[\"spot\"].data.aws_iam_policy_document.assume_role_policy[0]","attribute":["json"]},{"resource":"module.eks.module.eks_managed_node_group[\"spot\"].data.aws_subnets.placement_group[0]","attribute":["ids"]},{"resource":"module.app_iam_role.aws_iam_role.this[0]","attribute":["path"]},{"resource":"module.eks.module.eks_managed_node_group.aws_eks_node_group.this[0]","attribute":["resources",0,"autoscaling_groups",0,"name"]},{"resource":"module.web_asg.aws_autoscaling_group.this[0]","attribute":["id"]},{"resource":"module.web_asg.aws_autoscaling_group.this[0]","attribute":["name"]},{"resource":"module.rds.module.db_instance.random_id.snapshot_identifier[0]","attribute":["hex"]},{"resource":"module.vpc.aws_route.public_internet_gateway[0]","attribute":["id"]},{"resource":"module.web_asg.aws_autoscaling_group.this[0]","attribute":["max_size"]},{"resource":"module.eks.module.self_managed_node_group.aws_eks_access_entry.this[0]","attribute":["access_entry_arn"]},{"resource":"module.rds.module.db_instance.aws_db_instance.this[0]","attribute":["engine"]},{"resource":"module.app_asg.aws_autoscaling_group.this[0]","attribute":["name"]},{"resource":"module.eks.module.self_managed_node_group.aws_autoscaling_group.this[0]","attribute":["availability_zones"]},{"resource":"module.eks.aws_iam_role.this[0]","attribute":["name"]},{"resource":"module.vpc.aws_vpc.this[0]","attribute":["main_route_table_id"]},{"resource":"module.eks.module.eks_managed_node_group[\"spot\"].aws_iam_role.this[0]","attribute":["unique_id"]},{"resource":"module.eks.module.kms.aws_kms_replica_external_key.this[0]","attribute":["key_id"]},{"resource":"module.app_alb.aws_lb.this[0]","attribute":["dns_name"]},{"resource":"module.app_iam_role.aws_iam_instance_profile.this[0]","attribute":["name"]},{"resource":"module.app_asg.aws_launch_template.this[0]","attribute":["default_version"]},{"resource":"module.eks.module.self_managed_node_group.aws_autoscaling_group.this[0]","attribute":["id"]},{"resource":"module.eks.module.eks_managed_node_group.aws_eks_node_group.this[0]","attribute":["arn"]},{"resource":"module.rds.module.db_instance.aws_iam_role.enhanced_monitoring[0]","attribute":["arn"]},{"resource":"module.eks.aws_iam_policy.custom[0]","attribute":["arn"]},{"resource":"module.db_security_group.aws_security_group.this_name_prefix[0]","attribute":["name"]},{"resource":"module.app_security_group.aws_security_group.this_name_prefix[0]","attribute":["vpc_id"]},{"resource":"module.web_asg.aws_autoscaling_group.this[0]","attribute":["health_check_grace_period"]},{"resource":"module.eks.module.eks_managed_node_group[\"ondemand\"].module.user_data.data.cloudinit_config.al2023_eks_managed_node_group[0]","attribute":["rendered"]},{"resource":"module.vpc.aws_route_table.database","attribute":[]},{"resource":"module.app_alb.aws_lb.this[0]","attribute":["arn_suffix"]},{"resource":"module.web_asg.aws_launch_template.this[0]","attribute":["name"]},{"resource":"module.eks.module.eks_managed_node_group[\"spot\"].data.aws_caller_identity.current","attribute":["account_id"]},{"resource":"module.vpc.aws_vpc.this[0]","attribute":["ipv6_cidr_block"]},{"resource":"module.eks.aws_eks_cluster.this[0]","attribute":["identity",0,"oidc",0,"issuer"]},{"resource":"module.app_security_group.aws_security_group.this[0]","attribute":["name"]},{"resource":"module.app_security_group.aws_security_group.this[0]","attribute":["vpc_id"]},{"resource":"module.web_asg.aws_autoscaling_group.this[0]","attribute":["desired_capacity"]},{"resource":"module.web_asg.aws_autoscaling_policy.this","attribute":[]},{"resource":"module.route53_records.data.aws_route53_zone.this[0]","attribute":["zone_id"]},{"resource":"module.vpc.aws_route_table_association.redshift","attribute":[]},{"resource":"module.web_security_group.aws_security_group.this[0]","attribute":["name"]},{"resource":"module.app_asg.aws_autoscaling_group.this[0]","attribute":["target_group_arns"]},{"resource":"module.eks.module.fargate_profile.aws_eks_fargate_profile.this[0]","attribute":["status"]},{"resource":"module.eks.module.fargate_profile.aws_iam_role.this[0]","attribute":["name"]},{"resource":"module.eks.module.self_managed_node_group.data.aws_ssm_parameter.ami[0]","attribute":["value"]},{"resource":"module.vpc.aws_internet_gateway.this[0]","attribute":["id"]},{"resource":"module.eks.module.eks_managed_node_group[\"ondemand\"].data.aws_subnets.placement_group[0]","attribute":["ids"]},{"resource":"module.eks.aws_cloudwatch_log_group.this[0]","attribute":["name"]},{"resource":"module.eks.module.eks_managed_node_group[\"ondemand\"].aws_iam_role.this[0]","attribute":["name"]},{"resource":"module.db_security_group.aws_security_group.this_name_prefix[0]","attribute":["arn"]},{"resource":"module.eks.module.eks_managed_node_group.aws_eks_node_group.this[0]","attribute":["labels"]},{"resource":"module.app_security_group.aws_security_group.this[0]","attribute":["description"]},{"resource":"module.eks.module.eks_managed_node_group[\"spot\"].aws_eks_node_group.this[0]","attribute":["taint"]},{"resource":"module.app_asg.aws_launch_template.this[0]","attribute":["id"]},{"resource":"module.web_asg.aws_autoscaling_group.idc[0]","attribute":["load_balancers"]},{"resource":"module.web_asg.aws_autoscaling_group.this[0]","attribute":["min_size"]},{"resource":"module.vpc.aws_vpc.this[0]","attribute":["cidr_block"]},{"resource":"module.vpc.aws_vpc.this[0]","attribute":["arn"]},{"resource":"module.vpc.aws_subnet.intra","attribute":[]},{"resource":"module.rds.module.db_instance_role_association.aws_db_instance_role_association.this[0]","attribute":["id"]},{"resource":"module.eks.module.eks_managed_node_group.aws_launch_template.this[0]","attribute":["name"]},{"resource":"module.eks.module.eks_managed_node_group[\"spot\"].data.aws_partition.current","attribute":["partition"]},{"resource":"module.vpc.aws_vpc_ipv4_cidr_block_association.this[0]","attribute":["vpc_id"]},{"resource":"module.eks.module.eks_managed_node_group[\"ondemand\"].aws_eks_node_group.this[0]","attribute":["resources"]},{"resource":"module.eks.module.eks_managed_node_group[\"ondemand\"].aws_autoscaling_schedule.this","attribute":[]},{"resource":"module.web_asg.aws_launch_template.this[0]","attribute":["latest_version"]},{"resource":"module.eks.module.eks_managed_node_group[\"spot\"].aws_placement_group.this[0]","attribute":["name"]},{"resource":"module.vpc.aws_route_table.private","attribute":[]},{"resource":"module.db_security_group.aws_security_group.this_name_prefix[0]","attribute":["vpc_id"]},{"resource":"module.rds.module.db_instance.aws_db_instance.this[0]","attribute":["username"]},{"resource":"module.app_alb.aws_lb.this[0]","attribute":["zone_id"]},{"resource":"module.app_alb.aws_lb_listener.this","attribute":[]},{"resource":"module.eks.aws_eks_cluster.this[0]","attribute":["platform_version"]},{"resource":"module.eks.module.eks_managed_node_group[\"ondemand\"].aws_eks_node_group.this[0]","attribute":["id"]},{"resource":"module.web_asg.aws_autoscaling_group.idc[0]","attribute":["availability_zones"]},{"resource":"module.eks.module.eks_managed_node_group[\"ondemand\"].aws_iam_role.this[0]","attribute":["arn"]},{"resource":"module.route53_zones.aws_route53_zone.this","attribute":[]},{"resource":"module.web_alb.aws_lb.this[0]","attribute":["arn"]},{"resource":"module.web_asg.aws_autoscaling_group.idc[0]","attribute":["name"]},{"resource":"module.eks.module.eks_managed_node_group[\"spot\"].aws_launch_template.this[0]","attribute":["id"]},{"resource":"module.app_asg.aws_autoscaling_group.this[0]","attribute":["arn"]},{"resource":"module.app_asg.aws_autoscaling_policy.this","attribute":[]},{"resource":"module.app_asg.aws_iam_instance_profile.this[0]","attribute":["arn"]},{"resource":"module.eks.module.self_managed_node_group.aws_iam_instance_profile.this[0]","attribute":["unique_id"]},{"resource":"module.vpc.aws_subnet.database","attribute":[]},{"resource":"module.app_asg.aws_autoscaling_group.idc[0]","attribute":["id"]},{"resource":"module.db_security_group.aws_security_group.this[0]","attribute":["id"]},{"resource":"module.eks.module.eks_managed_node_group.aws_iam_role.this[0]","attribute":["arn"]},{"resource":"module.vpc.aws_route_table.redshift","attribute":[]},{"resource":"module.eks.module.eks_managed_node_group[\"ondemand\"].data.aws_ssm_parameter.ami[0]","attribute":["value"]},{"resource":"module.web_alb.aws_security_group.this[0]","attribute":["id"]},{"resource":"module.route53_records.aws_route53_record.this","attribute":[]},{"resource":"module.eks.aws_eks_cluster.this[0]","attribute":["name"]},{"resource":"module.eks.module.eks_managed_node_group.aws_iam_role.this[0]","attribute":["unique_id"]},{"resource":"module.eks.module.self_managed_node_group.data.aws_subnets.placement_group[0]","attribute":["ids"]},{"resource":"module.vpc.aws_route.private_ipv6_egress","attribute":[]},{"resource":"module.vpc.aws_db_subnet_group.database[0]","attribute":["name"]},{"resource":"module.eks.aws_eks_cluster.this[0]","attribute":["vpc_config",0,"cluster_security_group_id"]},{"resource":"module.web_security_group.aws_security_group.this[0]","attribute":["id"]},{"resource":"module.app_security_group.aws_security_group.this_name_prefix[0]","attribute":["description"]},{"resource":"module.eks.aws_eks_access_policy_association.this","attribute":[]},{"resource":"module.eks.module.self_managed_node_group.aws_autoscaling_group.this[0]","attribute":["vpc_zone_identifier"]},{"resource":"module.eks.module.eks_managed_node_group[\"spot\"].data.aws_ssm_parameter.ami[0]","attribute":["value"]},{"resource":"module.vpc.aws_route_table.public","attribute":[]},{"resource":"module.eks.aws_security_group.node[0]","attribute":["id"]},{"resource":"module.rds.module.db_option_group.aws_db_option_group.this[0]","attribute":["id"]}],"checks":[{"address":{"kind":"resource","mode":"managed","module":"module.eks.module.eks_managed_node_group.module.user_data","name":"validate_cluster_service_cidr","to_display":"module.eks.module.eks_managed_node_group.module.user_data.null_resource.validate_cluster_service_cidr","type":"null_resource"},"status":"unknown","instances":[{"address":{"module":"module.eks.module.eks_managed_node_group[\"ondemand\"].module.user_data","to_display":"module.eks.module.eks_managed_node_group[\"ondemand\"].module.user_data.null_resource.validate_cluster_service_cidr"},"status":"unknown"},{"address":{"module":"module.eks.module.eks_managed_node_group[\"spot\"].module.user_data","to_display":"module.eks.module.eks_managed_node_group[\"spot\"].module.user_data.null_resource.validate_cluster_service_cidr"},"status":"unknown"}]},{"address":{"kind":"resource","mode":"managed","module":"module.eks.module.self_managed_node_group.module.user_data","name":"validate_cluster_service_cidr","to_display":"module.eks.module.self_managed_node_group.module.user_data.null_resource.validate_cluster_service_cidr","type":"null_resource"},"status":"pass"},{"address":{"kind":"var","module":"module.eks.module.self_managed_node_group","name":"platform","to_display":"module.eks.module.self_managed_node_group.var.platform"},"status":"pass"}],"timestamp":"2025-02-22T14:39:08Z","applyable":true,"complete":true,"errored":false}
